{
  "version": 4,
  "terraform_version": "1.1.9",
  "serial": 359,
  "lineage": "e5c6aa76-8453-1238-38be-144456f60431",
  "outputs": {
    "aft_management_account_id": {
      "value": "008298205562",
      "type": "string"
    },
    "audit_account_id": {
      "value": "992975496427",
      "type": "string"
    },
    "ct_management_account_id": {
      "value": "566377303192",
      "type": "string"
    },
    "log_archive_account_id": {
      "value": "783502679574",
      "type": "string"
    },
    "region": {
      "value": "us-east-1",
      "type": "string"
    }
  },
  "resources": [
    {
      "module": "module.aft",
      "mode": "data",
      "type": "local_file",
      "name": "version",
      "provider": "provider[\"registry.terraform.io/hashicorp/local\"]",
      "instances": [
        {
          "schema_version": 0,
          "attributes": {
            "content": "1.3.5\r\n",
            "content_base64": "MS4zLjUNCg==",
            "filename": ".terraform/modules/aft/VERSION",
            "id": "2ba7fbc039962c1d6900a3813fd9e91e54b21964"
          },
          "sensitive_attributes": []
        }
      ]
    },
    {
      "module": "module.aft.module.aft_account_provisioning_framework",
      "mode": "data",
      "type": "aws_caller_identity",
      "name": "aft_management",
      "provider": "module.aft.provider[\"registry.terraform.io/hashicorp/aws\"].aft_management",
      "instances": [
        {
          "schema_version": 0,
          "attributes": {
            "account_id": "008298205562",
            "arn": "arn:aws:sts::008298205562:assumed-role/AWSControlTowerExecution/AWSAFT-Session",
            "id": "008298205562",
            "user_id": "AROAQD3U4SF5HEKCCBEGI:AWSAFT-Session"
          },
          "sensitive_attributes": []
        }
      ]
    },
    {
      "module": "module.aft.module.aft_account_provisioning_framework",
      "mode": "data",
      "type": "aws_iam_policy",
      "name": "AWSLambdaBasicExecutionRole",
      "provider": "module.aft.provider[\"registry.terraform.io/hashicorp/aws\"].aft_management",
      "instances": [
        {
          "schema_version": 0,
          "attributes": {
            "arn": "arn:aws:iam::aws:policy/service-role/AWSLambdaBasicExecutionRole",
            "description": "Provides write permissions to CloudWatch Logs.",
            "id": "arn:aws:iam::aws:policy/service-role/AWSLambdaBasicExecutionRole",
            "name": "AWSLambdaBasicExecutionRole",
            "path": "/service-role/",
            "path_prefix": null,
            "policy": "{\n  \"Version\": \"2012-10-17\",\n  \"Statement\": [\n    {\n      \"Effect\": \"Allow\",\n      \"Action\": [\n        \"logs:CreateLogGroup\",\n        \"logs:CreateLogStream\",\n        \"logs:PutLogEvents\"\n      ],\n      \"Resource\": \"*\"\n    }\n  ]\n}",
            "policy_id": "ANPAJNCQGXC42545SKXIK",
            "tags": {}
          },
          "sensitive_attributes": []
        }
      ]
    },
    {
      "module": "module.aft.module.aft_account_provisioning_framework",
      "mode": "data",
      "type": "aws_iam_policy",
      "name": "AWSLambdaVPCAccessExecutionRole",
      "provider": "module.aft.provider[\"registry.terraform.io/hashicorp/aws\"].aft_management",
      "instances": [
        {
          "schema_version": 0,
          "attributes": {
            "arn": "arn:aws:iam::aws:policy/service-role/AWSLambdaVPCAccessExecutionRole",
            "description": "Provides minimum permissions for a Lambda function to execute while accessing a resource within a VPC - create, describe, delete network interfaces and write permissions to CloudWatch Logs. ",
            "id": "arn:aws:iam::aws:policy/service-role/AWSLambdaVPCAccessExecutionRole",
            "name": "AWSLambdaVPCAccessExecutionRole",
            "path": "/service-role/",
            "path_prefix": null,
            "policy": "{\n  \"Version\": \"2012-10-17\",\n  \"Statement\": [\n    {\n      \"Effect\": \"Allow\",\n      \"Action\": [\n        \"logs:CreateLogGroup\",\n        \"logs:CreateLogStream\",\n        \"logs:PutLogEvents\",\n        \"ec2:CreateNetworkInterface\",\n        \"ec2:DescribeNetworkInterfaces\",\n        \"ec2:DeleteNetworkInterface\",\n        \"ec2:AssignPrivateIpAddresses\",\n        \"ec2:UnassignPrivateIpAddresses\"\n      ],\n      \"Resource\": \"*\"\n    }\n  ]\n}",
            "policy_id": "ANPAJVTME3YLVNL72YR2K",
            "tags": {}
          },
          "sensitive_attributes": []
        }
      ]
    },
    {
      "module": "module.aft.module.aft_account_provisioning_framework",
      "mode": "data",
      "type": "aws_region",
      "name": "aft_management",
      "provider": "module.aft.provider[\"registry.terraform.io/hashicorp/aws\"].aft_management",
      "instances": [
        {
          "schema_version": 0,
          "attributes": {
            "description": "US East (N. Virginia)",
            "endpoint": "ec2.us-east-1.amazonaws.com",
            "id": "us-east-1",
            "name": "us-east-1"
          },
          "sensitive_attributes": []
        }
      ]
    },
    {
      "module": "module.aft.module.aft_account_provisioning_framework",
      "mode": "managed",
      "type": "aws_cloudwatch_log_group",
      "name": "account_metadata_ssm",
      "provider": "module.aft.provider[\"registry.terraform.io/hashicorp/aws\"].aft_management",
      "instances": [
        {
          "schema_version": 0,
          "attributes": {
            "arn": "arn:aws:logs:us-east-1:008298205562:log-group:/aws/lambda/aft-account-provisioning-framework-account-metadata-ssm",
            "id": "/aws/lambda/aft-account-provisioning-framework-account-metadata-ssm",
            "kms_key_id": "",
            "name": "/aws/lambda/aft-account-provisioning-framework-account-metadata-ssm",
            "name_prefix": null,
            "retention_in_days": 0,
            "tags": {},
            "tags_all": {
              "managed_by": "AFT"
            }
          },
          "sensitive_attributes": [],
          "private": "bnVsbA==",
          "dependencies": [
            "module.aft.data.local_file.version",
            "module.aft.module.aft_account_provisioning_framework.aws_iam_role.aft_lambda_aft_account_provisioning_framework_persist_metadata",
            "module.aft.module.aft_account_provisioning_framework.aws_lambda_function.account_metadata_ssm",
            "module.aft.module.aft_account_request_framework.aws_kms_key.aft",
            "module.aft.module.aft_account_request_framework.aws_security_group.aft_vpc_default_sg",
            "module.aft.module.aft_account_request_framework.aws_subnet.aft_vpc_private_subnet_01",
            "module.aft.module.aft_account_request_framework.aws_subnet.aft_vpc_private_subnet_02",
            "module.aft.module.aft_account_request_framework.aws_vpc.aft_vpc",
            "module.aft.module.aft_account_request_framework.data.aws_availability_zones.available",
            "module.aft.module.aft_customizations.aws_s3_bucket.aft_codepipeline_customizations_bucket",
            "module.aft.module.aft_customizations.data.aws_caller_identity.current",
            "module.aft.module.aft_lambda_layer.aws_codebuild_project.codebuild",
            "module.aft.module.aft_lambda_layer.aws_iam_role.codebuild",
            "module.aft.module.aft_lambda_layer.aws_iam_role.codebuild_invoker_lambda_role",
            "module.aft.module.aft_lambda_layer.aws_lambda_function.codebuild_invoker",
            "module.aft.module.aft_lambda_layer.aws_lambda_layer_version.layer_version",
            "module.aft.module.aft_lambda_layer.data.aws_lambda_invocation.invoke_codebuild_job",
            "module.aft.module.aft_lambda_layer.data.local_file.aft_lambda_layer",
            "module.aft.module.aft_lambda_layer.random_string.resource_suffix",
            "module.aft.module.packaging.data.archive_file.builder",
            "module.aft.module.packaging.data.archive_file.provisioning_framework"
          ]
        }
      ]
    },
    {
      "module": "module.aft.module.aft_account_provisioning_framework",
      "mode": "managed",
      "type": "aws_cloudwatch_log_group",
      "name": "create_role",
      "provider": "module.aft.provider[\"registry.terraform.io/hashicorp/aws\"].aft_management",
      "instances": [
        {
          "schema_version": 0,
          "attributes": {
            "arn": "arn:aws:logs:us-east-1:008298205562:log-group:/aws/lambda/aft-account-provisioning-framework-create-aft-execution-role",
            "id": "/aws/lambda/aft-account-provisioning-framework-create-aft-execution-role",
            "kms_key_id": "",
            "name": "/aws/lambda/aft-account-provisioning-framework-create-aft-execution-role",
            "name_prefix": null,
            "retention_in_days": 0,
            "tags": {},
            "tags_all": {
              "managed_by": "AFT"
            }
          },
          "sensitive_attributes": [],
          "private": "bnVsbA==",
          "dependencies": [
            "module.aft.data.local_file.version",
            "module.aft.module.aft_account_provisioning_framework.aws_iam_role.aft_lambda_aft_account_provisioning_framework_create_role",
            "module.aft.module.aft_account_provisioning_framework.aws_lambda_function.create_role",
            "module.aft.module.aft_account_request_framework.aws_kms_key.aft",
            "module.aft.module.aft_account_request_framework.aws_security_group.aft_vpc_default_sg",
            "module.aft.module.aft_account_request_framework.aws_subnet.aft_vpc_private_subnet_01",
            "module.aft.module.aft_account_request_framework.aws_subnet.aft_vpc_private_subnet_02",
            "module.aft.module.aft_account_request_framework.aws_vpc.aft_vpc",
            "module.aft.module.aft_account_request_framework.data.aws_availability_zones.available",
            "module.aft.module.aft_customizations.aws_s3_bucket.aft_codepipeline_customizations_bucket",
            "module.aft.module.aft_customizations.data.aws_caller_identity.current",
            "module.aft.module.aft_lambda_layer.aws_codebuild_project.codebuild",
            "module.aft.module.aft_lambda_layer.aws_iam_role.codebuild",
            "module.aft.module.aft_lambda_layer.aws_iam_role.codebuild_invoker_lambda_role",
            "module.aft.module.aft_lambda_layer.aws_lambda_function.codebuild_invoker",
            "module.aft.module.aft_lambda_layer.aws_lambda_layer_version.layer_version",
            "module.aft.module.aft_lambda_layer.data.aws_lambda_invocation.invoke_codebuild_job",
            "module.aft.module.aft_lambda_layer.data.local_file.aft_lambda_layer",
            "module.aft.module.aft_lambda_layer.random_string.resource_suffix",
            "module.aft.module.packaging.data.archive_file.builder",
            "module.aft.module.packaging.data.archive_file.provisioning_framework"
          ]
        }
      ]
    },
    {
      "module": "module.aft.module.aft_account_provisioning_framework",
      "mode": "managed",
      "type": "aws_cloudwatch_log_group",
      "name": "get_account_info",
      "provider": "module.aft.provider[\"registry.terraform.io/hashicorp/aws\"].aft_management",
      "instances": [
        {
          "schema_version": 0,
          "attributes": {
            "arn": "arn:aws:logs:us-east-1:008298205562:log-group:/aws/lambda/aft-account-provisioning-framework-get-account-info",
            "id": "/aws/lambda/aft-account-provisioning-framework-get-account-info",
            "kms_key_id": "",
            "name": "/aws/lambda/aft-account-provisioning-framework-get-account-info",
            "name_prefix": null,
            "retention_in_days": 0,
            "tags": {},
            "tags_all": {
              "managed_by": "AFT"
            }
          },
          "sensitive_attributes": [],
          "private": "bnVsbA==",
          "dependencies": [
            "module.aft.data.local_file.version",
            "module.aft.module.aft_account_provisioning_framework.aws_iam_role.aft_lambda_aft_account_provisioning_framework_get_account_info",
            "module.aft.module.aft_account_provisioning_framework.aws_lambda_function.get_account_info",
            "module.aft.module.aft_account_request_framework.aws_kms_key.aft",
            "module.aft.module.aft_account_request_framework.aws_security_group.aft_vpc_default_sg",
            "module.aft.module.aft_account_request_framework.aws_subnet.aft_vpc_private_subnet_01",
            "module.aft.module.aft_account_request_framework.aws_subnet.aft_vpc_private_subnet_02",
            "module.aft.module.aft_account_request_framework.aws_vpc.aft_vpc",
            "module.aft.module.aft_account_request_framework.data.aws_availability_zones.available",
            "module.aft.module.aft_customizations.aws_s3_bucket.aft_codepipeline_customizations_bucket",
            "module.aft.module.aft_customizations.data.aws_caller_identity.current",
            "module.aft.module.aft_lambda_layer.aws_codebuild_project.codebuild",
            "module.aft.module.aft_lambda_layer.aws_iam_role.codebuild",
            "module.aft.module.aft_lambda_layer.aws_iam_role.codebuild_invoker_lambda_role",
            "module.aft.module.aft_lambda_layer.aws_lambda_function.codebuild_invoker",
            "module.aft.module.aft_lambda_layer.aws_lambda_layer_version.layer_version",
            "module.aft.module.aft_lambda_layer.data.aws_lambda_invocation.invoke_codebuild_job",
            "module.aft.module.aft_lambda_layer.data.local_file.aft_lambda_layer",
            "module.aft.module.aft_lambda_layer.random_string.resource_suffix",
            "module.aft.module.packaging.data.archive_file.builder",
            "module.aft.module.packaging.data.archive_file.provisioning_framework"
          ]
        }
      ]
    },
    {
      "module": "module.aft.module.aft_account_provisioning_framework",
      "mode": "managed",
      "type": "aws_cloudwatch_log_group",
      "name": "persist_metadata",
      "provider": "module.aft.provider[\"registry.terraform.io/hashicorp/aws\"].aft_management",
      "instances": [
        {
          "schema_version": 0,
          "attributes": {
            "arn": "arn:aws:logs:us-east-1:008298205562:log-group:/aws/lambda/aft-account-provisioning-framework-persist-metadata",
            "id": "/aws/lambda/aft-account-provisioning-framework-persist-metadata",
            "kms_key_id": "",
            "name": "/aws/lambda/aft-account-provisioning-framework-persist-metadata",
            "name_prefix": null,
            "retention_in_days": 0,
            "tags": {},
            "tags_all": {
              "managed_by": "AFT"
            }
          },
          "sensitive_attributes": [],
          "private": "bnVsbA==",
          "dependencies": [
            "module.aft.data.local_file.version",
            "module.aft.module.aft_account_provisioning_framework.aws_iam_role.aft_lambda_aft_account_provisioning_framework_persist_metadata",
            "module.aft.module.aft_account_provisioning_framework.aws_lambda_function.persist_metadata",
            "module.aft.module.aft_account_request_framework.aws_kms_key.aft",
            "module.aft.module.aft_account_request_framework.aws_security_group.aft_vpc_default_sg",
            "module.aft.module.aft_account_request_framework.aws_subnet.aft_vpc_private_subnet_01",
            "module.aft.module.aft_account_request_framework.aws_subnet.aft_vpc_private_subnet_02",
            "module.aft.module.aft_account_request_framework.aws_vpc.aft_vpc",
            "module.aft.module.aft_account_request_framework.data.aws_availability_zones.available",
            "module.aft.module.aft_customizations.aws_s3_bucket.aft_codepipeline_customizations_bucket",
            "module.aft.module.aft_customizations.data.aws_caller_identity.current",
            "module.aft.module.aft_lambda_layer.aws_codebuild_project.codebuild",
            "module.aft.module.aft_lambda_layer.aws_iam_role.codebuild",
            "module.aft.module.aft_lambda_layer.aws_iam_role.codebuild_invoker_lambda_role",
            "module.aft.module.aft_lambda_layer.aws_lambda_function.codebuild_invoker",
            "module.aft.module.aft_lambda_layer.aws_lambda_layer_version.layer_version",
            "module.aft.module.aft_lambda_layer.data.aws_lambda_invocation.invoke_codebuild_job",
            "module.aft.module.aft_lambda_layer.data.local_file.aft_lambda_layer",
            "module.aft.module.aft_lambda_layer.random_string.resource_suffix",
            "module.aft.module.packaging.data.archive_file.builder",
            "module.aft.module.packaging.data.archive_file.provisioning_framework"
          ]
        }
      ]
    },
    {
      "module": "module.aft.module.aft_account_provisioning_framework",
      "mode": "managed",
      "type": "aws_cloudwatch_log_group",
      "name": "tag_account",
      "provider": "module.aft.provider[\"registry.terraform.io/hashicorp/aws\"].aft_management",
      "instances": [
        {
          "schema_version": 0,
          "attributes": {
            "arn": "arn:aws:logs:us-east-1:008298205562:log-group:/aws/lambda/aft-account-provisioning-framework-tag-account",
            "id": "/aws/lambda/aft-account-provisioning-framework-tag-account",
            "kms_key_id": "",
            "name": "/aws/lambda/aft-account-provisioning-framework-tag-account",
            "name_prefix": null,
            "retention_in_days": 0,
            "tags": {},
            "tags_all": {
              "managed_by": "AFT"
            }
          },
          "sensitive_attributes": [],
          "private": "bnVsbA==",
          "dependencies": [
            "module.aft.data.local_file.version",
            "module.aft.module.aft_account_provisioning_framework.aws_iam_role.aft_lambda_aft_account_provisioning_framework_tag_account",
            "module.aft.module.aft_account_provisioning_framework.aws_lambda_function.tag_account",
            "module.aft.module.aft_account_request_framework.aws_kms_key.aft",
            "module.aft.module.aft_account_request_framework.aws_security_group.aft_vpc_default_sg",
            "module.aft.module.aft_account_request_framework.aws_subnet.aft_vpc_private_subnet_01",
            "module.aft.module.aft_account_request_framework.aws_subnet.aft_vpc_private_subnet_02",
            "module.aft.module.aft_account_request_framework.aws_vpc.aft_vpc",
            "module.aft.module.aft_account_request_framework.data.aws_availability_zones.available",
            "module.aft.module.aft_customizations.aws_s3_bucket.aft_codepipeline_customizations_bucket",
            "module.aft.module.aft_customizations.data.aws_caller_identity.current",
            "module.aft.module.aft_lambda_layer.aws_codebuild_project.codebuild",
            "module.aft.module.aft_lambda_layer.aws_iam_role.codebuild",
            "module.aft.module.aft_lambda_layer.aws_iam_role.codebuild_invoker_lambda_role",
            "module.aft.module.aft_lambda_layer.aws_lambda_function.codebuild_invoker",
            "module.aft.module.aft_lambda_layer.aws_lambda_layer_version.layer_version",
            "module.aft.module.aft_lambda_layer.data.aws_lambda_invocation.invoke_codebuild_job",
            "module.aft.module.aft_lambda_layer.data.local_file.aft_lambda_layer",
            "module.aft.module.aft_lambda_layer.random_string.resource_suffix",
            "module.aft.module.packaging.data.archive_file.builder",
            "module.aft.module.packaging.data.archive_file.provisioning_framework"
          ]
        }
      ]
    },
    {
      "module": "module.aft.module.aft_account_provisioning_framework",
      "mode": "managed",
      "type": "aws_cloudwatch_log_group",
      "name": "validate_request",
      "provider": "module.aft.provider[\"registry.terraform.io/hashicorp/aws\"].aft_management",
      "instances": [
        {
          "schema_version": 0,
          "attributes": {
            "arn": "arn:aws:logs:us-east-1:008298205562:log-group:/aws/lambda/aft-account-provisioning-framework-validate-request",
            "id": "/aws/lambda/aft-account-provisioning-framework-validate-request",
            "kms_key_id": "",
            "name": "/aws/lambda/aft-account-provisioning-framework-validate-request",
            "name_prefix": null,
            "retention_in_days": 0,
            "tags": {},
            "tags_all": {
              "managed_by": "AFT"
            }
          },
          "sensitive_attributes": [],
          "private": "bnVsbA==",
          "dependencies": [
            "module.aft.data.local_file.version",
            "module.aft.module.aft_account_provisioning_framework.aws_iam_role.aft_lambda_aft_account_provisioning_framework_validate_request",
            "module.aft.module.aft_account_provisioning_framework.aws_lambda_function.validate_request",
            "module.aft.module.aft_account_request_framework.aws_kms_key.aft",
            "module.aft.module.aft_account_request_framework.aws_security_group.aft_vpc_default_sg",
            "module.aft.module.aft_account_request_framework.aws_subnet.aft_vpc_private_subnet_01",
            "module.aft.module.aft_account_request_framework.aws_subnet.aft_vpc_private_subnet_02",
            "module.aft.module.aft_account_request_framework.aws_vpc.aft_vpc",
            "module.aft.module.aft_account_request_framework.data.aws_availability_zones.available",
            "module.aft.module.aft_customizations.aws_s3_bucket.aft_codepipeline_customizations_bucket",
            "module.aft.module.aft_customizations.data.aws_caller_identity.current",
            "module.aft.module.aft_lambda_layer.aws_codebuild_project.codebuild",
            "module.aft.module.aft_lambda_layer.aws_iam_role.codebuild",
            "module.aft.module.aft_lambda_layer.aws_iam_role.codebuild_invoker_lambda_role",
            "module.aft.module.aft_lambda_layer.aws_lambda_function.codebuild_invoker",
            "module.aft.module.aft_lambda_layer.aws_lambda_layer_version.layer_version",
            "module.aft.module.aft_lambda_layer.data.aws_lambda_invocation.invoke_codebuild_job",
            "module.aft.module.aft_lambda_layer.data.local_file.aft_lambda_layer",
            "module.aft.module.aft_lambda_layer.random_string.resource_suffix",
            "module.aft.module.packaging.data.archive_file.builder",
            "module.aft.module.packaging.data.archive_file.provisioning_framework"
          ]
        }
      ]
    },
    {
      "module": "module.aft.module.aft_account_provisioning_framework",
      "mode": "managed",
      "type": "aws_iam_role",
      "name": "aft_lambda_aft_account_provisioning_framework_create_role",
      "provider": "module.aft.provider[\"registry.terraform.io/hashicorp/aws\"].aft_management",
      "instances": [
        {
          "schema_version": 0,
          "attributes": {
            "arn": "arn:aws:iam::008298205562:role/aft-account-provisioning-framework-lambda-create-role-role",
            "assume_role_policy": "{\"Version\":\"2012-10-17\",\"Statement\":[{\"Effect\":\"Allow\",\"Principal\":{\"Service\":\"lambda.amazonaws.com\"},\"Action\":\"sts:AssumeRole\"}]}",
            "create_date": "2022-04-23T03:42:15Z",
            "description": "",
            "force_detach_policies": false,
            "id": "aft-account-provisioning-framework-lambda-create-role-role",
            "inline_policy": [
              {
                "name": "aft-lambda-invoke-aft_account_provisioning_framework-create-role-policy",
                "policy": "{\n    \"Version\" : \"2012-10-17\",\n    \"Statement\" : [\n      {\n        \"Effect\" : \"Allow\",\n        \"Action\" : [\n        \"dynamodb:BatchGetItem\",\n        \"dynamodb:BatchWriteItem\",\n        \"dynamodb:DeleteItem\",\n        \"dynamodb:GetItem\",\n        \"dynamodb:PutItem\",\n        \"dynamodb:Query\",\n        \"dynamodb:Scan\"\n      ],\n        \"Resource\" : [\n          \"arn:aws:dynamodb:us-east-1:008298205562:table/aft*\"\n        ]\n      },\n      {\n        \"Effect\" : \"Allow\",\n        \"Action\" : \"ssm:GetParameter\",\n        \"Resource\" : [\n          \"arn:aws:ssm:us-east-1:008298205562:parameter/aft/*\"\n        ]\n      },\n      {\n        \"Effect\" : \"Allow\",\n        \"Action\" : [\n          \"sts:AssumeRole\",\n          \"sns:Publish\"\n        ],\n        \"Resource\" : [\n          \"arn:aws:iam::008298205562:role/AWSAFTAdmin\"\n        ]\n      },\n      {\n        \"Effect\" : \"Allow\",\n        \"Action\" : \"sts:GetCallerIdentity\",\n        \"Resource\" : \"*\"\n      },\n      {\n        \"Effect\" : \"Allow\",\n        \"Action\" : [\n          \"sns:Publish\"\n        ],\n        \"Resource\" : [\n          \"arn:aws:sns:us-east-1:008298205562:aft-notifications\",\n\t\t      \"arn:aws:sns:us-east-1:008298205562:aft-failure-notifications\"\n        ]\n      },\n      {\n      \"Effect\" : \"Allow\",\n      \"Action\" : [\n        \"kms:GenerateDataKey\",\n        \"kms:Encrypt\",\n        \"kms:Decrypt\"\n      ],\n      \"Resource\" : [\n        \"arn:aws:kms:us-east-1:008298205562:key/aeafe814-f92c-4a5f-8f47-6cc9d9f2c498\",\n        \"arn:aws:kms:us-east-1:008298205562:alias/aws/sns\"\n      ]\n      }\n    ]\n}\n"
              }
            ],
            "managed_policy_arns": [
              "arn:aws:iam::aws:policy/service-role/AWSLambdaBasicExecutionRole",
              "arn:aws:iam::aws:policy/service-role/AWSLambdaVPCAccessExecutionRole"
            ],
            "max_session_duration": 3600,
            "name": "aft-account-provisioning-framework-lambda-create-role-role",
            "name_prefix": "",
            "path": "/",
            "permissions_boundary": null,
            "tags": {},
            "tags_all": {
              "managed_by": "AFT"
            },
            "unique_id": "AROAQD3U4SF5B56TUIACA"
          },
          "sensitive_attributes": [],
          "private": "bnVsbA=="
        }
      ]
    },
    {
      "module": "module.aft.module.aft_account_provisioning_framework",
      "mode": "managed",
      "type": "aws_iam_role",
      "name": "aft_lambda_aft_account_provisioning_framework_get_account_info",
      "provider": "module.aft.provider[\"registry.terraform.io/hashicorp/aws\"].aft_management",
      "instances": [
        {
          "schema_version": 0,
          "attributes": {
            "arn": "arn:aws:iam::008298205562:role/aft-account-provisioning-framework-lambda-get-account-info-role",
            "assume_role_policy": "{\"Version\":\"2012-10-17\",\"Statement\":[{\"Effect\":\"Allow\",\"Principal\":{\"Service\":\"lambda.amazonaws.com\"},\"Action\":\"sts:AssumeRole\"}]}",
            "create_date": "2022-04-23T03:42:32Z",
            "description": "",
            "force_detach_policies": false,
            "id": "aft-account-provisioning-framework-lambda-get-account-info-role",
            "inline_policy": [
              {
                "name": "aft-lambda-invoke-aft-account-provisioning-framework-get-account-info-policy",
                "policy": "{\n    \"Version\" : \"2012-10-17\",\n    \"Statement\" : [\n      {\n        \"Effect\" : \"Allow\",\n        \"Action\" : [\n        \"dynamodb:BatchGetItem\",\n        \"dynamodb:BatchWriteItem\",\n        \"dynamodb:DeleteItem\",\n        \"dynamodb:GetItem\",\n        \"dynamodb:PutItem\",\n        \"dynamodb:Query\",\n        \"dynamodb:Scan\"\n      ],\n        \"Resource\" : [\n          \"arn:aws:dynamodb:us-east-1:008298205562:table/aft*\"\n        ]\n      },\n      {\n        \"Effect\" : \"Allow\",\n        \"Action\" : \"ssm:GetParameter\",\n        \"Resource\" : [\n          \"arn:aws:ssm:us-east-1:008298205562:parameter/aft/*\"\n        ]\n      },\n      {\n        \"Effect\" : \"Allow\",\n        \"Action\" : [\n          \"sts:AssumeRole\",\n          \"sns:Publish\"\n        ],\n        \"Resource\" : [\n          \"arn:aws:iam::008298205562:role/AWSAFTAdmin\"\n        ]\n      },\n      {\n        \"Effect\" : \"Allow\",\n        \"Action\" : \"sts:GetCallerIdentity\",\n        \"Resource\" : \"*\"\n      },\n      {\n        \"Effect\" : \"Allow\",\n        \"Action\" : [\n          \"sns:Publish\"\n        ],\n        \"Resource\" : [\n          \"arn:aws:sns:us-east-1:008298205562:aft-notifications\",\n\t\t      \"arn:aws:sns:us-east-1:008298205562:aft-failure-notifications\"\n        ]\n      },\n      {\n      \"Effect\" : \"Allow\",\n      \"Action\" : [\n        \"kms:GenerateDataKey\",\n        \"kms:Encrypt\",\n        \"kms:Decrypt\"\n      ],\n      \"Resource\" : [\n        \"arn:aws:kms:us-east-1:008298205562:key/aeafe814-f92c-4a5f-8f47-6cc9d9f2c498\",\n        \"arn:aws:kms:us-east-1:008298205562:alias/aws/sns\"\n      ]\n      }\n    ]\n}\n"
              }
            ],
            "managed_policy_arns": [
              "arn:aws:iam::aws:policy/service-role/AWSLambdaBasicExecutionRole",
              "arn:aws:iam::aws:policy/service-role/AWSLambdaVPCAccessExecutionRole"
            ],
            "max_session_duration": 3600,
            "name": "aft-account-provisioning-framework-lambda-get-account-info-role",
            "name_prefix": "",
            "path": "/",
            "permissions_boundary": null,
            "tags": {},
            "tags_all": {
              "managed_by": "AFT"
            },
            "unique_id": "AROAQD3U4SF5HJEAVQET6"
          },
          "sensitive_attributes": [],
          "private": "bnVsbA=="
        }
      ]
    },
    {
      "module": "module.aft.module.aft_account_provisioning_framework",
      "mode": "managed",
      "type": "aws_iam_role",
      "name": "aft_lambda_aft_account_provisioning_framework_persist_metadata",
      "provider": "module.aft.provider[\"registry.terraform.io/hashicorp/aws\"].aft_management",
      "instances": [
        {
          "schema_version": 0,
          "attributes": {
            "arn": "arn:aws:iam::008298205562:role/aft-account-provisioning-framework-lambda-persist-metadata-role",
            "assume_role_policy": "{\"Version\":\"2012-10-17\",\"Statement\":[{\"Effect\":\"Allow\",\"Principal\":{\"Service\":\"lambda.amazonaws.com\"},\"Action\":\"sts:AssumeRole\"}]}",
            "create_date": "2022-04-23T03:42:43Z",
            "description": "",
            "force_detach_policies": false,
            "id": "aft-account-provisioning-framework-lambda-persist-metadata-role",
            "inline_policy": [
              {
                "name": "aft-lambda-invoke-aft-account-provisioning-framework-persist-metadata-policy",
                "policy": "{\n    \"Version\" : \"2012-10-17\",\n    \"Statement\" : [\n      {\n        \"Effect\" : \"Allow\",\n        \"Action\" : [\n        \"dynamodb:BatchGetItem\",\n        \"dynamodb:BatchWriteItem\",\n        \"dynamodb:DeleteItem\",\n        \"dynamodb:GetItem\",\n        \"dynamodb:PutItem\",\n        \"dynamodb:Query\",\n        \"dynamodb:Scan\"\n      ],\n        \"Resource\" : [\n          \"arn:aws:dynamodb:us-east-1:008298205562:table/aft*\"\n        ]\n      },\n      {\n        \"Effect\" : \"Allow\",\n        \"Action\" : \"ssm:GetParameter\",\n        \"Resource\" : [\n          \"arn:aws:ssm:us-east-1:008298205562:parameter/aft/*\"\n        ]\n      },\n      {\n        \"Effect\" : \"Allow\",\n        \"Action\" : [\n          \"sts:AssumeRole\",\n          \"sns:Publish\"\n        ],\n        \"Resource\" : [\n          \"arn:aws:iam::008298205562:role/AWSAFTAdmin\"\n        ]\n      },\n      {\n        \"Effect\" : \"Allow\",\n        \"Action\" : \"sts:GetCallerIdentity\",\n        \"Resource\" : \"*\"\n      },\n      {\n        \"Effect\" : \"Allow\",\n        \"Action\" : [\n          \"sns:Publish\"\n        ],\n        \"Resource\" : [\n          \"arn:aws:sns:us-east-1:008298205562:aft-notifications\",\n\t\t      \"arn:aws:sns:us-east-1:008298205562:aft-failure-notifications\"\n        ]\n      },\n      {\n      \"Effect\" : \"Allow\",\n      \"Action\" : [\n        \"kms:GenerateDataKey\",\n        \"kms:Encrypt\",\n        \"kms:Decrypt\"\n      ],\n      \"Resource\" : [\n        \"arn:aws:kms:us-east-1:008298205562:key/aeafe814-f92c-4a5f-8f47-6cc9d9f2c498\",\n        \"arn:aws:kms:us-east-1:008298205562:alias/aws/sns\"\n      ]\n      }\n    ]\n}\n"
              }
            ],
            "managed_policy_arns": [
              "arn:aws:iam::aws:policy/service-role/AWSLambdaBasicExecutionRole",
              "arn:aws:iam::aws:policy/service-role/AWSLambdaVPCAccessExecutionRole"
            ],
            "max_session_duration": 3600,
            "name": "aft-account-provisioning-framework-lambda-persist-metadata-role",
            "name_prefix": "",
            "path": "/",
            "permissions_boundary": null,
            "tags": {},
            "tags_all": {
              "managed_by": "AFT"
            },
            "unique_id": "AROAQD3U4SF5CL6TRKZNR"
          },
          "sensitive_attributes": [],
          "private": "bnVsbA=="
        }
      ]
    },
    {
      "module": "module.aft.module.aft_account_provisioning_framework",
      "mode": "managed",
      "type": "aws_iam_role",
      "name": "aft_lambda_aft_account_provisioning_framework_tag_account",
      "provider": "module.aft.provider[\"registry.terraform.io/hashicorp/aws\"].aft_management",
      "instances": [
        {
          "schema_version": 0,
          "attributes": {
            "arn": "arn:aws:iam::008298205562:role/aft-account-provisioning-framework-lambda-tag-account-role",
            "assume_role_policy": "{\"Version\":\"2012-10-17\",\"Statement\":[{\"Effect\":\"Allow\",\"Principal\":{\"Service\":\"lambda.amazonaws.com\"},\"Action\":\"sts:AssumeRole\"}]}",
            "create_date": "2022-04-23T03:42:34Z",
            "description": "",
            "force_detach_policies": false,
            "id": "aft-account-provisioning-framework-lambda-tag-account-role",
            "inline_policy": [
              {
                "name": "aft-lambda-invoke-aft-account-provisioning-framework-tag-account-policy",
                "policy": "{\n    \"Version\" : \"2012-10-17\",\n    \"Statement\" : [\n      {\n        \"Effect\" : \"Allow\",\n        \"Action\" : [\n        \"dynamodb:BatchGetItem\",\n        \"dynamodb:BatchWriteItem\",\n        \"dynamodb:DeleteItem\",\n        \"dynamodb:GetItem\",\n        \"dynamodb:PutItem\",\n        \"dynamodb:Query\",\n        \"dynamodb:Scan\"\n      ],\n        \"Resource\" : [\n          \"arn:aws:dynamodb:us-east-1:008298205562:table/aft*\"\n        ]\n      },\n      {\n        \"Effect\" : \"Allow\",\n        \"Action\" : \"ssm:GetParameter\",\n        \"Resource\" : [\n          \"arn:aws:ssm:us-east-1:008298205562:parameter/aft/*\"\n        ]\n      },\n      {\n        \"Effect\" : \"Allow\",\n        \"Action\" : [\n          \"sts:AssumeRole\",\n          \"sns:Publish\"\n        ],\n        \"Resource\" : [\n          \"arn:aws:iam::008298205562:role/AWSAFTAdmin\"\n        ]\n      },\n      {\n        \"Effect\" : \"Allow\",\n        \"Action\" : \"sts:GetCallerIdentity\",\n        \"Resource\" : \"*\"\n      },\n      {\n        \"Effect\" : \"Allow\",\n        \"Action\" : [\n          \"sns:Publish\"\n        ],\n        \"Resource\" : [\n          \"arn:aws:sns:us-east-1:008298205562:aft-notifications\",\n\t\t      \"arn:aws:sns:us-east-1:008298205562:aft-failure-notifications\"\n        ]\n      },\n      {\n      \"Effect\" : \"Allow\",\n      \"Action\" : [\n        \"kms:GenerateDataKey\",\n        \"kms:Encrypt\",\n        \"kms:Decrypt\"\n      ],\n      \"Resource\" : [\n        \"arn:aws:kms:us-east-1:008298205562:key/aeafe814-f92c-4a5f-8f47-6cc9d9f2c498\",\n        \"arn:aws:kms:us-east-1:008298205562:alias/aws/sns\"\n      ]\n      }\n    ]\n}\n"
              }
            ],
            "managed_policy_arns": [
              "arn:aws:iam::aws:policy/service-role/AWSLambdaBasicExecutionRole",
              "arn:aws:iam::aws:policy/service-role/AWSLambdaVPCAccessExecutionRole"
            ],
            "max_session_duration": 3600,
            "name": "aft-account-provisioning-framework-lambda-tag-account-role",
            "name_prefix": "",
            "path": "/",
            "permissions_boundary": null,
            "tags": {},
            "tags_all": {
              "managed_by": "AFT"
            },
            "unique_id": "AROAQD3U4SF5L6C2HSQ37"
          },
          "sensitive_attributes": [],
          "private": "bnVsbA=="
        }
      ]
    },
    {
      "module": "module.aft.module.aft_account_provisioning_framework",
      "mode": "managed",
      "type": "aws_iam_role",
      "name": "aft_lambda_aft_account_provisioning_framework_validate_request",
      "provider": "module.aft.provider[\"registry.terraform.io/hashicorp/aws\"].aft_management",
      "instances": [
        {
          "schema_version": 0,
          "attributes": {
            "arn": "arn:aws:iam::008298205562:role/aft-account-provisioning-framework-validate-request-lambda-role",
            "assume_role_policy": "{\"Version\":\"2012-10-17\",\"Statement\":[{\"Effect\":\"Allow\",\"Principal\":{\"Service\":\"lambda.amazonaws.com\"},\"Action\":\"sts:AssumeRole\"}]}",
            "create_date": "2022-04-23T03:42:15Z",
            "description": "",
            "force_detach_policies": false,
            "id": "aft-account-provisioning-framework-validate-request-lambda-role",
            "inline_policy": [
              {
                "name": "aft-lambda-invoke-aft-account-provisioning-framework-validate-request-policy",
                "policy": "{\n    \"Version\" : \"2012-10-17\",\n    \"Statement\" : [\n      {\n        \"Effect\" : \"Allow\",\n        \"Action\" : [\n        \"dynamodb:BatchGetItem\",\n        \"dynamodb:BatchWriteItem\",\n        \"dynamodb:DeleteItem\",\n        \"dynamodb:GetItem\",\n        \"dynamodb:PutItem\",\n        \"dynamodb:Query\",\n        \"dynamodb:Scan\"\n      ],\n        \"Resource\" : [\n          \"arn:aws:dynamodb:us-east-1:008298205562:table/aft*\"\n        ]\n      },\n      {\n        \"Effect\" : \"Allow\",\n        \"Action\" : \"ssm:GetParameter\",\n        \"Resource\" : [\n          \"arn:aws:ssm:us-east-1:008298205562:parameter/aft/*\"\n        ]\n      },\n      {\n        \"Effect\" : \"Allow\",\n        \"Action\" : [\n          \"sts:AssumeRole\",\n          \"sns:Publish\"\n        ],\n        \"Resource\" : [\n          \"arn:aws:iam::008298205562:role/AWSAFTAdmin\"\n        ]\n      },\n      {\n        \"Effect\" : \"Allow\",\n        \"Action\" : \"sts:GetCallerIdentity\",\n        \"Resource\" : \"*\"\n      },\n      {\n        \"Effect\" : \"Allow\",\n        \"Action\" : [\n          \"sns:Publish\"\n        ],\n        \"Resource\" : [\n          \"arn:aws:sns:us-east-1:008298205562:aft-notifications\",\n\t\t      \"arn:aws:sns:us-east-1:008298205562:aft-failure-notifications\"\n        ]\n      },\n      {\n      \"Effect\" : \"Allow\",\n      \"Action\" : [\n        \"kms:GenerateDataKey\",\n        \"kms:Encrypt\",\n        \"kms:Decrypt\"\n      ],\n      \"Resource\" : [\n        \"arn:aws:kms:us-east-1:008298205562:key/aeafe814-f92c-4a5f-8f47-6cc9d9f2c498\",\n        \"arn:aws:kms:us-east-1:008298205562:alias/aws/sns\"\n      ]\n      }\n    ]\n}\n"
              }
            ],
            "managed_policy_arns": [
              "arn:aws:iam::aws:policy/service-role/AWSLambdaBasicExecutionRole",
              "arn:aws:iam::aws:policy/service-role/AWSLambdaVPCAccessExecutionRole"
            ],
            "max_session_duration": 3600,
            "name": "aft-account-provisioning-framework-validate-request-lambda-role",
            "name_prefix": "",
            "path": "/",
            "permissions_boundary": null,
            "tags": {},
            "tags_all": {
              "managed_by": "AFT"
            },
            "unique_id": "AROAQD3U4SF5JDRRPIAUE"
          },
          "sensitive_attributes": [],
          "private": "bnVsbA=="
        }
      ]
    },
    {
      "module": "module.aft.module.aft_account_provisioning_framework",
      "mode": "managed",
      "type": "aws_iam_role",
      "name": "aft_states",
      "provider": "module.aft.provider[\"registry.terraform.io/hashicorp/aws\"].aft_management",
      "instances": [
        {
          "schema_version": 0,
          "attributes": {
            "arn": "arn:aws:iam::008298205562:role/aft-states-execution-role",
            "assume_role_policy": "{\"Version\":\"2012-10-17\",\"Statement\":[{\"Effect\":\"Allow\",\"Principal\":{\"Service\":\"states.amazonaws.com\"},\"Action\":\"sts:AssumeRole\"}]}",
            "create_date": "2022-04-23T03:42:39Z",
            "description": "",
            "force_detach_policies": false,
            "id": "aft-states-execution-role",
            "inline_policy": [
              {
                "name": "aft-account-provisioning-framework-states-policy",
                "policy": "{\n    \"Version\": \"2012-10-17\",\n    \"Statement\": [\n        {\n            \"Effect\": \"Allow\",\n            \"Action\": [\n                \"events:*\"\n            ],\n            \"Resource\": \"*\"\n        },\n        {\n            \"Effect\": \"Allow\",\n            \"Action\": \"states:StartExecution\",\n            \"Resource\": \"arn:aws:states:us-east-1:008298205562:stateMachine:aft-*\"\n        },\n        {\n            \"Effect\": \"Allow\",\n            \"Action\": [\n                \"lambda:InvokeFunction\"\n            ],\n            \"Resource\": [\n                \"arn:aws:lambda:us-east-1:008298205562:function:aft-*\"\n            ]\n        },\n        {\n            \"Effect\": \"Allow\",\n            \"Action\": [\n                \"sns:Publish\"\n            ],\n            \"Resource\": [\n                \"arn:aws:sns:us-east-1:008298205562:aft-*\"\n            ]\n        },\n        {\n            \"Effect\": \"Allow\",\n            \"Action\": [\n                \"codebuild:StartBuild\",\n                \"codebuild:StopBuild\",\n                \"codebuild:BatchGetBuilds\"\n            ],\n            \"Resource\": [\n                \"arn:aws:codebuild:us-east-1:008298205562:project/aft-*\"\n            ]\n        },\n        {\n            \"Effect\": \"Allow\",\n            \"Action\": [\n                \"events:PutTargets\",\n                \"events:PutRule\",\n                \"events:DescribeRule\"\n            ],\n            \"Resource\": [\n                \"arn:aws:events:us-east-1:008298205562:rule/StepFunctionsGetEventForCodeBuildStartBuildRule\"\n            ]\n        }\n    ]\n}\n"
              }
            ],
            "managed_policy_arns": [],
            "max_session_duration": 3600,
            "name": "aft-states-execution-role",
            "name_prefix": "",
            "path": "/",
            "permissions_boundary": null,
            "tags": {},
            "tags_all": {
              "managed_by": "AFT"
            },
            "unique_id": "AROAQD3U4SF5F3MTNSARZ"
          },
          "sensitive_attributes": [],
          "private": "bnVsbA=="
        }
      ]
    },
    {
      "module": "module.aft.module.aft_account_provisioning_framework",
      "mode": "managed",
      "type": "aws_iam_role_policy",
      "name": "aft_invoke_aft_account_provisioning_framework_create_role",
      "provider": "module.aft.provider[\"registry.terraform.io/hashicorp/aws\"].aft_management",
      "instances": [
        {
          "schema_version": 0,
          "attributes": {
            "id": "aft-account-provisioning-framework-lambda-create-role-role:aft-lambda-invoke-aft_account_provisioning_framework-create-role-policy",
            "name": "aft-lambda-invoke-aft_account_provisioning_framework-create-role-policy",
            "name_prefix": null,
            "policy": "{\n    \"Version\" : \"2012-10-17\",\n    \"Statement\" : [\n      {\n        \"Effect\" : \"Allow\",\n        \"Action\" : [\n        \"dynamodb:BatchGetItem\",\n        \"dynamodb:BatchWriteItem\",\n        \"dynamodb:DeleteItem\",\n        \"dynamodb:GetItem\",\n        \"dynamodb:PutItem\",\n        \"dynamodb:Query\",\n        \"dynamodb:Scan\"\n      ],\n        \"Resource\" : [\n          \"arn:aws:dynamodb:us-east-1:008298205562:table/aft*\"\n        ]\n      },\n      {\n        \"Effect\" : \"Allow\",\n        \"Action\" : \"ssm:GetParameter\",\n        \"Resource\" : [\n          \"arn:aws:ssm:us-east-1:008298205562:parameter/aft/*\"\n        ]\n      },\n      {\n        \"Effect\" : \"Allow\",\n        \"Action\" : [\n          \"sts:AssumeRole\",\n          \"sns:Publish\"\n        ],\n        \"Resource\" : [\n          \"arn:aws:iam::008298205562:role/AWSAFTAdmin\"\n        ]\n      },\n      {\n        \"Effect\" : \"Allow\",\n        \"Action\" : \"sts:GetCallerIdentity\",\n        \"Resource\" : \"*\"\n      },\n      {\n        \"Effect\" : \"Allow\",\n        \"Action\" : [\n          \"sns:Publish\"\n        ],\n        \"Resource\" : [\n          \"arn:aws:sns:us-east-1:008298205562:aft-notifications\",\n\t\t      \"arn:aws:sns:us-east-1:008298205562:aft-failure-notifications\"\n        ]\n      },\n      {\n      \"Effect\" : \"Allow\",\n      \"Action\" : [\n        \"kms:GenerateDataKey\",\n        \"kms:Encrypt\",\n        \"kms:Decrypt\"\n      ],\n      \"Resource\" : [\n        \"arn:aws:kms:us-east-1:008298205562:key/aeafe814-f92c-4a5f-8f47-6cc9d9f2c498\",\n        \"arn:aws:kms:us-east-1:008298205562:alias/aws/sns\"\n      ]\n      }\n    ]\n}\n",
            "role": "aft-account-provisioning-framework-lambda-create-role-role"
          },
          "sensitive_attributes": [],
          "private": "bnVsbA==",
          "dependencies": [
            "module.aft.module.aft_account_provisioning_framework.aws_iam_role.aft_lambda_aft_account_provisioning_framework_create_role",
            "module.aft.module.aft_account_provisioning_framework.data.aws_caller_identity.aft_management",
            "module.aft.module.aft_account_provisioning_framework.data.aws_region.aft_management",
            "module.aft.module.aft_account_request_framework.aws_kms_key.aft",
            "module.aft.module.aft_account_request_framework.aws_sns_topic.aft_failure_notifications",
            "module.aft.module.aft_account_request_framework.aws_sns_topic.aft_notifications"
          ]
        }
      ]
    },
    {
      "module": "module.aft.module.aft_account_provisioning_framework",
      "mode": "managed",
      "type": "aws_iam_role_policy",
      "name": "aft_invoke_aft_account_provisioning_framework_get_account_info",
      "provider": "module.aft.provider[\"registry.terraform.io/hashicorp/aws\"].aft_management",
      "instances": [
        {
          "schema_version": 0,
          "attributes": {
            "id": "aft-account-provisioning-framework-lambda-get-account-info-role:aft-lambda-invoke-aft-account-provisioning-framework-get-account-info-policy",
            "name": "aft-lambda-invoke-aft-account-provisioning-framework-get-account-info-policy",
            "name_prefix": null,
            "policy": "{\n    \"Version\" : \"2012-10-17\",\n    \"Statement\" : [\n      {\n        \"Effect\" : \"Allow\",\n        \"Action\" : [\n        \"dynamodb:BatchGetItem\",\n        \"dynamodb:BatchWriteItem\",\n        \"dynamodb:DeleteItem\",\n        \"dynamodb:GetItem\",\n        \"dynamodb:PutItem\",\n        \"dynamodb:Query\",\n        \"dynamodb:Scan\"\n      ],\n        \"Resource\" : [\n          \"arn:aws:dynamodb:us-east-1:008298205562:table/aft*\"\n        ]\n      },\n      {\n        \"Effect\" : \"Allow\",\n        \"Action\" : \"ssm:GetParameter\",\n        \"Resource\" : [\n          \"arn:aws:ssm:us-east-1:008298205562:parameter/aft/*\"\n        ]\n      },\n      {\n        \"Effect\" : \"Allow\",\n        \"Action\" : [\n          \"sts:AssumeRole\",\n          \"sns:Publish\"\n        ],\n        \"Resource\" : [\n          \"arn:aws:iam::008298205562:role/AWSAFTAdmin\"\n        ]\n      },\n      {\n        \"Effect\" : \"Allow\",\n        \"Action\" : \"sts:GetCallerIdentity\",\n        \"Resource\" : \"*\"\n      },\n      {\n        \"Effect\" : \"Allow\",\n        \"Action\" : [\n          \"sns:Publish\"\n        ],\n        \"Resource\" : [\n          \"arn:aws:sns:us-east-1:008298205562:aft-notifications\",\n\t\t      \"arn:aws:sns:us-east-1:008298205562:aft-failure-notifications\"\n        ]\n      },\n      {\n      \"Effect\" : \"Allow\",\n      \"Action\" : [\n        \"kms:GenerateDataKey\",\n        \"kms:Encrypt\",\n        \"kms:Decrypt\"\n      ],\n      \"Resource\" : [\n        \"arn:aws:kms:us-east-1:008298205562:key/aeafe814-f92c-4a5f-8f47-6cc9d9f2c498\",\n        \"arn:aws:kms:us-east-1:008298205562:alias/aws/sns\"\n      ]\n      }\n    ]\n}\n",
            "role": "aft-account-provisioning-framework-lambda-get-account-info-role"
          },
          "sensitive_attributes": [],
          "private": "bnVsbA==",
          "dependencies": [
            "module.aft.module.aft_account_provisioning_framework.aws_iam_role.aft_lambda_aft_account_provisioning_framework_get_account_info",
            "module.aft.module.aft_account_provisioning_framework.data.aws_caller_identity.aft_management",
            "module.aft.module.aft_account_provisioning_framework.data.aws_region.aft_management",
            "module.aft.module.aft_account_request_framework.aws_kms_key.aft",
            "module.aft.module.aft_account_request_framework.aws_sns_topic.aft_failure_notifications",
            "module.aft.module.aft_account_request_framework.aws_sns_topic.aft_notifications"
          ]
        }
      ]
    },
    {
      "module": "module.aft.module.aft_account_provisioning_framework",
      "mode": "managed",
      "type": "aws_iam_role_policy",
      "name": "aft_invoke_aft_account_provisioning_framework_persist_metadata",
      "provider": "module.aft.provider[\"registry.terraform.io/hashicorp/aws\"].aft_management",
      "instances": [
        {
          "schema_version": 0,
          "attributes": {
            "id": "aft-account-provisioning-framework-lambda-persist-metadata-role:aft-lambda-invoke-aft-account-provisioning-framework-persist-metadata-policy",
            "name": "aft-lambda-invoke-aft-account-provisioning-framework-persist-metadata-policy",
            "name_prefix": null,
            "policy": "{\n    \"Version\" : \"2012-10-17\",\n    \"Statement\" : [\n      {\n        \"Effect\" : \"Allow\",\n        \"Action\" : [\n        \"dynamodb:BatchGetItem\",\n        \"dynamodb:BatchWriteItem\",\n        \"dynamodb:DeleteItem\",\n        \"dynamodb:GetItem\",\n        \"dynamodb:PutItem\",\n        \"dynamodb:Query\",\n        \"dynamodb:Scan\"\n      ],\n        \"Resource\" : [\n          \"arn:aws:dynamodb:us-east-1:008298205562:table/aft*\"\n        ]\n      },\n      {\n        \"Effect\" : \"Allow\",\n        \"Action\" : \"ssm:GetParameter\",\n        \"Resource\" : [\n          \"arn:aws:ssm:us-east-1:008298205562:parameter/aft/*\"\n        ]\n      },\n      {\n        \"Effect\" : \"Allow\",\n        \"Action\" : [\n          \"sts:AssumeRole\",\n          \"sns:Publish\"\n        ],\n        \"Resource\" : [\n          \"arn:aws:iam::008298205562:role/AWSAFTAdmin\"\n        ]\n      },\n      {\n        \"Effect\" : \"Allow\",\n        \"Action\" : \"sts:GetCallerIdentity\",\n        \"Resource\" : \"*\"\n      },\n      {\n        \"Effect\" : \"Allow\",\n        \"Action\" : [\n          \"sns:Publish\"\n        ],\n        \"Resource\" : [\n          \"arn:aws:sns:us-east-1:008298205562:aft-notifications\",\n\t\t      \"arn:aws:sns:us-east-1:008298205562:aft-failure-notifications\"\n        ]\n      },\n      {\n      \"Effect\" : \"Allow\",\n      \"Action\" : [\n        \"kms:GenerateDataKey\",\n        \"kms:Encrypt\",\n        \"kms:Decrypt\"\n      ],\n      \"Resource\" : [\n        \"arn:aws:kms:us-east-1:008298205562:key/aeafe814-f92c-4a5f-8f47-6cc9d9f2c498\",\n        \"arn:aws:kms:us-east-1:008298205562:alias/aws/sns\"\n      ]\n      }\n    ]\n}\n",
            "role": "aft-account-provisioning-framework-lambda-persist-metadata-role"
          },
          "sensitive_attributes": [],
          "private": "bnVsbA==",
          "dependencies": [
            "module.aft.module.aft_account_provisioning_framework.aws_iam_role.aft_lambda_aft_account_provisioning_framework_persist_metadata",
            "module.aft.module.aft_account_provisioning_framework.data.aws_caller_identity.aft_management",
            "module.aft.module.aft_account_provisioning_framework.data.aws_region.aft_management",
            "module.aft.module.aft_account_request_framework.aws_kms_key.aft",
            "module.aft.module.aft_account_request_framework.aws_sns_topic.aft_failure_notifications",
            "module.aft.module.aft_account_request_framework.aws_sns_topic.aft_notifications"
          ]
        }
      ]
    },
    {
      "module": "module.aft.module.aft_account_provisioning_framework",
      "mode": "managed",
      "type": "aws_iam_role_policy",
      "name": "aft_invoke_aft_account_provisioning_framework_tag_account",
      "provider": "module.aft.provider[\"registry.terraform.io/hashicorp/aws\"].aft_management",
      "instances": [
        {
          "schema_version": 0,
          "attributes": {
            "id": "aft-account-provisioning-framework-lambda-tag-account-role:aft-lambda-invoke-aft-account-provisioning-framework-tag-account-policy",
            "name": "aft-lambda-invoke-aft-account-provisioning-framework-tag-account-policy",
            "name_prefix": null,
            "policy": "{\n    \"Version\" : \"2012-10-17\",\n    \"Statement\" : [\n      {\n        \"Effect\" : \"Allow\",\n        \"Action\" : [\n        \"dynamodb:BatchGetItem\",\n        \"dynamodb:BatchWriteItem\",\n        \"dynamodb:DeleteItem\",\n        \"dynamodb:GetItem\",\n        \"dynamodb:PutItem\",\n        \"dynamodb:Query\",\n        \"dynamodb:Scan\"\n      ],\n        \"Resource\" : [\n          \"arn:aws:dynamodb:us-east-1:008298205562:table/aft*\"\n        ]\n      },\n      {\n        \"Effect\" : \"Allow\",\n        \"Action\" : \"ssm:GetParameter\",\n        \"Resource\" : [\n          \"arn:aws:ssm:us-east-1:008298205562:parameter/aft/*\"\n        ]\n      },\n      {\n        \"Effect\" : \"Allow\",\n        \"Action\" : [\n          \"sts:AssumeRole\",\n          \"sns:Publish\"\n        ],\n        \"Resource\" : [\n          \"arn:aws:iam::008298205562:role/AWSAFTAdmin\"\n        ]\n      },\n      {\n        \"Effect\" : \"Allow\",\n        \"Action\" : \"sts:GetCallerIdentity\",\n        \"Resource\" : \"*\"\n      },\n      {\n        \"Effect\" : \"Allow\",\n        \"Action\" : [\n          \"sns:Publish\"\n        ],\n        \"Resource\" : [\n          \"arn:aws:sns:us-east-1:008298205562:aft-notifications\",\n\t\t      \"arn:aws:sns:us-east-1:008298205562:aft-failure-notifications\"\n        ]\n      },\n      {\n      \"Effect\" : \"Allow\",\n      \"Action\" : [\n        \"kms:GenerateDataKey\",\n        \"kms:Encrypt\",\n        \"kms:Decrypt\"\n      ],\n      \"Resource\" : [\n        \"arn:aws:kms:us-east-1:008298205562:key/aeafe814-f92c-4a5f-8f47-6cc9d9f2c498\",\n        \"arn:aws:kms:us-east-1:008298205562:alias/aws/sns\"\n      ]\n      }\n    ]\n}\n",
            "role": "aft-account-provisioning-framework-lambda-tag-account-role"
          },
          "sensitive_attributes": [],
          "private": "bnVsbA==",
          "dependencies": [
            "module.aft.module.aft_account_provisioning_framework.aws_iam_role.aft_lambda_aft_account_provisioning_framework_tag_account",
            "module.aft.module.aft_account_provisioning_framework.data.aws_caller_identity.aft_management",
            "module.aft.module.aft_account_provisioning_framework.data.aws_region.aft_management",
            "module.aft.module.aft_account_request_framework.aws_kms_key.aft",
            "module.aft.module.aft_account_request_framework.aws_sns_topic.aft_failure_notifications",
            "module.aft.module.aft_account_request_framework.aws_sns_topic.aft_notifications"
          ]
        }
      ]
    },
    {
      "module": "module.aft.module.aft_account_provisioning_framework",
      "mode": "managed",
      "type": "aws_iam_role_policy",
      "name": "aft_invoke_aft_account_provisioning_framework_validate_request",
      "provider": "module.aft.provider[\"registry.terraform.io/hashicorp/aws\"].aft_management",
      "instances": [
        {
          "schema_version": 0,
          "attributes": {
            "id": "aft-account-provisioning-framework-validate-request-lambda-role:aft-lambda-invoke-aft-account-provisioning-framework-validate-request-policy",
            "name": "aft-lambda-invoke-aft-account-provisioning-framework-validate-request-policy",
            "name_prefix": null,
            "policy": "{\n    \"Version\" : \"2012-10-17\",\n    \"Statement\" : [\n      {\n        \"Effect\" : \"Allow\",\n        \"Action\" : [\n        \"dynamodb:BatchGetItem\",\n        \"dynamodb:BatchWriteItem\",\n        \"dynamodb:DeleteItem\",\n        \"dynamodb:GetItem\",\n        \"dynamodb:PutItem\",\n        \"dynamodb:Query\",\n        \"dynamodb:Scan\"\n      ],\n        \"Resource\" : [\n          \"arn:aws:dynamodb:us-east-1:008298205562:table/aft*\"\n        ]\n      },\n      {\n        \"Effect\" : \"Allow\",\n        \"Action\" : \"ssm:GetParameter\",\n        \"Resource\" : [\n          \"arn:aws:ssm:us-east-1:008298205562:parameter/aft/*\"\n        ]\n      },\n      {\n        \"Effect\" : \"Allow\",\n        \"Action\" : [\n          \"sts:AssumeRole\",\n          \"sns:Publish\"\n        ],\n        \"Resource\" : [\n          \"arn:aws:iam::008298205562:role/AWSAFTAdmin\"\n        ]\n      },\n      {\n        \"Effect\" : \"Allow\",\n        \"Action\" : \"sts:GetCallerIdentity\",\n        \"Resource\" : \"*\"\n      },\n      {\n        \"Effect\" : \"Allow\",\n        \"Action\" : [\n          \"sns:Publish\"\n        ],\n        \"Resource\" : [\n          \"arn:aws:sns:us-east-1:008298205562:aft-notifications\",\n\t\t      \"arn:aws:sns:us-east-1:008298205562:aft-failure-notifications\"\n        ]\n      },\n      {\n      \"Effect\" : \"Allow\",\n      \"Action\" : [\n        \"kms:GenerateDataKey\",\n        \"kms:Encrypt\",\n        \"kms:Decrypt\"\n      ],\n      \"Resource\" : [\n        \"arn:aws:kms:us-east-1:008298205562:key/aeafe814-f92c-4a5f-8f47-6cc9d9f2c498\",\n        \"arn:aws:kms:us-east-1:008298205562:alias/aws/sns\"\n      ]\n      }\n    ]\n}\n",
            "role": "aft-account-provisioning-framework-validate-request-lambda-role"
          },
          "sensitive_attributes": [],
          "private": "bnVsbA==",
          "dependencies": [
            "module.aft.module.aft_account_provisioning_framework.aws_iam_role.aft_lambda_aft_account_provisioning_framework_validate_request",
            "module.aft.module.aft_account_provisioning_framework.data.aws_caller_identity.aft_management",
            "module.aft.module.aft_account_provisioning_framework.data.aws_region.aft_management",
            "module.aft.module.aft_account_request_framework.aws_kms_key.aft",
            "module.aft.module.aft_account_request_framework.aws_sns_topic.aft_failure_notifications",
            "module.aft.module.aft_account_request_framework.aws_sns_topic.aft_notifications"
          ]
        }
      ]
    },
    {
      "module": "module.aft.module.aft_account_provisioning_framework",
      "mode": "managed",
      "type": "aws_iam_role_policy",
      "name": "aft_states",
      "provider": "module.aft.provider[\"registry.terraform.io/hashicorp/aws\"].aft_management",
      "instances": [
        {
          "schema_version": 0,
          "attributes": {
            "id": "aft-states-execution-role:aft-account-provisioning-framework-states-policy",
            "name": "aft-account-provisioning-framework-states-policy",
            "name_prefix": null,
            "policy": "{\n    \"Version\": \"2012-10-17\",\n    \"Statement\": [\n        {\n            \"Effect\": \"Allow\",\n            \"Action\": [\n                \"events:*\"\n            ],\n            \"Resource\": \"*\"\n        },\n        {\n            \"Effect\": \"Allow\",\n            \"Action\": \"states:StartExecution\",\n            \"Resource\": \"arn:aws:states:us-east-1:008298205562:stateMachine:aft-*\"\n        },\n        {\n            \"Effect\": \"Allow\",\n            \"Action\": [\n                \"lambda:InvokeFunction\"\n            ],\n            \"Resource\": [\n                \"arn:aws:lambda:us-east-1:008298205562:function:aft-*\"\n            ]\n        },\n        {\n            \"Effect\": \"Allow\",\n            \"Action\": [\n                \"sns:Publish\"\n            ],\n            \"Resource\": [\n                \"arn:aws:sns:us-east-1:008298205562:aft-*\"\n            ]\n        },\n        {\n            \"Effect\": \"Allow\",\n            \"Action\": [\n                \"codebuild:StartBuild\",\n                \"codebuild:StopBuild\",\n                \"codebuild:BatchGetBuilds\"\n            ],\n            \"Resource\": [\n                \"arn:aws:codebuild:us-east-1:008298205562:project/aft-*\"\n            ]\n        },\n        {\n            \"Effect\": \"Allow\",\n            \"Action\": [\n                \"events:PutTargets\",\n                \"events:PutRule\",\n                \"events:DescribeRule\"\n            ],\n            \"Resource\": [\n                \"arn:aws:events:us-east-1:008298205562:rule/StepFunctionsGetEventForCodeBuildStartBuildRule\"\n            ]\n        }\n    ]\n}\n",
            "role": "aft-states-execution-role"
          },
          "sensitive_attributes": [],
          "private": "bnVsbA==",
          "dependencies": [
            "module.aft.module.aft_account_provisioning_framework.aws_iam_role.aft_states",
            "module.aft.module.aft_account_provisioning_framework.data.aws_caller_identity.aft_management",
            "module.aft.module.aft_account_provisioning_framework.data.aws_region.aft_management"
          ]
        }
      ]
    },
    {
      "module": "module.aft.module.aft_account_provisioning_framework",
      "mode": "managed",
      "type": "aws_iam_role_policy_attachment",
      "name": "aft_account_provisioning_framework_create_role",
      "provider": "module.aft.provider[\"registry.terraform.io/hashicorp/aws\"].aft_management",
      "instances": [
        {
          "index_key": 0,
          "schema_version": 0,
          "attributes": {
            "id": "aft-account-provisioning-framework-lambda-create-role-role-2022042303425569000000000b",
            "policy_arn": "arn:aws:iam::aws:policy/service-role/AWSLambdaBasicExecutionRole",
            "role": "aft-account-provisioning-framework-lambda-create-role-role"
          },
          "sensitive_attributes": [],
          "private": "bnVsbA==",
          "dependencies": [
            "module.aft.module.aft_account_provisioning_framework.aws_iam_role.aft_lambda_aft_account_provisioning_framework_create_role",
            "module.aft.module.aft_account_provisioning_framework.data.aws_iam_policy.AWSLambdaBasicExecutionRole",
            "module.aft.module.aft_account_provisioning_framework.data.aws_iam_policy.AWSLambdaVPCAccessExecutionRole"
          ]
        },
        {
          "index_key": 1,
          "schema_version": 0,
          "attributes": {
            "id": "aft-account-provisioning-framework-lambda-create-role-role-2022042303425557040000000a",
            "policy_arn": "arn:aws:iam::aws:policy/service-role/AWSLambdaVPCAccessExecutionRole",
            "role": "aft-account-provisioning-framework-lambda-create-role-role"
          },
          "sensitive_attributes": [],
          "private": "bnVsbA==",
          "dependencies": [
            "module.aft.module.aft_account_provisioning_framework.aws_iam_role.aft_lambda_aft_account_provisioning_framework_create_role",
            "module.aft.module.aft_account_provisioning_framework.data.aws_iam_policy.AWSLambdaBasicExecutionRole",
            "module.aft.module.aft_account_provisioning_framework.data.aws_iam_policy.AWSLambdaVPCAccessExecutionRole"
          ]
        }
      ]
    },
    {
      "module": "module.aft.module.aft_account_provisioning_framework",
      "mode": "managed",
      "type": "aws_iam_role_policy_attachment",
      "name": "aft_account_provisioning_framework_get_account_info",
      "provider": "module.aft.provider[\"registry.terraform.io/hashicorp/aws\"].aft_management",
      "instances": [
        {
          "index_key": 0,
          "schema_version": 0,
          "attributes": {
            "id": "aft-account-provisioning-framework-lambda-get-account-info-role-2022042303425596790000000c",
            "policy_arn": "arn:aws:iam::aws:policy/service-role/AWSLambdaBasicExecutionRole",
            "role": "aft-account-provisioning-framework-lambda-get-account-info-role"
          },
          "sensitive_attributes": [],
          "private": "bnVsbA==",
          "dependencies": [
            "module.aft.module.aft_account_provisioning_framework.aws_iam_role.aft_lambda_aft_account_provisioning_framework_get_account_info",
            "module.aft.module.aft_account_provisioning_framework.data.aws_iam_policy.AWSLambdaBasicExecutionRole",
            "module.aft.module.aft_account_provisioning_framework.data.aws_iam_policy.AWSLambdaVPCAccessExecutionRole"
          ]
        },
        {
          "index_key": 1,
          "schema_version": 0,
          "attributes": {
            "id": "aft-account-provisioning-framework-lambda-get-account-info-role-2022042303425638040000000f",
            "policy_arn": "arn:aws:iam::aws:policy/service-role/AWSLambdaVPCAccessExecutionRole",
            "role": "aft-account-provisioning-framework-lambda-get-account-info-role"
          },
          "sensitive_attributes": [],
          "private": "bnVsbA==",
          "dependencies": [
            "module.aft.module.aft_account_provisioning_framework.aws_iam_role.aft_lambda_aft_account_provisioning_framework_get_account_info",
            "module.aft.module.aft_account_provisioning_framework.data.aws_iam_policy.AWSLambdaBasicExecutionRole",
            "module.aft.module.aft_account_provisioning_framework.data.aws_iam_policy.AWSLambdaVPCAccessExecutionRole"
          ]
        }
      ]
    },
    {
      "module": "module.aft.module.aft_account_provisioning_framework",
      "mode": "managed",
      "type": "aws_iam_role_policy_attachment",
      "name": "aft_account_provisioning_framework_persist_metadata",
      "provider": "module.aft.provider[\"registry.terraform.io/hashicorp/aws\"].aft_management",
      "instances": [
        {
          "index_key": 0,
          "schema_version": 0,
          "attributes": {
            "id": "aft-account-provisioning-framework-lambda-persist-metadata-role-20220423034254723600000006",
            "policy_arn": "arn:aws:iam::aws:policy/service-role/AWSLambdaBasicExecutionRole",
            "role": "aft-account-provisioning-framework-lambda-persist-metadata-role"
          },
          "sensitive_attributes": [],
          "private": "bnVsbA==",
          "dependencies": [
            "module.aft.module.aft_account_provisioning_framework.aws_iam_role.aft_lambda_aft_account_provisioning_framework_persist_metadata",
            "module.aft.module.aft_account_provisioning_framework.data.aws_iam_policy.AWSLambdaBasicExecutionRole",
            "module.aft.module.aft_account_provisioning_framework.data.aws_iam_policy.AWSLambdaVPCAccessExecutionRole"
          ]
        },
        {
          "index_key": 1,
          "schema_version": 0,
          "attributes": {
            "id": "aft-account-provisioning-framework-lambda-persist-metadata-role-20220423034255405900000009",
            "policy_arn": "arn:aws:iam::aws:policy/service-role/AWSLambdaVPCAccessExecutionRole",
            "role": "aft-account-provisioning-framework-lambda-persist-metadata-role"
          },
          "sensitive_attributes": [],
          "private": "bnVsbA==",
          "dependencies": [
            "module.aft.module.aft_account_provisioning_framework.aws_iam_role.aft_lambda_aft_account_provisioning_framework_persist_metadata",
            "module.aft.module.aft_account_provisioning_framework.data.aws_iam_policy.AWSLambdaBasicExecutionRole",
            "module.aft.module.aft_account_provisioning_framework.data.aws_iam_policy.AWSLambdaVPCAccessExecutionRole"
          ]
        }
      ]
    },
    {
      "module": "module.aft.module.aft_account_provisioning_framework",
      "mode": "managed",
      "type": "aws_iam_role_policy_attachment",
      "name": "aft_account_provisioning_framework_tag_account",
      "provider": "module.aft.provider[\"registry.terraform.io/hashicorp/aws\"].aft_management",
      "instances": [
        {
          "index_key": 0,
          "schema_version": 0,
          "attributes": {
            "id": "aft-account-provisioning-framework-lambda-tag-account-role-20220423034256579500000011",
            "policy_arn": "arn:aws:iam::aws:policy/service-role/AWSLambdaBasicExecutionRole",
            "role": "aft-account-provisioning-framework-lambda-tag-account-role"
          },
          "sensitive_attributes": [],
          "private": "bnVsbA==",
          "dependencies": [
            "module.aft.module.aft_account_provisioning_framework.aws_iam_role.aft_lambda_aft_account_provisioning_framework_tag_account",
            "module.aft.module.aft_account_provisioning_framework.data.aws_iam_policy.AWSLambdaBasicExecutionRole",
            "module.aft.module.aft_account_provisioning_framework.data.aws_iam_policy.AWSLambdaVPCAccessExecutionRole"
          ]
        },
        {
          "index_key": 1,
          "schema_version": 0,
          "attributes": {
            "id": "aft-account-provisioning-framework-lambda-tag-account-role-20220423034256397100000010",
            "policy_arn": "arn:aws:iam::aws:policy/service-role/AWSLambdaVPCAccessExecutionRole",
            "role": "aft-account-provisioning-framework-lambda-tag-account-role"
          },
          "sensitive_attributes": [],
          "private": "bnVsbA==",
          "dependencies": [
            "module.aft.module.aft_account_provisioning_framework.aws_iam_role.aft_lambda_aft_account_provisioning_framework_tag_account",
            "module.aft.module.aft_account_provisioning_framework.data.aws_iam_policy.AWSLambdaBasicExecutionRole",
            "module.aft.module.aft_account_provisioning_framework.data.aws_iam_policy.AWSLambdaVPCAccessExecutionRole"
          ]
        }
      ]
    },
    {
      "module": "module.aft.module.aft_account_provisioning_framework",
      "mode": "managed",
      "type": "aws_iam_role_policy_attachment",
      "name": "aft_account_provisioning_framework_validate_request",
      "provider": "module.aft.provider[\"registry.terraform.io/hashicorp/aws\"].aft_management",
      "instances": [
        {
          "index_key": 0,
          "schema_version": 0,
          "attributes": {
            "id": "aft-account-provisioning-framework-validate-request-lambda-role-2022042303425599900000000e",
            "policy_arn": "arn:aws:iam::aws:policy/service-role/AWSLambdaBasicExecutionRole",
            "role": "aft-account-provisioning-framework-validate-request-lambda-role"
          },
          "sensitive_attributes": [],
          "private": "bnVsbA==",
          "dependencies": [
            "module.aft.module.aft_account_provisioning_framework.aws_iam_role.aft_lambda_aft_account_provisioning_framework_validate_request",
            "module.aft.module.aft_account_provisioning_framework.data.aws_iam_policy.AWSLambdaBasicExecutionRole",
            "module.aft.module.aft_account_provisioning_framework.data.aws_iam_policy.AWSLambdaVPCAccessExecutionRole"
          ]
        },
        {
          "index_key": 1,
          "schema_version": 0,
          "attributes": {
            "id": "aft-account-provisioning-framework-validate-request-lambda-role-2022042303425598460000000d",
            "policy_arn": "arn:aws:iam::aws:policy/service-role/AWSLambdaVPCAccessExecutionRole",
            "role": "aft-account-provisioning-framework-validate-request-lambda-role"
          },
          "sensitive_attributes": [],
          "private": "bnVsbA==",
          "dependencies": [
            "module.aft.module.aft_account_provisioning_framework.aws_iam_role.aft_lambda_aft_account_provisioning_framework_validate_request",
            "module.aft.module.aft_account_provisioning_framework.data.aws_iam_policy.AWSLambdaBasicExecutionRole",
            "module.aft.module.aft_account_provisioning_framework.data.aws_iam_policy.AWSLambdaVPCAccessExecutionRole"
          ]
        }
      ]
    },
    {
      "module": "module.aft.module.aft_account_provisioning_framework",
      "mode": "managed",
      "type": "aws_lambda_function",
      "name": "account_metadata_ssm",
      "provider": "module.aft.provider[\"registry.terraform.io/hashicorp/aws\"].aft_management",
      "instances": [
        {
          "schema_version": 0,
          "attributes": {
            "architectures": [
              "x86_64"
            ],
            "arn": "arn:aws:lambda:us-east-1:008298205562:function:aft-account-provisioning-framework-account-metadata-ssm",
            "code_signing_config_arn": "",
            "dead_letter_config": [],
            "description": "AFT account provisioning framework - account_metadata_ssm",
            "environment": [],
            "file_system_config": [],
            "filename": ".terraform/modules/aft/modules/aft-archives/../../src/aft_lambda/aft_account_provisioning_framework.zip",
            "function_name": "aft-account-provisioning-framework-account-metadata-ssm",
            "handler": "aft_account_provisioning_framework_account_metadata_ssm.lambda_handler",
            "id": "aft-account-provisioning-framework-account-metadata-ssm",
            "image_config": [],
            "image_uri": "",
            "invoke_arn": "arn:aws:apigateway:us-east-1:lambda:path/2015-03-31/functions/arn:aws:lambda:us-east-1:008298205562:function:aft-account-provisioning-framework-account-metadata-ssm/invocations",
            "kms_key_arn": "",
            "last_modified": "2022-05-04T19:59:30.000+0000",
            "layers": [
              "arn:aws:lambda:us-east-1:008298205562:layer:aft-common-1-3-5:1"
            ],
            "memory_size": 1024,
            "package_type": "Zip",
            "publish": false,
            "qualified_arn": "arn:aws:lambda:us-east-1:008298205562:function:aft-account-provisioning-framework-account-metadata-ssm:$LATEST",
            "reserved_concurrent_executions": -1,
            "role": "arn:aws:iam::008298205562:role/aft-account-provisioning-framework-lambda-persist-metadata-role",
            "runtime": "python3.8",
            "s3_bucket": null,
            "s3_key": null,
            "s3_object_version": null,
            "signing_job_arn": "",
            "signing_profile_version_arn": "",
            "source_code_hash": "R24GhXXmyCIAOXTbip96OP9h/Je7Zm8kYHfeLI4GMos=",
            "source_code_size": 5621,
            "tags": {},
            "tags_all": {
              "managed_by": "AFT"
            },
            "timeout": 300,
            "timeouts": null,
            "tracing_config": [
              {
                "mode": "PassThrough"
              }
            ],
            "version": "$LATEST",
            "vpc_config": [
              {
                "security_group_ids": [
                  "sg-0a7b6748a01d2169a"
                ],
                "subnet_ids": [
                  "subnet-041cf026a115900a6",
                  "subnet-066a1962f2cece8db"
                ],
                "vpc_id": "vpc-0d6124dadfcb57dd8"
              }
            ]
          },
          "sensitive_attributes": [],
          "private": "eyJlMmJmYjczMC1lY2FhLTExZTYtOGY4OC0zNDM2M2JjN2M0YzAiOnsiY3JlYXRlIjo2MDAwMDAwMDAwMDB9fQ==",
          "dependencies": [
            "module.aft.data.local_file.version",
            "module.aft.module.aft_account_provisioning_framework.aws_iam_role.aft_lambda_aft_account_provisioning_framework_persist_metadata",
            "module.aft.module.aft_account_request_framework.aws_kms_key.aft",
            "module.aft.module.aft_account_request_framework.aws_security_group.aft_vpc_default_sg",
            "module.aft.module.aft_account_request_framework.aws_subnet.aft_vpc_private_subnet_01",
            "module.aft.module.aft_account_request_framework.aws_subnet.aft_vpc_private_subnet_02",
            "module.aft.module.aft_account_request_framework.aws_vpc.aft_vpc",
            "module.aft.module.aft_account_request_framework.data.aws_availability_zones.available",
            "module.aft.module.aft_customizations.aws_s3_bucket.aft_codepipeline_customizations_bucket",
            "module.aft.module.aft_customizations.data.aws_caller_identity.current",
            "module.aft.module.aft_lambda_layer.aws_codebuild_project.codebuild",
            "module.aft.module.aft_lambda_layer.aws_iam_role.codebuild",
            "module.aft.module.aft_lambda_layer.aws_iam_role.codebuild_invoker_lambda_role",
            "module.aft.module.aft_lambda_layer.aws_lambda_function.codebuild_invoker",
            "module.aft.module.aft_lambda_layer.aws_lambda_layer_version.layer_version",
            "module.aft.module.aft_lambda_layer.data.aws_lambda_invocation.invoke_codebuild_job",
            "module.aft.module.aft_lambda_layer.data.local_file.aft_lambda_layer",
            "module.aft.module.aft_lambda_layer.random_string.resource_suffix",
            "module.aft.module.packaging.data.archive_file.builder",
            "module.aft.module.packaging.data.archive_file.provisioning_framework"
          ]
        }
      ]
    },
    {
      "module": "module.aft.module.aft_account_provisioning_framework",
      "mode": "managed",
      "type": "aws_lambda_function",
      "name": "create_role",
      "provider": "module.aft.provider[\"registry.terraform.io/hashicorp/aws\"].aft_management",
      "instances": [
        {
          "schema_version": 0,
          "attributes": {
            "architectures": [
              "x86_64"
            ],
            "arn": "arn:aws:lambda:us-east-1:008298205562:function:aft-account-provisioning-framework-create-aft-execution-role",
            "code_signing_config_arn": "",
            "dead_letter_config": [],
            "description": "AFT account provisioning framework - create_role",
            "environment": [],
            "file_system_config": [],
            "filename": ".terraform/modules/aft/modules/aft-archives/../../src/aft_lambda/aft_account_provisioning_framework.zip",
            "function_name": "aft-account-provisioning-framework-create-aft-execution-role",
            "handler": "aft_account_provisioning_framework_create_role.lambda_handler",
            "id": "aft-account-provisioning-framework-create-aft-execution-role",
            "image_config": [],
            "image_uri": "",
            "invoke_arn": "arn:aws:apigateway:us-east-1:lambda:path/2015-03-31/functions/arn:aws:lambda:us-east-1:008298205562:function:aft-account-provisioning-framework-create-aft-execution-role/invocations",
            "kms_key_arn": "",
            "last_modified": "2022-05-04T19:59:46.000+0000",
            "layers": [
              "arn:aws:lambda:us-east-1:008298205562:layer:aft-common-1-3-5:1"
            ],
            "memory_size": 1024,
            "package_type": "Zip",
            "publish": false,
            "qualified_arn": "arn:aws:lambda:us-east-1:008298205562:function:aft-account-provisioning-framework-create-aft-execution-role:$LATEST",
            "reserved_concurrent_executions": -1,
            "role": "arn:aws:iam::008298205562:role/aft-account-provisioning-framework-lambda-create-role-role",
            "runtime": "python3.8",
            "s3_bucket": null,
            "s3_key": null,
            "s3_object_version": null,
            "signing_job_arn": "",
            "signing_profile_version_arn": "",
            "source_code_hash": "R24GhXXmyCIAOXTbip96OP9h/Je7Zm8kYHfeLI4GMos=",
            "source_code_size": 5621,
            "tags": {},
            "tags_all": {
              "managed_by": "AFT"
            },
            "timeout": 300,
            "timeouts": null,
            "tracing_config": [
              {
                "mode": "PassThrough"
              }
            ],
            "version": "$LATEST",
            "vpc_config": [
              {
                "security_group_ids": [
                  "sg-0a7b6748a01d2169a"
                ],
                "subnet_ids": [
                  "subnet-041cf026a115900a6",
                  "subnet-066a1962f2cece8db"
                ],
                "vpc_id": "vpc-0d6124dadfcb57dd8"
              }
            ]
          },
          "sensitive_attributes": [],
          "private": "eyJlMmJmYjczMC1lY2FhLTExZTYtOGY4OC0zNDM2M2JjN2M0YzAiOnsiY3JlYXRlIjo2MDAwMDAwMDAwMDB9fQ==",
          "dependencies": [
            "module.aft.data.local_file.version",
            "module.aft.module.aft_account_provisioning_framework.aws_iam_role.aft_lambda_aft_account_provisioning_framework_create_role",
            "module.aft.module.aft_account_request_framework.aws_kms_key.aft",
            "module.aft.module.aft_account_request_framework.aws_security_group.aft_vpc_default_sg",
            "module.aft.module.aft_account_request_framework.aws_subnet.aft_vpc_private_subnet_01",
            "module.aft.module.aft_account_request_framework.aws_subnet.aft_vpc_private_subnet_02",
            "module.aft.module.aft_account_request_framework.aws_vpc.aft_vpc",
            "module.aft.module.aft_account_request_framework.data.aws_availability_zones.available",
            "module.aft.module.aft_customizations.aws_s3_bucket.aft_codepipeline_customizations_bucket",
            "module.aft.module.aft_customizations.data.aws_caller_identity.current",
            "module.aft.module.aft_lambda_layer.aws_codebuild_project.codebuild",
            "module.aft.module.aft_lambda_layer.aws_iam_role.codebuild",
            "module.aft.module.aft_lambda_layer.aws_iam_role.codebuild_invoker_lambda_role",
            "module.aft.module.aft_lambda_layer.aws_lambda_function.codebuild_invoker",
            "module.aft.module.aft_lambda_layer.aws_lambda_layer_version.layer_version",
            "module.aft.module.aft_lambda_layer.data.aws_lambda_invocation.invoke_codebuild_job",
            "module.aft.module.aft_lambda_layer.data.local_file.aft_lambda_layer",
            "module.aft.module.aft_lambda_layer.random_string.resource_suffix",
            "module.aft.module.packaging.data.archive_file.builder",
            "module.aft.module.packaging.data.archive_file.provisioning_framework"
          ]
        }
      ]
    },
    {
      "module": "module.aft.module.aft_account_provisioning_framework",
      "mode": "managed",
      "type": "aws_lambda_function",
      "name": "get_account_info",
      "provider": "module.aft.provider[\"registry.terraform.io/hashicorp/aws\"].aft_management",
      "instances": [
        {
          "schema_version": 0,
          "attributes": {
            "architectures": [
              "x86_64"
            ],
            "arn": "arn:aws:lambda:us-east-1:008298205562:function:aft-account-provisioning-framework-get-account-info",
            "code_signing_config_arn": "",
            "dead_letter_config": [],
            "description": "AFT account provisioning framework - get_account_info",
            "environment": [],
            "file_system_config": [],
            "filename": ".terraform/modules/aft/modules/aft-archives/../../src/aft_lambda/aft_account_provisioning_framework.zip",
            "function_name": "aft-account-provisioning-framework-get-account-info",
            "handler": "aft_account_provisioning_framework_get_account_info.lambda_handler",
            "id": "aft-account-provisioning-framework-get-account-info",
            "image_config": [],
            "image_uri": "",
            "invoke_arn": "arn:aws:apigateway:us-east-1:lambda:path/2015-03-31/functions/arn:aws:lambda:us-east-1:008298205562:function:aft-account-provisioning-framework-get-account-info/invocations",
            "kms_key_arn": "",
            "last_modified": "2022-05-04T20:00:02.000+0000",
            "layers": [
              "arn:aws:lambda:us-east-1:008298205562:layer:aft-common-1-3-5:1"
            ],
            "memory_size": 1024,
            "package_type": "Zip",
            "publish": false,
            "qualified_arn": "arn:aws:lambda:us-east-1:008298205562:function:aft-account-provisioning-framework-get-account-info:$LATEST",
            "reserved_concurrent_executions": -1,
            "role": "arn:aws:iam::008298205562:role/aft-account-provisioning-framework-lambda-get-account-info-role",
            "runtime": "python3.8",
            "s3_bucket": null,
            "s3_key": null,
            "s3_object_version": null,
            "signing_job_arn": "",
            "signing_profile_version_arn": "",
            "source_code_hash": "R24GhXXmyCIAOXTbip96OP9h/Je7Zm8kYHfeLI4GMos=",
            "source_code_size": 5621,
            "tags": {},
            "tags_all": {
              "managed_by": "AFT"
            },
            "timeout": 300,
            "timeouts": null,
            "tracing_config": [
              {
                "mode": "PassThrough"
              }
            ],
            "version": "$LATEST",
            "vpc_config": [
              {
                "security_group_ids": [
                  "sg-0a7b6748a01d2169a"
                ],
                "subnet_ids": [
                  "subnet-041cf026a115900a6",
                  "subnet-066a1962f2cece8db"
                ],
                "vpc_id": "vpc-0d6124dadfcb57dd8"
              }
            ]
          },
          "sensitive_attributes": [],
          "private": "eyJlMmJmYjczMC1lY2FhLTExZTYtOGY4OC0zNDM2M2JjN2M0YzAiOnsiY3JlYXRlIjo2MDAwMDAwMDAwMDB9fQ==",
          "dependencies": [
            "module.aft.data.local_file.version",
            "module.aft.module.aft_account_provisioning_framework.aws_iam_role.aft_lambda_aft_account_provisioning_framework_get_account_info",
            "module.aft.module.aft_account_request_framework.aws_kms_key.aft",
            "module.aft.module.aft_account_request_framework.aws_security_group.aft_vpc_default_sg",
            "module.aft.module.aft_account_request_framework.aws_subnet.aft_vpc_private_subnet_01",
            "module.aft.module.aft_account_request_framework.aws_subnet.aft_vpc_private_subnet_02",
            "module.aft.module.aft_account_request_framework.aws_vpc.aft_vpc",
            "module.aft.module.aft_account_request_framework.data.aws_availability_zones.available",
            "module.aft.module.aft_customizations.aws_s3_bucket.aft_codepipeline_customizations_bucket",
            "module.aft.module.aft_customizations.data.aws_caller_identity.current",
            "module.aft.module.aft_lambda_layer.aws_codebuild_project.codebuild",
            "module.aft.module.aft_lambda_layer.aws_iam_role.codebuild",
            "module.aft.module.aft_lambda_layer.aws_iam_role.codebuild_invoker_lambda_role",
            "module.aft.module.aft_lambda_layer.aws_lambda_function.codebuild_invoker",
            "module.aft.module.aft_lambda_layer.aws_lambda_layer_version.layer_version",
            "module.aft.module.aft_lambda_layer.data.aws_lambda_invocation.invoke_codebuild_job",
            "module.aft.module.aft_lambda_layer.data.local_file.aft_lambda_layer",
            "module.aft.module.aft_lambda_layer.random_string.resource_suffix",
            "module.aft.module.packaging.data.archive_file.builder",
            "module.aft.module.packaging.data.archive_file.provisioning_framework"
          ]
        }
      ]
    },
    {
      "module": "module.aft.module.aft_account_provisioning_framework",
      "mode": "managed",
      "type": "aws_lambda_function",
      "name": "persist_metadata",
      "provider": "module.aft.provider[\"registry.terraform.io/hashicorp/aws\"].aft_management",
      "instances": [
        {
          "schema_version": 0,
          "attributes": {
            "architectures": [
              "x86_64"
            ],
            "arn": "arn:aws:lambda:us-east-1:008298205562:function:aft-account-provisioning-framework-persist-metadata",
            "code_signing_config_arn": "",
            "dead_letter_config": [],
            "description": "AFT account provisioning framework - persist_metadata",
            "environment": [],
            "file_system_config": [],
            "filename": ".terraform/modules/aft/modules/aft-archives/../../src/aft_lambda/aft_account_provisioning_framework.zip",
            "function_name": "aft-account-provisioning-framework-persist-metadata",
            "handler": "aft_account_provisioning_framework_persist_metadata.lambda_handler",
            "id": "aft-account-provisioning-framework-persist-metadata",
            "image_config": [],
            "image_uri": "",
            "invoke_arn": "arn:aws:apigateway:us-east-1:lambda:path/2015-03-31/functions/arn:aws:lambda:us-east-1:008298205562:function:aft-account-provisioning-framework-persist-metadata/invocations",
            "kms_key_arn": "",
            "last_modified": "2022-05-04T19:59:15.000+0000",
            "layers": [
              "arn:aws:lambda:us-east-1:008298205562:layer:aft-common-1-3-5:1"
            ],
            "memory_size": 1024,
            "package_type": "Zip",
            "publish": false,
            "qualified_arn": "arn:aws:lambda:us-east-1:008298205562:function:aft-account-provisioning-framework-persist-metadata:$LATEST",
            "reserved_concurrent_executions": -1,
            "role": "arn:aws:iam::008298205562:role/aft-account-provisioning-framework-lambda-persist-metadata-role",
            "runtime": "python3.8",
            "s3_bucket": null,
            "s3_key": null,
            "s3_object_version": null,
            "signing_job_arn": "",
            "signing_profile_version_arn": "",
            "source_code_hash": "R24GhXXmyCIAOXTbip96OP9h/Je7Zm8kYHfeLI4GMos=",
            "source_code_size": 5621,
            "tags": {},
            "tags_all": {
              "managed_by": "AFT"
            },
            "timeout": 300,
            "timeouts": null,
            "tracing_config": [
              {
                "mode": "PassThrough"
              }
            ],
            "version": "$LATEST",
            "vpc_config": [
              {
                "security_group_ids": [
                  "sg-0a7b6748a01d2169a"
                ],
                "subnet_ids": [
                  "subnet-041cf026a115900a6",
                  "subnet-066a1962f2cece8db"
                ],
                "vpc_id": "vpc-0d6124dadfcb57dd8"
              }
            ]
          },
          "sensitive_attributes": [],
          "private": "eyJlMmJmYjczMC1lY2FhLTExZTYtOGY4OC0zNDM2M2JjN2M0YzAiOnsiY3JlYXRlIjo2MDAwMDAwMDAwMDB9fQ==",
          "dependencies": [
            "module.aft.data.local_file.version",
            "module.aft.module.aft_account_provisioning_framework.aws_iam_role.aft_lambda_aft_account_provisioning_framework_persist_metadata",
            "module.aft.module.aft_account_request_framework.aws_kms_key.aft",
            "module.aft.module.aft_account_request_framework.aws_security_group.aft_vpc_default_sg",
            "module.aft.module.aft_account_request_framework.aws_subnet.aft_vpc_private_subnet_01",
            "module.aft.module.aft_account_request_framework.aws_subnet.aft_vpc_private_subnet_02",
            "module.aft.module.aft_account_request_framework.aws_vpc.aft_vpc",
            "module.aft.module.aft_account_request_framework.data.aws_availability_zones.available",
            "module.aft.module.aft_customizations.aws_s3_bucket.aft_codepipeline_customizations_bucket",
            "module.aft.module.aft_customizations.data.aws_caller_identity.current",
            "module.aft.module.aft_lambda_layer.aws_codebuild_project.codebuild",
            "module.aft.module.aft_lambda_layer.aws_iam_role.codebuild",
            "module.aft.module.aft_lambda_layer.aws_iam_role.codebuild_invoker_lambda_role",
            "module.aft.module.aft_lambda_layer.aws_lambda_function.codebuild_invoker",
            "module.aft.module.aft_lambda_layer.aws_lambda_layer_version.layer_version",
            "module.aft.module.aft_lambda_layer.data.aws_lambda_invocation.invoke_codebuild_job",
            "module.aft.module.aft_lambda_layer.data.local_file.aft_lambda_layer",
            "module.aft.module.aft_lambda_layer.random_string.resource_suffix",
            "module.aft.module.packaging.data.archive_file.builder",
            "module.aft.module.packaging.data.archive_file.provisioning_framework"
          ]
        }
      ]
    },
    {
      "module": "module.aft.module.aft_account_provisioning_framework",
      "mode": "managed",
      "type": "aws_lambda_function",
      "name": "tag_account",
      "provider": "module.aft.provider[\"registry.terraform.io/hashicorp/aws\"].aft_management",
      "instances": [
        {
          "schema_version": 0,
          "attributes": {
            "architectures": [
              "x86_64"
            ],
            "arn": "arn:aws:lambda:us-east-1:008298205562:function:aft-account-provisioning-framework-tag-account",
            "code_signing_config_arn": "",
            "dead_letter_config": [],
            "description": "AFT account provisioning framework - tag_account",
            "environment": [],
            "file_system_config": [],
            "filename": ".terraform/modules/aft/modules/aft-archives/../../src/aft_lambda/aft_account_provisioning_framework.zip",
            "function_name": "aft-account-provisioning-framework-tag-account",
            "handler": "aft_account_provisioning_framework_tag_account.lambda_handler",
            "id": "aft-account-provisioning-framework-tag-account",
            "image_config": [],
            "image_uri": "",
            "invoke_arn": "arn:aws:apigateway:us-east-1:lambda:path/2015-03-31/functions/arn:aws:lambda:us-east-1:008298205562:function:aft-account-provisioning-framework-tag-account/invocations",
            "kms_key_arn": "",
            "last_modified": "2022-05-04T19:59:02.000+0000",
            "layers": [
              "arn:aws:lambda:us-east-1:008298205562:layer:aft-common-1-3-5:1"
            ],
            "memory_size": 1024,
            "package_type": "Zip",
            "publish": false,
            "qualified_arn": "arn:aws:lambda:us-east-1:008298205562:function:aft-account-provisioning-framework-tag-account:$LATEST",
            "reserved_concurrent_executions": -1,
            "role": "arn:aws:iam::008298205562:role/aft-account-provisioning-framework-lambda-tag-account-role",
            "runtime": "python3.8",
            "s3_bucket": null,
            "s3_key": null,
            "s3_object_version": null,
            "signing_job_arn": "",
            "signing_profile_version_arn": "",
            "source_code_hash": "R24GhXXmyCIAOXTbip96OP9h/Je7Zm8kYHfeLI4GMos=",
            "source_code_size": 5621,
            "tags": {},
            "tags_all": {
              "managed_by": "AFT"
            },
            "timeout": 300,
            "timeouts": null,
            "tracing_config": [
              {
                "mode": "PassThrough"
              }
            ],
            "version": "$LATEST",
            "vpc_config": [
              {
                "security_group_ids": [
                  "sg-0a7b6748a01d2169a"
                ],
                "subnet_ids": [
                  "subnet-041cf026a115900a6",
                  "subnet-066a1962f2cece8db"
                ],
                "vpc_id": "vpc-0d6124dadfcb57dd8"
              }
            ]
          },
          "sensitive_attributes": [],
          "private": "eyJlMmJmYjczMC1lY2FhLTExZTYtOGY4OC0zNDM2M2JjN2M0YzAiOnsiY3JlYXRlIjo2MDAwMDAwMDAwMDB9fQ==",
          "dependencies": [
            "module.aft.data.local_file.version",
            "module.aft.module.aft_account_provisioning_framework.aws_iam_role.aft_lambda_aft_account_provisioning_framework_tag_account",
            "module.aft.module.aft_account_request_framework.aws_kms_key.aft",
            "module.aft.module.aft_account_request_framework.aws_security_group.aft_vpc_default_sg",
            "module.aft.module.aft_account_request_framework.aws_subnet.aft_vpc_private_subnet_01",
            "module.aft.module.aft_account_request_framework.aws_subnet.aft_vpc_private_subnet_02",
            "module.aft.module.aft_account_request_framework.aws_vpc.aft_vpc",
            "module.aft.module.aft_account_request_framework.data.aws_availability_zones.available",
            "module.aft.module.aft_customizations.aws_s3_bucket.aft_codepipeline_customizations_bucket",
            "module.aft.module.aft_customizations.data.aws_caller_identity.current",
            "module.aft.module.aft_lambda_layer.aws_codebuild_project.codebuild",
            "module.aft.module.aft_lambda_layer.aws_iam_role.codebuild",
            "module.aft.module.aft_lambda_layer.aws_iam_role.codebuild_invoker_lambda_role",
            "module.aft.module.aft_lambda_layer.aws_lambda_function.codebuild_invoker",
            "module.aft.module.aft_lambda_layer.aws_lambda_layer_version.layer_version",
            "module.aft.module.aft_lambda_layer.data.aws_lambda_invocation.invoke_codebuild_job",
            "module.aft.module.aft_lambda_layer.data.local_file.aft_lambda_layer",
            "module.aft.module.aft_lambda_layer.random_string.resource_suffix",
            "module.aft.module.packaging.data.archive_file.builder",
            "module.aft.module.packaging.data.archive_file.provisioning_framework"
          ]
        }
      ]
    },
    {
      "module": "module.aft.module.aft_account_provisioning_framework",
      "mode": "managed",
      "type": "aws_lambda_function",
      "name": "validate_request",
      "provider": "module.aft.provider[\"registry.terraform.io/hashicorp/aws\"].aft_management",
      "instances": [
        {
          "schema_version": 0,
          "attributes": {
            "architectures": [
              "x86_64"
            ],
            "arn": "arn:aws:lambda:us-east-1:008298205562:function:aft-account-provisioning-framework-validate-request",
            "code_signing_config_arn": "",
            "dead_letter_config": [],
            "description": "AFT account provisioning framework - validate_request",
            "environment": [],
            "file_system_config": [],
            "filename": ".terraform/modules/aft/modules/aft-archives/../../src/aft_lambda/aft_account_provisioning_framework.zip",
            "function_name": "aft-account-provisioning-framework-validate-request",
            "handler": "aft_account_provisioning_framework_validate_request.lambda_handler",
            "id": "aft-account-provisioning-framework-validate-request",
            "image_config": [],
            "image_uri": "",
            "invoke_arn": "arn:aws:apigateway:us-east-1:lambda:path/2015-03-31/functions/arn:aws:lambda:us-east-1:008298205562:function:aft-account-provisioning-framework-validate-request/invocations",
            "kms_key_arn": "",
            "last_modified": "2022-05-04T19:58:48.000+0000",
            "layers": [
              "arn:aws:lambda:us-east-1:008298205562:layer:aft-common-1-3-5:1"
            ],
            "memory_size": 1024,
            "package_type": "Zip",
            "publish": false,
            "qualified_arn": "arn:aws:lambda:us-east-1:008298205562:function:aft-account-provisioning-framework-validate-request:$LATEST",
            "reserved_concurrent_executions": -1,
            "role": "arn:aws:iam::008298205562:role/aft-account-provisioning-framework-validate-request-lambda-role",
            "runtime": "python3.8",
            "s3_bucket": null,
            "s3_key": null,
            "s3_object_version": null,
            "signing_job_arn": "",
            "signing_profile_version_arn": "",
            "source_code_hash": "R24GhXXmyCIAOXTbip96OP9h/Je7Zm8kYHfeLI4GMos=",
            "source_code_size": 5621,
            "tags": {},
            "tags_all": {
              "managed_by": "AFT"
            },
            "timeout": 300,
            "timeouts": null,
            "tracing_config": [
              {
                "mode": "PassThrough"
              }
            ],
            "version": "$LATEST",
            "vpc_config": [
              {
                "security_group_ids": [
                  "sg-0a7b6748a01d2169a"
                ],
                "subnet_ids": [
                  "subnet-041cf026a115900a6",
                  "subnet-066a1962f2cece8db"
                ],
                "vpc_id": "vpc-0d6124dadfcb57dd8"
              }
            ]
          },
          "sensitive_attributes": [],
          "private": "eyJlMmJmYjczMC1lY2FhLTExZTYtOGY4OC0zNDM2M2JjN2M0YzAiOnsiY3JlYXRlIjo2MDAwMDAwMDAwMDB9fQ==",
          "dependencies": [
            "module.aft.data.local_file.version",
            "module.aft.module.aft_account_provisioning_framework.aws_iam_role.aft_lambda_aft_account_provisioning_framework_validate_request",
            "module.aft.module.aft_account_request_framework.aws_kms_key.aft",
            "module.aft.module.aft_account_request_framework.aws_security_group.aft_vpc_default_sg",
            "module.aft.module.aft_account_request_framework.aws_subnet.aft_vpc_private_subnet_01",
            "module.aft.module.aft_account_request_framework.aws_subnet.aft_vpc_private_subnet_02",
            "module.aft.module.aft_account_request_framework.aws_vpc.aft_vpc",
            "module.aft.module.aft_account_request_framework.data.aws_availability_zones.available",
            "module.aft.module.aft_customizations.aws_s3_bucket.aft_codepipeline_customizations_bucket",
            "module.aft.module.aft_customizations.data.aws_caller_identity.current",
            "module.aft.module.aft_lambda_layer.aws_codebuild_project.codebuild",
            "module.aft.module.aft_lambda_layer.aws_iam_role.codebuild",
            "module.aft.module.aft_lambda_layer.aws_iam_role.codebuild_invoker_lambda_role",
            "module.aft.module.aft_lambda_layer.aws_lambda_function.codebuild_invoker",
            "module.aft.module.aft_lambda_layer.aws_lambda_layer_version.layer_version",
            "module.aft.module.aft_lambda_layer.data.aws_lambda_invocation.invoke_codebuild_job",
            "module.aft.module.aft_lambda_layer.data.local_file.aft_lambda_layer",
            "module.aft.module.aft_lambda_layer.random_string.resource_suffix",
            "module.aft.module.packaging.data.archive_file.builder",
            "module.aft.module.packaging.data.archive_file.provisioning_framework"
          ]
        }
      ]
    },
    {
      "module": "module.aft.module.aft_account_provisioning_framework",
      "mode": "managed",
      "type": "aws_sfn_state_machine",
      "name": "aft_account_provisioning_framework_sfn",
      "provider": "module.aft.provider[\"registry.terraform.io/hashicorp/aws\"].aft_management",
      "instances": [
        {
          "schema_version": 0,
          "attributes": {
            "arn": "arn:aws:states:us-east-1:008298205562:stateMachine:aft-account-provisioning-framework",
            "creation_date": "2022-04-23T03:58:41Z",
            "definition": "{\r\n  \"StartAt\": \"aft_account_provisioning_framework_validate\",\r\n  \"States\": {\r\n    \"aft_account_provisioning_framework_validate\": {\r\n      \"Next\": \"aft_account_provisioning_framework_get_account_info\",\r\n      \"Type\": \"Task\",\r\n      \"Resource\": \"arn:aws:states:::lambda:invoke\",\r\n      \"ResultPath\": \"$.validated\",\r\n      \"ResultSelector\": {\"Success.$\":\"$.Payload\"},\r\n      \"Parameters\": {\r\n        \"FunctionName\": \"aft-account-provisioning-framework-validate-request\",\r\n        \"Payload\": {\r\n          \"job_name.$\": \"$$.Execution.Name\",\r\n          \"payload.$\": \"$\",\r\n          \"action\": \"validate\"\r\n        }\r\n      },\r\n      \"Catch\": [\r\n        {\r\n          \"ErrorEquals\": [\"States.ALL\"],\r\n          \"Next\": \"aft_account_provisioning_framework_notify_error\"\r\n        }\r\n      ]\r\n    },\r\n    \"aft_account_provisioning_framework_get_account_info\": {\r\n      \"Next\": \"aft_account_provisioning_framework_persist_metadata\",\r\n      \"Type\": \"Task\",\r\n      \"Resource\": \"arn:aws:states:::lambda:invoke\",\r\n      \"ResultPath\": \"$.account_info\",\r\n      \"ResultSelector\": {\"account.$\":\"$.Payload\"},\r\n      \"Parameters\": {\r\n        \"FunctionName\": \"aft-account-provisioning-framework-get-account-info\",\r\n        \"Payload\": {\r\n          \"job_name.$\": \"$$.Execution.Name\",\r\n          \"payload.$\": \"$\",\r\n          \"action\": \"get_account_info\"\r\n        }\r\n      },\r\n      \"Catch\": [\r\n        {\r\n          \"ErrorEquals\": [\"States.ALL\"],\r\n          \"Next\": \"aft_account_provisioning_framework_notify_error\"\r\n        }\r\n      ]\r\n    },\r\n    \"aft_account_provisioning_framework_persist_metadata\": {\r\n      \"Next\": \"aft_account_provisioning_framework_create_role\",\r\n      \"Type\": \"Task\",\r\n      \"Resource\": \"arn:aws:states:::lambda:invoke\",\r\n      \"ResultPath\": \"$.persist_metadata\",\r\n      \"ResultSelector\": {\"StatusCode.$\":\"$.StatusCode\"},\r\n      \"Parameters\": {\r\n        \"FunctionName\": \"aft-account-provisioning-framework-persist-metadata\",\r\n        \"Payload\": {\r\n          \"job_name.$\": \"$$.Execution.Name\",\r\n          \"payload.$\": \"$\",\r\n          \"action\": \"persist_metadata\"\r\n        }\r\n      },\r\n      \"Catch\": [\r\n        {\r\n          \"ErrorEquals\": [\"States.ALL\"],\r\n          \"Next\": \"aft_account_provisioning_framework_notify_error\"\r\n        }\r\n      ]\r\n    },\r\n    \"aft_account_provisioning_framework_create_role\": {\r\n      \"Next\": \"aft_account_provisioning_framework_tag_account\",\r\n      \"Type\": \"Task\",\r\n      \"Resource\": \"arn:aws:states:::lambda:invoke\",\r\n      \"ResultPath\": \"$.role\",\r\n      \"ResultSelector\": {\"Arn.$\":\"$.Payload\"},\r\n      \"Parameters\": {\r\n        \"FunctionName\": \"aft-account-provisioning-framework-create-aft-execution-role\",\r\n        \"Payload\": {\r\n          \"job_name.$\": \"$$.Execution.Name\",\r\n          \"payload.$\": \"$\",\r\n          \"action\": \"create_role\"\r\n        }\r\n      },\r\n      \"Retry\": [\r\n        {\r\n          \"ErrorEquals\": [\"States.ALL\"],\r\n          \"BackoffRate\": 1.5,\r\n          \"IntervalSeconds\": 60,\r\n          \"MaxAttempts\": 5\r\n        }\r\n      ],\r\n      \"Catch\": [\r\n        {\r\n          \"ErrorEquals\": [\"States.ALL\"],\r\n          \"Next\": \"aft_account_provisioning_framework_notify_error\"\r\n        }\r\n      ]\r\n    },\r\n    \"aft_account_provisioning_framework_tag_account\": {\r\n      \"Next\": \"aft_account_provisioning_framework_account_metadata_ssm\",\r\n      \"Type\": \"Task\",\r\n      \"Resource\": \"arn:aws:states:::lambda:invoke\",\r\n      \"ResultPath\": \"$.account_tags\",\r\n      \"ResultSelector\": {\"StatusCode.$\":\"$.StatusCode\"},\r\n      \"Parameters\": {\r\n        \"FunctionName\": \"aft-account-provisioning-framework-tag-account\",\r\n        \"Payload\": {\r\n          \"job_name.$\": \"$$.Execution.Name\",\r\n          \"payload.$\": \"$\",\r\n          \"action\": \"tag_account\",\r\n          \"account_info.$\": \"$.account_info\"\r\n        }\r\n      },\r\n      \"Catch\": [\r\n        {\r\n          \"ErrorEquals\": [\"States.ALL\"],\r\n          \"Next\": \"aft_account_provisioning_framework_notify_error\"\r\n        }\r\n      ]\r\n    },\r\n    \"aft_account_provisioning_framework_account_metadata_ssm\": {\r\n      \"Next\": \"aft_account_provisioning_framework_aft_features\",\r\n      \"Type\": \"Task\",\r\n      \"Resource\": \"arn:aws:states:::lambda:invoke\",\r\n      \"ResultPath\": \"$.account_metadata_ssm\",\r\n      \"ResultSelector\": {\"StatusCode.$\":\"$.StatusCode\"},\r\n      \"Parameters\": {\r\n        \"FunctionName\": \"aft-account-provisioning-framework-account-metadata-ssm\",\r\n        \"Payload\": {\r\n          \"job_name.$\": \"$$.Execution.Name\",\r\n          \"payload.$\": \"$\",\r\n          \"action\": \"account_metadata_ssm\",\r\n          \"account_info.$\": \"$.account_info\"\r\n        }\r\n      },\r\n      \"Catch\": [\r\n        {\r\n          \"ErrorEquals\": [\"States.ALL\"],\r\n          \"Next\": \"aft_account_provisioning_framework_notify_error\"\r\n        }\r\n      ]\r\n    },\r\n    \"aft_account_provisioning_framework_aft_features\": {\r\n      \"Next\": \"aft_account_provisioning_customizations\",\r\n      \"Type\": \"Task\",\r\n      \"Resource\": \"arn:aws:states:::states:startExecution.sync:2\",\r\n      \"Parameters\": {\r\n        \"StateMachineArn\": \"arn:aws:states:us-east-1:008298205562:stateMachine:aft-feature-options\",\r\n        \"Input.$\": \"$\"\r\n      }\r\n    },\r\n    \"aft_account_provisioning_customizations\": {\r\n      \"Next\": \"run_create_pipeline?\",\r\n      \"Type\": \"Task\",\r\n      \"Resource\": \"arn:aws:states:::states:startExecution.sync:2\",\r\n      \"Parameters\": {\r\n        \"StateMachineArn\": \"arn:aws:states:us-east-1:008298205562:stateMachine:aft-account-provisioning-customizations\",\r\n        \"Input.$\": \"$.Input\"\r\n      },\r\n      \"Catch\": [\r\n        {\r\n          \"ErrorEquals\": [\"States.ALL\"],\r\n          \"Next\": \"run_create_pipeline?\"\r\n        }\r\n      ]\r\n    },\r\n    \"run_create_pipeline?\": {\r\n      \"Type\": \"Choice\",\r\n      \"Choices\": [\r\n        {\r\n          \"Variable\": \"$.Input.account_provisioning.run_create_pipeline\",\r\n          \"StringEquals\": \"true\",\r\n          \"Next\": \"aft_account_provisioning_framework_create_pipeline\"\r\n        }\r\n      ],\r\n      \"Default\": \"aft_account_provisioning_framework_notify_success\"\r\n    },\r\n    \"aft_account_provisioning_framework_create_pipeline\": {\r\n      \"Next\": \"aft_account_provisioning_framework_notify_success\",\r\n      \"Type\": \"Task\",\r\n      \"Resource\": \"arn:aws:states:::codebuild:startBuild.sync\",\r\n      \"Parameters\": {\r\n        \"ProjectName\": \"aft-create-pipeline\",\r\n        \"EnvironmentVariablesOverride\": [\r\n          {\r\n            \"Name\": \"VENDED_ACCOUNT_ID\",\r\n            \"Type\": \"PLAINTEXT\",\r\n            \"Value.$\": \"$.Input.account_info.account.id\"\r\n          }\r\n        ]\r\n      },\r\n      \"ResultPath\": \"$.aft_account_provisioning_framework_create_pipeline\",\r\n      \"ResultSelector\": {\r\n        \"StatusCode.$\": \"$.SdkHttpMetadata.HttpStatusCode\",\r\n        \"BuildStatus.$\": \"$.Build.BuildStatus\",\r\n        \"BuildComplete.$\": \"$.Build.BuildComplete\"\r\n      },\r\n      \"Catch\": [\r\n        {\r\n          \"ErrorEquals\": [\"States.ALL\"],\r\n          \"Next\": \"aft_account_provisioning_framework_notify_error\"\r\n        }\r\n      ]\r\n    },\r\n    \"aft_account_provisioning_framework_notify_success\": {\r\n      \"Type\": \"Task\",\r\n      \"Resource\": \"arn:aws:states:::sns:publish\",\r\n      \"Parameters\": {\r\n        \"TopicArn\": \"arn:aws:sns:us-east-1:008298205562:aft-notifications\",\r\n        \"Message.$\": \"$\"\r\n      },\r\n      \"End\": true\r\n    },\r\n    \"aft_account_provisioning_framework_notify_error\": {\r\n      \"Type\": \"Task\",\r\n      \"Resource\": \"arn:aws:states:::sns:publish\",\r\n      \"Parameters\": {\r\n        \"TopicArn\": \"arn:aws:sns:us-east-1:008298205562:aft-failure-notifications\",\r\n        \"Message.$\": \"$.Cause\"\r\n      },\r\n      \"Next\": \"Failed\"\r\n    },\r\n    \"Failed\": {\r\n      \"Type\": \"Fail\"\r\n    }\r\n  }\r\n}\r\n",
            "id": "arn:aws:states:us-east-1:008298205562:stateMachine:aft-account-provisioning-framework",
            "logging_configuration": [
              {
                "include_execution_data": false,
                "level": "OFF",
                "log_destination": ""
              }
            ],
            "name": "aft-account-provisioning-framework",
            "role_arn": "arn:aws:iam::008298205562:role/aft-states-execution-role",
            "status": "ACTIVE",
            "tags": {},
            "tags_all": {
              "managed_by": "AFT"
            },
            "tracing_configuration": [
              {
                "enabled": false
              }
            ],
            "type": "STANDARD"
          },
          "sensitive_attributes": [],
          "private": "bnVsbA==",
          "dependencies": [
            "module.aft.data.local_file.version",
            "module.aft.module.aft_account_provisioning_framework.aws_iam_role.aft_lambda_aft_account_provisioning_framework_create_role",
            "module.aft.module.aft_account_provisioning_framework.aws_iam_role.aft_lambda_aft_account_provisioning_framework_get_account_info",
            "module.aft.module.aft_account_provisioning_framework.aws_iam_role.aft_lambda_aft_account_provisioning_framework_persist_metadata",
            "module.aft.module.aft_account_provisioning_framework.aws_iam_role.aft_lambda_aft_account_provisioning_framework_tag_account",
            "module.aft.module.aft_account_provisioning_framework.aws_iam_role.aft_lambda_aft_account_provisioning_framework_validate_request",
            "module.aft.module.aft_account_provisioning_framework.aws_iam_role.aft_states",
            "module.aft.module.aft_account_provisioning_framework.aws_lambda_function.account_metadata_ssm",
            "module.aft.module.aft_account_provisioning_framework.aws_lambda_function.create_role",
            "module.aft.module.aft_account_provisioning_framework.aws_lambda_function.get_account_info",
            "module.aft.module.aft_account_provisioning_framework.aws_lambda_function.persist_metadata",
            "module.aft.module.aft_account_provisioning_framework.aws_lambda_function.tag_account",
            "module.aft.module.aft_account_provisioning_framework.aws_lambda_function.validate_request",
            "module.aft.module.aft_account_provisioning_framework.data.aws_caller_identity.aft_management",
            "module.aft.module.aft_account_provisioning_framework.data.aws_region.aft_management",
            "module.aft.module.aft_account_request_framework.aws_kms_key.aft",
            "module.aft.module.aft_account_request_framework.aws_security_group.aft_vpc_default_sg",
            "module.aft.module.aft_account_request_framework.aws_sns_topic.aft_failure_notifications",
            "module.aft.module.aft_account_request_framework.aws_sns_topic.aft_notifications",
            "module.aft.module.aft_account_request_framework.aws_subnet.aft_vpc_private_subnet_01",
            "module.aft.module.aft_account_request_framework.aws_subnet.aft_vpc_private_subnet_02",
            "module.aft.module.aft_account_request_framework.aws_vpc.aft_vpc",
            "module.aft.module.aft_account_request_framework.data.aws_availability_zones.available",
            "module.aft.module.aft_customizations.aws_s3_bucket.aft_codepipeline_customizations_bucket",
            "module.aft.module.aft_customizations.data.aws_caller_identity.current",
            "module.aft.module.aft_lambda_layer.aws_codebuild_project.codebuild",
            "module.aft.module.aft_lambda_layer.aws_iam_role.codebuild",
            "module.aft.module.aft_lambda_layer.aws_iam_role.codebuild_invoker_lambda_role",
            "module.aft.module.aft_lambda_layer.aws_lambda_function.codebuild_invoker",
            "module.aft.module.aft_lambda_layer.aws_lambda_layer_version.layer_version",
            "module.aft.module.aft_lambda_layer.data.aws_lambda_invocation.invoke_codebuild_job",
            "module.aft.module.aft_lambda_layer.data.local_file.aft_lambda_layer",
            "module.aft.module.aft_lambda_layer.random_string.resource_suffix",
            "module.aft.module.packaging.data.archive_file.builder",
            "module.aft.module.packaging.data.archive_file.provisioning_framework"
          ]
        }
      ]
    },
    {
      "module": "module.aft.module.aft_account_request_framework",
      "mode": "data",
      "type": "aws_availability_zones",
      "name": "available",
      "provider": "module.aft.provider[\"registry.terraform.io/hashicorp/aws\"].aft_management",
      "instances": [
        {
          "schema_version": 0,
          "attributes": {
            "all_availability_zones": null,
            "exclude_names": null,
            "exclude_zone_ids": null,
            "filter": null,
            "group_names": [
              "us-east-1"
            ],
            "id": "us-east-1",
            "names": [
              "us-east-1a",
              "us-east-1b",
              "us-east-1c",
              "us-east-1d",
              "us-east-1e",
              "us-east-1f"
            ],
            "state": "available",
            "zone_ids": [
              "use1-az2",
              "use1-az4",
              "use1-az6",
              "use1-az1",
              "use1-az3",
              "use1-az5"
            ]
          },
          "sensitive_attributes": []
        }
      ]
    },
    {
      "module": "module.aft.module.aft_account_request_framework",
      "mode": "data",
      "type": "aws_caller_identity",
      "name": "aft-management",
      "provider": "module.aft.provider[\"registry.terraform.io/hashicorp/aws\"].aft_management",
      "instances": [
        {
          "schema_version": 0,
          "attributes": {
            "account_id": "008298205562",
            "arn": "arn:aws:sts::008298205562:assumed-role/AWSControlTowerExecution/AWSAFT-Session",
            "id": "008298205562",
            "user_id": "AROAQD3U4SF5HEKCCBEGI:AWSAFT-Session"
          },
          "sensitive_attributes": []
        }
      ]
    },
    {
      "module": "module.aft.module.aft_account_request_framework",
      "mode": "data",
      "type": "aws_caller_identity",
      "name": "ct-management",
      "provider": "module.aft.provider[\"registry.terraform.io/hashicorp/aws\"].ct_management",
      "instances": [
        {
          "schema_version": 0,
          "attributes": {
            "account_id": "566377303192",
            "arn": "arn:aws:iam::566377303192:user/sahil.bansal",
            "id": "566377303192",
            "user_id": "AIDAYHXVXZSMMU4HPFMTK"
          },
          "sensitive_attributes": []
        }
      ]
    },
    {
      "module": "module.aft.module.aft_account_request_framework",
      "mode": "data",
      "type": "aws_iam_policy",
      "name": "AWSLambdaBasicExecutionRole",
      "provider": "module.aft.provider[\"registry.terraform.io/hashicorp/aws\"].aft_management",
      "instances": [
        {
          "schema_version": 0,
          "attributes": {
            "arn": "arn:aws:iam::aws:policy/service-role/AWSLambdaBasicExecutionRole",
            "description": "Provides write permissions to CloudWatch Logs.",
            "id": "arn:aws:iam::aws:policy/service-role/AWSLambdaBasicExecutionRole",
            "name": "AWSLambdaBasicExecutionRole",
            "path": "/service-role/",
            "path_prefix": null,
            "policy": "{\n  \"Version\": \"2012-10-17\",\n  \"Statement\": [\n    {\n      \"Effect\": \"Allow\",\n      \"Action\": [\n        \"logs:CreateLogGroup\",\n        \"logs:CreateLogStream\",\n        \"logs:PutLogEvents\"\n      ],\n      \"Resource\": \"*\"\n    }\n  ]\n}",
            "policy_id": "ANPAJNCQGXC42545SKXIK",
            "tags": {}
          },
          "sensitive_attributes": []
        }
      ]
    },
    {
      "module": "module.aft.module.aft_account_request_framework",
      "mode": "data",
      "type": "aws_iam_policy",
      "name": "AWSLambdaVPCAccessExecutionRole",
      "provider": "module.aft.provider[\"registry.terraform.io/hashicorp/aws\"].aft_management",
      "instances": [
        {
          "schema_version": 0,
          "attributes": {
            "arn": "arn:aws:iam::aws:policy/service-role/AWSLambdaVPCAccessExecutionRole",
            "description": "Provides minimum permissions for a Lambda function to execute while accessing a resource within a VPC - create, describe, delete network interfaces and write permissions to CloudWatch Logs. ",
            "id": "arn:aws:iam::aws:policy/service-role/AWSLambdaVPCAccessExecutionRole",
            "name": "AWSLambdaVPCAccessExecutionRole",
            "path": "/service-role/",
            "path_prefix": null,
            "policy": "{\n  \"Version\": \"2012-10-17\",\n  \"Statement\": [\n    {\n      \"Effect\": \"Allow\",\n      \"Action\": [\n        \"logs:CreateLogGroup\",\n        \"logs:CreateLogStream\",\n        \"logs:PutLogEvents\",\n        \"ec2:CreateNetworkInterface\",\n        \"ec2:DescribeNetworkInterfaces\",\n        \"ec2:DeleteNetworkInterface\",\n        \"ec2:AssignPrivateIpAddresses\",\n        \"ec2:UnassignPrivateIpAddresses\"\n      ],\n      \"Resource\": \"*\"\n    }\n  ]\n}",
            "policy_id": "ANPAJVTME3YLVNL72YR2K",
            "tags": {}
          },
          "sensitive_attributes": []
        }
      ]
    },
    {
      "module": "module.aft.module.aft_account_request_framework",
      "mode": "data",
      "type": "aws_region",
      "name": "aft-management",
      "provider": "module.aft.provider[\"registry.terraform.io/hashicorp/aws\"].aft_management",
      "instances": [
        {
          "schema_version": 0,
          "attributes": {
            "description": "US East (N. Virginia)",
            "endpoint": "ec2.us-east-1.amazonaws.com",
            "id": "us-east-1",
            "name": "us-east-1"
          },
          "sensitive_attributes": []
        }
      ]
    },
    {
      "module": "module.aft.module.aft_account_request_framework",
      "mode": "data",
      "type": "aws_subnet_ids",
      "name": "codebuild",
      "provider": "module.aft.provider[\"registry.terraform.io/hashicorp/aws\"].aft_management",
      "instances": [
        {
          "schema_version": 0,
          "attributes": {
            "filter": [
              {
                "name": "availability-zone",
                "values": [
                  "us-east-1a",
                  "us-east-1b",
                  "us-east-1c",
                  "us-east-1d",
                  "us-east-1e",
                  "us-east-1f"
                ]
              },
              {
                "name": "subnet-id",
                "values": [
                  "subnet-041cf026a115900a6",
                  "subnet-066a1962f2cece8db"
                ]
              }
            ],
            "id": "vpc-0d6124dadfcb57dd8",
            "ids": [
              "subnet-041cf026a115900a6",
              "subnet-066a1962f2cece8db"
            ],
            "tags": null,
            "vpc_id": "vpc-0d6124dadfcb57dd8"
          },
          "sensitive_attributes": []
        }
      ]
    },
    {
      "module": "module.aft.module.aft_account_request_framework",
      "mode": "data",
      "type": "aws_subnet_ids",
      "name": "codecommit",
      "provider": "module.aft.provider[\"registry.terraform.io/hashicorp/aws\"].aft_management",
      "instances": [
        {
          "schema_version": 0,
          "attributes": {
            "filter": [
              {
                "name": "availability-zone",
                "values": [
                  "us-east-1a",
                  "us-east-1b",
                  "us-east-1c",
                  "us-east-1d",
                  "us-east-1e",
                  "us-east-1f"
                ]
              },
              {
                "name": "subnet-id",
                "values": [
                  "subnet-041cf026a115900a6",
                  "subnet-066a1962f2cece8db"
                ]
              }
            ],
            "id": "vpc-0d6124dadfcb57dd8",
            "ids": [
              "subnet-041cf026a115900a6",
              "subnet-066a1962f2cece8db"
            ],
            "tags": null,
            "vpc_id": "vpc-0d6124dadfcb57dd8"
          },
          "sensitive_attributes": []
        }
      ]
    },
    {
      "module": "module.aft.module.aft_account_request_framework",
      "mode": "data",
      "type": "aws_subnet_ids",
      "name": "codepipeline",
      "provider": "module.aft.provider[\"registry.terraform.io/hashicorp/aws\"].aft_management",
      "instances": [
        {
          "schema_version": 0,
          "attributes": {
            "filter": [
              {
                "name": "availability-zone",
                "values": [
                  "us-east-1a",
                  "us-east-1b",
                  "us-east-1c",
                  "us-east-1d",
                  "us-east-1e",
                  "us-east-1f"
                ]
              },
              {
                "name": "subnet-id",
                "values": [
                  "subnet-041cf026a115900a6",
                  "subnet-066a1962f2cece8db"
                ]
              }
            ],
            "id": "vpc-0d6124dadfcb57dd8",
            "ids": [
              "subnet-041cf026a115900a6",
              "subnet-066a1962f2cece8db"
            ],
            "tags": null,
            "vpc_id": "vpc-0d6124dadfcb57dd8"
          },
          "sensitive_attributes": []
        }
      ]
    },
    {
      "module": "module.aft.module.aft_account_request_framework",
      "mode": "data",
      "type": "aws_subnet_ids",
      "name": "events",
      "provider": "module.aft.provider[\"registry.terraform.io/hashicorp/aws\"].aft_management",
      "instances": [
        {
          "schema_version": 0,
          "attributes": {
            "filter": [
              {
                "name": "availability-zone",
                "values": [
                  "us-east-1a",
                  "us-east-1b",
                  "us-east-1c",
                  "us-east-1d",
                  "us-east-1e",
                  "us-east-1f"
                ]
              },
              {
                "name": "subnet-id",
                "values": [
                  "subnet-041cf026a115900a6",
                  "subnet-066a1962f2cece8db"
                ]
              }
            ],
            "id": "vpc-0d6124dadfcb57dd8",
            "ids": [
              "subnet-041cf026a115900a6",
              "subnet-066a1962f2cece8db"
            ],
            "tags": null,
            "vpc_id": "vpc-0d6124dadfcb57dd8"
          },
          "sensitive_attributes": []
        }
      ]
    },
    {
      "module": "module.aft.module.aft_account_request_framework",
      "mode": "data",
      "type": "aws_subnet_ids",
      "name": "git-codecommit",
      "provider": "module.aft.provider[\"registry.terraform.io/hashicorp/aws\"].aft_management",
      "instances": [
        {
          "schema_version": 0,
          "attributes": {
            "filter": [
              {
                "name": "availability-zone",
                "values": [
                  "us-east-1a",
                  "us-east-1b",
                  "us-east-1c",
                  "us-east-1d",
                  "us-east-1e",
                  "us-east-1f"
                ]
              },
              {
                "name": "subnet-id",
                "values": [
                  "subnet-041cf026a115900a6",
                  "subnet-066a1962f2cece8db"
                ]
              }
            ],
            "id": "vpc-0d6124dadfcb57dd8",
            "ids": [
              "subnet-041cf026a115900a6",
              "subnet-066a1962f2cece8db"
            ],
            "tags": null,
            "vpc_id": "vpc-0d6124dadfcb57dd8"
          },
          "sensitive_attributes": []
        }
      ]
    },
    {
      "module": "module.aft.module.aft_account_request_framework",
      "mode": "data",
      "type": "aws_subnet_ids",
      "name": "kms",
      "provider": "module.aft.provider[\"registry.terraform.io/hashicorp/aws\"].aft_management",
      "instances": [
        {
          "schema_version": 0,
          "attributes": {
            "filter": [
              {
                "name": "availability-zone",
                "values": [
                  "us-east-1a",
                  "us-east-1b",
                  "us-east-1c",
                  "us-east-1d",
                  "us-east-1e",
                  "us-east-1f"
                ]
              },
              {
                "name": "subnet-id",
                "values": [
                  "subnet-041cf026a115900a6",
                  "subnet-066a1962f2cece8db"
                ]
              }
            ],
            "id": "vpc-0d6124dadfcb57dd8",
            "ids": [
              "subnet-041cf026a115900a6",
              "subnet-066a1962f2cece8db"
            ],
            "tags": null,
            "vpc_id": "vpc-0d6124dadfcb57dd8"
          },
          "sensitive_attributes": []
        }
      ]
    },
    {
      "module": "module.aft.module.aft_account_request_framework",
      "mode": "data",
      "type": "aws_subnet_ids",
      "name": "lambda",
      "provider": "module.aft.provider[\"registry.terraform.io/hashicorp/aws\"].aft_management",
      "instances": [
        {
          "schema_version": 0,
          "attributes": {
            "filter": [
              {
                "name": "availability-zone",
                "values": [
                  "us-east-1a",
                  "us-east-1b",
                  "us-east-1c",
                  "us-east-1d",
                  "us-east-1e",
                  "us-east-1f"
                ]
              },
              {
                "name": "subnet-id",
                "values": [
                  "subnet-041cf026a115900a6",
                  "subnet-066a1962f2cece8db"
                ]
              }
            ],
            "id": "vpc-0d6124dadfcb57dd8",
            "ids": [
              "subnet-041cf026a115900a6",
              "subnet-066a1962f2cece8db"
            ],
            "tags": null,
            "vpc_id": "vpc-0d6124dadfcb57dd8"
          },
          "sensitive_attributes": []
        }
      ]
    },
    {
      "module": "module.aft.module.aft_account_request_framework",
      "mode": "data",
      "type": "aws_subnet_ids",
      "name": "logs",
      "provider": "module.aft.provider[\"registry.terraform.io/hashicorp/aws\"].aft_management",
      "instances": [
        {
          "schema_version": 0,
          "attributes": {
            "filter": [
              {
                "name": "availability-zone",
                "values": [
                  "us-east-1a",
                  "us-east-1b",
                  "us-east-1c",
                  "us-east-1d",
                  "us-east-1e",
                  "us-east-1f"
                ]
              },
              {
                "name": "subnet-id",
                "values": [
                  "subnet-041cf026a115900a6",
                  "subnet-066a1962f2cece8db"
                ]
              }
            ],
            "id": "vpc-0d6124dadfcb57dd8",
            "ids": [
              "subnet-041cf026a115900a6",
              "subnet-066a1962f2cece8db"
            ],
            "tags": null,
            "vpc_id": "vpc-0d6124dadfcb57dd8"
          },
          "sensitive_attributes": []
        }
      ]
    },
    {
      "module": "module.aft.module.aft_account_request_framework",
      "mode": "data",
      "type": "aws_subnet_ids",
      "name": "servicecatalog",
      "provider": "module.aft.provider[\"registry.terraform.io/hashicorp/aws\"].aft_management",
      "instances": [
        {
          "schema_version": 0,
          "attributes": {
            "filter": [
              {
                "name": "availability-zone",
                "values": [
                  "us-east-1a",
                  "us-east-1b",
                  "us-east-1c",
                  "us-east-1d",
                  "us-east-1e",
                  "us-east-1f"
                ]
              },
              {
                "name": "subnet-id",
                "values": [
                  "subnet-041cf026a115900a6",
                  "subnet-066a1962f2cece8db"
                ]
              }
            ],
            "id": "vpc-0d6124dadfcb57dd8",
            "ids": [
              "subnet-041cf026a115900a6",
              "subnet-066a1962f2cece8db"
            ],
            "tags": null,
            "vpc_id": "vpc-0d6124dadfcb57dd8"
          },
          "sensitive_attributes": []
        }
      ]
    },
    {
      "module": "module.aft.module.aft_account_request_framework",
      "mode": "data",
      "type": "aws_subnet_ids",
      "name": "sns",
      "provider": "module.aft.provider[\"registry.terraform.io/hashicorp/aws\"].aft_management",
      "instances": [
        {
          "schema_version": 0,
          "attributes": {
            "filter": [
              {
                "name": "availability-zone",
                "values": [
                  "us-east-1a",
                  "us-east-1b",
                  "us-east-1c",
                  "us-east-1d",
                  "us-east-1e",
                  "us-east-1f"
                ]
              },
              {
                "name": "subnet-id",
                "values": [
                  "subnet-041cf026a115900a6",
                  "subnet-066a1962f2cece8db"
                ]
              }
            ],
            "id": "vpc-0d6124dadfcb57dd8",
            "ids": [
              "subnet-041cf026a115900a6",
              "subnet-066a1962f2cece8db"
            ],
            "tags": null,
            "vpc_id": "vpc-0d6124dadfcb57dd8"
          },
          "sensitive_attributes": []
        }
      ]
    },
    {
      "module": "module.aft.module.aft_account_request_framework",
      "mode": "data",
      "type": "aws_subnet_ids",
      "name": "sqs",
      "provider": "module.aft.provider[\"registry.terraform.io/hashicorp/aws\"].aft_management",
      "instances": [
        {
          "schema_version": 0,
          "attributes": {
            "filter": [
              {
                "name": "availability-zone",
                "values": [
                  "us-east-1a",
                  "us-east-1b",
                  "us-east-1c",
                  "us-east-1d",
                  "us-east-1e",
                  "us-east-1f"
                ]
              },
              {
                "name": "subnet-id",
                "values": [
                  "subnet-041cf026a115900a6",
                  "subnet-066a1962f2cece8db"
                ]
              }
            ],
            "id": "vpc-0d6124dadfcb57dd8",
            "ids": [
              "subnet-041cf026a115900a6",
              "subnet-066a1962f2cece8db"
            ],
            "tags": null,
            "vpc_id": "vpc-0d6124dadfcb57dd8"
          },
          "sensitive_attributes": []
        }
      ]
    },
    {
      "module": "module.aft.module.aft_account_request_framework",
      "mode": "data",
      "type": "aws_subnet_ids",
      "name": "ssm",
      "provider": "module.aft.provider[\"registry.terraform.io/hashicorp/aws\"].aft_management",
      "instances": [
        {
          "schema_version": 0,
          "attributes": {
            "filter": [
              {
                "name": "availability-zone",
                "values": [
                  "us-east-1a",
                  "us-east-1b",
                  "us-east-1c",
                  "us-east-1d",
                  "us-east-1e",
                  "us-east-1f"
                ]
              },
              {
                "name": "subnet-id",
                "values": [
                  "subnet-041cf026a115900a6",
                  "subnet-066a1962f2cece8db"
                ]
              }
            ],
            "id": "vpc-0d6124dadfcb57dd8",
            "ids": [
              "subnet-041cf026a115900a6",
              "subnet-066a1962f2cece8db"
            ],
            "tags": null,
            "vpc_id": "vpc-0d6124dadfcb57dd8"
          },
          "sensitive_attributes": []
        }
      ]
    },
    {
      "module": "module.aft.module.aft_account_request_framework",
      "mode": "data",
      "type": "aws_subnet_ids",
      "name": "states",
      "provider": "module.aft.provider[\"registry.terraform.io/hashicorp/aws\"].aft_management",
      "instances": [
        {
          "schema_version": 0,
          "attributes": {
            "filter": [
              {
                "name": "availability-zone",
                "values": [
                  "us-east-1a",
                  "us-east-1b",
                  "us-east-1c",
                  "us-east-1d",
                  "us-east-1e",
                  "us-east-1f"
                ]
              },
              {
                "name": "subnet-id",
                "values": [
                  "subnet-041cf026a115900a6",
                  "subnet-066a1962f2cece8db"
                ]
              }
            ],
            "id": "vpc-0d6124dadfcb57dd8",
            "ids": [
              "subnet-041cf026a115900a6",
              "subnet-066a1962f2cece8db"
            ],
            "tags": null,
            "vpc_id": "vpc-0d6124dadfcb57dd8"
          },
          "sensitive_attributes": []
        }
      ]
    },
    {
      "module": "module.aft.module.aft_account_request_framework",
      "mode": "data",
      "type": "aws_subnet_ids",
      "name": "sts",
      "provider": "module.aft.provider[\"registry.terraform.io/hashicorp/aws\"].aft_management",
      "instances": [
        {
          "schema_version": 0,
          "attributes": {
            "filter": [
              {
                "name": "availability-zone",
                "values": [
                  "us-east-1a",
                  "us-east-1b",
                  "us-east-1c",
                  "us-east-1d",
                  "us-east-1e",
                  "us-east-1f"
                ]
              },
              {
                "name": "subnet-id",
                "values": [
                  "subnet-041cf026a115900a6",
                  "subnet-066a1962f2cece8db"
                ]
              }
            ],
            "id": "vpc-0d6124dadfcb57dd8",
            "ids": [
              "subnet-041cf026a115900a6",
              "subnet-066a1962f2cece8db"
            ],
            "tags": null,
            "vpc_id": "vpc-0d6124dadfcb57dd8"
          },
          "sensitive_attributes": []
        }
      ]
    },
    {
      "module": "module.aft.module.aft_account_request_framework",
      "mode": "data",
      "type": "aws_vpc_endpoint_service",
      "name": "codebuild",
      "provider": "module.aft.provider[\"registry.terraform.io/hashicorp/aws\"].aft_management",
      "instances": [
        {
          "schema_version": 0,
          "attributes": {
            "acceptance_required": false,
            "arn": "arn:aws:ec2:us-east-1:008298205562:vpc-endpoint-service/vpce-svc-0c010ea6f4a2da52d",
            "availability_zones": [
              "us-east-1a",
              "us-east-1b",
              "us-east-1c",
              "us-east-1d",
              "us-east-1e",
              "us-east-1f"
            ],
            "base_endpoint_dns_names": [
              "codebuild.us-east-1.vpce.amazonaws.com"
            ],
            "filter": null,
            "id": "3342732707",
            "manages_vpc_endpoints": false,
            "owner": "amazon",
            "private_dns_name": "codebuild.us-east-1.amazonaws.com",
            "service": "codebuild",
            "service_id": "vpce-svc-0c010ea6f4a2da52d",
            "service_name": "com.amazonaws.us-east-1.codebuild",
            "service_type": "Interface",
            "tags": {},
            "vpc_endpoint_policy_supported": true
          },
          "sensitive_attributes": []
        }
      ]
    },
    {
      "module": "module.aft.module.aft_account_request_framework",
      "mode": "data",
      "type": "aws_vpc_endpoint_service",
      "name": "codecommit",
      "provider": "module.aft.provider[\"registry.terraform.io/hashicorp/aws\"].aft_management",
      "instances": [
        {
          "schema_version": 0,
          "attributes": {
            "acceptance_required": false,
            "arn": "arn:aws:ec2:us-east-1:008298205562:vpc-endpoint-service/vpce-svc-0a9c5028aa0a54ade",
            "availability_zones": [
              "us-east-1a",
              "us-east-1b",
              "us-east-1c",
              "us-east-1d",
              "us-east-1e",
              "us-east-1f"
            ],
            "base_endpoint_dns_names": [
              "codecommit.us-east-1.vpce.amazonaws.com"
            ],
            "filter": null,
            "id": "275794268",
            "manages_vpc_endpoints": false,
            "owner": "amazon",
            "private_dns_name": "codecommit.us-east-1.amazonaws.com",
            "service": "codecommit",
            "service_id": "vpce-svc-0a9c5028aa0a54ade",
            "service_name": "com.amazonaws.us-east-1.codecommit",
            "service_type": "Interface",
            "tags": {},
            "vpc_endpoint_policy_supported": true
          },
          "sensitive_attributes": []
        }
      ]
    },
    {
      "module": "module.aft.module.aft_account_request_framework",
      "mode": "data",
      "type": "aws_vpc_endpoint_service",
      "name": "codepipeline",
      "provider": "module.aft.provider[\"registry.terraform.io/hashicorp/aws\"].aft_management",
      "instances": [
        {
          "schema_version": 0,
          "attributes": {
            "acceptance_required": false,
            "arn": "arn:aws:ec2:us-east-1:008298205562:vpc-endpoint-service/vpce-svc-04aa8dd5ca62d3cec",
            "availability_zones": [
              "us-east-1a",
              "us-east-1b",
              "us-east-1c",
              "us-east-1d",
              "us-east-1e",
              "us-east-1f"
            ],
            "base_endpoint_dns_names": [
              "codepipeline.us-east-1.vpce.amazonaws.com"
            ],
            "filter": null,
            "id": "2743968634",
            "manages_vpc_endpoints": false,
            "owner": "amazon",
            "private_dns_name": "codepipeline.us-east-1.amazonaws.com",
            "service": "codepipeline",
            "service_id": "vpce-svc-04aa8dd5ca62d3cec",
            "service_name": "com.amazonaws.us-east-1.codepipeline",
            "service_type": "Interface",
            "tags": {},
            "vpc_endpoint_policy_supported": false
          },
          "sensitive_attributes": []
        }
      ]
    },
    {
      "module": "module.aft.module.aft_account_request_framework",
      "mode": "data",
      "type": "aws_vpc_endpoint_service",
      "name": "events",
      "provider": "module.aft.provider[\"registry.terraform.io/hashicorp/aws\"].aft_management",
      "instances": [
        {
          "schema_version": 0,
          "attributes": {
            "acceptance_required": false,
            "arn": "arn:aws:ec2:us-east-1:008298205562:vpc-endpoint-service/vpce-svc-0091001f6a6fb58d2",
            "availability_zones": [
              "us-east-1a",
              "us-east-1b",
              "us-east-1c",
              "us-east-1d",
              "us-east-1e",
              "us-east-1f"
            ],
            "base_endpoint_dns_names": [
              "events.us-east-1.vpce.amazonaws.com"
            ],
            "filter": null,
            "id": "412716965",
            "manages_vpc_endpoints": false,
            "owner": "amazon",
            "private_dns_name": "events.us-east-1.amazonaws.com",
            "service": "events",
            "service_id": "vpce-svc-0091001f6a6fb58d2",
            "service_name": "com.amazonaws.us-east-1.events",
            "service_type": "Interface",
            "tags": {},
            "vpc_endpoint_policy_supported": true
          },
          "sensitive_attributes": []
        }
      ]
    },
    {
      "module": "module.aft.module.aft_account_request_framework",
      "mode": "data",
      "type": "aws_vpc_endpoint_service",
      "name": "git-codecommit",
      "provider": "module.aft.provider[\"registry.terraform.io/hashicorp/aws\"].aft_management",
      "instances": [
        {
          "schema_version": 0,
          "attributes": {
            "acceptance_required": false,
            "arn": "arn:aws:ec2:us-east-1:008298205562:vpc-endpoint-service/vpce-svc-09bd365a6e7143038",
            "availability_zones": [
              "us-east-1a",
              "us-east-1b",
              "us-east-1c",
              "us-east-1d",
              "us-east-1e",
              "us-east-1f"
            ],
            "base_endpoint_dns_names": [
              "git-codecommit.us-east-1.vpce.amazonaws.com"
            ],
            "filter": null,
            "id": "3298375572",
            "manages_vpc_endpoints": false,
            "owner": "amazon",
            "private_dns_name": "git-codecommit.us-east-1.amazonaws.com",
            "service": "git-codecommit",
            "service_id": "vpce-svc-09bd365a6e7143038",
            "service_name": "com.amazonaws.us-east-1.git-codecommit",
            "service_type": "Interface",
            "tags": {},
            "vpc_endpoint_policy_supported": true
          },
          "sensitive_attributes": []
        }
      ]
    },
    {
      "module": "module.aft.module.aft_account_request_framework",
      "mode": "data",
      "type": "aws_vpc_endpoint_service",
      "name": "kms",
      "provider": "module.aft.provider[\"registry.terraform.io/hashicorp/aws\"].aft_management",
      "instances": [
        {
          "schema_version": 0,
          "attributes": {
            "acceptance_required": false,
            "arn": "arn:aws:ec2:us-east-1:008298205562:vpc-endpoint-service/vpce-svc-06e89c5fa1e953a07",
            "availability_zones": [
              "us-east-1a",
              "us-east-1b",
              "us-east-1c",
              "us-east-1d",
              "us-east-1e",
              "us-east-1f"
            ],
            "base_endpoint_dns_names": [
              "kms.us-east-1.vpce.amazonaws.com"
            ],
            "filter": null,
            "id": "140981279",
            "manages_vpc_endpoints": false,
            "owner": "amazon",
            "private_dns_name": "kms.us-east-1.amazonaws.com",
            "service": "kms",
            "service_id": "vpce-svc-06e89c5fa1e953a07",
            "service_name": "com.amazonaws.us-east-1.kms",
            "service_type": "Interface",
            "tags": {},
            "vpc_endpoint_policy_supported": true
          },
          "sensitive_attributes": []
        }
      ]
    },
    {
      "module": "module.aft.module.aft_account_request_framework",
      "mode": "data",
      "type": "aws_vpc_endpoint_service",
      "name": "lambda",
      "provider": "module.aft.provider[\"registry.terraform.io/hashicorp/aws\"].aft_management",
      "instances": [
        {
          "schema_version": 0,
          "attributes": {
            "acceptance_required": false,
            "arn": "arn:aws:ec2:us-east-1:008298205562:vpc-endpoint-service/vpce-svc-007affa8f59bca6a2",
            "availability_zones": [
              "us-east-1a",
              "us-east-1b",
              "us-east-1c",
              "us-east-1d",
              "us-east-1e",
              "us-east-1f"
            ],
            "base_endpoint_dns_names": [
              "lambda.us-east-1.vpce.amazonaws.com"
            ],
            "filter": null,
            "id": "2558732141",
            "manages_vpc_endpoints": false,
            "owner": "amazon",
            "private_dns_name": "lambda.us-east-1.amazonaws.com",
            "service": "lambda",
            "service_id": "vpce-svc-007affa8f59bca6a2",
            "service_name": "com.amazonaws.us-east-1.lambda",
            "service_type": "Interface",
            "tags": {},
            "vpc_endpoint_policy_supported": true
          },
          "sensitive_attributes": []
        }
      ]
    },
    {
      "module": "module.aft.module.aft_account_request_framework",
      "mode": "data",
      "type": "aws_vpc_endpoint_service",
      "name": "logs",
      "provider": "module.aft.provider[\"registry.terraform.io/hashicorp/aws\"].aft_management",
      "instances": [
        {
          "schema_version": 0,
          "attributes": {
            "acceptance_required": false,
            "arn": "arn:aws:ec2:us-east-1:008298205562:vpc-endpoint-service/vpce-svc-01b9c19d13faf4f62",
            "availability_zones": [
              "us-east-1a",
              "us-east-1b",
              "us-east-1c",
              "us-east-1d",
              "us-east-1e",
              "us-east-1f"
            ],
            "base_endpoint_dns_names": [
              "logs.us-east-1.vpce.amazonaws.com"
            ],
            "filter": null,
            "id": "653499976",
            "manages_vpc_endpoints": false,
            "owner": "amazon",
            "private_dns_name": "logs.us-east-1.amazonaws.com",
            "service": "logs",
            "service_id": "vpce-svc-01b9c19d13faf4f62",
            "service_name": "com.amazonaws.us-east-1.logs",
            "service_type": "Interface",
            "tags": {},
            "vpc_endpoint_policy_supported": true
          },
          "sensitive_attributes": []
        }
      ]
    },
    {
      "module": "module.aft.module.aft_account_request_framework",
      "mode": "data",
      "type": "aws_vpc_endpoint_service",
      "name": "servicecatalog",
      "provider": "module.aft.provider[\"registry.terraform.io/hashicorp/aws\"].aft_management",
      "instances": [
        {
          "schema_version": 0,
          "attributes": {
            "acceptance_required": false,
            "arn": "arn:aws:ec2:us-east-1:008298205562:vpc-endpoint-service/vpce-svc-03eb0a5a402ac19a7",
            "availability_zones": [
              "us-east-1a",
              "us-east-1b",
              "us-east-1c",
              "us-east-1d",
              "us-east-1e",
              "us-east-1f"
            ],
            "base_endpoint_dns_names": [
              "servicecatalog.us-east-1.vpce.amazonaws.com"
            ],
            "filter": null,
            "id": "150708398",
            "manages_vpc_endpoints": false,
            "owner": "amazon",
            "private_dns_name": "servicecatalog.us-east-1.amazonaws.com",
            "service": "servicecatalog",
            "service_id": "vpce-svc-03eb0a5a402ac19a7",
            "service_name": "com.amazonaws.us-east-1.servicecatalog",
            "service_type": "Interface",
            "tags": {},
            "vpc_endpoint_policy_supported": true
          },
          "sensitive_attributes": []
        }
      ]
    },
    {
      "module": "module.aft.module.aft_account_request_framework",
      "mode": "data",
      "type": "aws_vpc_endpoint_service",
      "name": "sns",
      "provider": "module.aft.provider[\"registry.terraform.io/hashicorp/aws\"].aft_management",
      "instances": [
        {
          "schema_version": 0,
          "attributes": {
            "acceptance_required": false,
            "arn": "arn:aws:ec2:us-east-1:008298205562:vpc-endpoint-service/vpce-svc-028a2c04717c9c5b1",
            "availability_zones": [
              "us-east-1a",
              "us-east-1b",
              "us-east-1c",
              "us-east-1d",
              "us-east-1e",
              "us-east-1f"
            ],
            "base_endpoint_dns_names": [
              "sns.us-east-1.vpce.amazonaws.com"
            ],
            "filter": null,
            "id": "830444820",
            "manages_vpc_endpoints": false,
            "owner": "amazon",
            "private_dns_name": "sns.us-east-1.amazonaws.com",
            "service": "sns",
            "service_id": "vpce-svc-028a2c04717c9c5b1",
            "service_name": "com.amazonaws.us-east-1.sns",
            "service_type": "Interface",
            "tags": {},
            "vpc_endpoint_policy_supported": true
          },
          "sensitive_attributes": []
        }
      ]
    },
    {
      "module": "module.aft.module.aft_account_request_framework",
      "mode": "data",
      "type": "aws_vpc_endpoint_service",
      "name": "sqs",
      "provider": "module.aft.provider[\"registry.terraform.io/hashicorp/aws\"].aft_management",
      "instances": [
        {
          "schema_version": 0,
          "attributes": {
            "acceptance_required": false,
            "arn": "arn:aws:ec2:us-east-1:008298205562:vpc-endpoint-service/vpce-svc-021f0798aee080d82",
            "availability_zones": [
              "us-east-1a",
              "us-east-1b",
              "us-east-1c",
              "us-east-1d",
              "us-east-1e",
              "us-east-1f"
            ],
            "base_endpoint_dns_names": [
              "sqs.us-east-1.vpce.amazonaws.com"
            ],
            "filter": null,
            "id": "4230323082",
            "manages_vpc_endpoints": false,
            "owner": "amazon",
            "private_dns_name": "sqs.us-east-1.amazonaws.com",
            "service": "sqs",
            "service_id": "vpce-svc-021f0798aee080d82",
            "service_name": "com.amazonaws.us-east-1.sqs",
            "service_type": "Interface",
            "tags": {},
            "vpc_endpoint_policy_supported": true
          },
          "sensitive_attributes": []
        }
      ]
    },
    {
      "module": "module.aft.module.aft_account_request_framework",
      "mode": "data",
      "type": "aws_vpc_endpoint_service",
      "name": "ssm",
      "provider": "module.aft.provider[\"registry.terraform.io/hashicorp/aws\"].aft_management",
      "instances": [
        {
          "schema_version": 0,
          "attributes": {
            "acceptance_required": false,
            "arn": "arn:aws:ec2:us-east-1:008298205562:vpc-endpoint-service/vpce-svc-0830e78121d7f5a46",
            "availability_zones": [
              "us-east-1a",
              "us-east-1b",
              "us-east-1c",
              "us-east-1d",
              "us-east-1e",
              "us-east-1f"
            ],
            "base_endpoint_dns_names": [
              "ssm.us-east-1.vpce.amazonaws.com"
            ],
            "filter": null,
            "id": "874300523",
            "manages_vpc_endpoints": false,
            "owner": "amazon",
            "private_dns_name": "ssm.us-east-1.amazonaws.com",
            "service": "ssm",
            "service_id": "vpce-svc-0830e78121d7f5a46",
            "service_name": "com.amazonaws.us-east-1.ssm",
            "service_type": "Interface",
            "tags": {},
            "vpc_endpoint_policy_supported": true
          },
          "sensitive_attributes": []
        }
      ]
    },
    {
      "module": "module.aft.module.aft_account_request_framework",
      "mode": "data",
      "type": "aws_vpc_endpoint_service",
      "name": "states",
      "provider": "module.aft.provider[\"registry.terraform.io/hashicorp/aws\"].aft_management",
      "instances": [
        {
          "schema_version": 0,
          "attributes": {
            "acceptance_required": false,
            "arn": "arn:aws:ec2:us-east-1:008298205562:vpc-endpoint-service/vpce-svc-0a9e455f2fc8c61a6",
            "availability_zones": [
              "us-east-1a",
              "us-east-1b",
              "us-east-1c",
              "us-east-1d",
              "us-east-1e",
              "us-east-1f"
            ],
            "base_endpoint_dns_names": [
              "states.us-east-1.vpce.amazonaws.com"
            ],
            "filter": null,
            "id": "2061283234",
            "manages_vpc_endpoints": false,
            "owner": "amazon",
            "private_dns_name": "states.us-east-1.amazonaws.com",
            "service": "states",
            "service_id": "vpce-svc-0a9e455f2fc8c61a6",
            "service_name": "com.amazonaws.us-east-1.states",
            "service_type": "Interface",
            "tags": {},
            "vpc_endpoint_policy_supported": true
          },
          "sensitive_attributes": []
        }
      ]
    },
    {
      "module": "module.aft.module.aft_account_request_framework",
      "mode": "data",
      "type": "aws_vpc_endpoint_service",
      "name": "sts",
      "provider": "module.aft.provider[\"registry.terraform.io/hashicorp/aws\"].aft_management",
      "instances": [
        {
          "schema_version": 0,
          "attributes": {
            "acceptance_required": false,
            "arn": "arn:aws:ec2:us-east-1:008298205562:vpc-endpoint-service/vpce-svc-0fea2b65f0eeb838b",
            "availability_zones": [
              "us-east-1a",
              "us-east-1b",
              "us-east-1c",
              "us-east-1d",
              "us-east-1e",
              "us-east-1f"
            ],
            "base_endpoint_dns_names": [
              "sts.us-east-1.vpce.amazonaws.com"
            ],
            "filter": null,
            "id": "2169663439",
            "manages_vpc_endpoints": false,
            "owner": "amazon",
            "private_dns_name": "sts.us-east-1.amazonaws.com",
            "service": "sts",
            "service_id": "vpce-svc-0fea2b65f0eeb838b",
            "service_name": "com.amazonaws.us-east-1.sts",
            "service_type": "Interface",
            "tags": {},
            "vpc_endpoint_policy_supported": true
          },
          "sensitive_attributes": []
        }
      ]
    },
    {
      "module": "module.aft.module.aft_account_request_framework",
      "mode": "managed",
      "type": "aws_backup_plan",
      "name": "aft_controltower_backup_plan",
      "provider": "module.aft.provider[\"registry.terraform.io/hashicorp/aws\"].aft_management",
      "instances": [
        {
          "schema_version": 0,
          "attributes": {
            "advanced_backup_setting": [],
            "arn": "arn:aws:backup:us-east-1:008298205562:backup-plan:1207e0f4-5970-423e-bb4e-6b0a6e6bc60b",
            "id": "1207e0f4-5970-423e-bb4e-6b0a6e6bc60b",
            "name": "aft-controltower-backup-plan",
            "rule": [
              {
                "completion_window": 180,
                "copy_action": [],
                "enable_continuous_backup": false,
                "lifecycle": [],
                "recovery_point_tags": {},
                "rule_name": "aft_controltower_backup_rule",
                "schedule": "cron(0 * * * ? *)",
                "start_window": 60,
                "target_vault_name": "aft-controltower-backup-vault"
              }
            ],
            "tags": {},
            "tags_all": {
              "managed_by": "AFT"
            },
            "version": "OWZlN2M5MjktMmFhOC00NmI4LWIzMzAtMzRiNjI3N2Y0MzEz"
          },
          "sensitive_attributes": [],
          "private": "bnVsbA==",
          "dependencies": [
            "module.aft.module.aft_account_request_framework.aws_backup_vault.aft_controltower_backup_vault",
            "module.aft.module.aft_account_request_framework.aws_kms_key.aft"
          ]
        }
      ]
    },
    {
      "module": "module.aft.module.aft_account_request_framework",
      "mode": "managed",
      "type": "aws_backup_selection",
      "name": "aft_controltower_backup_selection",
      "provider": "module.aft.provider[\"registry.terraform.io/hashicorp/aws\"].aft_management",
      "instances": [
        {
          "schema_version": 0,
          "attributes": {
            "condition": [
              {
                "string_equals": [],
                "string_like": [],
                "string_not_equals": [],
                "string_not_like": []
              }
            ],
            "iam_role_arn": "arn:aws:iam::008298205562:role/aft-aws-backup",
            "id": "d808cf1d-3315-4382-853a-6c0fdc3120ca",
            "name": "aft-controltower-backup-selection",
            "not_resources": [],
            "plan_id": "1207e0f4-5970-423e-bb4e-6b0a6e6bc60b",
            "resources": [
              "arn:aws:dynamodb:us-east-1:008298205562:table/aft-controltower-events",
              "arn:aws:dynamodb:us-east-1:008298205562:table/aft-request",
              "arn:aws:dynamodb:us-east-1:008298205562:table/aft-request-audit",
              "arn:aws:dynamodb:us-east-1:008298205562:table/aft-request-metadata"
            ],
            "selection_tag": []
          },
          "sensitive_attributes": [],
          "private": "bnVsbA==",
          "dependencies": [
            "module.aft.module.aft_account_request_framework.aws_backup_plan.aft_controltower_backup_plan",
            "module.aft.module.aft_account_request_framework.aws_backup_vault.aft_controltower_backup_vault",
            "module.aft.module.aft_account_request_framework.aws_dynamodb_table.aft_controltower_events",
            "module.aft.module.aft_account_request_framework.aws_dynamodb_table.aft_request",
            "module.aft.module.aft_account_request_framework.aws_dynamodb_table.aft_request_audit",
            "module.aft.module.aft_account_request_framework.aws_dynamodb_table.aft_request_metadata",
            "module.aft.module.aft_account_request_framework.aws_iam_role.aft_aws_backup",
            "module.aft.module.aft_account_request_framework.aws_kms_key.aft"
          ]
        }
      ]
    },
    {
      "module": "module.aft.module.aft_account_request_framework",
      "mode": "managed",
      "type": "aws_backup_vault",
      "name": "aft_controltower_backup_vault",
      "provider": "module.aft.provider[\"registry.terraform.io/hashicorp/aws\"].aft_management",
      "instances": [
        {
          "schema_version": 0,
          "attributes": {
            "arn": "arn:aws:backup:us-east-1:008298205562:backup-vault:aft-controltower-backup-vault",
            "id": "aft-controltower-backup-vault",
            "kms_key_arn": "arn:aws:kms:us-east-1:008298205562:key/aeafe814-f92c-4a5f-8f47-6cc9d9f2c498",
            "name": "aft-controltower-backup-vault",
            "recovery_points": 1120,
            "tags": {},
            "tags_all": {
              "managed_by": "AFT"
            }
          },
          "sensitive_attributes": [],
          "private": "bnVsbA==",
          "dependencies": [
            "module.aft.module.aft_account_request_framework.aws_kms_key.aft"
          ]
        }
      ]
    },
    {
      "module": "module.aft.module.aft_account_request_framework",
      "mode": "managed",
      "type": "aws_cloudwatch_event_bus",
      "name": "aft_from_ct_management",
      "provider": "module.aft.provider[\"registry.terraform.io/hashicorp/aws\"].aft_management",
      "instances": [
        {
          "schema_version": 0,
          "attributes": {
            "arn": "arn:aws:events:us-east-1:008298205562:event-bus/aft-events-from-ct-management",
            "event_source_name": null,
            "id": "aft-events-from-ct-management",
            "name": "aft-events-from-ct-management",
            "tags": {},
            "tags_all": {
              "managed_by": "AFT"
            }
          },
          "sensitive_attributes": [],
          "private": "bnVsbA=="
        }
      ]
    },
    {
      "module": "module.aft.module.aft_account_request_framework",
      "mode": "managed",
      "type": "aws_cloudwatch_event_permission",
      "name": "control_tower_management_account",
      "provider": "module.aft.provider[\"registry.terraform.io/hashicorp/aws\"].aft_management",
      "instances": [
        {
          "schema_version": 0,
          "attributes": {
            "action": "events:PutEvents",
            "condition": [],
            "event_bus_name": "aft-events-from-ct-management",
            "id": "aft-events-from-ct-management/control_tower_management_account",
            "principal": "566377303192",
            "statement_id": "control_tower_management_account"
          },
          "sensitive_attributes": [],
          "private": "bnVsbA==",
          "dependencies": [
            "module.aft.module.aft_account_request_framework.aws_cloudwatch_event_bus.aft_from_ct_management",
            "module.aft.module.aft_account_request_framework.data.aws_caller_identity.ct-management"
          ]
        }
      ]
    },
    {
      "module": "module.aft.module.aft_account_request_framework",
      "mode": "managed",
      "type": "aws_cloudwatch_event_rule",
      "name": "aft_account_request_processor",
      "provider": "module.aft.provider[\"registry.terraform.io/hashicorp/aws\"].aft_management",
      "instances": [
        {
          "schema_version": 0,
          "attributes": {
            "arn": "arn:aws:events:us-east-1:008298205562:rule/aft-lambda-account-request-processor",
            "description": "Trigger Lambda",
            "event_bus_name": "default",
            "event_pattern": null,
            "id": "aft-lambda-account-request-processor",
            "is_enabled": true,
            "name": "aft-lambda-account-request-processor",
            "name_prefix": "",
            "role_arn": "",
            "schedule_expression": "rate(5 minutes)",
            "tags": {},
            "tags_all": {
              "managed_by": "AFT"
            }
          },
          "sensitive_attributes": [],
          "private": "bnVsbA=="
        }
      ]
    },
    {
      "module": "module.aft.module.aft_account_request_framework",
      "mode": "managed",
      "type": "aws_cloudwatch_event_rule",
      "name": "aft_control_tower_events",
      "provider": "module.aft.provider[\"registry.terraform.io/hashicorp/aws\"].ct_management",
      "instances": [
        {
          "schema_version": 0,
          "attributes": {
            "arn": "arn:aws:events:us-east-1:566377303192:rule/aft-capture-ct-events",
            "description": "Capture ControlTower events",
            "event_bus_name": "default",
            "event_pattern": "{\"detail\":{\"eventName\":[\"SetupLandingZone\",\"UpdateLandingZone\",\"RegisterOrganizationalUnit\",\"DeregisterOrganizationalUnit\",\"EnableGuardrail\",\"DisableGuardrail\",\"CreateManagedAccount\",\"UpdateManagedAccount\"]},\"detail-type\":[\"AWS Service Event via CloudTrail\"],\"source\":[\"aws.controltower\"]}",
            "id": "aft-capture-ct-events",
            "is_enabled": true,
            "name": "aft-capture-ct-events",
            "name_prefix": "",
            "role_arn": "",
            "schedule_expression": "",
            "tags": {},
            "tags_all": {
              "managed_by": "AFT"
            }
          },
          "sensitive_attributes": [],
          "private": "bnVsbA=="
        }
      ]
    },
    {
      "module": "module.aft.module.aft_account_request_framework",
      "mode": "managed",
      "type": "aws_cloudwatch_event_rule",
      "name": "aft_controltower_event_trigger",
      "provider": "module.aft.provider[\"registry.terraform.io/hashicorp/aws\"].aft_management",
      "instances": [
        {
          "schema_version": 0,
          "attributes": {
            "arn": "arn:aws:events:us-east-1:008298205562:rule/aft-events-from-ct-management/aft-controltower-event-logger",
            "description": "Send CT Events to Lambda",
            "event_bus_name": "aft-events-from-ct-management",
            "event_pattern": "{\"account\":[\"566377303192\"]}",
            "id": "aft-events-from-ct-management/aft-controltower-event-logger",
            "is_enabled": true,
            "name": "aft-controltower-event-logger",
            "name_prefix": "",
            "role_arn": "",
            "schedule_expression": "",
            "tags": {},
            "tags_all": {
              "managed_by": "AFT"
            }
          },
          "sensitive_attributes": [],
          "private": "bnVsbA==",
          "dependencies": [
            "module.aft.module.aft_account_request_framework.aws_cloudwatch_event_bus.aft_from_ct_management",
            "module.aft.module.aft_account_request_framework.data.aws_caller_identity.ct-management"
          ]
        }
      ]
    },
    {
      "module": "module.aft.module.aft_account_request_framework",
      "mode": "managed",
      "type": "aws_cloudwatch_event_target",
      "name": "aft_account_request_processor",
      "provider": "module.aft.provider[\"registry.terraform.io/hashicorp/aws\"].aft_management",
      "instances": [
        {
          "schema_version": 1,
          "attributes": {
            "arn": "arn:aws:lambda:us-east-1:008298205562:function:aft-account-request-processor",
            "batch_target": [],
            "dead_letter_config": [],
            "ecs_target": [],
            "event_bus_name": "default",
            "http_target": [],
            "id": "aft-lambda-account-request-processor-terraform-20220423035640471700000029",
            "input": "",
            "input_path": "",
            "input_transformer": [],
            "kinesis_target": [],
            "redshift_target": [],
            "retry_policy": [],
            "role_arn": "",
            "rule": "aft-lambda-account-request-processor",
            "run_command_targets": [],
            "sqs_target": [],
            "target_id": "terraform-20220423035640471700000029"
          },
          "sensitive_attributes": [],
          "private": "eyJzY2hlbWFfdmVyc2lvbiI6IjEifQ==",
          "dependencies": [
            "module.aft.data.local_file.version",
            "module.aft.module.aft_account_request_framework.aws_cloudwatch_event_rule.aft_account_request_processor",
            "module.aft.module.aft_account_request_framework.aws_iam_role.aft_account_request_processor",
            "module.aft.module.aft_account_request_framework.aws_kms_key.aft",
            "module.aft.module.aft_account_request_framework.aws_lambda_function.aft_account_request_processor",
            "module.aft.module.aft_account_request_framework.aws_security_group.aft_vpc_default_sg",
            "module.aft.module.aft_account_request_framework.aws_subnet.aft_vpc_private_subnet_01",
            "module.aft.module.aft_account_request_framework.aws_subnet.aft_vpc_private_subnet_02",
            "module.aft.module.aft_account_request_framework.aws_vpc.aft_vpc",
            "module.aft.module.aft_account_request_framework.data.aws_availability_zones.available",
            "module.aft.module.aft_customizations.aws_s3_bucket.aft_codepipeline_customizations_bucket",
            "module.aft.module.aft_customizations.data.aws_caller_identity.current",
            "module.aft.module.aft_lambda_layer.aws_codebuild_project.codebuild",
            "module.aft.module.aft_lambda_layer.aws_iam_role.codebuild",
            "module.aft.module.aft_lambda_layer.aws_iam_role.codebuild_invoker_lambda_role",
            "module.aft.module.aft_lambda_layer.aws_lambda_function.codebuild_invoker",
            "module.aft.module.aft_lambda_layer.aws_lambda_layer_version.layer_version",
            "module.aft.module.aft_lambda_layer.data.aws_lambda_invocation.invoke_codebuild_job",
            "module.aft.module.aft_lambda_layer.data.local_file.aft_lambda_layer",
            "module.aft.module.aft_lambda_layer.random_string.resource_suffix",
            "module.aft.module.packaging.data.archive_file.builder",
            "module.aft.module.packaging.data.archive_file.request_framework"
          ]
        }
      ]
    },
    {
      "module": "module.aft.module.aft_account_request_framework",
      "mode": "managed",
      "type": "aws_cloudwatch_event_target",
      "name": "aft_controltower_event_logger",
      "provider": "module.aft.provider[\"registry.terraform.io/hashicorp/aws\"].aft_management",
      "instances": [
        {
          "schema_version": 1,
          "attributes": {
            "arn": "arn:aws:lambda:us-east-1:008298205562:function:aft-controltower-event-logger",
            "batch_target": [],
            "dead_letter_config": [],
            "ecs_target": [],
            "event_bus_name": "aft-events-from-ct-management",
            "http_target": [],
            "id": "aft-events-from-ct-management-aft-controltower-event-logger-terraform-2022042303573446430000002b",
            "input": "",
            "input_path": "",
            "input_transformer": [],
            "kinesis_target": [],
            "redshift_target": [],
            "retry_policy": [],
            "role_arn": "",
            "rule": "aft-controltower-event-logger",
            "run_command_targets": [],
            "sqs_target": [],
            "target_id": "terraform-2022042303573446430000002b"
          },
          "sensitive_attributes": [],
          "private": "eyJzY2hlbWFfdmVyc2lvbiI6IjEifQ==",
          "dependencies": [
            "module.aft.data.local_file.version",
            "module.aft.module.aft_account_request_framework.aws_cloudwatch_event_bus.aft_from_ct_management",
            "module.aft.module.aft_account_request_framework.aws_cloudwatch_event_rule.aft_controltower_event_trigger",
            "module.aft.module.aft_account_request_framework.aws_iam_role.aft_controltower_event_logger",
            "module.aft.module.aft_account_request_framework.aws_kms_key.aft",
            "module.aft.module.aft_account_request_framework.aws_lambda_function.aft_controltower_event_logger",
            "module.aft.module.aft_account_request_framework.aws_security_group.aft_vpc_default_sg",
            "module.aft.module.aft_account_request_framework.aws_subnet.aft_vpc_private_subnet_01",
            "module.aft.module.aft_account_request_framework.aws_subnet.aft_vpc_private_subnet_02",
            "module.aft.module.aft_account_request_framework.aws_vpc.aft_vpc",
            "module.aft.module.aft_account_request_framework.data.aws_availability_zones.available",
            "module.aft.module.aft_account_request_framework.data.aws_caller_identity.ct-management",
            "module.aft.module.aft_customizations.aws_s3_bucket.aft_codepipeline_customizations_bucket",
            "module.aft.module.aft_customizations.data.aws_caller_identity.current",
            "module.aft.module.aft_lambda_layer.aws_codebuild_project.codebuild",
            "module.aft.module.aft_lambda_layer.aws_iam_role.codebuild",
            "module.aft.module.aft_lambda_layer.aws_iam_role.codebuild_invoker_lambda_role",
            "module.aft.module.aft_lambda_layer.aws_lambda_function.codebuild_invoker",
            "module.aft.module.aft_lambda_layer.aws_lambda_layer_version.layer_version",
            "module.aft.module.aft_lambda_layer.data.aws_lambda_invocation.invoke_codebuild_job",
            "module.aft.module.aft_lambda_layer.data.local_file.aft_lambda_layer",
            "module.aft.module.aft_lambda_layer.random_string.resource_suffix",
            "module.aft.module.packaging.data.archive_file.builder",
            "module.aft.module.packaging.data.archive_file.request_framework"
          ]
        }
      ]
    },
    {
      "module": "module.aft.module.aft_account_request_framework",
      "mode": "managed",
      "type": "aws_cloudwatch_event_target",
      "name": "aft_invoke_aft_account_provisioning_framework",
      "provider": "module.aft.provider[\"registry.terraform.io/hashicorp/aws\"].aft_management",
      "instances": [
        {
          "schema_version": 1,
          "attributes": {
            "arn": "arn:aws:lambda:us-east-1:008298205562:function:aft-invoke-aft-account-provisioning-framework",
            "batch_target": [],
            "dead_letter_config": [],
            "ecs_target": [],
            "event_bus_name": "aft-events-from-ct-management",
            "http_target": [],
            "id": "aft-events-from-ct-management-aft-controltower-event-logger-terraform-2022042303564350880000002a",
            "input": "",
            "input_path": "",
            "input_transformer": [],
            "kinesis_target": [],
            "redshift_target": [],
            "retry_policy": [],
            "role_arn": "",
            "rule": "aft-controltower-event-logger",
            "run_command_targets": [],
            "sqs_target": [],
            "target_id": "terraform-2022042303564350880000002a"
          },
          "sensitive_attributes": [],
          "private": "eyJzY2hlbWFfdmVyc2lvbiI6IjEifQ==",
          "dependencies": [
            "module.aft.data.local_file.version",
            "module.aft.module.aft_account_request_framework.aws_cloudwatch_event_bus.aft_from_ct_management",
            "module.aft.module.aft_account_request_framework.aws_cloudwatch_event_rule.aft_controltower_event_trigger",
            "module.aft.module.aft_account_request_framework.aws_iam_role.aft_invoke_aft_account_provisioning_framework",
            "module.aft.module.aft_account_request_framework.aws_kms_key.aft",
            "module.aft.module.aft_account_request_framework.aws_lambda_function.aft_invoke_aft_account_provisioning_framework",
            "module.aft.module.aft_account_request_framework.aws_security_group.aft_vpc_default_sg",
            "module.aft.module.aft_account_request_framework.aws_subnet.aft_vpc_private_subnet_01",
            "module.aft.module.aft_account_request_framework.aws_subnet.aft_vpc_private_subnet_02",
            "module.aft.module.aft_account_request_framework.aws_vpc.aft_vpc",
            "module.aft.module.aft_account_request_framework.data.aws_availability_zones.available",
            "module.aft.module.aft_account_request_framework.data.aws_caller_identity.ct-management",
            "module.aft.module.aft_customizations.aws_s3_bucket.aft_codepipeline_customizations_bucket",
            "module.aft.module.aft_customizations.data.aws_caller_identity.current",
            "module.aft.module.aft_lambda_layer.aws_codebuild_project.codebuild",
            "module.aft.module.aft_lambda_layer.aws_iam_role.codebuild",
            "module.aft.module.aft_lambda_layer.aws_iam_role.codebuild_invoker_lambda_role",
            "module.aft.module.aft_lambda_layer.aws_lambda_function.codebuild_invoker",
            "module.aft.module.aft_lambda_layer.aws_lambda_layer_version.layer_version",
            "module.aft.module.aft_lambda_layer.data.aws_lambda_invocation.invoke_codebuild_job",
            "module.aft.module.aft_lambda_layer.data.local_file.aft_lambda_layer",
            "module.aft.module.aft_lambda_layer.random_string.resource_suffix",
            "module.aft.module.packaging.data.archive_file.builder",
            "module.aft.module.packaging.data.archive_file.request_framework"
          ]
        }
      ]
    },
    {
      "module": "module.aft.module.aft_account_request_framework",
      "mode": "managed",
      "type": "aws_cloudwatch_event_target",
      "name": "aft_management_event_bus",
      "provider": "module.aft.provider[\"registry.terraform.io/hashicorp/aws\"].ct_management",
      "instances": [
        {
          "schema_version": 1,
          "attributes": {
            "arn": "arn:aws:events:us-east-1:008298205562:event-bus/aft-events-from-ct-management",
            "batch_target": [],
            "dead_letter_config": [],
            "ecs_target": [],
            "event_bus_name": "default",
            "http_target": [],
            "id": "aft-capture-ct-events-terraform-20220423034257840100000001",
            "input": "",
            "input_path": "",
            "input_transformer": [],
            "kinesis_target": [],
            "redshift_target": [],
            "retry_policy": [],
            "role_arn": "arn:aws:iam::566377303192:role/aft-control-tower-events-rule",
            "rule": "aft-capture-ct-events",
            "run_command_targets": [],
            "sqs_target": [],
            "target_id": "terraform-20220423034257840100000001"
          },
          "sensitive_attributes": [],
          "private": "eyJzY2hlbWFfdmVyc2lvbiI6IjEifQ==",
          "dependencies": [
            "module.aft.module.aft_account_request_framework.aws_cloudwatch_event_bus.aft_from_ct_management",
            "module.aft.module.aft_account_request_framework.aws_cloudwatch_event_rule.aft_control_tower_events",
            "module.aft.module.aft_account_request_framework.aws_iam_role.aft_control_tower_events"
          ]
        }
      ]
    },
    {
      "module": "module.aft.module.aft_account_request_framework",
      "mode": "managed",
      "type": "aws_cloudwatch_log_group",
      "name": "aft_account_request_action_trigger",
      "provider": "module.aft.provider[\"registry.terraform.io/hashicorp/aws\"].aft_management",
      "instances": [
        {
          "schema_version": 0,
          "attributes": {
            "arn": "arn:aws:logs:us-east-1:008298205562:log-group:/aws/lambda/aft-account-request-action-trigger",
            "id": "/aws/lambda/aft-account-request-action-trigger",
            "kms_key_id": "",
            "name": "/aws/lambda/aft-account-request-action-trigger",
            "name_prefix": null,
            "retention_in_days": 0,
            "tags": {},
            "tags_all": {
              "managed_by": "AFT"
            }
          },
          "sensitive_attributes": [],
          "private": "bnVsbA==",
          "dependencies": [
            "module.aft.data.local_file.version",
            "module.aft.module.aft_account_request_framework.aws_iam_role.aft_account_request_action_trigger",
            "module.aft.module.aft_account_request_framework.aws_kms_key.aft",
            "module.aft.module.aft_account_request_framework.aws_lambda_function.aft_account_request_action_trigger",
            "module.aft.module.aft_account_request_framework.aws_security_group.aft_vpc_default_sg",
            "module.aft.module.aft_account_request_framework.aws_subnet.aft_vpc_private_subnet_01",
            "module.aft.module.aft_account_request_framework.aws_subnet.aft_vpc_private_subnet_02",
            "module.aft.module.aft_account_request_framework.aws_vpc.aft_vpc",
            "module.aft.module.aft_account_request_framework.data.aws_availability_zones.available",
            "module.aft.module.aft_customizations.aws_s3_bucket.aft_codepipeline_customizations_bucket",
            "module.aft.module.aft_customizations.data.aws_caller_identity.current",
            "module.aft.module.aft_lambda_layer.aws_codebuild_project.codebuild",
            "module.aft.module.aft_lambda_layer.aws_iam_role.codebuild",
            "module.aft.module.aft_lambda_layer.aws_iam_role.codebuild_invoker_lambda_role",
            "module.aft.module.aft_lambda_layer.aws_lambda_function.codebuild_invoker",
            "module.aft.module.aft_lambda_layer.aws_lambda_layer_version.layer_version",
            "module.aft.module.aft_lambda_layer.data.aws_lambda_invocation.invoke_codebuild_job",
            "module.aft.module.aft_lambda_layer.data.local_file.aft_lambda_layer",
            "module.aft.module.aft_lambda_layer.random_string.resource_suffix",
            "module.aft.module.packaging.data.archive_file.builder",
            "module.aft.module.packaging.data.archive_file.request_framework"
          ]
        }
      ]
    },
    {
      "module": "module.aft.module.aft_account_request_framework",
      "mode": "managed",
      "type": "aws_cloudwatch_log_group",
      "name": "aft_account_request_audit_trigger",
      "provider": "module.aft.provider[\"registry.terraform.io/hashicorp/aws\"].aft_management",
      "instances": [
        {
          "schema_version": 0,
          "attributes": {
            "arn": "arn:aws:logs:us-east-1:008298205562:log-group:/aws/lambda/aft-account-request-audit-trigger",
            "id": "/aws/lambda/aft-account-request-audit-trigger",
            "kms_key_id": "",
            "name": "/aws/lambda/aft-account-request-audit-trigger",
            "name_prefix": null,
            "retention_in_days": 0,
            "tags": {},
            "tags_all": {
              "managed_by": "AFT"
            }
          },
          "sensitive_attributes": [],
          "private": "bnVsbA==",
          "dependencies": [
            "module.aft.data.local_file.version",
            "module.aft.module.aft_account_request_framework.aws_iam_role.aft_account_request_audit_trigger",
            "module.aft.module.aft_account_request_framework.aws_kms_key.aft",
            "module.aft.module.aft_account_request_framework.aws_lambda_function.aft_account_request_audit_trigger",
            "module.aft.module.aft_account_request_framework.aws_security_group.aft_vpc_default_sg",
            "module.aft.module.aft_account_request_framework.aws_subnet.aft_vpc_private_subnet_01",
            "module.aft.module.aft_account_request_framework.aws_subnet.aft_vpc_private_subnet_02",
            "module.aft.module.aft_account_request_framework.aws_vpc.aft_vpc",
            "module.aft.module.aft_account_request_framework.data.aws_availability_zones.available",
            "module.aft.module.aft_customizations.aws_s3_bucket.aft_codepipeline_customizations_bucket",
            "module.aft.module.aft_customizations.data.aws_caller_identity.current",
            "module.aft.module.aft_lambda_layer.aws_codebuild_project.codebuild",
            "module.aft.module.aft_lambda_layer.aws_iam_role.codebuild",
            "module.aft.module.aft_lambda_layer.aws_iam_role.codebuild_invoker_lambda_role",
            "module.aft.module.aft_lambda_layer.aws_lambda_function.codebuild_invoker",
            "module.aft.module.aft_lambda_layer.aws_lambda_layer_version.layer_version",
            "module.aft.module.aft_lambda_layer.data.aws_lambda_invocation.invoke_codebuild_job",
            "module.aft.module.aft_lambda_layer.data.local_file.aft_lambda_layer",
            "module.aft.module.aft_lambda_layer.random_string.resource_suffix",
            "module.aft.module.packaging.data.archive_file.builder",
            "module.aft.module.packaging.data.archive_file.request_framework"
          ]
        }
      ]
    },
    {
      "module": "module.aft.module.aft_account_request_framework",
      "mode": "managed",
      "type": "aws_cloudwatch_log_group",
      "name": "aft_account_request_processor",
      "provider": "module.aft.provider[\"registry.terraform.io/hashicorp/aws\"].aft_management",
      "instances": [
        {
          "schema_version": 0,
          "attributes": {
            "arn": "arn:aws:logs:us-east-1:008298205562:log-group:/aws/lambda/aft-account-request-processor",
            "id": "/aws/lambda/aft-account-request-processor",
            "kms_key_id": "",
            "name": "/aws/lambda/aft-account-request-processor",
            "name_prefix": null,
            "retention_in_days": 0,
            "tags": {},
            "tags_all": {
              "managed_by": "AFT"
            }
          },
          "sensitive_attributes": [],
          "private": "bnVsbA==",
          "dependencies": [
            "module.aft.data.local_file.version",
            "module.aft.module.aft_account_request_framework.aws_iam_role.aft_account_request_processor",
            "module.aft.module.aft_account_request_framework.aws_kms_key.aft",
            "module.aft.module.aft_account_request_framework.aws_lambda_function.aft_account_request_processor",
            "module.aft.module.aft_account_request_framework.aws_security_group.aft_vpc_default_sg",
            "module.aft.module.aft_account_request_framework.aws_subnet.aft_vpc_private_subnet_01",
            "module.aft.module.aft_account_request_framework.aws_subnet.aft_vpc_private_subnet_02",
            "module.aft.module.aft_account_request_framework.aws_vpc.aft_vpc",
            "module.aft.module.aft_account_request_framework.data.aws_availability_zones.available",
            "module.aft.module.aft_customizations.aws_s3_bucket.aft_codepipeline_customizations_bucket",
            "module.aft.module.aft_customizations.data.aws_caller_identity.current",
            "module.aft.module.aft_lambda_layer.aws_codebuild_project.codebuild",
            "module.aft.module.aft_lambda_layer.aws_iam_role.codebuild",
            "module.aft.module.aft_lambda_layer.aws_iam_role.codebuild_invoker_lambda_role",
            "module.aft.module.aft_lambda_layer.aws_lambda_function.codebuild_invoker",
            "module.aft.module.aft_lambda_layer.aws_lambda_layer_version.layer_version",
            "module.aft.module.aft_lambda_layer.data.aws_lambda_invocation.invoke_codebuild_job",
            "module.aft.module.aft_lambda_layer.data.local_file.aft_lambda_layer",
            "module.aft.module.aft_lambda_layer.random_string.resource_suffix",
            "module.aft.module.packaging.data.archive_file.builder",
            "module.aft.module.packaging.data.archive_file.request_framework"
          ]
        }
      ]
    },
    {
      "module": "module.aft.module.aft_account_request_framework",
      "mode": "managed",
      "type": "aws_cloudwatch_log_group",
      "name": "aft_controltower_event_logger",
      "provider": "module.aft.provider[\"registry.terraform.io/hashicorp/aws\"].aft_management",
      "instances": [
        {
          "schema_version": 0,
          "attributes": {
            "arn": "arn:aws:logs:us-east-1:008298205562:log-group:/aws/lambda/aft-controltower-event-logger",
            "id": "/aws/lambda/aft-controltower-event-logger",
            "kms_key_id": "",
            "name": "/aws/lambda/aft-controltower-event-logger",
            "name_prefix": null,
            "retention_in_days": 0,
            "tags": {},
            "tags_all": {
              "managed_by": "AFT"
            }
          },
          "sensitive_attributes": [],
          "private": "bnVsbA==",
          "dependencies": [
            "module.aft.data.local_file.version",
            "module.aft.module.aft_account_request_framework.aws_iam_role.aft_controltower_event_logger",
            "module.aft.module.aft_account_request_framework.aws_kms_key.aft",
            "module.aft.module.aft_account_request_framework.aws_lambda_function.aft_controltower_event_logger",
            "module.aft.module.aft_account_request_framework.aws_security_group.aft_vpc_default_sg",
            "module.aft.module.aft_account_request_framework.aws_subnet.aft_vpc_private_subnet_01",
            "module.aft.module.aft_account_request_framework.aws_subnet.aft_vpc_private_subnet_02",
            "module.aft.module.aft_account_request_framework.aws_vpc.aft_vpc",
            "module.aft.module.aft_account_request_framework.data.aws_availability_zones.available",
            "module.aft.module.aft_customizations.aws_s3_bucket.aft_codepipeline_customizations_bucket",
            "module.aft.module.aft_customizations.data.aws_caller_identity.current",
            "module.aft.module.aft_lambda_layer.aws_codebuild_project.codebuild",
            "module.aft.module.aft_lambda_layer.aws_iam_role.codebuild",
            "module.aft.module.aft_lambda_layer.aws_iam_role.codebuild_invoker_lambda_role",
            "module.aft.module.aft_lambda_layer.aws_lambda_function.codebuild_invoker",
            "module.aft.module.aft_lambda_layer.aws_lambda_layer_version.layer_version",
            "module.aft.module.aft_lambda_layer.data.aws_lambda_invocation.invoke_codebuild_job",
            "module.aft.module.aft_lambda_layer.data.local_file.aft_lambda_layer",
            "module.aft.module.aft_lambda_layer.random_string.resource_suffix",
            "module.aft.module.packaging.data.archive_file.builder",
            "module.aft.module.packaging.data.archive_file.request_framework"
          ]
        }
      ]
    },
    {
      "module": "module.aft.module.aft_account_request_framework",
      "mode": "managed",
      "type": "aws_cloudwatch_log_group",
      "name": "aft_invoke_aft_account_provisioning_framework",
      "provider": "module.aft.provider[\"registry.terraform.io/hashicorp/aws\"].aft_management",
      "instances": [
        {
          "schema_version": 0,
          "attributes": {
            "arn": "arn:aws:logs:us-east-1:008298205562:log-group:/aws/lambda/aft-invoke-aft-account-provisioning-framework",
            "id": "/aws/lambda/aft-invoke-aft-account-provisioning-framework",
            "kms_key_id": "",
            "name": "/aws/lambda/aft-invoke-aft-account-provisioning-framework",
            "name_prefix": null,
            "retention_in_days": 0,
            "tags": {},
            "tags_all": {
              "managed_by": "AFT"
            }
          },
          "sensitive_attributes": [],
          "private": "bnVsbA==",
          "dependencies": [
            "module.aft.data.local_file.version",
            "module.aft.module.aft_account_request_framework.aws_iam_role.aft_invoke_aft_account_provisioning_framework",
            "module.aft.module.aft_account_request_framework.aws_kms_key.aft",
            "module.aft.module.aft_account_request_framework.aws_lambda_function.aft_invoke_aft_account_provisioning_framework",
            "module.aft.module.aft_account_request_framework.aws_security_group.aft_vpc_default_sg",
            "module.aft.module.aft_account_request_framework.aws_subnet.aft_vpc_private_subnet_01",
            "module.aft.module.aft_account_request_framework.aws_subnet.aft_vpc_private_subnet_02",
            "module.aft.module.aft_account_request_framework.aws_vpc.aft_vpc",
            "module.aft.module.aft_account_request_framework.data.aws_availability_zones.available",
            "module.aft.module.aft_customizations.aws_s3_bucket.aft_codepipeline_customizations_bucket",
            "module.aft.module.aft_customizations.data.aws_caller_identity.current",
            "module.aft.module.aft_lambda_layer.aws_codebuild_project.codebuild",
            "module.aft.module.aft_lambda_layer.aws_iam_role.codebuild",
            "module.aft.module.aft_lambda_layer.aws_iam_role.codebuild_invoker_lambda_role",
            "module.aft.module.aft_lambda_layer.aws_lambda_function.codebuild_invoker",
            "module.aft.module.aft_lambda_layer.aws_lambda_layer_version.layer_version",
            "module.aft.module.aft_lambda_layer.data.aws_lambda_invocation.invoke_codebuild_job",
            "module.aft.module.aft_lambda_layer.data.local_file.aft_lambda_layer",
            "module.aft.module.aft_lambda_layer.random_string.resource_suffix",
            "module.aft.module.packaging.data.archive_file.builder",
            "module.aft.module.packaging.data.archive_file.request_framework"
          ]
        }
      ]
    },
    {
      "module": "module.aft.module.aft_account_request_framework",
      "mode": "managed",
      "type": "aws_dynamodb_table",
      "name": "aft_controltower_events",
      "provider": "module.aft.provider[\"registry.terraform.io/hashicorp/aws\"].aft_management",
      "instances": [
        {
          "schema_version": 1,
          "attributes": {
            "arn": "arn:aws:dynamodb:us-east-1:008298205562:table/aft-controltower-events",
            "attribute": [
              {
                "name": "id",
                "type": "S"
              },
              {
                "name": "time",
                "type": "S"
              }
            ],
            "billing_mode": "PROVISIONED",
            "global_secondary_index": [],
            "hash_key": "id",
            "id": "aft-controltower-events",
            "local_secondary_index": [],
            "name": "aft-controltower-events",
            "point_in_time_recovery": [
              {
                "enabled": true
              }
            ],
            "range_key": "time",
            "read_capacity": 5,
            "replica": [],
            "restore_date_time": null,
            "restore_source_name": null,
            "restore_to_latest_time": null,
            "server_side_encryption": [
              {
                "enabled": true,
                "kms_key_arn": "arn:aws:kms:us-east-1:008298205562:key/aeafe814-f92c-4a5f-8f47-6cc9d9f2c498"
              }
            ],
            "stream_arn": "arn:aws:dynamodb:us-east-1:008298205562:table/aft-controltower-events/stream/2022-04-23T03:43:04.267",
            "stream_enabled": true,
            "stream_label": "2022-04-23T03:43:04.267",
            "stream_view_type": "NEW_AND_OLD_IMAGES",
            "table_class": "",
            "tags": {},
            "tags_all": {
              "managed_by": "AFT"
            },
            "timeouts": null,
            "ttl": [
              {
                "attribute_name": "",
                "enabled": false
              }
            ],
            "write_capacity": 5
          },
          "sensitive_attributes": [],
          "private": "eyJlMmJmYjczMC1lY2FhLTExZTYtOGY4OC0zNDM2M2JjN2M0YzAiOnsiY3JlYXRlIjoxODAwMDAwMDAwMDAwLCJkZWxldGUiOjYwMDAwMDAwMDAwMCwidXBkYXRlIjozNjAwMDAwMDAwMDAwfSwic2NoZW1hX3ZlcnNpb24iOiIxIn0=",
          "dependencies": [
            "module.aft.module.aft_account_request_framework.aws_kms_key.aft"
          ]
        }
      ]
    },
    {
      "module": "module.aft.module.aft_account_request_framework",
      "mode": "managed",
      "type": "aws_dynamodb_table",
      "name": "aft_request",
      "provider": "module.aft.provider[\"registry.terraform.io/hashicorp/aws\"].aft_management",
      "instances": [
        {
          "schema_version": 1,
          "attributes": {
            "arn": "arn:aws:dynamodb:us-east-1:008298205562:table/aft-request",
            "attribute": [
              {
                "name": "id",
                "type": "S"
              }
            ],
            "billing_mode": "PROVISIONED",
            "global_secondary_index": [],
            "hash_key": "id",
            "id": "aft-request",
            "local_secondary_index": [],
            "name": "aft-request",
            "point_in_time_recovery": [
              {
                "enabled": true
              }
            ],
            "range_key": null,
            "read_capacity": 1,
            "replica": [],
            "restore_date_time": null,
            "restore_source_name": null,
            "restore_to_latest_time": null,
            "server_side_encryption": [
              {
                "enabled": true,
                "kms_key_arn": "arn:aws:kms:us-east-1:008298205562:key/aeafe814-f92c-4a5f-8f47-6cc9d9f2c498"
              }
            ],
            "stream_arn": "arn:aws:dynamodb:us-east-1:008298205562:table/aft-request/stream/2022-04-23T03:43:03.886",
            "stream_enabled": true,
            "stream_label": "2022-04-23T03:43:03.886",
            "stream_view_type": "NEW_AND_OLD_IMAGES",
            "table_class": "",
            "tags": {},
            "tags_all": {
              "managed_by": "AFT"
            },
            "timeouts": null,
            "ttl": [
              {
                "attribute_name": "",
                "enabled": false
              }
            ],
            "write_capacity": 1
          },
          "sensitive_attributes": [],
          "private": "eyJlMmJmYjczMC1lY2FhLTExZTYtOGY4OC0zNDM2M2JjN2M0YzAiOnsiY3JlYXRlIjoxODAwMDAwMDAwMDAwLCJkZWxldGUiOjYwMDAwMDAwMDAwMCwidXBkYXRlIjozNjAwMDAwMDAwMDAwfSwic2NoZW1hX3ZlcnNpb24iOiIxIn0=",
          "dependencies": [
            "module.aft.module.aft_account_request_framework.aws_kms_key.aft"
          ]
        }
      ]
    },
    {
      "module": "module.aft.module.aft_account_request_framework",
      "mode": "managed",
      "type": "aws_dynamodb_table",
      "name": "aft_request_audit",
      "provider": "module.aft.provider[\"registry.terraform.io/hashicorp/aws\"].aft_management",
      "instances": [
        {
          "schema_version": 1,
          "attributes": {
            "arn": "arn:aws:dynamodb:us-east-1:008298205562:table/aft-request-audit",
            "attribute": [
              {
                "name": "id",
                "type": "S"
              },
              {
                "name": "timestamp",
                "type": "S"
              }
            ],
            "billing_mode": "PROVISIONED",
            "global_secondary_index": [],
            "hash_key": "id",
            "id": "aft-request-audit",
            "local_secondary_index": [],
            "name": "aft-request-audit",
            "point_in_time_recovery": [
              {
                "enabled": true
              }
            ],
            "range_key": "timestamp",
            "read_capacity": 1,
            "replica": [],
            "restore_date_time": null,
            "restore_source_name": null,
            "restore_to_latest_time": null,
            "server_side_encryption": [
              {
                "enabled": true,
                "kms_key_arn": "arn:aws:kms:us-east-1:008298205562:key/aeafe814-f92c-4a5f-8f47-6cc9d9f2c498"
              }
            ],
            "stream_arn": "arn:aws:dynamodb:us-east-1:008298205562:table/aft-request-audit/stream/2022-04-23T03:43:03.040",
            "stream_enabled": true,
            "stream_label": "2022-04-23T03:43:03.040",
            "stream_view_type": "NEW_AND_OLD_IMAGES",
            "table_class": "",
            "tags": {},
            "tags_all": {
              "managed_by": "AFT"
            },
            "timeouts": null,
            "ttl": [
              {
                "attribute_name": "",
                "enabled": false
              }
            ],
            "write_capacity": 1
          },
          "sensitive_attributes": [],
          "private": "eyJlMmJmYjczMC1lY2FhLTExZTYtOGY4OC0zNDM2M2JjN2M0YzAiOnsiY3JlYXRlIjoxODAwMDAwMDAwMDAwLCJkZWxldGUiOjYwMDAwMDAwMDAwMCwidXBkYXRlIjozNjAwMDAwMDAwMDAwfSwic2NoZW1hX3ZlcnNpb24iOiIxIn0=",
          "dependencies": [
            "module.aft.module.aft_account_request_framework.aws_kms_key.aft"
          ]
        }
      ]
    },
    {
      "module": "module.aft.module.aft_account_request_framework",
      "mode": "managed",
      "type": "aws_dynamodb_table",
      "name": "aft_request_metadata",
      "provider": "module.aft.provider[\"registry.terraform.io/hashicorp/aws\"].aft_management",
      "instances": [
        {
          "schema_version": 1,
          "attributes": {
            "arn": "arn:aws:dynamodb:us-east-1:008298205562:table/aft-request-metadata",
            "attribute": [
              {
                "name": "email",
                "type": "S"
              },
              {
                "name": "id",
                "type": "S"
              },
              {
                "name": "type",
                "type": "S"
              }
            ],
            "billing_mode": "PROVISIONED",
            "global_secondary_index": [
              {
                "hash_key": "email",
                "name": "emailIndex",
                "non_key_attributes": [
                  "id"
                ],
                "projection_type": "INCLUDE",
                "range_key": "",
                "read_capacity": 1,
                "write_capacity": 1
              },
              {
                "hash_key": "type",
                "name": "typeIndex",
                "non_key_attributes": [],
                "projection_type": "ALL",
                "range_key": "",
                "read_capacity": 1,
                "write_capacity": 1
              }
            ],
            "hash_key": "id",
            "id": "aft-request-metadata",
            "local_secondary_index": [],
            "name": "aft-request-metadata",
            "point_in_time_recovery": [
              {
                "enabled": true
              }
            ],
            "range_key": null,
            "read_capacity": 1,
            "replica": [],
            "restore_date_time": null,
            "restore_source_name": null,
            "restore_to_latest_time": null,
            "server_side_encryption": [
              {
                "enabled": true,
                "kms_key_arn": "arn:aws:kms:us-east-1:008298205562:key/aeafe814-f92c-4a5f-8f47-6cc9d9f2c498"
              }
            ],
            "stream_arn": "",
            "stream_enabled": false,
            "stream_label": "",
            "stream_view_type": "",
            "table_class": "",
            "tags": {},
            "tags_all": {
              "managed_by": "AFT"
            },
            "timeouts": null,
            "ttl": [
              {
                "attribute_name": "",
                "enabled": false
              }
            ],
            "write_capacity": 1
          },
          "sensitive_attributes": [],
          "private": "eyJlMmJmYjczMC1lY2FhLTExZTYtOGY4OC0zNDM2M2JjN2M0YzAiOnsiY3JlYXRlIjoxODAwMDAwMDAwMDAwLCJkZWxldGUiOjYwMDAwMDAwMDAwMCwidXBkYXRlIjozNjAwMDAwMDAwMDAwfSwic2NoZW1hX3ZlcnNpb24iOiIxIn0=",
          "dependencies": [
            "module.aft.module.aft_account_request_framework.aws_kms_key.aft"
          ]
        }
      ]
    },
    {
      "module": "module.aft.module.aft_account_request_framework",
      "mode": "managed",
      "type": "aws_eip",
      "name": "aft-vpc-natgw-01",
      "provider": "module.aft.provider[\"registry.terraform.io/hashicorp/aws\"].aft_management",
      "instances": [
        {
          "schema_version": 0,
          "attributes": {
            "address": null,
            "allocation_id": "eipalloc-0cc416fa38dcf1495",
            "associate_with_private_ip": null,
            "association_id": "eipassoc-0d790f07611d85ad2",
            "carrier_ip": "",
            "customer_owned_ip": "",
            "customer_owned_ipv4_pool": "",
            "domain": "vpc",
            "id": "eipalloc-0cc416fa38dcf1495",
            "instance": "",
            "network_border_group": "us-east-1",
            "network_interface": "eni-0196da4156c26c086",
            "private_dns": "ip-192-168-2-56.ec2.internal",
            "private_ip": "192.168.2.56",
            "public_dns": "ec2-54-80-8-19.compute-1.amazonaws.com",
            "public_ip": "54.80.8.19",
            "public_ipv4_pool": "amazon",
            "tags": {},
            "tags_all": {
              "managed_by": "AFT"
            },
            "timeouts": null,
            "vpc": true
          },
          "sensitive_attributes": [],
          "private": "eyJlMmJmYjczMC1lY2FhLTExZTYtOGY4OC0zNDM2M2JjN2M0YzAiOnsiZGVsZXRlIjoxODAwMDAwMDAwMDAsInJlYWQiOjkwMDAwMDAwMDAwMCwidXBkYXRlIjozMDAwMDAwMDAwMDB9fQ=="
        }
      ]
    },
    {
      "module": "module.aft.module.aft_account_request_framework",
      "mode": "managed",
      "type": "aws_eip",
      "name": "aft-vpc-natgw-02",
      "provider": "module.aft.provider[\"registry.terraform.io/hashicorp/aws\"].aft_management",
      "instances": [
        {
          "schema_version": 0,
          "attributes": {
            "address": null,
            "allocation_id": "eipalloc-03b14fb4592464174",
            "associate_with_private_ip": null,
            "association_id": "eipassoc-077a6f02889ab31d4",
            "carrier_ip": "",
            "customer_owned_ip": "",
            "customer_owned_ipv4_pool": "",
            "domain": "vpc",
            "id": "eipalloc-03b14fb4592464174",
            "instance": "",
            "network_border_group": "us-east-1",
            "network_interface": "eni-0388edcb9784107b2",
            "private_dns": "ip-192-168-2-166.ec2.internal",
            "private_ip": "192.168.2.166",
            "public_dns": "ec2-18-210-109-154.compute-1.amazonaws.com",
            "public_ip": "18.210.109.154",
            "public_ipv4_pool": "amazon",
            "tags": {},
            "tags_all": {
              "managed_by": "AFT"
            },
            "timeouts": null,
            "vpc": true
          },
          "sensitive_attributes": [],
          "private": "eyJlMmJmYjczMC1lY2FhLTExZTYtOGY4OC0zNDM2M2JjN2M0YzAiOnsiZGVsZXRlIjoxODAwMDAwMDAwMDAsInJlYWQiOjkwMDAwMDAwMDAwMCwidXBkYXRlIjozMDAwMDAwMDAwMDB9fQ=="
        }
      ]
    },
    {
      "module": "module.aft.module.aft_account_request_framework",
      "mode": "managed",
      "type": "aws_iam_role",
      "name": "aft_account_request_action_trigger",
      "provider": "module.aft.provider[\"registry.terraform.io/hashicorp/aws\"].aft_management",
      "instances": [
        {
          "schema_version": 0,
          "attributes": {
            "arn": "arn:aws:iam::008298205562:role/aft-lambda-account-request-action-trigger",
            "assume_role_policy": "{\"Version\":\"2012-10-17\",\"Statement\":[{\"Effect\":\"Allow\",\"Principal\":{\"Service\":\"lambda.amazonaws.com\"},\"Action\":\"sts:AssumeRole\"}]}",
            "create_date": "2022-04-23T03:42:32Z",
            "description": "",
            "force_detach_policies": false,
            "id": "aft-lambda-account-request-action-trigger",
            "inline_policy": [
              {
                "name": "aft-account-request-action-trigger",
                "policy": "{\n\t\"Version\": \"2012-10-17\",\n\t\"Statement\": [\n        {\n\t\t\t\"Effect\": \"Allow\",\n\t\t\t\"Action\": [\n\t\t\t\t\"dynamodb:PutItem\",\n\t\t\t\t\"dynamodb:Query\"\n\t\t\t],\n\t\t\t\"Resource\": \"arn:aws:dynamodb:us-east-1:008298205562:table/aft-request-audit\"\n\t\t},\n\t\t{\n\t\t\t\"Effect\": \"Allow\",\n\t\t\t\"Action\": [\n\t\t\t\t\"lambda:InvokeFunction\",\n\t\t\t\t\"dynamodb:GetShardIterator\",\n\t\t\t\t\"dynamodb:DescribeStream\",\n\t\t\t\t\"dynamodb:GetRecords\",\n\t\t\t\t\"dynamodb:ListShards\",\n\t\t\t\t\"dynamodb:ListStreams\",\n\t\t\t\t\"sqs:SendMessage\"\n\t\t\t],\n\t\t\t\"Resource\": [\n\t\t\t\t\"arn:aws:dynamodb:us-east-1:008298205562:table/aft-request/stream/*\",\n\t\t\t\t\"arn:aws:lambda:us-east-1:008298205562:function:aft-invoke-aft-account-provisioning-framework\",\n                \"arn:aws:sqs:us-east-1:008298205562:aft-account-request.fifo\"\n\t\t\t]\n\t\t},\n\t\t{\n\t\t\t\"Effect\": \"Allow\",\n\t\t\t\"Action\": \"dynamodb:ListStreams\",\n\t\t\t\"Resource\": \"*\"\n\t\t},\n\t\t{\n\t\t\t\"Effect\": \"Allow\",\n\t\t\t\"Action\": \"ssm:GetParameter\",\n\t\t\t\"Resource\": [\n\t\t\t\t\"arn:aws:ssm:us-east-1:008298205562:parameter/aft/*\"\n\t\t\t]\n\t\t},\n        {\n            \"Effect\" : \"Allow\",\n            \"Action\" : [\n                \"sns:Publish\"\n            ],\n            \"Resource\" : [\n                \"arn:aws:sns:us-east-1:008298205562:aft-notifications\",\n                \"arn:aws:sns:us-east-1:008298205562:aft-failure-notifications\"\n            ]\n        },\n        {\n            \"Effect\" : \"Allow\",\n            \"Action\" : [\n                \"kms:GenerateDataKey\",\n                \"kms:Encrypt\",\n                \"kms:Decrypt\"\n            ],\n            \"Resource\" : [\n                \"arn:aws:kms:us-east-1:008298205562:key/aeafe814-f92c-4a5f-8f47-6cc9d9f2c498\",\n                \"arn:aws:kms:us-east-1:008298205562:alias/aws/sns\"\n            ]\n        },\n        {\n            \"Effect\" : \"Allow\",\n            \"Action\" : [\n                \"sts:AssumeRole\"\n            ],\n            \"Resource\" : [\n                \"arn:aws:iam::008298205562:role/AWSAFTAdmin\"\n            ]\n        }\n\t]\n}\n"
              }
            ],
            "managed_policy_arns": [
              "arn:aws:iam::aws:policy/service-role/AWSLambdaBasicExecutionRole",
              "arn:aws:iam::aws:policy/service-role/AWSLambdaVPCAccessExecutionRole"
            ],
            "max_session_duration": 3600,
            "name": "aft-lambda-account-request-action-trigger",
            "name_prefix": "",
            "path": "/",
            "permissions_boundary": null,
            "tags": {},
            "tags_all": {
              "managed_by": "AFT"
            },
            "unique_id": "AROAQD3U4SF5PZ2BCXK4T"
          },
          "sensitive_attributes": [],
          "private": "bnVsbA=="
        }
      ]
    },
    {
      "module": "module.aft.module.aft_account_request_framework",
      "mode": "managed",
      "type": "aws_iam_role",
      "name": "aft_account_request_audit_trigger",
      "provider": "module.aft.provider[\"registry.terraform.io/hashicorp/aws\"].aft_management",
      "instances": [
        {
          "schema_version": 0,
          "attributes": {
            "arn": "arn:aws:iam::008298205562:role/aft-lambda-account-request-audit-trigger",
            "assume_role_policy": "{\"Version\":\"2012-10-17\",\"Statement\":[{\"Effect\":\"Allow\",\"Principal\":{\"Service\":\"lambda.amazonaws.com\"},\"Action\":\"sts:AssumeRole\"}]}",
            "create_date": "2022-04-23T03:42:41Z",
            "description": "",
            "force_detach_policies": false,
            "id": "aft-lambda-account-request-audit-trigger",
            "inline_policy": [
              {
                "name": "aft-account-request-audit-trigger",
                "policy": "{\n    \"Version\" : \"2012-10-17\",\n    \"Statement\" : [\n      {\n        \"Effect\" : \"Allow\",\n        \"Action\" : [\n          \"dynamodb:GetShardIterator\",\n          \"dynamodb:DescribeStream\",\n          \"dynamodb:GetRecords\",\n          \"dynamodb:ListShards\",\n\t\t\t\t  \"dynamodb:ListStreams\"\n        ],\n        \"Resource\" : [\n          \"arn:aws:dynamodb:us-east-1:008298205562:table/aft-request/stream/*\"\n        ]\n      },\n    {\n        \"Effect\": \"Allow\",\n        \"Action\": [\n            \"dynamodb:Query\",\n            \"dynamodb:PutItem\"\n        ],\n        \"Resource\": \"arn:aws:dynamodb:us-east-1:008298205562:table/aft-request-audit\"\n    },\n      {\n        \"Effect\" : \"Allow\",\n        \"Action\" : \"dynamodb:ListStreams\",\n        \"Resource\" : \"*\"\n      },\n      {\n        \"Effect\" : \"Allow\",\n        \"Action\" : \"sqs:SendMessage\",\n        \"Resource\" : \"arn:aws:sqs:us-east-1:008298205562:aft-account-request.fifo\"\n      },\n      {\n        \"Effect\" : \"Allow\",\n        \"Action\" : \"ssm:GetParameter\",\n        \"Resource\" : [\n          \"arn:aws:ssm:us-east-1:008298205562:parameter/aft/*\"\n        ]\n      },\n      {\n        \"Effect\" : \"Allow\",\n        \"Action\" : [\n          \"kms:GenerateDataKey\",\n          \"kms:Encrypt\",\n          \"kms:Decrypt\"\n        ],\n        \"Resource\" : [\n          \"arn:aws:kms:us-east-1:008298205562:key/aeafe814-f92c-4a5f-8f47-6cc9d9f2c498\",\n          \"arn:aws:kms:us-east-1:008298205562:alias/aws/sns\"\n        ]\n      },\n      {\n        \"Effect\" : \"Allow\",\n        \"Action\" : [\n          \"sns:Publish\"\n        ],\n        \"Resource\" : [\n          \"arn:aws:sns:us-east-1:008298205562:aft-notifications\",\n          \"arn:aws:sns:us-east-1:008298205562:aft-failure-notifications\"\n        ]\n      }\n    ]\n}\n"
              }
            ],
            "managed_policy_arns": [
              "arn:aws:iam::aws:policy/service-role/AWSLambdaBasicExecutionRole",
              "arn:aws:iam::aws:policy/service-role/AWSLambdaVPCAccessExecutionRole"
            ],
            "max_session_duration": 3600,
            "name": "aft-lambda-account-request-audit-trigger",
            "name_prefix": "",
            "path": "/",
            "permissions_boundary": null,
            "tags": {},
            "tags_all": {
              "managed_by": "AFT"
            },
            "unique_id": "AROAQD3U4SF5JVIHP7QKR"
          },
          "sensitive_attributes": [],
          "private": "bnVsbA=="
        }
      ]
    },
    {
      "module": "module.aft.module.aft_account_request_framework",
      "mode": "managed",
      "type": "aws_iam_role",
      "name": "aft_account_request_processor",
      "provider": "module.aft.provider[\"registry.terraform.io/hashicorp/aws\"].aft_management",
      "instances": [
        {
          "schema_version": 0,
          "attributes": {
            "arn": "arn:aws:iam::008298205562:role/aft-lambda-account-request-processor",
            "assume_role_policy": "{\"Version\":\"2012-10-17\",\"Statement\":[{\"Effect\":\"Allow\",\"Principal\":{\"Service\":\"lambda.amazonaws.com\"},\"Action\":\"sts:AssumeRole\"}]}",
            "create_date": "2022-04-23T03:42:37Z",
            "description": "",
            "force_detach_policies": false,
            "id": "aft-lambda-account-request-processor",
            "inline_policy": [
              {
                "name": "aft-account-request-processor",
                "policy": "{\n    \"Version\" : \"2012-10-17\",\n    \"Statement\" : [\n      {\n        \"Effect\" : \"Allow\",\n        \"Action\" : [\n          \"sqs:DeleteMessage\",\n          \"sts:AssumeRole\",\n          \"sns:Publish\",\n          \"sqs:ReceiveMessage\"\n        ],\n        \"Resource\" : [\n          \"arn:aws:sns:us-east-1:008298205562:aft-notifications\",\n          \"arn:aws:sns:us-east-1:008298205562:aft-failure-notifications\",\n          \"arn:aws:iam::008298205562:role/AWSAFTAdmin\",\n          \"arn:aws:sqs:us-east-1:008298205562:aft-account-request.fifo\"\n        ]\n      },\n      {\n        \"Effect\" : \"Allow\",\n        \"Action\" : \"sts:GetCallerIdentity\",\n        \"Resource\" : \"*\"\n      },\n      {\n        \"Effect\" : \"Allow\",\n        \"Action\" : \"ssm:GetParameter\",\n        \"Resource\" : [\n          \"arn:aws:ssm:us-east-1:008298205562:parameter/aft/*\"\n        ]\n      },\n      {\n      \"Effect\" : \"Allow\",\n      \"Action\" : [\n        \"kms:GenerateDataKey\",\n        \"kms:Encrypt\",\n        \"kms:Decrypt\"\n      ],\n      \"Resource\" : [\n        \"arn:aws:kms:us-east-1:008298205562:key/aeafe814-f92c-4a5f-8f47-6cc9d9f2c498\",\n        \"arn:aws:kms:us-east-1:008298205562:alias/aws/sns\"\n      ]\n      }\n    ]\n}\n"
              }
            ],
            "managed_policy_arns": [
              "arn:aws:iam::aws:policy/service-role/AWSLambdaBasicExecutionRole",
              "arn:aws:iam::aws:policy/service-role/AWSLambdaVPCAccessExecutionRole"
            ],
            "max_session_duration": 3600,
            "name": "aft-lambda-account-request-processor",
            "name_prefix": "",
            "path": "/",
            "permissions_boundary": null,
            "tags": {},
            "tags_all": {
              "managed_by": "AFT"
            },
            "unique_id": "AROAQD3U4SF5JOM7OU765"
          },
          "sensitive_attributes": [],
          "private": "bnVsbA=="
        }
      ]
    },
    {
      "module": "module.aft.module.aft_account_request_framework",
      "mode": "managed",
      "type": "aws_iam_role",
      "name": "aft_aws_backup",
      "provider": "module.aft.provider[\"registry.terraform.io/hashicorp/aws\"].aft_management",
      "instances": [
        {
          "schema_version": 0,
          "attributes": {
            "arn": "arn:aws:iam::008298205562:role/aft-aws-backup",
            "assume_role_policy": "{\"Version\":\"2012-10-17\",\"Statement\":[{\"Effect\":\"Allow\",\"Principal\":{\"Service\":\"backup.amazonaws.com\"},\"Action\":\"sts:AssumeRole\"}]}",
            "create_date": "2022-04-23T03:42:27Z",
            "description": "",
            "force_detach_policies": false,
            "id": "aft-aws-backup",
            "inline_policy": [
              {
                "name": "",
                "policy": ""
              }
            ],
            "managed_policy_arns": [
              "arn:aws:iam::aws:policy/service-role/AWSBackupServiceRolePolicyForBackup"
            ],
            "max_session_duration": 3600,
            "name": "aft-aws-backup",
            "name_prefix": "",
            "path": "/",
            "permissions_boundary": null,
            "tags": {},
            "tags_all": {
              "managed_by": "AFT"
            },
            "unique_id": "AROAQD3U4SF5DGUIABNWD"
          },
          "sensitive_attributes": [],
          "private": "bnVsbA=="
        }
      ]
    },
    {
      "module": "module.aft.module.aft_account_request_framework",
      "mode": "managed",
      "type": "aws_iam_role",
      "name": "aft_control_tower_events",
      "provider": "module.aft.provider[\"registry.terraform.io/hashicorp/aws\"].ct_management",
      "instances": [
        {
          "schema_version": 0,
          "attributes": {
            "arn": "arn:aws:iam::566377303192:role/aft-control-tower-events-rule",
            "assume_role_policy": "{\"Version\":\"2012-10-17\",\"Statement\":[{\"Effect\":\"Allow\",\"Principal\":{\"Service\":\"events.amazonaws.com\"},\"Action\":\"sts:AssumeRole\"}]}",
            "create_date": "2022-04-23T03:42:15Z",
            "description": "",
            "force_detach_policies": false,
            "id": "aft-control-tower-events-rule",
            "inline_policy": [
              {
                "name": "control-tower-events",
                "policy": "{\n    \"Version\" : \"2012-10-17\",\n    \"Statement\" : [\n      {\n        \"Effect\" : \"Allow\",\n        \"Action\" : [\n          \"events:PutEvents\"\n        ],\n        \"Resource\" : [\n          \"arn:aws:events:us-east-1:008298205562:event-bus/aft-events-from-ct-management\"\n        ]\n      }\n    ]\n}\n"
              }
            ],
            "managed_policy_arns": [],
            "max_session_duration": 3600,
            "name": "aft-control-tower-events-rule",
            "name_prefix": "",
            "path": "/",
            "permissions_boundary": null,
            "tags": {},
            "tags_all": {
              "managed_by": "AFT"
            },
            "unique_id": "AROAYHXVXZSMFPFUO5KDT"
          },
          "sensitive_attributes": [],
          "private": "bnVsbA=="
        }
      ]
    },
    {
      "module": "module.aft.module.aft_account_request_framework",
      "mode": "managed",
      "type": "aws_iam_role",
      "name": "aft_controltower_event_logger",
      "provider": "module.aft.provider[\"registry.terraform.io/hashicorp/aws\"].aft_management",
      "instances": [
        {
          "schema_version": 0,
          "attributes": {
            "arn": "arn:aws:iam::008298205562:role/aft-lambda-controltower-event-logger",
            "assume_role_policy": "{\"Version\":\"2012-10-17\",\"Statement\":[{\"Effect\":\"Allow\",\"Principal\":{\"Service\":\"lambda.amazonaws.com\"},\"Action\":\"sts:AssumeRole\"}]}",
            "create_date": "2022-04-23T03:42:23Z",
            "description": "",
            "force_detach_policies": false,
            "id": "aft-lambda-controltower-event-logger",
            "inline_policy": [
              {
                "name": "aft-controltower-event-logger",
                "policy": "{\n    \"Version\" : \"2012-10-17\",\n    \"Statement\" : [\n      {\n        \"Effect\" : \"Allow\",\n        \"Action\" : [\n          \"dynamodb:PutItem\"\n        ],\n        \"Resource\" : [\n          \"arn:aws:dynamodb:us-east-1:008298205562:table/aft-controltower-events\"\n        ]\n      },\n      {\n        \"Effect\" : \"Allow\",\n        \"Action\" : \"ssm:GetParameter\",\n        \"Resource\" : [\n          \"arn:aws:ssm:us-east-1:008298205562:parameter/aft/*\"\n        ]\n      },\n      {\n        \"Effect\" : \"Allow\",\n        \"Action\" : [\n          \"sns:Publish\"\n        ],\n        \"Resource\" : [\n          \"arn:aws:sns:us-east-1:008298205562:aft-notifications\",\n          \"arn:aws:sns:us-east-1:008298205562:aft-failure-notifications\"\n        ]\n      },\n      {\n      \"Effect\" : \"Allow\",\n      \"Action\" : [\n        \"kms:GenerateDataKey\",\n        \"kms:Encrypt\",\n        \"kms:Decrypt\"\n      ],\n      \"Resource\" : [\n        \"arn:aws:kms:us-east-1:008298205562:key/aeafe814-f92c-4a5f-8f47-6cc9d9f2c498\",\n        \"arn:aws:kms:us-east-1:008298205562:alias/aws/sns\"\n      ]\n      }\n    ]\n}\n"
              }
            ],
            "managed_policy_arns": [
              "arn:aws:iam::aws:policy/service-role/AWSLambdaBasicExecutionRole",
              "arn:aws:iam::aws:policy/service-role/AWSLambdaVPCAccessExecutionRole"
            ],
            "max_session_duration": 3600,
            "name": "aft-lambda-controltower-event-logger",
            "name_prefix": "",
            "path": "/",
            "permissions_boundary": null,
            "tags": {},
            "tags_all": {
              "managed_by": "AFT"
            },
            "unique_id": "AROAQD3U4SF5D4IDSCAHO"
          },
          "sensitive_attributes": [],
          "private": "bnVsbA=="
        }
      ]
    },
    {
      "module": "module.aft.module.aft_account_request_framework",
      "mode": "managed",
      "type": "aws_iam_role",
      "name": "aft_invoke_aft_account_provisioning_framework",
      "provider": "module.aft.provider[\"registry.terraform.io/hashicorp/aws\"].aft_management",
      "instances": [
        {
          "schema_version": 0,
          "attributes": {
            "arn": "arn:aws:iam::008298205562:role/aft-lambda-invoke-aft-account-provisioning-framework",
            "assume_role_policy": "{\"Version\":\"2012-10-17\",\"Statement\":[{\"Effect\":\"Allow\",\"Principal\":{\"Service\":\"lambda.amazonaws.com\"},\"Action\":\"sts:AssumeRole\"}]}",
            "create_date": "2022-04-23T03:42:20Z",
            "description": "",
            "force_detach_policies": false,
            "id": "aft-lambda-invoke-aft-account-provisioning-framework",
            "inline_policy": [
              {
                "name": "aft-account-request-action-trigger",
                "policy": "{\n    \"Version\" : \"2012-10-17\",\n    \"Statement\" : [\n      {\n        \"Effect\" : \"Allow\",\n        \"Action\" : [\n          \"dynamodb:GetItem\"\n        ],\n        \"Resource\" : [\n          \"arn:aws:dynamodb:us-east-1:008298205562:table/aft-request\"\n        ]\n      },\n      {\n        \"Effect\" : \"Allow\",\n        \"Action\" : \"ssm:GetParameter\",\n        \"Resource\" : [\n          \"arn:aws:ssm:us-east-1:008298205562:parameter/aft/*\"\n        ]\n      },\n      {\n        \"Effect\" : \"Allow\",\n        \"Action\" : [\n          \"sts:AssumeRole\",\n          \"sns:Publish\"\n        ],\n        \"Resource\" : [\n          \"arn:aws:iam::008298205562:role/AWSAFTAdmin\"\n        ]\n      },\n      {\n        \"Effect\" : \"Allow\",\n        \"Action\" : \"sts:GetCallerIdentity\",\n        \"Resource\" : \"*\"\n      },\n      {\n        \"Effect\" : \"Allow\",\n        \"Action\" : \"states:StartExecution\",\n        \"Resource\" : \"arn:aws:states:us-east-1:008298205562:stateMachine:aft-account-provisioning-framework\"\n      },\n      {\n        \"Effect\" : \"Allow\",\n        \"Action\" : [\n          \"sns:Publish\"\n        ],\n        \"Resource\" : [\n          \"arn:aws:sns:us-east-1:008298205562:aft-notifications\",\n\t\t      \"arn:aws:sns:us-east-1:008298205562:aft-failure-notifications\"\n        ]\n      },\n      {\n      \"Effect\" : \"Allow\",\n      \"Action\" : [\n        \"kms:GenerateDataKey\",\n        \"kms:Encrypt\",\n        \"kms:Decrypt\"\n      ],\n      \"Resource\" : [\n        \"arn:aws:kms:us-east-1:008298205562:key/aeafe814-f92c-4a5f-8f47-6cc9d9f2c498\",\n        \"arn:aws:kms:us-east-1:008298205562:alias/aws/sns\"\n      ]\n      }\n    ]\n}\n"
              }
            ],
            "managed_policy_arns": [
              "arn:aws:iam::aws:policy/service-role/AWSLambdaBasicExecutionRole",
              "arn:aws:iam::aws:policy/service-role/AWSLambdaVPCAccessExecutionRole"
            ],
            "max_session_duration": 3600,
            "name": "aft-lambda-invoke-aft-account-provisioning-framework",
            "name_prefix": "",
            "path": "/",
            "permissions_boundary": null,
            "tags": {},
            "tags_all": {
              "managed_by": "AFT"
            },
            "unique_id": "AROAQD3U4SF5MCYFESBWT"
          },
          "sensitive_attributes": [],
          "private": "bnVsbA=="
        }
      ]
    },
    {
      "module": "module.aft.module.aft_account_request_framework",
      "mode": "managed",
      "type": "aws_iam_role_policy",
      "name": "aft_account_request_action_trigger",
      "provider": "module.aft.provider[\"registry.terraform.io/hashicorp/aws\"].aft_management",
      "instances": [
        {
          "schema_version": 0,
          "attributes": {
            "id": "aft-lambda-account-request-action-trigger:aft-account-request-action-trigger",
            "name": "aft-account-request-action-trigger",
            "name_prefix": null,
            "policy": "{\n\t\"Version\": \"2012-10-17\",\n\t\"Statement\": [\n        {\n\t\t\t\"Effect\": \"Allow\",\n\t\t\t\"Action\": [\n\t\t\t\t\"dynamodb:PutItem\",\n\t\t\t\t\"dynamodb:Query\"\n\t\t\t],\n\t\t\t\"Resource\": \"arn:aws:dynamodb:us-east-1:008298205562:table/aft-request-audit\"\n\t\t},\n\t\t{\n\t\t\t\"Effect\": \"Allow\",\n\t\t\t\"Action\": [\n\t\t\t\t\"lambda:InvokeFunction\",\n\t\t\t\t\"dynamodb:GetShardIterator\",\n\t\t\t\t\"dynamodb:DescribeStream\",\n\t\t\t\t\"dynamodb:GetRecords\",\n\t\t\t\t\"dynamodb:ListShards\",\n\t\t\t\t\"dynamodb:ListStreams\",\n\t\t\t\t\"sqs:SendMessage\"\n\t\t\t],\n\t\t\t\"Resource\": [\n\t\t\t\t\"arn:aws:dynamodb:us-east-1:008298205562:table/aft-request/stream/*\",\n\t\t\t\t\"arn:aws:lambda:us-east-1:008298205562:function:aft-invoke-aft-account-provisioning-framework\",\n                \"arn:aws:sqs:us-east-1:008298205562:aft-account-request.fifo\"\n\t\t\t]\n\t\t},\n\t\t{\n\t\t\t\"Effect\": \"Allow\",\n\t\t\t\"Action\": \"dynamodb:ListStreams\",\n\t\t\t\"Resource\": \"*\"\n\t\t},\n\t\t{\n\t\t\t\"Effect\": \"Allow\",\n\t\t\t\"Action\": \"ssm:GetParameter\",\n\t\t\t\"Resource\": [\n\t\t\t\t\"arn:aws:ssm:us-east-1:008298205562:parameter/aft/*\"\n\t\t\t]\n\t\t},\n        {\n            \"Effect\" : \"Allow\",\n            \"Action\" : [\n                \"sns:Publish\"\n            ],\n            \"Resource\" : [\n                \"arn:aws:sns:us-east-1:008298205562:aft-notifications\",\n                \"arn:aws:sns:us-east-1:008298205562:aft-failure-notifications\"\n            ]\n        },\n        {\n            \"Effect\" : \"Allow\",\n            \"Action\" : [\n                \"kms:GenerateDataKey\",\n                \"kms:Encrypt\",\n                \"kms:Decrypt\"\n            ],\n            \"Resource\" : [\n                \"arn:aws:kms:us-east-1:008298205562:key/aeafe814-f92c-4a5f-8f47-6cc9d9f2c498\",\n                \"arn:aws:kms:us-east-1:008298205562:alias/aws/sns\"\n            ]\n        },\n        {\n            \"Effect\" : \"Allow\",\n            \"Action\" : [\n                \"sts:AssumeRole\"\n            ],\n            \"Resource\" : [\n                \"arn:aws:iam::008298205562:role/AWSAFTAdmin\"\n            ]\n        }\n\t]\n}\n",
            "role": "aft-lambda-account-request-action-trigger"
          },
          "sensitive_attributes": [],
          "private": "bnVsbA==",
          "dependencies": [
            "module.aft.data.local_file.version",
            "module.aft.module.aft_account_request_framework.aws_dynamodb_table.aft_request",
            "module.aft.module.aft_account_request_framework.aws_dynamodb_table.aft_request_audit",
            "module.aft.module.aft_account_request_framework.aws_iam_role.aft_account_request_action_trigger",
            "module.aft.module.aft_account_request_framework.aws_iam_role.aft_invoke_aft_account_provisioning_framework",
            "module.aft.module.aft_account_request_framework.aws_kms_alias.aft",
            "module.aft.module.aft_account_request_framework.aws_kms_key.aft",
            "module.aft.module.aft_account_request_framework.aws_lambda_function.aft_invoke_aft_account_provisioning_framework",
            "module.aft.module.aft_account_request_framework.aws_security_group.aft_vpc_default_sg",
            "module.aft.module.aft_account_request_framework.aws_sns_topic.aft_failure_notifications",
            "module.aft.module.aft_account_request_framework.aws_sns_topic.aft_notifications",
            "module.aft.module.aft_account_request_framework.aws_sqs_queue.aft_account_request",
            "module.aft.module.aft_account_request_framework.aws_sqs_queue.aft_account_request_dlq",
            "module.aft.module.aft_account_request_framework.aws_subnet.aft_vpc_private_subnet_01",
            "module.aft.module.aft_account_request_framework.aws_subnet.aft_vpc_private_subnet_02",
            "module.aft.module.aft_account_request_framework.aws_vpc.aft_vpc",
            "module.aft.module.aft_account_request_framework.data.aws_availability_zones.available",
            "module.aft.module.aft_account_request_framework.data.aws_caller_identity.aft-management",
            "module.aft.module.aft_account_request_framework.data.aws_region.aft-management",
            "module.aft.module.aft_customizations.aws_s3_bucket.aft_codepipeline_customizations_bucket",
            "module.aft.module.aft_customizations.data.aws_caller_identity.current",
            "module.aft.module.aft_lambda_layer.aws_codebuild_project.codebuild",
            "module.aft.module.aft_lambda_layer.aws_iam_role.codebuild",
            "module.aft.module.aft_lambda_layer.aws_iam_role.codebuild_invoker_lambda_role",
            "module.aft.module.aft_lambda_layer.aws_lambda_function.codebuild_invoker",
            "module.aft.module.aft_lambda_layer.aws_lambda_layer_version.layer_version",
            "module.aft.module.aft_lambda_layer.data.aws_lambda_invocation.invoke_codebuild_job",
            "module.aft.module.aft_lambda_layer.data.local_file.aft_lambda_layer",
            "module.aft.module.aft_lambda_layer.random_string.resource_suffix",
            "module.aft.module.packaging.data.archive_file.builder",
            "module.aft.module.packaging.data.archive_file.request_framework"
          ]
        }
      ]
    },
    {
      "module": "module.aft.module.aft_account_request_framework",
      "mode": "managed",
      "type": "aws_iam_role_policy",
      "name": "aft_account_request_audit_trigger",
      "provider": "module.aft.provider[\"registry.terraform.io/hashicorp/aws\"].aft_management",
      "instances": [
        {
          "schema_version": 0,
          "attributes": {
            "id": "aft-lambda-account-request-audit-trigger:aft-account-request-audit-trigger",
            "name": "aft-account-request-audit-trigger",
            "name_prefix": null,
            "policy": "{\n    \"Version\" : \"2012-10-17\",\n    \"Statement\" : [\n      {\n        \"Effect\" : \"Allow\",\n        \"Action\" : [\n          \"dynamodb:GetShardIterator\",\n          \"dynamodb:DescribeStream\",\n          \"dynamodb:GetRecords\",\n          \"dynamodb:ListShards\",\n\t\t\t\t  \"dynamodb:ListStreams\"\n        ],\n        \"Resource\" : [\n          \"arn:aws:dynamodb:us-east-1:008298205562:table/aft-request/stream/*\"\n        ]\n      },\n    {\n        \"Effect\": \"Allow\",\n        \"Action\": [\n            \"dynamodb:Query\",\n            \"dynamodb:PutItem\"\n        ],\n        \"Resource\": \"arn:aws:dynamodb:us-east-1:008298205562:table/aft-request-audit\"\n    },\n      {\n        \"Effect\" : \"Allow\",\n        \"Action\" : \"dynamodb:ListStreams\",\n        \"Resource\" : \"*\"\n      },\n      {\n        \"Effect\" : \"Allow\",\n        \"Action\" : \"sqs:SendMessage\",\n        \"Resource\" : \"arn:aws:sqs:us-east-1:008298205562:aft-account-request.fifo\"\n      },\n      {\n        \"Effect\" : \"Allow\",\n        \"Action\" : \"ssm:GetParameter\",\n        \"Resource\" : [\n          \"arn:aws:ssm:us-east-1:008298205562:parameter/aft/*\"\n        ]\n      },\n      {\n        \"Effect\" : \"Allow\",\n        \"Action\" : [\n          \"kms:GenerateDataKey\",\n          \"kms:Encrypt\",\n          \"kms:Decrypt\"\n        ],\n        \"Resource\" : [\n          \"arn:aws:kms:us-east-1:008298205562:key/aeafe814-f92c-4a5f-8f47-6cc9d9f2c498\",\n          \"arn:aws:kms:us-east-1:008298205562:alias/aws/sns\"\n        ]\n      },\n      {\n        \"Effect\" : \"Allow\",\n        \"Action\" : [\n          \"sns:Publish\"\n        ],\n        \"Resource\" : [\n          \"arn:aws:sns:us-east-1:008298205562:aft-notifications\",\n          \"arn:aws:sns:us-east-1:008298205562:aft-failure-notifications\"\n        ]\n      }\n    ]\n}\n",
            "role": "aft-lambda-account-request-audit-trigger"
          },
          "sensitive_attributes": [],
          "private": "bnVsbA==",
          "dependencies": [
            "module.aft.module.aft_account_request_framework.aws_dynamodb_table.aft_request",
            "module.aft.module.aft_account_request_framework.aws_dynamodb_table.aft_request_audit",
            "module.aft.module.aft_account_request_framework.aws_iam_role.aft_account_request_audit_trigger",
            "module.aft.module.aft_account_request_framework.aws_kms_alias.aft",
            "module.aft.module.aft_account_request_framework.aws_kms_key.aft",
            "module.aft.module.aft_account_request_framework.aws_sns_topic.aft_failure_notifications",
            "module.aft.module.aft_account_request_framework.aws_sns_topic.aft_notifications",
            "module.aft.module.aft_account_request_framework.aws_sqs_queue.aft_account_request",
            "module.aft.module.aft_account_request_framework.aws_sqs_queue.aft_account_request_dlq",
            "module.aft.module.aft_account_request_framework.data.aws_caller_identity.aft-management",
            "module.aft.module.aft_account_request_framework.data.aws_region.aft-management"
          ]
        }
      ]
    },
    {
      "module": "module.aft.module.aft_account_request_framework",
      "mode": "managed",
      "type": "aws_iam_role_policy",
      "name": "aft_account_request_processor",
      "provider": "module.aft.provider[\"registry.terraform.io/hashicorp/aws\"].aft_management",
      "instances": [
        {
          "schema_version": 0,
          "attributes": {
            "id": "aft-lambda-account-request-processor:aft-account-request-processor",
            "name": "aft-account-request-processor",
            "name_prefix": null,
            "policy": "{\n    \"Version\" : \"2012-10-17\",\n    \"Statement\" : [\n      {\n        \"Effect\" : \"Allow\",\n        \"Action\" : [\n          \"sqs:DeleteMessage\",\n          \"sts:AssumeRole\",\n          \"sns:Publish\",\n          \"sqs:ReceiveMessage\"\n        ],\n        \"Resource\" : [\n          \"arn:aws:sns:us-east-1:008298205562:aft-notifications\",\n          \"arn:aws:sns:us-east-1:008298205562:aft-failure-notifications\",\n          \"arn:aws:iam::008298205562:role/AWSAFTAdmin\",\n          \"arn:aws:sqs:us-east-1:008298205562:aft-account-request.fifo\"\n        ]\n      },\n      {\n        \"Effect\" : \"Allow\",\n        \"Action\" : \"sts:GetCallerIdentity\",\n        \"Resource\" : \"*\"\n      },\n      {\n        \"Effect\" : \"Allow\",\n        \"Action\" : \"ssm:GetParameter\",\n        \"Resource\" : [\n          \"arn:aws:ssm:us-east-1:008298205562:parameter/aft/*\"\n        ]\n      },\n      {\n      \"Effect\" : \"Allow\",\n      \"Action\" : [\n        \"kms:GenerateDataKey\",\n        \"kms:Encrypt\",\n        \"kms:Decrypt\"\n      ],\n      \"Resource\" : [\n        \"arn:aws:kms:us-east-1:008298205562:key/aeafe814-f92c-4a5f-8f47-6cc9d9f2c498\",\n        \"arn:aws:kms:us-east-1:008298205562:alias/aws/sns\"\n      ]\n      }\n    ]\n}\n",
            "role": "aft-lambda-account-request-processor"
          },
          "sensitive_attributes": [],
          "private": "bnVsbA==",
          "dependencies": [
            "module.aft.module.aft_account_request_framework.aws_iam_role.aft_account_request_processor",
            "module.aft.module.aft_account_request_framework.aws_kms_alias.aft",
            "module.aft.module.aft_account_request_framework.aws_kms_key.aft",
            "module.aft.module.aft_account_request_framework.aws_sns_topic.aft_failure_notifications",
            "module.aft.module.aft_account_request_framework.aws_sns_topic.aft_notifications",
            "module.aft.module.aft_account_request_framework.aws_sqs_queue.aft_account_request",
            "module.aft.module.aft_account_request_framework.aws_sqs_queue.aft_account_request_dlq",
            "module.aft.module.aft_account_request_framework.data.aws_caller_identity.aft-management",
            "module.aft.module.aft_account_request_framework.data.aws_region.aft-management"
          ]
        }
      ]
    },
    {
      "module": "module.aft.module.aft_account_request_framework",
      "mode": "managed",
      "type": "aws_iam_role_policy",
      "name": "aft_controltower_event_logger",
      "provider": "module.aft.provider[\"registry.terraform.io/hashicorp/aws\"].aft_management",
      "instances": [
        {
          "schema_version": 0,
          "attributes": {
            "id": "aft-lambda-controltower-event-logger:aft-controltower-event-logger",
            "name": "aft-controltower-event-logger",
            "name_prefix": null,
            "policy": "{\n    \"Version\" : \"2012-10-17\",\n    \"Statement\" : [\n      {\n        \"Effect\" : \"Allow\",\n        \"Action\" : [\n          \"dynamodb:PutItem\"\n        ],\n        \"Resource\" : [\n          \"arn:aws:dynamodb:us-east-1:008298205562:table/aft-controltower-events\"\n        ]\n      },\n      {\n        \"Effect\" : \"Allow\",\n        \"Action\" : \"ssm:GetParameter\",\n        \"Resource\" : [\n          \"arn:aws:ssm:us-east-1:008298205562:parameter/aft/*\"\n        ]\n      },\n      {\n        \"Effect\" : \"Allow\",\n        \"Action\" : [\n          \"sns:Publish\"\n        ],\n        \"Resource\" : [\n          \"arn:aws:sns:us-east-1:008298205562:aft-notifications\",\n          \"arn:aws:sns:us-east-1:008298205562:aft-failure-notifications\"\n        ]\n      },\n      {\n      \"Effect\" : \"Allow\",\n      \"Action\" : [\n        \"kms:GenerateDataKey\",\n        \"kms:Encrypt\",\n        \"kms:Decrypt\"\n      ],\n      \"Resource\" : [\n        \"arn:aws:kms:us-east-1:008298205562:key/aeafe814-f92c-4a5f-8f47-6cc9d9f2c498\",\n        \"arn:aws:kms:us-east-1:008298205562:alias/aws/sns\"\n      ]\n      }\n    ]\n}\n",
            "role": "aft-lambda-controltower-event-logger"
          },
          "sensitive_attributes": [],
          "private": "bnVsbA==",
          "dependencies": [
            "module.aft.module.aft_account_request_framework.aws_dynamodb_table.aft_controltower_events",
            "module.aft.module.aft_account_request_framework.aws_iam_role.aft_controltower_event_logger",
            "module.aft.module.aft_account_request_framework.aws_kms_key.aft",
            "module.aft.module.aft_account_request_framework.aws_sns_topic.aft_failure_notifications",
            "module.aft.module.aft_account_request_framework.aws_sns_topic.aft_notifications",
            "module.aft.module.aft_account_request_framework.data.aws_caller_identity.aft-management",
            "module.aft.module.aft_account_request_framework.data.aws_region.aft-management"
          ]
        }
      ]
    },
    {
      "module": "module.aft.module.aft_account_request_framework",
      "mode": "managed",
      "type": "aws_iam_role_policy",
      "name": "aft_invoke_aft_account_provisioning_framework",
      "provider": "module.aft.provider[\"registry.terraform.io/hashicorp/aws\"].aft_management",
      "instances": [
        {
          "schema_version": 0,
          "attributes": {
            "id": "aft-lambda-invoke-aft-account-provisioning-framework:aft-account-request-action-trigger",
            "name": "aft-account-request-action-trigger",
            "name_prefix": null,
            "policy": "{\n    \"Version\" : \"2012-10-17\",\n    \"Statement\" : [\n      {\n        \"Effect\" : \"Allow\",\n        \"Action\" : [\n          \"dynamodb:GetItem\"\n        ],\n        \"Resource\" : [\n          \"arn:aws:dynamodb:us-east-1:008298205562:table/aft-request\"\n        ]\n      },\n      {\n        \"Effect\" : \"Allow\",\n        \"Action\" : \"ssm:GetParameter\",\n        \"Resource\" : [\n          \"arn:aws:ssm:us-east-1:008298205562:parameter/aft/*\"\n        ]\n      },\n      {\n        \"Effect\" : \"Allow\",\n        \"Action\" : [\n          \"sts:AssumeRole\",\n          \"sns:Publish\"\n        ],\n        \"Resource\" : [\n          \"arn:aws:iam::008298205562:role/AWSAFTAdmin\"\n        ]\n      },\n      {\n        \"Effect\" : \"Allow\",\n        \"Action\" : \"sts:GetCallerIdentity\",\n        \"Resource\" : \"*\"\n      },\n      {\n        \"Effect\" : \"Allow\",\n        \"Action\" : \"states:StartExecution\",\n        \"Resource\" : \"arn:aws:states:us-east-1:008298205562:stateMachine:aft-account-provisioning-framework\"\n      },\n      {\n        \"Effect\" : \"Allow\",\n        \"Action\" : [\n          \"sns:Publish\"\n        ],\n        \"Resource\" : [\n          \"arn:aws:sns:us-east-1:008298205562:aft-notifications\",\n\t\t      \"arn:aws:sns:us-east-1:008298205562:aft-failure-notifications\"\n        ]\n      },\n      {\n      \"Effect\" : \"Allow\",\n      \"Action\" : [\n        \"kms:GenerateDataKey\",\n        \"kms:Encrypt\",\n        \"kms:Decrypt\"\n      ],\n      \"Resource\" : [\n        \"arn:aws:kms:us-east-1:008298205562:key/aeafe814-f92c-4a5f-8f47-6cc9d9f2c498\",\n        \"arn:aws:kms:us-east-1:008298205562:alias/aws/sns\"\n      ]\n      }\n    ]\n}\n",
            "role": "aft-lambda-invoke-aft-account-provisioning-framework"
          },
          "sensitive_attributes": [],
          "private": "bnVsbA==",
          "dependencies": [
            "module.aft.module.aft_account_request_framework.aws_dynamodb_table.aft_request",
            "module.aft.module.aft_account_request_framework.aws_iam_role.aft_invoke_aft_account_provisioning_framework",
            "module.aft.module.aft_account_request_framework.aws_kms_key.aft",
            "module.aft.module.aft_account_request_framework.aws_sns_topic.aft_failure_notifications",
            "module.aft.module.aft_account_request_framework.aws_sns_topic.aft_notifications",
            "module.aft.module.aft_account_request_framework.data.aws_caller_identity.aft-management",
            "module.aft.module.aft_account_request_framework.data.aws_region.aft-management"
          ]
        }
      ]
    },
    {
      "module": "module.aft.module.aft_account_request_framework",
      "mode": "managed",
      "type": "aws_iam_role_policy",
      "name": "control_tower_events",
      "provider": "module.aft.provider[\"registry.terraform.io/hashicorp/aws\"].ct_management",
      "instances": [
        {
          "schema_version": 0,
          "attributes": {
            "id": "aft-control-tower-events-rule:control-tower-events",
            "name": "control-tower-events",
            "name_prefix": null,
            "policy": "{\n    \"Version\" : \"2012-10-17\",\n    \"Statement\" : [\n      {\n        \"Effect\" : \"Allow\",\n        \"Action\" : [\n          \"events:PutEvents\"\n        ],\n        \"Resource\" : [\n          \"arn:aws:events:us-east-1:008298205562:event-bus/aft-events-from-ct-management\"\n        ]\n      }\n    ]\n}\n",
            "role": "aft-control-tower-events-rule"
          },
          "sensitive_attributes": [],
          "private": "bnVsbA==",
          "dependencies": [
            "module.aft.module.aft_account_request_framework.aws_cloudwatch_event_bus.aft_from_ct_management",
            "module.aft.module.aft_account_request_framework.aws_iam_role.aft_control_tower_events"
          ]
        }
      ]
    },
    {
      "module": "module.aft.module.aft_account_request_framework",
      "mode": "managed",
      "type": "aws_iam_role_policy_attachment",
      "name": "account_request_processor",
      "provider": "module.aft.provider[\"registry.terraform.io/hashicorp/aws\"].aft_management",
      "instances": [
        {
          "index_key": 0,
          "schema_version": 0,
          "attributes": {
            "id": "aft-lambda-account-request-processor-2022042303425970520000001f",
            "policy_arn": "arn:aws:iam::aws:policy/service-role/AWSLambdaBasicExecutionRole",
            "role": "aft-lambda-account-request-processor"
          },
          "sensitive_attributes": [],
          "private": "bnVsbA==",
          "dependencies": [
            "module.aft.module.aft_account_request_framework.aws_iam_role.aft_account_request_processor",
            "module.aft.module.aft_account_request_framework.data.aws_iam_policy.AWSLambdaBasicExecutionRole",
            "module.aft.module.aft_account_request_framework.data.aws_iam_policy.AWSLambdaVPCAccessExecutionRole"
          ]
        },
        {
          "index_key": 1,
          "schema_version": 0,
          "attributes": {
            "id": "aft-lambda-account-request-processor-20220423034259754100000020",
            "policy_arn": "arn:aws:iam::aws:policy/service-role/AWSLambdaVPCAccessExecutionRole",
            "role": "aft-lambda-account-request-processor"
          },
          "sensitive_attributes": [],
          "private": "bnVsbA==",
          "dependencies": [
            "module.aft.module.aft_account_request_framework.aws_iam_role.aft_account_request_processor",
            "module.aft.module.aft_account_request_framework.data.aws_iam_policy.AWSLambdaBasicExecutionRole",
            "module.aft.module.aft_account_request_framework.data.aws_iam_policy.AWSLambdaVPCAccessExecutionRole"
          ]
        }
      ]
    },
    {
      "module": "module.aft.module.aft_account_request_framework",
      "mode": "managed",
      "type": "aws_iam_role_policy_attachment",
      "name": "aft_account_request_action_trigger",
      "provider": "module.aft.provider[\"registry.terraform.io/hashicorp/aws\"].aft_management",
      "instances": [
        {
          "index_key": 0,
          "schema_version": 0,
          "attributes": {
            "id": "aft-lambda-account-request-action-trigger-2022042303425959980000001e",
            "policy_arn": "arn:aws:iam::aws:policy/service-role/AWSLambdaBasicExecutionRole",
            "role": "aft-lambda-account-request-action-trigger"
          },
          "sensitive_attributes": [],
          "private": "bnVsbA==",
          "dependencies": [
            "module.aft.module.aft_account_request_framework.aws_iam_role.aft_account_request_action_trigger",
            "module.aft.module.aft_account_request_framework.data.aws_iam_policy.AWSLambdaBasicExecutionRole",
            "module.aft.module.aft_account_request_framework.data.aws_iam_policy.AWSLambdaVPCAccessExecutionRole"
          ]
        },
        {
          "index_key": 1,
          "schema_version": 0,
          "attributes": {
            "id": "aft-lambda-account-request-action-trigger-2022042303425939340000001d",
            "policy_arn": "arn:aws:iam::aws:policy/service-role/AWSLambdaVPCAccessExecutionRole",
            "role": "aft-lambda-account-request-action-trigger"
          },
          "sensitive_attributes": [],
          "private": "bnVsbA==",
          "dependencies": [
            "module.aft.module.aft_account_request_framework.aws_iam_role.aft_account_request_action_trigger",
            "module.aft.module.aft_account_request_framework.data.aws_iam_policy.AWSLambdaBasicExecutionRole",
            "module.aft.module.aft_account_request_framework.data.aws_iam_policy.AWSLambdaVPCAccessExecutionRole"
          ]
        }
      ]
    },
    {
      "module": "module.aft.module.aft_account_request_framework",
      "mode": "managed",
      "type": "aws_iam_role_policy_attachment",
      "name": "aft_account_request_audit_trigger",
      "provider": "module.aft.provider[\"registry.terraform.io/hashicorp/aws\"].aft_management",
      "instances": [
        {
          "index_key": 0,
          "schema_version": 0,
          "attributes": {
            "id": "aft-lambda-account-request-audit-trigger-2022042303425869320000001b",
            "policy_arn": "arn:aws:iam::aws:policy/service-role/AWSLambdaBasicExecutionRole",
            "role": "aft-lambda-account-request-audit-trigger"
          },
          "sensitive_attributes": [],
          "private": "bnVsbA==",
          "dependencies": [
            "module.aft.module.aft_account_request_framework.aws_iam_role.aft_account_request_audit_trigger",
            "module.aft.module.aft_account_request_framework.data.aws_iam_policy.AWSLambdaBasicExecutionRole",
            "module.aft.module.aft_account_request_framework.data.aws_iam_policy.AWSLambdaVPCAccessExecutionRole"
          ]
        },
        {
          "index_key": 1,
          "schema_version": 0,
          "attributes": {
            "id": "aft-lambda-account-request-audit-trigger-2022042303425881870000001c",
            "policy_arn": "arn:aws:iam::aws:policy/service-role/AWSLambdaVPCAccessExecutionRole",
            "role": "aft-lambda-account-request-audit-trigger"
          },
          "sensitive_attributes": [],
          "private": "bnVsbA==",
          "dependencies": [
            "module.aft.module.aft_account_request_framework.aws_iam_role.aft_account_request_audit_trigger",
            "module.aft.module.aft_account_request_framework.data.aws_iam_policy.AWSLambdaBasicExecutionRole",
            "module.aft.module.aft_account_request_framework.data.aws_iam_policy.AWSLambdaVPCAccessExecutionRole"
          ]
        }
      ]
    },
    {
      "module": "module.aft.module.aft_account_request_framework",
      "mode": "managed",
      "type": "aws_iam_role_policy_attachment",
      "name": "aft_aws_backup_service_role",
      "provider": "module.aft.provider[\"registry.terraform.io/hashicorp/aws\"].aft_management",
      "instances": [
        {
          "schema_version": 0,
          "attributes": {
            "id": "aft-aws-backup-20220423034248941200000001",
            "policy_arn": "arn:aws:iam::aws:policy/service-role/AWSBackupServiceRolePolicyForBackup",
            "role": "aft-aws-backup"
          },
          "sensitive_attributes": [],
          "private": "bnVsbA==",
          "dependencies": [
            "module.aft.module.aft_account_request_framework.aws_iam_role.aft_aws_backup"
          ]
        }
      ]
    },
    {
      "module": "module.aft.module.aft_account_request_framework",
      "mode": "managed",
      "type": "aws_iam_role_policy_attachment",
      "name": "aft_controltower_event_logger",
      "provider": "module.aft.provider[\"registry.terraform.io/hashicorp/aws\"].aft_management",
      "instances": [
        {
          "index_key": 0,
          "schema_version": 0,
          "attributes": {
            "id": "aft-lambda-controltower-event-logger-20220423034300457800000024",
            "policy_arn": "arn:aws:iam::aws:policy/service-role/AWSLambdaBasicExecutionRole",
            "role": "aft-lambda-controltower-event-logger"
          },
          "sensitive_attributes": [],
          "private": "bnVsbA==",
          "dependencies": [
            "module.aft.module.aft_account_request_framework.aws_iam_role.aft_controltower_event_logger",
            "module.aft.module.aft_account_request_framework.data.aws_iam_policy.AWSLambdaBasicExecutionRole",
            "module.aft.module.aft_account_request_framework.data.aws_iam_policy.AWSLambdaVPCAccessExecutionRole"
          ]
        },
        {
          "index_key": 1,
          "schema_version": 0,
          "attributes": {
            "id": "aft-lambda-controltower-event-logger-20220423034300092700000023",
            "policy_arn": "arn:aws:iam::aws:policy/service-role/AWSLambdaVPCAccessExecutionRole",
            "role": "aft-lambda-controltower-event-logger"
          },
          "sensitive_attributes": [],
          "private": "bnVsbA==",
          "dependencies": [
            "module.aft.module.aft_account_request_framework.aws_iam_role.aft_controltower_event_logger",
            "module.aft.module.aft_account_request_framework.data.aws_iam_policy.AWSLambdaBasicExecutionRole",
            "module.aft.module.aft_account_request_framework.data.aws_iam_policy.AWSLambdaVPCAccessExecutionRole"
          ]
        }
      ]
    },
    {
      "module": "module.aft.module.aft_account_request_framework",
      "mode": "managed",
      "type": "aws_iam_role_policy_attachment",
      "name": "aft_invoke_aft_account_provisioning_framework",
      "provider": "module.aft.provider[\"registry.terraform.io/hashicorp/aws\"].aft_management",
      "instances": [
        {
          "index_key": 0,
          "schema_version": 0,
          "attributes": {
            "id": "aft-lambda-invoke-aft-account-provisioning-framework-20220423034300043300000021",
            "policy_arn": "arn:aws:iam::aws:policy/service-role/AWSLambdaBasicExecutionRole",
            "role": "aft-lambda-invoke-aft-account-provisioning-framework"
          },
          "sensitive_attributes": [],
          "private": "bnVsbA==",
          "dependencies": [
            "module.aft.module.aft_account_request_framework.aws_iam_role.aft_invoke_aft_account_provisioning_framework",
            "module.aft.module.aft_account_request_framework.data.aws_iam_policy.AWSLambdaBasicExecutionRole",
            "module.aft.module.aft_account_request_framework.data.aws_iam_policy.AWSLambdaVPCAccessExecutionRole"
          ]
        },
        {
          "index_key": 1,
          "schema_version": 0,
          "attributes": {
            "id": "aft-lambda-invoke-aft-account-provisioning-framework-20220423034300048300000022",
            "policy_arn": "arn:aws:iam::aws:policy/service-role/AWSLambdaVPCAccessExecutionRole",
            "role": "aft-lambda-invoke-aft-account-provisioning-framework"
          },
          "sensitive_attributes": [],
          "private": "bnVsbA==",
          "dependencies": [
            "module.aft.module.aft_account_request_framework.aws_iam_role.aft_invoke_aft_account_provisioning_framework",
            "module.aft.module.aft_account_request_framework.data.aws_iam_policy.AWSLambdaBasicExecutionRole",
            "module.aft.module.aft_account_request_framework.data.aws_iam_policy.AWSLambdaVPCAccessExecutionRole"
          ]
        }
      ]
    },
    {
      "module": "module.aft.module.aft_account_request_framework",
      "mode": "managed",
      "type": "aws_internet_gateway",
      "name": "aft-vpc-igw",
      "provider": "module.aft.provider[\"registry.terraform.io/hashicorp/aws\"].aft_management",
      "instances": [
        {
          "schema_version": 0,
          "attributes": {
            "arn": "arn:aws:ec2:us-east-1:008298205562:internet-gateway/igw-0ad1bb7f5883ba07c",
            "id": "igw-0ad1bb7f5883ba07c",
            "owner_id": "008298205562",
            "tags": {
              "Name": "aft-vpc-igw"
            },
            "tags_all": {
              "Name": "aft-vpc-igw",
              "managed_by": "AFT"
            },
            "vpc_id": "vpc-0d6124dadfcb57dd8"
          },
          "sensitive_attributes": [],
          "private": "bnVsbA==",
          "dependencies": [
            "module.aft.module.aft_account_request_framework.aws_vpc.aft_vpc"
          ]
        }
      ]
    },
    {
      "module": "module.aft.module.aft_account_request_framework",
      "mode": "managed",
      "type": "aws_kms_alias",
      "name": "aft",
      "provider": "module.aft.provider[\"registry.terraform.io/hashicorp/aws\"].aft_management",
      "instances": [
        {
          "schema_version": 0,
          "attributes": {
            "arn": "arn:aws:kms:us-east-1:008298205562:alias/aft",
            "id": "alias/aft",
            "name": "alias/aft",
            "name_prefix": "",
            "target_key_arn": "arn:aws:kms:us-east-1:008298205562:key/aeafe814-f92c-4a5f-8f47-6cc9d9f2c498",
            "target_key_id": "aeafe814-f92c-4a5f-8f47-6cc9d9f2c498"
          },
          "sensitive_attributes": [],
          "private": "bnVsbA==",
          "dependencies": [
            "module.aft.module.aft_account_request_framework.aws_kms_key.aft"
          ]
        }
      ]
    },
    {
      "module": "module.aft.module.aft_account_request_framework",
      "mode": "managed",
      "type": "aws_kms_key",
      "name": "aft",
      "provider": "module.aft.provider[\"registry.terraform.io/hashicorp/aws\"].aft_management",
      "instances": [
        {
          "schema_version": 0,
          "attributes": {
            "arn": "arn:aws:kms:us-east-1:008298205562:key/aeafe814-f92c-4a5f-8f47-6cc9d9f2c498",
            "bypass_policy_lockout_safety_check": false,
            "customer_master_key_spec": "SYMMETRIC_DEFAULT",
            "deletion_window_in_days": null,
            "description": "AFT KMS key",
            "enable_key_rotation": true,
            "id": "aeafe814-f92c-4a5f-8f47-6cc9d9f2c498",
            "is_enabled": true,
            "key_id": "aeafe814-f92c-4a5f-8f47-6cc9d9f2c498",
            "key_usage": "ENCRYPT_DECRYPT",
            "multi_region": false,
            "policy": "{\"Id\":\"key-default-1\",\"Statement\":[{\"Action\":\"kms:*\",\"Effect\":\"Allow\",\"Principal\":{\"AWS\":\"arn:aws:iam::008298205562:root\"},\"Resource\":\"*\",\"Sid\":\"Enable IAM User Permissions\"}],\"Version\":\"2012-10-17\"}",
            "tags": {},
            "tags_all": {
              "managed_by": "AFT"
            }
          },
          "sensitive_attributes": [],
          "private": "bnVsbA==",
          "create_before_destroy": true
        }
      ]
    },
    {
      "module": "module.aft.module.aft_account_request_framework",
      "mode": "managed",
      "type": "aws_lambda_event_source_mapping",
      "name": "aft_account_request_action_trigger",
      "provider": "module.aft.provider[\"registry.terraform.io/hashicorp/aws\"].aft_management",
      "instances": [
        {
          "schema_version": 0,
          "attributes": {
            "batch_size": 1,
            "bisect_batch_on_function_error": false,
            "destination_config": [
              {
                "on_failure": [
                  {
                    "destination_arn": null
                  }
                ]
              }
            ],
            "enabled": true,
            "event_source_arn": "arn:aws:dynamodb:us-east-1:008298205562:table/aft-request/stream/2022-04-23T03:43:03.886",
            "filter_criteria": [],
            "function_arn": "arn:aws:lambda:us-east-1:008298205562:function:aft-account-request-action-trigger",
            "function_name": "arn:aws:lambda:us-east-1:008298205562:function:aft-account-request-action-trigger",
            "function_response_types": [],
            "id": "ede63460-525c-4dd5-8520-46d424fc4176",
            "last_modified": "2022-04-28T16:34:00Z",
            "last_processing_result": "OK",
            "maximum_batching_window_in_seconds": 0,
            "maximum_record_age_in_seconds": -1,
            "maximum_retry_attempts": 1,
            "parallelization_factor": 1,
            "queues": [],
            "self_managed_event_source": [],
            "source_access_configuration": [],
            "starting_position": "LATEST",
            "starting_position_timestamp": "",
            "state": "Enabled",
            "state_transition_reason": "User action",
            "topics": [],
            "tumbling_window_in_seconds": 0,
            "uuid": "ede63460-525c-4dd5-8520-46d424fc4176"
          },
          "sensitive_attributes": [],
          "private": "bnVsbA==",
          "dependencies": [
            "module.aft.data.local_file.version",
            "module.aft.module.aft_account_request_framework.aws_dynamodb_table.aft_request",
            "module.aft.module.aft_account_request_framework.aws_iam_role.aft_account_request_action_trigger",
            "module.aft.module.aft_account_request_framework.aws_kms_key.aft",
            "module.aft.module.aft_account_request_framework.aws_lambda_function.aft_account_request_action_trigger",
            "module.aft.module.aft_account_request_framework.aws_security_group.aft_vpc_default_sg",
            "module.aft.module.aft_account_request_framework.aws_subnet.aft_vpc_private_subnet_01",
            "module.aft.module.aft_account_request_framework.aws_subnet.aft_vpc_private_subnet_02",
            "module.aft.module.aft_account_request_framework.aws_vpc.aft_vpc",
            "module.aft.module.aft_account_request_framework.data.aws_availability_zones.available",
            "module.aft.module.aft_customizations.aws_s3_bucket.aft_codepipeline_customizations_bucket",
            "module.aft.module.aft_customizations.data.aws_caller_identity.current",
            "module.aft.module.aft_lambda_layer.aws_codebuild_project.codebuild",
            "module.aft.module.aft_lambda_layer.aws_iam_role.codebuild",
            "module.aft.module.aft_lambda_layer.aws_iam_role.codebuild_invoker_lambda_role",
            "module.aft.module.aft_lambda_layer.aws_lambda_function.codebuild_invoker",
            "module.aft.module.aft_lambda_layer.aws_lambda_layer_version.layer_version",
            "module.aft.module.aft_lambda_layer.data.aws_lambda_invocation.invoke_codebuild_job",
            "module.aft.module.aft_lambda_layer.data.local_file.aft_lambda_layer",
            "module.aft.module.aft_lambda_layer.random_string.resource_suffix",
            "module.aft.module.packaging.data.archive_file.builder",
            "module.aft.module.packaging.data.archive_file.request_framework"
          ]
        }
      ]
    },
    {
      "module": "module.aft.module.aft_account_request_framework",
      "mode": "managed",
      "type": "aws_lambda_event_source_mapping",
      "name": "aft_account_request_audit_trigger",
      "provider": "module.aft.provider[\"registry.terraform.io/hashicorp/aws\"].aft_management",
      "instances": [
        {
          "schema_version": 0,
          "attributes": {
            "batch_size": 1,
            "bisect_batch_on_function_error": false,
            "destination_config": [
              {
                "on_failure": [
                  {
                    "destination_arn": null
                  }
                ]
              }
            ],
            "enabled": true,
            "event_source_arn": "arn:aws:dynamodb:us-east-1:008298205562:table/aft-request/stream/2022-04-23T03:43:03.886",
            "filter_criteria": [],
            "function_arn": "arn:aws:lambda:us-east-1:008298205562:function:aft-account-request-audit-trigger",
            "function_name": "arn:aws:lambda:us-east-1:008298205562:function:aft-account-request-audit-trigger",
            "function_response_types": [],
            "id": "180224e9-2c1b-4e7b-b082-28ea2702c8bd",
            "last_modified": "2022-04-28T16:34:00Z",
            "last_processing_result": "OK",
            "maximum_batching_window_in_seconds": 0,
            "maximum_record_age_in_seconds": -1,
            "maximum_retry_attempts": 1,
            "parallelization_factor": 1,
            "queues": [],
            "self_managed_event_source": [],
            "source_access_configuration": [],
            "starting_position": "LATEST",
            "starting_position_timestamp": "",
            "state": "Enabled",
            "state_transition_reason": "User action",
            "topics": [],
            "tumbling_window_in_seconds": 0,
            "uuid": "180224e9-2c1b-4e7b-b082-28ea2702c8bd"
          },
          "sensitive_attributes": [],
          "private": "bnVsbA==",
          "dependencies": [
            "module.aft.data.local_file.version",
            "module.aft.module.aft_account_request_framework.aws_dynamodb_table.aft_request",
            "module.aft.module.aft_account_request_framework.aws_iam_role.aft_account_request_audit_trigger",
            "module.aft.module.aft_account_request_framework.aws_kms_key.aft",
            "module.aft.module.aft_account_request_framework.aws_lambda_function.aft_account_request_audit_trigger",
            "module.aft.module.aft_account_request_framework.aws_security_group.aft_vpc_default_sg",
            "module.aft.module.aft_account_request_framework.aws_subnet.aft_vpc_private_subnet_01",
            "module.aft.module.aft_account_request_framework.aws_subnet.aft_vpc_private_subnet_02",
            "module.aft.module.aft_account_request_framework.aws_vpc.aft_vpc",
            "module.aft.module.aft_account_request_framework.data.aws_availability_zones.available",
            "module.aft.module.aft_account_request_framework.time_sleep.wait_60_seconds",
            "module.aft.module.aft_customizations.aws_s3_bucket.aft_codepipeline_customizations_bucket",
            "module.aft.module.aft_customizations.data.aws_caller_identity.current",
            "module.aft.module.aft_lambda_layer.aws_codebuild_project.codebuild",
            "module.aft.module.aft_lambda_layer.aws_iam_role.codebuild",
            "module.aft.module.aft_lambda_layer.aws_iam_role.codebuild_invoker_lambda_role",
            "module.aft.module.aft_lambda_layer.aws_lambda_function.codebuild_invoker",
            "module.aft.module.aft_lambda_layer.aws_lambda_layer_version.layer_version",
            "module.aft.module.aft_lambda_layer.data.aws_lambda_invocation.invoke_codebuild_job",
            "module.aft.module.aft_lambda_layer.data.local_file.aft_lambda_layer",
            "module.aft.module.aft_lambda_layer.random_string.resource_suffix",
            "module.aft.module.packaging.data.archive_file.builder",
            "module.aft.module.packaging.data.archive_file.request_framework"
          ]
        }
      ]
    },
    {
      "module": "module.aft.module.aft_account_request_framework",
      "mode": "managed",
      "type": "aws_lambda_function",
      "name": "aft_account_request_action_trigger",
      "provider": "module.aft.provider[\"registry.terraform.io/hashicorp/aws\"].aft_management",
      "instances": [
        {
          "schema_version": 0,
          "attributes": {
            "architectures": [
              "x86_64"
            ],
            "arn": "arn:aws:lambda:us-east-1:008298205562:function:aft-account-request-action-trigger",
            "code_signing_config_arn": "",
            "dead_letter_config": [],
            "description": "Receives trigger from DynamoDB aft-request table and determines action target - SQS or Lambda aft-invoke-aft-account-provisioning-framework",
            "environment": [],
            "file_system_config": [],
            "filename": ".terraform/modules/aft/modules/aft-archives/../../src/aft_lambda/aft_account_request_framework.zip",
            "function_name": "aft-account-request-action-trigger",
            "handler": "aft_account_request_action_trigger.lambda_handler",
            "id": "aft-account-request-action-trigger",
            "image_config": [],
            "image_uri": "",
            "invoke_arn": "arn:aws:apigateway:us-east-1:lambda:path/2015-03-31/functions/arn:aws:lambda:us-east-1:008298205562:function:aft-account-request-action-trigger/invocations",
            "kms_key_arn": "",
            "last_modified": "2022-05-04T19:56:42.000+0000",
            "layers": [
              "arn:aws:lambda:us-east-1:008298205562:layer:aft-common-1-3-5:1"
            ],
            "memory_size": 1024,
            "package_type": "Zip",
            "publish": false,
            "qualified_arn": "arn:aws:lambda:us-east-1:008298205562:function:aft-account-request-action-trigger:$LATEST",
            "reserved_concurrent_executions": -1,
            "role": "arn:aws:iam::008298205562:role/aft-lambda-account-request-action-trigger",
            "runtime": "python3.8",
            "s3_bucket": null,
            "s3_key": null,
            "s3_object_version": null,
            "signing_job_arn": "",
            "signing_profile_version_arn": "",
            "source_code_hash": "pwfnR1s6ahWtjMaVk/O3kTG/51j8x5N+q4dc7Ejrvrs=",
            "source_code_size": 4990,
            "tags": {},
            "tags_all": {
              "managed_by": "AFT"
            },
            "timeout": 300,
            "timeouts": null,
            "tracing_config": [
              {
                "mode": "PassThrough"
              }
            ],
            "version": "$LATEST",
            "vpc_config": [
              {
                "security_group_ids": [
                  "sg-0a7b6748a01d2169a"
                ],
                "subnet_ids": [
                  "subnet-041cf026a115900a6",
                  "subnet-066a1962f2cece8db"
                ],
                "vpc_id": "vpc-0d6124dadfcb57dd8"
              }
            ]
          },
          "sensitive_attributes": [],
          "private": "eyJlMmJmYjczMC1lY2FhLTExZTYtOGY4OC0zNDM2M2JjN2M0YzAiOnsiY3JlYXRlIjo2MDAwMDAwMDAwMDB9fQ==",
          "dependencies": [
            "module.aft.data.local_file.version",
            "module.aft.module.aft_account_request_framework.aws_iam_role.aft_account_request_action_trigger",
            "module.aft.module.aft_account_request_framework.aws_kms_key.aft",
            "module.aft.module.aft_account_request_framework.aws_security_group.aft_vpc_default_sg",
            "module.aft.module.aft_account_request_framework.aws_subnet.aft_vpc_private_subnet_01",
            "module.aft.module.aft_account_request_framework.aws_subnet.aft_vpc_private_subnet_02",
            "module.aft.module.aft_account_request_framework.aws_vpc.aft_vpc",
            "module.aft.module.aft_account_request_framework.data.aws_availability_zones.available",
            "module.aft.module.aft_customizations.aws_s3_bucket.aft_codepipeline_customizations_bucket",
            "module.aft.module.aft_customizations.data.aws_caller_identity.current",
            "module.aft.module.aft_lambda_layer.aws_codebuild_project.codebuild",
            "module.aft.module.aft_lambda_layer.aws_iam_role.codebuild",
            "module.aft.module.aft_lambda_layer.aws_iam_role.codebuild_invoker_lambda_role",
            "module.aft.module.aft_lambda_layer.aws_lambda_function.codebuild_invoker",
            "module.aft.module.aft_lambda_layer.aws_lambda_layer_version.layer_version",
            "module.aft.module.aft_lambda_layer.data.aws_lambda_invocation.invoke_codebuild_job",
            "module.aft.module.aft_lambda_layer.data.local_file.aft_lambda_layer",
            "module.aft.module.aft_lambda_layer.random_string.resource_suffix",
            "module.aft.module.packaging.data.archive_file.builder",
            "module.aft.module.packaging.data.archive_file.request_framework"
          ]
        }
      ]
    },
    {
      "module": "module.aft.module.aft_account_request_framework",
      "mode": "managed",
      "type": "aws_lambda_function",
      "name": "aft_account_request_audit_trigger",
      "provider": "module.aft.provider[\"registry.terraform.io/hashicorp/aws\"].aft_management",
      "instances": [
        {
          "schema_version": 0,
          "attributes": {
            "architectures": [
              "x86_64"
            ],
            "arn": "arn:aws:lambda:us-east-1:008298205562:function:aft-account-request-audit-trigger",
            "code_signing_config_arn": "",
            "dead_letter_config": [],
            "description": "Receives trigger from DynamoDB aft-request table and inserts the event into aft-request-audit table",
            "environment": [],
            "file_system_config": [],
            "filename": ".terraform/modules/aft/modules/aft-archives/../../src/aft_lambda/aft_account_request_framework.zip",
            "function_name": "aft-account-request-audit-trigger",
            "handler": "aft_account_request_audit_trigger.lambda_handler",
            "id": "aft-account-request-audit-trigger",
            "image_config": [],
            "image_uri": "",
            "invoke_arn": "arn:aws:apigateway:us-east-1:lambda:path/2015-03-31/functions/arn:aws:lambda:us-east-1:008298205562:function:aft-account-request-audit-trigger/invocations",
            "kms_key_arn": "",
            "last_modified": "2022-05-04T19:55:44.000+0000",
            "layers": [
              "arn:aws:lambda:us-east-1:008298205562:layer:aft-common-1-3-5:1"
            ],
            "memory_size": 1024,
            "package_type": "Zip",
            "publish": false,
            "qualified_arn": "arn:aws:lambda:us-east-1:008298205562:function:aft-account-request-audit-trigger:$LATEST",
            "reserved_concurrent_executions": -1,
            "role": "arn:aws:iam::008298205562:role/aft-lambda-account-request-audit-trigger",
            "runtime": "python3.8",
            "s3_bucket": null,
            "s3_key": null,
            "s3_object_version": null,
            "signing_job_arn": "",
            "signing_profile_version_arn": "",
            "source_code_hash": "pwfnR1s6ahWtjMaVk/O3kTG/51j8x5N+q4dc7Ejrvrs=",
            "source_code_size": 4990,
            "tags": {},
            "tags_all": {
              "managed_by": "AFT"
            },
            "timeout": 300,
            "timeouts": null,
            "tracing_config": [
              {
                "mode": "PassThrough"
              }
            ],
            "version": "$LATEST",
            "vpc_config": [
              {
                "security_group_ids": [
                  "sg-0a7b6748a01d2169a"
                ],
                "subnet_ids": [
                  "subnet-041cf026a115900a6",
                  "subnet-066a1962f2cece8db"
                ],
                "vpc_id": "vpc-0d6124dadfcb57dd8"
              }
            ]
          },
          "sensitive_attributes": [],
          "private": "eyJlMmJmYjczMC1lY2FhLTExZTYtOGY4OC0zNDM2M2JjN2M0YzAiOnsiY3JlYXRlIjo2MDAwMDAwMDAwMDB9fQ==",
          "dependencies": [
            "module.aft.data.local_file.version",
            "module.aft.module.aft_account_request_framework.aws_iam_role.aft_account_request_audit_trigger",
            "module.aft.module.aft_account_request_framework.aws_kms_key.aft",
            "module.aft.module.aft_account_request_framework.aws_security_group.aft_vpc_default_sg",
            "module.aft.module.aft_account_request_framework.aws_subnet.aft_vpc_private_subnet_01",
            "module.aft.module.aft_account_request_framework.aws_subnet.aft_vpc_private_subnet_02",
            "module.aft.module.aft_account_request_framework.aws_vpc.aft_vpc",
            "module.aft.module.aft_account_request_framework.data.aws_availability_zones.available",
            "module.aft.module.aft_customizations.aws_s3_bucket.aft_codepipeline_customizations_bucket",
            "module.aft.module.aft_customizations.data.aws_caller_identity.current",
            "module.aft.module.aft_lambda_layer.aws_codebuild_project.codebuild",
            "module.aft.module.aft_lambda_layer.aws_iam_role.codebuild",
            "module.aft.module.aft_lambda_layer.aws_iam_role.codebuild_invoker_lambda_role",
            "module.aft.module.aft_lambda_layer.aws_lambda_function.codebuild_invoker",
            "module.aft.module.aft_lambda_layer.aws_lambda_layer_version.layer_version",
            "module.aft.module.aft_lambda_layer.data.aws_lambda_invocation.invoke_codebuild_job",
            "module.aft.module.aft_lambda_layer.data.local_file.aft_lambda_layer",
            "module.aft.module.aft_lambda_layer.random_string.resource_suffix",
            "module.aft.module.packaging.data.archive_file.builder",
            "module.aft.module.packaging.data.archive_file.request_framework"
          ]
        }
      ]
    },
    {
      "module": "module.aft.module.aft_account_request_framework",
      "mode": "managed",
      "type": "aws_lambda_function",
      "name": "aft_account_request_processor",
      "provider": "module.aft.provider[\"registry.terraform.io/hashicorp/aws\"].aft_management",
      "instances": [
        {
          "schema_version": 0,
          "attributes": {
            "architectures": [
              "x86_64"
            ],
            "arn": "arn:aws:lambda:us-east-1:008298205562:function:aft-account-request-processor",
            "code_signing_config_arn": "",
            "dead_letter_config": [],
            "description": "Triggered by CW Event, reads aft-account-request.fifo queue and performs needed action",
            "environment": [],
            "file_system_config": [],
            "filename": ".terraform/modules/aft/modules/aft-archives/../../src/aft_lambda/aft_account_request_framework.zip",
            "function_name": "aft-account-request-processor",
            "handler": "aft_account_request_processor.lambda_handler",
            "id": "aft-account-request-processor",
            "image_config": [],
            "image_uri": "",
            "invoke_arn": "arn:aws:apigateway:us-east-1:lambda:path/2015-03-31/functions/arn:aws:lambda:us-east-1:008298205562:function:aft-account-request-processor/invocations",
            "kms_key_arn": "",
            "last_modified": "2022-05-04T19:56:01.000+0000",
            "layers": [
              "arn:aws:lambda:us-east-1:008298205562:layer:aft-common-1-3-5:1"
            ],
            "memory_size": 1024,
            "package_type": "Zip",
            "publish": false,
            "qualified_arn": "arn:aws:lambda:us-east-1:008298205562:function:aft-account-request-processor:$LATEST",
            "reserved_concurrent_executions": -1,
            "role": "arn:aws:iam::008298205562:role/aft-lambda-account-request-processor",
            "runtime": "python3.8",
            "s3_bucket": null,
            "s3_key": null,
            "s3_object_version": null,
            "signing_job_arn": "",
            "signing_profile_version_arn": "",
            "source_code_hash": "pwfnR1s6ahWtjMaVk/O3kTG/51j8x5N+q4dc7Ejrvrs=",
            "source_code_size": 4990,
            "tags": {},
            "tags_all": {
              "managed_by": "AFT"
            },
            "timeout": 300,
            "timeouts": null,
            "tracing_config": [
              {
                "mode": "PassThrough"
              }
            ],
            "version": "$LATEST",
            "vpc_config": [
              {
                "security_group_ids": [
                  "sg-0a7b6748a01d2169a"
                ],
                "subnet_ids": [
                  "subnet-041cf026a115900a6",
                  "subnet-066a1962f2cece8db"
                ],
                "vpc_id": "vpc-0d6124dadfcb57dd8"
              }
            ]
          },
          "sensitive_attributes": [],
          "private": "eyJlMmJmYjczMC1lY2FhLTExZTYtOGY4OC0zNDM2M2JjN2M0YzAiOnsiY3JlYXRlIjo2MDAwMDAwMDAwMDB9fQ==",
          "dependencies": [
            "module.aft.data.local_file.version",
            "module.aft.module.aft_account_request_framework.aws_iam_role.aft_account_request_processor",
            "module.aft.module.aft_account_request_framework.aws_kms_key.aft",
            "module.aft.module.aft_account_request_framework.aws_security_group.aft_vpc_default_sg",
            "module.aft.module.aft_account_request_framework.aws_subnet.aft_vpc_private_subnet_01",
            "module.aft.module.aft_account_request_framework.aws_subnet.aft_vpc_private_subnet_02",
            "module.aft.module.aft_account_request_framework.aws_vpc.aft_vpc",
            "module.aft.module.aft_account_request_framework.data.aws_availability_zones.available",
            "module.aft.module.aft_customizations.aws_s3_bucket.aft_codepipeline_customizations_bucket",
            "module.aft.module.aft_customizations.data.aws_caller_identity.current",
            "module.aft.module.aft_lambda_layer.aws_codebuild_project.codebuild",
            "module.aft.module.aft_lambda_layer.aws_iam_role.codebuild",
            "module.aft.module.aft_lambda_layer.aws_iam_role.codebuild_invoker_lambda_role",
            "module.aft.module.aft_lambda_layer.aws_lambda_function.codebuild_invoker",
            "module.aft.module.aft_lambda_layer.aws_lambda_layer_version.layer_version",
            "module.aft.module.aft_lambda_layer.data.aws_lambda_invocation.invoke_codebuild_job",
            "module.aft.module.aft_lambda_layer.data.local_file.aft_lambda_layer",
            "module.aft.module.aft_lambda_layer.random_string.resource_suffix",
            "module.aft.module.packaging.data.archive_file.builder",
            "module.aft.module.packaging.data.archive_file.request_framework"
          ]
        }
      ]
    },
    {
      "module": "module.aft.module.aft_account_request_framework",
      "mode": "managed",
      "type": "aws_lambda_function",
      "name": "aft_controltower_event_logger",
      "provider": "module.aft.provider[\"registry.terraform.io/hashicorp/aws\"].aft_management",
      "instances": [
        {
          "schema_version": 0,
          "attributes": {
            "architectures": [
              "x86_64"
            ],
            "arn": "arn:aws:lambda:us-east-1:008298205562:function:aft-controltower-event-logger",
            "code_signing_config_arn": "",
            "dead_letter_config": [],
            "description": "Receives Control Tower events through dedicated event bus event and writes event to aft-controltower-events table",
            "environment": [],
            "file_system_config": [],
            "filename": ".terraform/modules/aft/modules/aft-archives/../../src/aft_lambda/aft_account_request_framework.zip",
            "function_name": "aft-controltower-event-logger",
            "handler": "aft_controltower_event_logger.lambda_handler",
            "id": "aft-controltower-event-logger",
            "image_config": [],
            "image_uri": "",
            "invoke_arn": "arn:aws:apigateway:us-east-1:lambda:path/2015-03-31/functions/arn:aws:lambda:us-east-1:008298205562:function:aft-controltower-event-logger/invocations",
            "kms_key_arn": "",
            "last_modified": "2022-05-04T19:56:13.000+0000",
            "layers": [
              "arn:aws:lambda:us-east-1:008298205562:layer:aft-common-1-3-5:1"
            ],
            "memory_size": 1024,
            "package_type": "Zip",
            "publish": false,
            "qualified_arn": "arn:aws:lambda:us-east-1:008298205562:function:aft-controltower-event-logger:$LATEST",
            "reserved_concurrent_executions": -1,
            "role": "arn:aws:iam::008298205562:role/aft-lambda-controltower-event-logger",
            "runtime": "python3.8",
            "s3_bucket": null,
            "s3_key": null,
            "s3_object_version": null,
            "signing_job_arn": "",
            "signing_profile_version_arn": "",
            "source_code_hash": "pwfnR1s6ahWtjMaVk/O3kTG/51j8x5N+q4dc7Ejrvrs=",
            "source_code_size": 4990,
            "tags": {},
            "tags_all": {
              "managed_by": "AFT"
            },
            "timeout": 300,
            "timeouts": null,
            "tracing_config": [
              {
                "mode": "PassThrough"
              }
            ],
            "version": "$LATEST",
            "vpc_config": [
              {
                "security_group_ids": [
                  "sg-0a7b6748a01d2169a"
                ],
                "subnet_ids": [
                  "subnet-041cf026a115900a6",
                  "subnet-066a1962f2cece8db"
                ],
                "vpc_id": "vpc-0d6124dadfcb57dd8"
              }
            ]
          },
          "sensitive_attributes": [],
          "private": "eyJlMmJmYjczMC1lY2FhLTExZTYtOGY4OC0zNDM2M2JjN2M0YzAiOnsiY3JlYXRlIjo2MDAwMDAwMDAwMDB9fQ==",
          "dependencies": [
            "module.aft.data.local_file.version",
            "module.aft.module.aft_account_request_framework.aws_iam_role.aft_controltower_event_logger",
            "module.aft.module.aft_account_request_framework.aws_kms_key.aft",
            "module.aft.module.aft_account_request_framework.aws_security_group.aft_vpc_default_sg",
            "module.aft.module.aft_account_request_framework.aws_subnet.aft_vpc_private_subnet_01",
            "module.aft.module.aft_account_request_framework.aws_subnet.aft_vpc_private_subnet_02",
            "module.aft.module.aft_account_request_framework.aws_vpc.aft_vpc",
            "module.aft.module.aft_account_request_framework.data.aws_availability_zones.available",
            "module.aft.module.aft_customizations.aws_s3_bucket.aft_codepipeline_customizations_bucket",
            "module.aft.module.aft_customizations.data.aws_caller_identity.current",
            "module.aft.module.aft_lambda_layer.aws_codebuild_project.codebuild",
            "module.aft.module.aft_lambda_layer.aws_iam_role.codebuild",
            "module.aft.module.aft_lambda_layer.aws_iam_role.codebuild_invoker_lambda_role",
            "module.aft.module.aft_lambda_layer.aws_lambda_function.codebuild_invoker",
            "module.aft.module.aft_lambda_layer.aws_lambda_layer_version.layer_version",
            "module.aft.module.aft_lambda_layer.data.aws_lambda_invocation.invoke_codebuild_job",
            "module.aft.module.aft_lambda_layer.data.local_file.aft_lambda_layer",
            "module.aft.module.aft_lambda_layer.random_string.resource_suffix",
            "module.aft.module.packaging.data.archive_file.builder",
            "module.aft.module.packaging.data.archive_file.request_framework"
          ]
        }
      ]
    },
    {
      "module": "module.aft.module.aft_account_request_framework",
      "mode": "managed",
      "type": "aws_lambda_function",
      "name": "aft_invoke_aft_account_provisioning_framework",
      "provider": "module.aft.provider[\"registry.terraform.io/hashicorp/aws\"].aft_management",
      "instances": [
        {
          "schema_version": 0,
          "attributes": {
            "architectures": [
              "x86_64"
            ],
            "arn": "arn:aws:lambda:us-east-1:008298205562:function:aft-invoke-aft-account-provisioning-framework",
            "code_signing_config_arn": "",
            "dead_letter_config": [],
            "description": "Calls AFT Account Provisioning Framework Step Function based on a formatted incoming event from Lambda or CW Event",
            "environment": [],
            "file_system_config": [],
            "filename": ".terraform/modules/aft/modules/aft-archives/../../src/aft_lambda/aft_account_request_framework.zip",
            "function_name": "aft-invoke-aft-account-provisioning-framework",
            "handler": "aft_invoke_aft_account_provisioning_framework.lambda_handler",
            "id": "aft-invoke-aft-account-provisioning-framework",
            "image_config": [],
            "image_uri": "",
            "invoke_arn": "arn:aws:apigateway:us-east-1:lambda:path/2015-03-31/functions/arn:aws:lambda:us-east-1:008298205562:function:aft-invoke-aft-account-provisioning-framework/invocations",
            "kms_key_arn": "",
            "last_modified": "2022-05-04T19:56:27.000+0000",
            "layers": [
              "arn:aws:lambda:us-east-1:008298205562:layer:aft-common-1-3-5:1"
            ],
            "memory_size": 1024,
            "package_type": "Zip",
            "publish": false,
            "qualified_arn": "arn:aws:lambda:us-east-1:008298205562:function:aft-invoke-aft-account-provisioning-framework:$LATEST",
            "reserved_concurrent_executions": -1,
            "role": "arn:aws:iam::008298205562:role/aft-lambda-invoke-aft-account-provisioning-framework",
            "runtime": "python3.8",
            "s3_bucket": null,
            "s3_key": null,
            "s3_object_version": null,
            "signing_job_arn": "",
            "signing_profile_version_arn": "",
            "source_code_hash": "pwfnR1s6ahWtjMaVk/O3kTG/51j8x5N+q4dc7Ejrvrs=",
            "source_code_size": 4990,
            "tags": {},
            "tags_all": {
              "managed_by": "AFT"
            },
            "timeout": 300,
            "timeouts": null,
            "tracing_config": [
              {
                "mode": "PassThrough"
              }
            ],
            "version": "$LATEST",
            "vpc_config": [
              {
                "security_group_ids": [
                  "sg-0a7b6748a01d2169a"
                ],
                "subnet_ids": [
                  "subnet-041cf026a115900a6",
                  "subnet-066a1962f2cece8db"
                ],
                "vpc_id": "vpc-0d6124dadfcb57dd8"
              }
            ]
          },
          "sensitive_attributes": [],
          "private": "eyJlMmJmYjczMC1lY2FhLTExZTYtOGY4OC0zNDM2M2JjN2M0YzAiOnsiY3JlYXRlIjo2MDAwMDAwMDAwMDB9fQ==",
          "dependencies": [
            "module.aft.data.local_file.version",
            "module.aft.module.aft_account_request_framework.aws_iam_role.aft_invoke_aft_account_provisioning_framework",
            "module.aft.module.aft_account_request_framework.aws_kms_key.aft",
            "module.aft.module.aft_account_request_framework.aws_security_group.aft_vpc_default_sg",
            "module.aft.module.aft_account_request_framework.aws_subnet.aft_vpc_private_subnet_01",
            "module.aft.module.aft_account_request_framework.aws_subnet.aft_vpc_private_subnet_02",
            "module.aft.module.aft_account_request_framework.aws_vpc.aft_vpc",
            "module.aft.module.aft_account_request_framework.data.aws_availability_zones.available",
            "module.aft.module.aft_customizations.aws_s3_bucket.aft_codepipeline_customizations_bucket",
            "module.aft.module.aft_customizations.data.aws_caller_identity.current",
            "module.aft.module.aft_lambda_layer.aws_codebuild_project.codebuild",
            "module.aft.module.aft_lambda_layer.aws_iam_role.codebuild",
            "module.aft.module.aft_lambda_layer.aws_iam_role.codebuild_invoker_lambda_role",
            "module.aft.module.aft_lambda_layer.aws_lambda_function.codebuild_invoker",
            "module.aft.module.aft_lambda_layer.aws_lambda_layer_version.layer_version",
            "module.aft.module.aft_lambda_layer.data.aws_lambda_invocation.invoke_codebuild_job",
            "module.aft.module.aft_lambda_layer.data.local_file.aft_lambda_layer",
            "module.aft.module.aft_lambda_layer.random_string.resource_suffix",
            "module.aft.module.packaging.data.archive_file.builder",
            "module.aft.module.packaging.data.archive_file.request_framework"
          ]
        }
      ]
    },
    {
      "module": "module.aft.module.aft_account_request_framework",
      "mode": "managed",
      "type": "aws_lambda_permission",
      "name": "aft_account_request_processor",
      "provider": "module.aft.provider[\"registry.terraform.io/hashicorp/aws\"].aft_management",
      "instances": [
        {
          "schema_version": 0,
          "attributes": {
            "action": "lambda:InvokeFunction",
            "event_source_token": null,
            "function_name": "aft-account-request-processor",
            "id": "AllowExecutionFromCloudWatch",
            "principal": "events.amazonaws.com",
            "qualifier": "",
            "source_account": null,
            "source_arn": "arn:aws:events:us-east-1:008298205562:rule/aft-lambda-account-request-processor",
            "statement_id": "AllowExecutionFromCloudWatch",
            "statement_id_prefix": null
          },
          "sensitive_attributes": [],
          "private": "bnVsbA==",
          "dependencies": [
            "module.aft.data.local_file.version",
            "module.aft.module.aft_account_request_framework.aws_cloudwatch_event_rule.aft_account_request_processor",
            "module.aft.module.aft_account_request_framework.aws_iam_role.aft_account_request_processor",
            "module.aft.module.aft_account_request_framework.aws_kms_key.aft",
            "module.aft.module.aft_account_request_framework.aws_lambda_function.aft_account_request_processor",
            "module.aft.module.aft_account_request_framework.aws_security_group.aft_vpc_default_sg",
            "module.aft.module.aft_account_request_framework.aws_subnet.aft_vpc_private_subnet_01",
            "module.aft.module.aft_account_request_framework.aws_subnet.aft_vpc_private_subnet_02",
            "module.aft.module.aft_account_request_framework.aws_vpc.aft_vpc",
            "module.aft.module.aft_account_request_framework.data.aws_availability_zones.available",
            "module.aft.module.aft_customizations.aws_s3_bucket.aft_codepipeline_customizations_bucket",
            "module.aft.module.aft_customizations.data.aws_caller_identity.current",
            "module.aft.module.aft_lambda_layer.aws_codebuild_project.codebuild",
            "module.aft.module.aft_lambda_layer.aws_iam_role.codebuild",
            "module.aft.module.aft_lambda_layer.aws_iam_role.codebuild_invoker_lambda_role",
            "module.aft.module.aft_lambda_layer.aws_lambda_function.codebuild_invoker",
            "module.aft.module.aft_lambda_layer.aws_lambda_layer_version.layer_version",
            "module.aft.module.aft_lambda_layer.data.aws_lambda_invocation.invoke_codebuild_job",
            "module.aft.module.aft_lambda_layer.data.local_file.aft_lambda_layer",
            "module.aft.module.aft_lambda_layer.random_string.resource_suffix",
            "module.aft.module.packaging.data.archive_file.builder",
            "module.aft.module.packaging.data.archive_file.request_framework"
          ]
        }
      ]
    },
    {
      "module": "module.aft.module.aft_account_request_framework",
      "mode": "managed",
      "type": "aws_lambda_permission",
      "name": "aft_controltower_event_logger",
      "provider": "module.aft.provider[\"registry.terraform.io/hashicorp/aws\"].aft_management",
      "instances": [
        {
          "schema_version": 0,
          "attributes": {
            "action": "lambda:InvokeFunction",
            "event_source_token": null,
            "function_name": "aft-controltower-event-logger",
            "id": "AllowExecutionFromCloudWatch",
            "principal": "events.amazonaws.com",
            "qualifier": "",
            "source_account": null,
            "source_arn": "arn:aws:events:us-east-1:008298205562:rule/aft-events-from-ct-management/aft-controltower-event-logger",
            "statement_id": "AllowExecutionFromCloudWatch",
            "statement_id_prefix": null
          },
          "sensitive_attributes": [],
          "private": "bnVsbA==",
          "dependencies": [
            "module.aft.data.local_file.version",
            "module.aft.module.aft_account_request_framework.aws_cloudwatch_event_bus.aft_from_ct_management",
            "module.aft.module.aft_account_request_framework.aws_cloudwatch_event_rule.aft_controltower_event_trigger",
            "module.aft.module.aft_account_request_framework.aws_iam_role.aft_controltower_event_logger",
            "module.aft.module.aft_account_request_framework.aws_kms_key.aft",
            "module.aft.module.aft_account_request_framework.aws_lambda_function.aft_controltower_event_logger",
            "module.aft.module.aft_account_request_framework.aws_security_group.aft_vpc_default_sg",
            "module.aft.module.aft_account_request_framework.aws_subnet.aft_vpc_private_subnet_01",
            "module.aft.module.aft_account_request_framework.aws_subnet.aft_vpc_private_subnet_02",
            "module.aft.module.aft_account_request_framework.aws_vpc.aft_vpc",
            "module.aft.module.aft_account_request_framework.data.aws_availability_zones.available",
            "module.aft.module.aft_account_request_framework.data.aws_caller_identity.ct-management",
            "module.aft.module.aft_customizations.aws_s3_bucket.aft_codepipeline_customizations_bucket",
            "module.aft.module.aft_customizations.data.aws_caller_identity.current",
            "module.aft.module.aft_lambda_layer.aws_codebuild_project.codebuild",
            "module.aft.module.aft_lambda_layer.aws_iam_role.codebuild",
            "module.aft.module.aft_lambda_layer.aws_iam_role.codebuild_invoker_lambda_role",
            "module.aft.module.aft_lambda_layer.aws_lambda_function.codebuild_invoker",
            "module.aft.module.aft_lambda_layer.aws_lambda_layer_version.layer_version",
            "module.aft.module.aft_lambda_layer.data.aws_lambda_invocation.invoke_codebuild_job",
            "module.aft.module.aft_lambda_layer.data.local_file.aft_lambda_layer",
            "module.aft.module.aft_lambda_layer.random_string.resource_suffix",
            "module.aft.module.packaging.data.archive_file.builder",
            "module.aft.module.packaging.data.archive_file.request_framework"
          ]
        }
      ]
    },
    {
      "module": "module.aft.module.aft_account_request_framework",
      "mode": "managed",
      "type": "aws_lambda_permission",
      "name": "aft_invoke_aft_account_provisioning_framework",
      "provider": "module.aft.provider[\"registry.terraform.io/hashicorp/aws\"].aft_management",
      "instances": [
        {
          "schema_version": 0,
          "attributes": {
            "action": "lambda:InvokeFunction",
            "event_source_token": null,
            "function_name": "aft-invoke-aft-account-provisioning-framework",
            "id": "AllowExecutionFromCloudWatch",
            "principal": "events.amazonaws.com",
            "qualifier": "",
            "source_account": null,
            "source_arn": "arn:aws:events:us-east-1:008298205562:rule/aft-events-from-ct-management/aft-controltower-event-logger",
            "statement_id": "AllowExecutionFromCloudWatch",
            "statement_id_prefix": null
          },
          "sensitive_attributes": [],
          "private": "bnVsbA==",
          "dependencies": [
            "module.aft.data.local_file.version",
            "module.aft.module.aft_account_request_framework.aws_cloudwatch_event_bus.aft_from_ct_management",
            "module.aft.module.aft_account_request_framework.aws_cloudwatch_event_rule.aft_controltower_event_trigger",
            "module.aft.module.aft_account_request_framework.aws_iam_role.aft_invoke_aft_account_provisioning_framework",
            "module.aft.module.aft_account_request_framework.aws_kms_key.aft",
            "module.aft.module.aft_account_request_framework.aws_lambda_function.aft_invoke_aft_account_provisioning_framework",
            "module.aft.module.aft_account_request_framework.aws_security_group.aft_vpc_default_sg",
            "module.aft.module.aft_account_request_framework.aws_subnet.aft_vpc_private_subnet_01",
            "module.aft.module.aft_account_request_framework.aws_subnet.aft_vpc_private_subnet_02",
            "module.aft.module.aft_account_request_framework.aws_vpc.aft_vpc",
            "module.aft.module.aft_account_request_framework.data.aws_availability_zones.available",
            "module.aft.module.aft_account_request_framework.data.aws_caller_identity.ct-management",
            "module.aft.module.aft_customizations.aws_s3_bucket.aft_codepipeline_customizations_bucket",
            "module.aft.module.aft_customizations.data.aws_caller_identity.current",
            "module.aft.module.aft_lambda_layer.aws_codebuild_project.codebuild",
            "module.aft.module.aft_lambda_layer.aws_iam_role.codebuild",
            "module.aft.module.aft_lambda_layer.aws_iam_role.codebuild_invoker_lambda_role",
            "module.aft.module.aft_lambda_layer.aws_lambda_function.codebuild_invoker",
            "module.aft.module.aft_lambda_layer.aws_lambda_layer_version.layer_version",
            "module.aft.module.aft_lambda_layer.data.aws_lambda_invocation.invoke_codebuild_job",
            "module.aft.module.aft_lambda_layer.data.local_file.aft_lambda_layer",
            "module.aft.module.aft_lambda_layer.random_string.resource_suffix",
            "module.aft.module.packaging.data.archive_file.builder",
            "module.aft.module.packaging.data.archive_file.request_framework"
          ]
        }
      ]
    },
    {
      "module": "module.aft.module.aft_account_request_framework",
      "mode": "managed",
      "type": "aws_nat_gateway",
      "name": "aft-vpc-natgw-01",
      "provider": "module.aft.provider[\"registry.terraform.io/hashicorp/aws\"].aft_management",
      "instances": [
        {
          "schema_version": 0,
          "attributes": {
            "allocation_id": "eipalloc-0cc416fa38dcf1495",
            "connectivity_type": "public",
            "id": "nat-05f9eb504a339c46d",
            "network_interface_id": "eni-0196da4156c26c086",
            "private_ip": "192.168.2.56",
            "public_ip": "54.80.8.19",
            "subnet_id": "subnet-0b42a693e1ba0dbaf",
            "tags": {
              "Name": "aft-vpc-natgw-01"
            },
            "tags_all": {
              "Name": "aft-vpc-natgw-01",
              "managed_by": "AFT"
            }
          },
          "sensitive_attributes": [],
          "private": "bnVsbA==",
          "dependencies": [
            "module.aft.module.aft_account_request_framework.aws_eip.aft-vpc-natgw-01",
            "module.aft.module.aft_account_request_framework.aws_internet_gateway.aft-vpc-igw",
            "module.aft.module.aft_account_request_framework.aws_subnet.aft_vpc_public_subnet_01",
            "module.aft.module.aft_account_request_framework.aws_vpc.aft_vpc",
            "module.aft.module.aft_account_request_framework.data.aws_availability_zones.available"
          ]
        }
      ]
    },
    {
      "module": "module.aft.module.aft_account_request_framework",
      "mode": "managed",
      "type": "aws_nat_gateway",
      "name": "aft-vpc-natgw-02",
      "provider": "module.aft.provider[\"registry.terraform.io/hashicorp/aws\"].aft_management",
      "instances": [
        {
          "schema_version": 0,
          "attributes": {
            "allocation_id": "eipalloc-03b14fb4592464174",
            "connectivity_type": "public",
            "id": "nat-018b4ac35a56e419e",
            "network_interface_id": "eni-0388edcb9784107b2",
            "private_ip": "192.168.2.166",
            "public_ip": "18.210.109.154",
            "subnet_id": "subnet-0ba73cf3900ca8a7a",
            "tags": {
              "Name": "aft-vpc-natgw-02"
            },
            "tags_all": {
              "Name": "aft-vpc-natgw-02",
              "managed_by": "AFT"
            }
          },
          "sensitive_attributes": [],
          "private": "bnVsbA==",
          "dependencies": [
            "module.aft.module.aft_account_request_framework.aws_eip.aft-vpc-natgw-02",
            "module.aft.module.aft_account_request_framework.aws_internet_gateway.aft-vpc-igw",
            "module.aft.module.aft_account_request_framework.aws_subnet.aft_vpc_public_subnet_02",
            "module.aft.module.aft_account_request_framework.aws_vpc.aft_vpc",
            "module.aft.module.aft_account_request_framework.data.aws_availability_zones.available"
          ]
        }
      ]
    },
    {
      "module": "module.aft.module.aft_account_request_framework",
      "mode": "managed",
      "type": "aws_route_table",
      "name": "aft_vpc_private_subnet_01",
      "provider": "module.aft.provider[\"registry.terraform.io/hashicorp/aws\"].aft_management",
      "instances": [
        {
          "schema_version": 0,
          "attributes": {
            "arn": "arn:aws:ec2:us-east-1:008298205562:route-table/rtb-09b8f1911445ace9b",
            "id": "rtb-09b8f1911445ace9b",
            "owner_id": "008298205562",
            "propagating_vgws": [],
            "route": [
              {
                "carrier_gateway_id": "",
                "cidr_block": "0.0.0.0/0",
                "destination_prefix_list_id": "",
                "egress_only_gateway_id": "",
                "gateway_id": "",
                "instance_id": "",
                "ipv6_cidr_block": "",
                "local_gateway_id": "",
                "nat_gateway_id": "nat-05f9eb504a339c46d",
                "network_interface_id": "",
                "transit_gateway_id": "",
                "vpc_endpoint_id": "",
                "vpc_peering_connection_id": ""
              }
            ],
            "tags": {
              "Name": "aft-vpc-private-subnet-01"
            },
            "tags_all": {
              "Name": "aft-vpc-private-subnet-01",
              "managed_by": "AFT"
            },
            "timeouts": null,
            "vpc_id": "vpc-0d6124dadfcb57dd8"
          },
          "sensitive_attributes": [],
          "private": "eyJlMmJmYjczMC1lY2FhLTExZTYtOGY4OC0zNDM2M2JjN2M0YzAiOnsiY3JlYXRlIjozMDAwMDAwMDAwMDAsImRlbGV0ZSI6MzAwMDAwMDAwMDAwLCJ1cGRhdGUiOjEyMDAwMDAwMDAwMH19",
          "dependencies": [
            "module.aft.module.aft_account_request_framework.aws_eip.aft-vpc-natgw-01",
            "module.aft.module.aft_account_request_framework.aws_internet_gateway.aft-vpc-igw",
            "module.aft.module.aft_account_request_framework.aws_nat_gateway.aft-vpc-natgw-01",
            "module.aft.module.aft_account_request_framework.aws_subnet.aft_vpc_public_subnet_01",
            "module.aft.module.aft_account_request_framework.aws_vpc.aft_vpc",
            "module.aft.module.aft_account_request_framework.data.aws_availability_zones.available"
          ]
        }
      ]
    },
    {
      "module": "module.aft.module.aft_account_request_framework",
      "mode": "managed",
      "type": "aws_route_table",
      "name": "aft_vpc_private_subnet_02",
      "provider": "module.aft.provider[\"registry.terraform.io/hashicorp/aws\"].aft_management",
      "instances": [
        {
          "schema_version": 0,
          "attributes": {
            "arn": "arn:aws:ec2:us-east-1:008298205562:route-table/rtb-0c3e7242b36dbc490",
            "id": "rtb-0c3e7242b36dbc490",
            "owner_id": "008298205562",
            "propagating_vgws": [],
            "route": [
              {
                "carrier_gateway_id": "",
                "cidr_block": "0.0.0.0/0",
                "destination_prefix_list_id": "",
                "egress_only_gateway_id": "",
                "gateway_id": "",
                "instance_id": "",
                "ipv6_cidr_block": "",
                "local_gateway_id": "",
                "nat_gateway_id": "nat-018b4ac35a56e419e",
                "network_interface_id": "",
                "transit_gateway_id": "",
                "vpc_endpoint_id": "",
                "vpc_peering_connection_id": ""
              }
            ],
            "tags": {
              "Name": "aft-vpc-private-subnet-02"
            },
            "tags_all": {
              "Name": "aft-vpc-private-subnet-02",
              "managed_by": "AFT"
            },
            "timeouts": null,
            "vpc_id": "vpc-0d6124dadfcb57dd8"
          },
          "sensitive_attributes": [],
          "private": "eyJlMmJmYjczMC1lY2FhLTExZTYtOGY4OC0zNDM2M2JjN2M0YzAiOnsiY3JlYXRlIjozMDAwMDAwMDAwMDAsImRlbGV0ZSI6MzAwMDAwMDAwMDAwLCJ1cGRhdGUiOjEyMDAwMDAwMDAwMH19",
          "dependencies": [
            "module.aft.module.aft_account_request_framework.aws_eip.aft-vpc-natgw-02",
            "module.aft.module.aft_account_request_framework.aws_internet_gateway.aft-vpc-igw",
            "module.aft.module.aft_account_request_framework.aws_nat_gateway.aft-vpc-natgw-02",
            "module.aft.module.aft_account_request_framework.aws_subnet.aft_vpc_public_subnet_02",
            "module.aft.module.aft_account_request_framework.aws_vpc.aft_vpc",
            "module.aft.module.aft_account_request_framework.data.aws_availability_zones.available"
          ]
        }
      ]
    },
    {
      "module": "module.aft.module.aft_account_request_framework",
      "mode": "managed",
      "type": "aws_route_table",
      "name": "aft_vpc_public_subnet_01",
      "provider": "module.aft.provider[\"registry.terraform.io/hashicorp/aws\"].aft_management",
      "instances": [
        {
          "schema_version": 0,
          "attributes": {
            "arn": "arn:aws:ec2:us-east-1:008298205562:route-table/rtb-06cc7861901dc166a",
            "id": "rtb-06cc7861901dc166a",
            "owner_id": "008298205562",
            "propagating_vgws": [],
            "route": [
              {
                "carrier_gateway_id": "",
                "cidr_block": "0.0.0.0/0",
                "destination_prefix_list_id": "",
                "egress_only_gateway_id": "",
                "gateway_id": "igw-0ad1bb7f5883ba07c",
                "instance_id": "",
                "ipv6_cidr_block": "",
                "local_gateway_id": "",
                "nat_gateway_id": "",
                "network_interface_id": "",
                "transit_gateway_id": "",
                "vpc_endpoint_id": "",
                "vpc_peering_connection_id": ""
              }
            ],
            "tags": {
              "Name": "aft-vpc-public-subnet-01"
            },
            "tags_all": {
              "Name": "aft-vpc-public-subnet-01",
              "managed_by": "AFT"
            },
            "timeouts": null,
            "vpc_id": "vpc-0d6124dadfcb57dd8"
          },
          "sensitive_attributes": [],
          "private": "eyJlMmJmYjczMC1lY2FhLTExZTYtOGY4OC0zNDM2M2JjN2M0YzAiOnsiY3JlYXRlIjozMDAwMDAwMDAwMDAsImRlbGV0ZSI6MzAwMDAwMDAwMDAwLCJ1cGRhdGUiOjEyMDAwMDAwMDAwMH19",
          "dependencies": [
            "module.aft.module.aft_account_request_framework.aws_internet_gateway.aft-vpc-igw",
            "module.aft.module.aft_account_request_framework.aws_vpc.aft_vpc"
          ]
        }
      ]
    },
    {
      "module": "module.aft.module.aft_account_request_framework",
      "mode": "managed",
      "type": "aws_route_table_association",
      "name": "aft_vpc_private_subnet_01",
      "provider": "module.aft.provider[\"registry.terraform.io/hashicorp/aws\"].aft_management",
      "instances": [
        {
          "schema_version": 0,
          "attributes": {
            "gateway_id": "",
            "id": "rtbassoc-0d886f3e51a930798",
            "route_table_id": "rtb-09b8f1911445ace9b",
            "subnet_id": "subnet-066a1962f2cece8db"
          },
          "sensitive_attributes": [],
          "private": "bnVsbA==",
          "dependencies": [
            "module.aft.module.aft_account_request_framework.aws_eip.aft-vpc-natgw-01",
            "module.aft.module.aft_account_request_framework.aws_internet_gateway.aft-vpc-igw",
            "module.aft.module.aft_account_request_framework.aws_nat_gateway.aft-vpc-natgw-01",
            "module.aft.module.aft_account_request_framework.aws_route_table.aft_vpc_private_subnet_01",
            "module.aft.module.aft_account_request_framework.aws_subnet.aft_vpc_private_subnet_01",
            "module.aft.module.aft_account_request_framework.aws_subnet.aft_vpc_public_subnet_01",
            "module.aft.module.aft_account_request_framework.aws_vpc.aft_vpc",
            "module.aft.module.aft_account_request_framework.data.aws_availability_zones.available"
          ]
        }
      ]
    },
    {
      "module": "module.aft.module.aft_account_request_framework",
      "mode": "managed",
      "type": "aws_route_table_association",
      "name": "aft_vpc_private_subnet_02",
      "provider": "module.aft.provider[\"registry.terraform.io/hashicorp/aws\"].aft_management",
      "instances": [
        {
          "schema_version": 0,
          "attributes": {
            "gateway_id": "",
            "id": "rtbassoc-0d3e4eb52e0b2c7c3",
            "route_table_id": "rtb-0c3e7242b36dbc490",
            "subnet_id": "subnet-041cf026a115900a6"
          },
          "sensitive_attributes": [],
          "private": "bnVsbA==",
          "dependencies": [
            "module.aft.module.aft_account_request_framework.aws_eip.aft-vpc-natgw-02",
            "module.aft.module.aft_account_request_framework.aws_internet_gateway.aft-vpc-igw",
            "module.aft.module.aft_account_request_framework.aws_nat_gateway.aft-vpc-natgw-02",
            "module.aft.module.aft_account_request_framework.aws_route_table.aft_vpc_private_subnet_02",
            "module.aft.module.aft_account_request_framework.aws_subnet.aft_vpc_private_subnet_02",
            "module.aft.module.aft_account_request_framework.aws_subnet.aft_vpc_public_subnet_02",
            "module.aft.module.aft_account_request_framework.aws_vpc.aft_vpc",
            "module.aft.module.aft_account_request_framework.data.aws_availability_zones.available"
          ]
        }
      ]
    },
    {
      "module": "module.aft.module.aft_account_request_framework",
      "mode": "managed",
      "type": "aws_route_table_association",
      "name": "aft_vpc_public_subnet_01",
      "provider": "module.aft.provider[\"registry.terraform.io/hashicorp/aws\"].aft_management",
      "instances": [
        {
          "schema_version": 0,
          "attributes": {
            "gateway_id": "",
            "id": "rtbassoc-0b9557cf628de50dc",
            "route_table_id": "rtb-06cc7861901dc166a",
            "subnet_id": "subnet-0b42a693e1ba0dbaf"
          },
          "sensitive_attributes": [],
          "private": "bnVsbA==",
          "dependencies": [
            "module.aft.module.aft_account_request_framework.aws_internet_gateway.aft-vpc-igw",
            "module.aft.module.aft_account_request_framework.aws_route_table.aft_vpc_public_subnet_01",
            "module.aft.module.aft_account_request_framework.aws_subnet.aft_vpc_public_subnet_01",
            "module.aft.module.aft_account_request_framework.aws_vpc.aft_vpc",
            "module.aft.module.aft_account_request_framework.data.aws_availability_zones.available"
          ]
        }
      ]
    },
    {
      "module": "module.aft.module.aft_account_request_framework",
      "mode": "managed",
      "type": "aws_route_table_association",
      "name": "aft_vpc_public_subnet_02",
      "provider": "module.aft.provider[\"registry.terraform.io/hashicorp/aws\"].aft_management",
      "instances": [
        {
          "schema_version": 0,
          "attributes": {
            "gateway_id": "",
            "id": "rtbassoc-07ca186bf54b5813b",
            "route_table_id": "rtb-06cc7861901dc166a",
            "subnet_id": "subnet-0ba73cf3900ca8a7a"
          },
          "sensitive_attributes": [],
          "private": "bnVsbA==",
          "dependencies": [
            "module.aft.module.aft_account_request_framework.aws_internet_gateway.aft-vpc-igw",
            "module.aft.module.aft_account_request_framework.aws_route_table.aft_vpc_public_subnet_01",
            "module.aft.module.aft_account_request_framework.aws_subnet.aft_vpc_public_subnet_02",
            "module.aft.module.aft_account_request_framework.aws_vpc.aft_vpc",
            "module.aft.module.aft_account_request_framework.data.aws_availability_zones.available"
          ]
        }
      ]
    },
    {
      "module": "module.aft.module.aft_account_request_framework",
      "mode": "managed",
      "type": "aws_security_group",
      "name": "aft_vpc_default_sg",
      "provider": "module.aft.provider[\"registry.terraform.io/hashicorp/aws\"].aft_management",
      "instances": [
        {
          "schema_version": 1,
          "attributes": {
            "arn": "arn:aws:ec2:us-east-1:008298205562:security-group/sg-0a7b6748a01d2169a",
            "description": "Allow outbound traffic",
            "egress": [
              {
                "cidr_blocks": [
                  "0.0.0.0/0"
                ],
                "description": "",
                "from_port": 0,
                "ipv6_cidr_blocks": [
                  "::/0"
                ],
                "prefix_list_ids": [],
                "protocol": "-1",
                "security_groups": [],
                "self": false,
                "to_port": 0
              }
            ],
            "id": "sg-0a7b6748a01d2169a",
            "ingress": [],
            "name": "aft-default-sg",
            "name_prefix": "",
            "owner_id": "008298205562",
            "revoke_rules_on_delete": false,
            "tags": {},
            "tags_all": {
              "managed_by": "AFT"
            },
            "timeouts": null,
            "vpc_id": "vpc-0d6124dadfcb57dd8"
          },
          "sensitive_attributes": [],
          "private": "eyJlMmJmYjczMC1lY2FhLTExZTYtOGY4OC0zNDM2M2JjN2M0YzAiOnsiY3JlYXRlIjo2MDAwMDAwMDAwMDAsImRlbGV0ZSI6OTAwMDAwMDAwMDAwfSwic2NoZW1hX3ZlcnNpb24iOiIxIn0=",
          "dependencies": [
            "module.aft.module.aft_account_request_framework.aws_vpc.aft_vpc"
          ],
          "create_before_destroy": true
        }
      ]
    },
    {
      "module": "module.aft.module.aft_account_request_framework",
      "mode": "managed",
      "type": "aws_security_group",
      "name": "aft_vpc_endpoint_sg",
      "provider": "module.aft.provider[\"registry.terraform.io/hashicorp/aws\"].aft_management",
      "instances": [
        {
          "schema_version": 1,
          "attributes": {
            "arn": "arn:aws:ec2:us-east-1:008298205562:security-group/sg-0bb4ee74d772979eb",
            "description": "Allow inbound HTTPS traffic and all Outbound",
            "egress": [
              {
                "cidr_blocks": [
                  "0.0.0.0/0"
                ],
                "description": "",
                "from_port": 0,
                "ipv6_cidr_blocks": [
                  "::/0"
                ],
                "prefix_list_ids": [],
                "protocol": "-1",
                "security_groups": [],
                "self": false,
                "to_port": 0
              }
            ],
            "id": "sg-0bb4ee74d772979eb",
            "ingress": [
              {
                "cidr_blocks": [
                  "192.168.0.0/22"
                ],
                "description": "",
                "from_port": 22,
                "ipv6_cidr_blocks": [],
                "prefix_list_ids": [],
                "protocol": "tcp",
                "security_groups": [],
                "self": false,
                "to_port": 22
              },
              {
                "cidr_blocks": [
                  "192.168.0.0/22"
                ],
                "description": "",
                "from_port": 443,
                "ipv6_cidr_blocks": [],
                "prefix_list_ids": [],
                "protocol": "tcp",
                "security_groups": [],
                "self": false,
                "to_port": 443
              }
            ],
            "name": "aft-endpoint-sg",
            "name_prefix": "",
            "owner_id": "008298205562",
            "revoke_rules_on_delete": false,
            "tags": {},
            "tags_all": {
              "managed_by": "AFT"
            },
            "timeouts": null,
            "vpc_id": "vpc-0d6124dadfcb57dd8"
          },
          "sensitive_attributes": [],
          "private": "eyJlMmJmYjczMC1lY2FhLTExZTYtOGY4OC0zNDM2M2JjN2M0YzAiOnsiY3JlYXRlIjo2MDAwMDAwMDAwMDAsImRlbGV0ZSI6OTAwMDAwMDAwMDAwfSwic2NoZW1hX3ZlcnNpb24iOiIxIn0=",
          "dependencies": [
            "module.aft.module.aft_account_request_framework.aws_vpc.aft_vpc"
          ]
        }
      ]
    },
    {
      "module": "module.aft.module.aft_account_request_framework",
      "mode": "managed",
      "type": "aws_sns_topic",
      "name": "aft_failure_notifications",
      "provider": "module.aft.provider[\"registry.terraform.io/hashicorp/aws\"].aft_management",
      "instances": [
        {
          "schema_version": 0,
          "attributes": {
            "application_failure_feedback_role_arn": "",
            "application_success_feedback_role_arn": "",
            "application_success_feedback_sample_rate": 0,
            "arn": "arn:aws:sns:us-east-1:008298205562:aft-failure-notifications",
            "content_based_deduplication": false,
            "delivery_policy": "",
            "display_name": "",
            "fifo_topic": false,
            "firehose_failure_feedback_role_arn": "",
            "firehose_success_feedback_role_arn": "",
            "firehose_success_feedback_sample_rate": 0,
            "http_failure_feedback_role_arn": "",
            "http_success_feedback_role_arn": "",
            "http_success_feedback_sample_rate": 0,
            "id": "arn:aws:sns:us-east-1:008298205562:aft-failure-notifications",
            "kms_master_key_id": "alias/aws/sns",
            "lambda_failure_feedback_role_arn": "",
            "lambda_success_feedback_role_arn": "",
            "lambda_success_feedback_sample_rate": 0,
            "name": "aft-failure-notifications",
            "name_prefix": "",
            "owner": "008298205562",
            "policy": "{\"Version\":\"2008-10-17\",\"Id\":\"__default_policy_ID\",\"Statement\":[{\"Sid\":\"__default_statement_ID\",\"Effect\":\"Allow\",\"Principal\":{\"AWS\":\"*\"},\"Action\":[\"SNS:GetTopicAttributes\",\"SNS:SetTopicAttributes\",\"SNS:AddPermission\",\"SNS:RemovePermission\",\"SNS:DeleteTopic\",\"SNS:Subscribe\",\"SNS:ListSubscriptionsByTopic\",\"SNS:Publish\"],\"Resource\":\"arn:aws:sns:us-east-1:008298205562:aft-failure-notifications\",\"Condition\":{\"StringEquals\":{\"AWS:SourceOwner\":\"008298205562\"}}}]}",
            "sqs_failure_feedback_role_arn": "",
            "sqs_success_feedback_role_arn": "",
            "sqs_success_feedback_sample_rate": 0,
            "tags": {},
            "tags_all": {
              "managed_by": "AFT"
            }
          },
          "sensitive_attributes": [],
          "private": "bnVsbA=="
        }
      ]
    },
    {
      "module": "module.aft.module.aft_account_request_framework",
      "mode": "managed",
      "type": "aws_sns_topic",
      "name": "aft_notifications",
      "provider": "module.aft.provider[\"registry.terraform.io/hashicorp/aws\"].aft_management",
      "instances": [
        {
          "schema_version": 0,
          "attributes": {
            "application_failure_feedback_role_arn": "",
            "application_success_feedback_role_arn": "",
            "application_success_feedback_sample_rate": 0,
            "arn": "arn:aws:sns:us-east-1:008298205562:aft-notifications",
            "content_based_deduplication": false,
            "delivery_policy": "",
            "display_name": "",
            "fifo_topic": false,
            "firehose_failure_feedback_role_arn": "",
            "firehose_success_feedback_role_arn": "",
            "firehose_success_feedback_sample_rate": 0,
            "http_failure_feedback_role_arn": "",
            "http_success_feedback_role_arn": "",
            "http_success_feedback_sample_rate": 0,
            "id": "arn:aws:sns:us-east-1:008298205562:aft-notifications",
            "kms_master_key_id": "alias/aws/sns",
            "lambda_failure_feedback_role_arn": "",
            "lambda_success_feedback_role_arn": "",
            "lambda_success_feedback_sample_rate": 0,
            "name": "aft-notifications",
            "name_prefix": "",
            "owner": "008298205562",
            "policy": "{\"Version\":\"2008-10-17\",\"Id\":\"__default_policy_ID\",\"Statement\":[{\"Sid\":\"__default_statement_ID\",\"Effect\":\"Allow\",\"Principal\":{\"AWS\":\"*\"},\"Action\":[\"SNS:GetTopicAttributes\",\"SNS:SetTopicAttributes\",\"SNS:AddPermission\",\"SNS:RemovePermission\",\"SNS:DeleteTopic\",\"SNS:Subscribe\",\"SNS:ListSubscriptionsByTopic\",\"SNS:Publish\"],\"Resource\":\"arn:aws:sns:us-east-1:008298205562:aft-notifications\",\"Condition\":{\"StringEquals\":{\"AWS:SourceOwner\":\"008298205562\"}}}]}",
            "sqs_failure_feedback_role_arn": "",
            "sqs_success_feedback_role_arn": "",
            "sqs_success_feedback_sample_rate": 0,
            "tags": {},
            "tags_all": {
              "managed_by": "AFT"
            }
          },
          "sensitive_attributes": [],
          "private": "bnVsbA=="
        }
      ]
    },
    {
      "module": "module.aft.module.aft_account_request_framework",
      "mode": "managed",
      "type": "aws_sqs_queue",
      "name": "aft_account_request",
      "provider": "module.aft.provider[\"registry.terraform.io/hashicorp/aws\"].aft_management",
      "instances": [
        {
          "schema_version": 0,
          "attributes": {
            "arn": "arn:aws:sqs:us-east-1:008298205562:aft-account-request.fifo",
            "content_based_deduplication": false,
            "deduplication_scope": "queue",
            "delay_seconds": 0,
            "fifo_queue": true,
            "fifo_throughput_limit": "perQueue",
            "id": "https://sqs.us-east-1.amazonaws.com/008298205562/aft-account-request.fifo",
            "kms_data_key_reuse_period_seconds": 300,
            "kms_master_key_id": "alias/aft",
            "max_message_size": 262144,
            "message_retention_seconds": 345600,
            "name": "aft-account-request.fifo",
            "name_prefix": "",
            "policy": "",
            "receive_wait_time_seconds": 0,
            "redrive_allow_policy": "",
            "redrive_policy": "{\"deadLetterTargetArn\":\"arn:aws:sqs:us-east-1:008298205562:aft-account-request-dlq.fifo\",\"maxReceiveCount\":1}",
            "sqs_managed_sse_enabled": false,
            "tags": {},
            "tags_all": {
              "managed_by": "AFT"
            },
            "url": "https://sqs.us-east-1.amazonaws.com/008298205562/aft-account-request.fifo",
            "visibility_timeout_seconds": 240
          },
          "sensitive_attributes": [],
          "private": "bnVsbA==",
          "dependencies": [
            "module.aft.module.aft_account_request_framework.aws_kms_alias.aft",
            "module.aft.module.aft_account_request_framework.aws_kms_key.aft",
            "module.aft.module.aft_account_request_framework.aws_sqs_queue.aft_account_request_dlq"
          ]
        }
      ]
    },
    {
      "module": "module.aft.module.aft_account_request_framework",
      "mode": "managed",
      "type": "aws_sqs_queue",
      "name": "aft_account_request_dlq",
      "provider": "module.aft.provider[\"registry.terraform.io/hashicorp/aws\"].aft_management",
      "instances": [
        {
          "schema_version": 0,
          "attributes": {
            "arn": "arn:aws:sqs:us-east-1:008298205562:aft-account-request-dlq.fifo",
            "content_based_deduplication": false,
            "deduplication_scope": "queue",
            "delay_seconds": 0,
            "fifo_queue": true,
            "fifo_throughput_limit": "perQueue",
            "id": "https://sqs.us-east-1.amazonaws.com/008298205562/aft-account-request-dlq.fifo",
            "kms_data_key_reuse_period_seconds": 300,
            "kms_master_key_id": "alias/aft",
            "max_message_size": 262144,
            "message_retention_seconds": 345600,
            "name": "aft-account-request-dlq.fifo",
            "name_prefix": "",
            "policy": "",
            "receive_wait_time_seconds": 0,
            "redrive_allow_policy": "",
            "redrive_policy": "",
            "sqs_managed_sse_enabled": false,
            "tags": {},
            "tags_all": {
              "managed_by": "AFT"
            },
            "url": "https://sqs.us-east-1.amazonaws.com/008298205562/aft-account-request-dlq.fifo",
            "visibility_timeout_seconds": 30
          },
          "sensitive_attributes": [],
          "private": "bnVsbA==",
          "dependencies": [
            "module.aft.module.aft_account_request_framework.aws_kms_alias.aft",
            "module.aft.module.aft_account_request_framework.aws_kms_key.aft"
          ]
        }
      ]
    },
    {
      "module": "module.aft.module.aft_account_request_framework",
      "mode": "managed",
      "type": "aws_subnet",
      "name": "aft_vpc_private_subnet_01",
      "provider": "module.aft.provider[\"registry.terraform.io/hashicorp/aws\"].aft_management",
      "instances": [
        {
          "schema_version": 1,
          "attributes": {
            "arn": "arn:aws:ec2:us-east-1:008298205562:subnet/subnet-066a1962f2cece8db",
            "assign_ipv6_address_on_creation": false,
            "availability_zone": "us-east-1a",
            "availability_zone_id": "use1-az2",
            "cidr_block": "192.168.0.0/24",
            "customer_owned_ipv4_pool": "",
            "enable_dns64": false,
            "enable_resource_name_dns_a_record_on_launch": false,
            "enable_resource_name_dns_aaaa_record_on_launch": false,
            "id": "subnet-066a1962f2cece8db",
            "ipv6_cidr_block": "",
            "ipv6_cidr_block_association_id": "",
            "ipv6_native": false,
            "map_customer_owned_ip_on_launch": false,
            "map_public_ip_on_launch": false,
            "outpost_arn": "",
            "owner_id": "008298205562",
            "private_dns_hostname_type_on_launch": "ip-name",
            "tags": {
              "Name": "aft-vpc-private-subnet-01"
            },
            "tags_all": {
              "Name": "aft-vpc-private-subnet-01",
              "managed_by": "AFT"
            },
            "timeouts": null,
            "vpc_id": "vpc-0d6124dadfcb57dd8"
          },
          "sensitive_attributes": [],
          "private": "eyJlMmJmYjczMC1lY2FhLTExZTYtOGY4OC0zNDM2M2JjN2M0YzAiOnsiY3JlYXRlIjo2MDAwMDAwMDAwMDAsImRlbGV0ZSI6MTIwMDAwMDAwMDAwMH0sInNjaGVtYV92ZXJzaW9uIjoiMSJ9",
          "dependencies": [
            "module.aft.module.aft_account_request_framework.aws_vpc.aft_vpc",
            "module.aft.module.aft_account_request_framework.data.aws_availability_zones.available"
          ],
          "create_before_destroy": true
        }
      ]
    },
    {
      "module": "module.aft.module.aft_account_request_framework",
      "mode": "managed",
      "type": "aws_subnet",
      "name": "aft_vpc_private_subnet_02",
      "provider": "module.aft.provider[\"registry.terraform.io/hashicorp/aws\"].aft_management",
      "instances": [
        {
          "schema_version": 1,
          "attributes": {
            "arn": "arn:aws:ec2:us-east-1:008298205562:subnet/subnet-041cf026a115900a6",
            "assign_ipv6_address_on_creation": false,
            "availability_zone": "us-east-1b",
            "availability_zone_id": "use1-az4",
            "cidr_block": "192.168.1.0/24",
            "customer_owned_ipv4_pool": "",
            "enable_dns64": false,
            "enable_resource_name_dns_a_record_on_launch": false,
            "enable_resource_name_dns_aaaa_record_on_launch": false,
            "id": "subnet-041cf026a115900a6",
            "ipv6_cidr_block": "",
            "ipv6_cidr_block_association_id": "",
            "ipv6_native": false,
            "map_customer_owned_ip_on_launch": false,
            "map_public_ip_on_launch": false,
            "outpost_arn": "",
            "owner_id": "008298205562",
            "private_dns_hostname_type_on_launch": "ip-name",
            "tags": {
              "Name": "aft-vpc-private-subnet-02"
            },
            "tags_all": {
              "Name": "aft-vpc-private-subnet-02",
              "managed_by": "AFT"
            },
            "timeouts": null,
            "vpc_id": "vpc-0d6124dadfcb57dd8"
          },
          "sensitive_attributes": [],
          "private": "eyJlMmJmYjczMC1lY2FhLTExZTYtOGY4OC0zNDM2M2JjN2M0YzAiOnsiY3JlYXRlIjo2MDAwMDAwMDAwMDAsImRlbGV0ZSI6MTIwMDAwMDAwMDAwMH0sInNjaGVtYV92ZXJzaW9uIjoiMSJ9",
          "dependencies": [
            "module.aft.module.aft_account_request_framework.aws_vpc.aft_vpc",
            "module.aft.module.aft_account_request_framework.data.aws_availability_zones.available"
          ],
          "create_before_destroy": true
        }
      ]
    },
    {
      "module": "module.aft.module.aft_account_request_framework",
      "mode": "managed",
      "type": "aws_subnet",
      "name": "aft_vpc_public_subnet_01",
      "provider": "module.aft.provider[\"registry.terraform.io/hashicorp/aws\"].aft_management",
      "instances": [
        {
          "schema_version": 1,
          "attributes": {
            "arn": "arn:aws:ec2:us-east-1:008298205562:subnet/subnet-0b42a693e1ba0dbaf",
            "assign_ipv6_address_on_creation": false,
            "availability_zone": "us-east-1a",
            "availability_zone_id": "use1-az2",
            "cidr_block": "192.168.2.0/25",
            "customer_owned_ipv4_pool": "",
            "enable_dns64": false,
            "enable_resource_name_dns_a_record_on_launch": false,
            "enable_resource_name_dns_aaaa_record_on_launch": false,
            "id": "subnet-0b42a693e1ba0dbaf",
            "ipv6_cidr_block": "",
            "ipv6_cidr_block_association_id": "",
            "ipv6_native": false,
            "map_customer_owned_ip_on_launch": false,
            "map_public_ip_on_launch": false,
            "outpost_arn": "",
            "owner_id": "008298205562",
            "private_dns_hostname_type_on_launch": "ip-name",
            "tags": {
              "Name": "aft-vpc-public-subnet-01"
            },
            "tags_all": {
              "Name": "aft-vpc-public-subnet-01",
              "managed_by": "AFT"
            },
            "timeouts": null,
            "vpc_id": "vpc-0d6124dadfcb57dd8"
          },
          "sensitive_attributes": [],
          "private": "eyJlMmJmYjczMC1lY2FhLTExZTYtOGY4OC0zNDM2M2JjN2M0YzAiOnsiY3JlYXRlIjo2MDAwMDAwMDAwMDAsImRlbGV0ZSI6MTIwMDAwMDAwMDAwMH0sInNjaGVtYV92ZXJzaW9uIjoiMSJ9",
          "dependencies": [
            "module.aft.module.aft_account_request_framework.aws_vpc.aft_vpc",
            "module.aft.module.aft_account_request_framework.data.aws_availability_zones.available"
          ]
        }
      ]
    },
    {
      "module": "module.aft.module.aft_account_request_framework",
      "mode": "managed",
      "type": "aws_subnet",
      "name": "aft_vpc_public_subnet_02",
      "provider": "module.aft.provider[\"registry.terraform.io/hashicorp/aws\"].aft_management",
      "instances": [
        {
          "schema_version": 1,
          "attributes": {
            "arn": "arn:aws:ec2:us-east-1:008298205562:subnet/subnet-0ba73cf3900ca8a7a",
            "assign_ipv6_address_on_creation": false,
            "availability_zone": "us-east-1b",
            "availability_zone_id": "use1-az4",
            "cidr_block": "192.168.2.128/25",
            "customer_owned_ipv4_pool": "",
            "enable_dns64": false,
            "enable_resource_name_dns_a_record_on_launch": false,
            "enable_resource_name_dns_aaaa_record_on_launch": false,
            "id": "subnet-0ba73cf3900ca8a7a",
            "ipv6_cidr_block": "",
            "ipv6_cidr_block_association_id": "",
            "ipv6_native": false,
            "map_customer_owned_ip_on_launch": false,
            "map_public_ip_on_launch": false,
            "outpost_arn": "",
            "owner_id": "008298205562",
            "private_dns_hostname_type_on_launch": "ip-name",
            "tags": {
              "Name": "aft-vpc-public-subnet-02"
            },
            "tags_all": {
              "Name": "aft-vpc-public-subnet-02",
              "managed_by": "AFT"
            },
            "timeouts": null,
            "vpc_id": "vpc-0d6124dadfcb57dd8"
          },
          "sensitive_attributes": [],
          "private": "eyJlMmJmYjczMC1lY2FhLTExZTYtOGY4OC0zNDM2M2JjN2M0YzAiOnsiY3JlYXRlIjo2MDAwMDAwMDAwMDAsImRlbGV0ZSI6MTIwMDAwMDAwMDAwMH0sInNjaGVtYV92ZXJzaW9uIjoiMSJ9",
          "dependencies": [
            "module.aft.module.aft_account_request_framework.aws_vpc.aft_vpc",
            "module.aft.module.aft_account_request_framework.data.aws_availability_zones.available"
          ]
        }
      ]
    },
    {
      "module": "module.aft.module.aft_account_request_framework",
      "mode": "managed",
      "type": "aws_vpc",
      "name": "aft_vpc",
      "provider": "module.aft.provider[\"registry.terraform.io/hashicorp/aws\"].aft_management",
      "instances": [
        {
          "schema_version": 1,
          "attributes": {
            "arn": "arn:aws:ec2:us-east-1:008298205562:vpc/vpc-0d6124dadfcb57dd8",
            "assign_generated_ipv6_cidr_block": false,
            "cidr_block": "192.168.0.0/22",
            "default_network_acl_id": "acl-0a16ca44760a84389",
            "default_route_table_id": "rtb-0b71ceb7a15416952",
            "default_security_group_id": "sg-0cd954959a3990a01",
            "dhcp_options_id": "dopt-00ec80d612d1894c8",
            "enable_classiclink": false,
            "enable_classiclink_dns_support": false,
            "enable_dns_hostnames": true,
            "enable_dns_support": true,
            "id": "vpc-0d6124dadfcb57dd8",
            "instance_tenancy": "default",
            "ipv4_ipam_pool_id": null,
            "ipv4_netmask_length": null,
            "ipv6_association_id": "",
            "ipv6_cidr_block": "",
            "ipv6_cidr_block_network_border_group": "",
            "ipv6_ipam_pool_id": "",
            "ipv6_netmask_length": 0,
            "main_route_table_id": "rtb-0b71ceb7a15416952",
            "owner_id": "008298205562",
            "tags": {
              "Name": "aft-management-vpc"
            },
            "tags_all": {
              "Name": "aft-management-vpc",
              "managed_by": "AFT"
            }
          },
          "sensitive_attributes": [],
          "private": "eyJzY2hlbWFfdmVyc2lvbiI6IjEifQ==",
          "create_before_destroy": true
        }
      ]
    },
    {
      "module": "module.aft.module.aft_account_request_framework",
      "mode": "managed",
      "type": "aws_vpc_endpoint",
      "name": "codebuild",
      "provider": "module.aft.provider[\"registry.terraform.io/hashicorp/aws\"].aft_management",
      "instances": [
        {
          "index_key": 0,
          "schema_version": 0,
          "attributes": {
            "arn": "arn:aws:ec2:us-east-1:008298205562:vpc-endpoint/vpce-097107fe9a58d73e8",
            "auto_accept": null,
            "cidr_blocks": [],
            "dns_entry": [
              {
                "dns_name": "vpce-097107fe9a58d73e8-v140bs50.codebuild.us-east-1.vpce.amazonaws.com",
                "hosted_zone_id": "Z7HUB22UULQXV"
              },
              {
                "dns_name": "vpce-097107fe9a58d73e8-v140bs50-us-east-1a.codebuild.us-east-1.vpce.amazonaws.com",
                "hosted_zone_id": "Z7HUB22UULQXV"
              },
              {
                "dns_name": "vpce-097107fe9a58d73e8-v140bs50-us-east-1b.codebuild.us-east-1.vpce.amazonaws.com",
                "hosted_zone_id": "Z7HUB22UULQXV"
              },
              {
                "dns_name": "codebuild.us-east-1.amazonaws.com",
                "hosted_zone_id": "Z0927070101QRN5W6T0QP"
              }
            ],
            "id": "vpce-097107fe9a58d73e8",
            "network_interface_ids": [
              "eni-0d7ebc022d3ac1721",
              "eni-0fce7710f37b261d0"
            ],
            "owner_id": "008298205562",
            "policy": "{\"Statement\":[{\"Action\":\"*\",\"Effect\":\"Allow\",\"Principal\":\"*\",\"Resource\":\"*\"}]}",
            "prefix_list_id": null,
            "private_dns_enabled": true,
            "requester_managed": false,
            "route_table_ids": [],
            "security_group_ids": [
              "sg-0bb4ee74d772979eb"
            ],
            "service_name": "com.amazonaws.us-east-1.codebuild",
            "state": "available",
            "subnet_ids": [
              "subnet-041cf026a115900a6",
              "subnet-066a1962f2cece8db"
            ],
            "tags": {},
            "tags_all": {
              "managed_by": "AFT"
            },
            "timeouts": null,
            "vpc_endpoint_type": "Interface",
            "vpc_id": "vpc-0d6124dadfcb57dd8"
          },
          "sensitive_attributes": [],
          "private": "eyJlMmJmYjczMC1lY2FhLTExZTYtOGY4OC0zNDM2M2JjN2M0YzAiOnsiY3JlYXRlIjo2MDAwMDAwMDAwMDAsImRlbGV0ZSI6NjAwMDAwMDAwMDAwLCJ1cGRhdGUiOjYwMDAwMDAwMDAwMH19",
          "dependencies": [
            "module.aft.module.aft_account_request_framework.aws_security_group.aft_vpc_endpoint_sg",
            "module.aft.module.aft_account_request_framework.aws_subnet.aft_vpc_private_subnet_01",
            "module.aft.module.aft_account_request_framework.aws_subnet.aft_vpc_private_subnet_02",
            "module.aft.module.aft_account_request_framework.aws_vpc.aft_vpc",
            "module.aft.module.aft_account_request_framework.data.aws_availability_zones.available",
            "module.aft.module.aft_account_request_framework.data.aws_subnet_ids.codebuild",
            "module.aft.module.aft_account_request_framework.data.aws_vpc_endpoint_service.codebuild"
          ]
        }
      ]
    },
    {
      "module": "module.aft.module.aft_account_request_framework",
      "mode": "managed",
      "type": "aws_vpc_endpoint",
      "name": "codecommit",
      "provider": "module.aft.provider[\"registry.terraform.io/hashicorp/aws\"].aft_management",
      "instances": [
        {
          "index_key": 0,
          "schema_version": 0,
          "attributes": {
            "arn": "arn:aws:ec2:us-east-1:008298205562:vpc-endpoint/vpce-01c975530f5f63dfa",
            "auto_accept": null,
            "cidr_blocks": [],
            "dns_entry": [
              {
                "dns_name": "vpce-01c975530f5f63dfa-2uuf1573.codecommit.us-east-1.vpce.amazonaws.com",
                "hosted_zone_id": "Z7HUB22UULQXV"
              },
              {
                "dns_name": "vpce-01c975530f5f63dfa-2uuf1573-us-east-1a.codecommit.us-east-1.vpce.amazonaws.com",
                "hosted_zone_id": "Z7HUB22UULQXV"
              },
              {
                "dns_name": "vpce-01c975530f5f63dfa-2uuf1573-us-east-1b.codecommit.us-east-1.vpce.amazonaws.com",
                "hosted_zone_id": "Z7HUB22UULQXV"
              },
              {
                "dns_name": "codecommit.us-east-1.amazonaws.com",
                "hosted_zone_id": "Z07736173GRHU59DIEQYL"
              }
            ],
            "id": "vpce-01c975530f5f63dfa",
            "network_interface_ids": [
              "eni-00021d9152979256d",
              "eni-075a4222916542d0a"
            ],
            "owner_id": "008298205562",
            "policy": "{\"Statement\":[{\"Action\":\"*\",\"Effect\":\"Allow\",\"Principal\":\"*\",\"Resource\":\"*\"}]}",
            "prefix_list_id": null,
            "private_dns_enabled": true,
            "requester_managed": false,
            "route_table_ids": [],
            "security_group_ids": [
              "sg-0bb4ee74d772979eb"
            ],
            "service_name": "com.amazonaws.us-east-1.codecommit",
            "state": "available",
            "subnet_ids": [
              "subnet-041cf026a115900a6",
              "subnet-066a1962f2cece8db"
            ],
            "tags": {},
            "tags_all": {
              "managed_by": "AFT"
            },
            "timeouts": null,
            "vpc_endpoint_type": "Interface",
            "vpc_id": "vpc-0d6124dadfcb57dd8"
          },
          "sensitive_attributes": [],
          "private": "eyJlMmJmYjczMC1lY2FhLTExZTYtOGY4OC0zNDM2M2JjN2M0YzAiOnsiY3JlYXRlIjo2MDAwMDAwMDAwMDAsImRlbGV0ZSI6NjAwMDAwMDAwMDAwLCJ1cGRhdGUiOjYwMDAwMDAwMDAwMH19",
          "dependencies": [
            "module.aft.module.aft_account_request_framework.aws_security_group.aft_vpc_endpoint_sg",
            "module.aft.module.aft_account_request_framework.aws_subnet.aft_vpc_private_subnet_01",
            "module.aft.module.aft_account_request_framework.aws_subnet.aft_vpc_private_subnet_02",
            "module.aft.module.aft_account_request_framework.aws_vpc.aft_vpc",
            "module.aft.module.aft_account_request_framework.data.aws_availability_zones.available",
            "module.aft.module.aft_account_request_framework.data.aws_subnet_ids.codecommit",
            "module.aft.module.aft_account_request_framework.data.aws_vpc_endpoint_service.codecommit"
          ]
        }
      ]
    },
    {
      "module": "module.aft.module.aft_account_request_framework",
      "mode": "managed",
      "type": "aws_vpc_endpoint",
      "name": "codepipeline",
      "provider": "module.aft.provider[\"registry.terraform.io/hashicorp/aws\"].aft_management",
      "instances": [
        {
          "index_key": 0,
          "schema_version": 0,
          "attributes": {
            "arn": "arn:aws:ec2:us-east-1:008298205562:vpc-endpoint/vpce-0b873ca420cb97541",
            "auto_accept": null,
            "cidr_blocks": [],
            "dns_entry": [
              {
                "dns_name": "vpce-0b873ca420cb97541-85kx9mcm.codepipeline.us-east-1.vpce.amazonaws.com",
                "hosted_zone_id": "Z7HUB22UULQXV"
              },
              {
                "dns_name": "vpce-0b873ca420cb97541-85kx9mcm-us-east-1b.codepipeline.us-east-1.vpce.amazonaws.com",
                "hosted_zone_id": "Z7HUB22UULQXV"
              },
              {
                "dns_name": "vpce-0b873ca420cb97541-85kx9mcm-us-east-1a.codepipeline.us-east-1.vpce.amazonaws.com",
                "hosted_zone_id": "Z7HUB22UULQXV"
              },
              {
                "dns_name": "codepipeline.us-east-1.amazonaws.com",
                "hosted_zone_id": "Z02628245OEGRSZS0ISQ"
              }
            ],
            "id": "vpce-0b873ca420cb97541",
            "network_interface_ids": [
              "eni-04da78bc83a9ce672",
              "eni-0cb948d1d4927539d"
            ],
            "owner_id": "008298205562",
            "policy": "{\"Statement\":[{\"Action\":\"*\",\"Effect\":\"Allow\",\"Principal\":\"*\",\"Resource\":\"*\"}]}",
            "prefix_list_id": null,
            "private_dns_enabled": true,
            "requester_managed": false,
            "route_table_ids": [],
            "security_group_ids": [
              "sg-0bb4ee74d772979eb"
            ],
            "service_name": "com.amazonaws.us-east-1.codepipeline",
            "state": "available",
            "subnet_ids": [
              "subnet-041cf026a115900a6",
              "subnet-066a1962f2cece8db"
            ],
            "tags": {},
            "tags_all": {
              "managed_by": "AFT"
            },
            "timeouts": null,
            "vpc_endpoint_type": "Interface",
            "vpc_id": "vpc-0d6124dadfcb57dd8"
          },
          "sensitive_attributes": [],
          "private": "eyJlMmJmYjczMC1lY2FhLTExZTYtOGY4OC0zNDM2M2JjN2M0YzAiOnsiY3JlYXRlIjo2MDAwMDAwMDAwMDAsImRlbGV0ZSI6NjAwMDAwMDAwMDAwLCJ1cGRhdGUiOjYwMDAwMDAwMDAwMH19",
          "dependencies": [
            "module.aft.module.aft_account_request_framework.aws_security_group.aft_vpc_endpoint_sg",
            "module.aft.module.aft_account_request_framework.aws_subnet.aft_vpc_private_subnet_01",
            "module.aft.module.aft_account_request_framework.aws_subnet.aft_vpc_private_subnet_02",
            "module.aft.module.aft_account_request_framework.aws_vpc.aft_vpc",
            "module.aft.module.aft_account_request_framework.data.aws_availability_zones.available",
            "module.aft.module.aft_account_request_framework.data.aws_subnet_ids.codepipeline",
            "module.aft.module.aft_account_request_framework.data.aws_vpc_endpoint_service.codepipeline"
          ]
        }
      ]
    },
    {
      "module": "module.aft.module.aft_account_request_framework",
      "mode": "managed",
      "type": "aws_vpc_endpoint",
      "name": "dynamodb",
      "provider": "module.aft.provider[\"registry.terraform.io/hashicorp/aws\"].aft_management",
      "instances": [
        {
          "index_key": 0,
          "schema_version": 0,
          "attributes": {
            "arn": "arn:aws:ec2:us-east-1:008298205562:vpc-endpoint/vpce-0d002fe8c12797b54",
            "auto_accept": null,
            "cidr_blocks": [
              "35.71.70.0/24",
              "3.218.182.0/24",
              "3.218.180.0/23",
              "35.71.68.0/23",
              "52.94.0.0/22",
              "52.119.224.0/20"
            ],
            "dns_entry": [],
            "id": "vpce-0d002fe8c12797b54",
            "network_interface_ids": [],
            "owner_id": "008298205562",
            "policy": "{\"Statement\":[{\"Action\":\"*\",\"Effect\":\"Allow\",\"Principal\":\"*\",\"Resource\":\"*\"}],\"Version\":\"2008-10-17\"}",
            "prefix_list_id": "pl-02cd2c6b",
            "private_dns_enabled": false,
            "requester_managed": false,
            "route_table_ids": [
              "rtb-06cc7861901dc166a",
              "rtb-09b8f1911445ace9b",
              "rtb-0c3e7242b36dbc490"
            ],
            "security_group_ids": [],
            "service_name": "com.amazonaws.us-east-1.dynamodb",
            "state": "available",
            "subnet_ids": [],
            "tags": {},
            "tags_all": {
              "managed_by": "AFT"
            },
            "timeouts": null,
            "vpc_endpoint_type": "Gateway",
            "vpc_id": "vpc-0d6124dadfcb57dd8"
          },
          "sensitive_attributes": [],
          "private": "eyJlMmJmYjczMC1lY2FhLTExZTYtOGY4OC0zNDM2M2JjN2M0YzAiOnsiY3JlYXRlIjo2MDAwMDAwMDAwMDAsImRlbGV0ZSI6NjAwMDAwMDAwMDAwLCJ1cGRhdGUiOjYwMDAwMDAwMDAwMH19",
          "dependencies": [
            "module.aft.module.aft_account_request_framework.aws_eip.aft-vpc-natgw-01",
            "module.aft.module.aft_account_request_framework.aws_eip.aft-vpc-natgw-02",
            "module.aft.module.aft_account_request_framework.aws_internet_gateway.aft-vpc-igw",
            "module.aft.module.aft_account_request_framework.aws_nat_gateway.aft-vpc-natgw-01",
            "module.aft.module.aft_account_request_framework.aws_nat_gateway.aft-vpc-natgw-02",
            "module.aft.module.aft_account_request_framework.aws_route_table.aft_vpc_private_subnet_01",
            "module.aft.module.aft_account_request_framework.aws_route_table.aft_vpc_private_subnet_02",
            "module.aft.module.aft_account_request_framework.aws_route_table.aft_vpc_public_subnet_01",
            "module.aft.module.aft_account_request_framework.aws_subnet.aft_vpc_public_subnet_01",
            "module.aft.module.aft_account_request_framework.aws_subnet.aft_vpc_public_subnet_02",
            "module.aft.module.aft_account_request_framework.aws_vpc.aft_vpc",
            "module.aft.module.aft_account_request_framework.data.aws_availability_zones.available",
            "module.aft.module.aft_account_request_framework.data.aws_region.aft-management"
          ]
        }
      ]
    },
    {
      "module": "module.aft.module.aft_account_request_framework",
      "mode": "managed",
      "type": "aws_vpc_endpoint",
      "name": "events",
      "provider": "module.aft.provider[\"registry.terraform.io/hashicorp/aws\"].aft_management",
      "instances": [
        {
          "index_key": 0,
          "schema_version": 0,
          "attributes": {
            "arn": "arn:aws:ec2:us-east-1:008298205562:vpc-endpoint/vpce-0abeea3c0bc5da1cd",
            "auto_accept": null,
            "cidr_blocks": [],
            "dns_entry": [
              {
                "dns_name": "vpce-0abeea3c0bc5da1cd-u95oyxyw.events.us-east-1.vpce.amazonaws.com",
                "hosted_zone_id": "Z7HUB22UULQXV"
              },
              {
                "dns_name": "vpce-0abeea3c0bc5da1cd-u95oyxyw-us-east-1b.events.us-east-1.vpce.amazonaws.com",
                "hosted_zone_id": "Z7HUB22UULQXV"
              },
              {
                "dns_name": "vpce-0abeea3c0bc5da1cd-u95oyxyw-us-east-1a.events.us-east-1.vpce.amazonaws.com",
                "hosted_zone_id": "Z7HUB22UULQXV"
              },
              {
                "dns_name": "events.us-east-1.amazonaws.com",
                "hosted_zone_id": "Z0343446A4W0E5M6G3JV"
              }
            ],
            "id": "vpce-0abeea3c0bc5da1cd",
            "network_interface_ids": [
              "eni-004d25eff4d0121b3",
              "eni-0428b63332391051f"
            ],
            "owner_id": "008298205562",
            "policy": "{\"Statement\":[{\"Action\":\"*\",\"Effect\":\"Allow\",\"Principal\":\"*\",\"Resource\":\"*\"}]}",
            "prefix_list_id": null,
            "private_dns_enabled": true,
            "requester_managed": false,
            "route_table_ids": [],
            "security_group_ids": [
              "sg-0bb4ee74d772979eb"
            ],
            "service_name": "com.amazonaws.us-east-1.events",
            "state": "available",
            "subnet_ids": [
              "subnet-041cf026a115900a6",
              "subnet-066a1962f2cece8db"
            ],
            "tags": {},
            "tags_all": {
              "managed_by": "AFT"
            },
            "timeouts": null,
            "vpc_endpoint_type": "Interface",
            "vpc_id": "vpc-0d6124dadfcb57dd8"
          },
          "sensitive_attributes": [],
          "private": "eyJlMmJmYjczMC1lY2FhLTExZTYtOGY4OC0zNDM2M2JjN2M0YzAiOnsiY3JlYXRlIjo2MDAwMDAwMDAwMDAsImRlbGV0ZSI6NjAwMDAwMDAwMDAwLCJ1cGRhdGUiOjYwMDAwMDAwMDAwMH19",
          "dependencies": [
            "module.aft.module.aft_account_request_framework.aws_security_group.aft_vpc_endpoint_sg",
            "module.aft.module.aft_account_request_framework.aws_subnet.aft_vpc_private_subnet_01",
            "module.aft.module.aft_account_request_framework.aws_subnet.aft_vpc_private_subnet_02",
            "module.aft.module.aft_account_request_framework.aws_vpc.aft_vpc",
            "module.aft.module.aft_account_request_framework.data.aws_availability_zones.available",
            "module.aft.module.aft_account_request_framework.data.aws_subnet_ids.events",
            "module.aft.module.aft_account_request_framework.data.aws_vpc_endpoint_service.events"
          ]
        }
      ]
    },
    {
      "module": "module.aft.module.aft_account_request_framework",
      "mode": "managed",
      "type": "aws_vpc_endpoint",
      "name": "git-codecommit",
      "provider": "module.aft.provider[\"registry.terraform.io/hashicorp/aws\"].aft_management",
      "instances": [
        {
          "index_key": 0,
          "schema_version": 0,
          "attributes": {
            "arn": "arn:aws:ec2:us-east-1:008298205562:vpc-endpoint/vpce-019aff270744bf515",
            "auto_accept": null,
            "cidr_blocks": [],
            "dns_entry": [
              {
                "dns_name": "vpce-019aff270744bf515-57ga3qd8.git-codecommit.us-east-1.vpce.amazonaws.com",
                "hosted_zone_id": "Z7HUB22UULQXV"
              },
              {
                "dns_name": "vpce-019aff270744bf515-57ga3qd8-us-east-1a.git-codecommit.us-east-1.vpce.amazonaws.com",
                "hosted_zone_id": "Z7HUB22UULQXV"
              },
              {
                "dns_name": "vpce-019aff270744bf515-57ga3qd8-us-east-1b.git-codecommit.us-east-1.vpce.amazonaws.com",
                "hosted_zone_id": "Z7HUB22UULQXV"
              },
              {
                "dns_name": "git-codecommit.us-east-1.amazonaws.com",
                "hosted_zone_id": "Z0926209316JVM99N3LKA"
              }
            ],
            "id": "vpce-019aff270744bf515",
            "network_interface_ids": [
              "eni-04e1024c05ba45402",
              "eni-06f737140dcbe02a7"
            ],
            "owner_id": "008298205562",
            "policy": "{\"Statement\":[{\"Action\":\"*\",\"Effect\":\"Allow\",\"Principal\":\"*\",\"Resource\":\"*\"}]}",
            "prefix_list_id": null,
            "private_dns_enabled": true,
            "requester_managed": false,
            "route_table_ids": [],
            "security_group_ids": [
              "sg-0bb4ee74d772979eb"
            ],
            "service_name": "com.amazonaws.us-east-1.git-codecommit",
            "state": "available",
            "subnet_ids": [
              "subnet-041cf026a115900a6",
              "subnet-066a1962f2cece8db"
            ],
            "tags": {},
            "tags_all": {
              "managed_by": "AFT"
            },
            "timeouts": null,
            "vpc_endpoint_type": "Interface",
            "vpc_id": "vpc-0d6124dadfcb57dd8"
          },
          "sensitive_attributes": [],
          "private": "eyJlMmJmYjczMC1lY2FhLTExZTYtOGY4OC0zNDM2M2JjN2M0YzAiOnsiY3JlYXRlIjo2MDAwMDAwMDAwMDAsImRlbGV0ZSI6NjAwMDAwMDAwMDAwLCJ1cGRhdGUiOjYwMDAwMDAwMDAwMH19",
          "dependencies": [
            "module.aft.module.aft_account_request_framework.aws_security_group.aft_vpc_endpoint_sg",
            "module.aft.module.aft_account_request_framework.aws_subnet.aft_vpc_private_subnet_01",
            "module.aft.module.aft_account_request_framework.aws_subnet.aft_vpc_private_subnet_02",
            "module.aft.module.aft_account_request_framework.aws_vpc.aft_vpc",
            "module.aft.module.aft_account_request_framework.data.aws_availability_zones.available",
            "module.aft.module.aft_account_request_framework.data.aws_subnet_ids.git-codecommit",
            "module.aft.module.aft_account_request_framework.data.aws_vpc_endpoint_service.git-codecommit"
          ]
        }
      ]
    },
    {
      "module": "module.aft.module.aft_account_request_framework",
      "mode": "managed",
      "type": "aws_vpc_endpoint",
      "name": "kms",
      "provider": "module.aft.provider[\"registry.terraform.io/hashicorp/aws\"].aft_management",
      "instances": [
        {
          "index_key": 0,
          "schema_version": 0,
          "attributes": {
            "arn": "arn:aws:ec2:us-east-1:008298205562:vpc-endpoint/vpce-021755896865ce3b9",
            "auto_accept": null,
            "cidr_blocks": [],
            "dns_entry": [
              {
                "dns_name": "vpce-021755896865ce3b9-hdl4h56l.kms.us-east-1.vpce.amazonaws.com",
                "hosted_zone_id": "Z7HUB22UULQXV"
              },
              {
                "dns_name": "vpce-021755896865ce3b9-hdl4h56l-us-east-1a.kms.us-east-1.vpce.amazonaws.com",
                "hosted_zone_id": "Z7HUB22UULQXV"
              },
              {
                "dns_name": "vpce-021755896865ce3b9-hdl4h56l-us-east-1b.kms.us-east-1.vpce.amazonaws.com",
                "hosted_zone_id": "Z7HUB22UULQXV"
              },
              {
                "dns_name": "kms.us-east-1.amazonaws.com",
                "hosted_zone_id": "Z09262193FUG3TKH2HBM6"
              }
            ],
            "id": "vpce-021755896865ce3b9",
            "network_interface_ids": [
              "eni-010658ad6fd72f452",
              "eni-08232f0a5da6ba7af"
            ],
            "owner_id": "008298205562",
            "policy": "{\"Statement\":[{\"Action\":\"*\",\"Effect\":\"Allow\",\"Principal\":\"*\",\"Resource\":\"*\"}]}",
            "prefix_list_id": null,
            "private_dns_enabled": true,
            "requester_managed": false,
            "route_table_ids": [],
            "security_group_ids": [
              "sg-0bb4ee74d772979eb"
            ],
            "service_name": "com.amazonaws.us-east-1.kms",
            "state": "available",
            "subnet_ids": [
              "subnet-041cf026a115900a6",
              "subnet-066a1962f2cece8db"
            ],
            "tags": {},
            "tags_all": {
              "managed_by": "AFT"
            },
            "timeouts": null,
            "vpc_endpoint_type": "Interface",
            "vpc_id": "vpc-0d6124dadfcb57dd8"
          },
          "sensitive_attributes": [],
          "private": "eyJlMmJmYjczMC1lY2FhLTExZTYtOGY4OC0zNDM2M2JjN2M0YzAiOnsiY3JlYXRlIjo2MDAwMDAwMDAwMDAsImRlbGV0ZSI6NjAwMDAwMDAwMDAwLCJ1cGRhdGUiOjYwMDAwMDAwMDAwMH19",
          "dependencies": [
            "module.aft.module.aft_account_request_framework.aws_security_group.aft_vpc_endpoint_sg",
            "module.aft.module.aft_account_request_framework.aws_subnet.aft_vpc_private_subnet_01",
            "module.aft.module.aft_account_request_framework.aws_subnet.aft_vpc_private_subnet_02",
            "module.aft.module.aft_account_request_framework.aws_vpc.aft_vpc",
            "module.aft.module.aft_account_request_framework.data.aws_availability_zones.available",
            "module.aft.module.aft_account_request_framework.data.aws_subnet_ids.kms",
            "module.aft.module.aft_account_request_framework.data.aws_vpc_endpoint_service.kms"
          ]
        }
      ]
    },
    {
      "module": "module.aft.module.aft_account_request_framework",
      "mode": "managed",
      "type": "aws_vpc_endpoint",
      "name": "lambda",
      "provider": "module.aft.provider[\"registry.terraform.io/hashicorp/aws\"].aft_management",
      "instances": [
        {
          "index_key": 0,
          "schema_version": 0,
          "attributes": {
            "arn": "arn:aws:ec2:us-east-1:008298205562:vpc-endpoint/vpce-0e0bbb2976512327d",
            "auto_accept": null,
            "cidr_blocks": [],
            "dns_entry": [
              {
                "dns_name": "vpce-0e0bbb2976512327d-3rtg83qu.lambda.us-east-1.vpce.amazonaws.com",
                "hosted_zone_id": "Z7HUB22UULQXV"
              },
              {
                "dns_name": "vpce-0e0bbb2976512327d-3rtg83qu-us-east-1b.lambda.us-east-1.vpce.amazonaws.com",
                "hosted_zone_id": "Z7HUB22UULQXV"
              },
              {
                "dns_name": "vpce-0e0bbb2976512327d-3rtg83qu-us-east-1a.lambda.us-east-1.vpce.amazonaws.com",
                "hosted_zone_id": "Z7HUB22UULQXV"
              },
              {
                "dns_name": "lambda.us-east-1.amazonaws.com",
                "hosted_zone_id": "Z03432556EWSFWBU8NI0"
              },
              {
                "dns_name": "lambda.us-east-1.api.aws",
                "hosted_zone_id": "Z03432542WF499C8SHNXD"
              }
            ],
            "id": "vpce-0e0bbb2976512327d",
            "network_interface_ids": [
              "eni-00a7a0deeeb560ed8",
              "eni-01023c4c62e0695ab"
            ],
            "owner_id": "008298205562",
            "policy": "{\"Statement\":[{\"Action\":\"*\",\"Effect\":\"Allow\",\"Principal\":\"*\",\"Resource\":\"*\"}]}",
            "prefix_list_id": null,
            "private_dns_enabled": true,
            "requester_managed": false,
            "route_table_ids": [],
            "security_group_ids": [
              "sg-0bb4ee74d772979eb"
            ],
            "service_name": "com.amazonaws.us-east-1.lambda",
            "state": "available",
            "subnet_ids": [
              "subnet-041cf026a115900a6",
              "subnet-066a1962f2cece8db"
            ],
            "tags": {},
            "tags_all": {
              "managed_by": "AFT"
            },
            "timeouts": null,
            "vpc_endpoint_type": "Interface",
            "vpc_id": "vpc-0d6124dadfcb57dd8"
          },
          "sensitive_attributes": [],
          "private": "eyJlMmJmYjczMC1lY2FhLTExZTYtOGY4OC0zNDM2M2JjN2M0YzAiOnsiY3JlYXRlIjo2MDAwMDAwMDAwMDAsImRlbGV0ZSI6NjAwMDAwMDAwMDAwLCJ1cGRhdGUiOjYwMDAwMDAwMDAwMH19",
          "dependencies": [
            "module.aft.module.aft_account_request_framework.aws_security_group.aft_vpc_endpoint_sg",
            "module.aft.module.aft_account_request_framework.aws_subnet.aft_vpc_private_subnet_01",
            "module.aft.module.aft_account_request_framework.aws_subnet.aft_vpc_private_subnet_02",
            "module.aft.module.aft_account_request_framework.aws_vpc.aft_vpc",
            "module.aft.module.aft_account_request_framework.data.aws_availability_zones.available",
            "module.aft.module.aft_account_request_framework.data.aws_subnet_ids.lambda",
            "module.aft.module.aft_account_request_framework.data.aws_vpc_endpoint_service.lambda"
          ]
        }
      ]
    },
    {
      "module": "module.aft.module.aft_account_request_framework",
      "mode": "managed",
      "type": "aws_vpc_endpoint",
      "name": "logs",
      "provider": "module.aft.provider[\"registry.terraform.io/hashicorp/aws\"].aft_management",
      "instances": [
        {
          "index_key": 0,
          "schema_version": 0,
          "attributes": {
            "arn": "arn:aws:ec2:us-east-1:008298205562:vpc-endpoint/vpce-01a7b667ee9b913f3",
            "auto_accept": null,
            "cidr_blocks": [],
            "dns_entry": [
              {
                "dns_name": "vpce-01a7b667ee9b913f3-r7rgueye.logs.us-east-1.vpce.amazonaws.com",
                "hosted_zone_id": "Z7HUB22UULQXV"
              },
              {
                "dns_name": "vpce-01a7b667ee9b913f3-r7rgueye-us-east-1a.logs.us-east-1.vpce.amazonaws.com",
                "hosted_zone_id": "Z7HUB22UULQXV"
              },
              {
                "dns_name": "vpce-01a7b667ee9b913f3-r7rgueye-us-east-1b.logs.us-east-1.vpce.amazonaws.com",
                "hosted_zone_id": "Z7HUB22UULQXV"
              },
              {
                "dns_name": "logs.us-east-1.amazonaws.com",
                "hosted_zone_id": "Z03436181J526HYU0UO5K"
              }
            ],
            "id": "vpce-01a7b667ee9b913f3",
            "network_interface_ids": [
              "eni-07362f756a21a9ae2",
              "eni-0f0aee25c514d7ee7"
            ],
            "owner_id": "008298205562",
            "policy": "{\"Statement\":[{\"Action\":\"*\",\"Effect\":\"Allow\",\"Principal\":\"*\",\"Resource\":\"*\"}]}",
            "prefix_list_id": null,
            "private_dns_enabled": true,
            "requester_managed": false,
            "route_table_ids": [],
            "security_group_ids": [
              "sg-0bb4ee74d772979eb"
            ],
            "service_name": "com.amazonaws.us-east-1.logs",
            "state": "available",
            "subnet_ids": [
              "subnet-041cf026a115900a6",
              "subnet-066a1962f2cece8db"
            ],
            "tags": {},
            "tags_all": {
              "managed_by": "AFT"
            },
            "timeouts": null,
            "vpc_endpoint_type": "Interface",
            "vpc_id": "vpc-0d6124dadfcb57dd8"
          },
          "sensitive_attributes": [],
          "private": "eyJlMmJmYjczMC1lY2FhLTExZTYtOGY4OC0zNDM2M2JjN2M0YzAiOnsiY3JlYXRlIjo2MDAwMDAwMDAwMDAsImRlbGV0ZSI6NjAwMDAwMDAwMDAwLCJ1cGRhdGUiOjYwMDAwMDAwMDAwMH19",
          "dependencies": [
            "module.aft.module.aft_account_request_framework.aws_security_group.aft_vpc_endpoint_sg",
            "module.aft.module.aft_account_request_framework.aws_subnet.aft_vpc_private_subnet_01",
            "module.aft.module.aft_account_request_framework.aws_subnet.aft_vpc_private_subnet_02",
            "module.aft.module.aft_account_request_framework.aws_vpc.aft_vpc",
            "module.aft.module.aft_account_request_framework.data.aws_availability_zones.available",
            "module.aft.module.aft_account_request_framework.data.aws_subnet_ids.logs",
            "module.aft.module.aft_account_request_framework.data.aws_vpc_endpoint_service.logs"
          ]
        }
      ]
    },
    {
      "module": "module.aft.module.aft_account_request_framework",
      "mode": "managed",
      "type": "aws_vpc_endpoint",
      "name": "s3",
      "provider": "module.aft.provider[\"registry.terraform.io/hashicorp/aws\"].aft_management",
      "instances": [
        {
          "index_key": 0,
          "schema_version": 0,
          "attributes": {
            "arn": "arn:aws:ec2:us-east-1:008298205562:vpc-endpoint/vpce-016cfe6321a78150d",
            "auto_accept": null,
            "cidr_blocks": [
              "18.34.0.0/19",
              "52.216.0.0/15",
              "54.231.0.0/16",
              "3.5.0.0/19",
              "18.34.232.0/21"
            ],
            "dns_entry": [],
            "id": "vpce-016cfe6321a78150d",
            "network_interface_ids": [],
            "owner_id": "008298205562",
            "policy": "{\"Statement\":[{\"Action\":\"*\",\"Effect\":\"Allow\",\"Principal\":\"*\",\"Resource\":\"*\"}],\"Version\":\"2008-10-17\"}",
            "prefix_list_id": "pl-63a5400a",
            "private_dns_enabled": false,
            "requester_managed": false,
            "route_table_ids": [
              "rtb-06cc7861901dc166a",
              "rtb-09b8f1911445ace9b",
              "rtb-0c3e7242b36dbc490"
            ],
            "security_group_ids": [],
            "service_name": "com.amazonaws.us-east-1.s3",
            "state": "available",
            "subnet_ids": [],
            "tags": {},
            "tags_all": {
              "managed_by": "AFT"
            },
            "timeouts": null,
            "vpc_endpoint_type": "Gateway",
            "vpc_id": "vpc-0d6124dadfcb57dd8"
          },
          "sensitive_attributes": [],
          "private": "eyJlMmJmYjczMC1lY2FhLTExZTYtOGY4OC0zNDM2M2JjN2M0YzAiOnsiY3JlYXRlIjo2MDAwMDAwMDAwMDAsImRlbGV0ZSI6NjAwMDAwMDAwMDAwLCJ1cGRhdGUiOjYwMDAwMDAwMDAwMH19",
          "dependencies": [
            "module.aft.module.aft_account_request_framework.aws_eip.aft-vpc-natgw-01",
            "module.aft.module.aft_account_request_framework.aws_eip.aft-vpc-natgw-02",
            "module.aft.module.aft_account_request_framework.aws_internet_gateway.aft-vpc-igw",
            "module.aft.module.aft_account_request_framework.aws_nat_gateway.aft-vpc-natgw-01",
            "module.aft.module.aft_account_request_framework.aws_nat_gateway.aft-vpc-natgw-02",
            "module.aft.module.aft_account_request_framework.aws_route_table.aft_vpc_private_subnet_01",
            "module.aft.module.aft_account_request_framework.aws_route_table.aft_vpc_private_subnet_02",
            "module.aft.module.aft_account_request_framework.aws_route_table.aft_vpc_public_subnet_01",
            "module.aft.module.aft_account_request_framework.aws_subnet.aft_vpc_public_subnet_01",
            "module.aft.module.aft_account_request_framework.aws_subnet.aft_vpc_public_subnet_02",
            "module.aft.module.aft_account_request_framework.aws_vpc.aft_vpc",
            "module.aft.module.aft_account_request_framework.data.aws_availability_zones.available",
            "module.aft.module.aft_account_request_framework.data.aws_region.aft-management"
          ]
        }
      ]
    },
    {
      "module": "module.aft.module.aft_account_request_framework",
      "mode": "managed",
      "type": "aws_vpc_endpoint",
      "name": "servicecatalog",
      "provider": "module.aft.provider[\"registry.terraform.io/hashicorp/aws\"].aft_management",
      "instances": [
        {
          "index_key": 0,
          "schema_version": 0,
          "attributes": {
            "arn": "arn:aws:ec2:us-east-1:008298205562:vpc-endpoint/vpce-06de0772477ee3e93",
            "auto_accept": null,
            "cidr_blocks": [],
            "dns_entry": [
              {
                "dns_name": "vpce-06de0772477ee3e93-pf9lq9w6.servicecatalog.us-east-1.vpce.amazonaws.com",
                "hosted_zone_id": "Z7HUB22UULQXV"
              },
              {
                "dns_name": "vpce-06de0772477ee3e93-pf9lq9w6-us-east-1b.servicecatalog.us-east-1.vpce.amazonaws.com",
                "hosted_zone_id": "Z7HUB22UULQXV"
              },
              {
                "dns_name": "vpce-06de0772477ee3e93-pf9lq9w6-us-east-1a.servicecatalog.us-east-1.vpce.amazonaws.com",
                "hosted_zone_id": "Z7HUB22UULQXV"
              },
              {
                "dns_name": "servicecatalog.us-east-1.amazonaws.com",
                "hosted_zone_id": "Z03436062ML8J45G51WU3"
              }
            ],
            "id": "vpce-06de0772477ee3e93",
            "network_interface_ids": [
              "eni-00d10b2898c1315c7",
              "eni-0c2b68af93bfa32e2"
            ],
            "owner_id": "008298205562",
            "policy": "{\"Statement\":[{\"Action\":\"*\",\"Effect\":\"Allow\",\"Principal\":\"*\",\"Resource\":\"*\"}]}",
            "prefix_list_id": null,
            "private_dns_enabled": true,
            "requester_managed": false,
            "route_table_ids": [],
            "security_group_ids": [
              "sg-0bb4ee74d772979eb"
            ],
            "service_name": "com.amazonaws.us-east-1.servicecatalog",
            "state": "available",
            "subnet_ids": [
              "subnet-041cf026a115900a6",
              "subnet-066a1962f2cece8db"
            ],
            "tags": {},
            "tags_all": {
              "managed_by": "AFT"
            },
            "timeouts": null,
            "vpc_endpoint_type": "Interface",
            "vpc_id": "vpc-0d6124dadfcb57dd8"
          },
          "sensitive_attributes": [],
          "private": "eyJlMmJmYjczMC1lY2FhLTExZTYtOGY4OC0zNDM2M2JjN2M0YzAiOnsiY3JlYXRlIjo2MDAwMDAwMDAwMDAsImRlbGV0ZSI6NjAwMDAwMDAwMDAwLCJ1cGRhdGUiOjYwMDAwMDAwMDAwMH19",
          "dependencies": [
            "module.aft.module.aft_account_request_framework.aws_security_group.aft_vpc_endpoint_sg",
            "module.aft.module.aft_account_request_framework.aws_subnet.aft_vpc_private_subnet_01",
            "module.aft.module.aft_account_request_framework.aws_subnet.aft_vpc_private_subnet_02",
            "module.aft.module.aft_account_request_framework.aws_vpc.aft_vpc",
            "module.aft.module.aft_account_request_framework.data.aws_availability_zones.available",
            "module.aft.module.aft_account_request_framework.data.aws_subnet_ids.servicecatalog",
            "module.aft.module.aft_account_request_framework.data.aws_vpc_endpoint_service.servicecatalog"
          ]
        }
      ]
    },
    {
      "module": "module.aft.module.aft_account_request_framework",
      "mode": "managed",
      "type": "aws_vpc_endpoint",
      "name": "sns",
      "provider": "module.aft.provider[\"registry.terraform.io/hashicorp/aws\"].aft_management",
      "instances": [
        {
          "index_key": 0,
          "schema_version": 0,
          "attributes": {
            "arn": "arn:aws:ec2:us-east-1:008298205562:vpc-endpoint/vpce-0314e5487e4fb7e2c",
            "auto_accept": null,
            "cidr_blocks": [],
            "dns_entry": [
              {
                "dns_name": "vpce-0314e5487e4fb7e2c-fi6drjm1.sns.us-east-1.vpce.amazonaws.com",
                "hosted_zone_id": "Z7HUB22UULQXV"
              },
              {
                "dns_name": "vpce-0314e5487e4fb7e2c-fi6drjm1-us-east-1a.sns.us-east-1.vpce.amazonaws.com",
                "hosted_zone_id": "Z7HUB22UULQXV"
              },
              {
                "dns_name": "vpce-0314e5487e4fb7e2c-fi6drjm1-us-east-1b.sns.us-east-1.vpce.amazonaws.com",
                "hosted_zone_id": "Z7HUB22UULQXV"
              },
              {
                "dns_name": "sns.us-east-1.amazonaws.com",
                "hosted_zone_id": "Z09264641XDCGCNUGL9I9"
              }
            ],
            "id": "vpce-0314e5487e4fb7e2c",
            "network_interface_ids": [
              "eni-0610add7e75919643",
              "eni-061e9b42080bfc7b4"
            ],
            "owner_id": "008298205562",
            "policy": "{\"Statement\":[{\"Action\":\"*\",\"Effect\":\"Allow\",\"Principal\":\"*\",\"Resource\":\"*\"}]}",
            "prefix_list_id": null,
            "private_dns_enabled": true,
            "requester_managed": false,
            "route_table_ids": [],
            "security_group_ids": [
              "sg-0bb4ee74d772979eb"
            ],
            "service_name": "com.amazonaws.us-east-1.sns",
            "state": "available",
            "subnet_ids": [
              "subnet-041cf026a115900a6",
              "subnet-066a1962f2cece8db"
            ],
            "tags": {},
            "tags_all": {
              "managed_by": "AFT"
            },
            "timeouts": null,
            "vpc_endpoint_type": "Interface",
            "vpc_id": "vpc-0d6124dadfcb57dd8"
          },
          "sensitive_attributes": [],
          "private": "eyJlMmJmYjczMC1lY2FhLTExZTYtOGY4OC0zNDM2M2JjN2M0YzAiOnsiY3JlYXRlIjo2MDAwMDAwMDAwMDAsImRlbGV0ZSI6NjAwMDAwMDAwMDAwLCJ1cGRhdGUiOjYwMDAwMDAwMDAwMH19",
          "dependencies": [
            "module.aft.module.aft_account_request_framework.aws_security_group.aft_vpc_endpoint_sg",
            "module.aft.module.aft_account_request_framework.aws_subnet.aft_vpc_private_subnet_01",
            "module.aft.module.aft_account_request_framework.aws_subnet.aft_vpc_private_subnet_02",
            "module.aft.module.aft_account_request_framework.aws_vpc.aft_vpc",
            "module.aft.module.aft_account_request_framework.data.aws_availability_zones.available",
            "module.aft.module.aft_account_request_framework.data.aws_subnet_ids.sns",
            "module.aft.module.aft_account_request_framework.data.aws_vpc_endpoint_service.sns"
          ]
        }
      ]
    },
    {
      "module": "module.aft.module.aft_account_request_framework",
      "mode": "managed",
      "type": "aws_vpc_endpoint",
      "name": "sqs",
      "provider": "module.aft.provider[\"registry.terraform.io/hashicorp/aws\"].aft_management",
      "instances": [
        {
          "index_key": 0,
          "schema_version": 0,
          "attributes": {
            "arn": "arn:aws:ec2:us-east-1:008298205562:vpc-endpoint/vpce-0e6d5523afa665c80",
            "auto_accept": null,
            "cidr_blocks": [],
            "dns_entry": [
              {
                "dns_name": "vpce-0e6d5523afa665c80-vblmdn1h.sqs.us-east-1.vpce.amazonaws.com",
                "hosted_zone_id": "Z7HUB22UULQXV"
              },
              {
                "dns_name": "vpce-0e6d5523afa665c80-vblmdn1h-us-east-1a.sqs.us-east-1.vpce.amazonaws.com",
                "hosted_zone_id": "Z7HUB22UULQXV"
              },
              {
                "dns_name": "vpce-0e6d5523afa665c80-vblmdn1h-us-east-1b.sqs.us-east-1.vpce.amazonaws.com",
                "hosted_zone_id": "Z7HUB22UULQXV"
              },
              {
                "dns_name": "sqs.us-east-1.amazonaws.com",
                "hosted_zone_id": "Z03369682WYKXNA1T0EZM"
              }
            ],
            "id": "vpce-0e6d5523afa665c80",
            "network_interface_ids": [
              "eni-06168ace93c1189b2",
              "eni-0d76fab76762b52e2"
            ],
            "owner_id": "008298205562",
            "policy": "{\"Statement\":[{\"Action\":\"*\",\"Effect\":\"Allow\",\"Principal\":\"*\",\"Resource\":\"*\"}]}",
            "prefix_list_id": null,
            "private_dns_enabled": true,
            "requester_managed": false,
            "route_table_ids": [],
            "security_group_ids": [
              "sg-0bb4ee74d772979eb"
            ],
            "service_name": "com.amazonaws.us-east-1.sqs",
            "state": "available",
            "subnet_ids": [
              "subnet-041cf026a115900a6",
              "subnet-066a1962f2cece8db"
            ],
            "tags": {},
            "tags_all": {
              "managed_by": "AFT"
            },
            "timeouts": null,
            "vpc_endpoint_type": "Interface",
            "vpc_id": "vpc-0d6124dadfcb57dd8"
          },
          "sensitive_attributes": [],
          "private": "eyJlMmJmYjczMC1lY2FhLTExZTYtOGY4OC0zNDM2M2JjN2M0YzAiOnsiY3JlYXRlIjo2MDAwMDAwMDAwMDAsImRlbGV0ZSI6NjAwMDAwMDAwMDAwLCJ1cGRhdGUiOjYwMDAwMDAwMDAwMH19",
          "dependencies": [
            "module.aft.module.aft_account_request_framework.aws_security_group.aft_vpc_endpoint_sg",
            "module.aft.module.aft_account_request_framework.aws_subnet.aft_vpc_private_subnet_01",
            "module.aft.module.aft_account_request_framework.aws_subnet.aft_vpc_private_subnet_02",
            "module.aft.module.aft_account_request_framework.aws_vpc.aft_vpc",
            "module.aft.module.aft_account_request_framework.data.aws_availability_zones.available",
            "module.aft.module.aft_account_request_framework.data.aws_subnet_ids.sqs",
            "module.aft.module.aft_account_request_framework.data.aws_vpc_endpoint_service.sqs"
          ]
        }
      ]
    },
    {
      "module": "module.aft.module.aft_account_request_framework",
      "mode": "managed",
      "type": "aws_vpc_endpoint",
      "name": "ssm",
      "provider": "module.aft.provider[\"registry.terraform.io/hashicorp/aws\"].aft_management",
      "instances": [
        {
          "index_key": 0,
          "schema_version": 0,
          "attributes": {
            "arn": "arn:aws:ec2:us-east-1:008298205562:vpc-endpoint/vpce-01e12c786147fb274",
            "auto_accept": null,
            "cidr_blocks": [],
            "dns_entry": [
              {
                "dns_name": "vpce-01e12c786147fb274-iew0wfpz.ssm.us-east-1.vpce.amazonaws.com",
                "hosted_zone_id": "Z7HUB22UULQXV"
              },
              {
                "dns_name": "vpce-01e12c786147fb274-iew0wfpz-us-east-1a.ssm.us-east-1.vpce.amazonaws.com",
                "hosted_zone_id": "Z7HUB22UULQXV"
              },
              {
                "dns_name": "vpce-01e12c786147fb274-iew0wfpz-us-east-1b.ssm.us-east-1.vpce.amazonaws.com",
                "hosted_zone_id": "Z7HUB22UULQXV"
              },
              {
                "dns_name": "ssm.us-east-1.amazonaws.com",
                "hosted_zone_id": "Z0336718G8973T61L2L7"
              }
            ],
            "id": "vpce-01e12c786147fb274",
            "network_interface_ids": [
              "eni-0b47196faa1313167",
              "eni-0d9f7235659c4cc38"
            ],
            "owner_id": "008298205562",
            "policy": "{\"Statement\":[{\"Action\":\"*\",\"Effect\":\"Allow\",\"Principal\":\"*\",\"Resource\":\"*\"}]}",
            "prefix_list_id": null,
            "private_dns_enabled": true,
            "requester_managed": false,
            "route_table_ids": [],
            "security_group_ids": [
              "sg-0bb4ee74d772979eb"
            ],
            "service_name": "com.amazonaws.us-east-1.ssm",
            "state": "available",
            "subnet_ids": [
              "subnet-041cf026a115900a6",
              "subnet-066a1962f2cece8db"
            ],
            "tags": {},
            "tags_all": {
              "managed_by": "AFT"
            },
            "timeouts": null,
            "vpc_endpoint_type": "Interface",
            "vpc_id": "vpc-0d6124dadfcb57dd8"
          },
          "sensitive_attributes": [],
          "private": "eyJlMmJmYjczMC1lY2FhLTExZTYtOGY4OC0zNDM2M2JjN2M0YzAiOnsiY3JlYXRlIjo2MDAwMDAwMDAwMDAsImRlbGV0ZSI6NjAwMDAwMDAwMDAwLCJ1cGRhdGUiOjYwMDAwMDAwMDAwMH19",
          "dependencies": [
            "module.aft.module.aft_account_request_framework.aws_security_group.aft_vpc_endpoint_sg",
            "module.aft.module.aft_account_request_framework.aws_subnet.aft_vpc_private_subnet_01",
            "module.aft.module.aft_account_request_framework.aws_subnet.aft_vpc_private_subnet_02",
            "module.aft.module.aft_account_request_framework.aws_vpc.aft_vpc",
            "module.aft.module.aft_account_request_framework.data.aws_availability_zones.available",
            "module.aft.module.aft_account_request_framework.data.aws_subnet_ids.ssm",
            "module.aft.module.aft_account_request_framework.data.aws_vpc_endpoint_service.ssm"
          ]
        }
      ]
    },
    {
      "module": "module.aft.module.aft_account_request_framework",
      "mode": "managed",
      "type": "aws_vpc_endpoint",
      "name": "states",
      "provider": "module.aft.provider[\"registry.terraform.io/hashicorp/aws\"].aft_management",
      "instances": [
        {
          "index_key": 0,
          "schema_version": 0,
          "attributes": {
            "arn": "arn:aws:ec2:us-east-1:008298205562:vpc-endpoint/vpce-04c14e9ad4485b84a",
            "auto_accept": null,
            "cidr_blocks": [],
            "dns_entry": [
              {
                "dns_name": "vpce-04c14e9ad4485b84a-dhxpk9d0.states.us-east-1.vpce.amazonaws.com",
                "hosted_zone_id": "Z7HUB22UULQXV"
              },
              {
                "dns_name": "vpce-04c14e9ad4485b84a-dhxpk9d0-us-east-1b.states.us-east-1.vpce.amazonaws.com",
                "hosted_zone_id": "Z7HUB22UULQXV"
              },
              {
                "dns_name": "vpce-04c14e9ad4485b84a-dhxpk9d0-us-east-1a.states.us-east-1.vpce.amazonaws.com",
                "hosted_zone_id": "Z7HUB22UULQXV"
              },
              {
                "dns_name": "states.us-east-1.amazonaws.com",
                "hosted_zone_id": "Z0269441EICE6LSHHMF3"
              }
            ],
            "id": "vpce-04c14e9ad4485b84a",
            "network_interface_ids": [
              "eni-021c0537950d114f4",
              "eni-0b556bab50ff3053c"
            ],
            "owner_id": "008298205562",
            "policy": "{\"Statement\":[{\"Action\":\"*\",\"Effect\":\"Allow\",\"Principal\":\"*\",\"Resource\":\"*\"}]}",
            "prefix_list_id": null,
            "private_dns_enabled": true,
            "requester_managed": false,
            "route_table_ids": [],
            "security_group_ids": [
              "sg-0bb4ee74d772979eb"
            ],
            "service_name": "com.amazonaws.us-east-1.states",
            "state": "available",
            "subnet_ids": [
              "subnet-041cf026a115900a6",
              "subnet-066a1962f2cece8db"
            ],
            "tags": {},
            "tags_all": {
              "managed_by": "AFT"
            },
            "timeouts": null,
            "vpc_endpoint_type": "Interface",
            "vpc_id": "vpc-0d6124dadfcb57dd8"
          },
          "sensitive_attributes": [],
          "private": "eyJlMmJmYjczMC1lY2FhLTExZTYtOGY4OC0zNDM2M2JjN2M0YzAiOnsiY3JlYXRlIjo2MDAwMDAwMDAwMDAsImRlbGV0ZSI6NjAwMDAwMDAwMDAwLCJ1cGRhdGUiOjYwMDAwMDAwMDAwMH19",
          "dependencies": [
            "module.aft.module.aft_account_request_framework.aws_security_group.aft_vpc_endpoint_sg",
            "module.aft.module.aft_account_request_framework.aws_subnet.aft_vpc_private_subnet_01",
            "module.aft.module.aft_account_request_framework.aws_subnet.aft_vpc_private_subnet_02",
            "module.aft.module.aft_account_request_framework.aws_vpc.aft_vpc",
            "module.aft.module.aft_account_request_framework.data.aws_availability_zones.available",
            "module.aft.module.aft_account_request_framework.data.aws_subnet_ids.states",
            "module.aft.module.aft_account_request_framework.data.aws_vpc_endpoint_service.states"
          ]
        }
      ]
    },
    {
      "module": "module.aft.module.aft_account_request_framework",
      "mode": "managed",
      "type": "aws_vpc_endpoint",
      "name": "sts",
      "provider": "module.aft.provider[\"registry.terraform.io/hashicorp/aws\"].aft_management",
      "instances": [
        {
          "index_key": 0,
          "schema_version": 0,
          "attributes": {
            "arn": "arn:aws:ec2:us-east-1:008298205562:vpc-endpoint/vpce-009d29247fddc1f8f",
            "auto_accept": null,
            "cidr_blocks": [],
            "dns_entry": [
              {
                "dns_name": "vpce-009d29247fddc1f8f-yut5as4g.sts.us-east-1.vpce.amazonaws.com",
                "hosted_zone_id": "Z7HUB22UULQXV"
              },
              {
                "dns_name": "vpce-009d29247fddc1f8f-yut5as4g-us-east-1b.sts.us-east-1.vpce.amazonaws.com",
                "hosted_zone_id": "Z7HUB22UULQXV"
              },
              {
                "dns_name": "vpce-009d29247fddc1f8f-yut5as4g-us-east-1a.sts.us-east-1.vpce.amazonaws.com",
                "hosted_zone_id": "Z7HUB22UULQXV"
              },
              {
                "dns_name": "sts.us-east-1.amazonaws.com",
                "hosted_zone_id": "Z03360172MHTY20ORIHPD"
              }
            ],
            "id": "vpce-009d29247fddc1f8f",
            "network_interface_ids": [
              "eni-06042d3eb106acb29",
              "eni-08eec0938e6f5f28a"
            ],
            "owner_id": "008298205562",
            "policy": "{\"Statement\":[{\"Action\":\"*\",\"Effect\":\"Allow\",\"Principal\":\"*\",\"Resource\":\"*\"}]}",
            "prefix_list_id": null,
            "private_dns_enabled": true,
            "requester_managed": false,
            "route_table_ids": [],
            "security_group_ids": [
              "sg-0bb4ee74d772979eb"
            ],
            "service_name": "com.amazonaws.us-east-1.sts",
            "state": "available",
            "subnet_ids": [
              "subnet-041cf026a115900a6",
              "subnet-066a1962f2cece8db"
            ],
            "tags": {},
            "tags_all": {
              "managed_by": "AFT"
            },
            "timeouts": null,
            "vpc_endpoint_type": "Interface",
            "vpc_id": "vpc-0d6124dadfcb57dd8"
          },
          "sensitive_attributes": [],
          "private": "eyJlMmJmYjczMC1lY2FhLTExZTYtOGY4OC0zNDM2M2JjN2M0YzAiOnsiY3JlYXRlIjo2MDAwMDAwMDAwMDAsImRlbGV0ZSI6NjAwMDAwMDAwMDAwLCJ1cGRhdGUiOjYwMDAwMDAwMDAwMH19",
          "dependencies": [
            "module.aft.module.aft_account_request_framework.aws_security_group.aft_vpc_endpoint_sg",
            "module.aft.module.aft_account_request_framework.aws_subnet.aft_vpc_private_subnet_01",
            "module.aft.module.aft_account_request_framework.aws_subnet.aft_vpc_private_subnet_02",
            "module.aft.module.aft_account_request_framework.aws_vpc.aft_vpc",
            "module.aft.module.aft_account_request_framework.data.aws_availability_zones.available",
            "module.aft.module.aft_account_request_framework.data.aws_subnet_ids.sts",
            "module.aft.module.aft_account_request_framework.data.aws_vpc_endpoint_service.sts"
          ]
        }
      ]
    },
    {
      "module": "module.aft.module.aft_account_request_framework",
      "mode": "managed",
      "type": "time_sleep",
      "name": "wait_60_seconds",
      "provider": "provider[\"registry.terraform.io/hashicorp/time\"]",
      "instances": [
        {
          "schema_version": 0,
          "attributes": {
            "create_duration": "60s",
            "destroy_duration": null,
            "id": "2022-04-23T04:00:37Z",
            "triggers": null
          },
          "sensitive_attributes": [],
          "private": "bnVsbA==",
          "dependencies": [
            "module.aft.data.local_file.version",
            "module.aft.module.aft_account_request_framework.aws_dynamodb_table.aft_request",
            "module.aft.module.aft_account_request_framework.aws_iam_role.aft_account_request_audit_trigger",
            "module.aft.module.aft_account_request_framework.aws_kms_key.aft",
            "module.aft.module.aft_account_request_framework.aws_lambda_function.aft_account_request_audit_trigger",
            "module.aft.module.aft_account_request_framework.aws_security_group.aft_vpc_default_sg",
            "module.aft.module.aft_account_request_framework.aws_subnet.aft_vpc_private_subnet_01",
            "module.aft.module.aft_account_request_framework.aws_subnet.aft_vpc_private_subnet_02",
            "module.aft.module.aft_account_request_framework.aws_vpc.aft_vpc",
            "module.aft.module.aft_account_request_framework.data.aws_availability_zones.available",
            "module.aft.module.aft_customizations.aws_s3_bucket.aft_codepipeline_customizations_bucket",
            "module.aft.module.aft_customizations.data.aws_caller_identity.current",
            "module.aft.module.aft_lambda_layer.aws_codebuild_project.codebuild",
            "module.aft.module.aft_lambda_layer.aws_iam_role.codebuild",
            "module.aft.module.aft_lambda_layer.aws_iam_role.codebuild_invoker_lambda_role",
            "module.aft.module.aft_lambda_layer.aws_lambda_function.codebuild_invoker",
            "module.aft.module.aft_lambda_layer.aws_lambda_layer_version.layer_version",
            "module.aft.module.aft_lambda_layer.data.aws_lambda_invocation.invoke_codebuild_job",
            "module.aft.module.aft_lambda_layer.data.local_file.aft_lambda_layer",
            "module.aft.module.aft_lambda_layer.random_string.resource_suffix",
            "module.aft.module.packaging.data.archive_file.builder",
            "module.aft.module.packaging.data.archive_file.request_framework"
          ]
        }
      ]
    },
    {
      "module": "module.aft.module.aft_backend",
      "mode": "data",
      "type": "aws_caller_identity",
      "name": "current",
      "provider": "module.aft.provider[\"registry.terraform.io/hashicorp/aws\"].aft_management",
      "instances": [
        {
          "schema_version": 0,
          "attributes": {
            "account_id": "008298205562",
            "arn": "arn:aws:sts::008298205562:assumed-role/AWSControlTowerExecution/AWSAFT-Session",
            "id": "008298205562",
            "user_id": "AROAQD3U4SF5HEKCCBEGI:AWSAFT-Session"
          },
          "sensitive_attributes": []
        }
      ]
    },
    {
      "module": "module.aft.module.aft_backend",
      "mode": "managed",
      "type": "aws_dynamodb_table",
      "name": "lock-table",
      "provider": "module.aft.provider[\"registry.terraform.io/hashicorp/aws\"].aft_management",
      "instances": [
        {
          "schema_version": 1,
          "attributes": {
            "arn": "arn:aws:dynamodb:us-east-1:008298205562:table/aft-backend-008298205562",
            "attribute": [
              {
                "name": "LockID",
                "type": "S"
              }
            ],
            "billing_mode": "PAY_PER_REQUEST",
            "global_secondary_index": [],
            "hash_key": "LockID",
            "id": "aft-backend-008298205562",
            "local_secondary_index": [],
            "name": "aft-backend-008298205562",
            "point_in_time_recovery": [
              {
                "enabled": false
              }
            ],
            "range_key": null,
            "read_capacity": 0,
            "replica": [
              {
                "kms_key_arn": "",
                "region_name": "us-east-2"
              }
            ],
            "restore_date_time": null,
            "restore_source_name": null,
            "restore_to_latest_time": null,
            "server_side_encryption": [],
            "stream_arn": "arn:aws:dynamodb:us-east-1:008298205562:table/aft-backend-008298205562/stream/2022-04-23T03:42:30.054",
            "stream_enabled": true,
            "stream_label": "2022-04-23T03:42:30.054",
            "stream_view_type": "NEW_AND_OLD_IMAGES",
            "table_class": "",
            "tags": {
              "Name": "aft-backend-008298205562"
            },
            "tags_all": {
              "Name": "aft-backend-008298205562",
              "managed_by": "AFT"
            },
            "timeouts": null,
            "ttl": [
              {
                "attribute_name": "",
                "enabled": false
              }
            ],
            "write_capacity": 0
          },
          "sensitive_attributes": [],
          "private": "eyJlMmJmYjczMC1lY2FhLTExZTYtOGY4OC0zNDM2M2JjN2M0YzAiOnsiY3JlYXRlIjoxODAwMDAwMDAwMDAwLCJkZWxldGUiOjYwMDAwMDAwMDAwMCwidXBkYXRlIjozNjAwMDAwMDAwMDAwfSwic2NoZW1hX3ZlcnNpb24iOiIxIn0=",
          "dependencies": [
            "module.aft.module.aft_backend.data.aws_caller_identity.current"
          ]
        }
      ]
    },
    {
      "module": "module.aft.module.aft_backend",
      "mode": "managed",
      "type": "aws_iam_policy",
      "name": "replication",
      "provider": "module.aft.provider[\"registry.terraform.io/hashicorp/aws\"].aft_management",
      "instances": [
        {
          "schema_version": 0,
          "attributes": {
            "arn": "arn:aws:iam::008298205562:policy/aft-s3-terraform-backend-replication-policy",
            "description": "",
            "id": "arn:aws:iam::008298205562:policy/aft-s3-terraform-backend-replication-policy",
            "name": "aft-s3-terraform-backend-replication-policy",
            "name_prefix": null,
            "path": "/",
            "policy": "{\"Statement\":[{\"Action\":[\"s3:GetReplicationConfiguration\",\"s3:ListBucket\"],\"Effect\":\"Allow\",\"Resource\":[\"arn:aws:s3:::aft-backend-008298205562-primary-region\"]},{\"Action\":[\"s3:GetObjectVersionForReplication\",\"s3:GetObjectVersionAcl\",\"s3:GetObjectVersionTagging\"],\"Effect\":\"Allow\",\"Resource\":[\"arn:aws:s3:::aft-backend-008298205562-primary-region/*\"]},{\"Action\":[\"s3:ReplicateObject\",\"s3:ReplicateDelete\",\"s3:ReplicateTags\"],\"Condition\":{\"StringLikeIfExists\":{\"s3:x-amz-server-side-encryption\":[\"aws:kms\",\"AES256\"],\"s3:x-amz-server-side-encryption-aws-kms-key-id\":[\"arn:aws:kms:us-east-2:008298205562:key/8dbabfe3-2281-46dd-b76e-ee6170dffc2d\"]}},\"Effect\":\"Allow\",\"Resource\":\"arn:aws:s3:::aft-backend-008298205562-secondary-region/*\"},{\"Action\":[\"kms:Decrypt\"],\"Condition\":{\"StringLike\":{\"kms:EncryptionContext:aws:s3:arn\":[\"arn:aws:s3:::aft-backend-008298205562-primary-region/*\"],\"kms:ViaService\":\"s3.us-east-1.amazonaws.com\"}},\"Effect\":\"Allow\",\"Resource\":[\"arn:aws:kms:us-east-1:008298205562:key/0cc7bf81-993c-4a5d-96fe-ca66647d9f2d\"]},{\"Action\":[\"kms:Encrypt\"],\"Condition\":{\"StringLike\":{\"kms:EncryptionContext:aws:s3:arn\":[\"arn:aws:s3:::aft-backend-008298205562-primary-region/*\"],\"kms:ViaService\":\"s3.us-east-1.amazonaws.com\"}},\"Effect\":\"Allow\",\"Resource\":[\"arn:aws:kms:us-east-1:008298205562:key/0cc7bf81-993c-4a5d-96fe-ca66647d9f2d\"]},{\"Action\":[\"kms:Encrypt\"],\"Condition\":{\"StringLike\":{\"kms:EncryptionContext:aws:s3:arn\":[\"arn:aws:s3:::aft-backend-008298205562-secondary-region/*\"],\"kms:ViaService\":\"s3.us-east-2.amazonaws.com\"}},\"Effect\":\"Allow\",\"Resource\":[\"arn:aws:kms:us-east-2:008298205562:key/8dbabfe3-2281-46dd-b76e-ee6170dffc2d\"]}],\"Version\":\"2012-10-17\"}",
            "policy_id": "ANPAQD3U4SF5ONKRFARGX",
            "tags": {},
            "tags_all": {
              "managed_by": "AFT"
            }
          },
          "sensitive_attributes": [],
          "private": "bnVsbA==",
          "dependencies": [
            "module.aft.module.aft_backend.aws_iam_role.replication",
            "module.aft.module.aft_backend.aws_kms_key.encrypt-primary-region",
            "module.aft.module.aft_backend.aws_kms_key.encrypt-secondary-region",
            "module.aft.module.aft_backend.aws_s3_bucket.primary-backend-bucket",
            "module.aft.module.aft_backend.aws_s3_bucket.secondary-backend-bucket",
            "module.aft.module.aft_backend.data.aws_caller_identity.current"
          ]
        }
      ]
    },
    {
      "module": "module.aft.module.aft_backend",
      "mode": "managed",
      "type": "aws_iam_role",
      "name": "replication",
      "provider": "module.aft.provider[\"registry.terraform.io/hashicorp/aws\"].aft_management",
      "instances": [
        {
          "schema_version": 0,
          "attributes": {
            "arn": "arn:aws:iam::008298205562:role/aft-s3-terraform-backend-replication",
            "assume_role_policy": "{\"Version\":\"2012-10-17\",\"Statement\":[{\"Effect\":\"Allow\",\"Principal\":{\"Service\":\"s3.amazonaws.com\"},\"Action\":\"sts:AssumeRole\"}]}",
            "create_date": "2022-04-23T03:42:35Z",
            "description": "",
            "force_detach_policies": false,
            "id": "aft-s3-terraform-backend-replication",
            "inline_policy": [
              {
                "name": "",
                "policy": ""
              }
            ],
            "managed_policy_arns": [
              "arn:aws:iam::008298205562:policy/aft-s3-terraform-backend-replication-policy"
            ],
            "max_session_duration": 3600,
            "name": "aft-s3-terraform-backend-replication",
            "name_prefix": "",
            "path": "/",
            "permissions_boundary": null,
            "tags": {},
            "tags_all": {
              "managed_by": "AFT"
            },
            "unique_id": "AROAQD3U4SF5ML4RLSLA7"
          },
          "sensitive_attributes": [],
          "private": "bnVsbA=="
        }
      ]
    },
    {
      "module": "module.aft.module.aft_backend",
      "mode": "managed",
      "type": "aws_iam_role_policy_attachment",
      "name": "replication",
      "provider": "module.aft.provider[\"registry.terraform.io/hashicorp/aws\"].aft_management",
      "instances": [
        {
          "schema_version": 0,
          "attributes": {
            "id": "aft-s3-terraform-backend-replication-20220423034526789700000025",
            "policy_arn": "arn:aws:iam::008298205562:policy/aft-s3-terraform-backend-replication-policy",
            "role": "aft-s3-terraform-backend-replication"
          },
          "sensitive_attributes": [],
          "private": "bnVsbA==",
          "dependencies": [
            "module.aft.module.aft_backend.aws_iam_policy.replication",
            "module.aft.module.aft_backend.aws_iam_role.replication",
            "module.aft.module.aft_backend.aws_kms_key.encrypt-primary-region",
            "module.aft.module.aft_backend.aws_kms_key.encrypt-secondary-region",
            "module.aft.module.aft_backend.aws_s3_bucket.primary-backend-bucket",
            "module.aft.module.aft_backend.aws_s3_bucket.secondary-backend-bucket",
            "module.aft.module.aft_backend.data.aws_caller_identity.current"
          ]
        }
      ]
    },
    {
      "module": "module.aft.module.aft_backend",
      "mode": "managed",
      "type": "aws_kms_alias",
      "name": "encrypt-alias-primary-region",
      "provider": "module.aft.provider[\"registry.terraform.io/hashicorp/aws\"].aft_management",
      "instances": [
        {
          "schema_version": 0,
          "attributes": {
            "arn": "arn:aws:kms:us-east-1:008298205562:alias/aft-backend-008298205562-kms-key",
            "id": "alias/aft-backend-008298205562-kms-key",
            "name": "alias/aft-backend-008298205562-kms-key",
            "name_prefix": "",
            "target_key_arn": "arn:aws:kms:us-east-1:008298205562:key/0cc7bf81-993c-4a5d-96fe-ca66647d9f2d",
            "target_key_id": "0cc7bf81-993c-4a5d-96fe-ca66647d9f2d"
          },
          "sensitive_attributes": [],
          "private": "bnVsbA==",
          "dependencies": [
            "module.aft.module.aft_backend.aws_kms_key.encrypt-primary-region",
            "module.aft.module.aft_backend.data.aws_caller_identity.current"
          ]
        }
      ]
    },
    {
      "module": "module.aft.module.aft_backend",
      "mode": "managed",
      "type": "aws_kms_alias",
      "name": "encrypt-alias-secondary-region",
      "provider": "module.aft.provider[\"registry.terraform.io/hashicorp/aws\"].tf_backend_secondary_region",
      "instances": [
        {
          "schema_version": 0,
          "attributes": {
            "arn": "arn:aws:kms:us-east-2:008298205562:alias/aft-backend-008298205562-kms-key",
            "id": "alias/aft-backend-008298205562-kms-key",
            "name": "alias/aft-backend-008298205562-kms-key",
            "name_prefix": "",
            "target_key_arn": "arn:aws:kms:us-east-2:008298205562:key/8dbabfe3-2281-46dd-b76e-ee6170dffc2d",
            "target_key_id": "8dbabfe3-2281-46dd-b76e-ee6170dffc2d"
          },
          "sensitive_attributes": [],
          "private": "bnVsbA==",
          "dependencies": [
            "module.aft.module.aft_backend.aws_kms_key.encrypt-secondary-region",
            "module.aft.module.aft_backend.data.aws_caller_identity.current"
          ]
        }
      ]
    },
    {
      "module": "module.aft.module.aft_backend",
      "mode": "managed",
      "type": "aws_kms_key",
      "name": "encrypt-primary-region",
      "provider": "module.aft.provider[\"registry.terraform.io/hashicorp/aws\"].aft_management",
      "instances": [
        {
          "schema_version": 0,
          "attributes": {
            "arn": "arn:aws:kms:us-east-1:008298205562:key/0cc7bf81-993c-4a5d-96fe-ca66647d9f2d",
            "bypass_policy_lockout_safety_check": false,
            "customer_master_key_spec": "SYMMETRIC_DEFAULT",
            "deletion_window_in_days": 30,
            "description": "Terraform backend KMS key.",
            "enable_key_rotation": true,
            "id": "0cc7bf81-993c-4a5d-96fe-ca66647d9f2d",
            "is_enabled": true,
            "key_id": "0cc7bf81-993c-4a5d-96fe-ca66647d9f2d",
            "key_usage": "ENCRYPT_DECRYPT",
            "multi_region": false,
            "policy": "{\"Id\":\"key-default-1\",\"Statement\":[{\"Action\":\"kms:*\",\"Effect\":\"Allow\",\"Principal\":{\"AWS\":\"arn:aws:iam::008298205562:root\"},\"Resource\":\"*\",\"Sid\":\"Enable IAM User Permissions\"}],\"Version\":\"2012-10-17\"}",
            "tags": {
              "Name": "aft-backend-008298205562-primary-region-kms-key"
            },
            "tags_all": {
              "Name": "aft-backend-008298205562-primary-region-kms-key",
              "managed_by": "AFT"
            }
          },
          "sensitive_attributes": [],
          "private": "bnVsbA==",
          "dependencies": [
            "module.aft.module.aft_backend.data.aws_caller_identity.current"
          ]
        }
      ]
    },
    {
      "module": "module.aft.module.aft_backend",
      "mode": "managed",
      "type": "aws_kms_key",
      "name": "encrypt-secondary-region",
      "provider": "module.aft.provider[\"registry.terraform.io/hashicorp/aws\"].tf_backend_secondary_region",
      "instances": [
        {
          "schema_version": 0,
          "attributes": {
            "arn": "arn:aws:kms:us-east-2:008298205562:key/8dbabfe3-2281-46dd-b76e-ee6170dffc2d",
            "bypass_policy_lockout_safety_check": false,
            "customer_master_key_spec": "SYMMETRIC_DEFAULT",
            "deletion_window_in_days": 30,
            "description": "Terraform backend KMS key.",
            "enable_key_rotation": true,
            "id": "8dbabfe3-2281-46dd-b76e-ee6170dffc2d",
            "is_enabled": true,
            "key_id": "8dbabfe3-2281-46dd-b76e-ee6170dffc2d",
            "key_usage": "ENCRYPT_DECRYPT",
            "multi_region": false,
            "policy": "{\"Id\":\"key-default-1\",\"Statement\":[{\"Action\":\"kms:*\",\"Effect\":\"Allow\",\"Principal\":{\"AWS\":\"arn:aws:iam::008298205562:root\"},\"Resource\":\"*\",\"Sid\":\"Enable IAM User Permissions\"}],\"Version\":\"2012-10-17\"}",
            "tags": {
              "Name": "aft-backend-008298205562-secondary-region-kms-key"
            },
            "tags_all": {
              "Name": "aft-backend-008298205562-secondary-region-kms-key",
              "managed_by": "AFT"
            }
          },
          "sensitive_attributes": [],
          "private": "bnVsbA==",
          "dependencies": [
            "module.aft.module.aft_backend.data.aws_caller_identity.current"
          ]
        }
      ]
    },
    {
      "module": "module.aft.module.aft_backend",
      "mode": "managed",
      "type": "aws_s3_bucket",
      "name": "primary-backend-bucket",
      "provider": "module.aft.provider[\"registry.terraform.io/hashicorp/aws\"].aft_management",
      "instances": [
        {
          "schema_version": 0,
          "attributes": {
            "acceleration_status": "",
            "acl": "private",
            "arn": "arn:aws:s3:::aft-backend-008298205562-primary-region",
            "bucket": "aft-backend-008298205562-primary-region",
            "bucket_domain_name": "aft-backend-008298205562-primary-region.s3.amazonaws.com",
            "bucket_prefix": null,
            "bucket_regional_domain_name": "aft-backend-008298205562-primary-region.s3.amazonaws.com",
            "cors_rule": [],
            "force_destroy": false,
            "grant": [],
            "hosted_zone_id": "Z3AQBSTGFYJSTF",
            "id": "aft-backend-008298205562-primary-region",
            "lifecycle_rule": [],
            "logging": [],
            "object_lock_configuration": [],
            "object_lock_enabled": false,
            "policy": null,
            "region": "us-east-1",
            "replication_configuration": [
              {
                "role": "arn:aws:iam::008298205562:role/aft-s3-terraform-backend-replication",
                "rules": [
                  {
                    "delete_marker_replication_status": "",
                    "destination": [
                      {
                        "access_control_translation": [],
                        "account_id": "",
                        "bucket": "arn:aws:s3:::aft-backend-008298205562-secondary-region",
                        "metrics": [],
                        "replica_kms_key_id": "arn:aws:kms:us-east-2:008298205562:key/8dbabfe3-2281-46dd-b76e-ee6170dffc2d",
                        "replication_time": [],
                        "storage_class": "STANDARD"
                      }
                    ],
                    "filter": [],
                    "id": "0",
                    "prefix": "",
                    "priority": 0,
                    "source_selection_criteria": [
                      {
                        "sse_kms_encrypted_objects": [
                          {
                            "enabled": true
                          }
                        ]
                      }
                    ],
                    "status": "Enabled"
                  }
                ]
              }
            ],
            "request_payer": "BucketOwner",
            "server_side_encryption_configuration": [
              {
                "rule": [
                  {
                    "apply_server_side_encryption_by_default": [
                      {
                        "kms_master_key_id": "arn:aws:kms:us-east-1:008298205562:key/0cc7bf81-993c-4a5d-96fe-ca66647d9f2d",
                        "sse_algorithm": "aws:kms"
                      }
                    ],
                    "bucket_key_enabled": false
                  }
                ]
              }
            ],
            "tags": {
              "Name": "aft-backend-008298205562-primary-region"
            },
            "tags_all": {
              "Name": "aft-backend-008298205562-primary-region",
              "managed_by": "AFT"
            },
            "versioning": [
              {
                "enabled": true,
                "mfa_delete": false
              }
            ],
            "website": [],
            "website_domain": null,
            "website_endpoint": null
          },
          "sensitive_attributes": [],
          "private": "bnVsbA==",
          "dependencies": [
            "module.aft.module.aft_backend.aws_iam_role.replication",
            "module.aft.module.aft_backend.aws_kms_key.encrypt-primary-region",
            "module.aft.module.aft_backend.aws_kms_key.encrypt-secondary-region",
            "module.aft.module.aft_backend.aws_s3_bucket.secondary-backend-bucket",
            "module.aft.module.aft_backend.data.aws_caller_identity.current"
          ]
        }
      ]
    },
    {
      "module": "module.aft.module.aft_backend",
      "mode": "managed",
      "type": "aws_s3_bucket",
      "name": "secondary-backend-bucket",
      "provider": "module.aft.provider[\"registry.terraform.io/hashicorp/aws\"].tf_backend_secondary_region",
      "instances": [
        {
          "schema_version": 0,
          "attributes": {
            "acceleration_status": "",
            "acl": "private",
            "arn": "arn:aws:s3:::aft-backend-008298205562-secondary-region",
            "bucket": "aft-backend-008298205562-secondary-region",
            "bucket_domain_name": "aft-backend-008298205562-secondary-region.s3.amazonaws.com",
            "bucket_prefix": null,
            "bucket_regional_domain_name": "aft-backend-008298205562-secondary-region.s3.us-east-2.amazonaws.com",
            "cors_rule": [],
            "force_destroy": false,
            "grant": [],
            "hosted_zone_id": "Z2O1EMRO9K5GLX",
            "id": "aft-backend-008298205562-secondary-region",
            "lifecycle_rule": [],
            "logging": [],
            "object_lock_configuration": [],
            "object_lock_enabled": false,
            "policy": null,
            "region": "us-east-2",
            "replication_configuration": [],
            "request_payer": "BucketOwner",
            "server_side_encryption_configuration": [
              {
                "rule": [
                  {
                    "apply_server_side_encryption_by_default": [
                      {
                        "kms_master_key_id": "arn:aws:kms:us-east-2:008298205562:key/8dbabfe3-2281-46dd-b76e-ee6170dffc2d",
                        "sse_algorithm": "aws:kms"
                      }
                    ],
                    "bucket_key_enabled": false
                  }
                ]
              }
            ],
            "tags": {
              "Name": "aft-backend-008298205562-secondary-region"
            },
            "tags_all": {
              "Name": "aft-backend-008298205562-secondary-region",
              "managed_by": "AFT"
            },
            "versioning": [
              {
                "enabled": true,
                "mfa_delete": false
              }
            ],
            "website": [],
            "website_domain": null,
            "website_endpoint": null
          },
          "sensitive_attributes": [],
          "private": "bnVsbA==",
          "dependencies": [
            "module.aft.module.aft_backend.aws_kms_key.encrypt-secondary-region",
            "module.aft.module.aft_backend.data.aws_caller_identity.current"
          ]
        }
      ]
    },
    {
      "module": "module.aft.module.aft_backend",
      "mode": "managed",
      "type": "aws_s3_bucket_public_access_block",
      "name": "primary-backend-bucket",
      "provider": "module.aft.provider[\"registry.terraform.io/hashicorp/aws\"].aft_management",
      "instances": [
        {
          "schema_version": 0,
          "attributes": {
            "block_public_acls": true,
            "block_public_policy": true,
            "bucket": "aft-backend-008298205562-primary-region",
            "id": "aft-backend-008298205562-primary-region",
            "ignore_public_acls": false,
            "restrict_public_buckets": false
          },
          "sensitive_attributes": [],
          "private": "bnVsbA==",
          "dependencies": [
            "module.aft.module.aft_backend.aws_iam_role.replication",
            "module.aft.module.aft_backend.aws_kms_key.encrypt-primary-region",
            "module.aft.module.aft_backend.aws_kms_key.encrypt-secondary-region",
            "module.aft.module.aft_backend.aws_s3_bucket.primary-backend-bucket",
            "module.aft.module.aft_backend.aws_s3_bucket.secondary-backend-bucket",
            "module.aft.module.aft_backend.data.aws_caller_identity.current"
          ]
        }
      ]
    },
    {
      "module": "module.aft.module.aft_backend",
      "mode": "managed",
      "type": "aws_s3_bucket_public_access_block",
      "name": "secondary-backend-bucket",
      "provider": "module.aft.provider[\"registry.terraform.io/hashicorp/aws\"].tf_backend_secondary_region",
      "instances": [
        {
          "schema_version": 0,
          "attributes": {
            "block_public_acls": true,
            "block_public_policy": true,
            "bucket": "aft-backend-008298205562-secondary-region",
            "id": "aft-backend-008298205562-secondary-region",
            "ignore_public_acls": false,
            "restrict_public_buckets": false
          },
          "sensitive_attributes": [],
          "private": "bnVsbA==",
          "dependencies": [
            "module.aft.module.aft_backend.aws_kms_key.encrypt-secondary-region",
            "module.aft.module.aft_backend.aws_s3_bucket.secondary-backend-bucket",
            "module.aft.module.aft_backend.data.aws_caller_identity.current"
          ]
        }
      ]
    },
    {
      "module": "module.aft.module.aft_code_repositories",
      "mode": "data",
      "type": "aws_caller_identity",
      "name": "current",
      "provider": "module.aft.provider[\"registry.terraform.io/hashicorp/aws\"].aft_management",
      "instances": [
        {
          "schema_version": 0,
          "attributes": {
            "account_id": "008298205562",
            "arn": "arn:aws:sts::008298205562:assumed-role/AWSControlTowerExecution/AWSAFT-Session",
            "id": "008298205562",
            "user_id": "AROAQD3U4SF5HEKCCBEGI:AWSAFT-Session"
          },
          "sensitive_attributes": []
        }
      ]
    },
    {
      "module": "module.aft.module.aft_code_repositories",
      "mode": "data",
      "type": "aws_region",
      "name": "current",
      "provider": "module.aft.provider[\"registry.terraform.io/hashicorp/aws\"].aft_management",
      "instances": [
        {
          "schema_version": 0,
          "attributes": {
            "description": "US East (N. Virginia)",
            "endpoint": "ec2.us-east-1.amazonaws.com",
            "id": "us-east-1",
            "name": "us-east-1"
          },
          "sensitive_attributes": []
        }
      ]
    },
    {
      "module": "module.aft.module.aft_code_repositories",
      "mode": "data",
      "type": "local_file",
      "name": "account_provisioning_customizations_buildspec",
      "provider": "provider[\"registry.terraform.io/hashicorp/local\"]",
      "instances": [
        {
          "schema_version": 0,
          "attributes": {
            "content": "# Copyright Amazon.com, Inc. or its affiliates. All rights reserved.\r\n# SPDX-License-Identifier: Apache-2.0\r\n#\r\nversion: 0.2\r\n\r\nphases:\r\n  pre_build:\r\n    commands:\r\n      - DEFAULT_PATH=$(pwd)\r\n      - TIMESTAMP=$(date '+%Y-%m-%d %H:%M:%S')\r\n      - AWS_MODULE_SOURCE=$(aws ssm get-parameter --name \"/aft/config/aft-pipeline-code-source/repo-url\" --query \"Parameter.Value\" --output text)\r\n      - AWS_MODULE_GIT_REF=$(aws ssm get-parameter --name \"/aft/config/aft-pipeline-code-source/repo-git-ref\" --query \"Parameter.Value\" --output text)\r\n      - TF_VERSION=$(aws ssm get-parameter --name \"/aft/config/terraform/version\" --query \"Parameter.Value\" --output text)\r\n      - TF_DISTRIBUTION=$(aws ssm get-parameter --name \"/aft/config/terraform/distribution\" --query \"Parameter.Value\" --output text)\r\n      - CT_MGMT_REGION=$(aws ssm get-parameter --name \"/aft/config/ct-management-region\" --query \"Parameter.Value\" --output text)\r\n      - AFT_MGMT_ACCOUNT=$(aws sts get-caller-identity --query Account --output text)\r\n      - AFT_EXEC_ROLE_ARN=arn:aws:iam::$AFT_MGMT_ACCOUNT:role/AWSAFTExecution\r\n      - AFT_ADMIN_ROLE_NAME=$(aws ssm get-parameter --name /aft/resources/iam/aft-administrator-role-name | jq --raw-output \".Parameter.Value\")\r\n      - AFT_ADMIN_ROLE_ARN=arn:aws:iam::$AFT_MGMT_ACCOUNT:role/$AFT_ADMIN_ROLE_NAME\r\n      - ROLE_SESSION_NAME=$(aws ssm get-parameter --name /aft/resources/iam/aft-session-name | jq --raw-output \".Parameter.Value\")\r\n      - |\r\n        ssh_key_parameter=$(aws ssm get-parameter --name /aft/config/aft-ssh-key --with-decryption 2\u003e /dev/null || echo \"None\")\r\n        if [[ $ssh_key_parameter != \"None\" ]]; then\r\n          ssh_key=$(jq --raw-output \".Parameter.Value\" \u003c\u003c\u003c $ssh_key_parameter)\r\n          mkdir -p ~/.ssh\r\n          echo \"Host *\" \u003e\u003e ~/.ssh/config\r\n          echo \"StrictHostKeyChecking no\" \u003e\u003e ~/.ssh/config\r\n          echo \"UserKnownHostsFile=/dev/null\" \u003e\u003e ~/.ssh/config\r\n          echo \"$ssh_key\" \u003e ~/.ssh/ssh_key\r\n          echo -e \"\\n\\n\" \u003e\u003e  ~/.ssh/ssh_key\r\n          chmod 600 ~/.ssh/ssh_key\r\n          eval \"$(ssh-agent -s)\"\r\n          ssh-add ~/.ssh/ssh_key\r\n        fi\r\n      - git config --global credential.helper '!aws codecommit credential-helper $@'\r\n      - git config --global credential.UseHttpPath true\r\n      - git clone -b $AWS_MODULE_GIT_REF $AWS_MODULE_SOURCE aws-aft-core-framework\r\n      - python3 -m venv ./venv\r\n      - source ./venv/bin/activate\r\n      - pip install jinja2-cli==0.7.0 Jinja2==3.0.1 MarkupSafe==2.0.1 boto3==1.18.56 requests==2.26.0\r\n      - |\r\n        if [ $TF_DISTRIBUTION = \"oss\" ]; then\r\n          TF_BACKEND_REGION=$(aws ssm get-parameter --name \"/aft/config/oss-backend/primary-region\" --query \"Parameter.Value\" --output text)\r\n          TF_KMS_KEY_ID=$(aws ssm get-parameter --name \"/aft/config/oss-backend/kms-key-id\" --query \"Parameter.Value\" --output text)\r\n          TF_DDB_TABLE=$(aws ssm get-parameter --name \"/aft/config/oss-backend/table-id\" --query \"Parameter.Value\" --output text)\r\n          TF_S3_BUCKET=$(aws ssm get-parameter --name \"/aft/config/oss-backend/bucket-id\" --query \"Parameter.Value\" --output text)\r\n          TF_S3_KEY=account-provisioning-customizations/terraform.tfstate\r\n          cd /tmp\r\n          echo \"Installing Terraform\"\r\n          curl -o terraform_${TF_VERSION}_linux_amd64.zip https://releases.hashicorp.com/terraform/${TF_VERSION}/terraform_${TF_VERSION}_linux_amd64.zip\r\n          unzip -o terraform_${TF_VERSION}_linux_amd64.zip \u0026\u0026 mv terraform /usr/bin\r\n          terraform --version\r\n          cd $DEFAULT_PATH/terraform\r\n          for f in *.jinja; do jinja2 $f -D timestamp=\"$TIMESTAMP\" -D tf_distribution_type=$TF_DISTRIBUTION -D region=$TF_BACKEND_REGION -D provider_region=$CT_MGMT_REGION -D bucket=$TF_S3_BUCKET -D key=$TF_S3_KEY -D dynamodb_table=$TF_DDB_TABLE -D kms_key_id=$TF_KMS_KEY_ID -D aft_admin_role_arn=$AFT_EXEC_ROLE_ARN \u003e\u003e ./$(basename $f .jinja).tf; done\r\n          for f in *.tf; do echo \"\\n \\n\"; echo $f; cat $f; done\r\n          JSON=$(aws sts assume-role --role-arn ${AFT_ADMIN_ROLE_ARN} --role-session-name ${ROLE_SESSION_NAME})\r\n          #Make newly assumed role default session\r\n          export AWS_ACCESS_KEY_ID=$(echo ${JSON} | jq --raw-output \".Credentials[\\\"AccessKeyId\\\"]\")\r\n          export AWS_SECRET_ACCESS_KEY=$(echo ${JSON} | jq --raw-output \".Credentials[\\\"SecretAccessKey\\\"]\")\r\n          export AWS_SESSION_TOKEN=$(echo ${JSON} | jq --raw-output \".Credentials[\\\"SessionToken\\\"]\")\r\n          terraform init\r\n        else\r\n          TF_BACKEND_REGION=$(aws ssm get-parameter --name \"/aft/config/oss-backend/primary-region\" --query \"Parameter.Value\" --output text)\r\n          TF_ORG_NAME=$(aws ssm get-parameter --name \"/aft/config/terraform/org-name\" --query \"Parameter.Value\" --output text)\r\n          TF_TOKEN=$(aws ssm get-parameter --name \"/aft/config/terraform/token\" --with-decryption --query \"Parameter.Value\" --output text)\r\n          TF_ENDPOINT=$(aws ssm get-parameter --name \"/aft/config/terraform/api-endpoint\" --query \"Parameter.Value\" --output text)\r\n          TF_WORKSPACE_NAME=\"ct-aft-account-provisioning-customizations\"\r\n          TF_CONFIG_PATH=\"./temp_configuration_file.tar.gz\"\r\n          cd $DEFAULT_PATH/terraform\r\n          for f in *.jinja; do jinja2 $f -D timestamp=\"$TIMESTAMP\" -D provider_region=$CT_MGMT_REGION -D tf_distribution_type=$TF_DISTRIBUTION -D terraform_org_name=$TF_ORG_NAME -D terraform_workspace_name=$TF_WORKSPACE_NAME -D aft_admin_role_arn=$AFT_EXEC_ROLE_ARN \u003e\u003e ./$(basename $f .jinja).tf; done\r\n          for f in *.tf; do echo \"\\n \\n\"; echo $f; cat $f; done\r\n          cd $DEFAULT_PATH\r\n          tar -czf temp_configuration_file.tar.gz -C terraform --exclude .git --exclude venv .\r\n          python3 $DEFAULT_PATH/aws-aft-core-framework/sources/scripts/workspace_manager.py --operation \"deploy\" --organization_name $TF_ORG_NAME --workspace_name $TF_WORKSPACE_NAME --assume_role_arn $AFT_ADMIN_ROLE_ARN --assume_role_session_name $ROLE_SESSION_NAME --api_endpoint $TF_ENDPOINT --api_token $TF_TOKEN --terraform_version $TF_VERSION --config_file $TF_CONFIG_PATH\r\n        fi\r\n\r\n  build:\r\n    commands:\r\n      - |\r\n        if [ $TF_DISTRIBUTION = \"oss\" ]; then\r\n          terraform apply --auto-approve\r\n        fi\r\n  post_build:\r\n    commands:\r\n      - echo \"Post-Build\"\r\n",
            "content_base64": "IyBDb3B5cmlnaHQgQW1hem9uLmNvbSwgSW5jLiBvciBpdHMgYWZmaWxpYXRlcy4gQWxsIHJpZ2h0cyByZXNlcnZlZC4NCiMgU1BEWC1MaWNlbnNlLUlkZW50aWZpZXI6IEFwYWNoZS0yLjANCiMNCnZlcnNpb246IDAuMg0KDQpwaGFzZXM6DQogIHByZV9idWlsZDoNCiAgICBjb21tYW5kczoNCiAgICAgIC0gREVGQVVMVF9QQVRIPSQocHdkKQ0KICAgICAgLSBUSU1FU1RBTVA9JChkYXRlICcrJVktJW0tJWQgJUg6JU06JVMnKQ0KICAgICAgLSBBV1NfTU9EVUxFX1NPVVJDRT0kKGF3cyBzc20gZ2V0LXBhcmFtZXRlciAtLW5hbWUgIi9hZnQvY29uZmlnL2FmdC1waXBlbGluZS1jb2RlLXNvdXJjZS9yZXBvLXVybCIgLS1xdWVyeSAiUGFyYW1ldGVyLlZhbHVlIiAtLW91dHB1dCB0ZXh0KQ0KICAgICAgLSBBV1NfTU9EVUxFX0dJVF9SRUY9JChhd3Mgc3NtIGdldC1wYXJhbWV0ZXIgLS1uYW1lICIvYWZ0L2NvbmZpZy9hZnQtcGlwZWxpbmUtY29kZS1zb3VyY2UvcmVwby1naXQtcmVmIiAtLXF1ZXJ5ICJQYXJhbWV0ZXIuVmFsdWUiIC0tb3V0cHV0IHRleHQpDQogICAgICAtIFRGX1ZFUlNJT049JChhd3Mgc3NtIGdldC1wYXJhbWV0ZXIgLS1uYW1lICIvYWZ0L2NvbmZpZy90ZXJyYWZvcm0vdmVyc2lvbiIgLS1xdWVyeSAiUGFyYW1ldGVyLlZhbHVlIiAtLW91dHB1dCB0ZXh0KQ0KICAgICAgLSBURl9ESVNUUklCVVRJT049JChhd3Mgc3NtIGdldC1wYXJhbWV0ZXIgLS1uYW1lICIvYWZ0L2NvbmZpZy90ZXJyYWZvcm0vZGlzdHJpYnV0aW9uIiAtLXF1ZXJ5ICJQYXJhbWV0ZXIuVmFsdWUiIC0tb3V0cHV0IHRleHQpDQogICAgICAtIENUX01HTVRfUkVHSU9OPSQoYXdzIHNzbSBnZXQtcGFyYW1ldGVyIC0tbmFtZSAiL2FmdC9jb25maWcvY3QtbWFuYWdlbWVudC1yZWdpb24iIC0tcXVlcnkgIlBhcmFtZXRlci5WYWx1ZSIgLS1vdXRwdXQgdGV4dCkNCiAgICAgIC0gQUZUX01HTVRfQUNDT1VOVD0kKGF3cyBzdHMgZ2V0LWNhbGxlci1pZGVudGl0eSAtLXF1ZXJ5IEFjY291bnQgLS1vdXRwdXQgdGV4dCkNCiAgICAgIC0gQUZUX0VYRUNfUk9MRV9BUk49YXJuOmF3czppYW06OiRBRlRfTUdNVF9BQ0NPVU5UOnJvbGUvQVdTQUZURXhlY3V0aW9uDQogICAgICAtIEFGVF9BRE1JTl9ST0xFX05BTUU9JChhd3Mgc3NtIGdldC1wYXJhbWV0ZXIgLS1uYW1lIC9hZnQvcmVzb3VyY2VzL2lhbS9hZnQtYWRtaW5pc3RyYXRvci1yb2xlLW5hbWUgfCBqcSAtLXJhdy1vdXRwdXQgIi5QYXJhbWV0ZXIuVmFsdWUiKQ0KICAgICAgLSBBRlRfQURNSU5fUk9MRV9BUk49YXJuOmF3czppYW06OiRBRlRfTUdNVF9BQ0NPVU5UOnJvbGUvJEFGVF9BRE1JTl9ST0xFX05BTUUNCiAgICAgIC0gUk9MRV9TRVNTSU9OX05BTUU9JChhd3Mgc3NtIGdldC1wYXJhbWV0ZXIgLS1uYW1lIC9hZnQvcmVzb3VyY2VzL2lhbS9hZnQtc2Vzc2lvbi1uYW1lIHwganEgLS1yYXctb3V0cHV0ICIuUGFyYW1ldGVyLlZhbHVlIikNCiAgICAgIC0gfA0KICAgICAgICBzc2hfa2V5X3BhcmFtZXRlcj0kKGF3cyBzc20gZ2V0LXBhcmFtZXRlciAtLW5hbWUgL2FmdC9jb25maWcvYWZ0LXNzaC1rZXkgLS13aXRoLWRlY3J5cHRpb24gMj4gL2Rldi9udWxsIHx8IGVjaG8gIk5vbmUiKQ0KICAgICAgICBpZiBbWyAkc3NoX2tleV9wYXJhbWV0ZXIgIT0gIk5vbmUiIF1dOyB0aGVuDQogICAgICAgICAgc3NoX2tleT0kKGpxIC0tcmF3LW91dHB1dCAiLlBhcmFtZXRlci5WYWx1ZSIgPDw8ICRzc2hfa2V5X3BhcmFtZXRlcikNCiAgICAgICAgICBta2RpciAtcCB+Ly5zc2gNCiAgICAgICAgICBlY2hvICJIb3N0ICoiID4+IH4vLnNzaC9jb25maWcNCiAgICAgICAgICBlY2hvICJTdHJpY3RIb3N0S2V5Q2hlY2tpbmcgbm8iID4+IH4vLnNzaC9jb25maWcNCiAgICAgICAgICBlY2hvICJVc2VyS25vd25Ib3N0c0ZpbGU9L2Rldi9udWxsIiA+PiB+Ly5zc2gvY29uZmlnDQogICAgICAgICAgZWNobyAiJHNzaF9rZXkiID4gfi8uc3NoL3NzaF9rZXkNCiAgICAgICAgICBlY2hvIC1lICJcblxuIiA+PiAgfi8uc3NoL3NzaF9rZXkNCiAgICAgICAgICBjaG1vZCA2MDAgfi8uc3NoL3NzaF9rZXkNCiAgICAgICAgICBldmFsICIkKHNzaC1hZ2VudCAtcykiDQogICAgICAgICAgc3NoLWFkZCB+Ly5zc2gvc3NoX2tleQ0KICAgICAgICBmaQ0KICAgICAgLSBnaXQgY29uZmlnIC0tZ2xvYmFsIGNyZWRlbnRpYWwuaGVscGVyICchYXdzIGNvZGVjb21taXQgY3JlZGVudGlhbC1oZWxwZXIgJEAnDQogICAgICAtIGdpdCBjb25maWcgLS1nbG9iYWwgY3JlZGVudGlhbC5Vc2VIdHRwUGF0aCB0cnVlDQogICAgICAtIGdpdCBjbG9uZSAtYiAkQVdTX01PRFVMRV9HSVRfUkVGICRBV1NfTU9EVUxFX1NPVVJDRSBhd3MtYWZ0LWNvcmUtZnJhbWV3b3JrDQogICAgICAtIHB5dGhvbjMgLW0gdmVudiAuL3ZlbnYNCiAgICAgIC0gc291cmNlIC4vdmVudi9iaW4vYWN0aXZhdGUNCiAgICAgIC0gcGlwIGluc3RhbGwgamluamEyLWNsaT09MC43LjAgSmluamEyPT0zLjAuMSBNYXJrdXBTYWZlPT0yLjAuMSBib3RvMz09MS4xOC41NiByZXF1ZXN0cz09Mi4yNi4wDQogICAgICAtIHwNCiAgICAgICAgaWYgWyAkVEZfRElTVFJJQlVUSU9OID0gIm9zcyIgXTsgdGhlbg0KICAgICAgICAgIFRGX0JBQ0tFTkRfUkVHSU9OPSQoYXdzIHNzbSBnZXQtcGFyYW1ldGVyIC0tbmFtZSAiL2FmdC9jb25maWcvb3NzLWJhY2tlbmQvcHJpbWFyeS1yZWdpb24iIC0tcXVlcnkgIlBhcmFtZXRlci5WYWx1ZSIgLS1vdXRwdXQgdGV4dCkNCiAgICAgICAgICBURl9LTVNfS0VZX0lEPSQoYXdzIHNzbSBnZXQtcGFyYW1ldGVyIC0tbmFtZSAiL2FmdC9jb25maWcvb3NzLWJhY2tlbmQva21zLWtleS1pZCIgLS1xdWVyeSAiUGFyYW1ldGVyLlZhbHVlIiAtLW91dHB1dCB0ZXh0KQ0KICAgICAgICAgIFRGX0REQl9UQUJMRT0kKGF3cyBzc20gZ2V0LXBhcmFtZXRlciAtLW5hbWUgIi9hZnQvY29uZmlnL29zcy1iYWNrZW5kL3RhYmxlLWlkIiAtLXF1ZXJ5ICJQYXJhbWV0ZXIuVmFsdWUiIC0tb3V0cHV0IHRleHQpDQogICAgICAgICAgVEZfUzNfQlVDS0VUPSQoYXdzIHNzbSBnZXQtcGFyYW1ldGVyIC0tbmFtZSAiL2FmdC9jb25maWcvb3NzLWJhY2tlbmQvYnVja2V0LWlkIiAtLXF1ZXJ5ICJQYXJhbWV0ZXIuVmFsdWUiIC0tb3V0cHV0IHRleHQpDQogICAgICAgICAgVEZfUzNfS0VZPWFjY291bnQtcHJvdmlzaW9uaW5nLWN1c3RvbWl6YXRpb25zL3RlcnJhZm9ybS50ZnN0YXRlDQogICAgICAgICAgY2QgL3RtcA0KICAgICAgICAgIGVjaG8gIkluc3RhbGxpbmcgVGVycmFmb3JtIg0KICAgICAgICAgIGN1cmwgLW8gdGVycmFmb3JtXyR7VEZfVkVSU0lPTn1fbGludXhfYW1kNjQuemlwIGh0dHBzOi8vcmVsZWFzZXMuaGFzaGljb3JwLmNvbS90ZXJyYWZvcm0vJHtURl9WRVJTSU9OfS90ZXJyYWZvcm1fJHtURl9WRVJTSU9OfV9saW51eF9hbWQ2NC56aXANCiAgICAgICAgICB1bnppcCAtbyB0ZXJyYWZvcm1fJHtURl9WRVJTSU9OfV9saW51eF9hbWQ2NC56aXAgJiYgbXYgdGVycmFmb3JtIC91c3IvYmluDQogICAgICAgICAgdGVycmFmb3JtIC0tdmVyc2lvbg0KICAgICAgICAgIGNkICRERUZBVUxUX1BBVEgvdGVycmFmb3JtDQogICAgICAgICAgZm9yIGYgaW4gKi5qaW5qYTsgZG8gamluamEyICRmIC1EIHRpbWVzdGFtcD0iJFRJTUVTVEFNUCIgLUQgdGZfZGlzdHJpYnV0aW9uX3R5cGU9JFRGX0RJU1RSSUJVVElPTiAtRCByZWdpb249JFRGX0JBQ0tFTkRfUkVHSU9OIC1EIHByb3ZpZGVyX3JlZ2lvbj0kQ1RfTUdNVF9SRUdJT04gLUQgYnVja2V0PSRURl9TM19CVUNLRVQgLUQga2V5PSRURl9TM19LRVkgLUQgZHluYW1vZGJfdGFibGU9JFRGX0REQl9UQUJMRSAtRCBrbXNfa2V5X2lkPSRURl9LTVNfS0VZX0lEIC1EIGFmdF9hZG1pbl9yb2xlX2Fybj0kQUZUX0VYRUNfUk9MRV9BUk4gPj4gLi8kKGJhc2VuYW1lICRmIC5qaW5qYSkudGY7IGRvbmUNCiAgICAgICAgICBmb3IgZiBpbiAqLnRmOyBkbyBlY2hvICJcbiBcbiI7IGVjaG8gJGY7IGNhdCAkZjsgZG9uZQ0KICAgICAgICAgIEpTT049JChhd3Mgc3RzIGFzc3VtZS1yb2xlIC0tcm9sZS1hcm4gJHtBRlRfQURNSU5fUk9MRV9BUk59IC0tcm9sZS1zZXNzaW9uLW5hbWUgJHtST0xFX1NFU1NJT05fTkFNRX0pDQogICAgICAgICAgI01ha2UgbmV3bHkgYXNzdW1lZCByb2xlIGRlZmF1bHQgc2Vzc2lvbg0KICAgICAgICAgIGV4cG9ydCBBV1NfQUNDRVNTX0tFWV9JRD0kKGVjaG8gJHtKU09OfSB8IGpxIC0tcmF3LW91dHB1dCAiLkNyZWRlbnRpYWxzW1wiQWNjZXNzS2V5SWRcIl0iKQ0KICAgICAgICAgIGV4cG9ydCBBV1NfU0VDUkVUX0FDQ0VTU19LRVk9JChlY2hvICR7SlNPTn0gfCBqcSAtLXJhdy1vdXRwdXQgIi5DcmVkZW50aWFsc1tcIlNlY3JldEFjY2Vzc0tleVwiXSIpDQogICAgICAgICAgZXhwb3J0IEFXU19TRVNTSU9OX1RPS0VOPSQoZWNobyAke0pTT059IHwganEgLS1yYXctb3V0cHV0ICIuQ3JlZGVudGlhbHNbXCJTZXNzaW9uVG9rZW5cIl0iKQ0KICAgICAgICAgIHRlcnJhZm9ybSBpbml0DQogICAgICAgIGVsc2UNCiAgICAgICAgICBURl9CQUNLRU5EX1JFR0lPTj0kKGF3cyBzc20gZ2V0LXBhcmFtZXRlciAtLW5hbWUgIi9hZnQvY29uZmlnL29zcy1iYWNrZW5kL3ByaW1hcnktcmVnaW9uIiAtLXF1ZXJ5ICJQYXJhbWV0ZXIuVmFsdWUiIC0tb3V0cHV0IHRleHQpDQogICAgICAgICAgVEZfT1JHX05BTUU9JChhd3Mgc3NtIGdldC1wYXJhbWV0ZXIgLS1uYW1lICIvYWZ0L2NvbmZpZy90ZXJyYWZvcm0vb3JnLW5hbWUiIC0tcXVlcnkgIlBhcmFtZXRlci5WYWx1ZSIgLS1vdXRwdXQgdGV4dCkNCiAgICAgICAgICBURl9UT0tFTj0kKGF3cyBzc20gZ2V0LXBhcmFtZXRlciAtLW5hbWUgIi9hZnQvY29uZmlnL3RlcnJhZm9ybS90b2tlbiIgLS13aXRoLWRlY3J5cHRpb24gLS1xdWVyeSAiUGFyYW1ldGVyLlZhbHVlIiAtLW91dHB1dCB0ZXh0KQ0KICAgICAgICAgIFRGX0VORFBPSU5UPSQoYXdzIHNzbSBnZXQtcGFyYW1ldGVyIC0tbmFtZSAiL2FmdC9jb25maWcvdGVycmFmb3JtL2FwaS1lbmRwb2ludCIgLS1xdWVyeSAiUGFyYW1ldGVyLlZhbHVlIiAtLW91dHB1dCB0ZXh0KQ0KICAgICAgICAgIFRGX1dPUktTUEFDRV9OQU1FPSJjdC1hZnQtYWNjb3VudC1wcm92aXNpb25pbmctY3VzdG9taXphdGlvbnMiDQogICAgICAgICAgVEZfQ09ORklHX1BBVEg9Ii4vdGVtcF9jb25maWd1cmF0aW9uX2ZpbGUudGFyLmd6Ig0KICAgICAgICAgIGNkICRERUZBVUxUX1BBVEgvdGVycmFmb3JtDQogICAgICAgICAgZm9yIGYgaW4gKi5qaW5qYTsgZG8gamluamEyICRmIC1EIHRpbWVzdGFtcD0iJFRJTUVTVEFNUCIgLUQgcHJvdmlkZXJfcmVnaW9uPSRDVF9NR01UX1JFR0lPTiAtRCB0Zl9kaXN0cmlidXRpb25fdHlwZT0kVEZfRElTVFJJQlVUSU9OIC1EIHRlcnJhZm9ybV9vcmdfbmFtZT0kVEZfT1JHX05BTUUgLUQgdGVycmFmb3JtX3dvcmtzcGFjZV9uYW1lPSRURl9XT1JLU1BBQ0VfTkFNRSAtRCBhZnRfYWRtaW5fcm9sZV9hcm49JEFGVF9FWEVDX1JPTEVfQVJOID4+IC4vJChiYXNlbmFtZSAkZiAuamluamEpLnRmOyBkb25lDQogICAgICAgICAgZm9yIGYgaW4gKi50ZjsgZG8gZWNobyAiXG4gXG4iOyBlY2hvICRmOyBjYXQgJGY7IGRvbmUNCiAgICAgICAgICBjZCAkREVGQVVMVF9QQVRIDQogICAgICAgICAgdGFyIC1jemYgdGVtcF9jb25maWd1cmF0aW9uX2ZpbGUudGFyLmd6IC1DIHRlcnJhZm9ybSAtLWV4Y2x1ZGUgLmdpdCAtLWV4Y2x1ZGUgdmVudiAuDQogICAgICAgICAgcHl0aG9uMyAkREVGQVVMVF9QQVRIL2F3cy1hZnQtY29yZS1mcmFtZXdvcmsvc291cmNlcy9zY3JpcHRzL3dvcmtzcGFjZV9tYW5hZ2VyLnB5IC0tb3BlcmF0aW9uICJkZXBsb3kiIC0tb3JnYW5pemF0aW9uX25hbWUgJFRGX09SR19OQU1FIC0td29ya3NwYWNlX25hbWUgJFRGX1dPUktTUEFDRV9OQU1FIC0tYXNzdW1lX3JvbGVfYXJuICRBRlRfQURNSU5fUk9MRV9BUk4gLS1hc3N1bWVfcm9sZV9zZXNzaW9uX25hbWUgJFJPTEVfU0VTU0lPTl9OQU1FIC0tYXBpX2VuZHBvaW50ICRURl9FTkRQT0lOVCAtLWFwaV90b2tlbiAkVEZfVE9LRU4gLS10ZXJyYWZvcm1fdmVyc2lvbiAkVEZfVkVSU0lPTiAtLWNvbmZpZ19maWxlICRURl9DT05GSUdfUEFUSA0KICAgICAgICBmaQ0KDQogIGJ1aWxkOg0KICAgIGNvbW1hbmRzOg0KICAgICAgLSB8DQogICAgICAgIGlmIFsgJFRGX0RJU1RSSUJVVElPTiA9ICJvc3MiIF07IHRoZW4NCiAgICAgICAgICB0ZXJyYWZvcm0gYXBwbHkgLS1hdXRvLWFwcHJvdmUNCiAgICAgICAgZmkNCiAgcG9zdF9idWlsZDoNCiAgICBjb21tYW5kczoNCiAgICAgIC0gZWNobyAiUG9zdC1CdWlsZCINCg==",
            "filename": ".terraform/modules/aft/modules/aft-code-repositories/buildspecs/ct-aft-account-provisioning-customizations.yml",
            "id": "402350a580918f20ba289ccc403e985a0a9f2361"
          },
          "sensitive_attributes": []
        }
      ]
    },
    {
      "module": "module.aft.module.aft_code_repositories",
      "mode": "data",
      "type": "local_file",
      "name": "account_request_buildspec",
      "provider": "provider[\"registry.terraform.io/hashicorp/local\"]",
      "instances": [
        {
          "schema_version": 0,
          "attributes": {
            "content": "# Copyright Amazon.com, Inc. or its affiliates. All rights reserved.\r\n# SPDX-License-Identifier: Apache-2.0\r\n#\r\nversion: 0.2\r\n\r\nphases:\r\n  pre_build:\r\n    commands:\r\n      - DEFAULT_PATH=$(pwd)\r\n      - TIMESTAMP=$(date '+%Y-%m-%d %H:%M:%S')\r\n      - AWS_MODULE_SOURCE=$(aws ssm get-parameter --name \"/aft/config/aft-pipeline-code-source/repo-url\" --query \"Parameter.Value\" --output text)\r\n      - AWS_MODULE_GIT_REF=$(aws ssm get-parameter --name \"/aft/config/aft-pipeline-code-source/repo-git-ref\" --query \"Parameter.Value\" --output text)\r\n      - TF_VERSION=$(aws ssm get-parameter --name \"/aft/config/terraform/version\" --query \"Parameter.Value\" --output text)\r\n      - TF_DISTRIBUTION=$(aws ssm get-parameter --name \"/aft/config/terraform/distribution\" --query \"Parameter.Value\" --output text)\r\n      - CT_MGMT_REGION=$(aws ssm get-parameter --name \"/aft/config/ct-management-region\" --query \"Parameter.Value\" --output text)\r\n      - AFT_MGMT_ACCOUNT=$(aws sts get-caller-identity --query Account --output text)\r\n      - AFT_EXEC_ROLE_ARN=arn:aws:iam::$AFT_MGMT_ACCOUNT:role/AWSAFTExecution\r\n      - AFT_ADMIN_ROLE_NAME=$(aws ssm get-parameter --name /aft/resources/iam/aft-administrator-role-name | jq --raw-output \".Parameter.Value\")\r\n      - AFT_ADMIN_ROLE_ARN=arn:aws:iam::$AFT_MGMT_ACCOUNT:role/$AFT_ADMIN_ROLE_NAME\r\n      - ROLE_SESSION_NAME=$(aws ssm get-parameter --name /aft/resources/iam/aft-session-name | jq --raw-output \".Parameter.Value\")\r\n      - |\r\n        ssh_key_parameter=$(aws ssm get-parameter --name /aft/config/aft-ssh-key --with-decryption 2\u003e /dev/null || echo \"None\")\r\n        if [[ $ssh_key_parameter != \"None\" ]]; then\r\n          ssh_key=$(jq --raw-output \".Parameter.Value\" \u003c\u003c\u003c $ssh_key_parameter)\r\n          mkdir -p ~/.ssh\r\n          echo \"Host *\" \u003e\u003e ~/.ssh/config\r\n          echo \"StrictHostKeyChecking no\" \u003e\u003e ~/.ssh/config\r\n          echo \"UserKnownHostsFile=/dev/null\" \u003e\u003e ~/.ssh/config\r\n          echo \"$ssh_key\" \u003e ~/.ssh/ssh_key\r\n          echo -e \"\\n\\n\" \u003e\u003e  ~/.ssh/ssh_key\r\n          chmod 600 ~/.ssh/ssh_key\r\n          eval \"$(ssh-agent -s)\"\r\n          ssh-add ~/.ssh/ssh_key\r\n        fi\r\n      - git config --global credential.helper '!aws codecommit credential-helper $@'\r\n      - git config --global credential.UseHttpPath true\r\n      - git clone -b $AWS_MODULE_GIT_REF $AWS_MODULE_SOURCE aws-aft-core-framework\r\n      - python3 -m venv ./venv\r\n      - source ./venv/bin/activate\r\n      - pip install jinja2-cli==0.7.0 Jinja2==3.0.1 MarkupSafe==2.0.1 boto3==1.18.56 requests==2.26.0\r\n      - |\r\n        if [ $TF_DISTRIBUTION = \"oss\" ]; then\r\n          TF_BACKEND_REGION=$(aws ssm get-parameter --name \"/aft/config/oss-backend/primary-region\" --query \"Parameter.Value\" --output text)\r\n          TF_KMS_KEY_ID=$(aws ssm get-parameter --name \"/aft/config/oss-backend/kms-key-id\" --query \"Parameter.Value\" --output text)\r\n          TF_DDB_TABLE=$(aws ssm get-parameter --name \"/aft/config/oss-backend/table-id\" --query \"Parameter.Value\" --output text)\r\n          TF_S3_BUCKET=$(aws ssm get-parameter --name \"/aft/config/oss-backend/bucket-id\" --query \"Parameter.Value\" --output text)\r\n          TF_S3_KEY=account-request/terraform.tfstate\r\n          cd /tmp\r\n          echo \"Installing Terraform\"\r\n          curl -o terraform_${TF_VERSION}_linux_amd64.zip https://releases.hashicorp.com/terraform/${TF_VERSION}/terraform_${TF_VERSION}_linux_amd64.zip\r\n          unzip -o terraform_${TF_VERSION}_linux_amd64.zip \u0026\u0026 mv terraform /usr/bin\r\n          terraform --version\r\n          cd $DEFAULT_PATH/terraform\r\n          for f in *.jinja; do jinja2 $f -D timestamp=\"$TIMESTAMP\" -D tf_distribution_type=$TF_DISTRIBUTION -D provider_region=$CT_MGMT_REGION -D region=$TF_BACKEND_REGION -D bucket=$TF_S3_BUCKET -D key=$TF_S3_KEY -D dynamodb_table=$TF_DDB_TABLE -D kms_key_id=$TF_KMS_KEY_ID -D aft_admin_role_arn=$AFT_EXEC_ROLE_ARN \u003e\u003e ./$(basename $f .jinja).tf; done\r\n          for f in *.tf; do echo \"\\n \\n\"; echo $f; cat $f; done\r\n          JSON=$(aws sts assume-role --role-arn ${AFT_ADMIN_ROLE_ARN} --role-session-name ${ROLE_SESSION_NAME})\r\n          #Make newly assumed role default session\r\n          export AWS_ACCESS_KEY_ID=$(echo ${JSON} | jq --raw-output \".Credentials[\\\"AccessKeyId\\\"]\")\r\n          export AWS_SECRET_ACCESS_KEY=$(echo ${JSON} | jq --raw-output \".Credentials[\\\"SecretAccessKey\\\"]\")\r\n          export AWS_SESSION_TOKEN=$(echo ${JSON} | jq --raw-output \".Credentials[\\\"SessionToken\\\"]\")\r\n          terraform init\r\n        else\r\n          TF_ORG_NAME=$(aws ssm get-parameter --name \"/aft/config/terraform/org-name\" --query \"Parameter.Value\" --output text)\r\n          TF_TOKEN=$(aws ssm get-parameter --name \"/aft/config/terraform/token\" --with-decryption --query \"Parameter.Value\" --output text)\r\n          TF_ENDPOINT=$(aws ssm get-parameter --name \"/aft/config/terraform/api-endpoint\" --query \"Parameter.Value\" --output text)\r\n          TF_WORKSPACE_NAME=\"ct-aft-account-request\"\r\n          TF_CONFIG_PATH=\"./temp_configuration_file.tar.gz\"\r\n          cd $DEFAULT_PATH/terraform\r\n          for f in *.jinja; do jinja2 $f -D timestamp=\"$TIMESTAMP\" -D provider_region=$CT_MGMT_REGION -D tf_distribution_type=$TF_DISTRIBUTION -D terraform_org_name=$TF_ORG_NAME -D terraform_workspace_name=$TF_WORKSPACE_NAME -D aft_admin_role_arn=$AFT_EXEC_ROLE_ARN \u003e\u003e ./$(basename $f .jinja).tf; done\r\n          for f in *.tf; do echo \"\\n \\n\"; echo $f; cat $f; done\r\n          cd $DEFAULT_PATH\r\n          tar -czf temp_configuration_file.tar.gz -C terraform --exclude .git --exclude venv .\r\n          python3 $DEFAULT_PATH/aws-aft-core-framework/sources/scripts/workspace_manager.py --operation \"deploy\" --organization_name $TF_ORG_NAME --workspace_name $TF_WORKSPACE_NAME --assume_role_arn $AFT_ADMIN_ROLE_ARN --assume_role_session_name $ROLE_SESSION_NAME --api_endpoint $TF_ENDPOINT --api_token $TF_TOKEN --terraform_version $TF_VERSION --config_file $TF_CONFIG_PATH\r\n        fi\r\n\r\n  build:\r\n    commands:\r\n      - |\r\n        if [ $TF_DISTRIBUTION = \"oss\" ]; then\r\n          terraform apply --auto-approve\r\n        fi\r\n  post_build:\r\n    commands:\r\n      - echo \"Post-Build\"\r\n",
            "content_base64": "IyBDb3B5cmlnaHQgQW1hem9uLmNvbSwgSW5jLiBvciBpdHMgYWZmaWxpYXRlcy4gQWxsIHJpZ2h0cyByZXNlcnZlZC4NCiMgU1BEWC1MaWNlbnNlLUlkZW50aWZpZXI6IEFwYWNoZS0yLjANCiMNCnZlcnNpb246IDAuMg0KDQpwaGFzZXM6DQogIHByZV9idWlsZDoNCiAgICBjb21tYW5kczoNCiAgICAgIC0gREVGQVVMVF9QQVRIPSQocHdkKQ0KICAgICAgLSBUSU1FU1RBTVA9JChkYXRlICcrJVktJW0tJWQgJUg6JU06JVMnKQ0KICAgICAgLSBBV1NfTU9EVUxFX1NPVVJDRT0kKGF3cyBzc20gZ2V0LXBhcmFtZXRlciAtLW5hbWUgIi9hZnQvY29uZmlnL2FmdC1waXBlbGluZS1jb2RlLXNvdXJjZS9yZXBvLXVybCIgLS1xdWVyeSAiUGFyYW1ldGVyLlZhbHVlIiAtLW91dHB1dCB0ZXh0KQ0KICAgICAgLSBBV1NfTU9EVUxFX0dJVF9SRUY9JChhd3Mgc3NtIGdldC1wYXJhbWV0ZXIgLS1uYW1lICIvYWZ0L2NvbmZpZy9hZnQtcGlwZWxpbmUtY29kZS1zb3VyY2UvcmVwby1naXQtcmVmIiAtLXF1ZXJ5ICJQYXJhbWV0ZXIuVmFsdWUiIC0tb3V0cHV0IHRleHQpDQogICAgICAtIFRGX1ZFUlNJT049JChhd3Mgc3NtIGdldC1wYXJhbWV0ZXIgLS1uYW1lICIvYWZ0L2NvbmZpZy90ZXJyYWZvcm0vdmVyc2lvbiIgLS1xdWVyeSAiUGFyYW1ldGVyLlZhbHVlIiAtLW91dHB1dCB0ZXh0KQ0KICAgICAgLSBURl9ESVNUUklCVVRJT049JChhd3Mgc3NtIGdldC1wYXJhbWV0ZXIgLS1uYW1lICIvYWZ0L2NvbmZpZy90ZXJyYWZvcm0vZGlzdHJpYnV0aW9uIiAtLXF1ZXJ5ICJQYXJhbWV0ZXIuVmFsdWUiIC0tb3V0cHV0IHRleHQpDQogICAgICAtIENUX01HTVRfUkVHSU9OPSQoYXdzIHNzbSBnZXQtcGFyYW1ldGVyIC0tbmFtZSAiL2FmdC9jb25maWcvY3QtbWFuYWdlbWVudC1yZWdpb24iIC0tcXVlcnkgIlBhcmFtZXRlci5WYWx1ZSIgLS1vdXRwdXQgdGV4dCkNCiAgICAgIC0gQUZUX01HTVRfQUNDT1VOVD0kKGF3cyBzdHMgZ2V0LWNhbGxlci1pZGVudGl0eSAtLXF1ZXJ5IEFjY291bnQgLS1vdXRwdXQgdGV4dCkNCiAgICAgIC0gQUZUX0VYRUNfUk9MRV9BUk49YXJuOmF3czppYW06OiRBRlRfTUdNVF9BQ0NPVU5UOnJvbGUvQVdTQUZURXhlY3V0aW9uDQogICAgICAtIEFGVF9BRE1JTl9ST0xFX05BTUU9JChhd3Mgc3NtIGdldC1wYXJhbWV0ZXIgLS1uYW1lIC9hZnQvcmVzb3VyY2VzL2lhbS9hZnQtYWRtaW5pc3RyYXRvci1yb2xlLW5hbWUgfCBqcSAtLXJhdy1vdXRwdXQgIi5QYXJhbWV0ZXIuVmFsdWUiKQ0KICAgICAgLSBBRlRfQURNSU5fUk9MRV9BUk49YXJuOmF3czppYW06OiRBRlRfTUdNVF9BQ0NPVU5UOnJvbGUvJEFGVF9BRE1JTl9ST0xFX05BTUUNCiAgICAgIC0gUk9MRV9TRVNTSU9OX05BTUU9JChhd3Mgc3NtIGdldC1wYXJhbWV0ZXIgLS1uYW1lIC9hZnQvcmVzb3VyY2VzL2lhbS9hZnQtc2Vzc2lvbi1uYW1lIHwganEgLS1yYXctb3V0cHV0ICIuUGFyYW1ldGVyLlZhbHVlIikNCiAgICAgIC0gfA0KICAgICAgICBzc2hfa2V5X3BhcmFtZXRlcj0kKGF3cyBzc20gZ2V0LXBhcmFtZXRlciAtLW5hbWUgL2FmdC9jb25maWcvYWZ0LXNzaC1rZXkgLS13aXRoLWRlY3J5cHRpb24gMj4gL2Rldi9udWxsIHx8IGVjaG8gIk5vbmUiKQ0KICAgICAgICBpZiBbWyAkc3NoX2tleV9wYXJhbWV0ZXIgIT0gIk5vbmUiIF1dOyB0aGVuDQogICAgICAgICAgc3NoX2tleT0kKGpxIC0tcmF3LW91dHB1dCAiLlBhcmFtZXRlci5WYWx1ZSIgPDw8ICRzc2hfa2V5X3BhcmFtZXRlcikNCiAgICAgICAgICBta2RpciAtcCB+Ly5zc2gNCiAgICAgICAgICBlY2hvICJIb3N0ICoiID4+IH4vLnNzaC9jb25maWcNCiAgICAgICAgICBlY2hvICJTdHJpY3RIb3N0S2V5Q2hlY2tpbmcgbm8iID4+IH4vLnNzaC9jb25maWcNCiAgICAgICAgICBlY2hvICJVc2VyS25vd25Ib3N0c0ZpbGU9L2Rldi9udWxsIiA+PiB+Ly5zc2gvY29uZmlnDQogICAgICAgICAgZWNobyAiJHNzaF9rZXkiID4gfi8uc3NoL3NzaF9rZXkNCiAgICAgICAgICBlY2hvIC1lICJcblxuIiA+PiAgfi8uc3NoL3NzaF9rZXkNCiAgICAgICAgICBjaG1vZCA2MDAgfi8uc3NoL3NzaF9rZXkNCiAgICAgICAgICBldmFsICIkKHNzaC1hZ2VudCAtcykiDQogICAgICAgICAgc3NoLWFkZCB+Ly5zc2gvc3NoX2tleQ0KICAgICAgICBmaQ0KICAgICAgLSBnaXQgY29uZmlnIC0tZ2xvYmFsIGNyZWRlbnRpYWwuaGVscGVyICchYXdzIGNvZGVjb21taXQgY3JlZGVudGlhbC1oZWxwZXIgJEAnDQogICAgICAtIGdpdCBjb25maWcgLS1nbG9iYWwgY3JlZGVudGlhbC5Vc2VIdHRwUGF0aCB0cnVlDQogICAgICAtIGdpdCBjbG9uZSAtYiAkQVdTX01PRFVMRV9HSVRfUkVGICRBV1NfTU9EVUxFX1NPVVJDRSBhd3MtYWZ0LWNvcmUtZnJhbWV3b3JrDQogICAgICAtIHB5dGhvbjMgLW0gdmVudiAuL3ZlbnYNCiAgICAgIC0gc291cmNlIC4vdmVudi9iaW4vYWN0aXZhdGUNCiAgICAgIC0gcGlwIGluc3RhbGwgamluamEyLWNsaT09MC43LjAgSmluamEyPT0zLjAuMSBNYXJrdXBTYWZlPT0yLjAuMSBib3RvMz09MS4xOC41NiByZXF1ZXN0cz09Mi4yNi4wDQogICAgICAtIHwNCiAgICAgICAgaWYgWyAkVEZfRElTVFJJQlVUSU9OID0gIm9zcyIgXTsgdGhlbg0KICAgICAgICAgIFRGX0JBQ0tFTkRfUkVHSU9OPSQoYXdzIHNzbSBnZXQtcGFyYW1ldGVyIC0tbmFtZSAiL2FmdC9jb25maWcvb3NzLWJhY2tlbmQvcHJpbWFyeS1yZWdpb24iIC0tcXVlcnkgIlBhcmFtZXRlci5WYWx1ZSIgLS1vdXRwdXQgdGV4dCkNCiAgICAgICAgICBURl9LTVNfS0VZX0lEPSQoYXdzIHNzbSBnZXQtcGFyYW1ldGVyIC0tbmFtZSAiL2FmdC9jb25maWcvb3NzLWJhY2tlbmQva21zLWtleS1pZCIgLS1xdWVyeSAiUGFyYW1ldGVyLlZhbHVlIiAtLW91dHB1dCB0ZXh0KQ0KICAgICAgICAgIFRGX0REQl9UQUJMRT0kKGF3cyBzc20gZ2V0LXBhcmFtZXRlciAtLW5hbWUgIi9hZnQvY29uZmlnL29zcy1iYWNrZW5kL3RhYmxlLWlkIiAtLXF1ZXJ5ICJQYXJhbWV0ZXIuVmFsdWUiIC0tb3V0cHV0IHRleHQpDQogICAgICAgICAgVEZfUzNfQlVDS0VUPSQoYXdzIHNzbSBnZXQtcGFyYW1ldGVyIC0tbmFtZSAiL2FmdC9jb25maWcvb3NzLWJhY2tlbmQvYnVja2V0LWlkIiAtLXF1ZXJ5ICJQYXJhbWV0ZXIuVmFsdWUiIC0tb3V0cHV0IHRleHQpDQogICAgICAgICAgVEZfUzNfS0VZPWFjY291bnQtcmVxdWVzdC90ZXJyYWZvcm0udGZzdGF0ZQ0KICAgICAgICAgIGNkIC90bXANCiAgICAgICAgICBlY2hvICJJbnN0YWxsaW5nIFRlcnJhZm9ybSINCiAgICAgICAgICBjdXJsIC1vIHRlcnJhZm9ybV8ke1RGX1ZFUlNJT059X2xpbnV4X2FtZDY0LnppcCBodHRwczovL3JlbGVhc2VzLmhhc2hpY29ycC5jb20vdGVycmFmb3JtLyR7VEZfVkVSU0lPTn0vdGVycmFmb3JtXyR7VEZfVkVSU0lPTn1fbGludXhfYW1kNjQuemlwDQogICAgICAgICAgdW56aXAgLW8gdGVycmFmb3JtXyR7VEZfVkVSU0lPTn1fbGludXhfYW1kNjQuemlwICYmIG12IHRlcnJhZm9ybSAvdXNyL2Jpbg0KICAgICAgICAgIHRlcnJhZm9ybSAtLXZlcnNpb24NCiAgICAgICAgICBjZCAkREVGQVVMVF9QQVRIL3RlcnJhZm9ybQ0KICAgICAgICAgIGZvciBmIGluICouamluamE7IGRvIGppbmphMiAkZiAtRCB0aW1lc3RhbXA9IiRUSU1FU1RBTVAiIC1EIHRmX2Rpc3RyaWJ1dGlvbl90eXBlPSRURl9ESVNUUklCVVRJT04gLUQgcHJvdmlkZXJfcmVnaW9uPSRDVF9NR01UX1JFR0lPTiAtRCByZWdpb249JFRGX0JBQ0tFTkRfUkVHSU9OIC1EIGJ1Y2tldD0kVEZfUzNfQlVDS0VUIC1EIGtleT0kVEZfUzNfS0VZIC1EIGR5bmFtb2RiX3RhYmxlPSRURl9EREJfVEFCTEUgLUQga21zX2tleV9pZD0kVEZfS01TX0tFWV9JRCAtRCBhZnRfYWRtaW5fcm9sZV9hcm49JEFGVF9FWEVDX1JPTEVfQVJOID4+IC4vJChiYXNlbmFtZSAkZiAuamluamEpLnRmOyBkb25lDQogICAgICAgICAgZm9yIGYgaW4gKi50ZjsgZG8gZWNobyAiXG4gXG4iOyBlY2hvICRmOyBjYXQgJGY7IGRvbmUNCiAgICAgICAgICBKU09OPSQoYXdzIHN0cyBhc3N1bWUtcm9sZSAtLXJvbGUtYXJuICR7QUZUX0FETUlOX1JPTEVfQVJOfSAtLXJvbGUtc2Vzc2lvbi1uYW1lICR7Uk9MRV9TRVNTSU9OX05BTUV9KQ0KICAgICAgICAgICNNYWtlIG5ld2x5IGFzc3VtZWQgcm9sZSBkZWZhdWx0IHNlc3Npb24NCiAgICAgICAgICBleHBvcnQgQVdTX0FDQ0VTU19LRVlfSUQ9JChlY2hvICR7SlNPTn0gfCBqcSAtLXJhdy1vdXRwdXQgIi5DcmVkZW50aWFsc1tcIkFjY2Vzc0tleUlkXCJdIikNCiAgICAgICAgICBleHBvcnQgQVdTX1NFQ1JFVF9BQ0NFU1NfS0VZPSQoZWNobyAke0pTT059IHwganEgLS1yYXctb3V0cHV0ICIuQ3JlZGVudGlhbHNbXCJTZWNyZXRBY2Nlc3NLZXlcIl0iKQ0KICAgICAgICAgIGV4cG9ydCBBV1NfU0VTU0lPTl9UT0tFTj0kKGVjaG8gJHtKU09OfSB8IGpxIC0tcmF3LW91dHB1dCAiLkNyZWRlbnRpYWxzW1wiU2Vzc2lvblRva2VuXCJdIikNCiAgICAgICAgICB0ZXJyYWZvcm0gaW5pdA0KICAgICAgICBlbHNlDQogICAgICAgICAgVEZfT1JHX05BTUU9JChhd3Mgc3NtIGdldC1wYXJhbWV0ZXIgLS1uYW1lICIvYWZ0L2NvbmZpZy90ZXJyYWZvcm0vb3JnLW5hbWUiIC0tcXVlcnkgIlBhcmFtZXRlci5WYWx1ZSIgLS1vdXRwdXQgdGV4dCkNCiAgICAgICAgICBURl9UT0tFTj0kKGF3cyBzc20gZ2V0LXBhcmFtZXRlciAtLW5hbWUgIi9hZnQvY29uZmlnL3RlcnJhZm9ybS90b2tlbiIgLS13aXRoLWRlY3J5cHRpb24gLS1xdWVyeSAiUGFyYW1ldGVyLlZhbHVlIiAtLW91dHB1dCB0ZXh0KQ0KICAgICAgICAgIFRGX0VORFBPSU5UPSQoYXdzIHNzbSBnZXQtcGFyYW1ldGVyIC0tbmFtZSAiL2FmdC9jb25maWcvdGVycmFmb3JtL2FwaS1lbmRwb2ludCIgLS1xdWVyeSAiUGFyYW1ldGVyLlZhbHVlIiAtLW91dHB1dCB0ZXh0KQ0KICAgICAgICAgIFRGX1dPUktTUEFDRV9OQU1FPSJjdC1hZnQtYWNjb3VudC1yZXF1ZXN0Ig0KICAgICAgICAgIFRGX0NPTkZJR19QQVRIPSIuL3RlbXBfY29uZmlndXJhdGlvbl9maWxlLnRhci5neiINCiAgICAgICAgICBjZCAkREVGQVVMVF9QQVRIL3RlcnJhZm9ybQ0KICAgICAgICAgIGZvciBmIGluICouamluamE7IGRvIGppbmphMiAkZiAtRCB0aW1lc3RhbXA9IiRUSU1FU1RBTVAiIC1EIHByb3ZpZGVyX3JlZ2lvbj0kQ1RfTUdNVF9SRUdJT04gLUQgdGZfZGlzdHJpYnV0aW9uX3R5cGU9JFRGX0RJU1RSSUJVVElPTiAtRCB0ZXJyYWZvcm1fb3JnX25hbWU9JFRGX09SR19OQU1FIC1EIHRlcnJhZm9ybV93b3Jrc3BhY2VfbmFtZT0kVEZfV09SS1NQQUNFX05BTUUgLUQgYWZ0X2FkbWluX3JvbGVfYXJuPSRBRlRfRVhFQ19ST0xFX0FSTiA+PiAuLyQoYmFzZW5hbWUgJGYgLmppbmphKS50ZjsgZG9uZQ0KICAgICAgICAgIGZvciBmIGluICoudGY7IGRvIGVjaG8gIlxuIFxuIjsgZWNobyAkZjsgY2F0ICRmOyBkb25lDQogICAgICAgICAgY2QgJERFRkFVTFRfUEFUSA0KICAgICAgICAgIHRhciAtY3pmIHRlbXBfY29uZmlndXJhdGlvbl9maWxlLnRhci5neiAtQyB0ZXJyYWZvcm0gLS1leGNsdWRlIC5naXQgLS1leGNsdWRlIHZlbnYgLg0KICAgICAgICAgIHB5dGhvbjMgJERFRkFVTFRfUEFUSC9hd3MtYWZ0LWNvcmUtZnJhbWV3b3JrL3NvdXJjZXMvc2NyaXB0cy93b3Jrc3BhY2VfbWFuYWdlci5weSAtLW9wZXJhdGlvbiAiZGVwbG95IiAtLW9yZ2FuaXphdGlvbl9uYW1lICRURl9PUkdfTkFNRSAtLXdvcmtzcGFjZV9uYW1lICRURl9XT1JLU1BBQ0VfTkFNRSAtLWFzc3VtZV9yb2xlX2FybiAkQUZUX0FETUlOX1JPTEVfQVJOIC0tYXNzdW1lX3JvbGVfc2Vzc2lvbl9uYW1lICRST0xFX1NFU1NJT05fTkFNRSAtLWFwaV9lbmRwb2ludCAkVEZfRU5EUE9JTlQgLS1hcGlfdG9rZW4gJFRGX1RPS0VOIC0tdGVycmFmb3JtX3ZlcnNpb24gJFRGX1ZFUlNJT04gLS1jb25maWdfZmlsZSAkVEZfQ09ORklHX1BBVEgNCiAgICAgICAgZmkNCg0KICBidWlsZDoNCiAgICBjb21tYW5kczoNCiAgICAgIC0gfA0KICAgICAgICBpZiBbICRURl9ESVNUUklCVVRJT04gPSAib3NzIiBdOyB0aGVuDQogICAgICAgICAgdGVycmFmb3JtIGFwcGx5IC0tYXV0by1hcHByb3ZlDQogICAgICAgIGZpDQogIHBvc3RfYnVpbGQ6DQogICAgY29tbWFuZHM6DQogICAgICAtIGVjaG8gIlBvc3QtQnVpbGQiDQo=",
            "filename": ".terraform/modules/aft/modules/aft-code-repositories/buildspecs/ct-aft-account-request.yml",
            "id": "c1d514bcad1cb23594d69ed6c5456d61a6936a0a"
          },
          "sensitive_attributes": []
        }
      ]
    },
    {
      "module": "module.aft.module.aft_code_repositories",
      "mode": "managed",
      "type": "aws_cloudwatch_log_group",
      "name": "account_provisioning_customizations",
      "provider": "module.aft.provider[\"registry.terraform.io/hashicorp/aws\"].aft_management",
      "instances": [
        {
          "schema_version": 0,
          "attributes": {
            "arn": "arn:aws:logs:us-east-1:008298205562:log-group:/aws/codebuild/ct-aft-account-provisioning-customizations",
            "id": "/aws/codebuild/ct-aft-account-provisioning-customizations",
            "kms_key_id": "",
            "name": "/aws/codebuild/ct-aft-account-provisioning-customizations",
            "name_prefix": null,
            "retention_in_days": 0,
            "tags": {},
            "tags_all": {
              "managed_by": "AFT"
            }
          },
          "sensitive_attributes": [],
          "private": "bnVsbA=="
        }
      ]
    },
    {
      "module": "module.aft.module.aft_code_repositories",
      "mode": "managed",
      "type": "aws_cloudwatch_log_group",
      "name": "account_request",
      "provider": "module.aft.provider[\"registry.terraform.io/hashicorp/aws\"].aft_management",
      "instances": [
        {
          "schema_version": 0,
          "attributes": {
            "arn": "arn:aws:logs:us-east-1:008298205562:log-group:/aws/codebuild/ct-aft-account-request",
            "id": "/aws/codebuild/ct-aft-account-request",
            "kms_key_id": "",
            "name": "/aws/codebuild/ct-aft-account-request",
            "name_prefix": null,
            "retention_in_days": 0,
            "tags": {},
            "tags_all": {
              "managed_by": "AFT"
            }
          },
          "sensitive_attributes": [],
          "private": "bnVsbA=="
        }
      ]
    },
    {
      "module": "module.aft.module.aft_code_repositories",
      "mode": "managed",
      "type": "aws_codebuild_project",
      "name": "account_provisioning_customizations_pipeline",
      "provider": "module.aft.provider[\"registry.terraform.io/hashicorp/aws\"].aft_management",
      "instances": [
        {
          "schema_version": 0,
          "attributes": {
            "arn": "arn:aws:codebuild:us-east-1:008298205562:project/ct-aft-account-provisioning-customizations",
            "artifacts": [
              {
                "artifact_identifier": "",
                "bucket_owner_access": "",
                "encryption_disabled": false,
                "location": "",
                "name": "ct-aft-account-provisioning-customizations",
                "namespace_type": "",
                "override_artifact_name": false,
                "packaging": "NONE",
                "path": "",
                "type": "CODEPIPELINE"
              }
            ],
            "badge_enabled": false,
            "badge_url": "",
            "build_batch_config": [],
            "build_timeout": 60,
            "cache": [
              {
                "location": "",
                "modes": [],
                "type": "NO_CACHE"
              }
            ],
            "concurrent_build_limit": 0,
            "description": "Deploys the Account Provisioning Customizations terraform project",
            "encryption_key": "arn:aws:kms:us-east-1:008298205562:key/aeafe814-f92c-4a5f-8f47-6cc9d9f2c498",
            "environment": [
              {
                "certificate": "",
                "compute_type": "BUILD_GENERAL1_MEDIUM",
                "environment_variable": [],
                "image": "aws/codebuild/amazonlinux2-x86_64-standard:3.0",
                "image_pull_credentials_type": "CODEBUILD",
                "privileged_mode": false,
                "registry_credential": [],
                "type": "LINUX_CONTAINER"
              }
            ],
            "file_system_locations": [],
            "id": "arn:aws:codebuild:us-east-1:008298205562:project/ct-aft-account-provisioning-customizations",
            "logs_config": [
              {
                "cloudwatch_logs": [
                  {
                    "group_name": "/aws/codebuild/ct-aft-account-provisioning-customizations",
                    "status": "ENABLED",
                    "stream_name": ""
                  }
                ],
                "s3_logs": [
                  {
                    "bucket_owner_access": "",
                    "encryption_disabled": false,
                    "location": "aft-customizations-pipeline-008298205562/ct-aft-account-provisioning-customization-logs",
                    "status": "ENABLED"
                  }
                ]
              }
            ],
            "name": "ct-aft-account-provisioning-customizations",
            "project_visibility": "PRIVATE",
            "public_project_alias": "",
            "queued_timeout": 480,
            "resource_access_role": "",
            "secondary_artifacts": [],
            "secondary_source_version": [],
            "secondary_sources": [],
            "service_role": "arn:aws:iam::008298205562:role/ct-aft-codebuild-account-provisioning-customizations-role",
            "source": [
              {
                "auth": [],
                "build_status_config": [],
                "buildspec": "# Copyright Amazon.com, Inc. or its affiliates. All rights reserved.\r\n# SPDX-License-Identifier: Apache-2.0\r\n#\r\nversion: 0.2\r\n\r\nphases:\r\n  pre_build:\r\n    commands:\r\n      - DEFAULT_PATH=$(pwd)\r\n      - TIMESTAMP=$(date '+%Y-%m-%d %H:%M:%S')\r\n      - AWS_MODULE_SOURCE=$(aws ssm get-parameter --name \"/aft/config/aft-pipeline-code-source/repo-url\" --query \"Parameter.Value\" --output text)\r\n      - AWS_MODULE_GIT_REF=$(aws ssm get-parameter --name \"/aft/config/aft-pipeline-code-source/repo-git-ref\" --query \"Parameter.Value\" --output text)\r\n      - TF_VERSION=$(aws ssm get-parameter --name \"/aft/config/terraform/version\" --query \"Parameter.Value\" --output text)\r\n      - TF_DISTRIBUTION=$(aws ssm get-parameter --name \"/aft/config/terraform/distribution\" --query \"Parameter.Value\" --output text)\r\n      - CT_MGMT_REGION=$(aws ssm get-parameter --name \"/aft/config/ct-management-region\" --query \"Parameter.Value\" --output text)\r\n      - AFT_MGMT_ACCOUNT=$(aws sts get-caller-identity --query Account --output text)\r\n      - AFT_EXEC_ROLE_ARN=arn:aws:iam::$AFT_MGMT_ACCOUNT:role/AWSAFTExecution\r\n      - AFT_ADMIN_ROLE_NAME=$(aws ssm get-parameter --name /aft/resources/iam/aft-administrator-role-name | jq --raw-output \".Parameter.Value\")\r\n      - AFT_ADMIN_ROLE_ARN=arn:aws:iam::$AFT_MGMT_ACCOUNT:role/$AFT_ADMIN_ROLE_NAME\r\n      - ROLE_SESSION_NAME=$(aws ssm get-parameter --name /aft/resources/iam/aft-session-name | jq --raw-output \".Parameter.Value\")\r\n      - |\r\n        ssh_key_parameter=$(aws ssm get-parameter --name /aft/config/aft-ssh-key --with-decryption 2\u003e /dev/null || echo \"None\")\r\n        if [[ $ssh_key_parameter != \"None\" ]]; then\r\n          ssh_key=$(jq --raw-output \".Parameter.Value\" \u003c\u003c\u003c $ssh_key_parameter)\r\n          mkdir -p ~/.ssh\r\n          echo \"Host *\" \u003e\u003e ~/.ssh/config\r\n          echo \"StrictHostKeyChecking no\" \u003e\u003e ~/.ssh/config\r\n          echo \"UserKnownHostsFile=/dev/null\" \u003e\u003e ~/.ssh/config\r\n          echo \"$ssh_key\" \u003e ~/.ssh/ssh_key\r\n          echo -e \"\\n\\n\" \u003e\u003e  ~/.ssh/ssh_key\r\n          chmod 600 ~/.ssh/ssh_key\r\n          eval \"$(ssh-agent -s)\"\r\n          ssh-add ~/.ssh/ssh_key\r\n        fi\r\n      - git config --global credential.helper '!aws codecommit credential-helper $@'\r\n      - git config --global credential.UseHttpPath true\r\n      - git clone -b $AWS_MODULE_GIT_REF $AWS_MODULE_SOURCE aws-aft-core-framework\r\n      - python3 -m venv ./venv\r\n      - source ./venv/bin/activate\r\n      - pip install jinja2-cli==0.7.0 Jinja2==3.0.1 MarkupSafe==2.0.1 boto3==1.18.56 requests==2.26.0\r\n      - |\r\n        if [ $TF_DISTRIBUTION = \"oss\" ]; then\r\n          TF_BACKEND_REGION=$(aws ssm get-parameter --name \"/aft/config/oss-backend/primary-region\" --query \"Parameter.Value\" --output text)\r\n          TF_KMS_KEY_ID=$(aws ssm get-parameter --name \"/aft/config/oss-backend/kms-key-id\" --query \"Parameter.Value\" --output text)\r\n          TF_DDB_TABLE=$(aws ssm get-parameter --name \"/aft/config/oss-backend/table-id\" --query \"Parameter.Value\" --output text)\r\n          TF_S3_BUCKET=$(aws ssm get-parameter --name \"/aft/config/oss-backend/bucket-id\" --query \"Parameter.Value\" --output text)\r\n          TF_S3_KEY=account-provisioning-customizations/terraform.tfstate\r\n          cd /tmp\r\n          echo \"Installing Terraform\"\r\n          curl -o terraform_${TF_VERSION}_linux_amd64.zip https://releases.hashicorp.com/terraform/${TF_VERSION}/terraform_${TF_VERSION}_linux_amd64.zip\r\n          unzip -o terraform_${TF_VERSION}_linux_amd64.zip \u0026\u0026 mv terraform /usr/bin\r\n          terraform --version\r\n          cd $DEFAULT_PATH/terraform\r\n          for f in *.jinja; do jinja2 $f -D timestamp=\"$TIMESTAMP\" -D tf_distribution_type=$TF_DISTRIBUTION -D region=$TF_BACKEND_REGION -D provider_region=$CT_MGMT_REGION -D bucket=$TF_S3_BUCKET -D key=$TF_S3_KEY -D dynamodb_table=$TF_DDB_TABLE -D kms_key_id=$TF_KMS_KEY_ID -D aft_admin_role_arn=$AFT_EXEC_ROLE_ARN \u003e\u003e ./$(basename $f .jinja).tf; done\r\n          for f in *.tf; do echo \"\\n \\n\"; echo $f; cat $f; done\r\n          JSON=$(aws sts assume-role --role-arn ${AFT_ADMIN_ROLE_ARN} --role-session-name ${ROLE_SESSION_NAME})\r\n          #Make newly assumed role default session\r\n          export AWS_ACCESS_KEY_ID=$(echo ${JSON} | jq --raw-output \".Credentials[\\\"AccessKeyId\\\"]\")\r\n          export AWS_SECRET_ACCESS_KEY=$(echo ${JSON} | jq --raw-output \".Credentials[\\\"SecretAccessKey\\\"]\")\r\n          export AWS_SESSION_TOKEN=$(echo ${JSON} | jq --raw-output \".Credentials[\\\"SessionToken\\\"]\")\r\n          terraform init\r\n        else\r\n          TF_BACKEND_REGION=$(aws ssm get-parameter --name \"/aft/config/oss-backend/primary-region\" --query \"Parameter.Value\" --output text)\r\n          TF_ORG_NAME=$(aws ssm get-parameter --name \"/aft/config/terraform/org-name\" --query \"Parameter.Value\" --output text)\r\n          TF_TOKEN=$(aws ssm get-parameter --name \"/aft/config/terraform/token\" --with-decryption --query \"Parameter.Value\" --output text)\r\n          TF_ENDPOINT=$(aws ssm get-parameter --name \"/aft/config/terraform/api-endpoint\" --query \"Parameter.Value\" --output text)\r\n          TF_WORKSPACE_NAME=\"ct-aft-account-provisioning-customizations\"\r\n          TF_CONFIG_PATH=\"./temp_configuration_file.tar.gz\"\r\n          cd $DEFAULT_PATH/terraform\r\n          for f in *.jinja; do jinja2 $f -D timestamp=\"$TIMESTAMP\" -D provider_region=$CT_MGMT_REGION -D tf_distribution_type=$TF_DISTRIBUTION -D terraform_org_name=$TF_ORG_NAME -D terraform_workspace_name=$TF_WORKSPACE_NAME -D aft_admin_role_arn=$AFT_EXEC_ROLE_ARN \u003e\u003e ./$(basename $f .jinja).tf; done\r\n          for f in *.tf; do echo \"\\n \\n\"; echo $f; cat $f; done\r\n          cd $DEFAULT_PATH\r\n          tar -czf temp_configuration_file.tar.gz -C terraform --exclude .git --exclude venv .\r\n          python3 $DEFAULT_PATH/aws-aft-core-framework/sources/scripts/workspace_manager.py --operation \"deploy\" --organization_name $TF_ORG_NAME --workspace_name $TF_WORKSPACE_NAME --assume_role_arn $AFT_ADMIN_ROLE_ARN --assume_role_session_name $ROLE_SESSION_NAME --api_endpoint $TF_ENDPOINT --api_token $TF_TOKEN --terraform_version $TF_VERSION --config_file $TF_CONFIG_PATH\r\n        fi\r\n\r\n  build:\r\n    commands:\r\n      - |\r\n        if [ $TF_DISTRIBUTION = \"oss\" ]; then\r\n          terraform apply --auto-approve\r\n        fi\r\n  post_build:\r\n    commands:\r\n      - echo \"Post-Build\"\r\n",
                "git_clone_depth": 0,
                "git_submodules_config": [],
                "insecure_ssl": false,
                "location": "",
                "report_build_status": false,
                "type": "CODEPIPELINE"
              }
            ],
            "source_version": "",
            "tags": {},
            "tags_all": {
              "managed_by": "AFT"
            },
            "vpc_config": [
              {
                "security_group_ids": [
                  "sg-0a7b6748a01d2169a"
                ],
                "subnets": [
                  "subnet-041cf026a115900a6",
                  "subnet-066a1962f2cece8db"
                ],
                "vpc_id": "vpc-0d6124dadfcb57dd8"
              }
            ]
          },
          "sensitive_attributes": [],
          "private": "bnVsbA==",
          "dependencies": [
            "module.aft.module.aft_account_request_framework.aws_kms_key.aft",
            "module.aft.module.aft_account_request_framework.aws_security_group.aft_vpc_default_sg",
            "module.aft.module.aft_account_request_framework.aws_subnet.aft_vpc_private_subnet_01",
            "module.aft.module.aft_account_request_framework.aws_subnet.aft_vpc_private_subnet_02",
            "module.aft.module.aft_account_request_framework.aws_vpc.aft_vpc",
            "module.aft.module.aft_account_request_framework.data.aws_availability_zones.available",
            "module.aft.module.aft_code_repositories.aws_cloudwatch_log_group.account_provisioning_customizations",
            "module.aft.module.aft_code_repositories.aws_cloudwatch_log_group.account_request",
            "module.aft.module.aft_code_repositories.aws_iam_role.account_provisioning_customizations_codebuild_role",
            "module.aft.module.aft_code_repositories.data.local_file.account_provisioning_customizations_buildspec",
            "module.aft.module.aft_customizations.aws_s3_bucket.aft_codepipeline_customizations_bucket",
            "module.aft.module.aft_customizations.data.aws_caller_identity.current"
          ]
        }
      ]
    },
    {
      "module": "module.aft.module.aft_code_repositories",
      "mode": "managed",
      "type": "aws_codebuild_project",
      "name": "account_request",
      "provider": "module.aft.provider[\"registry.terraform.io/hashicorp/aws\"].aft_management",
      "instances": [
        {
          "schema_version": 0,
          "attributes": {
            "arn": "arn:aws:codebuild:us-east-1:008298205562:project/ct-aft-account-request",
            "artifacts": [
              {
                "artifact_identifier": "",
                "bucket_owner_access": "",
                "encryption_disabled": false,
                "location": "",
                "name": "ct-aft-account-request",
                "namespace_type": "",
                "override_artifact_name": false,
                "packaging": "NONE",
                "path": "",
                "type": "CODEPIPELINE"
              }
            ],
            "badge_enabled": false,
            "badge_url": "",
            "build_batch_config": [],
            "build_timeout": 60,
            "cache": [
              {
                "location": "",
                "modes": [],
                "type": "NO_CACHE"
              }
            ],
            "concurrent_build_limit": 0,
            "description": "Job to apply Terraform for Account Requests",
            "encryption_key": "arn:aws:kms:us-east-1:008298205562:key/aeafe814-f92c-4a5f-8f47-6cc9d9f2c498",
            "environment": [
              {
                "certificate": "",
                "compute_type": "BUILD_GENERAL1_MEDIUM",
                "environment_variable": [],
                "image": "aws/codebuild/amazonlinux2-x86_64-standard:3.0",
                "image_pull_credentials_type": "CODEBUILD",
                "privileged_mode": false,
                "registry_credential": [],
                "type": "LINUX_CONTAINER"
              }
            ],
            "file_system_locations": [],
            "id": "arn:aws:codebuild:us-east-1:008298205562:project/ct-aft-account-request",
            "logs_config": [
              {
                "cloudwatch_logs": [
                  {
                    "group_name": "/aws/codebuild/ct-aft-account-request",
                    "status": "ENABLED",
                    "stream_name": ""
                  }
                ],
                "s3_logs": [
                  {
                    "bucket_owner_access": "",
                    "encryption_disabled": false,
                    "location": "aft-customizations-pipeline-008298205562/ct-aft-account-request-logs",
                    "status": "ENABLED"
                  }
                ]
              }
            ],
            "name": "ct-aft-account-request",
            "project_visibility": "PRIVATE",
            "public_project_alias": "",
            "queued_timeout": 480,
            "resource_access_role": "",
            "secondary_artifacts": [],
            "secondary_source_version": [],
            "secondary_sources": [],
            "service_role": "arn:aws:iam::008298205562:role/ct-aft-codebuild-account-request-role",
            "source": [
              {
                "auth": [],
                "build_status_config": [],
                "buildspec": "# Copyright Amazon.com, Inc. or its affiliates. All rights reserved.\r\n# SPDX-License-Identifier: Apache-2.0\r\n#\r\nversion: 0.2\r\n\r\nphases:\r\n  pre_build:\r\n    commands:\r\n      - DEFAULT_PATH=$(pwd)\r\n      - TIMESTAMP=$(date '+%Y-%m-%d %H:%M:%S')\r\n      - AWS_MODULE_SOURCE=$(aws ssm get-parameter --name \"/aft/config/aft-pipeline-code-source/repo-url\" --query \"Parameter.Value\" --output text)\r\n      - AWS_MODULE_GIT_REF=$(aws ssm get-parameter --name \"/aft/config/aft-pipeline-code-source/repo-git-ref\" --query \"Parameter.Value\" --output text)\r\n      - TF_VERSION=$(aws ssm get-parameter --name \"/aft/config/terraform/version\" --query \"Parameter.Value\" --output text)\r\n      - TF_DISTRIBUTION=$(aws ssm get-parameter --name \"/aft/config/terraform/distribution\" --query \"Parameter.Value\" --output text)\r\n      - CT_MGMT_REGION=$(aws ssm get-parameter --name \"/aft/config/ct-management-region\" --query \"Parameter.Value\" --output text)\r\n      - AFT_MGMT_ACCOUNT=$(aws sts get-caller-identity --query Account --output text)\r\n      - AFT_EXEC_ROLE_ARN=arn:aws:iam::$AFT_MGMT_ACCOUNT:role/AWSAFTExecution\r\n      - AFT_ADMIN_ROLE_NAME=$(aws ssm get-parameter --name /aft/resources/iam/aft-administrator-role-name | jq --raw-output \".Parameter.Value\")\r\n      - AFT_ADMIN_ROLE_ARN=arn:aws:iam::$AFT_MGMT_ACCOUNT:role/$AFT_ADMIN_ROLE_NAME\r\n      - ROLE_SESSION_NAME=$(aws ssm get-parameter --name /aft/resources/iam/aft-session-name | jq --raw-output \".Parameter.Value\")\r\n      - |\r\n        ssh_key_parameter=$(aws ssm get-parameter --name /aft/config/aft-ssh-key --with-decryption 2\u003e /dev/null || echo \"None\")\r\n        if [[ $ssh_key_parameter != \"None\" ]]; then\r\n          ssh_key=$(jq --raw-output \".Parameter.Value\" \u003c\u003c\u003c $ssh_key_parameter)\r\n          mkdir -p ~/.ssh\r\n          echo \"Host *\" \u003e\u003e ~/.ssh/config\r\n          echo \"StrictHostKeyChecking no\" \u003e\u003e ~/.ssh/config\r\n          echo \"UserKnownHostsFile=/dev/null\" \u003e\u003e ~/.ssh/config\r\n          echo \"$ssh_key\" \u003e ~/.ssh/ssh_key\r\n          echo -e \"\\n\\n\" \u003e\u003e  ~/.ssh/ssh_key\r\n          chmod 600 ~/.ssh/ssh_key\r\n          eval \"$(ssh-agent -s)\"\r\n          ssh-add ~/.ssh/ssh_key\r\n        fi\r\n      - git config --global credential.helper '!aws codecommit credential-helper $@'\r\n      - git config --global credential.UseHttpPath true\r\n      - git clone -b $AWS_MODULE_GIT_REF $AWS_MODULE_SOURCE aws-aft-core-framework\r\n      - python3 -m venv ./venv\r\n      - source ./venv/bin/activate\r\n      - pip install jinja2-cli==0.7.0 Jinja2==3.0.1 MarkupSafe==2.0.1 boto3==1.18.56 requests==2.26.0\r\n      - |\r\n        if [ $TF_DISTRIBUTION = \"oss\" ]; then\r\n          TF_BACKEND_REGION=$(aws ssm get-parameter --name \"/aft/config/oss-backend/primary-region\" --query \"Parameter.Value\" --output text)\r\n          TF_KMS_KEY_ID=$(aws ssm get-parameter --name \"/aft/config/oss-backend/kms-key-id\" --query \"Parameter.Value\" --output text)\r\n          TF_DDB_TABLE=$(aws ssm get-parameter --name \"/aft/config/oss-backend/table-id\" --query \"Parameter.Value\" --output text)\r\n          TF_S3_BUCKET=$(aws ssm get-parameter --name \"/aft/config/oss-backend/bucket-id\" --query \"Parameter.Value\" --output text)\r\n          TF_S3_KEY=account-request/terraform.tfstate\r\n          cd /tmp\r\n          echo \"Installing Terraform\"\r\n          curl -o terraform_${TF_VERSION}_linux_amd64.zip https://releases.hashicorp.com/terraform/${TF_VERSION}/terraform_${TF_VERSION}_linux_amd64.zip\r\n          unzip -o terraform_${TF_VERSION}_linux_amd64.zip \u0026\u0026 mv terraform /usr/bin\r\n          terraform --version\r\n          cd $DEFAULT_PATH/terraform\r\n          for f in *.jinja; do jinja2 $f -D timestamp=\"$TIMESTAMP\" -D tf_distribution_type=$TF_DISTRIBUTION -D provider_region=$CT_MGMT_REGION -D region=$TF_BACKEND_REGION -D bucket=$TF_S3_BUCKET -D key=$TF_S3_KEY -D dynamodb_table=$TF_DDB_TABLE -D kms_key_id=$TF_KMS_KEY_ID -D aft_admin_role_arn=$AFT_EXEC_ROLE_ARN \u003e\u003e ./$(basename $f .jinja).tf; done\r\n          for f in *.tf; do echo \"\\n \\n\"; echo $f; cat $f; done\r\n          JSON=$(aws sts assume-role --role-arn ${AFT_ADMIN_ROLE_ARN} --role-session-name ${ROLE_SESSION_NAME})\r\n          #Make newly assumed role default session\r\n          export AWS_ACCESS_KEY_ID=$(echo ${JSON} | jq --raw-output \".Credentials[\\\"AccessKeyId\\\"]\")\r\n          export AWS_SECRET_ACCESS_KEY=$(echo ${JSON} | jq --raw-output \".Credentials[\\\"SecretAccessKey\\\"]\")\r\n          export AWS_SESSION_TOKEN=$(echo ${JSON} | jq --raw-output \".Credentials[\\\"SessionToken\\\"]\")\r\n          terraform init\r\n        else\r\n          TF_ORG_NAME=$(aws ssm get-parameter --name \"/aft/config/terraform/org-name\" --query \"Parameter.Value\" --output text)\r\n          TF_TOKEN=$(aws ssm get-parameter --name \"/aft/config/terraform/token\" --with-decryption --query \"Parameter.Value\" --output text)\r\n          TF_ENDPOINT=$(aws ssm get-parameter --name \"/aft/config/terraform/api-endpoint\" --query \"Parameter.Value\" --output text)\r\n          TF_WORKSPACE_NAME=\"ct-aft-account-request\"\r\n          TF_CONFIG_PATH=\"./temp_configuration_file.tar.gz\"\r\n          cd $DEFAULT_PATH/terraform\r\n          for f in *.jinja; do jinja2 $f -D timestamp=\"$TIMESTAMP\" -D provider_region=$CT_MGMT_REGION -D tf_distribution_type=$TF_DISTRIBUTION -D terraform_org_name=$TF_ORG_NAME -D terraform_workspace_name=$TF_WORKSPACE_NAME -D aft_admin_role_arn=$AFT_EXEC_ROLE_ARN \u003e\u003e ./$(basename $f .jinja).tf; done\r\n          for f in *.tf; do echo \"\\n \\n\"; echo $f; cat $f; done\r\n          cd $DEFAULT_PATH\r\n          tar -czf temp_configuration_file.tar.gz -C terraform --exclude .git --exclude venv .\r\n          python3 $DEFAULT_PATH/aws-aft-core-framework/sources/scripts/workspace_manager.py --operation \"deploy\" --organization_name $TF_ORG_NAME --workspace_name $TF_WORKSPACE_NAME --assume_role_arn $AFT_ADMIN_ROLE_ARN --assume_role_session_name $ROLE_SESSION_NAME --api_endpoint $TF_ENDPOINT --api_token $TF_TOKEN --terraform_version $TF_VERSION --config_file $TF_CONFIG_PATH\r\n        fi\r\n\r\n  build:\r\n    commands:\r\n      - |\r\n        if [ $TF_DISTRIBUTION = \"oss\" ]; then\r\n          terraform apply --auto-approve\r\n        fi\r\n  post_build:\r\n    commands:\r\n      - echo \"Post-Build\"\r\n",
                "git_clone_depth": 0,
                "git_submodules_config": [],
                "insecure_ssl": false,
                "location": "",
                "report_build_status": false,
                "type": "CODEPIPELINE"
              }
            ],
            "source_version": "",
            "tags": {},
            "tags_all": {
              "managed_by": "AFT"
            },
            "vpc_config": [
              {
                "security_group_ids": [
                  "sg-0a7b6748a01d2169a"
                ],
                "subnets": [
                  "subnet-041cf026a115900a6",
                  "subnet-066a1962f2cece8db"
                ],
                "vpc_id": "vpc-0d6124dadfcb57dd8"
              }
            ]
          },
          "sensitive_attributes": [],
          "private": "bnVsbA==",
          "dependencies": [
            "module.aft.module.aft_account_request_framework.aws_kms_key.aft",
            "module.aft.module.aft_account_request_framework.aws_security_group.aft_vpc_default_sg",
            "module.aft.module.aft_account_request_framework.aws_subnet.aft_vpc_private_subnet_01",
            "module.aft.module.aft_account_request_framework.aws_subnet.aft_vpc_private_subnet_02",
            "module.aft.module.aft_account_request_framework.aws_vpc.aft_vpc",
            "module.aft.module.aft_account_request_framework.data.aws_availability_zones.available",
            "module.aft.module.aft_code_repositories.aws_cloudwatch_log_group.account_request",
            "module.aft.module.aft_code_repositories.aws_iam_role.account_request_codebuild_role",
            "module.aft.module.aft_code_repositories.data.local_file.account_request_buildspec",
            "module.aft.module.aft_customizations.aws_s3_bucket.aft_codepipeline_customizations_bucket",
            "module.aft.module.aft_customizations.data.aws_caller_identity.current"
          ]
        }
      ]
    },
    {
      "module": "module.aft.module.aft_code_repositories",
      "mode": "managed",
      "type": "aws_codepipeline",
      "name": "codestar_account_provisioning_customizations",
      "provider": "module.aft.provider[\"registry.terraform.io/hashicorp/aws\"].aft_management",
      "instances": [
        {
          "index_key": 0,
          "schema_version": 0,
          "attributes": {
            "arn": "arn:aws:codepipeline:us-east-1:008298205562:ct-aft-account-provisioning-customizations",
            "artifact_store": [
              {
                "encryption_key": [
                  {
                    "id": "arn:aws:kms:us-east-1:008298205562:key/aeafe814-f92c-4a5f-8f47-6cc9d9f2c498",
                    "type": "KMS"
                  }
                ],
                "location": "aft-customizations-pipeline-008298205562",
                "region": "",
                "type": "S3"
              }
            ],
            "id": "ct-aft-account-provisioning-customizations",
            "name": "ct-aft-account-provisioning-customizations",
            "role_arn": "arn:aws:iam::008298205562:role/ct-aft-codepipeline-account-provisioning-customizations-role",
            "stage": [
              {
                "action": [
                  {
                    "category": "Source",
                    "configuration": {
                      "BranchName": "main",
                      "ConnectionArn": "arn:aws:codestar-connections:us-east-1:008298205562:connection/55839dda-645c-46c6-9953-f433bde8ecd9",
                      "DetectChanges": "true",
                      "FullRepositoryId": "jayaprakashnarayana/learn-terraform-aft-account-provisioning-customizations",
                      "OutputArtifactFormat": "CODE_ZIP"
                    },
                    "input_artifacts": [],
                    "name": "account-provisioning-customizations",
                    "namespace": "",
                    "output_artifacts": [
                      "account-provisioning-customizations"
                    ],
                    "owner": "AWS",
                    "provider": "CodeStarSourceConnection",
                    "region": "",
                    "role_arn": "",
                    "run_order": 1,
                    "version": "1"
                  }
                ],
                "name": "Source"
              },
              {
                "action": [
                  {
                    "category": "Build",
                    "configuration": {
                      "ProjectName": "ct-aft-account-provisioning-customizations"
                    },
                    "input_artifacts": [
                      "account-provisioning-customizations"
                    ],
                    "name": "Apply-Terraform",
                    "namespace": "",
                    "output_artifacts": [
                      "account-provisioning-customizations-output"
                    ],
                    "owner": "AWS",
                    "provider": "CodeBuild",
                    "region": "",
                    "role_arn": "",
                    "run_order": 2,
                    "version": "1"
                  }
                ],
                "name": "terraform-apply"
              }
            ],
            "tags": {},
            "tags_all": {
              "managed_by": "AFT"
            }
          },
          "sensitive_attributes": [],
          "private": "bnVsbA==",
          "dependencies": [
            "module.aft.module.aft_account_request_framework.aws_kms_key.aft",
            "module.aft.module.aft_account_request_framework.aws_security_group.aft_vpc_default_sg",
            "module.aft.module.aft_account_request_framework.aws_subnet.aft_vpc_private_subnet_01",
            "module.aft.module.aft_account_request_framework.aws_subnet.aft_vpc_private_subnet_02",
            "module.aft.module.aft_account_request_framework.aws_vpc.aft_vpc",
            "module.aft.module.aft_account_request_framework.data.aws_availability_zones.available",
            "module.aft.module.aft_code_repositories.aws_cloudwatch_log_group.account_provisioning_customizations",
            "module.aft.module.aft_code_repositories.aws_cloudwatch_log_group.account_request",
            "module.aft.module.aft_code_repositories.aws_codebuild_project.account_provisioning_customizations_pipeline",
            "module.aft.module.aft_code_repositories.aws_codestarconnections_connection.bitbucket",
            "module.aft.module.aft_code_repositories.aws_codestarconnections_connection.github",
            "module.aft.module.aft_code_repositories.aws_codestarconnections_connection.githubenterprise",
            "module.aft.module.aft_code_repositories.aws_codestarconnections_host.githubenterprise",
            "module.aft.module.aft_code_repositories.aws_iam_role.account_provisioning_customizations_codebuild_role",
            "module.aft.module.aft_code_repositories.aws_iam_role.account_provisioning_customizations_codepipeline_role",
            "module.aft.module.aft_code_repositories.data.local_file.account_provisioning_customizations_buildspec",
            "module.aft.module.aft_customizations.aws_s3_bucket.aft_codepipeline_customizations_bucket",
            "module.aft.module.aft_customizations.data.aws_caller_identity.current"
          ]
        }
      ]
    },
    {
      "module": "module.aft.module.aft_code_repositories",
      "mode": "managed",
      "type": "aws_codepipeline",
      "name": "codestar_account_request",
      "provider": "module.aft.provider[\"registry.terraform.io/hashicorp/aws\"].aft_management",
      "instances": [
        {
          "index_key": 0,
          "schema_version": 0,
          "attributes": {
            "arn": "arn:aws:codepipeline:us-east-1:008298205562:ct-aft-account-request",
            "artifact_store": [
              {
                "encryption_key": [
                  {
                    "id": "arn:aws:kms:us-east-1:008298205562:key/aeafe814-f92c-4a5f-8f47-6cc9d9f2c498",
                    "type": "KMS"
                  }
                ],
                "location": "aft-customizations-pipeline-008298205562",
                "region": "",
                "type": "S3"
              }
            ],
            "id": "ct-aft-account-request",
            "name": "ct-aft-account-request",
            "role_arn": "arn:aws:iam::008298205562:role/ct-aft-codepipeline-account-request-role",
            "stage": [
              {
                "action": [
                  {
                    "category": "Source",
                    "configuration": {
                      "BranchName": "main",
                      "ConnectionArn": "arn:aws:codestar-connections:us-east-1:008298205562:connection/55839dda-645c-46c6-9953-f433bde8ecd9",
                      "DetectChanges": "true",
                      "FullRepositoryId": "jayaprakashnarayana/learn-terraform-aft-account-request",
                      "OutputArtifactFormat": "CODE_ZIP"
                    },
                    "input_artifacts": [],
                    "name": "account-request",
                    "namespace": "",
                    "output_artifacts": [
                      "account-request"
                    ],
                    "owner": "AWS",
                    "provider": "CodeStarSourceConnection",
                    "region": "",
                    "role_arn": "",
                    "run_order": 1,
                    "version": "1"
                  }
                ],
                "name": "Source"
              },
              {
                "action": [
                  {
                    "category": "Build",
                    "configuration": {
                      "ProjectName": "ct-aft-account-request"
                    },
                    "input_artifacts": [
                      "account-request"
                    ],
                    "name": "Apply-Terraform",
                    "namespace": "",
                    "output_artifacts": [
                      "account-request-terraform"
                    ],
                    "owner": "AWS",
                    "provider": "CodeBuild",
                    "region": "",
                    "role_arn": "",
                    "run_order": 2,
                    "version": "1"
                  }
                ],
                "name": "terraform-apply"
              }
            ],
            "tags": {},
            "tags_all": {
              "managed_by": "AFT"
            }
          },
          "sensitive_attributes": [],
          "private": "bnVsbA==",
          "dependencies": [
            "module.aft.module.aft_account_request_framework.aws_kms_key.aft",
            "module.aft.module.aft_account_request_framework.aws_security_group.aft_vpc_default_sg",
            "module.aft.module.aft_account_request_framework.aws_subnet.aft_vpc_private_subnet_01",
            "module.aft.module.aft_account_request_framework.aws_subnet.aft_vpc_private_subnet_02",
            "module.aft.module.aft_account_request_framework.aws_vpc.aft_vpc",
            "module.aft.module.aft_account_request_framework.data.aws_availability_zones.available",
            "module.aft.module.aft_code_repositories.aws_cloudwatch_log_group.account_request",
            "module.aft.module.aft_code_repositories.aws_codebuild_project.account_request",
            "module.aft.module.aft_code_repositories.aws_codestarconnections_connection.bitbucket",
            "module.aft.module.aft_code_repositories.aws_codestarconnections_connection.github",
            "module.aft.module.aft_code_repositories.aws_codestarconnections_connection.githubenterprise",
            "module.aft.module.aft_code_repositories.aws_codestarconnections_host.githubenterprise",
            "module.aft.module.aft_code_repositories.aws_iam_role.account_request_codebuild_role",
            "module.aft.module.aft_code_repositories.aws_iam_role.account_request_codepipeline_role",
            "module.aft.module.aft_code_repositories.data.local_file.account_request_buildspec",
            "module.aft.module.aft_customizations.aws_s3_bucket.aft_codepipeline_customizations_bucket",
            "module.aft.module.aft_customizations.data.aws_caller_identity.current"
          ]
        }
      ]
    },
    {
      "module": "module.aft.module.aft_code_repositories",
      "mode": "managed",
      "type": "aws_codestarconnections_connection",
      "name": "github",
      "provider": "module.aft.provider[\"registry.terraform.io/hashicorp/aws\"].aft_management",
      "instances": [
        {
          "index_key": 0,
          "schema_version": 0,
          "attributes": {
            "arn": "arn:aws:codestar-connections:us-east-1:008298205562:connection/55839dda-645c-46c6-9953-f433bde8ecd9",
            "connection_status": "AVAILABLE",
            "host_arn": "",
            "id": "arn:aws:codestar-connections:us-east-1:008298205562:connection/55839dda-645c-46c6-9953-f433bde8ecd9",
            "name": "ct-aft-github-connection",
            "provider_type": "GitHub",
            "tags": {},
            "tags_all": {
              "managed_by": "AFT"
            }
          },
          "sensitive_attributes": [],
          "private": "bnVsbA=="
        }
      ]
    },
    {
      "module": "module.aft.module.aft_code_repositories",
      "mode": "managed",
      "type": "aws_iam_role",
      "name": "account_provisioning_customizations_codebuild_role",
      "provider": "module.aft.provider[\"registry.terraform.io/hashicorp/aws\"].aft_management",
      "instances": [
        {
          "schema_version": 0,
          "attributes": {
            "arn": "arn:aws:iam::008298205562:role/ct-aft-codebuild-account-provisioning-customizations-role",
            "assume_role_policy": "{\"Version\":\"2012-10-17\",\"Statement\":[{\"Effect\":\"Allow\",\"Principal\":{\"Service\":\"codebuild.amazonaws.com\"},\"Action\":\"sts:AssumeRole\"}]}",
            "create_date": "2022-04-23T03:42:20Z",
            "description": "",
            "force_detach_policies": false,
            "id": "ct-aft-codebuild-account-provisioning-customizations-role",
            "inline_policy": [
              {
                "name": "ct-aft-codebuild-account-provisioning-customizations-policy",
                "policy": "{\n  \"Version\": \"2012-10-17\",\n  \"Statement\": [\n    {\n      \"Effect\": \"Allow\",\n      \"Resource\": \"arn:aws:logs:us-east-1:008298205562:log-group:/aws/codebuild/ct-aft*\",\n      \"Action\": [\n        \"logs:CreateLogStream\",\n        \"logs:PutLogEvents\"\n      ]\n    },\n    {\n      \"Effect\": \"Allow\",\n      \"Action\": [\n        \"ec2:CreateNetworkInterface\",\n        \"ec2:DescribeDhcpOptions\",\n        \"ec2:DescribeNetworkInterfaces\",\n        \"ec2:DeleteNetworkInterface\",\n        \"ec2:DescribeSubnets\",\n        \"ec2:DescribeSecurityGroups\",\n        \"ec2:DescribeVpcs\"\n      ],\n      \"Resource\": \"*\"\n    },\n    {\n      \"Effect\": \"Allow\",\n      \"Action\": [\n        \"ec2:CreateNetworkInterfacePermission\"\n      ],\n      \"Resource\": [\n        \"arn:aws:ec2:us-east-1:008298205562:network-interface/*\"\n      ]\n    },\n    {\n      \"Effect\": \"Allow\",\n      \"Action\": [\n        \"dynamodb:*Item\"\n      ],\n      \"Resource\": [\n        \"arn:aws:dynamodb:us-east-1:008298205562:table/aft-request\"\n      ]\n    },\n    {\n      \"Effect\": \"Allow\",\n      \"Action\": [\n        \"s3:GetObject\",\n        \"s3:GetObjectVersion\",\n        \"s3:GetBucketVersioning\",\n        \"s3:List*\",\n        \"s3:PutObjectAcl\",\n        \"s3:PutObject\"\n      ],\n      \"Resource\": [\n        \"arn:aws:s3:::aft-customizations-pipeline-008298205562\",\n        \"arn:aws:s3:::aft-customizations-pipeline-008298205562/*\"\n      ]\n    },\n    {\n      \"Effect\": \"Allow\",\n      \"Action\": [\n        \"kms:Decrypt\",\n        \"kms:Encrypt\",\n        \"kms:GenerateDataKey\"\n      ],\n      \"Resource\": \"arn:aws:kms:us-east-1:008298205562:key/aeafe814-f92c-4a5f-8f47-6cc9d9f2c498\"\n    },\n    {\n      \"Effect\": \"Allow\",\n      \"Action\": [\n        \"ssm:GetParameters\",\n        \"ssm:GetParameter\"\n      ],\n      \"Resource\": [\n        \"arn:aws:ssm:us-east-1:008298205562:parameter/aft/*\"\n      ]\n    },\n    {\n      \"Effect\": \"Allow\",\n      \"Action\": [\n        \"codecommit:GetBranch\",\n        \"codecommit:GetRepository\",\n        \"codecommit:GetCommit\",\n        \"codecommit:GitPull\",\n        \"codecommit:UploadArchive\",\n        \"codecommit:GetUploadArchiveStatus\",\n        \"codecommit:CancelUploadArchive\"\n      ],\n      \"Resource\": \"arn:aws:codecommit:us-east-1:008298205562:*account-request*\"\n    },\n    {\n      \"Effect\": \"Allow\",\n      \"Action\": [\n        \"sts:AssumeRole\"\n      ],\n      \"Resource\": [\n        \"arn:aws:iam::008298205562:role/AWSAFTAdmin\"\n      ]\n    }\n  ]\n}\n"
              },
              {
                "name": "ct-aft-codebuild-terraform-oss-backend-policy",
                "policy": "{\n  \"Version\": \"2012-10-17\",\n  \"Statement\": [\n    {\n      \"Effect\": \"Allow\",\n      \"Action\": [\n        \"dynamodb:*Item\"\n      ],\n      \"Resource\": [\n        \"arn:aws:dynamodb:us-east-1:008298205562:table/aft-backend-008298205562\"\n      ]\n    },\n    {\n      \"Effect\": \"Allow\",\n      \"Action\": [\n        \"s3:GetObject\",\n        \"s3:GetObjectVersion\",\n        \"s3:GetBucketVersioning\",\n        \"s3:List*\",\n        \"s3:PutObjectAcl\",\n        \"s3:PutObject\"\n      ],\n      \"Resource\": [\n        \"arn:aws:s3:::aft-backend-008298205562-primary-region\",\n        \"arn:aws:s3:::aft-backend-008298205562-primary-region/*\"\n      ]\n    },\n    {\n      \"Effect\": \"Allow\",\n      \"Action\": [\n        \"kms:Decrypt\",\n        \"kms:Encrypt\",\n        \"kms:GenerateDataKey\"\n      ],\n      \"Resource\": \"arn:aws:kms:us-east-1:008298205562:key/0cc7bf81-993c-4a5d-96fe-ca66647d9f2d\"\n    }\n  ]\n}\n"
              }
            ],
            "managed_policy_arns": [],
            "max_session_duration": 3600,
            "name": "ct-aft-codebuild-account-provisioning-customizations-role",
            "name_prefix": "",
            "path": "/",
            "permissions_boundary": null,
            "tags": {},
            "tags_all": {
              "managed_by": "AFT"
            },
            "unique_id": "AROAQD3U4SF5NRO7ZEBFU"
          },
          "sensitive_attributes": [],
          "private": "bnVsbA=="
        }
      ]
    },
    {
      "module": "module.aft.module.aft_code_repositories",
      "mode": "managed",
      "type": "aws_iam_role",
      "name": "account_provisioning_customizations_codepipeline_role",
      "provider": "module.aft.provider[\"registry.terraform.io/hashicorp/aws\"].aft_management",
      "instances": [
        {
          "schema_version": 0,
          "attributes": {
            "arn": "arn:aws:iam::008298205562:role/ct-aft-codepipeline-account-provisioning-customizations-role",
            "assume_role_policy": "{\"Version\":\"2012-10-17\",\"Statement\":[{\"Effect\":\"Allow\",\"Principal\":{\"Service\":\"codepipeline.amazonaws.com\"},\"Action\":\"sts:AssumeRole\"}]}",
            "create_date": "2022-04-23T03:42:18Z",
            "description": "",
            "force_detach_policies": false,
            "id": "ct-aft-codepipeline-account-provisioning-customizations-role",
            "inline_policy": [
              {
                "name": "ct-aft-codepipeline-account-provisioning-customizations-policy",
                "policy": "{\n  \"Version\": \"2012-10-17\",\n  \"Statement\": [\n    {\n      \"Effect\":\"Allow\",\n      \"Action\": [\n        \"s3:GetObject\",\n        \"s3:GetObjectVersion\",\n        \"s3:GetBucketVersioning\",\n        \"s3:List*\",\n        \"s3:PutObjectAcl\",\n        \"s3:PutObject\"\n      ],\n      \"Resource\": [\n        \"arn:aws:s3:::aft-customizations-pipeline-008298205562\",\n        \"arn:aws:s3:::aft-customizations-pipeline-008298205562/*\"\n      ]\n    },\n    {\n      \"Effect\": \"Allow\",\n      \"Action\": [\n        \"codebuild:BatchGetBuilds\",\n        \"codebuild:StartBuild\"\n      ],\n        \"Resource\": \"arn:aws:codebuild:us-east-1:008298205562:*account-provisioning*\"\n    },\n    {\n      \"Effect\": \"Allow\",\n      \"Action\": [\n        \"codecommit:GetBranch\",\n        \"codecommit:GetRepository\",\n        \"codecommit:GetCommit\",\n        \"codecommit:GitPull\",\n        \"codecommit:UploadArchive\",\n        \"codecommit:GetUploadArchiveStatus\",\n        \"codecommit:CancelUploadArchive\"\n      ],\n      \"Resource\": \"arn:aws:codecommit:us-east-1:008298205562:*account-provisioning*\"\n    },\n    {\n      \"Effect\": \"Allow\",\n      \"Action\": [\n        \"kms:Decrypt\",\n        \"kms:Encrypt\",\n        \"kms:GenerateDataKey\"\n      ],\n      \"Resource\": \"arn:aws:kms:us-east-1:008298205562:key/aeafe814-f92c-4a5f-8f47-6cc9d9f2c498\"\n    },\n    {\n        \"Effect\": \"Allow\",\n        \"Action\": \"codestar-connections:UseConnection\",\n        \"Resource\": \"*\"\n    }\n  ]\n}\n"
              }
            ],
            "managed_policy_arns": [],
            "max_session_duration": 3600,
            "name": "ct-aft-codepipeline-account-provisioning-customizations-role",
            "name_prefix": "",
            "path": "/",
            "permissions_boundary": null,
            "tags": {},
            "tags_all": {
              "managed_by": "AFT"
            },
            "unique_id": "AROAQD3U4SF5BI2DI3JBT"
          },
          "sensitive_attributes": [],
          "private": "bnVsbA=="
        }
      ]
    },
    {
      "module": "module.aft.module.aft_code_repositories",
      "mode": "managed",
      "type": "aws_iam_role",
      "name": "account_request_codebuild_role",
      "provider": "module.aft.provider[\"registry.terraform.io/hashicorp/aws\"].aft_management",
      "instances": [
        {
          "schema_version": 0,
          "attributes": {
            "arn": "arn:aws:iam::008298205562:role/ct-aft-codebuild-account-request-role",
            "assume_role_policy": "{\"Version\":\"2012-10-17\",\"Statement\":[{\"Effect\":\"Allow\",\"Principal\":{\"Service\":\"codebuild.amazonaws.com\"},\"Action\":\"sts:AssumeRole\"}]}",
            "create_date": "2022-04-23T03:42:43Z",
            "description": "",
            "force_detach_policies": false,
            "id": "ct-aft-codebuild-account-request-role",
            "inline_policy": [
              {
                "name": "ct-aft-codebuild-account-request-policy",
                "policy": "{\n  \"Version\": \"2012-10-17\",\n  \"Statement\": [\n    {\n      \"Effect\": \"Allow\",\n      \"Resource\": \"arn:aws:logs:us-east-1:008298205562:log-group:/aws/codebuild/ct-aft*\",\n      \"Action\": [\n        \"logs:CreateLogStream\",\n        \"logs:PutLogEvents\"\n      ]\n    },\n    {\n      \"Effect\": \"Allow\",\n      \"Action\": [\n        \"ec2:CreateNetworkInterface\",\n        \"ec2:DescribeDhcpOptions\",\n        \"ec2:DescribeNetworkInterfaces\",\n        \"ec2:DeleteNetworkInterface\",\n        \"ec2:DescribeSubnets\",\n        \"ec2:DescribeSecurityGroups\",\n        \"ec2:DescribeVpcs\"\n      ],\n      \"Resource\": \"*\"\n    },\n    {\n      \"Effect\": \"Allow\",\n      \"Action\": [\n        \"ec2:CreateNetworkInterfacePermission\"\n      ],\n      \"Resource\": [\n        \"arn:aws:ec2:us-east-1:008298205562:network-interface/*\"\n      ]\n    },\n    {\n      \"Effect\": \"Allow\",\n      \"Action\": [\n        \"dynamodb:*Item\"\n      ],\n      \"Resource\": [\n        \"arn:aws:dynamodb:us-east-1:008298205562:table/aft-request\"\n      ]\n    },\n    {\n      \"Effect\": \"Allow\",\n      \"Action\": [\n        \"s3:GetObject\",\n        \"s3:GetObjectVersion\",\n        \"s3:GetBucketVersioning\",\n        \"s3:List*\",\n        \"s3:PutObjectAcl\",\n        \"s3:PutObject\"\n      ],\n      \"Resource\": [\n        \"arn:aws:s3:::aft-customizations-pipeline-008298205562\",\n        \"arn:aws:s3:::aft-customizations-pipeline-008298205562/*\"\n      ]\n    },\n    {\n      \"Effect\": \"Allow\",\n      \"Action\": [\n        \"kms:Decrypt\",\n        \"kms:Encrypt\",\n        \"kms:GenerateDataKey\"\n      ],\n      \"Resource\": \"arn:aws:kms:us-east-1:008298205562:key/aeafe814-f92c-4a5f-8f47-6cc9d9f2c498\"\n    },\n    {\n      \"Effect\": \"Allow\",\n      \"Action\": [\n        \"ssm:GetParameters\",\n        \"ssm:GetParameter\"\n      ],\n      \"Resource\": [\n        \"arn:aws:ssm:us-east-1:008298205562:parameter/aft/*\"\n      ]\n    },\n    {\n      \"Effect\": \"Allow\",\n      \"Action\": [\n        \"codecommit:GetBranch\",\n        \"codecommit:GetRepository\",\n        \"codecommit:GetCommit\",\n        \"codecommit:GitPull\",\n        \"codecommit:UploadArchive\",\n        \"codecommit:GetUploadArchiveStatus\",\n        \"codecommit:CancelUploadArchive\"\n      ],\n      \"Resource\": \"arn:aws:codecommit:us-east-1:008298205562:*account-request*\"\n    },\n    {\n      \"Effect\": \"Allow\",\n      \"Action\": [\n        \"sts:AssumeRole\"\n      ],\n      \"Resource\": [\n        \"arn:aws:iam::008298205562:role/AWSAFTAdmin\"\n      ]\n    }\n  ]\n}\n"
              },
              {
                "name": "ct-aft-codebuild-terraform-oss-backend-policy",
                "policy": "{\n  \"Version\": \"2012-10-17\",\n  \"Statement\": [\n    {\n      \"Effect\": \"Allow\",\n      \"Action\": [\n        \"dynamodb:*Item\"\n      ],\n      \"Resource\": [\n        \"arn:aws:dynamodb:us-east-1:008298205562:table/aft-backend-008298205562\"\n      ]\n    },\n    {\n      \"Effect\": \"Allow\",\n      \"Action\": [\n        \"s3:GetObject\",\n        \"s3:GetObjectVersion\",\n        \"s3:GetBucketVersioning\",\n        \"s3:List*\",\n        \"s3:PutObjectAcl\",\n        \"s3:PutObject\"\n      ],\n      \"Resource\": [\n        \"arn:aws:s3:::aft-backend-008298205562-primary-region\",\n        \"arn:aws:s3:::aft-backend-008298205562-primary-region/*\"\n      ]\n    },\n    {\n      \"Effect\": \"Allow\",\n      \"Action\": [\n        \"kms:Decrypt\",\n        \"kms:Encrypt\",\n        \"kms:GenerateDataKey\"\n      ],\n      \"Resource\": \"arn:aws:kms:us-east-1:008298205562:key/0cc7bf81-993c-4a5d-96fe-ca66647d9f2d\"\n    }\n  ]\n}\n"
              }
            ],
            "managed_policy_arns": [],
            "max_session_duration": 3600,
            "name": "ct-aft-codebuild-account-request-role",
            "name_prefix": "",
            "path": "/",
            "permissions_boundary": null,
            "tags": {},
            "tags_all": {
              "managed_by": "AFT"
            },
            "unique_id": "AROAQD3U4SF5JN3AHTOTS"
          },
          "sensitive_attributes": [],
          "private": "bnVsbA=="
        }
      ]
    },
    {
      "module": "module.aft.module.aft_code_repositories",
      "mode": "managed",
      "type": "aws_iam_role",
      "name": "account_request_codepipeline_role",
      "provider": "module.aft.provider[\"registry.terraform.io/hashicorp/aws\"].aft_management",
      "instances": [
        {
          "schema_version": 0,
          "attributes": {
            "arn": "arn:aws:iam::008298205562:role/ct-aft-codepipeline-account-request-role",
            "assume_role_policy": "{\"Version\":\"2012-10-17\",\"Statement\":[{\"Effect\":\"Allow\",\"Principal\":{\"Service\":\"codepipeline.amazonaws.com\"},\"Action\":\"sts:AssumeRole\"}]}",
            "create_date": "2022-04-23T03:42:23Z",
            "description": "",
            "force_detach_policies": false,
            "id": "ct-aft-codepipeline-account-request-role",
            "inline_policy": [
              {
                "name": "ct-aft-codepipeline-account-request-policy",
                "policy": "{\n  \"Version\": \"2012-10-17\",\n  \"Statement\": [\n    {\n      \"Effect\":\"Allow\",\n      \"Action\": [\n        \"s3:GetObject\",\n        \"s3:GetObjectVersion\",\n        \"s3:GetBucketVersioning\",\n        \"s3:List*\",\n        \"s3:PutObjectAcl\",\n        \"s3:PutObject\"\n      ],\n      \"Resource\": [\n        \"arn:aws:s3:::aft-customizations-pipeline-008298205562\",\n        \"arn:aws:s3:::aft-customizations-pipeline-008298205562/*\"\n      ]\n    },\n    {\n      \"Effect\": \"Allow\",\n      \"Action\": [\n        \"codebuild:BatchGetBuilds\",\n        \"codebuild:StartBuild\"\n      ],\n        \"Resource\": \"arn:aws:codebuild:us-east-1:008298205562:*account-request*\"\n    },\n    {\n      \"Effect\": \"Allow\",\n      \"Action\": [\n        \"codecommit:GetBranch\",\n        \"codecommit:GetRepository\",\n        \"codecommit:GetCommit\",\n        \"codecommit:GitPull\",\n        \"codecommit:UploadArchive\",\n        \"codecommit:GetUploadArchiveStatus\",\n        \"codecommit:CancelUploadArchive\"\n      ],\n      \"Resource\": \"arn:aws:codecommit:us-east-1:008298205562:*account-request*\"\n    },\n    {\n      \"Effect\": \"Allow\",\n      \"Action\": [\n        \"kms:Decrypt\",\n        \"kms:Encrypt\",\n        \"kms:GenerateDataKey\"\n      ],\n      \"Resource\": \"arn:aws:kms:us-east-1:008298205562:key/aeafe814-f92c-4a5f-8f47-6cc9d9f2c498\"\n    },\n    {\n        \"Effect\": \"Allow\",\n        \"Action\": \"codestar-connections:UseConnection\",\n        \"Resource\": \"*\"\n    }\n  ]\n}\n"
              }
            ],
            "managed_policy_arns": [],
            "max_session_duration": 3600,
            "name": "ct-aft-codepipeline-account-request-role",
            "name_prefix": "",
            "path": "/",
            "permissions_boundary": null,
            "tags": {},
            "tags_all": {
              "managed_by": "AFT"
            },
            "unique_id": "AROAQD3U4SF5JDABBZN3P"
          },
          "sensitive_attributes": [],
          "private": "bnVsbA=="
        }
      ]
    },
    {
      "module": "module.aft.module.aft_code_repositories",
      "mode": "managed",
      "type": "aws_iam_role_policy",
      "name": "account_provisioning_customizations_codebuild_policy",
      "provider": "module.aft.provider[\"registry.terraform.io/hashicorp/aws\"].aft_management",
      "instances": [
        {
          "schema_version": 0,
          "attributes": {
            "id": "ct-aft-codebuild-account-provisioning-customizations-role:ct-aft-codebuild-account-provisioning-customizations-policy",
            "name": "ct-aft-codebuild-account-provisioning-customizations-policy",
            "name_prefix": null,
            "policy": "{\n  \"Version\": \"2012-10-17\",\n  \"Statement\": [\n    {\n      \"Effect\": \"Allow\",\n      \"Resource\": \"arn:aws:logs:us-east-1:008298205562:log-group:/aws/codebuild/ct-aft*\",\n      \"Action\": [\n        \"logs:CreateLogStream\",\n        \"logs:PutLogEvents\"\n      ]\n    },\n    {\n      \"Effect\": \"Allow\",\n      \"Action\": [\n        \"ec2:CreateNetworkInterface\",\n        \"ec2:DescribeDhcpOptions\",\n        \"ec2:DescribeNetworkInterfaces\",\n        \"ec2:DeleteNetworkInterface\",\n        \"ec2:DescribeSubnets\",\n        \"ec2:DescribeSecurityGroups\",\n        \"ec2:DescribeVpcs\"\n      ],\n      \"Resource\": \"*\"\n    },\n    {\n      \"Effect\": \"Allow\",\n      \"Action\": [\n        \"ec2:CreateNetworkInterfacePermission\"\n      ],\n      \"Resource\": [\n        \"arn:aws:ec2:us-east-1:008298205562:network-interface/*\"\n      ]\n    },\n    {\n      \"Effect\": \"Allow\",\n      \"Action\": [\n        \"dynamodb:*Item\"\n      ],\n      \"Resource\": [\n        \"arn:aws:dynamodb:us-east-1:008298205562:table/aft-request\"\n      ]\n    },\n    {\n      \"Effect\": \"Allow\",\n      \"Action\": [\n        \"s3:GetObject\",\n        \"s3:GetObjectVersion\",\n        \"s3:GetBucketVersioning\",\n        \"s3:List*\",\n        \"s3:PutObjectAcl\",\n        \"s3:PutObject\"\n      ],\n      \"Resource\": [\n        \"arn:aws:s3:::aft-customizations-pipeline-008298205562\",\n        \"arn:aws:s3:::aft-customizations-pipeline-008298205562/*\"\n      ]\n    },\n    {\n      \"Effect\": \"Allow\",\n      \"Action\": [\n        \"kms:Decrypt\",\n        \"kms:Encrypt\",\n        \"kms:GenerateDataKey\"\n      ],\n      \"Resource\": \"arn:aws:kms:us-east-1:008298205562:key/aeafe814-f92c-4a5f-8f47-6cc9d9f2c498\"\n    },\n    {\n      \"Effect\": \"Allow\",\n      \"Action\": [\n        \"ssm:GetParameters\",\n        \"ssm:GetParameter\"\n      ],\n      \"Resource\": [\n        \"arn:aws:ssm:us-east-1:008298205562:parameter/aft/*\"\n      ]\n    },\n    {\n      \"Effect\": \"Allow\",\n      \"Action\": [\n        \"codecommit:GetBranch\",\n        \"codecommit:GetRepository\",\n        \"codecommit:GetCommit\",\n        \"codecommit:GitPull\",\n        \"codecommit:UploadArchive\",\n        \"codecommit:GetUploadArchiveStatus\",\n        \"codecommit:CancelUploadArchive\"\n      ],\n      \"Resource\": \"arn:aws:codecommit:us-east-1:008298205562:*account-request*\"\n    },\n    {\n      \"Effect\": \"Allow\",\n      \"Action\": [\n        \"sts:AssumeRole\"\n      ],\n      \"Resource\": [\n        \"arn:aws:iam::008298205562:role/AWSAFTAdmin\"\n      ]\n    }\n  ]\n}\n",
            "role": "ct-aft-codebuild-account-provisioning-customizations-role"
          },
          "sensitive_attributes": [],
          "private": "bnVsbA==",
          "dependencies": [
            "module.aft.module.aft_account_request_framework.aws_dynamodb_table.aft_request",
            "module.aft.module.aft_account_request_framework.aws_kms_key.aft",
            "module.aft.module.aft_code_repositories.aws_iam_role.account_provisioning_customizations_codebuild_role",
            "module.aft.module.aft_code_repositories.data.aws_caller_identity.current",
            "module.aft.module.aft_code_repositories.data.aws_region.current",
            "module.aft.module.aft_customizations.aws_s3_bucket.aft_codepipeline_customizations_bucket",
            "module.aft.module.aft_customizations.data.aws_caller_identity.current"
          ]
        }
      ]
    },
    {
      "module": "module.aft.module.aft_code_repositories",
      "mode": "managed",
      "type": "aws_iam_role_policy",
      "name": "account_provisioning_customizations_codepipeline_policy",
      "provider": "module.aft.provider[\"registry.terraform.io/hashicorp/aws\"].aft_management",
      "instances": [
        {
          "schema_version": 0,
          "attributes": {
            "id": "ct-aft-codepipeline-account-provisioning-customizations-role:ct-aft-codepipeline-account-provisioning-customizations-policy",
            "name": "ct-aft-codepipeline-account-provisioning-customizations-policy",
            "name_prefix": null,
            "policy": "{\n  \"Version\": \"2012-10-17\",\n  \"Statement\": [\n    {\n      \"Effect\":\"Allow\",\n      \"Action\": [\n        \"s3:GetObject\",\n        \"s3:GetObjectVersion\",\n        \"s3:GetBucketVersioning\",\n        \"s3:List*\",\n        \"s3:PutObjectAcl\",\n        \"s3:PutObject\"\n      ],\n      \"Resource\": [\n        \"arn:aws:s3:::aft-customizations-pipeline-008298205562\",\n        \"arn:aws:s3:::aft-customizations-pipeline-008298205562/*\"\n      ]\n    },\n    {\n      \"Effect\": \"Allow\",\n      \"Action\": [\n        \"codebuild:BatchGetBuilds\",\n        \"codebuild:StartBuild\"\n      ],\n        \"Resource\": \"arn:aws:codebuild:us-east-1:008298205562:*account-provisioning*\"\n    },\n    {\n      \"Effect\": \"Allow\",\n      \"Action\": [\n        \"codecommit:GetBranch\",\n        \"codecommit:GetRepository\",\n        \"codecommit:GetCommit\",\n        \"codecommit:GitPull\",\n        \"codecommit:UploadArchive\",\n        \"codecommit:GetUploadArchiveStatus\",\n        \"codecommit:CancelUploadArchive\"\n      ],\n      \"Resource\": \"arn:aws:codecommit:us-east-1:008298205562:*account-provisioning*\"\n    },\n    {\n      \"Effect\": \"Allow\",\n      \"Action\": [\n        \"kms:Decrypt\",\n        \"kms:Encrypt\",\n        \"kms:GenerateDataKey\"\n      ],\n      \"Resource\": \"arn:aws:kms:us-east-1:008298205562:key/aeafe814-f92c-4a5f-8f47-6cc9d9f2c498\"\n    },\n    {\n        \"Effect\": \"Allow\",\n        \"Action\": \"codestar-connections:UseConnection\",\n        \"Resource\": \"*\"\n    }\n  ]\n}\n",
            "role": "ct-aft-codepipeline-account-provisioning-customizations-role"
          },
          "sensitive_attributes": [],
          "private": "bnVsbA==",
          "dependencies": [
            "module.aft.module.aft_account_request_framework.aws_kms_key.aft",
            "module.aft.module.aft_code_repositories.aws_iam_role.account_provisioning_customizations_codepipeline_role",
            "module.aft.module.aft_code_repositories.data.aws_caller_identity.current",
            "module.aft.module.aft_code_repositories.data.aws_region.current",
            "module.aft.module.aft_customizations.aws_s3_bucket.aft_codepipeline_customizations_bucket",
            "module.aft.module.aft_customizations.data.aws_caller_identity.current"
          ]
        }
      ]
    },
    {
      "module": "module.aft.module.aft_code_repositories",
      "mode": "managed",
      "type": "aws_iam_role_policy",
      "name": "account_request_codebuild_policy",
      "provider": "module.aft.provider[\"registry.terraform.io/hashicorp/aws\"].aft_management",
      "instances": [
        {
          "schema_version": 0,
          "attributes": {
            "id": "ct-aft-codebuild-account-request-role:ct-aft-codebuild-account-request-policy",
            "name": "ct-aft-codebuild-account-request-policy",
            "name_prefix": null,
            "policy": "{\n  \"Version\": \"2012-10-17\",\n  \"Statement\": [\n    {\n      \"Effect\": \"Allow\",\n      \"Resource\": \"arn:aws:logs:us-east-1:008298205562:log-group:/aws/codebuild/ct-aft*\",\n      \"Action\": [\n        \"logs:CreateLogStream\",\n        \"logs:PutLogEvents\"\n      ]\n    },\n    {\n      \"Effect\": \"Allow\",\n      \"Action\": [\n        \"ec2:CreateNetworkInterface\",\n        \"ec2:DescribeDhcpOptions\",\n        \"ec2:DescribeNetworkInterfaces\",\n        \"ec2:DeleteNetworkInterface\",\n        \"ec2:DescribeSubnets\",\n        \"ec2:DescribeSecurityGroups\",\n        \"ec2:DescribeVpcs\"\n      ],\n      \"Resource\": \"*\"\n    },\n    {\n      \"Effect\": \"Allow\",\n      \"Action\": [\n        \"ec2:CreateNetworkInterfacePermission\"\n      ],\n      \"Resource\": [\n        \"arn:aws:ec2:us-east-1:008298205562:network-interface/*\"\n      ]\n    },\n    {\n      \"Effect\": \"Allow\",\n      \"Action\": [\n        \"dynamodb:*Item\"\n      ],\n      \"Resource\": [\n        \"arn:aws:dynamodb:us-east-1:008298205562:table/aft-request\"\n      ]\n    },\n    {\n      \"Effect\": \"Allow\",\n      \"Action\": [\n        \"s3:GetObject\",\n        \"s3:GetObjectVersion\",\n        \"s3:GetBucketVersioning\",\n        \"s3:List*\",\n        \"s3:PutObjectAcl\",\n        \"s3:PutObject\"\n      ],\n      \"Resource\": [\n        \"arn:aws:s3:::aft-customizations-pipeline-008298205562\",\n        \"arn:aws:s3:::aft-customizations-pipeline-008298205562/*\"\n      ]\n    },\n    {\n      \"Effect\": \"Allow\",\n      \"Action\": [\n        \"kms:Decrypt\",\n        \"kms:Encrypt\",\n        \"kms:GenerateDataKey\"\n      ],\n      \"Resource\": \"arn:aws:kms:us-east-1:008298205562:key/aeafe814-f92c-4a5f-8f47-6cc9d9f2c498\"\n    },\n    {\n      \"Effect\": \"Allow\",\n      \"Action\": [\n        \"ssm:GetParameters\",\n        \"ssm:GetParameter\"\n      ],\n      \"Resource\": [\n        \"arn:aws:ssm:us-east-1:008298205562:parameter/aft/*\"\n      ]\n    },\n    {\n      \"Effect\": \"Allow\",\n      \"Action\": [\n        \"codecommit:GetBranch\",\n        \"codecommit:GetRepository\",\n        \"codecommit:GetCommit\",\n        \"codecommit:GitPull\",\n        \"codecommit:UploadArchive\",\n        \"codecommit:GetUploadArchiveStatus\",\n        \"codecommit:CancelUploadArchive\"\n      ],\n      \"Resource\": \"arn:aws:codecommit:us-east-1:008298205562:*account-request*\"\n    },\n    {\n      \"Effect\": \"Allow\",\n      \"Action\": [\n        \"sts:AssumeRole\"\n      ],\n      \"Resource\": [\n        \"arn:aws:iam::008298205562:role/AWSAFTAdmin\"\n      ]\n    }\n  ]\n}\n",
            "role": "ct-aft-codebuild-account-request-role"
          },
          "sensitive_attributes": [],
          "private": "bnVsbA==",
          "dependencies": [
            "module.aft.module.aft_account_request_framework.aws_dynamodb_table.aft_request",
            "module.aft.module.aft_account_request_framework.aws_kms_key.aft",
            "module.aft.module.aft_code_repositories.aws_iam_role.account_request_codebuild_role",
            "module.aft.module.aft_code_repositories.data.aws_caller_identity.current",
            "module.aft.module.aft_code_repositories.data.aws_region.current",
            "module.aft.module.aft_customizations.aws_s3_bucket.aft_codepipeline_customizations_bucket",
            "module.aft.module.aft_customizations.data.aws_caller_identity.current"
          ]
        }
      ]
    },
    {
      "module": "module.aft.module.aft_code_repositories",
      "mode": "managed",
      "type": "aws_iam_role_policy",
      "name": "account_request_codepipeline_policy",
      "provider": "module.aft.provider[\"registry.terraform.io/hashicorp/aws\"].aft_management",
      "instances": [
        {
          "schema_version": 0,
          "attributes": {
            "id": "ct-aft-codepipeline-account-request-role:ct-aft-codepipeline-account-request-policy",
            "name": "ct-aft-codepipeline-account-request-policy",
            "name_prefix": null,
            "policy": "{\n  \"Version\": \"2012-10-17\",\n  \"Statement\": [\n    {\n      \"Effect\":\"Allow\",\n      \"Action\": [\n        \"s3:GetObject\",\n        \"s3:GetObjectVersion\",\n        \"s3:GetBucketVersioning\",\n        \"s3:List*\",\n        \"s3:PutObjectAcl\",\n        \"s3:PutObject\"\n      ],\n      \"Resource\": [\n        \"arn:aws:s3:::aft-customizations-pipeline-008298205562\",\n        \"arn:aws:s3:::aft-customizations-pipeline-008298205562/*\"\n      ]\n    },\n    {\n      \"Effect\": \"Allow\",\n      \"Action\": [\n        \"codebuild:BatchGetBuilds\",\n        \"codebuild:StartBuild\"\n      ],\n        \"Resource\": \"arn:aws:codebuild:us-east-1:008298205562:*account-request*\"\n    },\n    {\n      \"Effect\": \"Allow\",\n      \"Action\": [\n        \"codecommit:GetBranch\",\n        \"codecommit:GetRepository\",\n        \"codecommit:GetCommit\",\n        \"codecommit:GitPull\",\n        \"codecommit:UploadArchive\",\n        \"codecommit:GetUploadArchiveStatus\",\n        \"codecommit:CancelUploadArchive\"\n      ],\n      \"Resource\": \"arn:aws:codecommit:us-east-1:008298205562:*account-request*\"\n    },\n    {\n      \"Effect\": \"Allow\",\n      \"Action\": [\n        \"kms:Decrypt\",\n        \"kms:Encrypt\",\n        \"kms:GenerateDataKey\"\n      ],\n      \"Resource\": \"arn:aws:kms:us-east-1:008298205562:key/aeafe814-f92c-4a5f-8f47-6cc9d9f2c498\"\n    },\n    {\n        \"Effect\": \"Allow\",\n        \"Action\": \"codestar-connections:UseConnection\",\n        \"Resource\": \"*\"\n    }\n  ]\n}\n",
            "role": "ct-aft-codepipeline-account-request-role"
          },
          "sensitive_attributes": [],
          "private": "bnVsbA==",
          "dependencies": [
            "module.aft.module.aft_account_request_framework.aws_kms_key.aft",
            "module.aft.module.aft_code_repositories.aws_iam_role.account_request_codepipeline_role",
            "module.aft.module.aft_code_repositories.data.aws_caller_identity.current",
            "module.aft.module.aft_code_repositories.data.aws_region.current",
            "module.aft.module.aft_customizations.aws_s3_bucket.aft_codepipeline_customizations_bucket",
            "module.aft.module.aft_customizations.data.aws_caller_identity.current"
          ]
        }
      ]
    },
    {
      "module": "module.aft.module.aft_code_repositories",
      "mode": "managed",
      "type": "aws_iam_role_policy",
      "name": "terraform_oss_backend_account_provisioning_customizations_codebuild_policy",
      "provider": "module.aft.provider[\"registry.terraform.io/hashicorp/aws\"].aft_management",
      "instances": [
        {
          "index_key": 0,
          "schema_version": 0,
          "attributes": {
            "id": "ct-aft-codebuild-account-provisioning-customizations-role:ct-aft-codebuild-terraform-oss-backend-policy",
            "name": "ct-aft-codebuild-terraform-oss-backend-policy",
            "name_prefix": null,
            "policy": "{\n  \"Version\": \"2012-10-17\",\n  \"Statement\": [\n    {\n      \"Effect\": \"Allow\",\n      \"Action\": [\n        \"dynamodb:*Item\"\n      ],\n      \"Resource\": [\n        \"arn:aws:dynamodb:us-east-1:008298205562:table/aft-backend-008298205562\"\n      ]\n    },\n    {\n      \"Effect\": \"Allow\",\n      \"Action\": [\n        \"s3:GetObject\",\n        \"s3:GetObjectVersion\",\n        \"s3:GetBucketVersioning\",\n        \"s3:List*\",\n        \"s3:PutObjectAcl\",\n        \"s3:PutObject\"\n      ],\n      \"Resource\": [\n        \"arn:aws:s3:::aft-backend-008298205562-primary-region\",\n        \"arn:aws:s3:::aft-backend-008298205562-primary-region/*\"\n      ]\n    },\n    {\n      \"Effect\": \"Allow\",\n      \"Action\": [\n        \"kms:Decrypt\",\n        \"kms:Encrypt\",\n        \"kms:GenerateDataKey\"\n      ],\n      \"Resource\": \"arn:aws:kms:us-east-1:008298205562:key/0cc7bf81-993c-4a5d-96fe-ca66647d9f2d\"\n    }\n  ]\n}\n",
            "role": "ct-aft-codebuild-account-provisioning-customizations-role"
          },
          "sensitive_attributes": [],
          "private": "bnVsbA==",
          "dependencies": [
            "module.aft.module.aft_backend.aws_dynamodb_table.lock-table",
            "module.aft.module.aft_backend.aws_iam_role.replication",
            "module.aft.module.aft_backend.aws_kms_key.encrypt-primary-region",
            "module.aft.module.aft_backend.aws_kms_key.encrypt-secondary-region",
            "module.aft.module.aft_backend.aws_s3_bucket.primary-backend-bucket",
            "module.aft.module.aft_backend.aws_s3_bucket.secondary-backend-bucket",
            "module.aft.module.aft_backend.data.aws_caller_identity.current",
            "module.aft.module.aft_code_repositories.aws_iam_role.account_provisioning_customizations_codebuild_role",
            "module.aft.module.aft_code_repositories.data.aws_caller_identity.current",
            "module.aft.module.aft_code_repositories.data.aws_region.current"
          ]
        }
      ]
    },
    {
      "module": "module.aft.module.aft_code_repositories",
      "mode": "managed",
      "type": "aws_iam_role_policy",
      "name": "terraform_oss_backend_account_request_codebuild_policy",
      "provider": "module.aft.provider[\"registry.terraform.io/hashicorp/aws\"].aft_management",
      "instances": [
        {
          "index_key": 0,
          "schema_version": 0,
          "attributes": {
            "id": "ct-aft-codebuild-account-request-role:ct-aft-codebuild-terraform-oss-backend-policy",
            "name": "ct-aft-codebuild-terraform-oss-backend-policy",
            "name_prefix": null,
            "policy": "{\n  \"Version\": \"2012-10-17\",\n  \"Statement\": [\n    {\n      \"Effect\": \"Allow\",\n      \"Action\": [\n        \"dynamodb:*Item\"\n      ],\n      \"Resource\": [\n        \"arn:aws:dynamodb:us-east-1:008298205562:table/aft-backend-008298205562\"\n      ]\n    },\n    {\n      \"Effect\": \"Allow\",\n      \"Action\": [\n        \"s3:GetObject\",\n        \"s3:GetObjectVersion\",\n        \"s3:GetBucketVersioning\",\n        \"s3:List*\",\n        \"s3:PutObjectAcl\",\n        \"s3:PutObject\"\n      ],\n      \"Resource\": [\n        \"arn:aws:s3:::aft-backend-008298205562-primary-region\",\n        \"arn:aws:s3:::aft-backend-008298205562-primary-region/*\"\n      ]\n    },\n    {\n      \"Effect\": \"Allow\",\n      \"Action\": [\n        \"kms:Decrypt\",\n        \"kms:Encrypt\",\n        \"kms:GenerateDataKey\"\n      ],\n      \"Resource\": \"arn:aws:kms:us-east-1:008298205562:key/0cc7bf81-993c-4a5d-96fe-ca66647d9f2d\"\n    }\n  ]\n}\n",
            "role": "ct-aft-codebuild-account-request-role"
          },
          "sensitive_attributes": [],
          "private": "bnVsbA==",
          "dependencies": [
            "module.aft.module.aft_backend.aws_dynamodb_table.lock-table",
            "module.aft.module.aft_backend.aws_iam_role.replication",
            "module.aft.module.aft_backend.aws_kms_key.encrypt-primary-region",
            "module.aft.module.aft_backend.aws_kms_key.encrypt-secondary-region",
            "module.aft.module.aft_backend.aws_s3_bucket.primary-backend-bucket",
            "module.aft.module.aft_backend.aws_s3_bucket.secondary-backend-bucket",
            "module.aft.module.aft_backend.data.aws_caller_identity.current",
            "module.aft.module.aft_code_repositories.aws_iam_role.account_request_codebuild_role",
            "module.aft.module.aft_code_repositories.data.aws_caller_identity.current",
            "module.aft.module.aft_code_repositories.data.aws_region.current"
          ]
        }
      ]
    },
    {
      "module": "module.aft.module.aft_customizations",
      "mode": "data",
      "type": "aws_caller_identity",
      "name": "aft_management",
      "provider": "module.aft.provider[\"registry.terraform.io/hashicorp/aws\"].aft_management",
      "instances": [
        {
          "schema_version": 0,
          "attributes": {
            "account_id": "008298205562",
            "arn": "arn:aws:sts::008298205562:assumed-role/AWSControlTowerExecution/AWSAFT-Session",
            "id": "008298205562",
            "user_id": "AROAQD3U4SF5HEKCCBEGI:AWSAFT-Session"
          },
          "sensitive_attributes": []
        }
      ]
    },
    {
      "module": "module.aft.module.aft_customizations",
      "mode": "data",
      "type": "aws_caller_identity",
      "name": "current",
      "provider": "module.aft.provider[\"registry.terraform.io/hashicorp/aws\"].aft_management",
      "instances": [
        {
          "schema_version": 0,
          "attributes": {
            "account_id": "008298205562",
            "arn": "arn:aws:sts::008298205562:assumed-role/AWSControlTowerExecution/AWSAFT-Session",
            "id": "008298205562",
            "user_id": "AROAQD3U4SF5HEKCCBEGI:AWSAFT-Session"
          },
          "sensitive_attributes": []
        }
      ]
    },
    {
      "module": "module.aft.module.aft_customizations",
      "mode": "data",
      "type": "aws_iam_policy",
      "name": "AWSLambdaBasicExecutionRole",
      "provider": "module.aft.provider[\"registry.terraform.io/hashicorp/aws\"].aft_management",
      "instances": [
        {
          "schema_version": 0,
          "attributes": {
            "arn": "arn:aws:iam::aws:policy/service-role/AWSLambdaBasicExecutionRole",
            "description": "Provides write permissions to CloudWatch Logs.",
            "id": "arn:aws:iam::aws:policy/service-role/AWSLambdaBasicExecutionRole",
            "name": "AWSLambdaBasicExecutionRole",
            "path": "/service-role/",
            "path_prefix": null,
            "policy": "{\n  \"Version\": \"2012-10-17\",\n  \"Statement\": [\n    {\n      \"Effect\": \"Allow\",\n      \"Action\": [\n        \"logs:CreateLogGroup\",\n        \"logs:CreateLogStream\",\n        \"logs:PutLogEvents\"\n      ],\n      \"Resource\": \"*\"\n    }\n  ]\n}",
            "policy_id": "ANPAJNCQGXC42545SKXIK",
            "tags": {}
          },
          "sensitive_attributes": []
        }
      ]
    },
    {
      "module": "module.aft.module.aft_customizations",
      "mode": "data",
      "type": "aws_iam_policy",
      "name": "AWSLambdaVPCAccessExecutionRole",
      "provider": "module.aft.provider[\"registry.terraform.io/hashicorp/aws\"].aft_management",
      "instances": [
        {
          "schema_version": 0,
          "attributes": {
            "arn": "arn:aws:iam::aws:policy/service-role/AWSLambdaVPCAccessExecutionRole",
            "description": "Provides minimum permissions for a Lambda function to execute while accessing a resource within a VPC - create, describe, delete network interfaces and write permissions to CloudWatch Logs. ",
            "id": "arn:aws:iam::aws:policy/service-role/AWSLambdaVPCAccessExecutionRole",
            "name": "AWSLambdaVPCAccessExecutionRole",
            "path": "/service-role/",
            "path_prefix": null,
            "policy": "{\n  \"Version\": \"2012-10-17\",\n  \"Statement\": [\n    {\n      \"Effect\": \"Allow\",\n      \"Action\": [\n        \"logs:CreateLogGroup\",\n        \"logs:CreateLogStream\",\n        \"logs:PutLogEvents\",\n        \"ec2:CreateNetworkInterface\",\n        \"ec2:DescribeNetworkInterfaces\",\n        \"ec2:DeleteNetworkInterface\",\n        \"ec2:AssignPrivateIpAddresses\",\n        \"ec2:UnassignPrivateIpAddresses\"\n      ],\n      \"Resource\": \"*\"\n    }\n  ]\n}",
            "policy_id": "ANPAJVTME3YLVNL72YR2K",
            "tags": {}
          },
          "sensitive_attributes": []
        }
      ]
    },
    {
      "module": "module.aft.module.aft_customizations",
      "mode": "data",
      "type": "aws_region",
      "name": "aft_management",
      "provider": "module.aft.provider[\"registry.terraform.io/hashicorp/aws\"].aft_management",
      "instances": [
        {
          "schema_version": 0,
          "attributes": {
            "description": "US East (N. Virginia)",
            "endpoint": "ec2.us-east-1.amazonaws.com",
            "id": "us-east-1",
            "name": "us-east-1"
          },
          "sensitive_attributes": []
        }
      ]
    },
    {
      "module": "module.aft.module.aft_customizations",
      "mode": "data",
      "type": "aws_region",
      "name": "current",
      "provider": "module.aft.provider[\"registry.terraform.io/hashicorp/aws\"].aft_management",
      "instances": [
        {
          "schema_version": 0,
          "attributes": {
            "description": "US East (N. Virginia)",
            "endpoint": "ec2.us-east-1.amazonaws.com",
            "id": "us-east-1",
            "name": "us-east-1"
          },
          "sensitive_attributes": []
        }
      ]
    },
    {
      "module": "module.aft.module.aft_customizations",
      "mode": "data",
      "type": "local_file",
      "name": "aft_account_customizations_api_helpers",
      "provider": "provider[\"registry.terraform.io/hashicorp/local\"]",
      "instances": [
        {
          "schema_version": 0,
          "attributes": {
            "content": "# Copyright Amazon.com, Inc. or its affiliates. All rights reserved.\r\n# SPDX-License-Identifier: Apache-2.0\r\n#\r\nversion: 0.2\r\n\r\nphases:\r\n  pre_build:\r\n    commands:\r\n      - DEFAULT_PATH=$(pwd)\r\n      - AWS_MODULE_SOURCE=$(aws ssm get-parameter --name \"/aft/config/aft-pipeline-code-source/repo-url\" --query \"Parameter.Value\" --output text)\r\n      - AWS_MODULE_GIT_REF=$(aws ssm get-parameter --name \"/aft/config/aft-pipeline-code-source/repo-git-ref\" --query \"Parameter.Value\" --output text)\r\n      - |\r\n        CUSTOMIZATION=$(aws dynamodb get-item --table-name aft-request-metadata --key \"{\\\"id\\\": {\\\"S\\\": \\\"$VENDED_ACCOUNT_ID\\\"}}\" --attributes-to-get \"account_customizations_name\" | jq --raw-output \".Item.account_customizations_name.S\")\r\n      - echo $CUSTOMIZATION\r\n      - |\r\n        ssh_key_parameter=$(aws ssm get-parameter --name /aft/config/aft-ssh-key --with-decryption 2\u003e /dev/null || echo \"None\")\r\n        if [[ $ssh_key_parameter != \"None\" ]]; then\r\n          ssh_key=$(jq --raw-output \".Parameter.Value\" \u003c\u003c\u003c $ssh_key_parameter)\r\n          mkdir -p ~/.ssh\r\n          echo \"Host *\" \u003e\u003e ~/.ssh/config\r\n          echo \"StrictHostKeyChecking no\" \u003e\u003e ~/.ssh/config\r\n          echo \"UserKnownHostsFile=/dev/null\" \u003e\u003e ~/.ssh/config\r\n          echo \"$ssh_key\" \u003e ~/.ssh/ssh_key\r\n          echo -e \"\\n\\n\" \u003e\u003e  ~/.ssh/ssh_key\r\n          chmod 600 ~/.ssh/ssh_key\r\n          eval \"$(ssh-agent -s)\"\r\n          ssh-add ~/.ssh/ssh_key\r\n        fi\r\n      - git config --global credential.helper '!aws codecommit credential-helper $@'\r\n      - git config --global credential.UseHttpPath true\r\n      - git clone -b $AWS_MODULE_GIT_REF $AWS_MODULE_SOURCE aws-aft-core-framework\r\n      - chmod +x ./aws-aft-core-framework/sources/scripts/creds.sh\r\n      - |\r\n        if [ -d \"$CUSTOMIZATION\" ]; then\r\n          echo \"Found customization\" $CUSTOMIZATION\r\n          ./aws-aft-core-framework/sources/scripts/creds.sh --account-id $VENDED_ACCOUNT_ID\r\n          python3 -m venv ./venv\r\n          source ./venv/bin/activate\r\n          pip install -r ./$CUSTOMIZATION/api_helpers/python/requirements.txt\r\n          chmod +x ./$CUSTOMIZATION/api_helpers/$SHELL_SCRIPT\r\n        fi\r\n  build:\r\n    commands:\r\n      - |\r\n        if [ -d \"$CUSTOMIZATION\" ]; then\r\n          ./$CUSTOMIZATION/api_helpers/$SHELL_SCRIPT\r\n        fi\r\n  post_build:\r\n    commands:\r\n      - echo \"Post-Build\"\r\n",
            "content_base64": "IyBDb3B5cmlnaHQgQW1hem9uLmNvbSwgSW5jLiBvciBpdHMgYWZmaWxpYXRlcy4gQWxsIHJpZ2h0cyByZXNlcnZlZC4NCiMgU1BEWC1MaWNlbnNlLUlkZW50aWZpZXI6IEFwYWNoZS0yLjANCiMNCnZlcnNpb246IDAuMg0KDQpwaGFzZXM6DQogIHByZV9idWlsZDoNCiAgICBjb21tYW5kczoNCiAgICAgIC0gREVGQVVMVF9QQVRIPSQocHdkKQ0KICAgICAgLSBBV1NfTU9EVUxFX1NPVVJDRT0kKGF3cyBzc20gZ2V0LXBhcmFtZXRlciAtLW5hbWUgIi9hZnQvY29uZmlnL2FmdC1waXBlbGluZS1jb2RlLXNvdXJjZS9yZXBvLXVybCIgLS1xdWVyeSAiUGFyYW1ldGVyLlZhbHVlIiAtLW91dHB1dCB0ZXh0KQ0KICAgICAgLSBBV1NfTU9EVUxFX0dJVF9SRUY9JChhd3Mgc3NtIGdldC1wYXJhbWV0ZXIgLS1uYW1lICIvYWZ0L2NvbmZpZy9hZnQtcGlwZWxpbmUtY29kZS1zb3VyY2UvcmVwby1naXQtcmVmIiAtLXF1ZXJ5ICJQYXJhbWV0ZXIuVmFsdWUiIC0tb3V0cHV0IHRleHQpDQogICAgICAtIHwNCiAgICAgICAgQ1VTVE9NSVpBVElPTj0kKGF3cyBkeW5hbW9kYiBnZXQtaXRlbSAtLXRhYmxlLW5hbWUgYWZ0LXJlcXVlc3QtbWV0YWRhdGEgLS1rZXkgIntcImlkXCI6IHtcIlNcIjogXCIkVkVOREVEX0FDQ09VTlRfSURcIn19IiAtLWF0dHJpYnV0ZXMtdG8tZ2V0ICJhY2NvdW50X2N1c3RvbWl6YXRpb25zX25hbWUiIHwganEgLS1yYXctb3V0cHV0ICIuSXRlbS5hY2NvdW50X2N1c3RvbWl6YXRpb25zX25hbWUuUyIpDQogICAgICAtIGVjaG8gJENVU1RPTUlaQVRJT04NCiAgICAgIC0gfA0KICAgICAgICBzc2hfa2V5X3BhcmFtZXRlcj0kKGF3cyBzc20gZ2V0LXBhcmFtZXRlciAtLW5hbWUgL2FmdC9jb25maWcvYWZ0LXNzaC1rZXkgLS13aXRoLWRlY3J5cHRpb24gMj4gL2Rldi9udWxsIHx8IGVjaG8gIk5vbmUiKQ0KICAgICAgICBpZiBbWyAkc3NoX2tleV9wYXJhbWV0ZXIgIT0gIk5vbmUiIF1dOyB0aGVuDQogICAgICAgICAgc3NoX2tleT0kKGpxIC0tcmF3LW91dHB1dCAiLlBhcmFtZXRlci5WYWx1ZSIgPDw8ICRzc2hfa2V5X3BhcmFtZXRlcikNCiAgICAgICAgICBta2RpciAtcCB+Ly5zc2gNCiAgICAgICAgICBlY2hvICJIb3N0ICoiID4+IH4vLnNzaC9jb25maWcNCiAgICAgICAgICBlY2hvICJTdHJpY3RIb3N0S2V5Q2hlY2tpbmcgbm8iID4+IH4vLnNzaC9jb25maWcNCiAgICAgICAgICBlY2hvICJVc2VyS25vd25Ib3N0c0ZpbGU9L2Rldi9udWxsIiA+PiB+Ly5zc2gvY29uZmlnDQogICAgICAgICAgZWNobyAiJHNzaF9rZXkiID4gfi8uc3NoL3NzaF9rZXkNCiAgICAgICAgICBlY2hvIC1lICJcblxuIiA+PiAgfi8uc3NoL3NzaF9rZXkNCiAgICAgICAgICBjaG1vZCA2MDAgfi8uc3NoL3NzaF9rZXkNCiAgICAgICAgICBldmFsICIkKHNzaC1hZ2VudCAtcykiDQogICAgICAgICAgc3NoLWFkZCB+Ly5zc2gvc3NoX2tleQ0KICAgICAgICBmaQ0KICAgICAgLSBnaXQgY29uZmlnIC0tZ2xvYmFsIGNyZWRlbnRpYWwuaGVscGVyICchYXdzIGNvZGVjb21taXQgY3JlZGVudGlhbC1oZWxwZXIgJEAnDQogICAgICAtIGdpdCBjb25maWcgLS1nbG9iYWwgY3JlZGVudGlhbC5Vc2VIdHRwUGF0aCB0cnVlDQogICAgICAtIGdpdCBjbG9uZSAtYiAkQVdTX01PRFVMRV9HSVRfUkVGICRBV1NfTU9EVUxFX1NPVVJDRSBhd3MtYWZ0LWNvcmUtZnJhbWV3b3JrDQogICAgICAtIGNobW9kICt4IC4vYXdzLWFmdC1jb3JlLWZyYW1ld29yay9zb3VyY2VzL3NjcmlwdHMvY3JlZHMuc2gNCiAgICAgIC0gfA0KICAgICAgICBpZiBbIC1kICIkQ1VTVE9NSVpBVElPTiIgXTsgdGhlbg0KICAgICAgICAgIGVjaG8gIkZvdW5kIGN1c3RvbWl6YXRpb24iICRDVVNUT01JWkFUSU9ODQogICAgICAgICAgLi9hd3MtYWZ0LWNvcmUtZnJhbWV3b3JrL3NvdXJjZXMvc2NyaXB0cy9jcmVkcy5zaCAtLWFjY291bnQtaWQgJFZFTkRFRF9BQ0NPVU5UX0lEDQogICAgICAgICAgcHl0aG9uMyAtbSB2ZW52IC4vdmVudg0KICAgICAgICAgIHNvdXJjZSAuL3ZlbnYvYmluL2FjdGl2YXRlDQogICAgICAgICAgcGlwIGluc3RhbGwgLXIgLi8kQ1VTVE9NSVpBVElPTi9hcGlfaGVscGVycy9weXRob24vcmVxdWlyZW1lbnRzLnR4dA0KICAgICAgICAgIGNobW9kICt4IC4vJENVU1RPTUlaQVRJT04vYXBpX2hlbHBlcnMvJFNIRUxMX1NDUklQVA0KICAgICAgICBmaQ0KICBidWlsZDoNCiAgICBjb21tYW5kczoNCiAgICAgIC0gfA0KICAgICAgICBpZiBbIC1kICIkQ1VTVE9NSVpBVElPTiIgXTsgdGhlbg0KICAgICAgICAgIC4vJENVU1RPTUlaQVRJT04vYXBpX2hlbHBlcnMvJFNIRUxMX1NDUklQVA0KICAgICAgICBmaQ0KICBwb3N0X2J1aWxkOg0KICAgIGNvbW1hbmRzOg0KICAgICAgLSBlY2hvICJQb3N0LUJ1aWxkIg0K",
            "filename": ".terraform/modules/aft/modules/aft-customizations/buildspecs/aft-account-customizations-api-helpers.yml",
            "id": "78590ae4b881d4000102a45e2e6ef0817ba7c44e"
          },
          "sensitive_attributes": []
        }
      ]
    },
    {
      "module": "module.aft.module.aft_customizations",
      "mode": "data",
      "type": "local_file",
      "name": "aft_account_customizations_terraform",
      "provider": "provider[\"registry.terraform.io/hashicorp/local\"]",
      "instances": [
        {
          "schema_version": 0,
          "attributes": {
            "content": "# Copyright Amazon.com, Inc. or its affiliates. All rights reserved.\r\n# SPDX-License-Identifier: Apache-2.0\r\n#\r\nversion: 0.2\r\n\r\nphases:\r\n  pre_build:\r\n    commands:\r\n      - DEFAULT_PATH=$(pwd)\r\n      - TIMESTAMP=$(date '+%Y-%m-%d %H:%M:%S')\r\n      - AWS_MODULE_SOURCE=$(aws ssm get-parameter --name \"/aft/config/aft-pipeline-code-source/repo-url\" --query \"Parameter.Value\" --output text)\r\n      - AWS_MODULE_GIT_REF=$(aws ssm get-parameter --name \"/aft/config/aft-pipeline-code-source/repo-git-ref\" --query \"Parameter.Value\" --output text)\r\n      - TF_VERSION=$(aws ssm get-parameter --name \"/aft/config/terraform/version\" --query \"Parameter.Value\" --output text)\r\n      - TF_DISTRIBUTION=$(aws ssm get-parameter --name \"/aft/config/terraform/distribution\" --query \"Parameter.Value\" --output text)\r\n      - CT_MGMT_REGION=$(aws ssm get-parameter --name \"/aft/config/ct-management-region\" --query \"Parameter.Value\" --output text)\r\n      - AFT_MGMT_ACCOUNT=$(aws ssm get-parameter --name \"/aft/account/aft-management/account-id\" --query \"Parameter.Value\" --output text)\r\n      - AFT_EXEC_ROLE_ARN=arn:aws:iam::$AFT_MGMT_ACCOUNT:role/AWSAFTExecution\r\n      - VENDED_EXEC_ROLE_ARN=arn:aws:iam::$VENDED_ACCOUNT_ID:role/AWSAFTExecution\r\n      - AFT_ADMIN_ROLE_NAME=$(aws ssm get-parameter --name /aft/resources/iam/aft-administrator-role-name | jq --raw-output \".Parameter.Value\")\r\n      - AFT_ADMIN_ROLE_ARN=arn:aws:iam::$AFT_MGMT_ACCOUNT:role/$AFT_ADMIN_ROLE_NAME\r\n      - ROLE_SESSION_NAME=$(aws ssm get-parameter --name /aft/resources/iam/aft-session-name | jq --raw-output \".Parameter.Value\")\r\n      - |\r\n        ssh_key_parameter=$(aws ssm get-parameter --name /aft/config/aft-ssh-key --with-decryption 2\u003e /dev/null || echo \"None\")\r\n        if [[ $ssh_key_parameter != \"None\" ]]; then\r\n          ssh_key=$(jq --raw-output \".Parameter.Value\" \u003c\u003c\u003c $ssh_key_parameter)\r\n          mkdir -p ~/.ssh\r\n          echo \"Host *\" \u003e\u003e ~/.ssh/config\r\n          echo \"StrictHostKeyChecking no\" \u003e\u003e ~/.ssh/config\r\n          echo \"UserKnownHostsFile=/dev/null\" \u003e\u003e ~/.ssh/config\r\n          echo \"$ssh_key\" \u003e ~/.ssh/ssh_key\r\n          echo -e \"\\n\\n\" \u003e\u003e  ~/.ssh/ssh_key\r\n          chmod 600 ~/.ssh/ssh_key\r\n          eval \"$(ssh-agent -s)\"\r\n          ssh-add ~/.ssh/ssh_key\r\n        fi\r\n      - git config --global credential.helper '!aws codecommit credential-helper $@'\r\n      - git config --global credential.UseHttpPath true\r\n      - git clone -b $AWS_MODULE_GIT_REF $AWS_MODULE_SOURCE aws-aft-core-framework\r\n      - python3 -m venv ./venv\r\n      - source ./venv/bin/activate\r\n      - pip install jinja2-cli==0.7.0 Jinja2==3.0.1 MarkupSafe==2.0.1 boto3==1.18.56 requests==2.26.0\r\n      - |\r\n        CUSTOMIZATION=$(aws dynamodb get-item --table-name aft-request-metadata --key \"{\\\"id\\\": {\\\"S\\\": \\\"$VENDED_ACCOUNT_ID\\\"}}\" --attributes-to-get \"account_customizations_name\" | jq --raw-output \".Item.account_customizations_name.S\")\r\n      - echo $CUSTOMIZATION\r\n      - |\r\n        if [ -d \"$CUSTOMIZATION\" ]; then\r\n          echo \"Found customization\" $CUSTOMIZATION\r\n          if [ $TF_DISTRIBUTION = \"oss\" ]; then\r\n            TF_BACKEND_REGION=$(aws ssm get-parameter --name \"/aft/config/oss-backend/primary-region\" --query \"Parameter.Value\" --output text)\r\n            TF_KMS_KEY_ID=$(aws ssm get-parameter --name \"/aft/config/oss-backend/kms-key-id\" --query \"Parameter.Value\" --output text)\r\n            TF_DDB_TABLE=$(aws ssm get-parameter --name \"/aft/config/oss-backend/table-id\" --query \"Parameter.Value\" --output text)\r\n            TF_S3_BUCKET=$(aws ssm get-parameter --name \"/aft/config/oss-backend/bucket-id\" --query \"Parameter.Value\" --output text)\r\n            TF_S3_KEY=$VENDED_ACCOUNT_ID-aft-account-customizations/terraform.tfstate\r\n            cd /tmp\r\n            echo \"Installing Terraform\"\r\n            curl -o terraform_${TF_VERSION}_linux_amd64.zip https://releases.hashicorp.com/terraform/${TF_VERSION}/terraform_${TF_VERSION}_linux_amd64.zip\r\n            unzip -o terraform_${TF_VERSION}_linux_amd64.zip \u0026\u0026 mv terraform /usr/bin\r\n            terraform --version\r\n            cd $DEFAULT_PATH/$CUSTOMIZATION/terraform\r\n            for f in *.jinja; do jinja2 $f -D timestamp=\"$TIMESTAMP\" -D tf_distribution_type=$TF_DISTRIBUTION -D provider_region=$CT_MGMT_REGION -D region=$TF_BACKEND_REGION -D aft_admin_role_arn=$AFT_EXEC_ROLE_ARN -D target_admin_role_arn=$VENDED_EXEC_ROLE_ARN -D bucket=$TF_S3_BUCKET -D key=$TF_S3_KEY -D dynamodb_table=$TF_DDB_TABLE -D kms_key_id=$TF_KMS_KEY_ID \u003e\u003e ./$(basename $f .jinja).tf; done\r\n            for f in *.tf; do echo \"\\n \\n\"; echo $f; cat $f; done\r\n            JSON=$(aws sts assume-role --role-arn ${AFT_ADMIN_ROLE_ARN} --role-session-name ${ROLE_SESSION_NAME})\r\n            #Make newly assumed role default session\r\n            export AWS_ACCESS_KEY_ID=$(echo ${JSON} | jq --raw-output \".Credentials[\\\"AccessKeyId\\\"]\")\r\n            export AWS_SECRET_ACCESS_KEY=$(echo ${JSON} | jq --raw-output \".Credentials[\\\"SecretAccessKey\\\"]\")\r\n            export AWS_SESSION_TOKEN=$(echo ${JSON} | jq --raw-output \".Credentials[\\\"SessionToken\\\"]\")\r\n            terraform init\r\n          else\r\n            TF_BACKEND_REGION=$(aws ssm get-parameter --name \"/aft/config/oss-backend/primary-region\" --query \"Parameter.Value\" --output text)\r\n            TF_ORG_NAME=$(aws ssm get-parameter --name \"/aft/config/terraform/org-name\" --query \"Parameter.Value\" --output text)\r\n            TF_TOKEN=$(aws ssm get-parameter --name \"/aft/config/terraform/token\" --with-decryption --query \"Parameter.Value\" --output text)\r\n            TF_ENDPOINT=$(aws ssm get-parameter --name \"/aft/config/terraform/api-endpoint\" --query \"Parameter.Value\" --output text)\r\n            TF_WORKSPACE_NAME=$VENDED_ACCOUNT_ID-aft-account-customizations\r\n            TF_CONFIG_PATH=\"./temp_configuration_file.tar.gz\"\r\n            cd $DEFAULT_PATH/$CUSTOMIZATION/terraform\r\n            for f in *.jinja; do jinja2 $f -D timestamp=\"$TIMESTAMP\" -D provider_region=$CT_MGMT_REGION -D tf_distribution_type=$TF_DISTRIBUTION -D aft_admin_role_arn=$AFT_EXEC_ROLE_ARN -D target_admin_role_arn=$VENDED_EXEC_ROLE_ARN -D terraform_org_name=$TF_ORG_NAME -D terraform_workspace_name=$TF_WORKSPACE_NAME  \u003e\u003e ./$(basename $f .jinja).tf; done\r\n            for f in *.tf; do echo \"\\n \\n\"; echo $f; cat $f; done\r\n            cd $DEFAULT_PATH/$CUSTOMIZATION\r\n            tar -czf temp_configuration_file.tar.gz -C terraform --exclude .git --exclude venv .\r\n            python3 $DEFAULT_PATH/aws-aft-core-framework/sources/scripts/workspace_manager.py --operation \"deploy\" --organization_name $TF_ORG_NAME --workspace_name $TF_WORKSPACE_NAME --assume_role_arn $AFT_ADMIN_ROLE_ARN --assume_role_session_name $ROLE_SESSION_NAME --api_endpoint $TF_ENDPOINT --api_token $TF_TOKEN --terraform_version $TF_VERSION --config_file $TF_CONFIG_PATH\r\n          fi\r\n        fi\r\n  build:\r\n    commands:\r\n      - cd $DEFAULT_PATH\r\n      - |\r\n        if [ -d \"$CUSTOMIZATION\" ]; then\r\n          if [ $TF_DISTRIBUTION = \"oss\" ]; then\r\n            cd $DEFAULT_PATH/$CUSTOMIZATION/terraform\r\n            terraform apply --auto-approve\r\n          fi\r\n        fi\r\n  post_build:\r\n    commands:\r\n      - echo \"Post-Build\"\r\n",
            "content_base64": "IyBDb3B5cmlnaHQgQW1hem9uLmNvbSwgSW5jLiBvciBpdHMgYWZmaWxpYXRlcy4gQWxsIHJpZ2h0cyByZXNlcnZlZC4NCiMgU1BEWC1MaWNlbnNlLUlkZW50aWZpZXI6IEFwYWNoZS0yLjANCiMNCnZlcnNpb246IDAuMg0KDQpwaGFzZXM6DQogIHByZV9idWlsZDoNCiAgICBjb21tYW5kczoNCiAgICAgIC0gREVGQVVMVF9QQVRIPSQocHdkKQ0KICAgICAgLSBUSU1FU1RBTVA9JChkYXRlICcrJVktJW0tJWQgJUg6JU06JVMnKQ0KICAgICAgLSBBV1NfTU9EVUxFX1NPVVJDRT0kKGF3cyBzc20gZ2V0LXBhcmFtZXRlciAtLW5hbWUgIi9hZnQvY29uZmlnL2FmdC1waXBlbGluZS1jb2RlLXNvdXJjZS9yZXBvLXVybCIgLS1xdWVyeSAiUGFyYW1ldGVyLlZhbHVlIiAtLW91dHB1dCB0ZXh0KQ0KICAgICAgLSBBV1NfTU9EVUxFX0dJVF9SRUY9JChhd3Mgc3NtIGdldC1wYXJhbWV0ZXIgLS1uYW1lICIvYWZ0L2NvbmZpZy9hZnQtcGlwZWxpbmUtY29kZS1zb3VyY2UvcmVwby1naXQtcmVmIiAtLXF1ZXJ5ICJQYXJhbWV0ZXIuVmFsdWUiIC0tb3V0cHV0IHRleHQpDQogICAgICAtIFRGX1ZFUlNJT049JChhd3Mgc3NtIGdldC1wYXJhbWV0ZXIgLS1uYW1lICIvYWZ0L2NvbmZpZy90ZXJyYWZvcm0vdmVyc2lvbiIgLS1xdWVyeSAiUGFyYW1ldGVyLlZhbHVlIiAtLW91dHB1dCB0ZXh0KQ0KICAgICAgLSBURl9ESVNUUklCVVRJT049JChhd3Mgc3NtIGdldC1wYXJhbWV0ZXIgLS1uYW1lICIvYWZ0L2NvbmZpZy90ZXJyYWZvcm0vZGlzdHJpYnV0aW9uIiAtLXF1ZXJ5ICJQYXJhbWV0ZXIuVmFsdWUiIC0tb3V0cHV0IHRleHQpDQogICAgICAtIENUX01HTVRfUkVHSU9OPSQoYXdzIHNzbSBnZXQtcGFyYW1ldGVyIC0tbmFtZSAiL2FmdC9jb25maWcvY3QtbWFuYWdlbWVudC1yZWdpb24iIC0tcXVlcnkgIlBhcmFtZXRlci5WYWx1ZSIgLS1vdXRwdXQgdGV4dCkNCiAgICAgIC0gQUZUX01HTVRfQUNDT1VOVD0kKGF3cyBzc20gZ2V0LXBhcmFtZXRlciAtLW5hbWUgIi9hZnQvYWNjb3VudC9hZnQtbWFuYWdlbWVudC9hY2NvdW50LWlkIiAtLXF1ZXJ5ICJQYXJhbWV0ZXIuVmFsdWUiIC0tb3V0cHV0IHRleHQpDQogICAgICAtIEFGVF9FWEVDX1JPTEVfQVJOPWFybjphd3M6aWFtOjokQUZUX01HTVRfQUNDT1VOVDpyb2xlL0FXU0FGVEV4ZWN1dGlvbg0KICAgICAgLSBWRU5ERURfRVhFQ19ST0xFX0FSTj1hcm46YXdzOmlhbTo6JFZFTkRFRF9BQ0NPVU5UX0lEOnJvbGUvQVdTQUZURXhlY3V0aW9uDQogICAgICAtIEFGVF9BRE1JTl9ST0xFX05BTUU9JChhd3Mgc3NtIGdldC1wYXJhbWV0ZXIgLS1uYW1lIC9hZnQvcmVzb3VyY2VzL2lhbS9hZnQtYWRtaW5pc3RyYXRvci1yb2xlLW5hbWUgfCBqcSAtLXJhdy1vdXRwdXQgIi5QYXJhbWV0ZXIuVmFsdWUiKQ0KICAgICAgLSBBRlRfQURNSU5fUk9MRV9BUk49YXJuOmF3czppYW06OiRBRlRfTUdNVF9BQ0NPVU5UOnJvbGUvJEFGVF9BRE1JTl9ST0xFX05BTUUNCiAgICAgIC0gUk9MRV9TRVNTSU9OX05BTUU9JChhd3Mgc3NtIGdldC1wYXJhbWV0ZXIgLS1uYW1lIC9hZnQvcmVzb3VyY2VzL2lhbS9hZnQtc2Vzc2lvbi1uYW1lIHwganEgLS1yYXctb3V0cHV0ICIuUGFyYW1ldGVyLlZhbHVlIikNCiAgICAgIC0gfA0KICAgICAgICBzc2hfa2V5X3BhcmFtZXRlcj0kKGF3cyBzc20gZ2V0LXBhcmFtZXRlciAtLW5hbWUgL2FmdC9jb25maWcvYWZ0LXNzaC1rZXkgLS13aXRoLWRlY3J5cHRpb24gMj4gL2Rldi9udWxsIHx8IGVjaG8gIk5vbmUiKQ0KICAgICAgICBpZiBbWyAkc3NoX2tleV9wYXJhbWV0ZXIgIT0gIk5vbmUiIF1dOyB0aGVuDQogICAgICAgICAgc3NoX2tleT0kKGpxIC0tcmF3LW91dHB1dCAiLlBhcmFtZXRlci5WYWx1ZSIgPDw8ICRzc2hfa2V5X3BhcmFtZXRlcikNCiAgICAgICAgICBta2RpciAtcCB+Ly5zc2gNCiAgICAgICAgICBlY2hvICJIb3N0ICoiID4+IH4vLnNzaC9jb25maWcNCiAgICAgICAgICBlY2hvICJTdHJpY3RIb3N0S2V5Q2hlY2tpbmcgbm8iID4+IH4vLnNzaC9jb25maWcNCiAgICAgICAgICBlY2hvICJVc2VyS25vd25Ib3N0c0ZpbGU9L2Rldi9udWxsIiA+PiB+Ly5zc2gvY29uZmlnDQogICAgICAgICAgZWNobyAiJHNzaF9rZXkiID4gfi8uc3NoL3NzaF9rZXkNCiAgICAgICAgICBlY2hvIC1lICJcblxuIiA+PiAgfi8uc3NoL3NzaF9rZXkNCiAgICAgICAgICBjaG1vZCA2MDAgfi8uc3NoL3NzaF9rZXkNCiAgICAgICAgICBldmFsICIkKHNzaC1hZ2VudCAtcykiDQogICAgICAgICAgc3NoLWFkZCB+Ly5zc2gvc3NoX2tleQ0KICAgICAgICBmaQ0KICAgICAgLSBnaXQgY29uZmlnIC0tZ2xvYmFsIGNyZWRlbnRpYWwuaGVscGVyICchYXdzIGNvZGVjb21taXQgY3JlZGVudGlhbC1oZWxwZXIgJEAnDQogICAgICAtIGdpdCBjb25maWcgLS1nbG9iYWwgY3JlZGVudGlhbC5Vc2VIdHRwUGF0aCB0cnVlDQogICAgICAtIGdpdCBjbG9uZSAtYiAkQVdTX01PRFVMRV9HSVRfUkVGICRBV1NfTU9EVUxFX1NPVVJDRSBhd3MtYWZ0LWNvcmUtZnJhbWV3b3JrDQogICAgICAtIHB5dGhvbjMgLW0gdmVudiAuL3ZlbnYNCiAgICAgIC0gc291cmNlIC4vdmVudi9iaW4vYWN0aXZhdGUNCiAgICAgIC0gcGlwIGluc3RhbGwgamluamEyLWNsaT09MC43LjAgSmluamEyPT0zLjAuMSBNYXJrdXBTYWZlPT0yLjAuMSBib3RvMz09MS4xOC41NiByZXF1ZXN0cz09Mi4yNi4wDQogICAgICAtIHwNCiAgICAgICAgQ1VTVE9NSVpBVElPTj0kKGF3cyBkeW5hbW9kYiBnZXQtaXRlbSAtLXRhYmxlLW5hbWUgYWZ0LXJlcXVlc3QtbWV0YWRhdGEgLS1rZXkgIntcImlkXCI6IHtcIlNcIjogXCIkVkVOREVEX0FDQ09VTlRfSURcIn19IiAtLWF0dHJpYnV0ZXMtdG8tZ2V0ICJhY2NvdW50X2N1c3RvbWl6YXRpb25zX25hbWUiIHwganEgLS1yYXctb3V0cHV0ICIuSXRlbS5hY2NvdW50X2N1c3RvbWl6YXRpb25zX25hbWUuUyIpDQogICAgICAtIGVjaG8gJENVU1RPTUlaQVRJT04NCiAgICAgIC0gfA0KICAgICAgICBpZiBbIC1kICIkQ1VTVE9NSVpBVElPTiIgXTsgdGhlbg0KICAgICAgICAgIGVjaG8gIkZvdW5kIGN1c3RvbWl6YXRpb24iICRDVVNUT01JWkFUSU9ODQogICAgICAgICAgaWYgWyAkVEZfRElTVFJJQlVUSU9OID0gIm9zcyIgXTsgdGhlbg0KICAgICAgICAgICAgVEZfQkFDS0VORF9SRUdJT049JChhd3Mgc3NtIGdldC1wYXJhbWV0ZXIgLS1uYW1lICIvYWZ0L2NvbmZpZy9vc3MtYmFja2VuZC9wcmltYXJ5LXJlZ2lvbiIgLS1xdWVyeSAiUGFyYW1ldGVyLlZhbHVlIiAtLW91dHB1dCB0ZXh0KQ0KICAgICAgICAgICAgVEZfS01TX0tFWV9JRD0kKGF3cyBzc20gZ2V0LXBhcmFtZXRlciAtLW5hbWUgIi9hZnQvY29uZmlnL29zcy1iYWNrZW5kL2ttcy1rZXktaWQiIC0tcXVlcnkgIlBhcmFtZXRlci5WYWx1ZSIgLS1vdXRwdXQgdGV4dCkNCiAgICAgICAgICAgIFRGX0REQl9UQUJMRT0kKGF3cyBzc20gZ2V0LXBhcmFtZXRlciAtLW5hbWUgIi9hZnQvY29uZmlnL29zcy1iYWNrZW5kL3RhYmxlLWlkIiAtLXF1ZXJ5ICJQYXJhbWV0ZXIuVmFsdWUiIC0tb3V0cHV0IHRleHQpDQogICAgICAgICAgICBURl9TM19CVUNLRVQ9JChhd3Mgc3NtIGdldC1wYXJhbWV0ZXIgLS1uYW1lICIvYWZ0L2NvbmZpZy9vc3MtYmFja2VuZC9idWNrZXQtaWQiIC0tcXVlcnkgIlBhcmFtZXRlci5WYWx1ZSIgLS1vdXRwdXQgdGV4dCkNCiAgICAgICAgICAgIFRGX1MzX0tFWT0kVkVOREVEX0FDQ09VTlRfSUQtYWZ0LWFjY291bnQtY3VzdG9taXphdGlvbnMvdGVycmFmb3JtLnRmc3RhdGUNCiAgICAgICAgICAgIGNkIC90bXANCiAgICAgICAgICAgIGVjaG8gIkluc3RhbGxpbmcgVGVycmFmb3JtIg0KICAgICAgICAgICAgY3VybCAtbyB0ZXJyYWZvcm1fJHtURl9WRVJTSU9OfV9saW51eF9hbWQ2NC56aXAgaHR0cHM6Ly9yZWxlYXNlcy5oYXNoaWNvcnAuY29tL3RlcnJhZm9ybS8ke1RGX1ZFUlNJT059L3RlcnJhZm9ybV8ke1RGX1ZFUlNJT059X2xpbnV4X2FtZDY0LnppcA0KICAgICAgICAgICAgdW56aXAgLW8gdGVycmFmb3JtXyR7VEZfVkVSU0lPTn1fbGludXhfYW1kNjQuemlwICYmIG12IHRlcnJhZm9ybSAvdXNyL2Jpbg0KICAgICAgICAgICAgdGVycmFmb3JtIC0tdmVyc2lvbg0KICAgICAgICAgICAgY2QgJERFRkFVTFRfUEFUSC8kQ1VTVE9NSVpBVElPTi90ZXJyYWZvcm0NCiAgICAgICAgICAgIGZvciBmIGluICouamluamE7IGRvIGppbmphMiAkZiAtRCB0aW1lc3RhbXA9IiRUSU1FU1RBTVAiIC1EIHRmX2Rpc3RyaWJ1dGlvbl90eXBlPSRURl9ESVNUUklCVVRJT04gLUQgcHJvdmlkZXJfcmVnaW9uPSRDVF9NR01UX1JFR0lPTiAtRCByZWdpb249JFRGX0JBQ0tFTkRfUkVHSU9OIC1EIGFmdF9hZG1pbl9yb2xlX2Fybj0kQUZUX0VYRUNfUk9MRV9BUk4gLUQgdGFyZ2V0X2FkbWluX3JvbGVfYXJuPSRWRU5ERURfRVhFQ19ST0xFX0FSTiAtRCBidWNrZXQ9JFRGX1MzX0JVQ0tFVCAtRCBrZXk9JFRGX1MzX0tFWSAtRCBkeW5hbW9kYl90YWJsZT0kVEZfRERCX1RBQkxFIC1EIGttc19rZXlfaWQ9JFRGX0tNU19LRVlfSUQgPj4gLi8kKGJhc2VuYW1lICRmIC5qaW5qYSkudGY7IGRvbmUNCiAgICAgICAgICAgIGZvciBmIGluICoudGY7IGRvIGVjaG8gIlxuIFxuIjsgZWNobyAkZjsgY2F0ICRmOyBkb25lDQogICAgICAgICAgICBKU09OPSQoYXdzIHN0cyBhc3N1bWUtcm9sZSAtLXJvbGUtYXJuICR7QUZUX0FETUlOX1JPTEVfQVJOfSAtLXJvbGUtc2Vzc2lvbi1uYW1lICR7Uk9MRV9TRVNTSU9OX05BTUV9KQ0KICAgICAgICAgICAgI01ha2UgbmV3bHkgYXNzdW1lZCByb2xlIGRlZmF1bHQgc2Vzc2lvbg0KICAgICAgICAgICAgZXhwb3J0IEFXU19BQ0NFU1NfS0VZX0lEPSQoZWNobyAke0pTT059IHwganEgLS1yYXctb3V0cHV0ICIuQ3JlZGVudGlhbHNbXCJBY2Nlc3NLZXlJZFwiXSIpDQogICAgICAgICAgICBleHBvcnQgQVdTX1NFQ1JFVF9BQ0NFU1NfS0VZPSQoZWNobyAke0pTT059IHwganEgLS1yYXctb3V0cHV0ICIuQ3JlZGVudGlhbHNbXCJTZWNyZXRBY2Nlc3NLZXlcIl0iKQ0KICAgICAgICAgICAgZXhwb3J0IEFXU19TRVNTSU9OX1RPS0VOPSQoZWNobyAke0pTT059IHwganEgLS1yYXctb3V0cHV0ICIuQ3JlZGVudGlhbHNbXCJTZXNzaW9uVG9rZW5cIl0iKQ0KICAgICAgICAgICAgdGVycmFmb3JtIGluaXQNCiAgICAgICAgICBlbHNlDQogICAgICAgICAgICBURl9CQUNLRU5EX1JFR0lPTj0kKGF3cyBzc20gZ2V0LXBhcmFtZXRlciAtLW5hbWUgIi9hZnQvY29uZmlnL29zcy1iYWNrZW5kL3ByaW1hcnktcmVnaW9uIiAtLXF1ZXJ5ICJQYXJhbWV0ZXIuVmFsdWUiIC0tb3V0cHV0IHRleHQpDQogICAgICAgICAgICBURl9PUkdfTkFNRT0kKGF3cyBzc20gZ2V0LXBhcmFtZXRlciAtLW5hbWUgIi9hZnQvY29uZmlnL3RlcnJhZm9ybS9vcmctbmFtZSIgLS1xdWVyeSAiUGFyYW1ldGVyLlZhbHVlIiAtLW91dHB1dCB0ZXh0KQ0KICAgICAgICAgICAgVEZfVE9LRU49JChhd3Mgc3NtIGdldC1wYXJhbWV0ZXIgLS1uYW1lICIvYWZ0L2NvbmZpZy90ZXJyYWZvcm0vdG9rZW4iIC0td2l0aC1kZWNyeXB0aW9uIC0tcXVlcnkgIlBhcmFtZXRlci5WYWx1ZSIgLS1vdXRwdXQgdGV4dCkNCiAgICAgICAgICAgIFRGX0VORFBPSU5UPSQoYXdzIHNzbSBnZXQtcGFyYW1ldGVyIC0tbmFtZSAiL2FmdC9jb25maWcvdGVycmFmb3JtL2FwaS1lbmRwb2ludCIgLS1xdWVyeSAiUGFyYW1ldGVyLlZhbHVlIiAtLW91dHB1dCB0ZXh0KQ0KICAgICAgICAgICAgVEZfV09SS1NQQUNFX05BTUU9JFZFTkRFRF9BQ0NPVU5UX0lELWFmdC1hY2NvdW50LWN1c3RvbWl6YXRpb25zDQogICAgICAgICAgICBURl9DT05GSUdfUEFUSD0iLi90ZW1wX2NvbmZpZ3VyYXRpb25fZmlsZS50YXIuZ3oiDQogICAgICAgICAgICBjZCAkREVGQVVMVF9QQVRILyRDVVNUT01JWkFUSU9OL3RlcnJhZm9ybQ0KICAgICAgICAgICAgZm9yIGYgaW4gKi5qaW5qYTsgZG8gamluamEyICRmIC1EIHRpbWVzdGFtcD0iJFRJTUVTVEFNUCIgLUQgcHJvdmlkZXJfcmVnaW9uPSRDVF9NR01UX1JFR0lPTiAtRCB0Zl9kaXN0cmlidXRpb25fdHlwZT0kVEZfRElTVFJJQlVUSU9OIC1EIGFmdF9hZG1pbl9yb2xlX2Fybj0kQUZUX0VYRUNfUk9MRV9BUk4gLUQgdGFyZ2V0X2FkbWluX3JvbGVfYXJuPSRWRU5ERURfRVhFQ19ST0xFX0FSTiAtRCB0ZXJyYWZvcm1fb3JnX25hbWU9JFRGX09SR19OQU1FIC1EIHRlcnJhZm9ybV93b3Jrc3BhY2VfbmFtZT0kVEZfV09SS1NQQUNFX05BTUUgID4+IC4vJChiYXNlbmFtZSAkZiAuamluamEpLnRmOyBkb25lDQogICAgICAgICAgICBmb3IgZiBpbiAqLnRmOyBkbyBlY2hvICJcbiBcbiI7IGVjaG8gJGY7IGNhdCAkZjsgZG9uZQ0KICAgICAgICAgICAgY2QgJERFRkFVTFRfUEFUSC8kQ1VTVE9NSVpBVElPTg0KICAgICAgICAgICAgdGFyIC1jemYgdGVtcF9jb25maWd1cmF0aW9uX2ZpbGUudGFyLmd6IC1DIHRlcnJhZm9ybSAtLWV4Y2x1ZGUgLmdpdCAtLWV4Y2x1ZGUgdmVudiAuDQogICAgICAgICAgICBweXRob24zICRERUZBVUxUX1BBVEgvYXdzLWFmdC1jb3JlLWZyYW1ld29yay9zb3VyY2VzL3NjcmlwdHMvd29ya3NwYWNlX21hbmFnZXIucHkgLS1vcGVyYXRpb24gImRlcGxveSIgLS1vcmdhbml6YXRpb25fbmFtZSAkVEZfT1JHX05BTUUgLS13b3Jrc3BhY2VfbmFtZSAkVEZfV09SS1NQQUNFX05BTUUgLS1hc3N1bWVfcm9sZV9hcm4gJEFGVF9BRE1JTl9ST0xFX0FSTiAtLWFzc3VtZV9yb2xlX3Nlc3Npb25fbmFtZSAkUk9MRV9TRVNTSU9OX05BTUUgLS1hcGlfZW5kcG9pbnQgJFRGX0VORFBPSU5UIC0tYXBpX3Rva2VuICRURl9UT0tFTiAtLXRlcnJhZm9ybV92ZXJzaW9uICRURl9WRVJTSU9OIC0tY29uZmlnX2ZpbGUgJFRGX0NPTkZJR19QQVRIDQogICAgICAgICAgZmkNCiAgICAgICAgZmkNCiAgYnVpbGQ6DQogICAgY29tbWFuZHM6DQogICAgICAtIGNkICRERUZBVUxUX1BBVEgNCiAgICAgIC0gfA0KICAgICAgICBpZiBbIC1kICIkQ1VTVE9NSVpBVElPTiIgXTsgdGhlbg0KICAgICAgICAgIGlmIFsgJFRGX0RJU1RSSUJVVElPTiA9ICJvc3MiIF07IHRoZW4NCiAgICAgICAgICAgIGNkICRERUZBVUxUX1BBVEgvJENVU1RPTUlaQVRJT04vdGVycmFmb3JtDQogICAgICAgICAgICB0ZXJyYWZvcm0gYXBwbHkgLS1hdXRvLWFwcHJvdmUNCiAgICAgICAgICBmaQ0KICAgICAgICBmaQ0KICBwb3N0X2J1aWxkOg0KICAgIGNvbW1hbmRzOg0KICAgICAgLSBlY2hvICJQb3N0LUJ1aWxkIg0K",
            "filename": ".terraform/modules/aft/modules/aft-customizations/buildspecs/aft-account-customizations-terraform.yml",
            "id": "ea7cd3aee403e954ff935d3472c66bf6cff7a831"
          },
          "sensitive_attributes": []
        }
      ]
    },
    {
      "module": "module.aft.module.aft_customizations",
      "mode": "data",
      "type": "local_file",
      "name": "aft_create_pipeline",
      "provider": "provider[\"registry.terraform.io/hashicorp/local\"]",
      "instances": [
        {
          "schema_version": 0,
          "attributes": {
            "content": "# Copyright Amazon.com, Inc. or its affiliates. All rights reserved.\r\n# SPDX-License-Identifier: Apache-2.0\r\n#\r\nversion: 0.2\r\n\r\nphases:\r\n  pre_build:\r\n    commands:\r\n      - DEFAULT_PATH=$(pwd)\r\n      - AWS_MODULE_SOURCE=$(aws ssm get-parameter --name $SSM_AWS_MODULE_SOURCE --query \"Parameter.Value\" --output text)\r\n      - AWS_MODULE_GIT_REF=$(aws ssm get-parameter --name $SSM_AWS_MODULE_GIT_REF --query \"Parameter.Value\" --output text)\r\n      - |\r\n        ssh_key_parameter=$(aws ssm get-parameter --name /aft/config/aft-ssh-key --with-decryption 2\u003e /dev/null || echo \"None\")\r\n        if [[ $ssh_key_parameter != \"None\" ]]; then\r\n          ssh_key=$(jq --raw-output \".Parameter.Value\" \u003c\u003c\u003c $ssh_key_parameter)\r\n          mkdir -p ~/.ssh\r\n          echo \"Host *\" \u003e\u003e ~/.ssh/config\r\n          echo \"StrictHostKeyChecking no\" \u003e\u003e ~/.ssh/config\r\n          echo \"UserKnownHostsFile=/dev/null\" \u003e\u003e ~/.ssh/config\r\n          echo \"$ssh_key\" \u003e ~/.ssh/ssh_key\r\n          echo -e \"\\n\\n\" \u003e\u003e  ~/.ssh/ssh_key\r\n          chmod 600 ~/.ssh/ssh_key\r\n          eval \"$(ssh-agent -s)\"\r\n          ssh-add ~/.ssh/ssh_key\r\n        fi\r\n      - TF_S3_BUCKET=$(aws ssm get-parameter --name $SSM_TF_S3_BUCKET --query \"Parameter.Value\" --output text)\r\n      - TF_S3_KEY=$VENDED_ACCOUNT_ID-customizations-pipeline/terraform.tfstate\r\n      - TF_BACKEND_REGION=$(aws ssm get-parameter --name $SSM_TF_BACKEND_REGION --query \"Parameter.Value\" --output text)\r\n      - TF_KMS_KEY_ID=$(aws ssm get-parameter --name $SSM_TF_KMS_KEY_ID --query \"Parameter.Value\" --output text)\r\n      - TF_DDB_TABLE=$(aws ssm get-parameter --name $SSM_TF_DDB_TABLE --query \"Parameter.Value\" --output text)\r\n      - TF_VERSION=$(aws ssm get-parameter --name $SSM_TF_VERSION --query \"Parameter.Value\" --output text)\r\n      - git config --global credential.helper '!aws codecommit credential-helper $@'\r\n      - git config --global credential.UseHttpPath true\r\n      - git clone -b $AWS_MODULE_GIT_REF $AWS_MODULE_SOURCE aws-aft-core-framework\r\n      - chmod +x ./aws-aft-core-framework/sources/scripts/creds.sh\r\n      - ./aws-aft-core-framework/sources/scripts/creds.sh --aft-mgmt\r\n      - TIMESTAMP=$(date '+%Y-%m-%d %H:%M:%S')\r\n      - cd /tmp\r\n      - echo \"Installing Terraform\"\r\n      - curl -o terraform_${TF_VERSION}_linux_amd64.zip https://releases.hashicorp.com/terraform/${TF_VERSION}/terraform_${TF_VERSION}_linux_amd64.zip\r\n      - unzip -o terraform_${TF_VERSION}_linux_amd64.zip \u0026\u0026 mv terraform /usr/bin\r\n      - terraform --version\r\n      - cd $DEFAULT_PATH\r\n      - cd ./aws-aft-core-framework/sources/aft-customizations-common/templates/customizations_pipeline\r\n      - python3 -m venv ./venv\r\n      - source ./venv/bin/activate\r\n      - pip install jinja2-cli==0.7.0 Jinja2==3.0.1\r\n      - for f in *.jinja; do jinja2 $f -D timestamp=\"$TIMESTAMP\" -D region=$TF_BACKEND_REGION -D bucket=$TF_S3_BUCKET -D key=$TF_S3_KEY -D dynamodb_table=$TF_DDB_TABLE -D kms_key_id=$TF_KMS_KEY_ID \u003e\u003e $(basename $f .jinja).tf; done\r\n      - for f in *.tf; do echo \"\\n \\n\"; echo $f; cat $f; done\r\n      - terraform init\r\n  build:\r\n    commands:\r\n      - terraform apply -var=\"account_id=$VENDED_ACCOUNT_ID\" --auto-approve\r\n  post_build:\r\n    commands:\r\n      - echo \"Post-Build\"\r\n",
            "content_base64": "IyBDb3B5cmlnaHQgQW1hem9uLmNvbSwgSW5jLiBvciBpdHMgYWZmaWxpYXRlcy4gQWxsIHJpZ2h0cyByZXNlcnZlZC4NCiMgU1BEWC1MaWNlbnNlLUlkZW50aWZpZXI6IEFwYWNoZS0yLjANCiMNCnZlcnNpb246IDAuMg0KDQpwaGFzZXM6DQogIHByZV9idWlsZDoNCiAgICBjb21tYW5kczoNCiAgICAgIC0gREVGQVVMVF9QQVRIPSQocHdkKQ0KICAgICAgLSBBV1NfTU9EVUxFX1NPVVJDRT0kKGF3cyBzc20gZ2V0LXBhcmFtZXRlciAtLW5hbWUgJFNTTV9BV1NfTU9EVUxFX1NPVVJDRSAtLXF1ZXJ5ICJQYXJhbWV0ZXIuVmFsdWUiIC0tb3V0cHV0IHRleHQpDQogICAgICAtIEFXU19NT0RVTEVfR0lUX1JFRj0kKGF3cyBzc20gZ2V0LXBhcmFtZXRlciAtLW5hbWUgJFNTTV9BV1NfTU9EVUxFX0dJVF9SRUYgLS1xdWVyeSAiUGFyYW1ldGVyLlZhbHVlIiAtLW91dHB1dCB0ZXh0KQ0KICAgICAgLSB8DQogICAgICAgIHNzaF9rZXlfcGFyYW1ldGVyPSQoYXdzIHNzbSBnZXQtcGFyYW1ldGVyIC0tbmFtZSAvYWZ0L2NvbmZpZy9hZnQtc3NoLWtleSAtLXdpdGgtZGVjcnlwdGlvbiAyPiAvZGV2L251bGwgfHwgZWNobyAiTm9uZSIpDQogICAgICAgIGlmIFtbICRzc2hfa2V5X3BhcmFtZXRlciAhPSAiTm9uZSIgXV07IHRoZW4NCiAgICAgICAgICBzc2hfa2V5PSQoanEgLS1yYXctb3V0cHV0ICIuUGFyYW1ldGVyLlZhbHVlIiA8PDwgJHNzaF9rZXlfcGFyYW1ldGVyKQ0KICAgICAgICAgIG1rZGlyIC1wIH4vLnNzaA0KICAgICAgICAgIGVjaG8gIkhvc3QgKiIgPj4gfi8uc3NoL2NvbmZpZw0KICAgICAgICAgIGVjaG8gIlN0cmljdEhvc3RLZXlDaGVja2luZyBubyIgPj4gfi8uc3NoL2NvbmZpZw0KICAgICAgICAgIGVjaG8gIlVzZXJLbm93bkhvc3RzRmlsZT0vZGV2L251bGwiID4+IH4vLnNzaC9jb25maWcNCiAgICAgICAgICBlY2hvICIkc3NoX2tleSIgPiB+Ly5zc2gvc3NoX2tleQ0KICAgICAgICAgIGVjaG8gLWUgIlxuXG4iID4+ICB+Ly5zc2gvc3NoX2tleQ0KICAgICAgICAgIGNobW9kIDYwMCB+Ly5zc2gvc3NoX2tleQ0KICAgICAgICAgIGV2YWwgIiQoc3NoLWFnZW50IC1zKSINCiAgICAgICAgICBzc2gtYWRkIH4vLnNzaC9zc2hfa2V5DQogICAgICAgIGZpDQogICAgICAtIFRGX1MzX0JVQ0tFVD0kKGF3cyBzc20gZ2V0LXBhcmFtZXRlciAtLW5hbWUgJFNTTV9URl9TM19CVUNLRVQgLS1xdWVyeSAiUGFyYW1ldGVyLlZhbHVlIiAtLW91dHB1dCB0ZXh0KQ0KICAgICAgLSBURl9TM19LRVk9JFZFTkRFRF9BQ0NPVU5UX0lELWN1c3RvbWl6YXRpb25zLXBpcGVsaW5lL3RlcnJhZm9ybS50ZnN0YXRlDQogICAgICAtIFRGX0JBQ0tFTkRfUkVHSU9OPSQoYXdzIHNzbSBnZXQtcGFyYW1ldGVyIC0tbmFtZSAkU1NNX1RGX0JBQ0tFTkRfUkVHSU9OIC0tcXVlcnkgIlBhcmFtZXRlci5WYWx1ZSIgLS1vdXRwdXQgdGV4dCkNCiAgICAgIC0gVEZfS01TX0tFWV9JRD0kKGF3cyBzc20gZ2V0LXBhcmFtZXRlciAtLW5hbWUgJFNTTV9URl9LTVNfS0VZX0lEIC0tcXVlcnkgIlBhcmFtZXRlci5WYWx1ZSIgLS1vdXRwdXQgdGV4dCkNCiAgICAgIC0gVEZfRERCX1RBQkxFPSQoYXdzIHNzbSBnZXQtcGFyYW1ldGVyIC0tbmFtZSAkU1NNX1RGX0REQl9UQUJMRSAtLXF1ZXJ5ICJQYXJhbWV0ZXIuVmFsdWUiIC0tb3V0cHV0IHRleHQpDQogICAgICAtIFRGX1ZFUlNJT049JChhd3Mgc3NtIGdldC1wYXJhbWV0ZXIgLS1uYW1lICRTU01fVEZfVkVSU0lPTiAtLXF1ZXJ5ICJQYXJhbWV0ZXIuVmFsdWUiIC0tb3V0cHV0IHRleHQpDQogICAgICAtIGdpdCBjb25maWcgLS1nbG9iYWwgY3JlZGVudGlhbC5oZWxwZXIgJyFhd3MgY29kZWNvbW1pdCBjcmVkZW50aWFsLWhlbHBlciAkQCcNCiAgICAgIC0gZ2l0IGNvbmZpZyAtLWdsb2JhbCBjcmVkZW50aWFsLlVzZUh0dHBQYXRoIHRydWUNCiAgICAgIC0gZ2l0IGNsb25lIC1iICRBV1NfTU9EVUxFX0dJVF9SRUYgJEFXU19NT0RVTEVfU09VUkNFIGF3cy1hZnQtY29yZS1mcmFtZXdvcmsNCiAgICAgIC0gY2htb2QgK3ggLi9hd3MtYWZ0LWNvcmUtZnJhbWV3b3JrL3NvdXJjZXMvc2NyaXB0cy9jcmVkcy5zaA0KICAgICAgLSAuL2F3cy1hZnQtY29yZS1mcmFtZXdvcmsvc291cmNlcy9zY3JpcHRzL2NyZWRzLnNoIC0tYWZ0LW1nbXQNCiAgICAgIC0gVElNRVNUQU1QPSQoZGF0ZSAnKyVZLSVtLSVkICVIOiVNOiVTJykNCiAgICAgIC0gY2QgL3RtcA0KICAgICAgLSBlY2hvICJJbnN0YWxsaW5nIFRlcnJhZm9ybSINCiAgICAgIC0gY3VybCAtbyB0ZXJyYWZvcm1fJHtURl9WRVJTSU9OfV9saW51eF9hbWQ2NC56aXAgaHR0cHM6Ly9yZWxlYXNlcy5oYXNoaWNvcnAuY29tL3RlcnJhZm9ybS8ke1RGX1ZFUlNJT059L3RlcnJhZm9ybV8ke1RGX1ZFUlNJT059X2xpbnV4X2FtZDY0LnppcA0KICAgICAgLSB1bnppcCAtbyB0ZXJyYWZvcm1fJHtURl9WRVJTSU9OfV9saW51eF9hbWQ2NC56aXAgJiYgbXYgdGVycmFmb3JtIC91c3IvYmluDQogICAgICAtIHRlcnJhZm9ybSAtLXZlcnNpb24NCiAgICAgIC0gY2QgJERFRkFVTFRfUEFUSA0KICAgICAgLSBjZCAuL2F3cy1hZnQtY29yZS1mcmFtZXdvcmsvc291cmNlcy9hZnQtY3VzdG9taXphdGlvbnMtY29tbW9uL3RlbXBsYXRlcy9jdXN0b21pemF0aW9uc19waXBlbGluZQ0KICAgICAgLSBweXRob24zIC1tIHZlbnYgLi92ZW52DQogICAgICAtIHNvdXJjZSAuL3ZlbnYvYmluL2FjdGl2YXRlDQogICAgICAtIHBpcCBpbnN0YWxsIGppbmphMi1jbGk9PTAuNy4wIEppbmphMj09My4wLjENCiAgICAgIC0gZm9yIGYgaW4gKi5qaW5qYTsgZG8gamluamEyICRmIC1EIHRpbWVzdGFtcD0iJFRJTUVTVEFNUCIgLUQgcmVnaW9uPSRURl9CQUNLRU5EX1JFR0lPTiAtRCBidWNrZXQ9JFRGX1MzX0JVQ0tFVCAtRCBrZXk9JFRGX1MzX0tFWSAtRCBkeW5hbW9kYl90YWJsZT0kVEZfRERCX1RBQkxFIC1EIGttc19rZXlfaWQ9JFRGX0tNU19LRVlfSUQgPj4gJChiYXNlbmFtZSAkZiAuamluamEpLnRmOyBkb25lDQogICAgICAtIGZvciBmIGluICoudGY7IGRvIGVjaG8gIlxuIFxuIjsgZWNobyAkZjsgY2F0ICRmOyBkb25lDQogICAgICAtIHRlcnJhZm9ybSBpbml0DQogIGJ1aWxkOg0KICAgIGNvbW1hbmRzOg0KICAgICAgLSB0ZXJyYWZvcm0gYXBwbHkgLXZhcj0iYWNjb3VudF9pZD0kVkVOREVEX0FDQ09VTlRfSUQiIC0tYXV0by1hcHByb3ZlDQogIHBvc3RfYnVpbGQ6DQogICAgY29tbWFuZHM6DQogICAgICAtIGVjaG8gIlBvc3QtQnVpbGQiDQo=",
            "filename": ".terraform/modules/aft/modules/aft-customizations/buildspecs/aft-create-pipeline.yml",
            "id": "e93b35f4ddd1967bee87e090ce018858570a5e6a"
          },
          "sensitive_attributes": []
        }
      ]
    },
    {
      "module": "module.aft.module.aft_customizations",
      "mode": "data",
      "type": "local_file",
      "name": "aft_global_customizations_api_helpers",
      "provider": "provider[\"registry.terraform.io/hashicorp/local\"]",
      "instances": [
        {
          "schema_version": 0,
          "attributes": {
            "content": "# Copyright Amazon.com, Inc. or its affiliates. All rights reserved.\r\n# SPDX-License-Identifier: Apache-2.0\r\n#\r\nversion: 0.2\r\n\r\nphases:\r\n  pre_build:\r\n    commands:\r\n      - DEFAULT_PATH=$(pwd)\r\n      - AWS_MODULE_SOURCE=$(aws ssm get-parameter --name \"/aft/config/aft-pipeline-code-source/repo-url\" --query \"Parameter.Value\" --output text)\r\n      - AWS_MODULE_GIT_REF=$(aws ssm get-parameter --name \"/aft/config/aft-pipeline-code-source/repo-git-ref\" --query \"Parameter.Value\" --output text)\r\n      - |\r\n        ssh_key_parameter=$(aws ssm get-parameter --name /aft/config/aft-ssh-key --with-decryption 2\u003e /dev/null || echo \"None\")\r\n        if [[ $ssh_key_parameter != \"None\" ]]; then\r\n          ssh_key=$(jq --raw-output \".Parameter.Value\" \u003c\u003c\u003c $ssh_key_parameter)\r\n          mkdir -p ~/.ssh\r\n          echo \"Host *\" \u003e\u003e ~/.ssh/config\r\n          echo \"StrictHostKeyChecking no\" \u003e\u003e ~/.ssh/config\r\n          echo \"UserKnownHostsFile=/dev/null\" \u003e\u003e ~/.ssh/config\r\n          echo \"$ssh_key\" \u003e ~/.ssh/ssh_key\r\n          echo -e \"\\n\\n\" \u003e\u003e  ~/.ssh/ssh_key\r\n          chmod 600 ~/.ssh/ssh_key\r\n          eval \"$(ssh-agent -s)\"\r\n          ssh-add ~/.ssh/ssh_key\r\n        fi\r\n      - git config --global credential.helper '!aws codecommit credential-helper $@'\r\n      - git config --global credential.UseHttpPath true\r\n      - git clone -b $AWS_MODULE_GIT_REF $AWS_MODULE_SOURCE aws-aft-core-framework\r\n      - chmod +x ./aws-aft-core-framework/sources/scripts/creds.sh\r\n      - ./aws-aft-core-framework/sources/scripts/creds.sh --account-id $VENDED_ACCOUNT_ID\r\n      - python3 -m venv ./venv\r\n      - source ./venv/bin/activate\r\n      - pip install -r ./api_helpers/python/requirements.txt\r\n      - chmod +x ./api_helpers/$SHELL_SCRIPT\r\n  build:\r\n    commands:\r\n      - ./api_helpers/$SHELL_SCRIPT\r\n  post_build:\r\n    commands:\r\n      - echo \"Post-Build\"\r\n",
            "content_base64": "IyBDb3B5cmlnaHQgQW1hem9uLmNvbSwgSW5jLiBvciBpdHMgYWZmaWxpYXRlcy4gQWxsIHJpZ2h0cyByZXNlcnZlZC4NCiMgU1BEWC1MaWNlbnNlLUlkZW50aWZpZXI6IEFwYWNoZS0yLjANCiMNCnZlcnNpb246IDAuMg0KDQpwaGFzZXM6DQogIHByZV9idWlsZDoNCiAgICBjb21tYW5kczoNCiAgICAgIC0gREVGQVVMVF9QQVRIPSQocHdkKQ0KICAgICAgLSBBV1NfTU9EVUxFX1NPVVJDRT0kKGF3cyBzc20gZ2V0LXBhcmFtZXRlciAtLW5hbWUgIi9hZnQvY29uZmlnL2FmdC1waXBlbGluZS1jb2RlLXNvdXJjZS9yZXBvLXVybCIgLS1xdWVyeSAiUGFyYW1ldGVyLlZhbHVlIiAtLW91dHB1dCB0ZXh0KQ0KICAgICAgLSBBV1NfTU9EVUxFX0dJVF9SRUY9JChhd3Mgc3NtIGdldC1wYXJhbWV0ZXIgLS1uYW1lICIvYWZ0L2NvbmZpZy9hZnQtcGlwZWxpbmUtY29kZS1zb3VyY2UvcmVwby1naXQtcmVmIiAtLXF1ZXJ5ICJQYXJhbWV0ZXIuVmFsdWUiIC0tb3V0cHV0IHRleHQpDQogICAgICAtIHwNCiAgICAgICAgc3NoX2tleV9wYXJhbWV0ZXI9JChhd3Mgc3NtIGdldC1wYXJhbWV0ZXIgLS1uYW1lIC9hZnQvY29uZmlnL2FmdC1zc2gta2V5IC0td2l0aC1kZWNyeXB0aW9uIDI+IC9kZXYvbnVsbCB8fCBlY2hvICJOb25lIikNCiAgICAgICAgaWYgW1sgJHNzaF9rZXlfcGFyYW1ldGVyICE9ICJOb25lIiBdXTsgdGhlbg0KICAgICAgICAgIHNzaF9rZXk9JChqcSAtLXJhdy1vdXRwdXQgIi5QYXJhbWV0ZXIuVmFsdWUiIDw8PCAkc3NoX2tleV9wYXJhbWV0ZXIpDQogICAgICAgICAgbWtkaXIgLXAgfi8uc3NoDQogICAgICAgICAgZWNobyAiSG9zdCAqIiA+PiB+Ly5zc2gvY29uZmlnDQogICAgICAgICAgZWNobyAiU3RyaWN0SG9zdEtleUNoZWNraW5nIG5vIiA+PiB+Ly5zc2gvY29uZmlnDQogICAgICAgICAgZWNobyAiVXNlcktub3duSG9zdHNGaWxlPS9kZXYvbnVsbCIgPj4gfi8uc3NoL2NvbmZpZw0KICAgICAgICAgIGVjaG8gIiRzc2hfa2V5IiA+IH4vLnNzaC9zc2hfa2V5DQogICAgICAgICAgZWNobyAtZSAiXG5cbiIgPj4gIH4vLnNzaC9zc2hfa2V5DQogICAgICAgICAgY2htb2QgNjAwIH4vLnNzaC9zc2hfa2V5DQogICAgICAgICAgZXZhbCAiJChzc2gtYWdlbnQgLXMpIg0KICAgICAgICAgIHNzaC1hZGQgfi8uc3NoL3NzaF9rZXkNCiAgICAgICAgZmkNCiAgICAgIC0gZ2l0IGNvbmZpZyAtLWdsb2JhbCBjcmVkZW50aWFsLmhlbHBlciAnIWF3cyBjb2RlY29tbWl0IGNyZWRlbnRpYWwtaGVscGVyICRAJw0KICAgICAgLSBnaXQgY29uZmlnIC0tZ2xvYmFsIGNyZWRlbnRpYWwuVXNlSHR0cFBhdGggdHJ1ZQ0KICAgICAgLSBnaXQgY2xvbmUgLWIgJEFXU19NT0RVTEVfR0lUX1JFRiAkQVdTX01PRFVMRV9TT1VSQ0UgYXdzLWFmdC1jb3JlLWZyYW1ld29yaw0KICAgICAgLSBjaG1vZCAreCAuL2F3cy1hZnQtY29yZS1mcmFtZXdvcmsvc291cmNlcy9zY3JpcHRzL2NyZWRzLnNoDQogICAgICAtIC4vYXdzLWFmdC1jb3JlLWZyYW1ld29yay9zb3VyY2VzL3NjcmlwdHMvY3JlZHMuc2ggLS1hY2NvdW50LWlkICRWRU5ERURfQUNDT1VOVF9JRA0KICAgICAgLSBweXRob24zIC1tIHZlbnYgLi92ZW52DQogICAgICAtIHNvdXJjZSAuL3ZlbnYvYmluL2FjdGl2YXRlDQogICAgICAtIHBpcCBpbnN0YWxsIC1yIC4vYXBpX2hlbHBlcnMvcHl0aG9uL3JlcXVpcmVtZW50cy50eHQNCiAgICAgIC0gY2htb2QgK3ggLi9hcGlfaGVscGVycy8kU0hFTExfU0NSSVBUDQogIGJ1aWxkOg0KICAgIGNvbW1hbmRzOg0KICAgICAgLSAuL2FwaV9oZWxwZXJzLyRTSEVMTF9TQ1JJUFQNCiAgcG9zdF9idWlsZDoNCiAgICBjb21tYW5kczoNCiAgICAgIC0gZWNobyAiUG9zdC1CdWlsZCINCg==",
            "filename": ".terraform/modules/aft/modules/aft-customizations/buildspecs/aft-global-customizations-api-helpers.yml",
            "id": "8043d241b0088a87c76fd3ba60de8aeaf2b74d8c"
          },
          "sensitive_attributes": []
        }
      ]
    },
    {
      "module": "module.aft.module.aft_customizations",
      "mode": "data",
      "type": "local_file",
      "name": "aft_global_customizations_terraform",
      "provider": "provider[\"registry.terraform.io/hashicorp/local\"]",
      "instances": [
        {
          "schema_version": 0,
          "attributes": {
            "content": "# Copyright Amazon.com, Inc. or its affiliates. All rights reserved.\r\n# SPDX-License-Identifier: Apache-2.0\r\n#\r\nversion: 0.2\r\n\r\nphases:\r\n  pre_build:\r\n    commands:\r\n      - DEFAULT_PATH=$(pwd)\r\n      - TIMESTAMP=$(date '+%Y-%m-%d %H:%M:%S')\r\n      - AWS_MODULE_SOURCE=$(aws ssm get-parameter --name \"/aft/config/aft-pipeline-code-source/repo-url\" --query \"Parameter.Value\" --output text)\r\n      - AWS_MODULE_GIT_REF=$(aws ssm get-parameter --name \"/aft/config/aft-pipeline-code-source/repo-git-ref\" --query \"Parameter.Value\" --output text)\r\n      - TF_VERSION=$(aws ssm get-parameter --name \"/aft/config/terraform/version\" --query \"Parameter.Value\" --output text)\r\n      - TF_DISTRIBUTION=$(aws ssm get-parameter --name \"/aft/config/terraform/distribution\" --query \"Parameter.Value\" --output text)\r\n      - CT_MGMT_REGION=$(aws ssm get-parameter --name \"/aft/config/ct-management-region\" --query \"Parameter.Value\" --output text)\r\n      - AFT_MGMT_ACCOUNT=$(aws ssm get-parameter --name \"/aft/account/aft-management/account-id\" --query \"Parameter.Value\" --output text)\r\n      - AFT_EXEC_ROLE_ARN=arn:aws:iam::$AFT_MGMT_ACCOUNT:role/AWSAFTExecution\r\n      - VENDED_EXEC_ROLE_ARN=arn:aws:iam::$VENDED_ACCOUNT_ID:role/AWSAFTExecution\r\n      - AFT_ADMIN_ROLE_NAME=$(aws ssm get-parameter --name /aft/resources/iam/aft-administrator-role-name | jq --raw-output \".Parameter.Value\")\r\n      - AFT_ADMIN_ROLE_ARN=arn:aws:iam::$AFT_MGMT_ACCOUNT:role/$AFT_ADMIN_ROLE_NAME\r\n      - ROLE_SESSION_NAME=$(aws ssm get-parameter --name /aft/resources/iam/aft-session-name | jq --raw-output \".Parameter.Value\")\r\n      - |\r\n        ssh_key_parameter=$(aws ssm get-parameter --name /aft/config/aft-ssh-key --with-decryption 2\u003e /dev/null || echo \"None\")\r\n        if [[ $ssh_key_parameter != \"None\" ]]; then\r\n          ssh_key=$(jq --raw-output \".Parameter.Value\" \u003c\u003c\u003c $ssh_key_parameter)\r\n          mkdir -p ~/.ssh\r\n          echo \"Host *\" \u003e\u003e ~/.ssh/config\r\n          echo \"StrictHostKeyChecking no\" \u003e\u003e ~/.ssh/config\r\n          echo \"UserKnownHostsFile=/dev/null\" \u003e\u003e ~/.ssh/config\r\n          echo \"$ssh_key\" \u003e ~/.ssh/ssh_key\r\n          echo -e \"\\n\\n\" \u003e\u003e  ~/.ssh/ssh_key\r\n          chmod 600 ~/.ssh/ssh_key\r\n          eval \"$(ssh-agent -s)\"\r\n          ssh-add ~/.ssh/ssh_key\r\n        fi\r\n      - git config --global credential.helper '!aws codecommit credential-helper $@'\r\n      - git config --global credential.UseHttpPath true\r\n      - git clone -b $AWS_MODULE_GIT_REF $AWS_MODULE_SOURCE aws-aft-core-framework\r\n      - python3 -m venv ./venv\r\n      - source ./venv/bin/activate\r\n      - pip install jinja2-cli==0.7.0 Jinja2==3.0.1 MarkupSafe==2.0.1 boto3==1.18.56 requests==2.26.0\r\n      - |\r\n        if [ $TF_DISTRIBUTION = \"oss\" ]; then\r\n          TF_BACKEND_REGION=$(aws ssm get-parameter --name \"/aft/config/oss-backend/primary-region\" --query \"Parameter.Value\" --output text)\r\n          TF_KMS_KEY_ID=$(aws ssm get-parameter --name \"/aft/config/oss-backend/kms-key-id\" --query \"Parameter.Value\" --output text)\r\n          TF_DDB_TABLE=$(aws ssm get-parameter --name \"/aft/config/oss-backend/table-id\" --query \"Parameter.Value\" --output text)\r\n          TF_S3_BUCKET=$(aws ssm get-parameter --name \"/aft/config/oss-backend/bucket-id\" --query \"Parameter.Value\" --output text)\r\n          TF_S3_KEY=$VENDED_ACCOUNT_ID-aft-global-customizations/terraform.tfstate\r\n          cd /tmp\r\n          echo \"Installing Terraform\"\r\n          curl -o terraform_${TF_VERSION}_linux_amd64.zip https://releases.hashicorp.com/terraform/${TF_VERSION}/terraform_${TF_VERSION}_linux_amd64.zip\r\n          unzip -o terraform_${TF_VERSION}_linux_amd64.zip \u0026\u0026 mv terraform /usr/bin\r\n          terraform --version\r\n          cd $DEFAULT_PATH/terraform\r\n          for f in *.jinja; do jinja2 $f -D timestamp=\"$TIMESTAMP\" -D tf_distribution_type=$TF_DISTRIBUTION -D provider_region=$CT_MGMT_REGION -D region=$TF_BACKEND_REGION -D aft_admin_role_arn=$AFT_EXEC_ROLE_ARN -D target_admin_role_arn=$VENDED_EXEC_ROLE_ARN -D bucket=$TF_S3_BUCKET -D key=$TF_S3_KEY -D dynamodb_table=$TF_DDB_TABLE -D kms_key_id=$TF_KMS_KEY_ID \u003e\u003e ./$(basename $f .jinja).tf; done\r\n          for f in *.tf; do echo \"\\n \\n\"; echo $f; cat $f; done\r\n          JSON=$(aws sts assume-role --role-arn ${AFT_ADMIN_ROLE_ARN} --role-session-name ${ROLE_SESSION_NAME})\r\n          #Make newly assumed role default session\r\n          export AWS_ACCESS_KEY_ID=$(echo ${JSON} | jq --raw-output \".Credentials[\\\"AccessKeyId\\\"]\")\r\n          export AWS_SECRET_ACCESS_KEY=$(echo ${JSON} | jq --raw-output \".Credentials[\\\"SecretAccessKey\\\"]\")\r\n          export AWS_SESSION_TOKEN=$(echo ${JSON} | jq --raw-output \".Credentials[\\\"SessionToken\\\"]\")\r\n          terraform init\r\n        else\r\n          TF_BACKEND_REGION=$(aws ssm get-parameter --name \"/aft/config/oss-backend/primary-region\" --query \"Parameter.Value\" --output text)\r\n          TF_ORG_NAME=$(aws ssm get-parameter --name \"/aft/config/terraform/org-name\" --query \"Parameter.Value\" --output text)\r\n          TF_TOKEN=$(aws ssm get-parameter --name \"/aft/config/terraform/token\" --with-decryption --query \"Parameter.Value\" --output text)\r\n          TF_ENDPOINT=$(aws ssm get-parameter --name \"/aft/config/terraform/api-endpoint\" --query \"Parameter.Value\" --output text)\r\n          TF_WORKSPACE_NAME=$VENDED_ACCOUNT_ID-aft-global-customizations\r\n          TF_CONFIG_PATH=\"./temp_configuration_file.tar.gz\"\r\n          cd $DEFAULT_PATH/terraform\r\n          for f in *.jinja; do jinja2 $f -D timestamp=\"$TIMESTAMP\" -D provider_region=$CT_MGMT_REGION -D tf_distribution_type=$TF_DISTRIBUTION -D aft_admin_role_arn=$AFT_EXEC_ROLE_ARN -D target_admin_role_arn=$VENDED_EXEC_ROLE_ARN -D terraform_org_name=$TF_ORG_NAME -D terraform_workspace_name=$TF_WORKSPACE_NAME  \u003e\u003e ./$(basename $f .jinja).tf; done\r\n          for f in *.tf; do echo \"\\n \\n\"; echo $f; cat $f; done\r\n          cd $DEFAULT_PATH\r\n          tar -czf temp_configuration_file.tar.gz -C terraform --exclude .git --exclude venv .\r\n          python3 $DEFAULT_PATH/aws-aft-core-framework/sources/scripts/workspace_manager.py --operation \"deploy\" --organization_name $TF_ORG_NAME --workspace_name $TF_WORKSPACE_NAME --assume_role_arn $AFT_ADMIN_ROLE_ARN --assume_role_session_name $ROLE_SESSION_NAME --api_endpoint $TF_ENDPOINT --api_token $TF_TOKEN --terraform_version $TF_VERSION --config_file $TF_CONFIG_PATH\r\n        fi\r\n\r\n  build:\r\n    commands:\r\n      - |\r\n        if [ $TF_DISTRIBUTION = \"oss\" ]; then\r\n          terraform apply --auto-approve\r\n        fi\r\n",
            "content_base64": "IyBDb3B5cmlnaHQgQW1hem9uLmNvbSwgSW5jLiBvciBpdHMgYWZmaWxpYXRlcy4gQWxsIHJpZ2h0cyByZXNlcnZlZC4NCiMgU1BEWC1MaWNlbnNlLUlkZW50aWZpZXI6IEFwYWNoZS0yLjANCiMNCnZlcnNpb246IDAuMg0KDQpwaGFzZXM6DQogIHByZV9idWlsZDoNCiAgICBjb21tYW5kczoNCiAgICAgIC0gREVGQVVMVF9QQVRIPSQocHdkKQ0KICAgICAgLSBUSU1FU1RBTVA9JChkYXRlICcrJVktJW0tJWQgJUg6JU06JVMnKQ0KICAgICAgLSBBV1NfTU9EVUxFX1NPVVJDRT0kKGF3cyBzc20gZ2V0LXBhcmFtZXRlciAtLW5hbWUgIi9hZnQvY29uZmlnL2FmdC1waXBlbGluZS1jb2RlLXNvdXJjZS9yZXBvLXVybCIgLS1xdWVyeSAiUGFyYW1ldGVyLlZhbHVlIiAtLW91dHB1dCB0ZXh0KQ0KICAgICAgLSBBV1NfTU9EVUxFX0dJVF9SRUY9JChhd3Mgc3NtIGdldC1wYXJhbWV0ZXIgLS1uYW1lICIvYWZ0L2NvbmZpZy9hZnQtcGlwZWxpbmUtY29kZS1zb3VyY2UvcmVwby1naXQtcmVmIiAtLXF1ZXJ5ICJQYXJhbWV0ZXIuVmFsdWUiIC0tb3V0cHV0IHRleHQpDQogICAgICAtIFRGX1ZFUlNJT049JChhd3Mgc3NtIGdldC1wYXJhbWV0ZXIgLS1uYW1lICIvYWZ0L2NvbmZpZy90ZXJyYWZvcm0vdmVyc2lvbiIgLS1xdWVyeSAiUGFyYW1ldGVyLlZhbHVlIiAtLW91dHB1dCB0ZXh0KQ0KICAgICAgLSBURl9ESVNUUklCVVRJT049JChhd3Mgc3NtIGdldC1wYXJhbWV0ZXIgLS1uYW1lICIvYWZ0L2NvbmZpZy90ZXJyYWZvcm0vZGlzdHJpYnV0aW9uIiAtLXF1ZXJ5ICJQYXJhbWV0ZXIuVmFsdWUiIC0tb3V0cHV0IHRleHQpDQogICAgICAtIENUX01HTVRfUkVHSU9OPSQoYXdzIHNzbSBnZXQtcGFyYW1ldGVyIC0tbmFtZSAiL2FmdC9jb25maWcvY3QtbWFuYWdlbWVudC1yZWdpb24iIC0tcXVlcnkgIlBhcmFtZXRlci5WYWx1ZSIgLS1vdXRwdXQgdGV4dCkNCiAgICAgIC0gQUZUX01HTVRfQUNDT1VOVD0kKGF3cyBzc20gZ2V0LXBhcmFtZXRlciAtLW5hbWUgIi9hZnQvYWNjb3VudC9hZnQtbWFuYWdlbWVudC9hY2NvdW50LWlkIiAtLXF1ZXJ5ICJQYXJhbWV0ZXIuVmFsdWUiIC0tb3V0cHV0IHRleHQpDQogICAgICAtIEFGVF9FWEVDX1JPTEVfQVJOPWFybjphd3M6aWFtOjokQUZUX01HTVRfQUNDT1VOVDpyb2xlL0FXU0FGVEV4ZWN1dGlvbg0KICAgICAgLSBWRU5ERURfRVhFQ19ST0xFX0FSTj1hcm46YXdzOmlhbTo6JFZFTkRFRF9BQ0NPVU5UX0lEOnJvbGUvQVdTQUZURXhlY3V0aW9uDQogICAgICAtIEFGVF9BRE1JTl9ST0xFX05BTUU9JChhd3Mgc3NtIGdldC1wYXJhbWV0ZXIgLS1uYW1lIC9hZnQvcmVzb3VyY2VzL2lhbS9hZnQtYWRtaW5pc3RyYXRvci1yb2xlLW5hbWUgfCBqcSAtLXJhdy1vdXRwdXQgIi5QYXJhbWV0ZXIuVmFsdWUiKQ0KICAgICAgLSBBRlRfQURNSU5fUk9MRV9BUk49YXJuOmF3czppYW06OiRBRlRfTUdNVF9BQ0NPVU5UOnJvbGUvJEFGVF9BRE1JTl9ST0xFX05BTUUNCiAgICAgIC0gUk9MRV9TRVNTSU9OX05BTUU9JChhd3Mgc3NtIGdldC1wYXJhbWV0ZXIgLS1uYW1lIC9hZnQvcmVzb3VyY2VzL2lhbS9hZnQtc2Vzc2lvbi1uYW1lIHwganEgLS1yYXctb3V0cHV0ICIuUGFyYW1ldGVyLlZhbHVlIikNCiAgICAgIC0gfA0KICAgICAgICBzc2hfa2V5X3BhcmFtZXRlcj0kKGF3cyBzc20gZ2V0LXBhcmFtZXRlciAtLW5hbWUgL2FmdC9jb25maWcvYWZ0LXNzaC1rZXkgLS13aXRoLWRlY3J5cHRpb24gMj4gL2Rldi9udWxsIHx8IGVjaG8gIk5vbmUiKQ0KICAgICAgICBpZiBbWyAkc3NoX2tleV9wYXJhbWV0ZXIgIT0gIk5vbmUiIF1dOyB0aGVuDQogICAgICAgICAgc3NoX2tleT0kKGpxIC0tcmF3LW91dHB1dCAiLlBhcmFtZXRlci5WYWx1ZSIgPDw8ICRzc2hfa2V5X3BhcmFtZXRlcikNCiAgICAgICAgICBta2RpciAtcCB+Ly5zc2gNCiAgICAgICAgICBlY2hvICJIb3N0ICoiID4+IH4vLnNzaC9jb25maWcNCiAgICAgICAgICBlY2hvICJTdHJpY3RIb3N0S2V5Q2hlY2tpbmcgbm8iID4+IH4vLnNzaC9jb25maWcNCiAgICAgICAgICBlY2hvICJVc2VyS25vd25Ib3N0c0ZpbGU9L2Rldi9udWxsIiA+PiB+Ly5zc2gvY29uZmlnDQogICAgICAgICAgZWNobyAiJHNzaF9rZXkiID4gfi8uc3NoL3NzaF9rZXkNCiAgICAgICAgICBlY2hvIC1lICJcblxuIiA+PiAgfi8uc3NoL3NzaF9rZXkNCiAgICAgICAgICBjaG1vZCA2MDAgfi8uc3NoL3NzaF9rZXkNCiAgICAgICAgICBldmFsICIkKHNzaC1hZ2VudCAtcykiDQogICAgICAgICAgc3NoLWFkZCB+Ly5zc2gvc3NoX2tleQ0KICAgICAgICBmaQ0KICAgICAgLSBnaXQgY29uZmlnIC0tZ2xvYmFsIGNyZWRlbnRpYWwuaGVscGVyICchYXdzIGNvZGVjb21taXQgY3JlZGVudGlhbC1oZWxwZXIgJEAnDQogICAgICAtIGdpdCBjb25maWcgLS1nbG9iYWwgY3JlZGVudGlhbC5Vc2VIdHRwUGF0aCB0cnVlDQogICAgICAtIGdpdCBjbG9uZSAtYiAkQVdTX01PRFVMRV9HSVRfUkVGICRBV1NfTU9EVUxFX1NPVVJDRSBhd3MtYWZ0LWNvcmUtZnJhbWV3b3JrDQogICAgICAtIHB5dGhvbjMgLW0gdmVudiAuL3ZlbnYNCiAgICAgIC0gc291cmNlIC4vdmVudi9iaW4vYWN0aXZhdGUNCiAgICAgIC0gcGlwIGluc3RhbGwgamluamEyLWNsaT09MC43LjAgSmluamEyPT0zLjAuMSBNYXJrdXBTYWZlPT0yLjAuMSBib3RvMz09MS4xOC41NiByZXF1ZXN0cz09Mi4yNi4wDQogICAgICAtIHwNCiAgICAgICAgaWYgWyAkVEZfRElTVFJJQlVUSU9OID0gIm9zcyIgXTsgdGhlbg0KICAgICAgICAgIFRGX0JBQ0tFTkRfUkVHSU9OPSQoYXdzIHNzbSBnZXQtcGFyYW1ldGVyIC0tbmFtZSAiL2FmdC9jb25maWcvb3NzLWJhY2tlbmQvcHJpbWFyeS1yZWdpb24iIC0tcXVlcnkgIlBhcmFtZXRlci5WYWx1ZSIgLS1vdXRwdXQgdGV4dCkNCiAgICAgICAgICBURl9LTVNfS0VZX0lEPSQoYXdzIHNzbSBnZXQtcGFyYW1ldGVyIC0tbmFtZSAiL2FmdC9jb25maWcvb3NzLWJhY2tlbmQva21zLWtleS1pZCIgLS1xdWVyeSAiUGFyYW1ldGVyLlZhbHVlIiAtLW91dHB1dCB0ZXh0KQ0KICAgICAgICAgIFRGX0REQl9UQUJMRT0kKGF3cyBzc20gZ2V0LXBhcmFtZXRlciAtLW5hbWUgIi9hZnQvY29uZmlnL29zcy1iYWNrZW5kL3RhYmxlLWlkIiAtLXF1ZXJ5ICJQYXJhbWV0ZXIuVmFsdWUiIC0tb3V0cHV0IHRleHQpDQogICAgICAgICAgVEZfUzNfQlVDS0VUPSQoYXdzIHNzbSBnZXQtcGFyYW1ldGVyIC0tbmFtZSAiL2FmdC9jb25maWcvb3NzLWJhY2tlbmQvYnVja2V0LWlkIiAtLXF1ZXJ5ICJQYXJhbWV0ZXIuVmFsdWUiIC0tb3V0cHV0IHRleHQpDQogICAgICAgICAgVEZfUzNfS0VZPSRWRU5ERURfQUNDT1VOVF9JRC1hZnQtZ2xvYmFsLWN1c3RvbWl6YXRpb25zL3RlcnJhZm9ybS50ZnN0YXRlDQogICAgICAgICAgY2QgL3RtcA0KICAgICAgICAgIGVjaG8gIkluc3RhbGxpbmcgVGVycmFmb3JtIg0KICAgICAgICAgIGN1cmwgLW8gdGVycmFmb3JtXyR7VEZfVkVSU0lPTn1fbGludXhfYW1kNjQuemlwIGh0dHBzOi8vcmVsZWFzZXMuaGFzaGljb3JwLmNvbS90ZXJyYWZvcm0vJHtURl9WRVJTSU9OfS90ZXJyYWZvcm1fJHtURl9WRVJTSU9OfV9saW51eF9hbWQ2NC56aXANCiAgICAgICAgICB1bnppcCAtbyB0ZXJyYWZvcm1fJHtURl9WRVJTSU9OfV9saW51eF9hbWQ2NC56aXAgJiYgbXYgdGVycmFmb3JtIC91c3IvYmluDQogICAgICAgICAgdGVycmFmb3JtIC0tdmVyc2lvbg0KICAgICAgICAgIGNkICRERUZBVUxUX1BBVEgvdGVycmFmb3JtDQogICAgICAgICAgZm9yIGYgaW4gKi5qaW5qYTsgZG8gamluamEyICRmIC1EIHRpbWVzdGFtcD0iJFRJTUVTVEFNUCIgLUQgdGZfZGlzdHJpYnV0aW9uX3R5cGU9JFRGX0RJU1RSSUJVVElPTiAtRCBwcm92aWRlcl9yZWdpb249JENUX01HTVRfUkVHSU9OIC1EIHJlZ2lvbj0kVEZfQkFDS0VORF9SRUdJT04gLUQgYWZ0X2FkbWluX3JvbGVfYXJuPSRBRlRfRVhFQ19ST0xFX0FSTiAtRCB0YXJnZXRfYWRtaW5fcm9sZV9hcm49JFZFTkRFRF9FWEVDX1JPTEVfQVJOIC1EIGJ1Y2tldD0kVEZfUzNfQlVDS0VUIC1EIGtleT0kVEZfUzNfS0VZIC1EIGR5bmFtb2RiX3RhYmxlPSRURl9EREJfVEFCTEUgLUQga21zX2tleV9pZD0kVEZfS01TX0tFWV9JRCA+PiAuLyQoYmFzZW5hbWUgJGYgLmppbmphKS50ZjsgZG9uZQ0KICAgICAgICAgIGZvciBmIGluICoudGY7IGRvIGVjaG8gIlxuIFxuIjsgZWNobyAkZjsgY2F0ICRmOyBkb25lDQogICAgICAgICAgSlNPTj0kKGF3cyBzdHMgYXNzdW1lLXJvbGUgLS1yb2xlLWFybiAke0FGVF9BRE1JTl9ST0xFX0FSTn0gLS1yb2xlLXNlc3Npb24tbmFtZSAke1JPTEVfU0VTU0lPTl9OQU1FfSkNCiAgICAgICAgICAjTWFrZSBuZXdseSBhc3N1bWVkIHJvbGUgZGVmYXVsdCBzZXNzaW9uDQogICAgICAgICAgZXhwb3J0IEFXU19BQ0NFU1NfS0VZX0lEPSQoZWNobyAke0pTT059IHwganEgLS1yYXctb3V0cHV0ICIuQ3JlZGVudGlhbHNbXCJBY2Nlc3NLZXlJZFwiXSIpDQogICAgICAgICAgZXhwb3J0IEFXU19TRUNSRVRfQUNDRVNTX0tFWT0kKGVjaG8gJHtKU09OfSB8IGpxIC0tcmF3LW91dHB1dCAiLkNyZWRlbnRpYWxzW1wiU2VjcmV0QWNjZXNzS2V5XCJdIikNCiAgICAgICAgICBleHBvcnQgQVdTX1NFU1NJT05fVE9LRU49JChlY2hvICR7SlNPTn0gfCBqcSAtLXJhdy1vdXRwdXQgIi5DcmVkZW50aWFsc1tcIlNlc3Npb25Ub2tlblwiXSIpDQogICAgICAgICAgdGVycmFmb3JtIGluaXQNCiAgICAgICAgZWxzZQ0KICAgICAgICAgIFRGX0JBQ0tFTkRfUkVHSU9OPSQoYXdzIHNzbSBnZXQtcGFyYW1ldGVyIC0tbmFtZSAiL2FmdC9jb25maWcvb3NzLWJhY2tlbmQvcHJpbWFyeS1yZWdpb24iIC0tcXVlcnkgIlBhcmFtZXRlci5WYWx1ZSIgLS1vdXRwdXQgdGV4dCkNCiAgICAgICAgICBURl9PUkdfTkFNRT0kKGF3cyBzc20gZ2V0LXBhcmFtZXRlciAtLW5hbWUgIi9hZnQvY29uZmlnL3RlcnJhZm9ybS9vcmctbmFtZSIgLS1xdWVyeSAiUGFyYW1ldGVyLlZhbHVlIiAtLW91dHB1dCB0ZXh0KQ0KICAgICAgICAgIFRGX1RPS0VOPSQoYXdzIHNzbSBnZXQtcGFyYW1ldGVyIC0tbmFtZSAiL2FmdC9jb25maWcvdGVycmFmb3JtL3Rva2VuIiAtLXdpdGgtZGVjcnlwdGlvbiAtLXF1ZXJ5ICJQYXJhbWV0ZXIuVmFsdWUiIC0tb3V0cHV0IHRleHQpDQogICAgICAgICAgVEZfRU5EUE9JTlQ9JChhd3Mgc3NtIGdldC1wYXJhbWV0ZXIgLS1uYW1lICIvYWZ0L2NvbmZpZy90ZXJyYWZvcm0vYXBpLWVuZHBvaW50IiAtLXF1ZXJ5ICJQYXJhbWV0ZXIuVmFsdWUiIC0tb3V0cHV0IHRleHQpDQogICAgICAgICAgVEZfV09SS1NQQUNFX05BTUU9JFZFTkRFRF9BQ0NPVU5UX0lELWFmdC1nbG9iYWwtY3VzdG9taXphdGlvbnMNCiAgICAgICAgICBURl9DT05GSUdfUEFUSD0iLi90ZW1wX2NvbmZpZ3VyYXRpb25fZmlsZS50YXIuZ3oiDQogICAgICAgICAgY2QgJERFRkFVTFRfUEFUSC90ZXJyYWZvcm0NCiAgICAgICAgICBmb3IgZiBpbiAqLmppbmphOyBkbyBqaW5qYTIgJGYgLUQgdGltZXN0YW1wPSIkVElNRVNUQU1QIiAtRCBwcm92aWRlcl9yZWdpb249JENUX01HTVRfUkVHSU9OIC1EIHRmX2Rpc3RyaWJ1dGlvbl90eXBlPSRURl9ESVNUUklCVVRJT04gLUQgYWZ0X2FkbWluX3JvbGVfYXJuPSRBRlRfRVhFQ19ST0xFX0FSTiAtRCB0YXJnZXRfYWRtaW5fcm9sZV9hcm49JFZFTkRFRF9FWEVDX1JPTEVfQVJOIC1EIHRlcnJhZm9ybV9vcmdfbmFtZT0kVEZfT1JHX05BTUUgLUQgdGVycmFmb3JtX3dvcmtzcGFjZV9uYW1lPSRURl9XT1JLU1BBQ0VfTkFNRSAgPj4gLi8kKGJhc2VuYW1lICRmIC5qaW5qYSkudGY7IGRvbmUNCiAgICAgICAgICBmb3IgZiBpbiAqLnRmOyBkbyBlY2hvICJcbiBcbiI7IGVjaG8gJGY7IGNhdCAkZjsgZG9uZQ0KICAgICAgICAgIGNkICRERUZBVUxUX1BBVEgNCiAgICAgICAgICB0YXIgLWN6ZiB0ZW1wX2NvbmZpZ3VyYXRpb25fZmlsZS50YXIuZ3ogLUMgdGVycmFmb3JtIC0tZXhjbHVkZSAuZ2l0IC0tZXhjbHVkZSB2ZW52IC4NCiAgICAgICAgICBweXRob24zICRERUZBVUxUX1BBVEgvYXdzLWFmdC1jb3JlLWZyYW1ld29yay9zb3VyY2VzL3NjcmlwdHMvd29ya3NwYWNlX21hbmFnZXIucHkgLS1vcGVyYXRpb24gImRlcGxveSIgLS1vcmdhbml6YXRpb25fbmFtZSAkVEZfT1JHX05BTUUgLS13b3Jrc3BhY2VfbmFtZSAkVEZfV09SS1NQQUNFX05BTUUgLS1hc3N1bWVfcm9sZV9hcm4gJEFGVF9BRE1JTl9ST0xFX0FSTiAtLWFzc3VtZV9yb2xlX3Nlc3Npb25fbmFtZSAkUk9MRV9TRVNTSU9OX05BTUUgLS1hcGlfZW5kcG9pbnQgJFRGX0VORFBPSU5UIC0tYXBpX3Rva2VuICRURl9UT0tFTiAtLXRlcnJhZm9ybV92ZXJzaW9uICRURl9WRVJTSU9OIC0tY29uZmlnX2ZpbGUgJFRGX0NPTkZJR19QQVRIDQogICAgICAgIGZpDQoNCiAgYnVpbGQ6DQogICAgY29tbWFuZHM6DQogICAgICAtIHwNCiAgICAgICAgaWYgWyAkVEZfRElTVFJJQlVUSU9OID0gIm9zcyIgXTsgdGhlbg0KICAgICAgICAgIHRlcnJhZm9ybSBhcHBseSAtLWF1dG8tYXBwcm92ZQ0KICAgICAgICBmaQ0K",
            "filename": ".terraform/modules/aft/modules/aft-customizations/buildspecs/aft-global-customizations-terraform.yml",
            "id": "3dede2f3c1fbac61a9d4e44a8584e08677e7567d"
          },
          "sensitive_attributes": []
        }
      ]
    },
    {
      "module": "module.aft.module.aft_customizations",
      "mode": "managed",
      "type": "aws_cloudwatch_log_group",
      "name": "aft_account_customizations_api_helpers",
      "provider": "module.aft.provider[\"registry.terraform.io/hashicorp/aws\"].aft_management",
      "instances": [
        {
          "schema_version": 0,
          "attributes": {
            "arn": "arn:aws:logs:us-east-1:008298205562:log-group:/aws/codebuild/aft-account-customizations-api-helpers",
            "id": "/aws/codebuild/aft-account-customizations-api-helpers",
            "kms_key_id": "",
            "name": "/aws/codebuild/aft-account-customizations-api-helpers",
            "name_prefix": null,
            "retention_in_days": 0,
            "tags": {},
            "tags_all": {
              "managed_by": "AFT"
            }
          },
          "sensitive_attributes": [],
          "private": "bnVsbA=="
        }
      ]
    },
    {
      "module": "module.aft.module.aft_customizations",
      "mode": "managed",
      "type": "aws_cloudwatch_log_group",
      "name": "aft_account_customizations_terraform",
      "provider": "module.aft.provider[\"registry.terraform.io/hashicorp/aws\"].aft_management",
      "instances": [
        {
          "schema_version": 0,
          "attributes": {
            "arn": "arn:aws:logs:us-east-1:008298205562:log-group:/aws/codebuild/aft-account-customizations-terraform",
            "id": "/aws/codebuild/aft-account-customizations-terraform",
            "kms_key_id": "",
            "name": "/aws/codebuild/aft-account-customizations-terraform",
            "name_prefix": null,
            "retention_in_days": 0,
            "tags": {},
            "tags_all": {
              "managed_by": "AFT"
            }
          },
          "sensitive_attributes": [],
          "private": "bnVsbA=="
        }
      ]
    },
    {
      "module": "module.aft.module.aft_customizations",
      "mode": "managed",
      "type": "aws_cloudwatch_log_group",
      "name": "aft_create_pipeline",
      "provider": "module.aft.provider[\"registry.terraform.io/hashicorp/aws\"].aft_management",
      "instances": [
        {
          "schema_version": 0,
          "attributes": {
            "arn": "arn:aws:logs:us-east-1:008298205562:log-group:/aws/codebuild/aft-create-pipeline",
            "id": "/aws/codebuild/aft-create-pipeline",
            "kms_key_id": "",
            "name": "/aws/codebuild/aft-create-pipeline",
            "name_prefix": null,
            "retention_in_days": 0,
            "tags": {},
            "tags_all": {
              "managed_by": "AFT"
            }
          },
          "sensitive_attributes": [],
          "private": "bnVsbA=="
        }
      ]
    },
    {
      "module": "module.aft.module.aft_customizations",
      "mode": "managed",
      "type": "aws_cloudwatch_log_group",
      "name": "aft_customizations_identify_targets",
      "provider": "module.aft.provider[\"registry.terraform.io/hashicorp/aws\"].aft_management",
      "instances": [
        {
          "schema_version": 0,
          "attributes": {
            "arn": "arn:aws:logs:us-east-1:008298205562:log-group:/aws/lambda/aft-customizations-identify-targets",
            "id": "/aws/lambda/aft-customizations-identify-targets",
            "kms_key_id": "",
            "name": "/aws/lambda/aft-customizations-identify-targets",
            "name_prefix": null,
            "retention_in_days": 0,
            "tags": {},
            "tags_all": {
              "managed_by": "AFT"
            }
          },
          "sensitive_attributes": [],
          "private": "bnVsbA==",
          "dependencies": [
            "module.aft.data.local_file.version",
            "module.aft.module.aft_account_request_framework.aws_kms_key.aft",
            "module.aft.module.aft_account_request_framework.aws_security_group.aft_vpc_default_sg",
            "module.aft.module.aft_account_request_framework.aws_subnet.aft_vpc_private_subnet_01",
            "module.aft.module.aft_account_request_framework.aws_subnet.aft_vpc_private_subnet_02",
            "module.aft.module.aft_account_request_framework.aws_vpc.aft_vpc",
            "module.aft.module.aft_account_request_framework.data.aws_availability_zones.available",
            "module.aft.module.aft_customizations.aws_iam_role.aft_customizations_identify_targets_lambda",
            "module.aft.module.aft_customizations.aws_lambda_function.aft_customizations_identify_targets",
            "module.aft.module.aft_customizations.aws_s3_bucket.aft_codepipeline_customizations_bucket",
            "module.aft.module.aft_customizations.data.aws_caller_identity.current",
            "module.aft.module.aft_lambda_layer.aws_codebuild_project.codebuild",
            "module.aft.module.aft_lambda_layer.aws_iam_role.codebuild",
            "module.aft.module.aft_lambda_layer.aws_iam_role.codebuild_invoker_lambda_role",
            "module.aft.module.aft_lambda_layer.aws_lambda_function.codebuild_invoker",
            "module.aft.module.aft_lambda_layer.aws_lambda_layer_version.layer_version",
            "module.aft.module.aft_lambda_layer.data.aws_lambda_invocation.invoke_codebuild_job",
            "module.aft.module.aft_lambda_layer.data.local_file.aft_lambda_layer",
            "module.aft.module.aft_lambda_layer.random_string.resource_suffix",
            "module.aft.module.packaging.data.archive_file.builder",
            "module.aft.module.packaging.data.archive_file.customizations"
          ]
        }
      ]
    },
    {
      "module": "module.aft.module.aft_customizations",
      "mode": "managed",
      "type": "aws_cloudwatch_log_group",
      "name": "aft_customizations_invoke_account_provisioning",
      "provider": "module.aft.provider[\"registry.terraform.io/hashicorp/aws\"].aft_management",
      "instances": [
        {
          "schema_version": 0,
          "attributes": {
            "arn": "arn:aws:logs:us-east-1:008298205562:log-group:/aws/lambda/aft-customizations-invoke-account-provisioning",
            "id": "/aws/lambda/aft-customizations-invoke-account-provisioning",
            "kms_key_id": "",
            "name": "/aws/lambda/aft-customizations-invoke-account-provisioning",
            "name_prefix": null,
            "retention_in_days": 0,
            "tags": {},
            "tags_all": {
              "managed_by": "AFT"
            }
          },
          "sensitive_attributes": [],
          "private": "bnVsbA==",
          "dependencies": [
            "module.aft.data.local_file.version",
            "module.aft.module.aft_account_request_framework.aws_kms_key.aft",
            "module.aft.module.aft_account_request_framework.aws_security_group.aft_vpc_default_sg",
            "module.aft.module.aft_account_request_framework.aws_subnet.aft_vpc_private_subnet_01",
            "module.aft.module.aft_account_request_framework.aws_subnet.aft_vpc_private_subnet_02",
            "module.aft.module.aft_account_request_framework.aws_vpc.aft_vpc",
            "module.aft.module.aft_account_request_framework.data.aws_availability_zones.available",
            "module.aft.module.aft_customizations.aws_iam_role.aft_customizations_invoke_account_provisioning_lambda",
            "module.aft.module.aft_customizations.aws_lambda_function.aft_customizations_invoke_account_provisioning",
            "module.aft.module.aft_customizations.aws_s3_bucket.aft_codepipeline_customizations_bucket",
            "module.aft.module.aft_customizations.data.aws_caller_identity.current",
            "module.aft.module.aft_lambda_layer.aws_codebuild_project.codebuild",
            "module.aft.module.aft_lambda_layer.aws_iam_role.codebuild",
            "module.aft.module.aft_lambda_layer.aws_iam_role.codebuild_invoker_lambda_role",
            "module.aft.module.aft_lambda_layer.aws_lambda_function.codebuild_invoker",
            "module.aft.module.aft_lambda_layer.aws_lambda_layer_version.layer_version",
            "module.aft.module.aft_lambda_layer.data.aws_lambda_invocation.invoke_codebuild_job",
            "module.aft.module.aft_lambda_layer.data.local_file.aft_lambda_layer",
            "module.aft.module.aft_lambda_layer.random_string.resource_suffix",
            "module.aft.module.packaging.data.archive_file.builder",
            "module.aft.module.packaging.data.archive_file.customizations"
          ]
        }
      ]
    },
    {
      "module": "module.aft.module.aft_customizations",
      "mode": "managed",
      "type": "aws_cloudwatch_log_group",
      "name": "aft_execute_pipeline",
      "provider": "module.aft.provider[\"registry.terraform.io/hashicorp/aws\"].aft_management",
      "instances": [
        {
          "schema_version": 0,
          "attributes": {
            "arn": "arn:aws:logs:us-east-1:008298205562:log-group:/aws/lambda/aft-customizations-execute-pipeline",
            "id": "/aws/lambda/aft-customizations-execute-pipeline",
            "kms_key_id": "",
            "name": "/aws/lambda/aft-customizations-execute-pipeline",
            "name_prefix": null,
            "retention_in_days": 0,
            "tags": {},
            "tags_all": {
              "managed_by": "AFT"
            }
          },
          "sensitive_attributes": [],
          "private": "bnVsbA==",
          "dependencies": [
            "module.aft.data.local_file.version",
            "module.aft.module.aft_account_request_framework.aws_kms_key.aft",
            "module.aft.module.aft_account_request_framework.aws_security_group.aft_vpc_default_sg",
            "module.aft.module.aft_account_request_framework.aws_subnet.aft_vpc_private_subnet_01",
            "module.aft.module.aft_account_request_framework.aws_subnet.aft_vpc_private_subnet_02",
            "module.aft.module.aft_account_request_framework.aws_vpc.aft_vpc",
            "module.aft.module.aft_account_request_framework.data.aws_availability_zones.available",
            "module.aft.module.aft_customizations.aws_iam_role.aft_customizations_execute_pipeline_lambda",
            "module.aft.module.aft_customizations.aws_lambda_function.aft_customizations_execute_pipeline",
            "module.aft.module.aft_customizations.aws_s3_bucket.aft_codepipeline_customizations_bucket",
            "module.aft.module.aft_customizations.data.aws_caller_identity.current",
            "module.aft.module.aft_lambda_layer.aws_codebuild_project.codebuild",
            "module.aft.module.aft_lambda_layer.aws_iam_role.codebuild",
            "module.aft.module.aft_lambda_layer.aws_iam_role.codebuild_invoker_lambda_role",
            "module.aft.module.aft_lambda_layer.aws_lambda_function.codebuild_invoker",
            "module.aft.module.aft_lambda_layer.aws_lambda_layer_version.layer_version",
            "module.aft.module.aft_lambda_layer.data.aws_lambda_invocation.invoke_codebuild_job",
            "module.aft.module.aft_lambda_layer.data.local_file.aft_lambda_layer",
            "module.aft.module.aft_lambda_layer.random_string.resource_suffix",
            "module.aft.module.packaging.data.archive_file.builder",
            "module.aft.module.packaging.data.archive_file.customizations"
          ]
        }
      ]
    },
    {
      "module": "module.aft.module.aft_customizations",
      "mode": "managed",
      "type": "aws_cloudwatch_log_group",
      "name": "aft_get_pipeline_executions",
      "provider": "module.aft.provider[\"registry.terraform.io/hashicorp/aws\"].aft_management",
      "instances": [
        {
          "schema_version": 0,
          "attributes": {
            "arn": "arn:aws:logs:us-east-1:008298205562:log-group:/aws/lambda/aft-customizations-get-pipeline-executions",
            "id": "/aws/lambda/aft-customizations-get-pipeline-executions",
            "kms_key_id": "",
            "name": "/aws/lambda/aft-customizations-get-pipeline-executions",
            "name_prefix": null,
            "retention_in_days": 0,
            "tags": {},
            "tags_all": {
              "managed_by": "AFT"
            }
          },
          "sensitive_attributes": [],
          "private": "bnVsbA==",
          "dependencies": [
            "module.aft.data.local_file.version",
            "module.aft.module.aft_account_request_framework.aws_kms_key.aft",
            "module.aft.module.aft_account_request_framework.aws_security_group.aft_vpc_default_sg",
            "module.aft.module.aft_account_request_framework.aws_subnet.aft_vpc_private_subnet_01",
            "module.aft.module.aft_account_request_framework.aws_subnet.aft_vpc_private_subnet_02",
            "module.aft.module.aft_account_request_framework.aws_vpc.aft_vpc",
            "module.aft.module.aft_account_request_framework.data.aws_availability_zones.available",
            "module.aft.module.aft_customizations.aws_iam_role.aft_customizations_get_pipeline_executions_lambda",
            "module.aft.module.aft_customizations.aws_lambda_function.aft_customizations_get_pipeline_executions",
            "module.aft.module.aft_customizations.aws_s3_bucket.aft_codepipeline_customizations_bucket",
            "module.aft.module.aft_customizations.data.aws_caller_identity.current",
            "module.aft.module.aft_lambda_layer.aws_codebuild_project.codebuild",
            "module.aft.module.aft_lambda_layer.aws_iam_role.codebuild",
            "module.aft.module.aft_lambda_layer.aws_iam_role.codebuild_invoker_lambda_role",
            "module.aft.module.aft_lambda_layer.aws_lambda_function.codebuild_invoker",
            "module.aft.module.aft_lambda_layer.aws_lambda_layer_version.layer_version",
            "module.aft.module.aft_lambda_layer.data.aws_lambda_invocation.invoke_codebuild_job",
            "module.aft.module.aft_lambda_layer.data.local_file.aft_lambda_layer",
            "module.aft.module.aft_lambda_layer.random_string.resource_suffix",
            "module.aft.module.packaging.data.archive_file.builder",
            "module.aft.module.packaging.data.archive_file.customizations"
          ]
        }
      ]
    },
    {
      "module": "module.aft.module.aft_customizations",
      "mode": "managed",
      "type": "aws_cloudwatch_log_group",
      "name": "aft_global_customizations_api_helpers",
      "provider": "module.aft.provider[\"registry.terraform.io/hashicorp/aws\"].aft_management",
      "instances": [
        {
          "schema_version": 0,
          "attributes": {
            "arn": "arn:aws:logs:us-east-1:008298205562:log-group:/aws/codebuild/aft-global-customizations-api-helpers",
            "id": "/aws/codebuild/aft-global-customizations-api-helpers",
            "kms_key_id": "",
            "name": "/aws/codebuild/aft-global-customizations-api-helpers",
            "name_prefix": null,
            "retention_in_days": 0,
            "tags": {},
            "tags_all": {
              "managed_by": "AFT"
            }
          },
          "sensitive_attributes": [],
          "private": "bnVsbA=="
        }
      ]
    },
    {
      "module": "module.aft.module.aft_customizations",
      "mode": "managed",
      "type": "aws_cloudwatch_log_group",
      "name": "aft_global_customizations_terraform",
      "provider": "module.aft.provider[\"registry.terraform.io/hashicorp/aws\"].aft_management",
      "instances": [
        {
          "schema_version": 0,
          "attributes": {
            "arn": "arn:aws:logs:us-east-1:008298205562:log-group:/aws/codebuild/aft-global-customizations-terraform",
            "id": "/aws/codebuild/aft-global-customizations-terraform",
            "kms_key_id": "",
            "name": "/aws/codebuild/aft-global-customizations-terraform",
            "name_prefix": null,
            "retention_in_days": 0,
            "tags": {},
            "tags_all": {
              "managed_by": "AFT"
            }
          },
          "sensitive_attributes": [],
          "private": "bnVsbA=="
        }
      ]
    },
    {
      "module": "module.aft.module.aft_customizations",
      "mode": "managed",
      "type": "aws_codebuild_project",
      "name": "aft_account_customizations_api_helpers",
      "provider": "module.aft.provider[\"registry.terraform.io/hashicorp/aws\"].aft_management",
      "instances": [
        {
          "schema_version": 0,
          "attributes": {
            "arn": "arn:aws:codebuild:us-east-1:008298205562:project/aft-account-customizations-api-helpers",
            "artifacts": [
              {
                "artifact_identifier": "",
                "bucket_owner_access": "",
                "encryption_disabled": false,
                "location": "",
                "name": "aft-account-customizations-api-helpers",
                "namespace_type": "",
                "override_artifact_name": false,
                "packaging": "NONE",
                "path": "",
                "type": "CODEPIPELINE"
              }
            ],
            "badge_enabled": false,
            "badge_url": "",
            "build_batch_config": [],
            "build_timeout": 60,
            "cache": [
              {
                "location": "",
                "modes": [],
                "type": "NO_CACHE"
              }
            ],
            "concurrent_build_limit": 0,
            "description": "Job to run API helpers provided by the customer AFT Account Module",
            "encryption_key": "arn:aws:kms:us-east-1:008298205562:key/aeafe814-f92c-4a5f-8f47-6cc9d9f2c498",
            "environment": [
              {
                "certificate": "",
                "compute_type": "BUILD_GENERAL1_MEDIUM",
                "environment_variable": [],
                "image": "aws/codebuild/amazonlinux2-x86_64-standard:3.0",
                "image_pull_credentials_type": "CODEBUILD",
                "privileged_mode": false,
                "registry_credential": [],
                "type": "LINUX_CONTAINER"
              }
            ],
            "file_system_locations": [],
            "id": "arn:aws:codebuild:us-east-1:008298205562:project/aft-account-customizations-api-helpers",
            "logs_config": [
              {
                "cloudwatch_logs": [
                  {
                    "group_name": "/aws/codebuild/aft-account-customizations-api-helpers",
                    "status": "ENABLED",
                    "stream_name": ""
                  }
                ],
                "s3_logs": [
                  {
                    "bucket_owner_access": "",
                    "encryption_disabled": false,
                    "location": "aft-customizations-pipeline-008298205562/aft-account-customizations-api-helpers-logs",
                    "status": "ENABLED"
                  }
                ]
              }
            ],
            "name": "aft-account-customizations-api-helpers",
            "project_visibility": "PRIVATE",
            "public_project_alias": "",
            "queued_timeout": 480,
            "resource_access_role": "",
            "secondary_artifacts": [],
            "secondary_source_version": [],
            "secondary_sources": [],
            "service_role": "arn:aws:iam::008298205562:role/aft-codebuild-customizations-role",
            "source": [
              {
                "auth": [],
                "build_status_config": [],
                "buildspec": "# Copyright Amazon.com, Inc. or its affiliates. All rights reserved.\r\n# SPDX-License-Identifier: Apache-2.0\r\n#\r\nversion: 0.2\r\n\r\nphases:\r\n  pre_build:\r\n    commands:\r\n      - DEFAULT_PATH=$(pwd)\r\n      - AWS_MODULE_SOURCE=$(aws ssm get-parameter --name \"/aft/config/aft-pipeline-code-source/repo-url\" --query \"Parameter.Value\" --output text)\r\n      - AWS_MODULE_GIT_REF=$(aws ssm get-parameter --name \"/aft/config/aft-pipeline-code-source/repo-git-ref\" --query \"Parameter.Value\" --output text)\r\n      - |\r\n        CUSTOMIZATION=$(aws dynamodb get-item --table-name aft-request-metadata --key \"{\\\"id\\\": {\\\"S\\\": \\\"$VENDED_ACCOUNT_ID\\\"}}\" --attributes-to-get \"account_customizations_name\" | jq --raw-output \".Item.account_customizations_name.S\")\r\n      - echo $CUSTOMIZATION\r\n      - |\r\n        ssh_key_parameter=$(aws ssm get-parameter --name /aft/config/aft-ssh-key --with-decryption 2\u003e /dev/null || echo \"None\")\r\n        if [[ $ssh_key_parameter != \"None\" ]]; then\r\n          ssh_key=$(jq --raw-output \".Parameter.Value\" \u003c\u003c\u003c $ssh_key_parameter)\r\n          mkdir -p ~/.ssh\r\n          echo \"Host *\" \u003e\u003e ~/.ssh/config\r\n          echo \"StrictHostKeyChecking no\" \u003e\u003e ~/.ssh/config\r\n          echo \"UserKnownHostsFile=/dev/null\" \u003e\u003e ~/.ssh/config\r\n          echo \"$ssh_key\" \u003e ~/.ssh/ssh_key\r\n          echo -e \"\\n\\n\" \u003e\u003e  ~/.ssh/ssh_key\r\n          chmod 600 ~/.ssh/ssh_key\r\n          eval \"$(ssh-agent -s)\"\r\n          ssh-add ~/.ssh/ssh_key\r\n        fi\r\n      - git config --global credential.helper '!aws codecommit credential-helper $@'\r\n      - git config --global credential.UseHttpPath true\r\n      - git clone -b $AWS_MODULE_GIT_REF $AWS_MODULE_SOURCE aws-aft-core-framework\r\n      - chmod +x ./aws-aft-core-framework/sources/scripts/creds.sh\r\n      - |\r\n        if [ -d \"$CUSTOMIZATION\" ]; then\r\n          echo \"Found customization\" $CUSTOMIZATION\r\n          ./aws-aft-core-framework/sources/scripts/creds.sh --account-id $VENDED_ACCOUNT_ID\r\n          python3 -m venv ./venv\r\n          source ./venv/bin/activate\r\n          pip install -r ./$CUSTOMIZATION/api_helpers/python/requirements.txt\r\n          chmod +x ./$CUSTOMIZATION/api_helpers/$SHELL_SCRIPT\r\n        fi\r\n  build:\r\n    commands:\r\n      - |\r\n        if [ -d \"$CUSTOMIZATION\" ]; then\r\n          ./$CUSTOMIZATION/api_helpers/$SHELL_SCRIPT\r\n        fi\r\n  post_build:\r\n    commands:\r\n      - echo \"Post-Build\"\r\n",
                "git_clone_depth": 0,
                "git_submodules_config": [],
                "insecure_ssl": false,
                "location": "",
                "report_build_status": false,
                "type": "CODEPIPELINE"
              }
            ],
            "source_version": "",
            "tags": {},
            "tags_all": {
              "managed_by": "AFT"
            },
            "vpc_config": [
              {
                "security_group_ids": [
                  "sg-0a7b6748a01d2169a"
                ],
                "subnets": [
                  "subnet-041cf026a115900a6",
                  "subnet-066a1962f2cece8db"
                ],
                "vpc_id": "vpc-0d6124dadfcb57dd8"
              }
            ]
          },
          "sensitive_attributes": [],
          "private": "bnVsbA==",
          "dependencies": [
            "module.aft.module.aft_account_request_framework.aws_kms_key.aft",
            "module.aft.module.aft_account_request_framework.aws_security_group.aft_vpc_default_sg",
            "module.aft.module.aft_account_request_framework.aws_subnet.aft_vpc_private_subnet_01",
            "module.aft.module.aft_account_request_framework.aws_subnet.aft_vpc_private_subnet_02",
            "module.aft.module.aft_account_request_framework.aws_vpc.aft_vpc",
            "module.aft.module.aft_account_request_framework.data.aws_availability_zones.available",
            "module.aft.module.aft_customizations.aws_cloudwatch_log_group.aft_account_customizations_api_helpers",
            "module.aft.module.aft_customizations.aws_iam_role.aft_codebuild_customizations_role",
            "module.aft.module.aft_customizations.aws_s3_bucket.aft_codepipeline_customizations_bucket",
            "module.aft.module.aft_customizations.data.aws_caller_identity.current",
            "module.aft.module.aft_customizations.data.local_file.aft_account_customizations_api_helpers"
          ]
        }
      ]
    },
    {
      "module": "module.aft.module.aft_customizations",
      "mode": "managed",
      "type": "aws_codebuild_project",
      "name": "aft_account_customizations_terraform",
      "provider": "module.aft.provider[\"registry.terraform.io/hashicorp/aws\"].aft_management",
      "instances": [
        {
          "schema_version": 0,
          "attributes": {
            "arn": "arn:aws:codebuild:us-east-1:008298205562:project/aft-account-customizations-terraform",
            "artifacts": [
              {
                "artifact_identifier": "",
                "bucket_owner_access": "",
                "encryption_disabled": false,
                "location": "",
                "name": "aft-account-customizations-terraform",
                "namespace_type": "",
                "override_artifact_name": false,
                "packaging": "NONE",
                "path": "",
                "type": "CODEPIPELINE"
              }
            ],
            "badge_enabled": false,
            "badge_url": "",
            "build_batch_config": [],
            "build_timeout": 60,
            "cache": [
              {
                "location": "",
                "modes": [],
                "type": "NO_CACHE"
              }
            ],
            "concurrent_build_limit": 0,
            "description": "Job to apply Terraform provided by the customer account customizations repo",
            "encryption_key": "arn:aws:kms:us-east-1:008298205562:key/aeafe814-f92c-4a5f-8f47-6cc9d9f2c498",
            "environment": [
              {
                "certificate": "",
                "compute_type": "BUILD_GENERAL1_MEDIUM",
                "environment_variable": [],
                "image": "aws/codebuild/amazonlinux2-x86_64-standard:3.0",
                "image_pull_credentials_type": "CODEBUILD",
                "privileged_mode": false,
                "registry_credential": [],
                "type": "LINUX_CONTAINER"
              }
            ],
            "file_system_locations": [],
            "id": "arn:aws:codebuild:us-east-1:008298205562:project/aft-account-customizations-terraform",
            "logs_config": [
              {
                "cloudwatch_logs": [
                  {
                    "group_name": "/aws/codebuild/aft-account-customizations-terraform",
                    "status": "ENABLED",
                    "stream_name": ""
                  }
                ],
                "s3_logs": [
                  {
                    "bucket_owner_access": "",
                    "encryption_disabled": false,
                    "location": "aft-customizations-pipeline-008298205562/aft-account-customizations-terraform-logs",
                    "status": "ENABLED"
                  }
                ]
              }
            ],
            "name": "aft-account-customizations-terraform",
            "project_visibility": "PRIVATE",
            "public_project_alias": "",
            "queued_timeout": 480,
            "resource_access_role": "",
            "secondary_artifacts": [],
            "secondary_source_version": [],
            "secondary_sources": [],
            "service_role": "arn:aws:iam::008298205562:role/aft-codebuild-customizations-role",
            "source": [
              {
                "auth": [],
                "build_status_config": [],
                "buildspec": "# Copyright Amazon.com, Inc. or its affiliates. All rights reserved.\r\n# SPDX-License-Identifier: Apache-2.0\r\n#\r\nversion: 0.2\r\n\r\nphases:\r\n  pre_build:\r\n    commands:\r\n      - DEFAULT_PATH=$(pwd)\r\n      - TIMESTAMP=$(date '+%Y-%m-%d %H:%M:%S')\r\n      - AWS_MODULE_SOURCE=$(aws ssm get-parameter --name \"/aft/config/aft-pipeline-code-source/repo-url\" --query \"Parameter.Value\" --output text)\r\n      - AWS_MODULE_GIT_REF=$(aws ssm get-parameter --name \"/aft/config/aft-pipeline-code-source/repo-git-ref\" --query \"Parameter.Value\" --output text)\r\n      - TF_VERSION=$(aws ssm get-parameter --name \"/aft/config/terraform/version\" --query \"Parameter.Value\" --output text)\r\n      - TF_DISTRIBUTION=$(aws ssm get-parameter --name \"/aft/config/terraform/distribution\" --query \"Parameter.Value\" --output text)\r\n      - CT_MGMT_REGION=$(aws ssm get-parameter --name \"/aft/config/ct-management-region\" --query \"Parameter.Value\" --output text)\r\n      - AFT_MGMT_ACCOUNT=$(aws ssm get-parameter --name \"/aft/account/aft-management/account-id\" --query \"Parameter.Value\" --output text)\r\n      - AFT_EXEC_ROLE_ARN=arn:aws:iam::$AFT_MGMT_ACCOUNT:role/AWSAFTExecution\r\n      - VENDED_EXEC_ROLE_ARN=arn:aws:iam::$VENDED_ACCOUNT_ID:role/AWSAFTExecution\r\n      - AFT_ADMIN_ROLE_NAME=$(aws ssm get-parameter --name /aft/resources/iam/aft-administrator-role-name | jq --raw-output \".Parameter.Value\")\r\n      - AFT_ADMIN_ROLE_ARN=arn:aws:iam::$AFT_MGMT_ACCOUNT:role/$AFT_ADMIN_ROLE_NAME\r\n      - ROLE_SESSION_NAME=$(aws ssm get-parameter --name /aft/resources/iam/aft-session-name | jq --raw-output \".Parameter.Value\")\r\n      - |\r\n        ssh_key_parameter=$(aws ssm get-parameter --name /aft/config/aft-ssh-key --with-decryption 2\u003e /dev/null || echo \"None\")\r\n        if [[ $ssh_key_parameter != \"None\" ]]; then\r\n          ssh_key=$(jq --raw-output \".Parameter.Value\" \u003c\u003c\u003c $ssh_key_parameter)\r\n          mkdir -p ~/.ssh\r\n          echo \"Host *\" \u003e\u003e ~/.ssh/config\r\n          echo \"StrictHostKeyChecking no\" \u003e\u003e ~/.ssh/config\r\n          echo \"UserKnownHostsFile=/dev/null\" \u003e\u003e ~/.ssh/config\r\n          echo \"$ssh_key\" \u003e ~/.ssh/ssh_key\r\n          echo -e \"\\n\\n\" \u003e\u003e  ~/.ssh/ssh_key\r\n          chmod 600 ~/.ssh/ssh_key\r\n          eval \"$(ssh-agent -s)\"\r\n          ssh-add ~/.ssh/ssh_key\r\n        fi\r\n      - git config --global credential.helper '!aws codecommit credential-helper $@'\r\n      - git config --global credential.UseHttpPath true\r\n      - git clone -b $AWS_MODULE_GIT_REF $AWS_MODULE_SOURCE aws-aft-core-framework\r\n      - python3 -m venv ./venv\r\n      - source ./venv/bin/activate\r\n      - pip install jinja2-cli==0.7.0 Jinja2==3.0.1 MarkupSafe==2.0.1 boto3==1.18.56 requests==2.26.0\r\n      - |\r\n        CUSTOMIZATION=$(aws dynamodb get-item --table-name aft-request-metadata --key \"{\\\"id\\\": {\\\"S\\\": \\\"$VENDED_ACCOUNT_ID\\\"}}\" --attributes-to-get \"account_customizations_name\" | jq --raw-output \".Item.account_customizations_name.S\")\r\n      - echo $CUSTOMIZATION\r\n      - |\r\n        if [ -d \"$CUSTOMIZATION\" ]; then\r\n          echo \"Found customization\" $CUSTOMIZATION\r\n          if [ $TF_DISTRIBUTION = \"oss\" ]; then\r\n            TF_BACKEND_REGION=$(aws ssm get-parameter --name \"/aft/config/oss-backend/primary-region\" --query \"Parameter.Value\" --output text)\r\n            TF_KMS_KEY_ID=$(aws ssm get-parameter --name \"/aft/config/oss-backend/kms-key-id\" --query \"Parameter.Value\" --output text)\r\n            TF_DDB_TABLE=$(aws ssm get-parameter --name \"/aft/config/oss-backend/table-id\" --query \"Parameter.Value\" --output text)\r\n            TF_S3_BUCKET=$(aws ssm get-parameter --name \"/aft/config/oss-backend/bucket-id\" --query \"Parameter.Value\" --output text)\r\n            TF_S3_KEY=$VENDED_ACCOUNT_ID-aft-account-customizations/terraform.tfstate\r\n            cd /tmp\r\n            echo \"Installing Terraform\"\r\n            curl -o terraform_${TF_VERSION}_linux_amd64.zip https://releases.hashicorp.com/terraform/${TF_VERSION}/terraform_${TF_VERSION}_linux_amd64.zip\r\n            unzip -o terraform_${TF_VERSION}_linux_amd64.zip \u0026\u0026 mv terraform /usr/bin\r\n            terraform --version\r\n            cd $DEFAULT_PATH/$CUSTOMIZATION/terraform\r\n            for f in *.jinja; do jinja2 $f -D timestamp=\"$TIMESTAMP\" -D tf_distribution_type=$TF_DISTRIBUTION -D provider_region=$CT_MGMT_REGION -D region=$TF_BACKEND_REGION -D aft_admin_role_arn=$AFT_EXEC_ROLE_ARN -D target_admin_role_arn=$VENDED_EXEC_ROLE_ARN -D bucket=$TF_S3_BUCKET -D key=$TF_S3_KEY -D dynamodb_table=$TF_DDB_TABLE -D kms_key_id=$TF_KMS_KEY_ID \u003e\u003e ./$(basename $f .jinja).tf; done\r\n            for f in *.tf; do echo \"\\n \\n\"; echo $f; cat $f; done\r\n            JSON=$(aws sts assume-role --role-arn ${AFT_ADMIN_ROLE_ARN} --role-session-name ${ROLE_SESSION_NAME})\r\n            #Make newly assumed role default session\r\n            export AWS_ACCESS_KEY_ID=$(echo ${JSON} | jq --raw-output \".Credentials[\\\"AccessKeyId\\\"]\")\r\n            export AWS_SECRET_ACCESS_KEY=$(echo ${JSON} | jq --raw-output \".Credentials[\\\"SecretAccessKey\\\"]\")\r\n            export AWS_SESSION_TOKEN=$(echo ${JSON} | jq --raw-output \".Credentials[\\\"SessionToken\\\"]\")\r\n            terraform init\r\n          else\r\n            TF_BACKEND_REGION=$(aws ssm get-parameter --name \"/aft/config/oss-backend/primary-region\" --query \"Parameter.Value\" --output text)\r\n            TF_ORG_NAME=$(aws ssm get-parameter --name \"/aft/config/terraform/org-name\" --query \"Parameter.Value\" --output text)\r\n            TF_TOKEN=$(aws ssm get-parameter --name \"/aft/config/terraform/token\" --with-decryption --query \"Parameter.Value\" --output text)\r\n            TF_ENDPOINT=$(aws ssm get-parameter --name \"/aft/config/terraform/api-endpoint\" --query \"Parameter.Value\" --output text)\r\n            TF_WORKSPACE_NAME=$VENDED_ACCOUNT_ID-aft-account-customizations\r\n            TF_CONFIG_PATH=\"./temp_configuration_file.tar.gz\"\r\n            cd $DEFAULT_PATH/$CUSTOMIZATION/terraform\r\n            for f in *.jinja; do jinja2 $f -D timestamp=\"$TIMESTAMP\" -D provider_region=$CT_MGMT_REGION -D tf_distribution_type=$TF_DISTRIBUTION -D aft_admin_role_arn=$AFT_EXEC_ROLE_ARN -D target_admin_role_arn=$VENDED_EXEC_ROLE_ARN -D terraform_org_name=$TF_ORG_NAME -D terraform_workspace_name=$TF_WORKSPACE_NAME  \u003e\u003e ./$(basename $f .jinja).tf; done\r\n            for f in *.tf; do echo \"\\n \\n\"; echo $f; cat $f; done\r\n            cd $DEFAULT_PATH/$CUSTOMIZATION\r\n            tar -czf temp_configuration_file.tar.gz -C terraform --exclude .git --exclude venv .\r\n            python3 $DEFAULT_PATH/aws-aft-core-framework/sources/scripts/workspace_manager.py --operation \"deploy\" --organization_name $TF_ORG_NAME --workspace_name $TF_WORKSPACE_NAME --assume_role_arn $AFT_ADMIN_ROLE_ARN --assume_role_session_name $ROLE_SESSION_NAME --api_endpoint $TF_ENDPOINT --api_token $TF_TOKEN --terraform_version $TF_VERSION --config_file $TF_CONFIG_PATH\r\n          fi\r\n        fi\r\n  build:\r\n    commands:\r\n      - cd $DEFAULT_PATH\r\n      - |\r\n        if [ -d \"$CUSTOMIZATION\" ]; then\r\n          if [ $TF_DISTRIBUTION = \"oss\" ]; then\r\n            cd $DEFAULT_PATH/$CUSTOMIZATION/terraform\r\n            terraform apply --auto-approve\r\n          fi\r\n        fi\r\n  post_build:\r\n    commands:\r\n      - echo \"Post-Build\"\r\n",
                "git_clone_depth": 0,
                "git_submodules_config": [],
                "insecure_ssl": false,
                "location": "",
                "report_build_status": false,
                "type": "CODEPIPELINE"
              }
            ],
            "source_version": "",
            "tags": {},
            "tags_all": {
              "managed_by": "AFT"
            },
            "vpc_config": [
              {
                "security_group_ids": [
                  "sg-0a7b6748a01d2169a"
                ],
                "subnets": [
                  "subnet-041cf026a115900a6",
                  "subnet-066a1962f2cece8db"
                ],
                "vpc_id": "vpc-0d6124dadfcb57dd8"
              }
            ]
          },
          "sensitive_attributes": [],
          "private": "bnVsbA==",
          "dependencies": [
            "module.aft.module.aft_account_request_framework.aws_kms_key.aft",
            "module.aft.module.aft_account_request_framework.aws_security_group.aft_vpc_default_sg",
            "module.aft.module.aft_account_request_framework.aws_subnet.aft_vpc_private_subnet_01",
            "module.aft.module.aft_account_request_framework.aws_subnet.aft_vpc_private_subnet_02",
            "module.aft.module.aft_account_request_framework.aws_vpc.aft_vpc",
            "module.aft.module.aft_account_request_framework.data.aws_availability_zones.available",
            "module.aft.module.aft_customizations.aws_cloudwatch_log_group.aft_account_customizations_terraform",
            "module.aft.module.aft_customizations.aws_iam_role.aft_codebuild_customizations_role",
            "module.aft.module.aft_customizations.aws_s3_bucket.aft_codepipeline_customizations_bucket",
            "module.aft.module.aft_customizations.data.aws_caller_identity.current",
            "module.aft.module.aft_customizations.data.local_file.aft_account_customizations_terraform"
          ]
        }
      ]
    },
    {
      "module": "module.aft.module.aft_customizations",
      "mode": "managed",
      "type": "aws_codebuild_project",
      "name": "aft_create_pipeline",
      "provider": "module.aft.provider[\"registry.terraform.io/hashicorp/aws\"].aft_management",
      "instances": [
        {
          "schema_version": 0,
          "attributes": {
            "arn": "arn:aws:codebuild:us-east-1:008298205562:project/aft-create-pipeline",
            "artifacts": [
              {
                "artifact_identifier": "",
                "bucket_owner_access": "",
                "encryption_disabled": false,
                "location": "",
                "name": "",
                "namespace_type": "",
                "override_artifact_name": false,
                "packaging": "",
                "path": "",
                "type": "NO_ARTIFACTS"
              }
            ],
            "badge_enabled": false,
            "badge_url": "",
            "build_batch_config": [],
            "build_timeout": 60,
            "cache": [
              {
                "location": "",
                "modes": [],
                "type": "NO_CACHE"
              }
            ],
            "concurrent_build_limit": 0,
            "description": "Job to run Terraform required to create account specific customizations pipeline",
            "encryption_key": "arn:aws:kms:us-east-1:008298205562:key/aeafe814-f92c-4a5f-8f47-6cc9d9f2c498",
            "environment": [
              {
                "certificate": "",
                "compute_type": "BUILD_GENERAL1_MEDIUM",
                "environment_variable": [
                  {
                    "name": "ACCOUNT_ID",
                    "type": "PLAINTEXT",
                    "value": "TBD"
                  },
                  {
                    "name": "SSM_TF_S3_BUCKET",
                    "type": "PLAINTEXT",
                    "value": "/aft/config/oss-backend/bucket-id"
                  },
                  {
                    "name": "SSM_TF_BACKEND_REGION",
                    "type": "PLAINTEXT",
                    "value": "/aft/config/oss-backend/primary-region"
                  },
                  {
                    "name": "SSM_TF_KMS_KEY_ID",
                    "type": "PLAINTEXT",
                    "value": "/aft/config/oss-backend/kms-key-id"
                  },
                  {
                    "name": "SSM_TF_DDB_TABLE",
                    "type": "PLAINTEXT",
                    "value": "/aft/config/oss-backend/table-id"
                  },
                  {
                    "name": "SSM_AWS_MODULE_SOURCE",
                    "type": "PLAINTEXT",
                    "value": "/aft/config/aft-pipeline-code-source/repo-url"
                  },
                  {
                    "name": "SSM_AWS_MODULE_GIT_REF",
                    "type": "PLAINTEXT",
                    "value": "/aft/config/aft-pipeline-code-source/repo-git-ref"
                  },
                  {
                    "name": "SSM_TF_VERSION",
                    "type": "PLAINTEXT",
                    "value": "/aft/config/terraform/version"
                  }
                ],
                "image": "aws/codebuild/amazonlinux2-x86_64-standard:3.0",
                "image_pull_credentials_type": "CODEBUILD",
                "privileged_mode": false,
                "registry_credential": [],
                "type": "LINUX_CONTAINER"
              }
            ],
            "file_system_locations": [],
            "id": "arn:aws:codebuild:us-east-1:008298205562:project/aft-create-pipeline",
            "logs_config": [
              {
                "cloudwatch_logs": [
                  {
                    "group_name": "/aws/codebuild/aft-create-pipeline",
                    "status": "ENABLED",
                    "stream_name": ""
                  }
                ],
                "s3_logs": [
                  {
                    "bucket_owner_access": "",
                    "encryption_disabled": false,
                    "location": "aft-customizations-pipeline-008298205562/aft-create-pipeline-logs",
                    "status": "ENABLED"
                  }
                ]
              }
            ],
            "name": "aft-create-pipeline",
            "project_visibility": "PRIVATE",
            "public_project_alias": "",
            "queued_timeout": 480,
            "resource_access_role": "",
            "secondary_artifacts": [],
            "secondary_source_version": [],
            "secondary_sources": [],
            "service_role": "arn:aws:iam::008298205562:role/aft-codebuild-customizations-role",
            "source": [
              {
                "auth": [],
                "build_status_config": [],
                "buildspec": "# Copyright Amazon.com, Inc. or its affiliates. All rights reserved.\r\n# SPDX-License-Identifier: Apache-2.0\r\n#\r\nversion: 0.2\r\n\r\nphases:\r\n  pre_build:\r\n    commands:\r\n      - DEFAULT_PATH=$(pwd)\r\n      - AWS_MODULE_SOURCE=$(aws ssm get-parameter --name $SSM_AWS_MODULE_SOURCE --query \"Parameter.Value\" --output text)\r\n      - AWS_MODULE_GIT_REF=$(aws ssm get-parameter --name $SSM_AWS_MODULE_GIT_REF --query \"Parameter.Value\" --output text)\r\n      - |\r\n        ssh_key_parameter=$(aws ssm get-parameter --name /aft/config/aft-ssh-key --with-decryption 2\u003e /dev/null || echo \"None\")\r\n        if [[ $ssh_key_parameter != \"None\" ]]; then\r\n          ssh_key=$(jq --raw-output \".Parameter.Value\" \u003c\u003c\u003c $ssh_key_parameter)\r\n          mkdir -p ~/.ssh\r\n          echo \"Host *\" \u003e\u003e ~/.ssh/config\r\n          echo \"StrictHostKeyChecking no\" \u003e\u003e ~/.ssh/config\r\n          echo \"UserKnownHostsFile=/dev/null\" \u003e\u003e ~/.ssh/config\r\n          echo \"$ssh_key\" \u003e ~/.ssh/ssh_key\r\n          echo -e \"\\n\\n\" \u003e\u003e  ~/.ssh/ssh_key\r\n          chmod 600 ~/.ssh/ssh_key\r\n          eval \"$(ssh-agent -s)\"\r\n          ssh-add ~/.ssh/ssh_key\r\n        fi\r\n      - TF_S3_BUCKET=$(aws ssm get-parameter --name $SSM_TF_S3_BUCKET --query \"Parameter.Value\" --output text)\r\n      - TF_S3_KEY=$VENDED_ACCOUNT_ID-customizations-pipeline/terraform.tfstate\r\n      - TF_BACKEND_REGION=$(aws ssm get-parameter --name $SSM_TF_BACKEND_REGION --query \"Parameter.Value\" --output text)\r\n      - TF_KMS_KEY_ID=$(aws ssm get-parameter --name $SSM_TF_KMS_KEY_ID --query \"Parameter.Value\" --output text)\r\n      - TF_DDB_TABLE=$(aws ssm get-parameter --name $SSM_TF_DDB_TABLE --query \"Parameter.Value\" --output text)\r\n      - TF_VERSION=$(aws ssm get-parameter --name $SSM_TF_VERSION --query \"Parameter.Value\" --output text)\r\n      - git config --global credential.helper '!aws codecommit credential-helper $@'\r\n      - git config --global credential.UseHttpPath true\r\n      - git clone -b $AWS_MODULE_GIT_REF $AWS_MODULE_SOURCE aws-aft-core-framework\r\n      - chmod +x ./aws-aft-core-framework/sources/scripts/creds.sh\r\n      - ./aws-aft-core-framework/sources/scripts/creds.sh --aft-mgmt\r\n      - TIMESTAMP=$(date '+%Y-%m-%d %H:%M:%S')\r\n      - cd /tmp\r\n      - echo \"Installing Terraform\"\r\n      - curl -o terraform_${TF_VERSION}_linux_amd64.zip https://releases.hashicorp.com/terraform/${TF_VERSION}/terraform_${TF_VERSION}_linux_amd64.zip\r\n      - unzip -o terraform_${TF_VERSION}_linux_amd64.zip \u0026\u0026 mv terraform /usr/bin\r\n      - terraform --version\r\n      - cd $DEFAULT_PATH\r\n      - cd ./aws-aft-core-framework/sources/aft-customizations-common/templates/customizations_pipeline\r\n      - python3 -m venv ./venv\r\n      - source ./venv/bin/activate\r\n      - pip install jinja2-cli==0.7.0 Jinja2==3.0.1\r\n      - for f in *.jinja; do jinja2 $f -D timestamp=\"$TIMESTAMP\" -D region=$TF_BACKEND_REGION -D bucket=$TF_S3_BUCKET -D key=$TF_S3_KEY -D dynamodb_table=$TF_DDB_TABLE -D kms_key_id=$TF_KMS_KEY_ID \u003e\u003e $(basename $f .jinja).tf; done\r\n      - for f in *.tf; do echo \"\\n \\n\"; echo $f; cat $f; done\r\n      - terraform init\r\n  build:\r\n    commands:\r\n      - terraform apply -var=\"account_id=$VENDED_ACCOUNT_ID\" --auto-approve\r\n  post_build:\r\n    commands:\r\n      - echo \"Post-Build\"\r\n",
                "git_clone_depth": 0,
                "git_submodules_config": [],
                "insecure_ssl": false,
                "location": "",
                "report_build_status": false,
                "type": "NO_SOURCE"
              }
            ],
            "source_version": "",
            "tags": {},
            "tags_all": {
              "managed_by": "AFT"
            },
            "vpc_config": [
              {
                "security_group_ids": [
                  "sg-0a7b6748a01d2169a"
                ],
                "subnets": [
                  "subnet-041cf026a115900a6",
                  "subnet-066a1962f2cece8db"
                ],
                "vpc_id": "vpc-0d6124dadfcb57dd8"
              }
            ]
          },
          "sensitive_attributes": [],
          "private": "bnVsbA==",
          "dependencies": [
            "module.aft.module.aft_account_request_framework.aws_kms_key.aft",
            "module.aft.module.aft_account_request_framework.aws_security_group.aft_vpc_default_sg",
            "module.aft.module.aft_account_request_framework.aws_subnet.aft_vpc_private_subnet_01",
            "module.aft.module.aft_account_request_framework.aws_subnet.aft_vpc_private_subnet_02",
            "module.aft.module.aft_account_request_framework.aws_vpc.aft_vpc",
            "module.aft.module.aft_account_request_framework.data.aws_availability_zones.available",
            "module.aft.module.aft_customizations.aws_cloudwatch_log_group.aft_create_pipeline",
            "module.aft.module.aft_customizations.aws_iam_role.aft_codebuild_customizations_role",
            "module.aft.module.aft_customizations.aws_s3_bucket.aft_codepipeline_customizations_bucket",
            "module.aft.module.aft_customizations.data.aws_caller_identity.current",
            "module.aft.module.aft_customizations.data.local_file.aft_create_pipeline"
          ]
        }
      ]
    },
    {
      "module": "module.aft.module.aft_customizations",
      "mode": "managed",
      "type": "aws_codebuild_project",
      "name": "aft_global_customizations_api_helpers",
      "provider": "module.aft.provider[\"registry.terraform.io/hashicorp/aws\"].aft_management",
      "instances": [
        {
          "schema_version": 0,
          "attributes": {
            "arn": "arn:aws:codebuild:us-east-1:008298205562:project/aft-global-customizations-api-helpers",
            "artifacts": [
              {
                "artifact_identifier": "",
                "bucket_owner_access": "",
                "encryption_disabled": false,
                "location": "",
                "name": "aft-global-customizations-api-helpers",
                "namespace_type": "",
                "override_artifact_name": false,
                "packaging": "NONE",
                "path": "",
                "type": "CODEPIPELINE"
              }
            ],
            "badge_enabled": false,
            "badge_url": "",
            "build_batch_config": [],
            "build_timeout": 60,
            "cache": [
              {
                "location": "",
                "modes": [],
                "type": "NO_CACHE"
              }
            ],
            "concurrent_build_limit": 0,
            "description": "Job to run API helpers provided by the customer AFT Global Module",
            "encryption_key": "arn:aws:kms:us-east-1:008298205562:key/aeafe814-f92c-4a5f-8f47-6cc9d9f2c498",
            "environment": [
              {
                "certificate": "",
                "compute_type": "BUILD_GENERAL1_MEDIUM",
                "environment_variable": [],
                "image": "aws/codebuild/amazonlinux2-x86_64-standard:3.0",
                "image_pull_credentials_type": "CODEBUILD",
                "privileged_mode": false,
                "registry_credential": [],
                "type": "LINUX_CONTAINER"
              }
            ],
            "file_system_locations": [],
            "id": "arn:aws:codebuild:us-east-1:008298205562:project/aft-global-customizations-api-helpers",
            "logs_config": [
              {
                "cloudwatch_logs": [
                  {
                    "group_name": "/aws/codebuild/aft-global-customizations-api-helpers",
                    "status": "ENABLED",
                    "stream_name": ""
                  }
                ],
                "s3_logs": [
                  {
                    "bucket_owner_access": "",
                    "encryption_disabled": false,
                    "location": "aft-customizations-pipeline-008298205562/aft-global-customizations-api-helpers-logs",
                    "status": "ENABLED"
                  }
                ]
              }
            ],
            "name": "aft-global-customizations-api-helpers",
            "project_visibility": "PRIVATE",
            "public_project_alias": "",
            "queued_timeout": 480,
            "resource_access_role": "",
            "secondary_artifacts": [],
            "secondary_source_version": [],
            "secondary_sources": [],
            "service_role": "arn:aws:iam::008298205562:role/aft-codebuild-customizations-role",
            "source": [
              {
                "auth": [],
                "build_status_config": [],
                "buildspec": "# Copyright Amazon.com, Inc. or its affiliates. All rights reserved.\r\n# SPDX-License-Identifier: Apache-2.0\r\n#\r\nversion: 0.2\r\n\r\nphases:\r\n  pre_build:\r\n    commands:\r\n      - DEFAULT_PATH=$(pwd)\r\n      - AWS_MODULE_SOURCE=$(aws ssm get-parameter --name \"/aft/config/aft-pipeline-code-source/repo-url\" --query \"Parameter.Value\" --output text)\r\n      - AWS_MODULE_GIT_REF=$(aws ssm get-parameter --name \"/aft/config/aft-pipeline-code-source/repo-git-ref\" --query \"Parameter.Value\" --output text)\r\n      - |\r\n        ssh_key_parameter=$(aws ssm get-parameter --name /aft/config/aft-ssh-key --with-decryption 2\u003e /dev/null || echo \"None\")\r\n        if [[ $ssh_key_parameter != \"None\" ]]; then\r\n          ssh_key=$(jq --raw-output \".Parameter.Value\" \u003c\u003c\u003c $ssh_key_parameter)\r\n          mkdir -p ~/.ssh\r\n          echo \"Host *\" \u003e\u003e ~/.ssh/config\r\n          echo \"StrictHostKeyChecking no\" \u003e\u003e ~/.ssh/config\r\n          echo \"UserKnownHostsFile=/dev/null\" \u003e\u003e ~/.ssh/config\r\n          echo \"$ssh_key\" \u003e ~/.ssh/ssh_key\r\n          echo -e \"\\n\\n\" \u003e\u003e  ~/.ssh/ssh_key\r\n          chmod 600 ~/.ssh/ssh_key\r\n          eval \"$(ssh-agent -s)\"\r\n          ssh-add ~/.ssh/ssh_key\r\n        fi\r\n      - git config --global credential.helper '!aws codecommit credential-helper $@'\r\n      - git config --global credential.UseHttpPath true\r\n      - git clone -b $AWS_MODULE_GIT_REF $AWS_MODULE_SOURCE aws-aft-core-framework\r\n      - chmod +x ./aws-aft-core-framework/sources/scripts/creds.sh\r\n      - ./aws-aft-core-framework/sources/scripts/creds.sh --account-id $VENDED_ACCOUNT_ID\r\n      - python3 -m venv ./venv\r\n      - source ./venv/bin/activate\r\n      - pip install -r ./api_helpers/python/requirements.txt\r\n      - chmod +x ./api_helpers/$SHELL_SCRIPT\r\n  build:\r\n    commands:\r\n      - ./api_helpers/$SHELL_SCRIPT\r\n  post_build:\r\n    commands:\r\n      - echo \"Post-Build\"\r\n",
                "git_clone_depth": 0,
                "git_submodules_config": [],
                "insecure_ssl": false,
                "location": "",
                "report_build_status": false,
                "type": "CODEPIPELINE"
              }
            ],
            "source_version": "",
            "tags": {},
            "tags_all": {
              "managed_by": "AFT"
            },
            "vpc_config": [
              {
                "security_group_ids": [
                  "sg-0a7b6748a01d2169a"
                ],
                "subnets": [
                  "subnet-041cf026a115900a6",
                  "subnet-066a1962f2cece8db"
                ],
                "vpc_id": "vpc-0d6124dadfcb57dd8"
              }
            ]
          },
          "sensitive_attributes": [],
          "private": "bnVsbA==",
          "dependencies": [
            "module.aft.module.aft_account_request_framework.aws_kms_key.aft",
            "module.aft.module.aft_account_request_framework.aws_security_group.aft_vpc_default_sg",
            "module.aft.module.aft_account_request_framework.aws_subnet.aft_vpc_private_subnet_01",
            "module.aft.module.aft_account_request_framework.aws_subnet.aft_vpc_private_subnet_02",
            "module.aft.module.aft_account_request_framework.aws_vpc.aft_vpc",
            "module.aft.module.aft_account_request_framework.data.aws_availability_zones.available",
            "module.aft.module.aft_customizations.aws_cloudwatch_log_group.aft_global_customizations_api_helpers",
            "module.aft.module.aft_customizations.aws_iam_role.aft_codebuild_customizations_role",
            "module.aft.module.aft_customizations.aws_s3_bucket.aft_codepipeline_customizations_bucket",
            "module.aft.module.aft_customizations.data.aws_caller_identity.current",
            "module.aft.module.aft_customizations.data.local_file.aft_global_customizations_api_helpers"
          ]
        }
      ]
    },
    {
      "module": "module.aft.module.aft_customizations",
      "mode": "managed",
      "type": "aws_codebuild_project",
      "name": "aft_global_customizations_terraform",
      "provider": "module.aft.provider[\"registry.terraform.io/hashicorp/aws\"].aft_management",
      "instances": [
        {
          "schema_version": 0,
          "attributes": {
            "arn": "arn:aws:codebuild:us-east-1:008298205562:project/aft-global-customizations-terraform",
            "artifacts": [
              {
                "artifact_identifier": "",
                "bucket_owner_access": "",
                "encryption_disabled": false,
                "location": "",
                "name": "aft-global-customizations-terraform",
                "namespace_type": "",
                "override_artifact_name": false,
                "packaging": "NONE",
                "path": "",
                "type": "CODEPIPELINE"
              }
            ],
            "badge_enabled": false,
            "badge_url": "",
            "build_batch_config": [],
            "build_timeout": 60,
            "cache": [
              {
                "location": "",
                "modes": [],
                "type": "NO_CACHE"
              }
            ],
            "concurrent_build_limit": 0,
            "description": "Job to apply Terraform provided by the customer global customizations repo",
            "encryption_key": "arn:aws:kms:us-east-1:008298205562:key/aeafe814-f92c-4a5f-8f47-6cc9d9f2c498",
            "environment": [
              {
                "certificate": "",
                "compute_type": "BUILD_GENERAL1_MEDIUM",
                "environment_variable": [],
                "image": "aws/codebuild/amazonlinux2-x86_64-standard:3.0",
                "image_pull_credentials_type": "CODEBUILD",
                "privileged_mode": false,
                "registry_credential": [],
                "type": "LINUX_CONTAINER"
              }
            ],
            "file_system_locations": [],
            "id": "arn:aws:codebuild:us-east-1:008298205562:project/aft-global-customizations-terraform",
            "logs_config": [
              {
                "cloudwatch_logs": [
                  {
                    "group_name": "/aws/codebuild/aft-global-customizations-terraform",
                    "status": "ENABLED",
                    "stream_name": ""
                  }
                ],
                "s3_logs": [
                  {
                    "bucket_owner_access": "",
                    "encryption_disabled": false,
                    "location": "aft-customizations-pipeline-008298205562/aft-global-customizations-terraform-logs",
                    "status": "ENABLED"
                  }
                ]
              }
            ],
            "name": "aft-global-customizations-terraform",
            "project_visibility": "PRIVATE",
            "public_project_alias": "",
            "queued_timeout": 480,
            "resource_access_role": "",
            "secondary_artifacts": [],
            "secondary_source_version": [],
            "secondary_sources": [],
            "service_role": "arn:aws:iam::008298205562:role/aft-codebuild-customizations-role",
            "source": [
              {
                "auth": [],
                "build_status_config": [],
                "buildspec": "# Copyright Amazon.com, Inc. or its affiliates. All rights reserved.\r\n# SPDX-License-Identifier: Apache-2.0\r\n#\r\nversion: 0.2\r\n\r\nphases:\r\n  pre_build:\r\n    commands:\r\n      - DEFAULT_PATH=$(pwd)\r\n      - TIMESTAMP=$(date '+%Y-%m-%d %H:%M:%S')\r\n      - AWS_MODULE_SOURCE=$(aws ssm get-parameter --name \"/aft/config/aft-pipeline-code-source/repo-url\" --query \"Parameter.Value\" --output text)\r\n      - AWS_MODULE_GIT_REF=$(aws ssm get-parameter --name \"/aft/config/aft-pipeline-code-source/repo-git-ref\" --query \"Parameter.Value\" --output text)\r\n      - TF_VERSION=$(aws ssm get-parameter --name \"/aft/config/terraform/version\" --query \"Parameter.Value\" --output text)\r\n      - TF_DISTRIBUTION=$(aws ssm get-parameter --name \"/aft/config/terraform/distribution\" --query \"Parameter.Value\" --output text)\r\n      - CT_MGMT_REGION=$(aws ssm get-parameter --name \"/aft/config/ct-management-region\" --query \"Parameter.Value\" --output text)\r\n      - AFT_MGMT_ACCOUNT=$(aws ssm get-parameter --name \"/aft/account/aft-management/account-id\" --query \"Parameter.Value\" --output text)\r\n      - AFT_EXEC_ROLE_ARN=arn:aws:iam::$AFT_MGMT_ACCOUNT:role/AWSAFTExecution\r\n      - VENDED_EXEC_ROLE_ARN=arn:aws:iam::$VENDED_ACCOUNT_ID:role/AWSAFTExecution\r\n      - AFT_ADMIN_ROLE_NAME=$(aws ssm get-parameter --name /aft/resources/iam/aft-administrator-role-name | jq --raw-output \".Parameter.Value\")\r\n      - AFT_ADMIN_ROLE_ARN=arn:aws:iam::$AFT_MGMT_ACCOUNT:role/$AFT_ADMIN_ROLE_NAME\r\n      - ROLE_SESSION_NAME=$(aws ssm get-parameter --name /aft/resources/iam/aft-session-name | jq --raw-output \".Parameter.Value\")\r\n      - |\r\n        ssh_key_parameter=$(aws ssm get-parameter --name /aft/config/aft-ssh-key --with-decryption 2\u003e /dev/null || echo \"None\")\r\n        if [[ $ssh_key_parameter != \"None\" ]]; then\r\n          ssh_key=$(jq --raw-output \".Parameter.Value\" \u003c\u003c\u003c $ssh_key_parameter)\r\n          mkdir -p ~/.ssh\r\n          echo \"Host *\" \u003e\u003e ~/.ssh/config\r\n          echo \"StrictHostKeyChecking no\" \u003e\u003e ~/.ssh/config\r\n          echo \"UserKnownHostsFile=/dev/null\" \u003e\u003e ~/.ssh/config\r\n          echo \"$ssh_key\" \u003e ~/.ssh/ssh_key\r\n          echo -e \"\\n\\n\" \u003e\u003e  ~/.ssh/ssh_key\r\n          chmod 600 ~/.ssh/ssh_key\r\n          eval \"$(ssh-agent -s)\"\r\n          ssh-add ~/.ssh/ssh_key\r\n        fi\r\n      - git config --global credential.helper '!aws codecommit credential-helper $@'\r\n      - git config --global credential.UseHttpPath true\r\n      - git clone -b $AWS_MODULE_GIT_REF $AWS_MODULE_SOURCE aws-aft-core-framework\r\n      - python3 -m venv ./venv\r\n      - source ./venv/bin/activate\r\n      - pip install jinja2-cli==0.7.0 Jinja2==3.0.1 MarkupSafe==2.0.1 boto3==1.18.56 requests==2.26.0\r\n      - |\r\n        if [ $TF_DISTRIBUTION = \"oss\" ]; then\r\n          TF_BACKEND_REGION=$(aws ssm get-parameter --name \"/aft/config/oss-backend/primary-region\" --query \"Parameter.Value\" --output text)\r\n          TF_KMS_KEY_ID=$(aws ssm get-parameter --name \"/aft/config/oss-backend/kms-key-id\" --query \"Parameter.Value\" --output text)\r\n          TF_DDB_TABLE=$(aws ssm get-parameter --name \"/aft/config/oss-backend/table-id\" --query \"Parameter.Value\" --output text)\r\n          TF_S3_BUCKET=$(aws ssm get-parameter --name \"/aft/config/oss-backend/bucket-id\" --query \"Parameter.Value\" --output text)\r\n          TF_S3_KEY=$VENDED_ACCOUNT_ID-aft-global-customizations/terraform.tfstate\r\n          cd /tmp\r\n          echo \"Installing Terraform\"\r\n          curl -o terraform_${TF_VERSION}_linux_amd64.zip https://releases.hashicorp.com/terraform/${TF_VERSION}/terraform_${TF_VERSION}_linux_amd64.zip\r\n          unzip -o terraform_${TF_VERSION}_linux_amd64.zip \u0026\u0026 mv terraform /usr/bin\r\n          terraform --version\r\n          cd $DEFAULT_PATH/terraform\r\n          for f in *.jinja; do jinja2 $f -D timestamp=\"$TIMESTAMP\" -D tf_distribution_type=$TF_DISTRIBUTION -D provider_region=$CT_MGMT_REGION -D region=$TF_BACKEND_REGION -D aft_admin_role_arn=$AFT_EXEC_ROLE_ARN -D target_admin_role_arn=$VENDED_EXEC_ROLE_ARN -D bucket=$TF_S3_BUCKET -D key=$TF_S3_KEY -D dynamodb_table=$TF_DDB_TABLE -D kms_key_id=$TF_KMS_KEY_ID \u003e\u003e ./$(basename $f .jinja).tf; done\r\n          for f in *.tf; do echo \"\\n \\n\"; echo $f; cat $f; done\r\n          JSON=$(aws sts assume-role --role-arn ${AFT_ADMIN_ROLE_ARN} --role-session-name ${ROLE_SESSION_NAME})\r\n          #Make newly assumed role default session\r\n          export AWS_ACCESS_KEY_ID=$(echo ${JSON} | jq --raw-output \".Credentials[\\\"AccessKeyId\\\"]\")\r\n          export AWS_SECRET_ACCESS_KEY=$(echo ${JSON} | jq --raw-output \".Credentials[\\\"SecretAccessKey\\\"]\")\r\n          export AWS_SESSION_TOKEN=$(echo ${JSON} | jq --raw-output \".Credentials[\\\"SessionToken\\\"]\")\r\n          terraform init\r\n        else\r\n          TF_BACKEND_REGION=$(aws ssm get-parameter --name \"/aft/config/oss-backend/primary-region\" --query \"Parameter.Value\" --output text)\r\n          TF_ORG_NAME=$(aws ssm get-parameter --name \"/aft/config/terraform/org-name\" --query \"Parameter.Value\" --output text)\r\n          TF_TOKEN=$(aws ssm get-parameter --name \"/aft/config/terraform/token\" --with-decryption --query \"Parameter.Value\" --output text)\r\n          TF_ENDPOINT=$(aws ssm get-parameter --name \"/aft/config/terraform/api-endpoint\" --query \"Parameter.Value\" --output text)\r\n          TF_WORKSPACE_NAME=$VENDED_ACCOUNT_ID-aft-global-customizations\r\n          TF_CONFIG_PATH=\"./temp_configuration_file.tar.gz\"\r\n          cd $DEFAULT_PATH/terraform\r\n          for f in *.jinja; do jinja2 $f -D timestamp=\"$TIMESTAMP\" -D provider_region=$CT_MGMT_REGION -D tf_distribution_type=$TF_DISTRIBUTION -D aft_admin_role_arn=$AFT_EXEC_ROLE_ARN -D target_admin_role_arn=$VENDED_EXEC_ROLE_ARN -D terraform_org_name=$TF_ORG_NAME -D terraform_workspace_name=$TF_WORKSPACE_NAME  \u003e\u003e ./$(basename $f .jinja).tf; done\r\n          for f in *.tf; do echo \"\\n \\n\"; echo $f; cat $f; done\r\n          cd $DEFAULT_PATH\r\n          tar -czf temp_configuration_file.tar.gz -C terraform --exclude .git --exclude venv .\r\n          python3 $DEFAULT_PATH/aws-aft-core-framework/sources/scripts/workspace_manager.py --operation \"deploy\" --organization_name $TF_ORG_NAME --workspace_name $TF_WORKSPACE_NAME --assume_role_arn $AFT_ADMIN_ROLE_ARN --assume_role_session_name $ROLE_SESSION_NAME --api_endpoint $TF_ENDPOINT --api_token $TF_TOKEN --terraform_version $TF_VERSION --config_file $TF_CONFIG_PATH\r\n        fi\r\n\r\n  build:\r\n    commands:\r\n      - |\r\n        if [ $TF_DISTRIBUTION = \"oss\" ]; then\r\n          terraform apply --auto-approve\r\n        fi\r\n",
                "git_clone_depth": 0,
                "git_submodules_config": [],
                "insecure_ssl": false,
                "location": "",
                "report_build_status": false,
                "type": "CODEPIPELINE"
              }
            ],
            "source_version": "",
            "tags": {},
            "tags_all": {
              "managed_by": "AFT"
            },
            "vpc_config": [
              {
                "security_group_ids": [
                  "sg-0a7b6748a01d2169a"
                ],
                "subnets": [
                  "subnet-041cf026a115900a6",
                  "subnet-066a1962f2cece8db"
                ],
                "vpc_id": "vpc-0d6124dadfcb57dd8"
              }
            ]
          },
          "sensitive_attributes": [],
          "private": "bnVsbA==",
          "dependencies": [
            "module.aft.module.aft_account_request_framework.aws_kms_key.aft",
            "module.aft.module.aft_account_request_framework.aws_security_group.aft_vpc_default_sg",
            "module.aft.module.aft_account_request_framework.aws_subnet.aft_vpc_private_subnet_01",
            "module.aft.module.aft_account_request_framework.aws_subnet.aft_vpc_private_subnet_02",
            "module.aft.module.aft_account_request_framework.aws_vpc.aft_vpc",
            "module.aft.module.aft_account_request_framework.data.aws_availability_zones.available",
            "module.aft.module.aft_customizations.aws_cloudwatch_log_group.aft_global_customizations_terraform",
            "module.aft.module.aft_customizations.aws_iam_role.aft_codebuild_customizations_role",
            "module.aft.module.aft_customizations.aws_s3_bucket.aft_codepipeline_customizations_bucket",
            "module.aft.module.aft_customizations.data.aws_caller_identity.current",
            "module.aft.module.aft_customizations.data.local_file.aft_global_customizations_terraform"
          ]
        }
      ]
    },
    {
      "module": "module.aft.module.aft_customizations",
      "mode": "managed",
      "type": "aws_iam_role",
      "name": "aft_codebuild_customizations_role",
      "provider": "module.aft.provider[\"registry.terraform.io/hashicorp/aws\"].aft_management",
      "instances": [
        {
          "schema_version": 0,
          "attributes": {
            "arn": "arn:aws:iam::008298205562:role/aft-codebuild-customizations-role",
            "assume_role_policy": "{\"Version\":\"2012-10-17\",\"Statement\":[{\"Effect\":\"Allow\",\"Principal\":{\"Service\":\"codebuild.amazonaws.com\"},\"Action\":\"sts:AssumeRole\"}]}",
            "create_date": "2022-04-23T03:42:32Z",
            "description": "",
            "force_detach_policies": false,
            "id": "aft-codebuild-customizations-role",
            "inline_policy": [
              {
                "name": "ct-aft-codebuild-customizations-terraform-oss-backend-policy",
                "policy": "{\n  \"Version\": \"2012-10-17\",\n  \"Statement\": [\n    {\n      \"Effect\": \"Allow\",\n      \"Action\": [\n        \"dynamodb:*Item\"\n      ],\n      \"Resource\": [\n        \"arn:aws:dynamodb:us-east-1:008298205562:table/aft-backend-008298205562\"\n      ]\n    },\n    {\n      \"Effect\": \"Allow\",\n      \"Action\": [\n        \"s3:GetObject\",\n        \"s3:GetObjectVersion\",\n        \"s3:GetBucketVersioning\",\n        \"s3:List*\",\n        \"s3:PutObjectAcl\",\n        \"s3:PutObject\"\n      ],\n      \"Resource\": [\n        \"arn:aws:s3:::aft-backend-008298205562-primary-region\",\n        \"arn:aws:s3:::aft-backend-008298205562-primary-region/*\"\n      ]\n    },\n     {\n       \"Effect\": \"Allow\",\n       \"Action\": [\n         \"kms:Decrypt\",\n         \"kms:Encrypt\",\n         \"kms:GenerateDataKey\"\n       ],\n       \"Resource\": \"arn:aws:kms:us-east-1:008298205562:key/0cc7bf81-993c-4a5d-96fe-ca66647d9f2d\"\n     }\n  ]\n}\n"
              },
              {
                "name": "terraform-20220423034634420800000026",
                "policy": "{\n  \"Version\": \"2012-10-17\",\n  \"Statement\": [\n    {\n      \"Effect\": \"Allow\",\n      \"Resource\": \"arn:aws:logs:us-east-1:008298205562:log-group:/aws/codebuild/aft*\",\n      \"Action\": [\n        \"logs:CreateLogStream\",\n        \"logs:PutLogEvents\"\n      ]\n    },\n    {\n      \"Effect\": \"Allow\",\n      \"Action\": [\n        \"ec2:CreateNetworkInterface\",\n        \"ec2:DescribeDhcpOptions\",\n        \"ec2:DescribeNetworkInterfaces\",\n        \"ec2:DeleteNetworkInterface\",\n        \"ec2:DescribeSubnets\",\n        \"ec2:DescribeSecurityGroups\",\n        \"ec2:DescribeVpcs\"\n      ],\n      \"Resource\": \"*\"\n    },\n    {\n      \"Effect\": \"Allow\",\n      \"Action\": [\n        \"ec2:CreateNetworkInterfacePermission\"\n      ],\n      \"Resource\": [\n        \"arn:aws:ec2:us-east-1:008298205562:network-interface/*\"\n      ]\n    },\n    {\n      \"Effect\": \"Allow\",\n      \"Action\": [\n        \"s3:GetObject\",\n        \"s3:GetObjectVersion\",\n        \"s3:GetBucketVersioning\",\n        \"s3:List*\",\n        \"s3:PutObjectAcl\",\n        \"s3:PutObject\"\n      ],\n      \"Resource\": [\n        \"arn:aws:s3:::aft-customizations-pipeline-008298205562\",\n        \"arn:aws:s3:::aft-customizations-pipeline-008298205562/*\"\n      ]\n    },\n    {\n      \"Effect\": \"Allow\",\n      \"Action\": [\n        \"kms:Decrypt\",\n        \"kms:Encrypt\",\n        \"kms:GenerateDataKey\"\n      ],\n      \"Resource\": \"arn:aws:kms:us-east-1:008298205562:key/aeafe814-f92c-4a5f-8f47-6cc9d9f2c498\"\n    },\n    {\n      \"Effect\": \"Allow\",\n      \"Action\": [\n        \"ssm:GetParameters\",\n        \"ssm:GetParameter\"\n      ],\n      \"Resource\": [\n        \"arn:aws:ssm:us-east-1:008298205562:parameter/aft/*\"\n      ]\n    },\n    {\n      \"Effect\": \"Allow\",\n      \"Action\": [\n        \"codecommit:GetBranch\",\n        \"codecommit:GetRepository\",\n        \"codecommit:GetCommit\",\n        \"codecommit:GitPull\",\n        \"codecommit:UploadArchive\",\n        \"codecommit:GetUploadArchiveStatus\",\n        \"codecommit:CancelUploadArchive\"\n      ],\n      \"Resource\": \"arn:aws:codecommit:us-east-1:008298205562:*customizations*\"\n    },\n    {\n      \"Effect\": \"Allow\",\n      \"Action\": [\n        \"dynamodb:*Item\"\n      ],\n      \"Resource\": [\n        \"arn:aws:dynamodb:us-east-1:008298205562:table/aft-request-metadata\"\n      ]\n    },\n    {\n      \"Effect\": \"Allow\",\n      \"Action\": [\n        \"sts:AssumeRole\"\n      ],\n      \"Resource\": [\n        \"arn:aws:iam::008298205562:role/AWSAFTAdmin\"\n      ]\n    },\n      {\n        \"Effect\" : \"Allow\",\n        \"Action\" : [\n        \"dynamodb:GetItem\"\n      ],\n        \"Resource\" : [\n          \"arn:aws:dynamodb:008298205562:008298205562:table/aft*\"\n        ]\n      }\n  ]\n}\n"
              }
            ],
            "managed_policy_arns": [],
            "max_session_duration": 3600,
            "name": "aft-codebuild-customizations-role",
            "name_prefix": "",
            "path": "/",
            "permissions_boundary": null,
            "tags": {},
            "tags_all": {
              "managed_by": "AFT"
            },
            "unique_id": "AROAQD3U4SF5GUDCOGLWM"
          },
          "sensitive_attributes": [],
          "private": "bnVsbA=="
        }
      ]
    },
    {
      "module": "module.aft.module.aft_customizations",
      "mode": "managed",
      "type": "aws_iam_role",
      "name": "aft_codepipeline_customizations_role",
      "provider": "module.aft.provider[\"registry.terraform.io/hashicorp/aws\"].aft_management",
      "instances": [
        {
          "schema_version": 0,
          "attributes": {
            "arn": "arn:aws:iam::008298205562:role/aft-codepipeline-customizations-role",
            "assume_role_policy": "{\"Version\":\"2012-10-17\",\"Statement\":[{\"Effect\":\"Allow\",\"Principal\":{\"Service\":\"codepipeline.amazonaws.com\"},\"Action\":\"sts:AssumeRole\"}]}",
            "create_date": "2022-04-23T03:42:23Z",
            "description": "",
            "force_detach_policies": false,
            "id": "aft-codepipeline-customizations-role",
            "inline_policy": [
              {
                "name": "aft-codepipeline-customizations-policy",
                "policy": "{\n  \"Version\": \"2012-10-17\",\n  \"Statement\": [\n    {\n      \"Effect\":\"Allow\",\n      \"Action\": [\n        \"s3:Get*\",\n        \"s3:List*\",\n        \"s3:Put*\"\n      ],\n      \"Resource\": [\n        \"arn:aws:s3:::aft-customizations-pipeline-008298205562\",\n        \"arn:aws:s3:::aft-customizations-pipeline-008298205562/*\"\n      ]\n    },\n    {\n      \"Effect\": \"Allow\",\n      \"Action\": [\n        \"codebuild:BatchGetBuilds\",\n        \"codebuild:StartBuild\"\n      ],\n        \"Resource\": \"arn:aws:codebuild:us-east-1:008298205562:*customizations*\"\n    },\n    {\n      \"Effect\": \"Allow\",\n      \"Action\": [\n        \"codecommit:GetBranch\",\n        \"codecommit:GetRepository\",\n        \"codecommit:GetCommit\",\n        \"codecommit:GitPull\",\n        \"codecommit:UploadArchive\",\n        \"codecommit:GetUploadArchiveStatus\",\n        \"codecommit:CancelUploadArchive\"\n      ],\n      \"Resource\": \"arn:aws:codecommit:us-east-1:008298205562:aft-*\"\n    },\n    {\n      \"Effect\": \"Allow\",\n      \"Action\": [\n        \"kms:Decrypt\",\n        \"kms:Encrypt\",\n        \"kms:GenerateDataKey\"\n      ],\n      \"Resource\": \"arn:aws:kms:us-east-1:008298205562:key/aeafe814-f92c-4a5f-8f47-6cc9d9f2c498\"\n    },\n     {\n         \"Effect\": \"Allow\",\n         \"Action\": \"codestar-connections:UseConnection\",\n         \"Resource\": \"*\"\n     }\n  ]\n}\n"
              }
            ],
            "managed_policy_arns": [],
            "max_session_duration": 3600,
            "name": "aft-codepipeline-customizations-role",
            "name_prefix": "",
            "path": "/",
            "permissions_boundary": null,
            "tags": {},
            "tags_all": {
              "managed_by": "AFT"
            },
            "unique_id": "AROAQD3U4SF5IJWQ64W3B"
          },
          "sensitive_attributes": [],
          "private": "bnVsbA=="
        }
      ]
    },
    {
      "module": "module.aft.module.aft_customizations",
      "mode": "managed",
      "type": "aws_iam_role",
      "name": "aft_customizations_execute_pipeline_lambda",
      "provider": "module.aft.provider[\"registry.terraform.io/hashicorp/aws\"].aft_management",
      "instances": [
        {
          "schema_version": 0,
          "attributes": {
            "arn": "arn:aws:iam::008298205562:role/aft-execute-pipeline-execution-role",
            "assume_role_policy": "{\"Version\":\"2012-10-17\",\"Statement\":[{\"Effect\":\"Allow\",\"Principal\":{\"Service\":\"lambda.amazonaws.com\"},\"Action\":\"sts:AssumeRole\"}]}",
            "create_date": "2022-04-23T03:42:34Z",
            "description": "",
            "force_detach_policies": false,
            "id": "aft-execute-pipeline-execution-role",
            "inline_policy": [
              {
                "name": "aft-execute-pipeline-policy",
                "policy": "{\n    \"Version\": \"2012-10-17\",\n    \"Statement\": [\n        {\n            \"Effect\": \"Allow\",\n            \"Action\": [\n                \"codepipeline:StartPipelineExecution\",\n                \"codepipeline:ListPipelineExecutions\",\n                \"codepipeline:ListPipelines\",\n                \"ssm:GetParameter\",\n                \"codepipeline:ListTagsForResource\"\n            ],\n            \"Resource\": [\n                \"arn:aws:codepipeline:us-east-1:008298205562:*\",\n                \"arn:aws:ssm:us-east-1:008298205562:parameter/aft/*\"\n            ]\n        },\n      {\n        \"Effect\" : \"Allow\",\n        \"Action\" : [\n            \"kms:GenerateDataKey\",\n            \"kms:Encrypt\",\n            \"kms:Decrypt\"\n        ],\n        \"Resource\" : [\n            \"arn:aws:kms:us-east-1:008298205562:key/aeafe814-f92c-4a5f-8f47-6cc9d9f2c498\"\n        ]\n      },\n      {\n          \"Effect\": \"Allow\",\n          \"Action\": \"sts:GetCallerIdentity\",\n          \"Resource\": \"*\"\n      }\n    ]\n}\n"
              }
            ],
            "managed_policy_arns": [
              "arn:aws:iam::aws:policy/service-role/AWSLambdaBasicExecutionRole",
              "arn:aws:iam::aws:policy/service-role/AWSLambdaVPCAccessExecutionRole"
            ],
            "max_session_duration": 3600,
            "name": "aft-execute-pipeline-execution-role",
            "name_prefix": "",
            "path": "/",
            "permissions_boundary": null,
            "tags": {},
            "tags_all": {
              "managed_by": "AFT"
            },
            "unique_id": "AROAQD3U4SF5IOOKNK5G6"
          },
          "sensitive_attributes": [],
          "private": "bnVsbA=="
        }
      ]
    },
    {
      "module": "module.aft.module.aft_customizations",
      "mode": "managed",
      "type": "aws_iam_role",
      "name": "aft_customizations_get_pipeline_executions_lambda",
      "provider": "module.aft.provider[\"registry.terraform.io/hashicorp/aws\"].aft_management",
      "instances": [
        {
          "schema_version": 0,
          "attributes": {
            "arn": "arn:aws:iam::008298205562:role/aft-get-pipeline-status-execution-role",
            "assume_role_policy": "{\"Version\":\"2012-10-17\",\"Statement\":[{\"Effect\":\"Allow\",\"Principal\":{\"Service\":\"lambda.amazonaws.com\"},\"Action\":\"sts:AssumeRole\"}]}",
            "create_date": "2022-04-23T03:42:42Z",
            "description": "",
            "force_detach_policies": false,
            "id": "aft-get-pipeline-status-execution-role",
            "inline_policy": [
              {
                "name": "aft-get-pipeline-status-policy",
                "policy": "{\n    \"Version\": \"2012-10-17\",\n    \"Statement\": [\n        {\n            \"Effect\": \"Allow\",\n            \"Action\": \"codepipeline:ListPipelineExecutions\",\n            \"Resource\": \"arn:aws:codepipeline:us-east-1:008298205562:*\"\n        },\n        {\n            \"Effect\": \"Allow\",\n            \"Action\": \"codepipeline:ListPipelines\",\n            \"Resource\": \"*\"\n        },\n      {\n        \"Effect\" : \"Allow\",\n        \"Action\" : [\n            \"kms:GenerateDataKey\",\n            \"kms:Encrypt\",\n            \"kms:Decrypt\"\n        ],\n        \"Resource\" : [\n            \"arn:aws:kms:us-east-1:008298205562:key/aeafe814-f92c-4a5f-8f47-6cc9d9f2c498\"\n        ]\n      }\n    ]\n}\n"
              }
            ],
            "managed_policy_arns": [
              "arn:aws:iam::aws:policy/service-role/AWSLambdaBasicExecutionRole",
              "arn:aws:iam::aws:policy/service-role/AWSLambdaVPCAccessExecutionRole"
            ],
            "max_session_duration": 3600,
            "name": "aft-get-pipeline-status-execution-role",
            "name_prefix": "",
            "path": "/",
            "permissions_boundary": null,
            "tags": {},
            "tags_all": {
              "managed_by": "AFT"
            },
            "unique_id": "AROAQD3U4SF5IHPQEIG5E"
          },
          "sensitive_attributes": [],
          "private": "bnVsbA=="
        }
      ]
    },
    {
      "module": "module.aft.module.aft_customizations",
      "mode": "managed",
      "type": "aws_iam_role",
      "name": "aft_customizations_identify_targets_lambda",
      "provider": "module.aft.provider[\"registry.terraform.io/hashicorp/aws\"].aft_management",
      "instances": [
        {
          "schema_version": 0,
          "attributes": {
            "arn": "arn:aws:iam::008298205562:role/aft-identify-targets-execution-role",
            "assume_role_policy": "{\"Version\":\"2012-10-17\",\"Statement\":[{\"Effect\":\"Allow\",\"Principal\":{\"Service\":\"lambda.amazonaws.com\"},\"Action\":\"sts:AssumeRole\"}]}",
            "create_date": "2022-04-23T03:42:29Z",
            "description": "",
            "force_detach_policies": false,
            "id": "aft-identify-targets-execution-role",
            "inline_policy": [
              {
                "name": "aft-identify-targets-policy",
                "policy": "{\n    \"Version\" : \"2012-10-17\",\n    \"Statement\" : [\n      {\n        \"Effect\" : \"Allow\",\n        \"Action\" : [\n          \"sts:AssumeRole\"\n        ],\n        \"Resource\" : [\n          \"arn:aws:iam::008298205562:role/AWSAFTAdmin\"\n        ]\n      },\n      {\n        \"Effect\" : \"Allow\",\n        \"Action\" : \"sts:GetCallerIdentity\",\n        \"Resource\" : \"*\"\n      },\n      {\n        \"Effect\" : \"Allow\",\n        \"Action\" : \"ssm:GetParameter\",\n        \"Resource\" : [\n            \"arn:aws:ssm:us-east-1:008298205562:parameter/aft/*\"\n        ]\n      },\n    {\n      \"Effect\" : \"Allow\",\n      \"Action\" : [\n      \"dynamodb:Scan\"\n    ],\n      \"Resource\" : [\n        \"arn:aws:dynamodb:us-east-1:008298205562:table/aft-request-metadata\"\n      ]\n    },\n      {\n        \"Effect\" : \"Allow\",\n        \"Action\" : [\n            \"kms:GenerateDataKey\",\n            \"kms:Encrypt\",\n            \"kms:Decrypt\"\n        ],\n        \"Resource\" : [\n            \"arn:aws:kms:us-east-1:008298205562:key/aeafe814-f92c-4a5f-8f47-6cc9d9f2c498\"\n        ]\n      }\n    ]\n}\n"
              }
            ],
            "managed_policy_arns": [
              "arn:aws:iam::aws:policy/service-role/AWSLambdaBasicExecutionRole",
              "arn:aws:iam::aws:policy/service-role/AWSLambdaVPCAccessExecutionRole"
            ],
            "max_session_duration": 3600,
            "name": "aft-identify-targets-execution-role",
            "name_prefix": "",
            "path": "/",
            "permissions_boundary": null,
            "tags": {},
            "tags_all": {
              "managed_by": "AFT"
            },
            "unique_id": "AROAQD3U4SF5E772J7TO2"
          },
          "sensitive_attributes": [],
          "private": "bnVsbA=="
        }
      ]
    },
    {
      "module": "module.aft.module.aft_customizations",
      "mode": "managed",
      "type": "aws_iam_role",
      "name": "aft_customizations_invoke_account_provisioning_lambda",
      "provider": "module.aft.provider[\"registry.terraform.io/hashicorp/aws\"].aft_management",
      "instances": [
        {
          "schema_version": 0,
          "attributes": {
            "arn": "arn:aws:iam::008298205562:role/aft-customizations-invoke-account-provisioning-role",
            "assume_role_policy": "{\"Version\":\"2012-10-17\",\"Statement\":[{\"Effect\":\"Allow\",\"Principal\":{\"Service\":\"lambda.amazonaws.com\"},\"Action\":\"sts:AssumeRole\"}]}",
            "create_date": "2022-04-23T03:42:29Z",
            "description": "",
            "force_detach_policies": false,
            "id": "aft-customizations-invoke-account-provisioning-role",
            "inline_policy": [
              {
                "name": "aft-customizations-invoke-account-provisioning-policy",
                "policy": "{\n    \"Version\": \"2012-10-17\",\n    \"Statement\": [\n        {\n            \"Effect\": \"Allow\",\n            \"Action\": \"states:StartExecution\",\n            \"Resource\": \"arn:aws:states:us-east-1:008298205562:stateMachine:aft-account-provisioning-framework\"\n        },\n        {\n          \"Effect\": \"Allow\",\n          \"Action\": [\n            \"ssm:GetParameters\",\n            \"ssm:GetParameter\"\n          ],\n          \"Resource\": [\n            \"arn:aws:ssm:us-east-1:008298205562:parameter/aft/*\"\n          ]\n        },\n        {\n          \"Effect\": \"Allow\",\n          \"Action\": [\n            \"dynamodb:GetItem\"\n          ],\n          \"Resource\": [\n            \"arn:aws:dynamodb:us-east-1:008298205562:table/aft-request-metadata\",\n            \"arn:aws:dynamodb:us-east-1:008298205562:table/aft-request\"\n          ]\n        },\n        {\n          \"Effect\": \"Allow\",\n          \"Action\": [\n            \"kms:Decrypt\",\n            \"kms:Encrypt\",\n            \"kms:GenerateDataKey\"\n          ],\n          \"Resource\": \"arn:aws:kms:us-east-1:008298205562:key/aeafe814-f92c-4a5f-8f47-6cc9d9f2c498\"\n        }\n    ]\n}\n"
              }
            ],
            "managed_policy_arns": [
              "arn:aws:iam::aws:policy/service-role/AWSLambdaBasicExecutionRole",
              "arn:aws:iam::aws:policy/service-role/AWSLambdaVPCAccessExecutionRole"
            ],
            "max_session_duration": 3600,
            "name": "aft-customizations-invoke-account-provisioning-role",
            "name_prefix": "",
            "path": "/",
            "permissions_boundary": null,
            "tags": {},
            "tags_all": {
              "managed_by": "AFT"
            },
            "unique_id": "AROAQD3U4SF5AS3RQLFAO"
          },
          "sensitive_attributes": [],
          "private": "bnVsbA=="
        }
      ]
    },
    {
      "module": "module.aft.module.aft_customizations",
      "mode": "managed",
      "type": "aws_iam_role",
      "name": "aft_invoke_customizations_sfn",
      "provider": "module.aft.provider[\"registry.terraform.io/hashicorp/aws\"].aft_management",
      "instances": [
        {
          "schema_version": 0,
          "attributes": {
            "arn": "arn:aws:iam::008298205562:role/aft-invoke-customizations-execution-role",
            "assume_role_policy": "{\"Version\":\"2012-10-17\",\"Statement\":[{\"Effect\":\"Allow\",\"Principal\":{\"Service\":\"states.amazonaws.com\"},\"Action\":\"sts:AssumeRole\"}]}",
            "create_date": "2022-04-23T03:42:22Z",
            "description": "",
            "force_detach_policies": false,
            "id": "aft-invoke-customizations-execution-role",
            "inline_policy": [
              {
                "name": "aft-invoke-customizations-policy",
                "policy": "{\n    \"Version\": \"2012-10-17\",\n    \"Statement\": [\n        {\n            \"Effect\": \"Allow\",\n            \"Action\": [\n                \"lambda:InvokeFunction\"\n            ],\n            \"Resource\": [\n                \"arn:aws:lambda:us-east-1:008298205562:function:aft-*\"\n            ]\n        },\n        {\n            \"Effect\": \"Allow\",\n            \"Action\": [\n                \"sns:Publish\"\n            ],\n            \"Resource\": [\n                \"arn:aws:sns:us-east-1:008298205562:aft-*\"\n            ]\n        }\n    ]\n}\n"
              }
            ],
            "managed_policy_arns": [],
            "max_session_duration": 3600,
            "name": "aft-invoke-customizations-execution-role",
            "name_prefix": "",
            "path": "/",
            "permissions_boundary": null,
            "tags": {},
            "tags_all": {
              "managed_by": "AFT"
            },
            "unique_id": "AROAQD3U4SF5NV2GLXXD2"
          },
          "sensitive_attributes": [],
          "private": "bnVsbA=="
        }
      ]
    },
    {
      "module": "module.aft.module.aft_customizations",
      "mode": "managed",
      "type": "aws_iam_role_policy",
      "name": "aft_codebuild_customizations_policy",
      "provider": "module.aft.provider[\"registry.terraform.io/hashicorp/aws\"].aft_management",
      "instances": [
        {
          "schema_version": 0,
          "attributes": {
            "id": "aft-codebuild-customizations-role:terraform-20220423034634420800000026",
            "name": "terraform-20220423034634420800000026",
            "name_prefix": null,
            "policy": "{\n  \"Version\": \"2012-10-17\",\n  \"Statement\": [\n    {\n      \"Effect\": \"Allow\",\n      \"Resource\": \"arn:aws:logs:us-east-1:008298205562:log-group:/aws/codebuild/aft*\",\n      \"Action\": [\n        \"logs:CreateLogStream\",\n        \"logs:PutLogEvents\"\n      ]\n    },\n    {\n      \"Effect\": \"Allow\",\n      \"Action\": [\n        \"ec2:CreateNetworkInterface\",\n        \"ec2:DescribeDhcpOptions\",\n        \"ec2:DescribeNetworkInterfaces\",\n        \"ec2:DeleteNetworkInterface\",\n        \"ec2:DescribeSubnets\",\n        \"ec2:DescribeSecurityGroups\",\n        \"ec2:DescribeVpcs\"\n      ],\n      \"Resource\": \"*\"\n    },\n    {\n      \"Effect\": \"Allow\",\n      \"Action\": [\n        \"ec2:CreateNetworkInterfacePermission\"\n      ],\n      \"Resource\": [\n        \"arn:aws:ec2:us-east-1:008298205562:network-interface/*\"\n      ]\n    },\n    {\n      \"Effect\": \"Allow\",\n      \"Action\": [\n        \"s3:GetObject\",\n        \"s3:GetObjectVersion\",\n        \"s3:GetBucketVersioning\",\n        \"s3:List*\",\n        \"s3:PutObjectAcl\",\n        \"s3:PutObject\"\n      ],\n      \"Resource\": [\n        \"arn:aws:s3:::aft-customizations-pipeline-008298205562\",\n        \"arn:aws:s3:::aft-customizations-pipeline-008298205562/*\"\n      ]\n    },\n    {\n      \"Effect\": \"Allow\",\n      \"Action\": [\n        \"kms:Decrypt\",\n        \"kms:Encrypt\",\n        \"kms:GenerateDataKey\"\n      ],\n      \"Resource\": \"arn:aws:kms:us-east-1:008298205562:key/aeafe814-f92c-4a5f-8f47-6cc9d9f2c498\"\n    },\n    {\n      \"Effect\": \"Allow\",\n      \"Action\": [\n        \"ssm:GetParameters\",\n        \"ssm:GetParameter\"\n      ],\n      \"Resource\": [\n        \"arn:aws:ssm:us-east-1:008298205562:parameter/aft/*\"\n      ]\n    },\n    {\n      \"Effect\": \"Allow\",\n      \"Action\": [\n        \"codecommit:GetBranch\",\n        \"codecommit:GetRepository\",\n        \"codecommit:GetCommit\",\n        \"codecommit:GitPull\",\n        \"codecommit:UploadArchive\",\n        \"codecommit:GetUploadArchiveStatus\",\n        \"codecommit:CancelUploadArchive\"\n      ],\n      \"Resource\": \"arn:aws:codecommit:us-east-1:008298205562:*customizations*\"\n    },\n    {\n      \"Effect\": \"Allow\",\n      \"Action\": [\n        \"dynamodb:*Item\"\n      ],\n      \"Resource\": [\n        \"arn:aws:dynamodb:us-east-1:008298205562:table/aft-request-metadata\"\n      ]\n    },\n    {\n      \"Effect\": \"Allow\",\n      \"Action\": [\n        \"sts:AssumeRole\"\n      ],\n      \"Resource\": [\n        \"arn:aws:iam::008298205562:role/AWSAFTAdmin\"\n      ]\n    },\n      {\n        \"Effect\" : \"Allow\",\n        \"Action\" : [\n        \"dynamodb:GetItem\"\n      ],\n        \"Resource\" : [\n          \"arn:aws:dynamodb:008298205562:008298205562:table/aft*\"\n        ]\n      }\n  ]\n}\n",
            "role": "aft-codebuild-customizations-role"
          },
          "sensitive_attributes": [],
          "private": "bnVsbA==",
          "dependencies": [
            "module.aft.module.aft_account_request_framework.aws_dynamodb_table.aft_request_metadata",
            "module.aft.module.aft_account_request_framework.aws_kms_key.aft",
            "module.aft.module.aft_customizations.aws_iam_role.aft_codebuild_customizations_role",
            "module.aft.module.aft_customizations.aws_s3_bucket.aft_codepipeline_customizations_bucket",
            "module.aft.module.aft_customizations.data.aws_caller_identity.current",
            "module.aft.module.aft_customizations.data.aws_region.current"
          ]
        }
      ]
    },
    {
      "module": "module.aft.module.aft_customizations",
      "mode": "managed",
      "type": "aws_iam_role_policy",
      "name": "aft_codepipeline_customizations_policy",
      "provider": "module.aft.provider[\"registry.terraform.io/hashicorp/aws\"].aft_management",
      "instances": [
        {
          "schema_version": 0,
          "attributes": {
            "id": "aft-codepipeline-customizations-role:aft-codepipeline-customizations-policy",
            "name": "aft-codepipeline-customizations-policy",
            "name_prefix": null,
            "policy": "{\n  \"Version\": \"2012-10-17\",\n  \"Statement\": [\n    {\n      \"Effect\":\"Allow\",\n      \"Action\": [\n        \"s3:Get*\",\n        \"s3:List*\",\n        \"s3:Put*\"\n      ],\n      \"Resource\": [\n        \"arn:aws:s3:::aft-customizations-pipeline-008298205562\",\n        \"arn:aws:s3:::aft-customizations-pipeline-008298205562/*\"\n      ]\n    },\n    {\n      \"Effect\": \"Allow\",\n      \"Action\": [\n        \"codebuild:BatchGetBuilds\",\n        \"codebuild:StartBuild\"\n      ],\n        \"Resource\": \"arn:aws:codebuild:us-east-1:008298205562:*customizations*\"\n    },\n    {\n      \"Effect\": \"Allow\",\n      \"Action\": [\n        \"codecommit:GetBranch\",\n        \"codecommit:GetRepository\",\n        \"codecommit:GetCommit\",\n        \"codecommit:GitPull\",\n        \"codecommit:UploadArchive\",\n        \"codecommit:GetUploadArchiveStatus\",\n        \"codecommit:CancelUploadArchive\"\n      ],\n      \"Resource\": \"arn:aws:codecommit:us-east-1:008298205562:aft-*\"\n    },\n    {\n      \"Effect\": \"Allow\",\n      \"Action\": [\n        \"kms:Decrypt\",\n        \"kms:Encrypt\",\n        \"kms:GenerateDataKey\"\n      ],\n      \"Resource\": \"arn:aws:kms:us-east-1:008298205562:key/aeafe814-f92c-4a5f-8f47-6cc9d9f2c498\"\n    },\n     {\n         \"Effect\": \"Allow\",\n         \"Action\": \"codestar-connections:UseConnection\",\n         \"Resource\": \"*\"\n     }\n  ]\n}\n",
            "role": "aft-codepipeline-customizations-role"
          },
          "sensitive_attributes": [],
          "private": "bnVsbA==",
          "dependencies": [
            "module.aft.module.aft_account_request_framework.aws_kms_key.aft",
            "module.aft.module.aft_customizations.aws_iam_role.aft_codepipeline_customizations_role",
            "module.aft.module.aft_customizations.aws_s3_bucket.aft_codepipeline_customizations_bucket",
            "module.aft.module.aft_customizations.data.aws_caller_identity.current",
            "module.aft.module.aft_customizations.data.aws_region.current"
          ]
        }
      ]
    },
    {
      "module": "module.aft.module.aft_customizations",
      "mode": "managed",
      "type": "aws_iam_role_policy",
      "name": "aft_customizations_invoke_account_provisioning_lambda",
      "provider": "module.aft.provider[\"registry.terraform.io/hashicorp/aws\"].aft_management",
      "instances": [
        {
          "schema_version": 0,
          "attributes": {
            "id": "aft-customizations-invoke-account-provisioning-role:aft-customizations-invoke-account-provisioning-policy",
            "name": "aft-customizations-invoke-account-provisioning-policy",
            "name_prefix": null,
            "policy": "{\n    \"Version\": \"2012-10-17\",\n    \"Statement\": [\n        {\n            \"Effect\": \"Allow\",\n            \"Action\": \"states:StartExecution\",\n            \"Resource\": \"arn:aws:states:us-east-1:008298205562:stateMachine:aft-account-provisioning-framework\"\n        },\n        {\n          \"Effect\": \"Allow\",\n          \"Action\": [\n            \"ssm:GetParameters\",\n            \"ssm:GetParameter\"\n          ],\n          \"Resource\": [\n            \"arn:aws:ssm:us-east-1:008298205562:parameter/aft/*\"\n          ]\n        },\n        {\n          \"Effect\": \"Allow\",\n          \"Action\": [\n            \"dynamodb:GetItem\"\n          ],\n          \"Resource\": [\n            \"arn:aws:dynamodb:us-east-1:008298205562:table/aft-request-metadata\",\n            \"arn:aws:dynamodb:us-east-1:008298205562:table/aft-request\"\n          ]\n        },\n        {\n          \"Effect\": \"Allow\",\n          \"Action\": [\n            \"kms:Decrypt\",\n            \"kms:Encrypt\",\n            \"kms:GenerateDataKey\"\n          ],\n          \"Resource\": \"arn:aws:kms:us-east-1:008298205562:key/aeafe814-f92c-4a5f-8f47-6cc9d9f2c498\"\n        }\n    ]\n}\n",
            "role": "aft-customizations-invoke-account-provisioning-role"
          },
          "sensitive_attributes": [],
          "private": "bnVsbA==",
          "dependencies": [
            "module.aft.data.local_file.version",
            "module.aft.module.aft_account_provisioning_framework.aws_iam_role.aft_lambda_aft_account_provisioning_framework_create_role",
            "module.aft.module.aft_account_provisioning_framework.aws_iam_role.aft_lambda_aft_account_provisioning_framework_get_account_info",
            "module.aft.module.aft_account_provisioning_framework.aws_iam_role.aft_lambda_aft_account_provisioning_framework_persist_metadata",
            "module.aft.module.aft_account_provisioning_framework.aws_iam_role.aft_lambda_aft_account_provisioning_framework_tag_account",
            "module.aft.module.aft_account_provisioning_framework.aws_iam_role.aft_lambda_aft_account_provisioning_framework_validate_request",
            "module.aft.module.aft_account_provisioning_framework.aws_iam_role.aft_states",
            "module.aft.module.aft_account_provisioning_framework.aws_lambda_function.account_metadata_ssm",
            "module.aft.module.aft_account_provisioning_framework.aws_lambda_function.create_role",
            "module.aft.module.aft_account_provisioning_framework.aws_lambda_function.get_account_info",
            "module.aft.module.aft_account_provisioning_framework.aws_lambda_function.persist_metadata",
            "module.aft.module.aft_account_provisioning_framework.aws_lambda_function.tag_account",
            "module.aft.module.aft_account_provisioning_framework.aws_lambda_function.validate_request",
            "module.aft.module.aft_account_provisioning_framework.aws_sfn_state_machine.aft_account_provisioning_framework_sfn",
            "module.aft.module.aft_account_provisioning_framework.data.aws_caller_identity.aft_management",
            "module.aft.module.aft_account_provisioning_framework.data.aws_region.aft_management",
            "module.aft.module.aft_account_request_framework.aws_dynamodb_table.aft_request",
            "module.aft.module.aft_account_request_framework.aws_dynamodb_table.aft_request_metadata",
            "module.aft.module.aft_account_request_framework.aws_kms_key.aft",
            "module.aft.module.aft_account_request_framework.aws_security_group.aft_vpc_default_sg",
            "module.aft.module.aft_account_request_framework.aws_sns_topic.aft_failure_notifications",
            "module.aft.module.aft_account_request_framework.aws_sns_topic.aft_notifications",
            "module.aft.module.aft_account_request_framework.aws_subnet.aft_vpc_private_subnet_01",
            "module.aft.module.aft_account_request_framework.aws_subnet.aft_vpc_private_subnet_02",
            "module.aft.module.aft_account_request_framework.aws_vpc.aft_vpc",
            "module.aft.module.aft_account_request_framework.data.aws_availability_zones.available",
            "module.aft.module.aft_customizations.aws_iam_role.aft_customizations_invoke_account_provisioning_lambda",
            "module.aft.module.aft_customizations.aws_s3_bucket.aft_codepipeline_customizations_bucket",
            "module.aft.module.aft_customizations.data.aws_caller_identity.current",
            "module.aft.module.aft_customizations.data.aws_region.current",
            "module.aft.module.aft_lambda_layer.aws_codebuild_project.codebuild",
            "module.aft.module.aft_lambda_layer.aws_iam_role.codebuild",
            "module.aft.module.aft_lambda_layer.aws_iam_role.codebuild_invoker_lambda_role",
            "module.aft.module.aft_lambda_layer.aws_lambda_function.codebuild_invoker",
            "module.aft.module.aft_lambda_layer.aws_lambda_layer_version.layer_version",
            "module.aft.module.aft_lambda_layer.data.aws_lambda_invocation.invoke_codebuild_job",
            "module.aft.module.aft_lambda_layer.data.local_file.aft_lambda_layer",
            "module.aft.module.aft_lambda_layer.random_string.resource_suffix",
            "module.aft.module.packaging.data.archive_file.builder",
            "module.aft.module.packaging.data.archive_file.provisioning_framework"
          ]
        }
      ]
    },
    {
      "module": "module.aft.module.aft_customizations",
      "mode": "managed",
      "type": "aws_iam_role_policy",
      "name": "aft_execute_pipeline_lambda",
      "provider": "module.aft.provider[\"registry.terraform.io/hashicorp/aws\"].aft_management",
      "instances": [
        {
          "schema_version": 0,
          "attributes": {
            "id": "aft-execute-pipeline-execution-role:aft-execute-pipeline-policy",
            "name": "aft-execute-pipeline-policy",
            "name_prefix": null,
            "policy": "{\n    \"Version\": \"2012-10-17\",\n    \"Statement\": [\n        {\n            \"Effect\": \"Allow\",\n            \"Action\": [\n                \"codepipeline:StartPipelineExecution\",\n                \"codepipeline:ListPipelineExecutions\",\n                \"codepipeline:ListPipelines\",\n                \"ssm:GetParameter\",\n                \"codepipeline:ListTagsForResource\"\n            ],\n            \"Resource\": [\n                \"arn:aws:codepipeline:us-east-1:008298205562:*\",\n                \"arn:aws:ssm:us-east-1:008298205562:parameter/aft/*\"\n            ]\n        },\n      {\n        \"Effect\" : \"Allow\",\n        \"Action\" : [\n            \"kms:GenerateDataKey\",\n            \"kms:Encrypt\",\n            \"kms:Decrypt\"\n        ],\n        \"Resource\" : [\n            \"arn:aws:kms:us-east-1:008298205562:key/aeafe814-f92c-4a5f-8f47-6cc9d9f2c498\"\n        ]\n      },\n      {\n          \"Effect\": \"Allow\",\n          \"Action\": \"sts:GetCallerIdentity\",\n          \"Resource\": \"*\"\n      }\n    ]\n}\n",
            "role": "aft-execute-pipeline-execution-role"
          },
          "sensitive_attributes": [],
          "private": "bnVsbA==",
          "dependencies": [
            "module.aft.module.aft_account_request_framework.aws_kms_key.aft",
            "module.aft.module.aft_customizations.aws_iam_role.aft_customizations_execute_pipeline_lambda",
            "module.aft.module.aft_customizations.data.aws_caller_identity.current",
            "module.aft.module.aft_customizations.data.aws_region.current"
          ]
        }
      ]
    },
    {
      "module": "module.aft.module.aft_customizations",
      "mode": "managed",
      "type": "aws_iam_role_policy",
      "name": "aft_get_pipeline_executions_lambda",
      "provider": "module.aft.provider[\"registry.terraform.io/hashicorp/aws\"].aft_management",
      "instances": [
        {
          "schema_version": 0,
          "attributes": {
            "id": "aft-get-pipeline-status-execution-role:aft-get-pipeline-status-policy",
            "name": "aft-get-pipeline-status-policy",
            "name_prefix": null,
            "policy": "{\n    \"Version\": \"2012-10-17\",\n    \"Statement\": [\n        {\n            \"Effect\": \"Allow\",\n            \"Action\": \"codepipeline:ListPipelineExecutions\",\n            \"Resource\": \"arn:aws:codepipeline:us-east-1:008298205562:*\"\n        },\n        {\n            \"Effect\": \"Allow\",\n            \"Action\": \"codepipeline:ListPipelines\",\n            \"Resource\": \"*\"\n        },\n      {\n        \"Effect\" : \"Allow\",\n        \"Action\" : [\n            \"kms:GenerateDataKey\",\n            \"kms:Encrypt\",\n            \"kms:Decrypt\"\n        ],\n        \"Resource\" : [\n            \"arn:aws:kms:us-east-1:008298205562:key/aeafe814-f92c-4a5f-8f47-6cc9d9f2c498\"\n        ]\n      }\n    ]\n}\n",
            "role": "aft-get-pipeline-status-execution-role"
          },
          "sensitive_attributes": [],
          "private": "bnVsbA==",
          "dependencies": [
            "module.aft.module.aft_account_request_framework.aws_kms_key.aft",
            "module.aft.module.aft_customizations.aws_iam_role.aft_customizations_get_pipeline_executions_lambda",
            "module.aft.module.aft_customizations.data.aws_caller_identity.current",
            "module.aft.module.aft_customizations.data.aws_region.current"
          ]
        }
      ]
    },
    {
      "module": "module.aft.module.aft_customizations",
      "mode": "managed",
      "type": "aws_iam_role_policy",
      "name": "aft_identify_targets_lambda",
      "provider": "module.aft.provider[\"registry.terraform.io/hashicorp/aws\"].aft_management",
      "instances": [
        {
          "schema_version": 0,
          "attributes": {
            "id": "aft-identify-targets-execution-role:aft-identify-targets-policy",
            "name": "aft-identify-targets-policy",
            "name_prefix": null,
            "policy": "{\n    \"Version\" : \"2012-10-17\",\n    \"Statement\" : [\n      {\n        \"Effect\" : \"Allow\",\n        \"Action\" : [\n          \"sts:AssumeRole\"\n        ],\n        \"Resource\" : [\n          \"arn:aws:iam::008298205562:role/AWSAFTAdmin\"\n        ]\n      },\n      {\n        \"Effect\" : \"Allow\",\n        \"Action\" : \"sts:GetCallerIdentity\",\n        \"Resource\" : \"*\"\n      },\n      {\n        \"Effect\" : \"Allow\",\n        \"Action\" : \"ssm:GetParameter\",\n        \"Resource\" : [\n            \"arn:aws:ssm:us-east-1:008298205562:parameter/aft/*\"\n        ]\n      },\n    {\n      \"Effect\" : \"Allow\",\n      \"Action\" : [\n      \"dynamodb:Scan\"\n    ],\n      \"Resource\" : [\n        \"arn:aws:dynamodb:us-east-1:008298205562:table/aft-request-metadata\"\n      ]\n    },\n      {\n        \"Effect\" : \"Allow\",\n        \"Action\" : [\n            \"kms:GenerateDataKey\",\n            \"kms:Encrypt\",\n            \"kms:Decrypt\"\n        ],\n        \"Resource\" : [\n            \"arn:aws:kms:us-east-1:008298205562:key/aeafe814-f92c-4a5f-8f47-6cc9d9f2c498\"\n        ]\n      }\n    ]\n}\n",
            "role": "aft-identify-targets-execution-role"
          },
          "sensitive_attributes": [],
          "private": "bnVsbA==",
          "dependencies": [
            "module.aft.module.aft_account_request_framework.aws_dynamodb_table.aft_request_metadata",
            "module.aft.module.aft_account_request_framework.aws_kms_key.aft",
            "module.aft.module.aft_customizations.aws_iam_role.aft_customizations_identify_targets_lambda",
            "module.aft.module.aft_customizations.data.aws_caller_identity.current",
            "module.aft.module.aft_customizations.data.aws_region.current"
          ]
        }
      ]
    },
    {
      "module": "module.aft.module.aft_customizations",
      "mode": "managed",
      "type": "aws_iam_role_policy",
      "name": "aft_invoke_customizations_sfn",
      "provider": "module.aft.provider[\"registry.terraform.io/hashicorp/aws\"].aft_management",
      "instances": [
        {
          "schema_version": 0,
          "attributes": {
            "id": "aft-invoke-customizations-execution-role:aft-invoke-customizations-policy",
            "name": "aft-invoke-customizations-policy",
            "name_prefix": null,
            "policy": "{\n    \"Version\": \"2012-10-17\",\n    \"Statement\": [\n        {\n            \"Effect\": \"Allow\",\n            \"Action\": [\n                \"lambda:InvokeFunction\"\n            ],\n            \"Resource\": [\n                \"arn:aws:lambda:us-east-1:008298205562:function:aft-*\"\n            ]\n        },\n        {\n            \"Effect\": \"Allow\",\n            \"Action\": [\n                \"sns:Publish\"\n            ],\n            \"Resource\": [\n                \"arn:aws:sns:us-east-1:008298205562:aft-*\"\n            ]\n        }\n    ]\n}\n",
            "role": "aft-invoke-customizations-execution-role"
          },
          "sensitive_attributes": [],
          "private": "bnVsbA==",
          "dependencies": [
            "module.aft.module.aft_customizations.aws_iam_role.aft_invoke_customizations_sfn",
            "module.aft.module.aft_customizations.data.aws_caller_identity.aft_management",
            "module.aft.module.aft_customizations.data.aws_region.aft_management"
          ]
        }
      ]
    },
    {
      "module": "module.aft.module.aft_customizations",
      "mode": "managed",
      "type": "aws_iam_role_policy",
      "name": "terraform_oss_backend_codebuild_customizations_policy",
      "provider": "module.aft.provider[\"registry.terraform.io/hashicorp/aws\"].aft_management",
      "instances": [
        {
          "index_key": 0,
          "schema_version": 0,
          "attributes": {
            "id": "aft-codebuild-customizations-role:ct-aft-codebuild-customizations-terraform-oss-backend-policy",
            "name": "ct-aft-codebuild-customizations-terraform-oss-backend-policy",
            "name_prefix": null,
            "policy": "{\n  \"Version\": \"2012-10-17\",\n  \"Statement\": [\n    {\n      \"Effect\": \"Allow\",\n      \"Action\": [\n        \"dynamodb:*Item\"\n      ],\n      \"Resource\": [\n        \"arn:aws:dynamodb:us-east-1:008298205562:table/aft-backend-008298205562\"\n      ]\n    },\n    {\n      \"Effect\": \"Allow\",\n      \"Action\": [\n        \"s3:GetObject\",\n        \"s3:GetObjectVersion\",\n        \"s3:GetBucketVersioning\",\n        \"s3:List*\",\n        \"s3:PutObjectAcl\",\n        \"s3:PutObject\"\n      ],\n      \"Resource\": [\n        \"arn:aws:s3:::aft-backend-008298205562-primary-region\",\n        \"arn:aws:s3:::aft-backend-008298205562-primary-region/*\"\n      ]\n    },\n     {\n       \"Effect\": \"Allow\",\n       \"Action\": [\n         \"kms:Decrypt\",\n         \"kms:Encrypt\",\n         \"kms:GenerateDataKey\"\n       ],\n       \"Resource\": \"arn:aws:kms:us-east-1:008298205562:key/0cc7bf81-993c-4a5d-96fe-ca66647d9f2d\"\n     }\n  ]\n}\n",
            "role": "aft-codebuild-customizations-role"
          },
          "sensitive_attributes": [],
          "private": "bnVsbA==",
          "dependencies": [
            "module.aft.module.aft_backend.aws_dynamodb_table.lock-table",
            "module.aft.module.aft_backend.aws_iam_role.replication",
            "module.aft.module.aft_backend.aws_kms_key.encrypt-primary-region",
            "module.aft.module.aft_backend.aws_kms_key.encrypt-secondary-region",
            "module.aft.module.aft_backend.aws_s3_bucket.primary-backend-bucket",
            "module.aft.module.aft_backend.aws_s3_bucket.secondary-backend-bucket",
            "module.aft.module.aft_backend.data.aws_caller_identity.current",
            "module.aft.module.aft_customizations.aws_iam_role.aft_codebuild_customizations_role",
            "module.aft.module.aft_customizations.data.aws_caller_identity.current",
            "module.aft.module.aft_customizations.data.aws_region.current"
          ]
        }
      ]
    },
    {
      "module": "module.aft.module.aft_customizations",
      "mode": "managed",
      "type": "aws_iam_role_policy_attachment",
      "name": "aft_customizations_invoke_account_provisioning_lambda",
      "provider": "module.aft.provider[\"registry.terraform.io/hashicorp/aws\"].aft_management",
      "instances": [
        {
          "index_key": 0,
          "schema_version": 0,
          "attributes": {
            "id": "aft-customizations-invoke-account-provisioning-role-20220423034257928900000019",
            "policy_arn": "arn:aws:iam::aws:policy/service-role/AWSLambdaBasicExecutionRole",
            "role": "aft-customizations-invoke-account-provisioning-role"
          },
          "sensitive_attributes": [],
          "private": "bnVsbA==",
          "dependencies": [
            "module.aft.module.aft_customizations.aws_iam_role.aft_customizations_invoke_account_provisioning_lambda",
            "module.aft.module.aft_customizations.data.aws_iam_policy.AWSLambdaBasicExecutionRole",
            "module.aft.module.aft_customizations.data.aws_iam_policy.AWSLambdaVPCAccessExecutionRole"
          ]
        },
        {
          "index_key": 1,
          "schema_version": 0,
          "attributes": {
            "id": "aft-customizations-invoke-account-provisioning-role-20220423034257765100000018",
            "policy_arn": "arn:aws:iam::aws:policy/service-role/AWSLambdaVPCAccessExecutionRole",
            "role": "aft-customizations-invoke-account-provisioning-role"
          },
          "sensitive_attributes": [],
          "private": "bnVsbA==",
          "dependencies": [
            "module.aft.module.aft_customizations.aws_iam_role.aft_customizations_invoke_account_provisioning_lambda",
            "module.aft.module.aft_customizations.data.aws_iam_policy.AWSLambdaBasicExecutionRole",
            "module.aft.module.aft_customizations.data.aws_iam_policy.AWSLambdaVPCAccessExecutionRole"
          ]
        }
      ]
    },
    {
      "module": "module.aft.module.aft_customizations",
      "mode": "managed",
      "type": "aws_iam_role_policy_attachment",
      "name": "aft_execute_pipeline_lambda",
      "provider": "module.aft.provider[\"registry.terraform.io/hashicorp/aws\"].aft_management",
      "instances": [
        {
          "index_key": 0,
          "schema_version": 0,
          "attributes": {
            "id": "aft-execute-pipeline-execution-role-20220423034257624500000017",
            "policy_arn": "arn:aws:iam::aws:policy/service-role/AWSLambdaBasicExecutionRole",
            "role": "aft-execute-pipeline-execution-role"
          },
          "sensitive_attributes": [],
          "private": "bnVsbA==",
          "dependencies": [
            "module.aft.module.aft_customizations.aws_iam_role.aft_customizations_execute_pipeline_lambda",
            "module.aft.module.aft_customizations.data.aws_iam_policy.AWSLambdaBasicExecutionRole",
            "module.aft.module.aft_customizations.data.aws_iam_policy.AWSLambdaVPCAccessExecutionRole"
          ]
        },
        {
          "index_key": 1,
          "schema_version": 0,
          "attributes": {
            "id": "aft-execute-pipeline-execution-role-20220423034257597400000016",
            "policy_arn": "arn:aws:iam::aws:policy/service-role/AWSLambdaVPCAccessExecutionRole",
            "role": "aft-execute-pipeline-execution-role"
          },
          "sensitive_attributes": [],
          "private": "bnVsbA==",
          "dependencies": [
            "module.aft.module.aft_customizations.aws_iam_role.aft_customizations_execute_pipeline_lambda",
            "module.aft.module.aft_customizations.data.aws_iam_policy.AWSLambdaBasicExecutionRole",
            "module.aft.module.aft_customizations.data.aws_iam_policy.AWSLambdaVPCAccessExecutionRole"
          ]
        }
      ]
    },
    {
      "module": "module.aft.module.aft_customizations",
      "mode": "managed",
      "type": "aws_iam_role_policy_attachment",
      "name": "aft_get_pipeline_executions_lambda",
      "provider": "module.aft.provider[\"registry.terraform.io/hashicorp/aws\"].aft_management",
      "instances": [
        {
          "index_key": 0,
          "schema_version": 0,
          "attributes": {
            "id": "aft-get-pipeline-status-execution-role-20220423034257094800000015",
            "policy_arn": "arn:aws:iam::aws:policy/service-role/AWSLambdaBasicExecutionRole",
            "role": "aft-get-pipeline-status-execution-role"
          },
          "sensitive_attributes": [],
          "private": "bnVsbA==",
          "dependencies": [
            "module.aft.module.aft_customizations.aws_iam_role.aft_customizations_get_pipeline_executions_lambda",
            "module.aft.module.aft_customizations.data.aws_iam_policy.AWSLambdaBasicExecutionRole",
            "module.aft.module.aft_customizations.data.aws_iam_policy.AWSLambdaVPCAccessExecutionRole"
          ]
        },
        {
          "index_key": 1,
          "schema_version": 0,
          "attributes": {
            "id": "aft-get-pipeline-status-execution-role-20220423034257008200000014",
            "policy_arn": "arn:aws:iam::aws:policy/service-role/AWSLambdaVPCAccessExecutionRole",
            "role": "aft-get-pipeline-status-execution-role"
          },
          "sensitive_attributes": [],
          "private": "bnVsbA==",
          "dependencies": [
            "module.aft.module.aft_customizations.aws_iam_role.aft_customizations_get_pipeline_executions_lambda",
            "module.aft.module.aft_customizations.data.aws_iam_policy.AWSLambdaBasicExecutionRole",
            "module.aft.module.aft_customizations.data.aws_iam_policy.AWSLambdaVPCAccessExecutionRole"
          ]
        }
      ]
    },
    {
      "module": "module.aft.module.aft_customizations",
      "mode": "managed",
      "type": "aws_iam_role_policy_attachment",
      "name": "aft_identify_targets_lambda",
      "provider": "module.aft.provider[\"registry.terraform.io/hashicorp/aws\"].aft_management",
      "instances": [
        {
          "index_key": 0,
          "schema_version": 0,
          "attributes": {
            "id": "aft-identify-targets-execution-role-20220423034256729300000012",
            "policy_arn": "arn:aws:iam::aws:policy/service-role/AWSLambdaBasicExecutionRole",
            "role": "aft-identify-targets-execution-role"
          },
          "sensitive_attributes": [],
          "private": "bnVsbA==",
          "dependencies": [
            "module.aft.module.aft_customizations.aws_iam_role.aft_customizations_identify_targets_lambda",
            "module.aft.module.aft_customizations.data.aws_iam_policy.AWSLambdaBasicExecutionRole",
            "module.aft.module.aft_customizations.data.aws_iam_policy.AWSLambdaVPCAccessExecutionRole"
          ]
        },
        {
          "index_key": 1,
          "schema_version": 0,
          "attributes": {
            "id": "aft-identify-targets-execution-role-20220423034256994100000013",
            "policy_arn": "arn:aws:iam::aws:policy/service-role/AWSLambdaVPCAccessExecutionRole",
            "role": "aft-identify-targets-execution-role"
          },
          "sensitive_attributes": [],
          "private": "bnVsbA==",
          "dependencies": [
            "module.aft.module.aft_customizations.aws_iam_role.aft_customizations_identify_targets_lambda",
            "module.aft.module.aft_customizations.data.aws_iam_policy.AWSLambdaBasicExecutionRole",
            "module.aft.module.aft_customizations.data.aws_iam_policy.AWSLambdaVPCAccessExecutionRole"
          ]
        }
      ]
    },
    {
      "module": "module.aft.module.aft_customizations",
      "mode": "managed",
      "type": "aws_lambda_function",
      "name": "aft_customizations_execute_pipeline",
      "provider": "module.aft.provider[\"registry.terraform.io/hashicorp/aws\"].aft_management",
      "instances": [
        {
          "schema_version": 0,
          "attributes": {
            "architectures": [
              "x86_64"
            ],
            "arn": "arn:aws:lambda:us-east-1:008298205562:function:aft-customizations-execute-pipeline",
            "code_signing_config_arn": "",
            "dead_letter_config": [],
            "description": "Executes the CodePipeline for account baselining. Called from aft-trigger-customizations SFN",
            "environment": [],
            "file_system_config": [],
            "filename": ".terraform/modules/aft/modules/aft-archives/../../src/aft_lambda/aft_customizations.zip",
            "function_name": "aft-customizations-execute-pipeline",
            "handler": "aft_customizations_execute_pipeline.lambda_handler",
            "id": "aft-customizations-execute-pipeline",
            "image_config": [],
            "image_uri": "",
            "invoke_arn": "arn:aws:apigateway:us-east-1:lambda:path/2015-03-31/functions/arn:aws:lambda:us-east-1:008298205562:function:aft-customizations-execute-pipeline/invocations",
            "kms_key_arn": "",
            "last_modified": "2022-05-04T19:58:18.000+0000",
            "layers": [
              "arn:aws:lambda:us-east-1:008298205562:layer:aft-common-1-3-5:1"
            ],
            "memory_size": 1024,
            "package_type": "Zip",
            "publish": false,
            "qualified_arn": "arn:aws:lambda:us-east-1:008298205562:function:aft-customizations-execute-pipeline:$LATEST",
            "reserved_concurrent_executions": -1,
            "role": "arn:aws:iam::008298205562:role/aft-execute-pipeline-execution-role",
            "runtime": "python3.8",
            "s3_bucket": null,
            "s3_key": null,
            "s3_object_version": null,
            "signing_job_arn": "",
            "signing_profile_version_arn": "",
            "source_code_hash": "81MFJ7/VGRFBcfxtzOFTVCoReHytOR2F4+sGlphELIg=",
            "source_code_size": 3537,
            "tags": {},
            "tags_all": {
              "managed_by": "AFT"
            },
            "timeout": 300,
            "timeouts": null,
            "tracing_config": [
              {
                "mode": "PassThrough"
              }
            ],
            "version": "$LATEST",
            "vpc_config": [
              {
                "security_group_ids": [
                  "sg-0a7b6748a01d2169a"
                ],
                "subnet_ids": [
                  "subnet-041cf026a115900a6",
                  "subnet-066a1962f2cece8db"
                ],
                "vpc_id": "vpc-0d6124dadfcb57dd8"
              }
            ]
          },
          "sensitive_attributes": [],
          "private": "eyJlMmJmYjczMC1lY2FhLTExZTYtOGY4OC0zNDM2M2JjN2M0YzAiOnsiY3JlYXRlIjo2MDAwMDAwMDAwMDB9fQ==",
          "dependencies": [
            "module.aft.data.local_file.version",
            "module.aft.module.aft_account_request_framework.aws_kms_key.aft",
            "module.aft.module.aft_account_request_framework.aws_security_group.aft_vpc_default_sg",
            "module.aft.module.aft_account_request_framework.aws_subnet.aft_vpc_private_subnet_01",
            "module.aft.module.aft_account_request_framework.aws_subnet.aft_vpc_private_subnet_02",
            "module.aft.module.aft_account_request_framework.aws_vpc.aft_vpc",
            "module.aft.module.aft_account_request_framework.data.aws_availability_zones.available",
            "module.aft.module.aft_customizations.aws_iam_role.aft_customizations_execute_pipeline_lambda",
            "module.aft.module.aft_customizations.aws_s3_bucket.aft_codepipeline_customizations_bucket",
            "module.aft.module.aft_customizations.data.aws_caller_identity.current",
            "module.aft.module.aft_lambda_layer.aws_codebuild_project.codebuild",
            "module.aft.module.aft_lambda_layer.aws_iam_role.codebuild",
            "module.aft.module.aft_lambda_layer.aws_iam_role.codebuild_invoker_lambda_role",
            "module.aft.module.aft_lambda_layer.aws_lambda_function.codebuild_invoker",
            "module.aft.module.aft_lambda_layer.aws_lambda_layer_version.layer_version",
            "module.aft.module.aft_lambda_layer.data.aws_lambda_invocation.invoke_codebuild_job",
            "module.aft.module.aft_lambda_layer.data.local_file.aft_lambda_layer",
            "module.aft.module.aft_lambda_layer.random_string.resource_suffix",
            "module.aft.module.packaging.data.archive_file.builder",
            "module.aft.module.packaging.data.archive_file.customizations"
          ]
        }
      ]
    },
    {
      "module": "module.aft.module.aft_customizations",
      "mode": "managed",
      "type": "aws_lambda_function",
      "name": "aft_customizations_get_pipeline_executions",
      "provider": "module.aft.provider[\"registry.terraform.io/hashicorp/aws\"].aft_management",
      "instances": [
        {
          "schema_version": 0,
          "attributes": {
            "architectures": [
              "x86_64"
            ],
            "arn": "arn:aws:lambda:us-east-1:008298205562:function:aft-customizations-get-pipeline-executions",
            "code_signing_config_arn": "",
            "dead_letter_config": [],
            "description": "Gets status of executing pipelines for baselining. Called from aft-trigger-customizations SFN",
            "environment": [],
            "file_system_config": [],
            "filename": ".terraform/modules/aft/modules/aft-archives/../../src/aft_lambda/aft_customizations.zip",
            "function_name": "aft-customizations-get-pipeline-executions",
            "handler": "aft_customizations_get_pipeline_executions.lambda_handler",
            "id": "aft-customizations-get-pipeline-executions",
            "image_config": [],
            "image_uri": "",
            "invoke_arn": "arn:aws:apigateway:us-east-1:lambda:path/2015-03-31/functions/arn:aws:lambda:us-east-1:008298205562:function:aft-customizations-get-pipeline-executions/invocations",
            "kms_key_arn": "",
            "last_modified": "2022-05-04T19:58:04.000+0000",
            "layers": [
              "arn:aws:lambda:us-east-1:008298205562:layer:aft-common-1-3-5:1"
            ],
            "memory_size": 1024,
            "package_type": "Zip",
            "publish": false,
            "qualified_arn": "arn:aws:lambda:us-east-1:008298205562:function:aft-customizations-get-pipeline-executions:$LATEST",
            "reserved_concurrent_executions": -1,
            "role": "arn:aws:iam::008298205562:role/aft-get-pipeline-status-execution-role",
            "runtime": "python3.8",
            "s3_bucket": null,
            "s3_key": null,
            "s3_object_version": null,
            "signing_job_arn": "",
            "signing_profile_version_arn": "",
            "source_code_hash": "81MFJ7/VGRFBcfxtzOFTVCoReHytOR2F4+sGlphELIg=",
            "source_code_size": 3537,
            "tags": {},
            "tags_all": {
              "managed_by": "AFT"
            },
            "timeout": 300,
            "timeouts": null,
            "tracing_config": [
              {
                "mode": "PassThrough"
              }
            ],
            "version": "$LATEST",
            "vpc_config": [
              {
                "security_group_ids": [
                  "sg-0a7b6748a01d2169a"
                ],
                "subnet_ids": [
                  "subnet-041cf026a115900a6",
                  "subnet-066a1962f2cece8db"
                ],
                "vpc_id": "vpc-0d6124dadfcb57dd8"
              }
            ]
          },
          "sensitive_attributes": [],
          "private": "eyJlMmJmYjczMC1lY2FhLTExZTYtOGY4OC0zNDM2M2JjN2M0YzAiOnsiY3JlYXRlIjo2MDAwMDAwMDAwMDB9fQ==",
          "dependencies": [
            "module.aft.data.local_file.version",
            "module.aft.module.aft_account_request_framework.aws_kms_key.aft",
            "module.aft.module.aft_account_request_framework.aws_security_group.aft_vpc_default_sg",
            "module.aft.module.aft_account_request_framework.aws_subnet.aft_vpc_private_subnet_01",
            "module.aft.module.aft_account_request_framework.aws_subnet.aft_vpc_private_subnet_02",
            "module.aft.module.aft_account_request_framework.aws_vpc.aft_vpc",
            "module.aft.module.aft_account_request_framework.data.aws_availability_zones.available",
            "module.aft.module.aft_customizations.aws_iam_role.aft_customizations_get_pipeline_executions_lambda",
            "module.aft.module.aft_customizations.aws_s3_bucket.aft_codepipeline_customizations_bucket",
            "module.aft.module.aft_customizations.data.aws_caller_identity.current",
            "module.aft.module.aft_lambda_layer.aws_codebuild_project.codebuild",
            "module.aft.module.aft_lambda_layer.aws_iam_role.codebuild",
            "module.aft.module.aft_lambda_layer.aws_iam_role.codebuild_invoker_lambda_role",
            "module.aft.module.aft_lambda_layer.aws_lambda_function.codebuild_invoker",
            "module.aft.module.aft_lambda_layer.aws_lambda_layer_version.layer_version",
            "module.aft.module.aft_lambda_layer.data.aws_lambda_invocation.invoke_codebuild_job",
            "module.aft.module.aft_lambda_layer.data.local_file.aft_lambda_layer",
            "module.aft.module.aft_lambda_layer.random_string.resource_suffix",
            "module.aft.module.packaging.data.archive_file.builder",
            "module.aft.module.packaging.data.archive_file.customizations"
          ]
        }
      ]
    },
    {
      "module": "module.aft.module.aft_customizations",
      "mode": "managed",
      "type": "aws_lambda_function",
      "name": "aft_customizations_identify_targets",
      "provider": "module.aft.provider[\"registry.terraform.io/hashicorp/aws\"].aft_management",
      "instances": [
        {
          "schema_version": 0,
          "attributes": {
            "architectures": [
              "x86_64"
            ],
            "arn": "arn:aws:lambda:us-east-1:008298205562:function:aft-customizations-identify-targets",
            "code_signing_config_arn": "",
            "dead_letter_config": [],
            "description": "Identifies targets to be customized. Called from aft-trigger-customizations SFN.",
            "environment": [],
            "file_system_config": [],
            "filename": ".terraform/modules/aft/modules/aft-archives/../../src/aft_lambda/aft_customizations.zip",
            "function_name": "aft-customizations-identify-targets",
            "handler": "aft_customizations_identify_targets.lambda_handler",
            "id": "aft-customizations-identify-targets",
            "image_config": [],
            "image_uri": "",
            "invoke_arn": "arn:aws:apigateway:us-east-1:lambda:path/2015-03-31/functions/arn:aws:lambda:us-east-1:008298205562:function:aft-customizations-identify-targets/invocations",
            "kms_key_arn": "",
            "last_modified": "2022-05-04T19:57:40.000+0000",
            "layers": [
              "arn:aws:lambda:us-east-1:008298205562:layer:aft-common-1-3-5:1"
            ],
            "memory_size": 1024,
            "package_type": "Zip",
            "publish": false,
            "qualified_arn": "arn:aws:lambda:us-east-1:008298205562:function:aft-customizations-identify-targets:$LATEST",
            "reserved_concurrent_executions": -1,
            "role": "arn:aws:iam::008298205562:role/aft-identify-targets-execution-role",
            "runtime": "python3.8",
            "s3_bucket": null,
            "s3_key": null,
            "s3_object_version": null,
            "signing_job_arn": "",
            "signing_profile_version_arn": "",
            "source_code_hash": "81MFJ7/VGRFBcfxtzOFTVCoReHytOR2F4+sGlphELIg=",
            "source_code_size": 3537,
            "tags": {},
            "tags_all": {
              "managed_by": "AFT"
            },
            "timeout": 300,
            "timeouts": null,
            "tracing_config": [
              {
                "mode": "PassThrough"
              }
            ],
            "version": "$LATEST",
            "vpc_config": [
              {
                "security_group_ids": [
                  "sg-0a7b6748a01d2169a"
                ],
                "subnet_ids": [
                  "subnet-041cf026a115900a6",
                  "subnet-066a1962f2cece8db"
                ],
                "vpc_id": "vpc-0d6124dadfcb57dd8"
              }
            ]
          },
          "sensitive_attributes": [],
          "private": "eyJlMmJmYjczMC1lY2FhLTExZTYtOGY4OC0zNDM2M2JjN2M0YzAiOnsiY3JlYXRlIjo2MDAwMDAwMDAwMDB9fQ==",
          "dependencies": [
            "module.aft.data.local_file.version",
            "module.aft.module.aft_account_request_framework.aws_kms_key.aft",
            "module.aft.module.aft_account_request_framework.aws_security_group.aft_vpc_default_sg",
            "module.aft.module.aft_account_request_framework.aws_subnet.aft_vpc_private_subnet_01",
            "module.aft.module.aft_account_request_framework.aws_subnet.aft_vpc_private_subnet_02",
            "module.aft.module.aft_account_request_framework.aws_vpc.aft_vpc",
            "module.aft.module.aft_account_request_framework.data.aws_availability_zones.available",
            "module.aft.module.aft_customizations.aws_iam_role.aft_customizations_identify_targets_lambda",
            "module.aft.module.aft_customizations.aws_s3_bucket.aft_codepipeline_customizations_bucket",
            "module.aft.module.aft_customizations.data.aws_caller_identity.current",
            "module.aft.module.aft_lambda_layer.aws_codebuild_project.codebuild",
            "module.aft.module.aft_lambda_layer.aws_iam_role.codebuild",
            "module.aft.module.aft_lambda_layer.aws_iam_role.codebuild_invoker_lambda_role",
            "module.aft.module.aft_lambda_layer.aws_lambda_function.codebuild_invoker",
            "module.aft.module.aft_lambda_layer.aws_lambda_layer_version.layer_version",
            "module.aft.module.aft_lambda_layer.data.aws_lambda_invocation.invoke_codebuild_job",
            "module.aft.module.aft_lambda_layer.data.local_file.aft_lambda_layer",
            "module.aft.module.aft_lambda_layer.random_string.resource_suffix",
            "module.aft.module.packaging.data.archive_file.builder",
            "module.aft.module.packaging.data.archive_file.customizations"
          ]
        }
      ]
    },
    {
      "module": "module.aft.module.aft_customizations",
      "mode": "managed",
      "type": "aws_lambda_function",
      "name": "aft_customizations_invoke_account_provisioning",
      "provider": "module.aft.provider[\"registry.terraform.io/hashicorp/aws\"].aft_management",
      "instances": [
        {
          "schema_version": 0,
          "attributes": {
            "architectures": [
              "x86_64"
            ],
            "arn": "arn:aws:lambda:us-east-1:008298205562:function:aft-customizations-invoke-account-provisioning",
            "code_signing_config_arn": "",
            "dead_letter_config": [],
            "description": "Invokes the account-provisioning SFN.",
            "environment": [],
            "file_system_config": [],
            "filename": ".terraform/modules/aft/modules/aft-archives/../../src/aft_lambda/aft_customizations.zip",
            "function_name": "aft-customizations-invoke-account-provisioning",
            "handler": "aft_customizations_invoke_account_provisioning_framework.lambda_handler",
            "id": "aft-customizations-invoke-account-provisioning",
            "image_config": [],
            "image_uri": "",
            "invoke_arn": "arn:aws:apigateway:us-east-1:lambda:path/2015-03-31/functions/arn:aws:lambda:us-east-1:008298205562:function:aft-customizations-invoke-account-provisioning/invocations",
            "kms_key_arn": "",
            "last_modified": "2022-05-04T19:58:33.000+0000",
            "layers": [
              "arn:aws:lambda:us-east-1:008298205562:layer:aft-common-1-3-5:1"
            ],
            "memory_size": 1024,
            "package_type": "Zip",
            "publish": false,
            "qualified_arn": "arn:aws:lambda:us-east-1:008298205562:function:aft-customizations-invoke-account-provisioning:$LATEST",
            "reserved_concurrent_executions": -1,
            "role": "arn:aws:iam::008298205562:role/aft-customizations-invoke-account-provisioning-role",
            "runtime": "python3.8",
            "s3_bucket": null,
            "s3_key": null,
            "s3_object_version": null,
            "signing_job_arn": "",
            "signing_profile_version_arn": "",
            "source_code_hash": "81MFJ7/VGRFBcfxtzOFTVCoReHytOR2F4+sGlphELIg=",
            "source_code_size": 3537,
            "tags": {},
            "tags_all": {
              "managed_by": "AFT"
            },
            "timeout": 300,
            "timeouts": null,
            "tracing_config": [
              {
                "mode": "PassThrough"
              }
            ],
            "version": "$LATEST",
            "vpc_config": [
              {
                "security_group_ids": [
                  "sg-0a7b6748a01d2169a"
                ],
                "subnet_ids": [
                  "subnet-041cf026a115900a6",
                  "subnet-066a1962f2cece8db"
                ],
                "vpc_id": "vpc-0d6124dadfcb57dd8"
              }
            ]
          },
          "sensitive_attributes": [],
          "private": "eyJlMmJmYjczMC1lY2FhLTExZTYtOGY4OC0zNDM2M2JjN2M0YzAiOnsiY3JlYXRlIjo2MDAwMDAwMDAwMDB9fQ==",
          "dependencies": [
            "module.aft.data.local_file.version",
            "module.aft.module.aft_account_request_framework.aws_kms_key.aft",
            "module.aft.module.aft_account_request_framework.aws_security_group.aft_vpc_default_sg",
            "module.aft.module.aft_account_request_framework.aws_subnet.aft_vpc_private_subnet_01",
            "module.aft.module.aft_account_request_framework.aws_subnet.aft_vpc_private_subnet_02",
            "module.aft.module.aft_account_request_framework.aws_vpc.aft_vpc",
            "module.aft.module.aft_account_request_framework.data.aws_availability_zones.available",
            "module.aft.module.aft_customizations.aws_iam_role.aft_customizations_invoke_account_provisioning_lambda",
            "module.aft.module.aft_customizations.aws_s3_bucket.aft_codepipeline_customizations_bucket",
            "module.aft.module.aft_customizations.data.aws_caller_identity.current",
            "module.aft.module.aft_lambda_layer.aws_codebuild_project.codebuild",
            "module.aft.module.aft_lambda_layer.aws_iam_role.codebuild",
            "module.aft.module.aft_lambda_layer.aws_iam_role.codebuild_invoker_lambda_role",
            "module.aft.module.aft_lambda_layer.aws_lambda_function.codebuild_invoker",
            "module.aft.module.aft_lambda_layer.aws_lambda_layer_version.layer_version",
            "module.aft.module.aft_lambda_layer.data.aws_lambda_invocation.invoke_codebuild_job",
            "module.aft.module.aft_lambda_layer.data.local_file.aft_lambda_layer",
            "module.aft.module.aft_lambda_layer.random_string.resource_suffix",
            "module.aft.module.packaging.data.archive_file.builder",
            "module.aft.module.packaging.data.archive_file.customizations"
          ]
        }
      ]
    },
    {
      "module": "module.aft.module.aft_customizations",
      "mode": "managed",
      "type": "aws_s3_bucket",
      "name": "aft_codepipeline_customizations_bucket",
      "provider": "module.aft.provider[\"registry.terraform.io/hashicorp/aws\"].aft_management",
      "instances": [
        {
          "schema_version": 0,
          "attributes": {
            "acceleration_status": "",
            "acl": "private",
            "arn": "arn:aws:s3:::aft-customizations-pipeline-008298205562",
            "bucket": "aft-customizations-pipeline-008298205562",
            "bucket_domain_name": "aft-customizations-pipeline-008298205562.s3.amazonaws.com",
            "bucket_prefix": null,
            "bucket_regional_domain_name": "aft-customizations-pipeline-008298205562.s3.amazonaws.com",
            "cors_rule": [],
            "force_destroy": false,
            "grant": [],
            "hosted_zone_id": "Z3AQBSTGFYJSTF",
            "id": "aft-customizations-pipeline-008298205562",
            "lifecycle_rule": [],
            "logging": [],
            "object_lock_configuration": [],
            "object_lock_enabled": false,
            "policy": null,
            "region": "us-east-1",
            "replication_configuration": [],
            "request_payer": "BucketOwner",
            "server_side_encryption_configuration": [
              {
                "rule": [
                  {
                    "apply_server_side_encryption_by_default": [
                      {
                        "kms_master_key_id": "aeafe814-f92c-4a5f-8f47-6cc9d9f2c498",
                        "sse_algorithm": "aws:kms"
                      }
                    ],
                    "bucket_key_enabled": false
                  }
                ]
              }
            ],
            "tags": {},
            "tags_all": {
              "managed_by": "AFT"
            },
            "versioning": [
              {
                "enabled": true,
                "mfa_delete": false
              }
            ],
            "website": [],
            "website_domain": null,
            "website_endpoint": null
          },
          "sensitive_attributes": [],
          "private": "bnVsbA==",
          "dependencies": [
            "module.aft.module.aft_account_request_framework.aws_kms_key.aft",
            "module.aft.module.aft_customizations.data.aws_caller_identity.current"
          ],
          "create_before_destroy": true
        }
      ]
    },
    {
      "module": "module.aft.module.aft_customizations",
      "mode": "managed",
      "type": "aws_sfn_state_machine",
      "name": "aft_invoke_customizations_sfn",
      "provider": "module.aft.provider[\"registry.terraform.io/hashicorp/aws\"].aft_management",
      "instances": [
        {
          "schema_version": 0,
          "attributes": {
            "arn": "arn:aws:states:us-east-1:008298205562:stateMachine:aft-invoke-customizations",
            "creation_date": "2022-04-23T04:01:05Z",
            "definition": "{\r\n  \"StartAt\": \"Identify Targets\",\r\n  \"States\": {\r\n    \"Identify Targets\": {\r\n      \"Next\": \"Invoke Provisioning Framework\",\r\n      \"Type\": \"Task\",\r\n      \"Resource\": \"arn:aws:lambda:us-east-1:008298205562:function:aft-customizations-identify-targets\",\r\n      \"ResultPath\": \"$.targets\",\r\n      \"Catch\": [\r\n        {\r\n          \"ErrorEquals\": [\"States.ALL\"],\r\n          \"Next\": \"Notify Failure\"\r\n        }\r\n      ]\r\n    },\r\n    \"Invoke Provisioning Framework\": {\r\n      \"Next\": \"Get Pipeline Executions\",\r\n      \"Type\": \"Task\",\r\n      \"Resource\": \"arn:aws:lambda:us-east-1:008298205562:function:aft-customizations-invoke-account-provisioning\",\r\n      \"ResultPath\": \"$.invoke_framework\",\r\n      \"Catch\": [\r\n        {\r\n          \"ErrorEquals\": [\"States.ALL\"],\r\n          \"Next\": \"Notify Failure\"\r\n        }\r\n      ]\r\n    },\r\n    \"Get Pipeline Executions\": {\r\n      \"Next\": \"Pending Pipeline Executions?\",\r\n      \"Type\": \"Task\",\r\n      \"Resource\": \"arn:aws:lambda:us-east-1:008298205562:function:aft-customizations-get-pipeline-executions\",\r\n      \"ResultPath\": \"$.running_executions\",\r\n      \"Catch\": [\r\n        {\r\n          \"ErrorEquals\": [\"States.ALL\"],\r\n          \"Next\": \"Notify Failure\"\r\n        }\r\n      ]\r\n    },\r\n    \"Pending Pipeline Executions?\": {\r\n      \"Type\": \"Choice\",\r\n      \"Choices\": [\r\n        {\r\n          \"Variable\": \"$.targets.number_pending_accounts\",\r\n          \"NumericEquals\": 0,\r\n          \"Next\": \"Notify Success\"\r\n        }\r\n      ],\r\n      \"Default\": \"Below Maximum Execution Threshold?\"\r\n    },\r\n    \"Below Maximum Execution Threshold?\": {\r\n      \"Type\": \"Choice\",\r\n      \"Choices\": [\r\n        {\r\n          \"Variable\": \"$.running_executions.running_pipelines\",\r\n          \"NumericLessThan\": 5,\r\n          \"Next\": \"Execute Pipelines\"\r\n        }\r\n      ],\r\n      \"Default\": \"Wait on Pipeline Executions\"\r\n    },\r\n    \"Execute Pipelines\": {\r\n      \"Next\": \"Wait on Pipeline Executions\",\r\n      \"Type\": \"Task\",\r\n      \"Resource\": \"arn:aws:lambda:us-east-1:008298205562:function:aft-customizations-execute-pipeline\",\r\n      \"ResultPath\": \"$.targets\",\r\n      \"Catch\": [\r\n        {\r\n          \"ErrorEquals\": [\"States.ALL\"],\r\n          \"Next\": \"Notify Failure\"\r\n        }\r\n      ]\r\n    },\r\n    \"Wait on Pipeline Executions\": {\r\n      \"Type\": \"Wait\",\r\n      \"Seconds\": 30,\r\n      \"Next\": \"Get Pipeline Executions\"\r\n    },\r\n    \"Notify Success\": {\r\n      \"Type\": \"Task\",\r\n      \"Resource\": \"arn:aws:states:::sns:publish\",\r\n      \"Parameters\": {\r\n        \"TopicArn\": \"arn:aws:sns:us-east-1:008298205562:aft-notifications\",\r\n        \"Message.$\": \"$\"\r\n      },\r\n      \"End\": true\r\n    },\r\n    \"Notify Failure\": {\r\n      \"Type\": \"Task\",\r\n      \"Resource\": \"arn:aws:states:::sns:publish\",\r\n      \"Parameters\": {\r\n        \"TopicArn\": \"arn:aws:sns:us-east-1:008298205562:aft-failure-notifications\",\r\n        \"Message.$\": \"$.Cause\"\r\n      },\r\n      \"Next\": \"Failed\"\r\n    },\r\n    \"Failed\": {\r\n      \"Type\": \"Fail\"\r\n    }\r\n  }\r\n}\r\n",
            "id": "arn:aws:states:us-east-1:008298205562:stateMachine:aft-invoke-customizations",
            "logging_configuration": [
              {
                "include_execution_data": false,
                "level": "OFF",
                "log_destination": ""
              }
            ],
            "name": "aft-invoke-customizations",
            "role_arn": "arn:aws:iam::008298205562:role/aft-invoke-customizations-execution-role",
            "status": "ACTIVE",
            "tags": {},
            "tags_all": {
              "managed_by": "AFT"
            },
            "tracing_configuration": [
              {
                "enabled": false
              }
            ],
            "type": "STANDARD"
          },
          "sensitive_attributes": [],
          "private": "bnVsbA==",
          "dependencies": [
            "module.aft.data.local_file.version",
            "module.aft.module.aft_account_request_framework.aws_kms_key.aft",
            "module.aft.module.aft_account_request_framework.aws_security_group.aft_vpc_default_sg",
            "module.aft.module.aft_account_request_framework.aws_sns_topic.aft_failure_notifications",
            "module.aft.module.aft_account_request_framework.aws_sns_topic.aft_notifications",
            "module.aft.module.aft_account_request_framework.aws_subnet.aft_vpc_private_subnet_01",
            "module.aft.module.aft_account_request_framework.aws_subnet.aft_vpc_private_subnet_02",
            "module.aft.module.aft_account_request_framework.aws_vpc.aft_vpc",
            "module.aft.module.aft_account_request_framework.data.aws_availability_zones.available",
            "module.aft.module.aft_customizations.aws_iam_role.aft_customizations_execute_pipeline_lambda",
            "module.aft.module.aft_customizations.aws_iam_role.aft_customizations_get_pipeline_executions_lambda",
            "module.aft.module.aft_customizations.aws_iam_role.aft_customizations_identify_targets_lambda",
            "module.aft.module.aft_customizations.aws_iam_role.aft_customizations_invoke_account_provisioning_lambda",
            "module.aft.module.aft_customizations.aws_iam_role.aft_invoke_customizations_sfn",
            "module.aft.module.aft_customizations.aws_lambda_function.aft_customizations_execute_pipeline",
            "module.aft.module.aft_customizations.aws_lambda_function.aft_customizations_get_pipeline_executions",
            "module.aft.module.aft_customizations.aws_lambda_function.aft_customizations_identify_targets",
            "module.aft.module.aft_customizations.aws_lambda_function.aft_customizations_invoke_account_provisioning",
            "module.aft.module.aft_customizations.aws_s3_bucket.aft_codepipeline_customizations_bucket",
            "module.aft.module.aft_customizations.data.aws_caller_identity.current",
            "module.aft.module.aft_lambda_layer.aws_codebuild_project.codebuild",
            "module.aft.module.aft_lambda_layer.aws_iam_role.codebuild",
            "module.aft.module.aft_lambda_layer.aws_iam_role.codebuild_invoker_lambda_role",
            "module.aft.module.aft_lambda_layer.aws_lambda_function.codebuild_invoker",
            "module.aft.module.aft_lambda_layer.aws_lambda_layer_version.layer_version",
            "module.aft.module.aft_lambda_layer.data.aws_lambda_invocation.invoke_codebuild_job",
            "module.aft.module.aft_lambda_layer.data.local_file.aft_lambda_layer",
            "module.aft.module.aft_lambda_layer.random_string.resource_suffix",
            "module.aft.module.packaging.data.archive_file.builder",
            "module.aft.module.packaging.data.archive_file.customizations"
          ]
        }
      ]
    },
    {
      "module": "module.aft.module.aft_feature_options",
      "mode": "data",
      "type": "aws_caller_identity",
      "name": "ct_audit",
      "provider": "module.aft.provider[\"registry.terraform.io/hashicorp/aws\"].audit",
      "instances": [
        {
          "schema_version": 0,
          "attributes": {
            "account_id": "992975496427",
            "arn": "arn:aws:sts::992975496427:assumed-role/AWSControlTowerExecution/AWSAFT-Session",
            "id": "992975496427",
            "user_id": "AROA6OMPTUTV73776IRKW:AWSAFT-Session"
          },
          "sensitive_attributes": []
        }
      ]
    },
    {
      "module": "module.aft.module.aft_feature_options",
      "mode": "data",
      "type": "aws_caller_identity",
      "name": "ct_log",
      "provider": "module.aft.provider[\"registry.terraform.io/hashicorp/aws\"].log_archive",
      "instances": [
        {
          "schema_version": 0,
          "attributes": {
            "account_id": "783502679574",
            "arn": "arn:aws:sts::783502679574:assumed-role/AWSControlTowerExecution/AWSAFT-Session",
            "id": "783502679574",
            "user_id": "AROA3M3DGDYLH2HV2ZJO3:AWSAFT-Session"
          },
          "sensitive_attributes": []
        }
      ]
    },
    {
      "module": "module.aft.module.aft_feature_options",
      "mode": "data",
      "type": "aws_caller_identity",
      "name": "ct_management",
      "provider": "module.aft.provider[\"registry.terraform.io/hashicorp/aws\"].ct_management",
      "instances": [
        {
          "schema_version": 0,
          "attributes": {
            "account_id": "566377303192",
            "arn": "arn:aws:iam::566377303192:user/sahil.bansal",
            "id": "566377303192",
            "user_id": "AIDAYHXVXZSMMU4HPFMTK"
          },
          "sensitive_attributes": []
        }
      ]
    },
    {
      "module": "module.aft.module.aft_feature_options",
      "mode": "data",
      "type": "aws_caller_identity",
      "name": "current",
      "provider": "module.aft.provider[\"registry.terraform.io/hashicorp/aws\"].aft_management",
      "instances": [
        {
          "schema_version": 0,
          "attributes": {
            "account_id": "008298205562",
            "arn": "arn:aws:sts::008298205562:assumed-role/AWSControlTowerExecution/AWSAFT-Session",
            "id": "008298205562",
            "user_id": "AROAQD3U4SF5HEKCCBEGI:AWSAFT-Session"
          },
          "sensitive_attributes": []
        }
      ]
    },
    {
      "module": "module.aft.module.aft_feature_options",
      "mode": "data",
      "type": "aws_iam_policy",
      "name": "AWSLambdaBasicExecutionRole",
      "provider": "module.aft.provider[\"registry.terraform.io/hashicorp/aws\"].aft_management",
      "instances": [
        {
          "schema_version": 0,
          "attributes": {
            "arn": "arn:aws:iam::aws:policy/service-role/AWSLambdaBasicExecutionRole",
            "description": "Provides write permissions to CloudWatch Logs.",
            "id": "arn:aws:iam::aws:policy/service-role/AWSLambdaBasicExecutionRole",
            "name": "AWSLambdaBasicExecutionRole",
            "path": "/service-role/",
            "path_prefix": null,
            "policy": "{\n  \"Version\": \"2012-10-17\",\n  \"Statement\": [\n    {\n      \"Effect\": \"Allow\",\n      \"Action\": [\n        \"logs:CreateLogGroup\",\n        \"logs:CreateLogStream\",\n        \"logs:PutLogEvents\"\n      ],\n      \"Resource\": \"*\"\n    }\n  ]\n}",
            "policy_id": "ANPAJNCQGXC42545SKXIK",
            "tags": {}
          },
          "sensitive_attributes": []
        }
      ]
    },
    {
      "module": "module.aft.module.aft_feature_options",
      "mode": "data",
      "type": "aws_iam_policy",
      "name": "AWSLambdaVPCAccessExecutionRole",
      "provider": "module.aft.provider[\"registry.terraform.io/hashicorp/aws\"].aft_management",
      "instances": [
        {
          "schema_version": 0,
          "attributes": {
            "arn": "arn:aws:iam::aws:policy/service-role/AWSLambdaVPCAccessExecutionRole",
            "description": "Provides minimum permissions for a Lambda function to execute while accessing a resource within a VPC - create, describe, delete network interfaces and write permissions to CloudWatch Logs. ",
            "id": "arn:aws:iam::aws:policy/service-role/AWSLambdaVPCAccessExecutionRole",
            "name": "AWSLambdaVPCAccessExecutionRole",
            "path": "/service-role/",
            "path_prefix": null,
            "policy": "{\n  \"Version\": \"2012-10-17\",\n  \"Statement\": [\n    {\n      \"Effect\": \"Allow\",\n      \"Action\": [\n        \"logs:CreateLogGroup\",\n        \"logs:CreateLogStream\",\n        \"logs:PutLogEvents\",\n        \"ec2:CreateNetworkInterface\",\n        \"ec2:DescribeNetworkInterfaces\",\n        \"ec2:DeleteNetworkInterface\",\n        \"ec2:AssignPrivateIpAddresses\",\n        \"ec2:UnassignPrivateIpAddresses\"\n      ],\n      \"Resource\": \"*\"\n    }\n  ]\n}",
            "policy_id": "ANPAJVTME3YLVNL72YR2K",
            "tags": {}
          },
          "sensitive_attributes": []
        }
      ]
    },
    {
      "module": "module.aft.module.aft_feature_options",
      "mode": "data",
      "type": "aws_organizations_organization",
      "name": "aft_organization",
      "provider": "module.aft.provider[\"registry.terraform.io/hashicorp/aws\"].ct_management",
      "instances": [
        {
          "schema_version": 0,
          "attributes": {
            "accounts": [
              {
                "arn": "arn:aws:organizations::566377303192:account/o-ef8zo635i6/992975496427",
                "email": "prakash.naguboina+audit@gmail.com",
                "id": "992975496427",
                "name": "Audit",
                "status": "ACTIVE"
              },
              {
                "arn": "arn:aws:organizations::566377303192:account/o-ef8zo635i6/783502679574",
                "email": "prakash.naguboina+logs@gmail.com",
                "id": "783502679574",
                "name": "Log Archive",
                "status": "ACTIVE"
              },
              {
                "arn": "arn:aws:organizations::566377303192:account/o-ef8zo635i6/214283170839",
                "email": "prakash.naguboina+test@gmail.com",
                "id": "214283170839",
                "name": "test-aws",
                "status": "ACTIVE"
              },
              {
                "arn": "arn:aws:organizations::566377303192:account/o-ef8zo635i6/689859233466",
                "email": "prakash.naguboina+s1@gmail.com",
                "id": "689859233466",
                "name": "sandbox-aft",
                "status": "ACTIVE"
              },
              {
                "arn": "arn:aws:organizations::566377303192:account/o-ef8zo635i6/008298205562",
                "email": "prakash.naguboina+aft@gmail.com",
                "id": "008298205562",
                "name": "learn-aft",
                "status": "ACTIVE"
              },
              {
                "arn": "arn:aws:organizations::566377303192:account/o-ef8zo635i6/259562029988",
                "email": "jayaprakashnarayana@outlook.com",
                "id": "259562029988",
                "name": "test-ou",
                "status": "ACTIVE"
              },
              {
                "arn": "arn:aws:organizations::566377303192:account/o-ef8zo635i6/566377303192",
                "email": "prakash.naguboina@gmail.com",
                "id": "566377303192",
                "name": "jayaprakash",
                "status": "ACTIVE"
              }
            ],
            "arn": "arn:aws:organizations::566377303192:organization/o-ef8zo635i6",
            "aws_service_access_principals": [
              "config.amazonaws.com",
              "controltower.amazonaws.com",
              "member.org.stacksets.cloudformation.amazonaws.com",
              "sso.amazonaws.com"
            ],
            "enabled_policy_types": [
              "BACKUP_POLICY",
              "SERVICE_CONTROL_POLICY",
              "TAG_POLICY"
            ],
            "feature_set": "ALL",
            "id": "o-ef8zo635i6",
            "master_account_arn": "arn:aws:organizations::566377303192:account/o-ef8zo635i6/566377303192",
            "master_account_email": "prakash.naguboina@gmail.com",
            "master_account_id": "566377303192",
            "non_master_accounts": [
              {
                "arn": "arn:aws:organizations::566377303192:account/o-ef8zo635i6/992975496427",
                "email": "prakash.naguboina+audit@gmail.com",
                "id": "992975496427",
                "name": "Audit",
                "status": "ACTIVE"
              },
              {
                "arn": "arn:aws:organizations::566377303192:account/o-ef8zo635i6/783502679574",
                "email": "prakash.naguboina+logs@gmail.com",
                "id": "783502679574",
                "name": "Log Archive",
                "status": "ACTIVE"
              },
              {
                "arn": "arn:aws:organizations::566377303192:account/o-ef8zo635i6/214283170839",
                "email": "prakash.naguboina+test@gmail.com",
                "id": "214283170839",
                "name": "test-aws",
                "status": "ACTIVE"
              },
              {
                "arn": "arn:aws:organizations::566377303192:account/o-ef8zo635i6/689859233466",
                "email": "prakash.naguboina+s1@gmail.com",
                "id": "689859233466",
                "name": "sandbox-aft",
                "status": "ACTIVE"
              },
              {
                "arn": "arn:aws:organizations::566377303192:account/o-ef8zo635i6/008298205562",
                "email": "prakash.naguboina+aft@gmail.com",
                "id": "008298205562",
                "name": "learn-aft",
                "status": "ACTIVE"
              },
              {
                "arn": "arn:aws:organizations::566377303192:account/o-ef8zo635i6/259562029988",
                "email": "jayaprakashnarayana@outlook.com",
                "id": "259562029988",
                "name": "test-ou",
                "status": "ACTIVE"
              }
            ],
            "roots": [
              {
                "arn": "arn:aws:organizations::566377303192:root/o-ef8zo635i6/r-ntp9",
                "id": "r-ntp9",
                "name": "Root",
                "policy_types": [
                  {
                    "status": "ENABLED",
                    "type": "BACKUP_POLICY"
                  },
                  {
                    "status": "ENABLED",
                    "type": "TAG_POLICY"
                  },
                  {
                    "status": "ENABLED",
                    "type": "SERVICE_CONTROL_POLICY"
                  }
                ]
              }
            ]
          },
          "sensitive_attributes": []
        }
      ]
    },
    {
      "module": "module.aft.module.aft_feature_options",
      "mode": "data",
      "type": "aws_region",
      "name": "current",
      "provider": "module.aft.provider[\"registry.terraform.io/hashicorp/aws\"].aft_management",
      "instances": [
        {
          "schema_version": 0,
          "attributes": {
            "description": "US East (N. Virginia)",
            "endpoint": "ec2.us-east-1.amazonaws.com",
            "id": "us-east-1",
            "name": "us-east-1"
          },
          "sensitive_attributes": []
        }
      ]
    },
    {
      "module": "module.aft.module.aft_feature_options",
      "mode": "managed",
      "type": "aws_cloudwatch_log_group",
      "name": "aft_delete_default_vpc",
      "provider": "module.aft.provider[\"registry.terraform.io/hashicorp/aws\"].aft_management",
      "instances": [
        {
          "schema_version": 0,
          "attributes": {
            "arn": "arn:aws:logs:us-east-1:008298205562:log-group:/aws/lambda/aft-delete-default-vpc",
            "id": "/aws/lambda/aft-delete-default-vpc",
            "kms_key_id": "",
            "name": "/aws/lambda/aft-delete-default-vpc",
            "name_prefix": null,
            "retention_in_days": 0,
            "tags": {},
            "tags_all": {
              "managed_by": "AFT"
            }
          },
          "sensitive_attributes": [],
          "private": "bnVsbA==",
          "dependencies": [
            "module.aft.data.local_file.version",
            "module.aft.module.aft_account_request_framework.aws_kms_key.aft",
            "module.aft.module.aft_account_request_framework.aws_security_group.aft_vpc_default_sg",
            "module.aft.module.aft_account_request_framework.aws_subnet.aft_vpc_private_subnet_01",
            "module.aft.module.aft_account_request_framework.aws_subnet.aft_vpc_private_subnet_02",
            "module.aft.module.aft_account_request_framework.aws_vpc.aft_vpc",
            "module.aft.module.aft_account_request_framework.data.aws_availability_zones.available",
            "module.aft.module.aft_customizations.aws_s3_bucket.aft_codepipeline_customizations_bucket",
            "module.aft.module.aft_customizations.data.aws_caller_identity.current",
            "module.aft.module.aft_feature_options.aws_iam_role.aft_delete_default_vpc_lambda",
            "module.aft.module.aft_feature_options.aws_lambda_function.aft_delete_default_vpc",
            "module.aft.module.aft_lambda_layer.aws_codebuild_project.codebuild",
            "module.aft.module.aft_lambda_layer.aws_iam_role.codebuild",
            "module.aft.module.aft_lambda_layer.aws_iam_role.codebuild_invoker_lambda_role",
            "module.aft.module.aft_lambda_layer.aws_lambda_function.codebuild_invoker",
            "module.aft.module.aft_lambda_layer.aws_lambda_layer_version.layer_version",
            "module.aft.module.aft_lambda_layer.data.aws_lambda_invocation.invoke_codebuild_job",
            "module.aft.module.aft_lambda_layer.data.local_file.aft_lambda_layer",
            "module.aft.module.aft_lambda_layer.random_string.resource_suffix",
            "module.aft.module.packaging.data.archive_file.builder",
            "module.aft.module.packaging.data.archive_file.feature_options"
          ]
        }
      ]
    },
    {
      "module": "module.aft.module.aft_feature_options",
      "mode": "managed",
      "type": "aws_cloudwatch_log_group",
      "name": "aft_enable_cloudtrail",
      "provider": "module.aft.provider[\"registry.terraform.io/hashicorp/aws\"].aft_management",
      "instances": [
        {
          "schema_version": 0,
          "attributes": {
            "arn": "arn:aws:logs:us-east-1:008298205562:log-group:/aws/lambda/aft-enable-cloudtrail",
            "id": "/aws/lambda/aft-enable-cloudtrail",
            "kms_key_id": "",
            "name": "/aws/lambda/aft-enable-cloudtrail",
            "name_prefix": null,
            "retention_in_days": 0,
            "tags": {},
            "tags_all": {
              "managed_by": "AFT"
            }
          },
          "sensitive_attributes": [],
          "private": "bnVsbA==",
          "dependencies": [
            "module.aft.data.local_file.version",
            "module.aft.module.aft_account_request_framework.aws_kms_key.aft",
            "module.aft.module.aft_account_request_framework.aws_security_group.aft_vpc_default_sg",
            "module.aft.module.aft_account_request_framework.aws_subnet.aft_vpc_private_subnet_01",
            "module.aft.module.aft_account_request_framework.aws_subnet.aft_vpc_private_subnet_02",
            "module.aft.module.aft_account_request_framework.aws_vpc.aft_vpc",
            "module.aft.module.aft_account_request_framework.data.aws_availability_zones.available",
            "module.aft.module.aft_customizations.aws_s3_bucket.aft_codepipeline_customizations_bucket",
            "module.aft.module.aft_customizations.data.aws_caller_identity.current",
            "module.aft.module.aft_feature_options.aws_iam_role.aft_enable_cloudtrail",
            "module.aft.module.aft_feature_options.aws_lambda_function.aft_enable_cloudtrail",
            "module.aft.module.aft_lambda_layer.aws_codebuild_project.codebuild",
            "module.aft.module.aft_lambda_layer.aws_iam_role.codebuild",
            "module.aft.module.aft_lambda_layer.aws_iam_role.codebuild_invoker_lambda_role",
            "module.aft.module.aft_lambda_layer.aws_lambda_function.codebuild_invoker",
            "module.aft.module.aft_lambda_layer.aws_lambda_layer_version.layer_version",
            "module.aft.module.aft_lambda_layer.data.aws_lambda_invocation.invoke_codebuild_job",
            "module.aft.module.aft_lambda_layer.data.local_file.aft_lambda_layer",
            "module.aft.module.aft_lambda_layer.random_string.resource_suffix",
            "module.aft.module.packaging.data.archive_file.builder",
            "module.aft.module.packaging.data.archive_file.feature_options"
          ]
        }
      ]
    },
    {
      "module": "module.aft.module.aft_feature_options",
      "mode": "managed",
      "type": "aws_cloudwatch_log_group",
      "name": "aft_enroll_support",
      "provider": "module.aft.provider[\"registry.terraform.io/hashicorp/aws\"].aft_management",
      "instances": [
        {
          "schema_version": 0,
          "attributes": {
            "arn": "arn:aws:logs:us-east-1:008298205562:log-group:/aws/lambda/aft-enroll-support",
            "id": "/aws/lambda/aft-enroll-support",
            "kms_key_id": "",
            "name": "/aws/lambda/aft-enroll-support",
            "name_prefix": null,
            "retention_in_days": 0,
            "tags": {},
            "tags_all": {
              "managed_by": "AFT"
            }
          },
          "sensitive_attributes": [],
          "private": "bnVsbA==",
          "dependencies": [
            "module.aft.data.local_file.version",
            "module.aft.module.aft_account_request_framework.aws_kms_key.aft",
            "module.aft.module.aft_account_request_framework.aws_security_group.aft_vpc_default_sg",
            "module.aft.module.aft_account_request_framework.aws_subnet.aft_vpc_private_subnet_01",
            "module.aft.module.aft_account_request_framework.aws_subnet.aft_vpc_private_subnet_02",
            "module.aft.module.aft_account_request_framework.aws_vpc.aft_vpc",
            "module.aft.module.aft_account_request_framework.data.aws_availability_zones.available",
            "module.aft.module.aft_customizations.aws_s3_bucket.aft_codepipeline_customizations_bucket",
            "module.aft.module.aft_customizations.data.aws_caller_identity.current",
            "module.aft.module.aft_feature_options.aws_iam_role.aft_enroll_support",
            "module.aft.module.aft_feature_options.aws_lambda_function.aft_enroll_support",
            "module.aft.module.aft_lambda_layer.aws_codebuild_project.codebuild",
            "module.aft.module.aft_lambda_layer.aws_iam_role.codebuild",
            "module.aft.module.aft_lambda_layer.aws_iam_role.codebuild_invoker_lambda_role",
            "module.aft.module.aft_lambda_layer.aws_lambda_function.codebuild_invoker",
            "module.aft.module.aft_lambda_layer.aws_lambda_layer_version.layer_version",
            "module.aft.module.aft_lambda_layer.data.aws_lambda_invocation.invoke_codebuild_job",
            "module.aft.module.aft_lambda_layer.data.local_file.aft_lambda_layer",
            "module.aft.module.aft_lambda_layer.random_string.resource_suffix",
            "module.aft.module.packaging.data.archive_file.builder",
            "module.aft.module.packaging.data.archive_file.feature_options"
          ]
        }
      ]
    },
    {
      "module": "module.aft.module.aft_feature_options",
      "mode": "managed",
      "type": "aws_iam_role",
      "name": "aft_delete_default_vpc_lambda",
      "provider": "module.aft.provider[\"registry.terraform.io/hashicorp/aws\"].aft_management",
      "instances": [
        {
          "schema_version": 0,
          "attributes": {
            "arn": "arn:aws:iam::008298205562:role/aft-delete-default-vpc-execution-role",
            "assume_role_policy": "{\"Version\":\"2012-10-17\",\"Statement\":[{\"Effect\":\"Allow\",\"Principal\":{\"Service\":\"lambda.amazonaws.com\"},\"Action\":\"sts:AssumeRole\"}]}",
            "create_date": "2022-04-23T03:42:20Z",
            "description": "",
            "force_detach_policies": false,
            "id": "aft-delete-default-vpc-execution-role",
            "inline_policy": [
              {
                "name": "aft-delete-default-vpc-policy",
                "policy": "{\n    \"Version\": \"2012-10-17\",\n    \"Statement\": [\n        {\n            \"Effect\": \"Allow\",\n            \"Action\": [\n                \"ec2:DeleteSubnet\",\n                \"ec2:DescribeRegions\",\n                \"ec2:DetachInternetGateway\",\n                \"ec2:DescribeSecurityGroups\",\n                \"ec2:DeleteRouteTable\",\n                \"ec2:DescribeInternetGateways\",\n                \"ec2:DescribeVpcs\",\n                \"ec2:DeleteSecurityGroup\",\n                \"ec2:DeleteInternetGateway\",\n                \"ec2:DeleteVpc\",\n                \"ec2:DescribeSubnets\",\n                \"ec2:DescribeNetworkAcls\",\n                \"ec2:DescribeRouteTables\",\n                \"ec2:DeleteNetworkAcl\"\n            ],\n            \"Resource\": \"*\"\n        },\n          {\n            \"Effect\" : \"Allow\",\n            \"Action\" : \"ssm:GetParameter\",\n            \"Resource\" : [\n                    \"arn:aws:ssm:us-east-1:008298205562:parameter/aft/*\"\n            ]\n          },\n         {\n           \"Effect\" : \"Allow\",\n           \"Action\" : [\n               \"kms:GenerateDataKey\",\n               \"kms:Encrypt\",\n               \"kms:Decrypt\"\n           ],\n           \"Resource\" : [\n               \"arn:aws:kms:us-east-1:008298205562:key/aeafe814-f92c-4a5f-8f47-6cc9d9f2c498\"\n           ]\n         },\n      {\n        \"Effect\" : \"Allow\",\n        \"Action\" : [\n          \"sts:AssumeRole\"\n        ],\n        \"Resource\" : [\n          \"arn:aws:iam::008298205562:role/AWSAFTAdmin\"\n        ]\n      },\n      {\n        \"Effect\" : \"Allow\",\n        \"Action\" : \"sts:GetCallerIdentity\",\n        \"Resource\" : \"*\"\n      }\n    ]\n}\n"
              }
            ],
            "managed_policy_arns": [
              "arn:aws:iam::aws:policy/service-role/AWSLambdaBasicExecutionRole",
              "arn:aws:iam::aws:policy/service-role/AWSLambdaVPCAccessExecutionRole"
            ],
            "max_session_duration": 3600,
            "name": "aft-delete-default-vpc-execution-role",
            "name_prefix": "",
            "path": "/",
            "permissions_boundary": null,
            "tags": {},
            "tags_all": {
              "managed_by": "AFT"
            },
            "unique_id": "AROAQD3U4SF5AO2DMCMIP"
          },
          "sensitive_attributes": [],
          "private": "bnVsbA=="
        }
      ]
    },
    {
      "module": "module.aft.module.aft_feature_options",
      "mode": "managed",
      "type": "aws_iam_role",
      "name": "aft_enable_cloudtrail",
      "provider": "module.aft.provider[\"registry.terraform.io/hashicorp/aws\"].aft_management",
      "instances": [
        {
          "schema_version": 0,
          "attributes": {
            "arn": "arn:aws:iam::008298205562:role/aft-enable-cloudtrail-execution-role",
            "assume_role_policy": "{\"Version\":\"2012-10-17\",\"Statement\":[{\"Effect\":\"Allow\",\"Principal\":{\"Service\":\"lambda.amazonaws.com\"},\"Action\":\"sts:AssumeRole\"}]}",
            "create_date": "2022-04-23T03:42:31Z",
            "description": "",
            "force_detach_policies": false,
            "id": "aft-enable-cloudtrail-execution-role",
            "inline_policy": [
              {
                "name": "aft-enable-cloudtrail-policy",
                "policy": "{\n    \"Version\": \"2012-10-17\",\n    \"Statement\": [\n          {\n            \"Effect\" : \"Allow\",\n            \"Action\" : \"ssm:GetParameter\",\n            \"Resource\" : [\n                    \"arn:aws:ssm:us-east-1:008298205562:parameter/aft/*\"\n            ]\n          },\n         {\n           \"Effect\" : \"Allow\",\n           \"Action\" : [\n               \"kms:GenerateDataKey\",\n               \"kms:Encrypt\",\n               \"kms:Decrypt\"\n           ],\n           \"Resource\" : [\n               \"arn:aws:kms:us-east-1:008298205562:key/aeafe814-f92c-4a5f-8f47-6cc9d9f2c498\"\n           ]\n         },\n      {\n        \"Effect\" : \"Allow\",\n        \"Action\" : [\n          \"sts:AssumeRole\"\n        ],\n        \"Resource\" : [\n          \"arn:aws:iam::008298205562:role/AWSAFTAdmin\"\n        ]\n      },\n      {\n        \"Effect\" : \"Allow\",\n        \"Action\" : \"sts:GetCallerIdentity\",\n        \"Resource\" : \"*\"\n      }\n    ]\n}\n"
              }
            ],
            "managed_policy_arns": [
              "arn:aws:iam::aws:policy/service-role/AWSLambdaBasicExecutionRole",
              "arn:aws:iam::aws:policy/service-role/AWSLambdaVPCAccessExecutionRole"
            ],
            "max_session_duration": 3600,
            "name": "aft-enable-cloudtrail-execution-role",
            "name_prefix": "",
            "path": "/",
            "permissions_boundary": null,
            "tags": {},
            "tags_all": {
              "managed_by": "AFT"
            },
            "unique_id": "AROAQD3U4SF5GR2JYQPKS"
          },
          "sensitive_attributes": [],
          "private": "bnVsbA=="
        }
      ]
    },
    {
      "module": "module.aft.module.aft_feature_options",
      "mode": "managed",
      "type": "aws_iam_role",
      "name": "aft_enroll_support",
      "provider": "module.aft.provider[\"registry.terraform.io/hashicorp/aws\"].aft_management",
      "instances": [
        {
          "schema_version": 0,
          "attributes": {
            "arn": "arn:aws:iam::008298205562:role/aft-enroll-support-execution-role",
            "assume_role_policy": "{\"Version\":\"2012-10-17\",\"Statement\":[{\"Effect\":\"Allow\",\"Principal\":{\"Service\":\"lambda.amazonaws.com\"},\"Action\":\"sts:AssumeRole\"}]}",
            "create_date": "2022-04-23T03:42:18Z",
            "description": "",
            "force_detach_policies": false,
            "id": "aft-enroll-support-execution-role",
            "inline_policy": [
              {
                "name": "aft-enroll-support-policy",
                "policy": "{\n    \"Version\": \"2012-10-17\",\n    \"Statement\": [\n          {\n            \"Effect\" : \"Allow\",\n            \"Action\" : \"ssm:GetParameter\",\n            \"Resource\" : [\n                    \"arn:aws:ssm:us-east-1:008298205562:parameter/aft/*\"\n            ]\n          },\n         {\n           \"Effect\" : \"Allow\",\n           \"Action\" : [\n               \"kms:GenerateDataKey\",\n               \"kms:Encrypt\",\n               \"kms:Decrypt\"\n           ],\n           \"Resource\" : [\n               \"arn:aws:kms:us-east-1:008298205562:key/aeafe814-f92c-4a5f-8f47-6cc9d9f2c498\"\n           ]\n         },\n      {\n        \"Effect\" : \"Allow\",\n        \"Action\" : [\n          \"sts:AssumeRole\"\n        ],\n        \"Resource\" : [\n          \"arn:aws:iam::008298205562:role/AWSAFTAdmin\"\n        ]\n      },\n      {\n        \"Effect\" : \"Allow\",\n        \"Action\" : \"sts:GetCallerIdentity\",\n        \"Resource\" : \"*\"\n      }\n    ]\n}\n"
              }
            ],
            "managed_policy_arns": [
              "arn:aws:iam::aws:policy/service-role/AWSLambdaBasicExecutionRole",
              "arn:aws:iam::aws:policy/service-role/AWSLambdaVPCAccessExecutionRole"
            ],
            "max_session_duration": 3600,
            "name": "aft-enroll-support-execution-role",
            "name_prefix": "",
            "path": "/",
            "permissions_boundary": null,
            "tags": {},
            "tags_all": {
              "managed_by": "AFT"
            },
            "unique_id": "AROAQD3U4SF5NLQB6RP7Y"
          },
          "sensitive_attributes": [],
          "private": "bnVsbA=="
        }
      ]
    },
    {
      "module": "module.aft.module.aft_feature_options",
      "mode": "managed",
      "type": "aws_iam_role",
      "name": "aft_features_sfn",
      "provider": "module.aft.provider[\"registry.terraform.io/hashicorp/aws\"].aft_management",
      "instances": [
        {
          "schema_version": 0,
          "attributes": {
            "arn": "arn:aws:iam::008298205562:role/aft-features-execution-role",
            "assume_role_policy": "{\"Version\":\"2012-10-17\",\"Statement\":[{\"Effect\":\"Allow\",\"Principal\":{\"Service\":\"states.amazonaws.com\"},\"Action\":\"sts:AssumeRole\"}]}",
            "create_date": "2022-04-23T03:42:38Z",
            "description": "",
            "force_detach_policies": false,
            "id": "aft-features-execution-role",
            "inline_policy": [
              {
                "name": "aft-features-policy",
                "policy": "{\n    \"Version\": \"2012-10-17\",\n    \"Statement\": [\n        {\n            \"Effect\": \"Allow\",\n            \"Action\": \"sns:Publish*\",\n            \"Resource\": \"arn:aws:sns:us-east-1:008298205562:aft-*\"\n        },\n        {\n            \"Effect\": \"Allow\",\n            \"Action\": [\n                \"lambda:InvokeFunction\"\n            ],\n            \"Resource\": [\n                \"arn:aws:lambda:us-east-1:008298205562:function:aft-*\"\n            ]\n        }\n    ]\n}\n"
              }
            ],
            "managed_policy_arns": [],
            "max_session_duration": 3600,
            "name": "aft-features-execution-role",
            "name_prefix": "",
            "path": "/",
            "permissions_boundary": null,
            "tags": {},
            "tags_all": {
              "managed_by": "AFT"
            },
            "unique_id": "AROAQD3U4SF5HNZGTEGUC"
          },
          "sensitive_attributes": [],
          "private": "bnVsbA=="
        }
      ]
    },
    {
      "module": "module.aft.module.aft_feature_options",
      "mode": "managed",
      "type": "aws_iam_role_policy",
      "name": "aft_delete_default_vpc_lambda",
      "provider": "module.aft.provider[\"registry.terraform.io/hashicorp/aws\"].aft_management",
      "instances": [
        {
          "schema_version": 0,
          "attributes": {
            "id": "aft-delete-default-vpc-execution-role:aft-delete-default-vpc-policy",
            "name": "aft-delete-default-vpc-policy",
            "name_prefix": null,
            "policy": "{\n    \"Version\": \"2012-10-17\",\n    \"Statement\": [\n        {\n            \"Effect\": \"Allow\",\n            \"Action\": [\n                \"ec2:DeleteSubnet\",\n                \"ec2:DescribeRegions\",\n                \"ec2:DetachInternetGateway\",\n                \"ec2:DescribeSecurityGroups\",\n                \"ec2:DeleteRouteTable\",\n                \"ec2:DescribeInternetGateways\",\n                \"ec2:DescribeVpcs\",\n                \"ec2:DeleteSecurityGroup\",\n                \"ec2:DeleteInternetGateway\",\n                \"ec2:DeleteVpc\",\n                \"ec2:DescribeSubnets\",\n                \"ec2:DescribeNetworkAcls\",\n                \"ec2:DescribeRouteTables\",\n                \"ec2:DeleteNetworkAcl\"\n            ],\n            \"Resource\": \"*\"\n        },\n          {\n            \"Effect\" : \"Allow\",\n            \"Action\" : \"ssm:GetParameter\",\n            \"Resource\" : [\n                    \"arn:aws:ssm:us-east-1:008298205562:parameter/aft/*\"\n            ]\n          },\n         {\n           \"Effect\" : \"Allow\",\n           \"Action\" : [\n               \"kms:GenerateDataKey\",\n               \"kms:Encrypt\",\n               \"kms:Decrypt\"\n           ],\n           \"Resource\" : [\n               \"arn:aws:kms:us-east-1:008298205562:key/aeafe814-f92c-4a5f-8f47-6cc9d9f2c498\"\n           ]\n         },\n      {\n        \"Effect\" : \"Allow\",\n        \"Action\" : [\n          \"sts:AssumeRole\"\n        ],\n        \"Resource\" : [\n          \"arn:aws:iam::008298205562:role/AWSAFTAdmin\"\n        ]\n      },\n      {\n        \"Effect\" : \"Allow\",\n        \"Action\" : \"sts:GetCallerIdentity\",\n        \"Resource\" : \"*\"\n      }\n    ]\n}\n",
            "role": "aft-delete-default-vpc-execution-role"
          },
          "sensitive_attributes": [],
          "private": "bnVsbA==",
          "dependencies": [
            "module.aft.module.aft_account_request_framework.aws_kms_key.aft",
            "module.aft.module.aft_feature_options.aws_iam_role.aft_delete_default_vpc_lambda",
            "module.aft.module.aft_feature_options.data.aws_caller_identity.current",
            "module.aft.module.aft_feature_options.data.aws_region.current"
          ]
        }
      ]
    },
    {
      "module": "module.aft.module.aft_feature_options",
      "mode": "managed",
      "type": "aws_iam_role_policy",
      "name": "aft_enable_cloudtrail",
      "provider": "module.aft.provider[\"registry.terraform.io/hashicorp/aws\"].aft_management",
      "instances": [
        {
          "schema_version": 0,
          "attributes": {
            "id": "aft-enable-cloudtrail-execution-role:aft-enable-cloudtrail-policy",
            "name": "aft-enable-cloudtrail-policy",
            "name_prefix": null,
            "policy": "{\n    \"Version\": \"2012-10-17\",\n    \"Statement\": [\n          {\n            \"Effect\" : \"Allow\",\n            \"Action\" : \"ssm:GetParameter\",\n            \"Resource\" : [\n                    \"arn:aws:ssm:us-east-1:008298205562:parameter/aft/*\"\n            ]\n          },\n         {\n           \"Effect\" : \"Allow\",\n           \"Action\" : [\n               \"kms:GenerateDataKey\",\n               \"kms:Encrypt\",\n               \"kms:Decrypt\"\n           ],\n           \"Resource\" : [\n               \"arn:aws:kms:us-east-1:008298205562:key/aeafe814-f92c-4a5f-8f47-6cc9d9f2c498\"\n           ]\n         },\n      {\n        \"Effect\" : \"Allow\",\n        \"Action\" : [\n          \"sts:AssumeRole\"\n        ],\n        \"Resource\" : [\n          \"arn:aws:iam::008298205562:role/AWSAFTAdmin\"\n        ]\n      },\n      {\n        \"Effect\" : \"Allow\",\n        \"Action\" : \"sts:GetCallerIdentity\",\n        \"Resource\" : \"*\"\n      }\n    ]\n}\n",
            "role": "aft-enable-cloudtrail-execution-role"
          },
          "sensitive_attributes": [],
          "private": "bnVsbA==",
          "dependencies": [
            "module.aft.module.aft_account_request_framework.aws_kms_key.aft",
            "module.aft.module.aft_feature_options.aws_iam_role.aft_enable_cloudtrail",
            "module.aft.module.aft_feature_options.data.aws_caller_identity.current",
            "module.aft.module.aft_feature_options.data.aws_region.current"
          ]
        }
      ]
    },
    {
      "module": "module.aft.module.aft_feature_options",
      "mode": "managed",
      "type": "aws_iam_role_policy",
      "name": "aft_enroll_support",
      "provider": "module.aft.provider[\"registry.terraform.io/hashicorp/aws\"].aft_management",
      "instances": [
        {
          "schema_version": 0,
          "attributes": {
            "id": "aft-enroll-support-execution-role:aft-enroll-support-policy",
            "name": "aft-enroll-support-policy",
            "name_prefix": null,
            "policy": "{\n    \"Version\": \"2012-10-17\",\n    \"Statement\": [\n          {\n            \"Effect\" : \"Allow\",\n            \"Action\" : \"ssm:GetParameter\",\n            \"Resource\" : [\n                    \"arn:aws:ssm:us-east-1:008298205562:parameter/aft/*\"\n            ]\n          },\n         {\n           \"Effect\" : \"Allow\",\n           \"Action\" : [\n               \"kms:GenerateDataKey\",\n               \"kms:Encrypt\",\n               \"kms:Decrypt\"\n           ],\n           \"Resource\" : [\n               \"arn:aws:kms:us-east-1:008298205562:key/aeafe814-f92c-4a5f-8f47-6cc9d9f2c498\"\n           ]\n         },\n      {\n        \"Effect\" : \"Allow\",\n        \"Action\" : [\n          \"sts:AssumeRole\"\n        ],\n        \"Resource\" : [\n          \"arn:aws:iam::008298205562:role/AWSAFTAdmin\"\n        ]\n      },\n      {\n        \"Effect\" : \"Allow\",\n        \"Action\" : \"sts:GetCallerIdentity\",\n        \"Resource\" : \"*\"\n      }\n    ]\n}\n",
            "role": "aft-enroll-support-execution-role"
          },
          "sensitive_attributes": [],
          "private": "bnVsbA==",
          "dependencies": [
            "module.aft.module.aft_account_request_framework.aws_kms_key.aft",
            "module.aft.module.aft_feature_options.aws_iam_role.aft_enroll_support",
            "module.aft.module.aft_feature_options.data.aws_caller_identity.current",
            "module.aft.module.aft_feature_options.data.aws_region.current"
          ]
        }
      ]
    },
    {
      "module": "module.aft.module.aft_feature_options",
      "mode": "managed",
      "type": "aws_iam_role_policy",
      "name": "aft_features_sfn",
      "provider": "module.aft.provider[\"registry.terraform.io/hashicorp/aws\"].aft_management",
      "instances": [
        {
          "schema_version": 0,
          "attributes": {
            "id": "aft-features-execution-role:aft-features-policy",
            "name": "aft-features-policy",
            "name_prefix": null,
            "policy": "{\n    \"Version\": \"2012-10-17\",\n    \"Statement\": [\n        {\n            \"Effect\": \"Allow\",\n            \"Action\": \"sns:Publish*\",\n            \"Resource\": \"arn:aws:sns:us-east-1:008298205562:aft-*\"\n        },\n        {\n            \"Effect\": \"Allow\",\n            \"Action\": [\n                \"lambda:InvokeFunction\"\n            ],\n            \"Resource\": [\n                \"arn:aws:lambda:us-east-1:008298205562:function:aft-*\"\n            ]\n        }\n    ]\n}\n",
            "role": "aft-features-execution-role"
          },
          "sensitive_attributes": [],
          "private": "bnVsbA==",
          "dependencies": [
            "module.aft.module.aft_feature_options.aws_iam_role.aft_features_sfn",
            "module.aft.module.aft_feature_options.data.aws_caller_identity.current",
            "module.aft.module.aft_feature_options.data.aws_region.current"
          ]
        }
      ]
    },
    {
      "module": "module.aft.module.aft_feature_options",
      "mode": "managed",
      "type": "aws_iam_role_policy_attachment",
      "name": "aft_delete_default_vpc_lambda",
      "provider": "module.aft.provider[\"registry.terraform.io/hashicorp/aws\"].aft_management",
      "instances": [
        {
          "index_key": 0,
          "schema_version": 0,
          "attributes": {
            "id": "aft-delete-default-vpc-execution-role-20220423034254450800000005",
            "policy_arn": "arn:aws:iam::aws:policy/service-role/AWSLambdaBasicExecutionRole",
            "role": "aft-delete-default-vpc-execution-role"
          },
          "sensitive_attributes": [],
          "private": "bnVsbA==",
          "dependencies": [
            "module.aft.module.aft_feature_options.aws_iam_role.aft_delete_default_vpc_lambda",
            "module.aft.module.aft_feature_options.data.aws_iam_policy.AWSLambdaBasicExecutionRole",
            "module.aft.module.aft_feature_options.data.aws_iam_policy.AWSLambdaVPCAccessExecutionRole"
          ]
        },
        {
          "index_key": 1,
          "schema_version": 0,
          "attributes": {
            "id": "aft-delete-default-vpc-execution-role-20220423034254407400000004",
            "policy_arn": "arn:aws:iam::aws:policy/service-role/AWSLambdaVPCAccessExecutionRole",
            "role": "aft-delete-default-vpc-execution-role"
          },
          "sensitive_attributes": [],
          "private": "bnVsbA==",
          "dependencies": [
            "module.aft.module.aft_feature_options.aws_iam_role.aft_delete_default_vpc_lambda",
            "module.aft.module.aft_feature_options.data.aws_iam_policy.AWSLambdaBasicExecutionRole",
            "module.aft.module.aft_feature_options.data.aws_iam_policy.AWSLambdaVPCAccessExecutionRole"
          ]
        }
      ]
    },
    {
      "module": "module.aft.module.aft_feature_options",
      "mode": "managed",
      "type": "aws_iam_role_policy_attachment",
      "name": "aft_enable_cloudtrail",
      "provider": "module.aft.provider[\"registry.terraform.io/hashicorp/aws\"].aft_management",
      "instances": [
        {
          "index_key": 0,
          "schema_version": 0,
          "attributes": {
            "id": "aft-enable-cloudtrail-execution-role-20220423034252433800000002",
            "policy_arn": "arn:aws:iam::aws:policy/service-role/AWSLambdaBasicExecutionRole",
            "role": "aft-enable-cloudtrail-execution-role"
          },
          "sensitive_attributes": [],
          "private": "bnVsbA==",
          "dependencies": [
            "module.aft.module.aft_feature_options.aws_iam_role.aft_enable_cloudtrail",
            "module.aft.module.aft_feature_options.data.aws_iam_policy.AWSLambdaBasicExecutionRole",
            "module.aft.module.aft_feature_options.data.aws_iam_policy.AWSLambdaVPCAccessExecutionRole"
          ]
        },
        {
          "index_key": 1,
          "schema_version": 0,
          "attributes": {
            "id": "aft-enable-cloudtrail-execution-role-20220423034253362900000003",
            "policy_arn": "arn:aws:iam::aws:policy/service-role/AWSLambdaVPCAccessExecutionRole",
            "role": "aft-enable-cloudtrail-execution-role"
          },
          "sensitive_attributes": [],
          "private": "bnVsbA==",
          "dependencies": [
            "module.aft.module.aft_feature_options.aws_iam_role.aft_enable_cloudtrail",
            "module.aft.module.aft_feature_options.data.aws_iam_policy.AWSLambdaBasicExecutionRole",
            "module.aft.module.aft_feature_options.data.aws_iam_policy.AWSLambdaVPCAccessExecutionRole"
          ]
        }
      ]
    },
    {
      "module": "module.aft.module.aft_feature_options",
      "mode": "managed",
      "type": "aws_iam_role_policy_attachment",
      "name": "aft_enroll_support",
      "provider": "module.aft.provider[\"registry.terraform.io/hashicorp/aws\"].aft_management",
      "instances": [
        {
          "index_key": 0,
          "schema_version": 0,
          "attributes": {
            "id": "aft-enroll-support-execution-role-20220423034254737600000007",
            "policy_arn": "arn:aws:iam::aws:policy/service-role/AWSLambdaBasicExecutionRole",
            "role": "aft-enroll-support-execution-role"
          },
          "sensitive_attributes": [],
          "private": "bnVsbA==",
          "dependencies": [
            "module.aft.module.aft_feature_options.aws_iam_role.aft_enroll_support",
            "module.aft.module.aft_feature_options.data.aws_iam_policy.AWSLambdaBasicExecutionRole",
            "module.aft.module.aft_feature_options.data.aws_iam_policy.AWSLambdaVPCAccessExecutionRole"
          ]
        },
        {
          "index_key": 1,
          "schema_version": 0,
          "attributes": {
            "id": "aft-enroll-support-execution-role-20220423034254746300000008",
            "policy_arn": "arn:aws:iam::aws:policy/service-role/AWSLambdaVPCAccessExecutionRole",
            "role": "aft-enroll-support-execution-role"
          },
          "sensitive_attributes": [],
          "private": "bnVsbA==",
          "dependencies": [
            "module.aft.module.aft_feature_options.aws_iam_role.aft_enroll_support",
            "module.aft.module.aft_feature_options.data.aws_iam_policy.AWSLambdaBasicExecutionRole",
            "module.aft.module.aft_feature_options.data.aws_iam_policy.AWSLambdaVPCAccessExecutionRole"
          ]
        }
      ]
    },
    {
      "module": "module.aft.module.aft_feature_options",
      "mode": "managed",
      "type": "aws_kms_alias",
      "name": "aft_log_key_alias",
      "provider": "module.aft.provider[\"registry.terraform.io/hashicorp/aws\"].log_archive",
      "instances": [
        {
          "schema_version": 0,
          "attributes": {
            "arn": "arn:aws:kms:us-east-1:783502679574:alias/aft",
            "id": "alias/aft",
            "name": "alias/aft",
            "name_prefix": "",
            "target_key_arn": "arn:aws:kms:us-east-1:783502679574:key/a9a8373d-7b2f-40b4-9ae5-af964b1c98a9",
            "target_key_id": "a9a8373d-7b2f-40b4-9ae5-af964b1c98a9"
          },
          "sensitive_attributes": [],
          "private": "bnVsbA==",
          "dependencies": [
            "module.aft.module.aft_feature_options.aws_kms_key.aft_log_key"
          ]
        }
      ]
    },
    {
      "module": "module.aft.module.aft_feature_options",
      "mode": "managed",
      "type": "aws_kms_key",
      "name": "aft_log_key",
      "provider": "module.aft.provider[\"registry.terraform.io/hashicorp/aws\"].log_archive",
      "instances": [
        {
          "schema_version": 0,
          "attributes": {
            "arn": "arn:aws:kms:us-east-1:783502679574:key/a9a8373d-7b2f-40b4-9ae5-af964b1c98a9",
            "bypass_policy_lockout_safety_check": false,
            "customer_master_key_spec": "SYMMETRIC_DEFAULT",
            "deletion_window_in_days": null,
            "description": "KMS key for encrypt/decrypt log files",
            "enable_key_rotation": true,
            "id": "a9a8373d-7b2f-40b4-9ae5-af964b1c98a9",
            "is_enabled": true,
            "key_id": "a9a8373d-7b2f-40b4-9ae5-af964b1c98a9",
            "key_usage": "ENCRYPT_DECRYPT",
            "multi_region": false,
            "policy": "{\n    \"Version\": \"2012-10-17\",\n    \"Statement\": [\n        {\n            \"Sid\": \"Allow AWS Services to Encrypt data\",\n            \"Effect\": \"Allow\",\n            \"Principal\": {\n                \"Service\": [\n                    \"vpc-flow-logs.amazonaws.com\",\n                    \"delivery.logs.amazonaws.com\",\n                    \"cloudtrail.amazonaws.com\"\n                ]\n            },\n            \"Action\": [\n                \"kms:ReEncrypt*\",\n                \"kms:GenerateDataKey*\",\n                \"kms:Encrypt\",\n                \"kms:DescribeKey\",\n                \"kms:Decrypt\"\n            ],\n            \"Resource\": \"*\"\n        },\n        {\n            \"Sid\": \"Enable IAM User Permissions\",\n            \"Effect\": \"Allow\",\n            \"Principal\": {\n                \"AWS\": \"arn:aws:iam::783502679574:root\"\n            },\n            \"Action\": \"kms:*\",\n            \"Resource\": \"*\"\n        }\n    ]\n}\n",
            "tags": {},
            "tags_all": {
              "managed_by": "AFT"
            }
          },
          "sensitive_attributes": [],
          "private": "bnVsbA=="
        }
      ]
    },
    {
      "module": "module.aft.module.aft_feature_options",
      "mode": "managed",
      "type": "aws_lambda_function",
      "name": "aft_delete_default_vpc",
      "provider": "module.aft.provider[\"registry.terraform.io/hashicorp/aws\"].aft_management",
      "instances": [
        {
          "schema_version": 0,
          "attributes": {
            "architectures": [
              "x86_64"
            ],
            "arn": "arn:aws:lambda:us-east-1:008298205562:function:aft-delete-default-vpc",
            "code_signing_config_arn": "",
            "dead_letter_config": [],
            "description": "Deletes default VPCs in all regions. Called from aft-features SFN.",
            "environment": [],
            "file_system_config": [],
            "filename": ".terraform/modules/aft/modules/aft-archives/../../src/aft_lambda/aft_feature_options.zip",
            "function_name": "aft-delete-default-vpc",
            "handler": "aft_delete_default_vpc.lambda_handler",
            "id": "aft-delete-default-vpc",
            "image_config": [],
            "image_uri": "",
            "invoke_arn": "arn:aws:apigateway:us-east-1:lambda:path/2015-03-31/functions/arn:aws:lambda:us-east-1:008298205562:function:aft-delete-default-vpc/invocations",
            "kms_key_arn": "",
            "last_modified": "2022-05-04T19:57:12.000+0000",
            "layers": [
              "arn:aws:lambda:us-east-1:008298205562:layer:aft-common-1-3-5:1"
            ],
            "memory_size": 1024,
            "package_type": "Zip",
            "publish": false,
            "qualified_arn": "arn:aws:lambda:us-east-1:008298205562:function:aft-delete-default-vpc:$LATEST",
            "reserved_concurrent_executions": -1,
            "role": "arn:aws:iam::008298205562:role/aft-delete-default-vpc-execution-role",
            "runtime": "python3.8",
            "s3_bucket": null,
            "s3_key": null,
            "s3_object_version": null,
            "signing_job_arn": "",
            "signing_profile_version_arn": "",
            "source_code_hash": "vyPJSdoIK/b5pPvCPXWKx4/VWjKS/m7FXqN6R0+H98E=",
            "source_code_size": 3143,
            "tags": {},
            "tags_all": {
              "managed_by": "AFT"
            },
            "timeout": 300,
            "timeouts": null,
            "tracing_config": [
              {
                "mode": "PassThrough"
              }
            ],
            "version": "$LATEST",
            "vpc_config": [
              {
                "security_group_ids": [
                  "sg-0a7b6748a01d2169a"
                ],
                "subnet_ids": [
                  "subnet-041cf026a115900a6",
                  "subnet-066a1962f2cece8db"
                ],
                "vpc_id": "vpc-0d6124dadfcb57dd8"
              }
            ]
          },
          "sensitive_attributes": [],
          "private": "eyJlMmJmYjczMC1lY2FhLTExZTYtOGY4OC0zNDM2M2JjN2M0YzAiOnsiY3JlYXRlIjo2MDAwMDAwMDAwMDB9fQ==",
          "dependencies": [
            "module.aft.data.local_file.version",
            "module.aft.module.aft_account_request_framework.aws_kms_key.aft",
            "module.aft.module.aft_account_request_framework.aws_security_group.aft_vpc_default_sg",
            "module.aft.module.aft_account_request_framework.aws_subnet.aft_vpc_private_subnet_01",
            "module.aft.module.aft_account_request_framework.aws_subnet.aft_vpc_private_subnet_02",
            "module.aft.module.aft_account_request_framework.aws_vpc.aft_vpc",
            "module.aft.module.aft_account_request_framework.data.aws_availability_zones.available",
            "module.aft.module.aft_customizations.aws_s3_bucket.aft_codepipeline_customizations_bucket",
            "module.aft.module.aft_customizations.data.aws_caller_identity.current",
            "module.aft.module.aft_feature_options.aws_iam_role.aft_delete_default_vpc_lambda",
            "module.aft.module.aft_lambda_layer.aws_codebuild_project.codebuild",
            "module.aft.module.aft_lambda_layer.aws_iam_role.codebuild",
            "module.aft.module.aft_lambda_layer.aws_iam_role.codebuild_invoker_lambda_role",
            "module.aft.module.aft_lambda_layer.aws_lambda_function.codebuild_invoker",
            "module.aft.module.aft_lambda_layer.aws_lambda_layer_version.layer_version",
            "module.aft.module.aft_lambda_layer.data.aws_lambda_invocation.invoke_codebuild_job",
            "module.aft.module.aft_lambda_layer.data.local_file.aft_lambda_layer",
            "module.aft.module.aft_lambda_layer.random_string.resource_suffix",
            "module.aft.module.packaging.data.archive_file.builder",
            "module.aft.module.packaging.data.archive_file.feature_options"
          ]
        }
      ]
    },
    {
      "module": "module.aft.module.aft_feature_options",
      "mode": "managed",
      "type": "aws_lambda_function",
      "name": "aft_enable_cloudtrail",
      "provider": "module.aft.provider[\"registry.terraform.io/hashicorp/aws\"].aft_management",
      "instances": [
        {
          "schema_version": 0,
          "attributes": {
            "architectures": [
              "x86_64"
            ],
            "arn": "arn:aws:lambda:us-east-1:008298205562:function:aft-enable-cloudtrail",
            "code_signing_config_arn": "",
            "dead_letter_config": [],
            "description": "Creates an Org Trail to capture data events. Called from aft-features SFN.",
            "environment": [],
            "file_system_config": [],
            "filename": ".terraform/modules/aft/modules/aft-archives/../../src/aft_lambda/aft_feature_options.zip",
            "function_name": "aft-enable-cloudtrail",
            "handler": "aft_enable_cloudtrail.lambda_handler",
            "id": "aft-enable-cloudtrail",
            "image_config": [],
            "image_uri": "",
            "invoke_arn": "arn:aws:apigateway:us-east-1:lambda:path/2015-03-31/functions/arn:aws:lambda:us-east-1:008298205562:function:aft-enable-cloudtrail/invocations",
            "kms_key_arn": "",
            "last_modified": "2022-05-04T19:56:57.000+0000",
            "layers": [
              "arn:aws:lambda:us-east-1:008298205562:layer:aft-common-1-3-5:1"
            ],
            "memory_size": 1024,
            "package_type": "Zip",
            "publish": false,
            "qualified_arn": "arn:aws:lambda:us-east-1:008298205562:function:aft-enable-cloudtrail:$LATEST",
            "reserved_concurrent_executions": -1,
            "role": "arn:aws:iam::008298205562:role/aft-enable-cloudtrail-execution-role",
            "runtime": "python3.8",
            "s3_bucket": null,
            "s3_key": null,
            "s3_object_version": null,
            "signing_job_arn": "",
            "signing_profile_version_arn": "",
            "source_code_hash": "vyPJSdoIK/b5pPvCPXWKx4/VWjKS/m7FXqN6R0+H98E=",
            "source_code_size": 3143,
            "tags": {},
            "tags_all": {
              "managed_by": "AFT"
            },
            "timeout": 300,
            "timeouts": null,
            "tracing_config": [
              {
                "mode": "PassThrough"
              }
            ],
            "version": "$LATEST",
            "vpc_config": [
              {
                "security_group_ids": [
                  "sg-0a7b6748a01d2169a"
                ],
                "subnet_ids": [
                  "subnet-041cf026a115900a6",
                  "subnet-066a1962f2cece8db"
                ],
                "vpc_id": "vpc-0d6124dadfcb57dd8"
              }
            ]
          },
          "sensitive_attributes": [],
          "private": "eyJlMmJmYjczMC1lY2FhLTExZTYtOGY4OC0zNDM2M2JjN2M0YzAiOnsiY3JlYXRlIjo2MDAwMDAwMDAwMDB9fQ==",
          "dependencies": [
            "module.aft.data.local_file.version",
            "module.aft.module.aft_account_request_framework.aws_kms_key.aft",
            "module.aft.module.aft_account_request_framework.aws_security_group.aft_vpc_default_sg",
            "module.aft.module.aft_account_request_framework.aws_subnet.aft_vpc_private_subnet_01",
            "module.aft.module.aft_account_request_framework.aws_subnet.aft_vpc_private_subnet_02",
            "module.aft.module.aft_account_request_framework.aws_vpc.aft_vpc",
            "module.aft.module.aft_account_request_framework.data.aws_availability_zones.available",
            "module.aft.module.aft_customizations.aws_s3_bucket.aft_codepipeline_customizations_bucket",
            "module.aft.module.aft_customizations.data.aws_caller_identity.current",
            "module.aft.module.aft_feature_options.aws_iam_role.aft_enable_cloudtrail",
            "module.aft.module.aft_lambda_layer.aws_codebuild_project.codebuild",
            "module.aft.module.aft_lambda_layer.aws_iam_role.codebuild",
            "module.aft.module.aft_lambda_layer.aws_iam_role.codebuild_invoker_lambda_role",
            "module.aft.module.aft_lambda_layer.aws_lambda_function.codebuild_invoker",
            "module.aft.module.aft_lambda_layer.aws_lambda_layer_version.layer_version",
            "module.aft.module.aft_lambda_layer.data.aws_lambda_invocation.invoke_codebuild_job",
            "module.aft.module.aft_lambda_layer.data.local_file.aft_lambda_layer",
            "module.aft.module.aft_lambda_layer.random_string.resource_suffix",
            "module.aft.module.packaging.data.archive_file.builder",
            "module.aft.module.packaging.data.archive_file.feature_options"
          ]
        }
      ]
    },
    {
      "module": "module.aft.module.aft_feature_options",
      "mode": "managed",
      "type": "aws_lambda_function",
      "name": "aft_enroll_support",
      "provider": "module.aft.provider[\"registry.terraform.io/hashicorp/aws\"].aft_management",
      "instances": [
        {
          "schema_version": 0,
          "attributes": {
            "architectures": [
              "x86_64"
            ],
            "arn": "arn:aws:lambda:us-east-1:008298205562:function:aft-enroll-support",
            "code_signing_config_arn": "",
            "dead_letter_config": [],
            "description": "Creates request to enroll an account in Enterprise support. Called from aft-features SFN.",
            "environment": [],
            "file_system_config": [],
            "filename": ".terraform/modules/aft/modules/aft-archives/../../src/aft_lambda/aft_feature_options.zip",
            "function_name": "aft-enroll-support",
            "handler": "aft_enroll_support.lambda_handler",
            "id": "aft-enroll-support",
            "image_config": [],
            "image_uri": "",
            "invoke_arn": "arn:aws:apigateway:us-east-1:lambda:path/2015-03-31/functions/arn:aws:lambda:us-east-1:008298205562:function:aft-enroll-support/invocations",
            "kms_key_arn": "",
            "last_modified": "2022-05-04T19:57:26.000+0000",
            "layers": [
              "arn:aws:lambda:us-east-1:008298205562:layer:aft-common-1-3-5:1"
            ],
            "memory_size": 1024,
            "package_type": "Zip",
            "publish": false,
            "qualified_arn": "arn:aws:lambda:us-east-1:008298205562:function:aft-enroll-support:$LATEST",
            "reserved_concurrent_executions": -1,
            "role": "arn:aws:iam::008298205562:role/aft-enroll-support-execution-role",
            "runtime": "python3.8",
            "s3_bucket": null,
            "s3_key": null,
            "s3_object_version": null,
            "signing_job_arn": "",
            "signing_profile_version_arn": "",
            "source_code_hash": "vyPJSdoIK/b5pPvCPXWKx4/VWjKS/m7FXqN6R0+H98E=",
            "source_code_size": 3143,
            "tags": {},
            "tags_all": {
              "managed_by": "AFT"
            },
            "timeout": 300,
            "timeouts": null,
            "tracing_config": [
              {
                "mode": "PassThrough"
              }
            ],
            "version": "$LATEST",
            "vpc_config": [
              {
                "security_group_ids": [
                  "sg-0a7b6748a01d2169a"
                ],
                "subnet_ids": [
                  "subnet-041cf026a115900a6",
                  "subnet-066a1962f2cece8db"
                ],
                "vpc_id": "vpc-0d6124dadfcb57dd8"
              }
            ]
          },
          "sensitive_attributes": [],
          "private": "eyJlMmJmYjczMC1lY2FhLTExZTYtOGY4OC0zNDM2M2JjN2M0YzAiOnsiY3JlYXRlIjo2MDAwMDAwMDAwMDB9fQ==",
          "dependencies": [
            "module.aft.data.local_file.version",
            "module.aft.module.aft_account_request_framework.aws_kms_key.aft",
            "module.aft.module.aft_account_request_framework.aws_security_group.aft_vpc_default_sg",
            "module.aft.module.aft_account_request_framework.aws_subnet.aft_vpc_private_subnet_01",
            "module.aft.module.aft_account_request_framework.aws_subnet.aft_vpc_private_subnet_02",
            "module.aft.module.aft_account_request_framework.aws_vpc.aft_vpc",
            "module.aft.module.aft_account_request_framework.data.aws_availability_zones.available",
            "module.aft.module.aft_customizations.aws_s3_bucket.aft_codepipeline_customizations_bucket",
            "module.aft.module.aft_customizations.data.aws_caller_identity.current",
            "module.aft.module.aft_feature_options.aws_iam_role.aft_enroll_support",
            "module.aft.module.aft_lambda_layer.aws_codebuild_project.codebuild",
            "module.aft.module.aft_lambda_layer.aws_iam_role.codebuild",
            "module.aft.module.aft_lambda_layer.aws_iam_role.codebuild_invoker_lambda_role",
            "module.aft.module.aft_lambda_layer.aws_lambda_function.codebuild_invoker",
            "module.aft.module.aft_lambda_layer.aws_lambda_layer_version.layer_version",
            "module.aft.module.aft_lambda_layer.data.aws_lambda_invocation.invoke_codebuild_job",
            "module.aft.module.aft_lambda_layer.data.local_file.aft_lambda_layer",
            "module.aft.module.aft_lambda_layer.random_string.resource_suffix",
            "module.aft.module.packaging.data.archive_file.builder",
            "module.aft.module.packaging.data.archive_file.feature_options"
          ]
        }
      ]
    },
    {
      "module": "module.aft.module.aft_feature_options",
      "mode": "managed",
      "type": "aws_s3_bucket",
      "name": "aft_access_logs",
      "provider": "module.aft.provider[\"registry.terraform.io/hashicorp/aws\"].log_archive",
      "instances": [
        {
          "schema_version": 0,
          "attributes": {
            "acceleration_status": "",
            "acl": "log-delivery-write",
            "arn": "arn:aws:s3:::aws-aft-s3-access-logs-783502679574-us-east-1",
            "bucket": "aws-aft-s3-access-logs-783502679574-us-east-1",
            "bucket_domain_name": "aws-aft-s3-access-logs-783502679574-us-east-1.s3.amazonaws.com",
            "bucket_prefix": null,
            "bucket_regional_domain_name": "aws-aft-s3-access-logs-783502679574-us-east-1.s3.amazonaws.com",
            "cors_rule": [],
            "force_destroy": false,
            "grant": [],
            "hosted_zone_id": "Z3AQBSTGFYJSTF",
            "id": "aws-aft-s3-access-logs-783502679574-us-east-1",
            "lifecycle_rule": [
              {
                "abort_incomplete_multipart_upload_days": 0,
                "enabled": true,
                "expiration": [],
                "id": "tf-s3-lifecycle-20220423034240434400000001",
                "noncurrent_version_expiration": [
                  {
                    "days": 365
                  }
                ],
                "noncurrent_version_transition": [],
                "prefix": "true",
                "tags": {},
                "transition": []
              }
            ],
            "logging": [],
            "object_lock_configuration": [],
            "object_lock_enabled": false,
            "policy": null,
            "region": "us-east-1",
            "replication_configuration": [],
            "request_payer": "BucketOwner",
            "server_side_encryption_configuration": [
              {
                "rule": [
                  {
                    "apply_server_side_encryption_by_default": [
                      {
                        "kms_master_key_id": "",
                        "sse_algorithm": "AES256"
                      }
                    ],
                    "bucket_key_enabled": false
                  }
                ]
              }
            ],
            "tags": {},
            "tags_all": {
              "managed_by": "AFT"
            },
            "versioning": [
              {
                "enabled": true,
                "mfa_delete": false
              }
            ],
            "website": [],
            "website_domain": null,
            "website_endpoint": null
          },
          "sensitive_attributes": [],
          "private": "bnVsbA==",
          "dependencies": [
            "module.aft.module.aft_feature_options.data.aws_region.current"
          ]
        }
      ]
    },
    {
      "module": "module.aft.module.aft_feature_options",
      "mode": "managed",
      "type": "aws_s3_bucket",
      "name": "aft_logging_bucket",
      "provider": "module.aft.provider[\"registry.terraform.io/hashicorp/aws\"].log_archive",
      "instances": [
        {
          "schema_version": 0,
          "attributes": {
            "acceleration_status": "",
            "acl": "private",
            "arn": "arn:aws:s3:::aws-aft-logs-783502679574-us-east-1",
            "bucket": "aws-aft-logs-783502679574-us-east-1",
            "bucket_domain_name": "aws-aft-logs-783502679574-us-east-1.s3.amazonaws.com",
            "bucket_prefix": null,
            "bucket_regional_domain_name": "aws-aft-logs-783502679574-us-east-1.s3.amazonaws.com",
            "cors_rule": [],
            "force_destroy": false,
            "grant": [],
            "hosted_zone_id": "Z3AQBSTGFYJSTF",
            "id": "aws-aft-logs-783502679574-us-east-1",
            "lifecycle_rule": [
              {
                "abort_incomplete_multipart_upload_days": 0,
                "enabled": true,
                "expiration": [],
                "id": "tf-s3-lifecycle-20220423034255000700000002",
                "noncurrent_version_expiration": [
                  {
                    "days": 365
                  }
                ],
                "noncurrent_version_transition": [],
                "prefix": "",
                "tags": {},
                "transition": []
              }
            ],
            "logging": [
              {
                "target_bucket": "aws-aft-s3-access-logs-783502679574-us-east-1",
                "target_prefix": "log/"
              }
            ],
            "object_lock_configuration": [],
            "object_lock_enabled": false,
            "policy": null,
            "region": "us-east-1",
            "replication_configuration": [],
            "request_payer": "BucketOwner",
            "server_side_encryption_configuration": [
              {
                "rule": [
                  {
                    "apply_server_side_encryption_by_default": [
                      {
                        "kms_master_key_id": "arn:aws:kms:us-east-1:783502679574:key/a9a8373d-7b2f-40b4-9ae5-af964b1c98a9",
                        "sse_algorithm": "aws:kms"
                      }
                    ],
                    "bucket_key_enabled": false
                  }
                ]
              }
            ],
            "tags": {},
            "tags_all": {
              "managed_by": "AFT"
            },
            "versioning": [
              {
                "enabled": true,
                "mfa_delete": false
              }
            ],
            "website": [],
            "website_domain": null,
            "website_endpoint": null
          },
          "sensitive_attributes": [],
          "private": "bnVsbA==",
          "dependencies": [
            "module.aft.module.aft_feature_options.aws_kms_key.aft_log_key",
            "module.aft.module.aft_feature_options.aws_s3_bucket.aft_access_logs",
            "module.aft.module.aft_feature_options.data.aws_region.current"
          ]
        }
      ]
    },
    {
      "module": "module.aft.module.aft_feature_options",
      "mode": "managed",
      "type": "aws_s3_bucket_policy",
      "name": "aft_logging_bucket",
      "provider": "module.aft.provider[\"registry.terraform.io/hashicorp/aws\"].log_archive",
      "instances": [
        {
          "schema_version": 0,
          "attributes": {
            "bucket": "aws-aft-logs-783502679574-us-east-1",
            "id": "aws-aft-logs-783502679574-us-east-1",
            "policy": "{\"Statement\":[{\"Action\":[\"s3:ListBucket\",\"s3:GetBucketLocation\",\"s3:GetBucketAcl\"],\"Effect\":\"Allow\",\"Principal\":{\"Service\":[\"cloudtrail.amazonaws.com\",\"vpc-flow-logs.amazonaws.com\",\"delivery.logs.amazonaws.com\"]},\"Resource\":\"arn:aws:s3:::aws-aft-logs-783502679574-us-east-1\",\"Sid\":\"AWSBucketPermissionsCheck\"},{\"Action\":[\"s3:ListBucket\",\"s3:GetBucketLocation\",\"s3:GetBucketAcl\"],\"Condition\":{\"StringEquals\":{\"aws:PrincipalOrgID\":\"o-ef8zo635i6\"}},\"Effect\":\"Allow\",\"Principal\":\"*\",\"Resource\":\"arn:aws:s3:::aws-aft-logs-783502679574-us-east-1\",\"Sid\":\"AWSBucketPermissionsCheck-AuditAcct\"},{\"Action\":\"s3:PutObject\",\"Effect\":\"Allow\",\"Principal\":{\"Service\":[\"cloudtrail.amazonaws.com\",\"delivery.logs.amazonaws.com\",\"vpc-flow-logs.amazonaws.com\"]},\"Resource\":[\"arn:aws:s3:::aws-aft-logs-783502679574-us-east-1/AWSLogs*\",\"arn:aws:s3:::aws-aft-logs-783502679574-us-east-1/*\",\"arn:aws:s3:::aws-aft-logs-783502679574-us-east-1\"],\"Sid\":\"Allow PutObject\"},{\"Action\":\"s3:*\",\"Condition\":{\"Bool\":{\"aws:SecureTransport\":\"false\"}},\"Effect\":\"Deny\",\"Principal\":\"*\",\"Resource\":\"arn:aws:s3:::aws-aft-logs-783502679574-us-east-1/*\",\"Sid\":\"Deny non-HTTPS access\"}],\"Version\":\"2012-10-17\"}"
          },
          "sensitive_attributes": [],
          "private": "bnVsbA==",
          "dependencies": [
            "module.aft.module.aft_feature_options.aws_kms_key.aft_log_key",
            "module.aft.module.aft_feature_options.aws_s3_bucket.aft_access_logs",
            "module.aft.module.aft_feature_options.aws_s3_bucket.aft_logging_bucket",
            "module.aft.module.aft_feature_options.data.aws_organizations_organization.aft_organization",
            "module.aft.module.aft_feature_options.data.aws_region.current"
          ]
        }
      ]
    },
    {
      "module": "module.aft.module.aft_feature_options",
      "mode": "managed",
      "type": "aws_s3_bucket_public_access_block",
      "name": "aft_access_logs",
      "provider": "module.aft.provider[\"registry.terraform.io/hashicorp/aws\"].log_archive",
      "instances": [
        {
          "schema_version": 0,
          "attributes": {
            "block_public_acls": true,
            "block_public_policy": true,
            "bucket": "aws-aft-s3-access-logs-783502679574-us-east-1",
            "id": "aws-aft-s3-access-logs-783502679574-us-east-1",
            "ignore_public_acls": true,
            "restrict_public_buckets": true
          },
          "sensitive_attributes": [],
          "private": "bnVsbA==",
          "dependencies": [
            "module.aft.module.aft_feature_options.aws_s3_bucket.aft_access_logs",
            "module.aft.module.aft_feature_options.data.aws_region.current"
          ]
        }
      ]
    },
    {
      "module": "module.aft.module.aft_feature_options",
      "mode": "managed",
      "type": "aws_s3_bucket_public_access_block",
      "name": "aft_logging_bucket",
      "provider": "module.aft.provider[\"registry.terraform.io/hashicorp/aws\"].log_archive",
      "instances": [
        {
          "schema_version": 0,
          "attributes": {
            "block_public_acls": true,
            "block_public_policy": true,
            "bucket": "aws-aft-logs-783502679574-us-east-1",
            "id": "aws-aft-logs-783502679574-us-east-1",
            "ignore_public_acls": true,
            "restrict_public_buckets": true
          },
          "sensitive_attributes": [],
          "private": "bnVsbA==",
          "dependencies": [
            "module.aft.module.aft_feature_options.aws_kms_key.aft_log_key",
            "module.aft.module.aft_feature_options.aws_s3_bucket.aft_access_logs",
            "module.aft.module.aft_feature_options.aws_s3_bucket.aft_logging_bucket",
            "module.aft.module.aft_feature_options.data.aws_region.current"
          ]
        }
      ]
    },
    {
      "module": "module.aft.module.aft_feature_options",
      "mode": "managed",
      "type": "aws_sfn_state_machine",
      "name": "aft_features",
      "provider": "module.aft.provider[\"registry.terraform.io/hashicorp/aws\"].aft_management",
      "instances": [
        {
          "schema_version": 0,
          "attributes": {
            "arn": "arn:aws:states:us-east-1:008298205562:stateMachine:aft-feature-options",
            "creation_date": "2022-04-23T04:00:07Z",
            "definition": "{\r\n    \"StartAt\": \"Delete Default VPCs\",\r\n    \"States\": {\r\n      \"Delete Default VPCs\": {\r\n        \"Next\": \"Enroll Enterprise Support\",\r\n        \"Type\": \"Task\",\r\n        \"Resource\": \"arn:aws:lambda:us-east-1:008298205562:function:aft-delete-default-vpc\",\r\n        \"ResultPath\": \"$.targets\",\r\n        \"Catch\": [\r\n          {\r\n            \"ErrorEquals\": [\"States.ALL\"],\r\n            \"Next\": \"Notify Failure\"\r\n          }\r\n        ]\r\n      },\r\n      \"Enroll Enterprise Support\": {\r\n        \"Next\": \"Enable CloudTrail\",\r\n        \"Type\": \"Task\",\r\n        \"Resource\": \"arn:aws:lambda:us-east-1:008298205562:function:aft-enroll-support\",\r\n        \"ResultPath\": \"$.targets\",\r\n        \"Catch\": [\r\n          {\r\n            \"ErrorEquals\": [\"States.ALL\"],\r\n            \"Next\": \"Notify Failure\"\r\n          }\r\n        ]\r\n      },\r\n      \"Enable CloudTrail\": {\r\n        \"Next\": \"Notify Success\",\r\n        \"Type\": \"Task\",\r\n        \"Resource\": \"arn:aws:lambda:us-east-1:008298205562:function:aft-enable-cloudtrail\",\r\n        \"ResultPath\": \"$.targets\",\r\n        \"Catch\": [\r\n          {\r\n            \"ErrorEquals\": [\"States.ALL\"],\r\n            \"Next\": \"Notify Failure\"\r\n          }\r\n        ]\r\n      },\r\n        \"Notify Success\": {\r\n            \"Type\": \"Task\",\r\n            \"Resource\": \"arn:aws:states:::sns:publish\",\r\n            \"Parameters\": {\r\n              \"TopicArn\": \"arn:aws:sns:us-east-1:008298205562:aft-notifications\",\r\n              \"Message.$\": \"$\"\r\n            },\r\n            \"End\": true\r\n          },\r\n          \"Notify Failure\": {\r\n            \"Type\": \"Task\",\r\n            \"Resource\": \"arn:aws:states:::sns:publish\",\r\n            \"Parameters\": {\r\n              \"TopicArn\": \"arn:aws:sns:us-east-1:008298205562:aft-failure-notifications\",\r\n              \"Message.$\": \"$.Cause\"\r\n            },\r\n            \"Next\": \"Failed\"\r\n          },\r\n          \"Failed\": {\r\n            \"Type\": \"Fail\"\r\n          }\r\n    }\r\n}\r\n",
            "id": "arn:aws:states:us-east-1:008298205562:stateMachine:aft-feature-options",
            "logging_configuration": [
              {
                "include_execution_data": false,
                "level": "OFF",
                "log_destination": ""
              }
            ],
            "name": "aft-feature-options",
            "role_arn": "arn:aws:iam::008298205562:role/aft-features-execution-role",
            "status": "ACTIVE",
            "tags": {},
            "tags_all": {
              "managed_by": "AFT"
            },
            "tracing_configuration": [
              {
                "enabled": false
              }
            ],
            "type": "STANDARD"
          },
          "sensitive_attributes": [],
          "private": "bnVsbA==",
          "dependencies": [
            "module.aft.data.local_file.version",
            "module.aft.module.aft_account_request_framework.aws_kms_key.aft",
            "module.aft.module.aft_account_request_framework.aws_security_group.aft_vpc_default_sg",
            "module.aft.module.aft_account_request_framework.aws_sns_topic.aft_failure_notifications",
            "module.aft.module.aft_account_request_framework.aws_sns_topic.aft_notifications",
            "module.aft.module.aft_account_request_framework.aws_subnet.aft_vpc_private_subnet_01",
            "module.aft.module.aft_account_request_framework.aws_subnet.aft_vpc_private_subnet_02",
            "module.aft.module.aft_account_request_framework.aws_vpc.aft_vpc",
            "module.aft.module.aft_account_request_framework.data.aws_availability_zones.available",
            "module.aft.module.aft_customizations.aws_s3_bucket.aft_codepipeline_customizations_bucket",
            "module.aft.module.aft_customizations.data.aws_caller_identity.current",
            "module.aft.module.aft_feature_options.aws_iam_role.aft_delete_default_vpc_lambda",
            "module.aft.module.aft_feature_options.aws_iam_role.aft_enable_cloudtrail",
            "module.aft.module.aft_feature_options.aws_iam_role.aft_enroll_support",
            "module.aft.module.aft_feature_options.aws_iam_role.aft_features_sfn",
            "module.aft.module.aft_feature_options.aws_lambda_function.aft_delete_default_vpc",
            "module.aft.module.aft_feature_options.aws_lambda_function.aft_enable_cloudtrail",
            "module.aft.module.aft_feature_options.aws_lambda_function.aft_enroll_support",
            "module.aft.module.aft_lambda_layer.aws_codebuild_project.codebuild",
            "module.aft.module.aft_lambda_layer.aws_iam_role.codebuild",
            "module.aft.module.aft_lambda_layer.aws_iam_role.codebuild_invoker_lambda_role",
            "module.aft.module.aft_lambda_layer.aws_lambda_function.codebuild_invoker",
            "module.aft.module.aft_lambda_layer.aws_lambda_layer_version.layer_version",
            "module.aft.module.aft_lambda_layer.data.aws_lambda_invocation.invoke_codebuild_job",
            "module.aft.module.aft_lambda_layer.data.local_file.aft_lambda_layer",
            "module.aft.module.aft_lambda_layer.random_string.resource_suffix",
            "module.aft.module.packaging.data.archive_file.builder",
            "module.aft.module.packaging.data.archive_file.feature_options"
          ]
        }
      ]
    },
    {
      "module": "module.aft.module.aft_iam_roles",
      "mode": "data",
      "type": "aws_caller_identity",
      "name": "aft_management",
      "provider": "module.aft.provider[\"registry.terraform.io/hashicorp/aws\"].aft_management",
      "instances": [
        {
          "schema_version": 0,
          "attributes": {
            "account_id": "008298205562",
            "arn": "arn:aws:sts::008298205562:assumed-role/AWSControlTowerExecution/AWSAFT-Session",
            "id": "008298205562",
            "user_id": "AROAQD3U4SF5HEKCCBEGI:AWSAFT-Session"
          },
          "sensitive_attributes": []
        }
      ]
    },
    {
      "module": "module.aft.module.aft_iam_roles",
      "mode": "managed",
      "type": "aws_iam_role",
      "name": "aft_admin_role",
      "provider": "module.aft.provider[\"registry.terraform.io/hashicorp/aws\"].aft_management",
      "instances": [
        {
          "schema_version": 0,
          "attributes": {
            "arn": "arn:aws:iam::008298205562:role/AWSAFTAdmin",
            "assume_role_policy": "{\"Version\":\"2012-10-17\",\"Statement\":[{\"Effect\":\"Allow\",\"Principal\":{\"AWS\":\"arn:aws:iam::008298205562:root\"},\"Action\":\"sts:AssumeRole\"}]}",
            "create_date": "2022-04-23T03:42:28Z",
            "description": "",
            "force_detach_policies": false,
            "id": "AWSAFTAdmin",
            "inline_policy": [
              {
                "name": "aft_admin_role_policy",
                "policy": "{\n  \"Version\": \"2012-10-17\",\n  \"Statement\": [\n    {\n      \"Effect\": \"Allow\",\n      \"Action\": \"sts:AssumeRole\",\n      \"Resource\": \"arn:aws:iam::*:role/AWSAFTExecution\"\n    }\n  ]\n}\n"
              }
            ],
            "managed_policy_arns": [],
            "max_session_duration": 3600,
            "name": "AWSAFTAdmin",
            "name_prefix": "",
            "path": "/",
            "permissions_boundary": null,
            "tags": {},
            "tags_all": {
              "managed_by": "AFT"
            },
            "unique_id": "AROAQD3U4SF5L3PB3FE2I"
          },
          "sensitive_attributes": [],
          "private": "bnVsbA==",
          "dependencies": [
            "module.aft.module.aft_iam_roles.data.aws_caller_identity.aft_management"
          ]
        }
      ]
    },
    {
      "module": "module.aft.module.aft_iam_roles",
      "mode": "managed",
      "type": "aws_iam_role_policy",
      "name": "aft_admin_role",
      "provider": "module.aft.provider[\"registry.terraform.io/hashicorp/aws\"].aft_management",
      "instances": [
        {
          "schema_version": 0,
          "attributes": {
            "id": "AWSAFTAdmin:aft_admin_role_policy",
            "name": "aft_admin_role_policy",
            "name_prefix": null,
            "policy": "{\n  \"Version\": \"2012-10-17\",\n  \"Statement\": [\n    {\n      \"Effect\": \"Allow\",\n      \"Action\": \"sts:AssumeRole\",\n      \"Resource\": \"arn:aws:iam::*:role/AWSAFTExecution\"\n    }\n  ]\n}\n",
            "role": "AWSAFTAdmin"
          },
          "sensitive_attributes": [],
          "private": "bnVsbA==",
          "dependencies": [
            "module.aft.module.aft_iam_roles.aws_iam_role.aft_admin_role",
            "module.aft.module.aft_iam_roles.data.aws_caller_identity.aft_management"
          ]
        }
      ]
    },
    {
      "module": "module.aft.module.aft_iam_roles.module.aft_exec_role",
      "mode": "managed",
      "type": "aws_iam_role",
      "name": "role",
      "provider": "module.aft.provider[\"registry.terraform.io/hashicorp/aws\"].aft_management",
      "instances": [
        {
          "schema_version": 0,
          "attributes": {
            "arn": "arn:aws:iam::008298205562:role/AWSAFTExecution",
            "assume_role_policy": "{\"Version\":\"2012-10-17\",\"Statement\":[{\"Effect\":\"Allow\",\"Principal\":{\"AWS\":\"arn:aws:iam::008298205562:role/AWSAFTAdmin\"},\"Action\":\"sts:AssumeRole\"}]}",
            "create_date": "2022-04-23T03:42:51Z",
            "description": "",
            "force_detach_policies": false,
            "id": "AWSAFTExecution",
            "inline_policy": [
              {
                "name": "",
                "policy": ""
              }
            ],
            "managed_policy_arns": [
              "arn:aws:iam::aws:policy/AdministratorAccess"
            ],
            "max_session_duration": 3600,
            "name": "AWSAFTExecution",
            "name_prefix": "",
            "path": "/",
            "permissions_boundary": null,
            "tags": {},
            "tags_all": {
              "managed_by": "AFT"
            },
            "unique_id": "AROAQD3U4SF5NPPR7URX3"
          },
          "sensitive_attributes": [],
          "private": "bnVsbA==",
          "dependencies": [
            "module.aft.module.aft_iam_roles.aws_iam_role.aft_admin_role",
            "module.aft.module.aft_iam_roles.data.aws_caller_identity.aft_management"
          ]
        }
      ]
    },
    {
      "module": "module.aft.module.aft_iam_roles.module.audit_exec_role",
      "mode": "managed",
      "type": "aws_iam_role",
      "name": "role",
      "provider": "module.aft.provider[\"registry.terraform.io/hashicorp/aws\"].audit",
      "instances": [
        {
          "schema_version": 0,
          "attributes": {
            "arn": "arn:aws:iam::992975496427:role/AWSAFTExecution",
            "assume_role_policy": "{\"Version\":\"2012-10-17\",\"Statement\":[{\"Effect\":\"Allow\",\"Principal\":{\"AWS\":\"arn:aws:iam::008298205562:role/AWSAFTAdmin\"},\"Action\":\"sts:AssumeRole\"}]}",
            "create_date": "2022-04-23T03:42:51Z",
            "description": "",
            "force_detach_policies": false,
            "id": "AWSAFTExecution",
            "inline_policy": [
              {
                "name": "",
                "policy": ""
              }
            ],
            "managed_policy_arns": [
              "arn:aws:iam::aws:policy/AdministratorAccess"
            ],
            "max_session_duration": 3600,
            "name": "AWSAFTExecution",
            "name_prefix": "",
            "path": "/",
            "permissions_boundary": null,
            "tags": {},
            "tags_all": {
              "managed_by": "AFT"
            },
            "unique_id": "AROA6OMPTUTVQYUQDIYXB"
          },
          "sensitive_attributes": [],
          "private": "bnVsbA==",
          "dependencies": [
            "module.aft.module.aft_iam_roles.aws_iam_role.aft_admin_role",
            "module.aft.module.aft_iam_roles.data.aws_caller_identity.aft_management"
          ]
        }
      ]
    },
    {
      "module": "module.aft.module.aft_iam_roles.module.ct_management_exec_role",
      "mode": "managed",
      "type": "aws_iam_role",
      "name": "role",
      "provider": "module.aft.provider[\"registry.terraform.io/hashicorp/aws\"].ct_management",
      "instances": [
        {
          "schema_version": 0,
          "attributes": {
            "arn": "arn:aws:iam::566377303192:role/AWSAFTExecution",
            "assume_role_policy": "{\"Version\":\"2012-10-17\",\"Statement\":[{\"Effect\":\"Allow\",\"Principal\":{\"AWS\":\"arn:aws:iam::008298205562:role/AWSAFTAdmin\"},\"Action\":\"sts:AssumeRole\"}]}",
            "create_date": "2022-04-23T03:42:51Z",
            "description": "",
            "force_detach_policies": false,
            "id": "AWSAFTExecution",
            "inline_policy": [
              {
                "name": "",
                "policy": ""
              }
            ],
            "managed_policy_arns": [
              "arn:aws:iam::aws:policy/AdministratorAccess"
            ],
            "max_session_duration": 3600,
            "name": "AWSAFTExecution",
            "name_prefix": "",
            "path": "/",
            "permissions_boundary": null,
            "tags": {},
            "tags_all": {
              "managed_by": "AFT"
            },
            "unique_id": "AROAYHXVXZSME7YNA7GKF"
          },
          "sensitive_attributes": [],
          "private": "bnVsbA==",
          "dependencies": [
            "module.aft.module.aft_iam_roles.aws_iam_role.aft_admin_role",
            "module.aft.module.aft_iam_roles.data.aws_caller_identity.aft_management"
          ]
        }
      ]
    },
    {
      "module": "module.aft.module.aft_iam_roles.module.log_archive_exec_role",
      "mode": "managed",
      "type": "aws_iam_role",
      "name": "role",
      "provider": "module.aft.provider[\"registry.terraform.io/hashicorp/aws\"].log_archive",
      "instances": [
        {
          "schema_version": 0,
          "attributes": {
            "arn": "arn:aws:iam::783502679574:role/AWSAFTExecution",
            "assume_role_policy": "{\"Version\":\"2012-10-17\",\"Statement\":[{\"Effect\":\"Allow\",\"Principal\":{\"AWS\":\"arn:aws:iam::008298205562:role/AWSAFTAdmin\"},\"Action\":\"sts:AssumeRole\"}]}",
            "create_date": "2022-04-23T03:42:51Z",
            "description": "",
            "force_detach_policies": false,
            "id": "AWSAFTExecution",
            "inline_policy": [
              {
                "name": "",
                "policy": ""
              }
            ],
            "managed_policy_arns": [
              "arn:aws:iam::aws:policy/AdministratorAccess"
            ],
            "max_session_duration": 3600,
            "name": "AWSAFTExecution",
            "name_prefix": "",
            "path": "/",
            "permissions_boundary": null,
            "tags": {},
            "tags_all": {
              "managed_by": "AFT"
            },
            "unique_id": "AROA3M3DGDYLNDQXRAB2A"
          },
          "sensitive_attributes": [],
          "private": "bnVsbA==",
          "dependencies": [
            "module.aft.module.aft_iam_roles.aws_iam_role.aft_admin_role",
            "module.aft.module.aft_iam_roles.data.aws_caller_identity.aft_management"
          ]
        }
      ]
    },
    {
      "module": "module.aft.module.aft_lambda_layer",
      "mode": "data",
      "type": "aws_caller_identity",
      "name": "session",
      "provider": "module.aft.provider[\"registry.terraform.io/hashicorp/aws\"].aft_management",
      "instances": [
        {
          "schema_version": 0,
          "attributes": {
            "account_id": "008298205562",
            "arn": "arn:aws:sts::008298205562:assumed-role/AWSControlTowerExecution/AWSAFT-Session",
            "id": "008298205562",
            "user_id": "AROAQD3U4SF5HEKCCBEGI:AWSAFT-Session"
          },
          "sensitive_attributes": []
        }
      ]
    },
    {
      "module": "module.aft.module.aft_lambda_layer",
      "mode": "data",
      "type": "aws_lambda_invocation",
      "name": "invoke_codebuild_job",
      "provider": "module.aft.provider[\"registry.terraform.io/hashicorp/aws\"].aft_management",
      "instances": [
        {
          "schema_version": 0,
          "attributes": {
            "function_name": "aft-lambda-layer-codebuild-invoker",
            "id": "aft-lambda-layer-codebuild-invoker_$LATEST_5aeebf176406ebc72ebd10e56b70bb09",
            "input": "{\r\n  \"codebuild_project_name\": \"python-layer-builder-aft-common-c5jg4g3h\"\r\n}\r\n",
            "qualifier": "$LATEST",
            "result": "{\"Status\": 200}"
          },
          "sensitive_attributes": []
        }
      ]
    },
    {
      "module": "module.aft.module.aft_lambda_layer",
      "mode": "data",
      "type": "local_file",
      "name": "aft_lambda_layer",
      "provider": "provider[\"registry.terraform.io/hashicorp/local\"]",
      "instances": [
        {
          "schema_version": 0,
          "attributes": {
            "content": "# Copyright Amazon.com, Inc. or its affiliates. All rights reserved.\r\n# SPDX-License-Identifier: Apache-2.0\r\n#\r\nversion: 0.2\r\n\r\nphases:\r\n  install:\r\n    runtime-versions:\r\n      python: $PYTHON_VERSION\r\n    commands:\r\n      - DEFAULT_PATH=$(pwd)\r\n      - AWS_MODULE_SOURCE=$(aws ssm get-parameter --name $SSM_AWS_MODULE_SOURCE --query \"Parameter.Value\" --output text)\r\n      - AWS_MODULE_GIT_REF=$(aws ssm get-parameter --name $SSM_AWS_MODULE_GIT_REF --query \"Parameter.Value\" --output text)\r\n      # URL Without Access ID\r\n      - URL=$(echo \"$AWS_MODULE_SOURCE\" | awk '{split($0,a,\"@\"); print a[2]}')\r\n      - |\r\n        ssh_key_parameter=$(aws ssm get-parameter --name /aft/config/aft-ssh-key --with-decryption 2\u003e /dev/null || echo \"None\")\r\n        if [[ $ssh_key_parameter != \"None\" ]]; then\r\n          ssh_key=$(jq --raw-output \".Parameter.Value\" \u003c\u003c\u003c $ssh_key_parameter)\r\n          mkdir -p ~/.ssh\r\n          echo \"Host *\" \u003e\u003e ~/.ssh/config\r\n          echo \"StrictHostKeyChecking no\" \u003e\u003e ~/.ssh/config\r\n          echo \"UserKnownHostsFile=/dev/null\" \u003e\u003e ~/.ssh/config\r\n          echo \"$ssh_key\" \u003e ~/.ssh/ssh_key\r\n          echo -e \"\\n\\n\" \u003e\u003e  ~/.ssh/ssh_key\r\n          chmod 600 ~/.ssh/ssh_key\r\n          eval \"$(ssh-agent -s)\"\r\n          ssh-add ~/.ssh/ssh_key\r\n        fi\r\n      - git config --global credential.helper '!aws codecommit credential-helper $@'\r\n      - git config --global credential.UseHttpPath true\r\n      - echo \"Building aft_common from ${URL}:${AWS_MODULE_GIT_REF}\"\r\n      - git clone -b $AWS_MODULE_GIT_REF $AWS_MODULE_SOURCE aws-aft-core-framework\r\n      - python3 -m pip install virtualenv\r\n      - python3 -m venv .venv\r\n      - . .venv/bin/activate\r\n      - python3 -m pip install ./aws-aft-core-framework/sources/aft-lambda-layer\r\n  build:\r\n    commands:\r\n      - mkdir -p python\r\n      - ls\r\n      - mv -v ./.venv/lib/ ./python/\r\n      - zip -r layer.zip python\r\n      - aws s3 cp layer.zip s3://${BUCKET_NAME}/layer.zip\r\n",
            "content_base64": "IyBDb3B5cmlnaHQgQW1hem9uLmNvbSwgSW5jLiBvciBpdHMgYWZmaWxpYXRlcy4gQWxsIHJpZ2h0cyByZXNlcnZlZC4NCiMgU1BEWC1MaWNlbnNlLUlkZW50aWZpZXI6IEFwYWNoZS0yLjANCiMNCnZlcnNpb246IDAuMg0KDQpwaGFzZXM6DQogIGluc3RhbGw6DQogICAgcnVudGltZS12ZXJzaW9uczoNCiAgICAgIHB5dGhvbjogJFBZVEhPTl9WRVJTSU9ODQogICAgY29tbWFuZHM6DQogICAgICAtIERFRkFVTFRfUEFUSD0kKHB3ZCkNCiAgICAgIC0gQVdTX01PRFVMRV9TT1VSQ0U9JChhd3Mgc3NtIGdldC1wYXJhbWV0ZXIgLS1uYW1lICRTU01fQVdTX01PRFVMRV9TT1VSQ0UgLS1xdWVyeSAiUGFyYW1ldGVyLlZhbHVlIiAtLW91dHB1dCB0ZXh0KQ0KICAgICAgLSBBV1NfTU9EVUxFX0dJVF9SRUY9JChhd3Mgc3NtIGdldC1wYXJhbWV0ZXIgLS1uYW1lICRTU01fQVdTX01PRFVMRV9HSVRfUkVGIC0tcXVlcnkgIlBhcmFtZXRlci5WYWx1ZSIgLS1vdXRwdXQgdGV4dCkNCiAgICAgICMgVVJMIFdpdGhvdXQgQWNjZXNzIElEDQogICAgICAtIFVSTD0kKGVjaG8gIiRBV1NfTU9EVUxFX1NPVVJDRSIgfCBhd2sgJ3tzcGxpdCgkMCxhLCJAIik7IHByaW50IGFbMl19JykNCiAgICAgIC0gfA0KICAgICAgICBzc2hfa2V5X3BhcmFtZXRlcj0kKGF3cyBzc20gZ2V0LXBhcmFtZXRlciAtLW5hbWUgL2FmdC9jb25maWcvYWZ0LXNzaC1rZXkgLS13aXRoLWRlY3J5cHRpb24gMj4gL2Rldi9udWxsIHx8IGVjaG8gIk5vbmUiKQ0KICAgICAgICBpZiBbWyAkc3NoX2tleV9wYXJhbWV0ZXIgIT0gIk5vbmUiIF1dOyB0aGVuDQogICAgICAgICAgc3NoX2tleT0kKGpxIC0tcmF3LW91dHB1dCAiLlBhcmFtZXRlci5WYWx1ZSIgPDw8ICRzc2hfa2V5X3BhcmFtZXRlcikNCiAgICAgICAgICBta2RpciAtcCB+Ly5zc2gNCiAgICAgICAgICBlY2hvICJIb3N0ICoiID4+IH4vLnNzaC9jb25maWcNCiAgICAgICAgICBlY2hvICJTdHJpY3RIb3N0S2V5Q2hlY2tpbmcgbm8iID4+IH4vLnNzaC9jb25maWcNCiAgICAgICAgICBlY2hvICJVc2VyS25vd25Ib3N0c0ZpbGU9L2Rldi9udWxsIiA+PiB+Ly5zc2gvY29uZmlnDQogICAgICAgICAgZWNobyAiJHNzaF9rZXkiID4gfi8uc3NoL3NzaF9rZXkNCiAgICAgICAgICBlY2hvIC1lICJcblxuIiA+PiAgfi8uc3NoL3NzaF9rZXkNCiAgICAgICAgICBjaG1vZCA2MDAgfi8uc3NoL3NzaF9rZXkNCiAgICAgICAgICBldmFsICIkKHNzaC1hZ2VudCAtcykiDQogICAgICAgICAgc3NoLWFkZCB+Ly5zc2gvc3NoX2tleQ0KICAgICAgICBmaQ0KICAgICAgLSBnaXQgY29uZmlnIC0tZ2xvYmFsIGNyZWRlbnRpYWwuaGVscGVyICchYXdzIGNvZGVjb21taXQgY3JlZGVudGlhbC1oZWxwZXIgJEAnDQogICAgICAtIGdpdCBjb25maWcgLS1nbG9iYWwgY3JlZGVudGlhbC5Vc2VIdHRwUGF0aCB0cnVlDQogICAgICAtIGVjaG8gIkJ1aWxkaW5nIGFmdF9jb21tb24gZnJvbSAke1VSTH06JHtBV1NfTU9EVUxFX0dJVF9SRUZ9Ig0KICAgICAgLSBnaXQgY2xvbmUgLWIgJEFXU19NT0RVTEVfR0lUX1JFRiAkQVdTX01PRFVMRV9TT1VSQ0UgYXdzLWFmdC1jb3JlLWZyYW1ld29yaw0KICAgICAgLSBweXRob24zIC1tIHBpcCBpbnN0YWxsIHZpcnR1YWxlbnYNCiAgICAgIC0gcHl0aG9uMyAtbSB2ZW52IC52ZW52DQogICAgICAtIC4gLnZlbnYvYmluL2FjdGl2YXRlDQogICAgICAtIHB5dGhvbjMgLW0gcGlwIGluc3RhbGwgLi9hd3MtYWZ0LWNvcmUtZnJhbWV3b3JrL3NvdXJjZXMvYWZ0LWxhbWJkYS1sYXllcg0KICBidWlsZDoNCiAgICBjb21tYW5kczoNCiAgICAgIC0gbWtkaXIgLXAgcHl0aG9uDQogICAgICAtIGxzDQogICAgICAtIG12IC12IC4vLnZlbnYvbGliLyAuL3B5dGhvbi8NCiAgICAgIC0gemlwIC1yIGxheWVyLnppcCBweXRob24NCiAgICAgIC0gYXdzIHMzIGNwIGxheWVyLnppcCBzMzovLyR7QlVDS0VUX05BTUV9L2xheWVyLnppcA0K",
            "filename": ".terraform/modules/aft/modules/aft-lambda-layer/buildspecs/aft-lambda-layer.yml",
            "id": "f581e232c4b7d4e3958aa14bfa953e53903bd379"
          },
          "sensitive_attributes": []
        }
      ]
    },
    {
      "module": "module.aft.module.aft_lambda_layer",
      "mode": "managed",
      "type": "aws_codebuild_project",
      "name": "codebuild",
      "provider": "module.aft.provider[\"registry.terraform.io/hashicorp/aws\"].aft_management",
      "instances": [
        {
          "schema_version": 0,
          "attributes": {
            "arn": "arn:aws:codebuild:us-east-1:008298205562:project/python-layer-builder-aft-common-c5jg4g3h",
            "artifacts": [
              {
                "artifact_identifier": "",
                "bucket_owner_access": "",
                "encryption_disabled": false,
                "location": "",
                "name": "",
                "namespace_type": "",
                "override_artifact_name": false,
                "packaging": "",
                "path": "",
                "type": "NO_ARTIFACTS"
              }
            ],
            "badge_enabled": false,
            "badge_url": "",
            "build_batch_config": [],
            "build_timeout": 10,
            "cache": [
              {
                "location": "",
                "modes": [],
                "type": "NO_CACHE"
              }
            ],
            "concurrent_build_limit": 0,
            "description": "Codebuild project to create lambda layer aft-common",
            "encryption_key": "arn:aws:kms:us-east-1:008298205562:key/aeafe814-f92c-4a5f-8f47-6cc9d9f2c498",
            "environment": [
              {
                "certificate": "",
                "compute_type": "BUILD_GENERAL1_MEDIUM",
                "environment_variable": [
                  {
                    "name": "PYTHON_VERSION",
                    "type": "PLAINTEXT",
                    "value": "3.8"
                  },
                  {
                    "name": "LAYER_NAME",
                    "type": "PLAINTEXT",
                    "value": "aft-common"
                  },
                  {
                    "name": "BUCKET_NAME",
                    "type": "PLAINTEXT",
                    "value": "aft-customizations-pipeline-008298205562"
                  },
                  {
                    "name": "EVENT_RULE_NAME",
                    "type": "PLAINTEXT",
                    "value": "python-layer-builder-aft-common-c5jg4g3h-1-3-5"
                  },
                  {
                    "name": "EVENT_TARGET_ID",
                    "type": "PLAINTEXT",
                    "value": "trigger_build"
                  },
                  {
                    "name": "SSM_AWS_MODULE_SOURCE",
                    "type": "PLAINTEXT",
                    "value": "/aft/config/aft-pipeline-code-source/repo-url"
                  },
                  {
                    "name": "SSM_AWS_MODULE_GIT_REF",
                    "type": "PLAINTEXT",
                    "value": "/aft/config/aft-pipeline-code-source/repo-git-ref"
                  }
                ],
                "image": "aws/codebuild/amazonlinux2-x86_64-standard:3.0",
                "image_pull_credentials_type": "CODEBUILD",
                "privileged_mode": false,
                "registry_credential": [],
                "type": "LINUX_CONTAINER"
              }
            ],
            "file_system_locations": [],
            "id": "arn:aws:codebuild:us-east-1:008298205562:project/python-layer-builder-aft-common-c5jg4g3h",
            "logs_config": [
              {
                "cloudwatch_logs": [
                  {
                    "group_name": "python-layer-builder-aft-common-c5jg4g3h",
                    "status": "ENABLED",
                    "stream_name": "build-logs"
                  }
                ],
                "s3_logs": [
                  {
                    "bucket_owner_access": "",
                    "encryption_disabled": false,
                    "location": "aft-customizations-pipeline-008298205562/aft-lambda-layer-builder-logs",
                    "status": "ENABLED"
                  }
                ]
              }
            ],
            "name": "python-layer-builder-aft-common-c5jg4g3h",
            "project_visibility": "PRIVATE",
            "public_project_alias": "",
            "queued_timeout": 480,
            "resource_access_role": "",
            "secondary_artifacts": [],
            "secondary_source_version": [],
            "secondary_sources": [],
            "service_role": "arn:aws:iam::008298205562:role/python-layer-builder-aft-common-c5jg4g3h",
            "source": [
              {
                "auth": [],
                "build_status_config": [],
                "buildspec": "# Copyright Amazon.com, Inc. or its affiliates. All rights reserved.\r\n# SPDX-License-Identifier: Apache-2.0\r\n#\r\nversion: 0.2\r\n\r\nphases:\r\n  install:\r\n    runtime-versions:\r\n      python: $PYTHON_VERSION\r\n    commands:\r\n      - DEFAULT_PATH=$(pwd)\r\n      - AWS_MODULE_SOURCE=$(aws ssm get-parameter --name $SSM_AWS_MODULE_SOURCE --query \"Parameter.Value\" --output text)\r\n      - AWS_MODULE_GIT_REF=$(aws ssm get-parameter --name $SSM_AWS_MODULE_GIT_REF --query \"Parameter.Value\" --output text)\r\n      # URL Without Access ID\r\n      - URL=$(echo \"$AWS_MODULE_SOURCE\" | awk '{split($0,a,\"@\"); print a[2]}')\r\n      - |\r\n        ssh_key_parameter=$(aws ssm get-parameter --name /aft/config/aft-ssh-key --with-decryption 2\u003e /dev/null || echo \"None\")\r\n        if [[ $ssh_key_parameter != \"None\" ]]; then\r\n          ssh_key=$(jq --raw-output \".Parameter.Value\" \u003c\u003c\u003c $ssh_key_parameter)\r\n          mkdir -p ~/.ssh\r\n          echo \"Host *\" \u003e\u003e ~/.ssh/config\r\n          echo \"StrictHostKeyChecking no\" \u003e\u003e ~/.ssh/config\r\n          echo \"UserKnownHostsFile=/dev/null\" \u003e\u003e ~/.ssh/config\r\n          echo \"$ssh_key\" \u003e ~/.ssh/ssh_key\r\n          echo -e \"\\n\\n\" \u003e\u003e  ~/.ssh/ssh_key\r\n          chmod 600 ~/.ssh/ssh_key\r\n          eval \"$(ssh-agent -s)\"\r\n          ssh-add ~/.ssh/ssh_key\r\n        fi\r\n      - git config --global credential.helper '!aws codecommit credential-helper $@'\r\n      - git config --global credential.UseHttpPath true\r\n      - echo \"Building aft_common from ${URL}:${AWS_MODULE_GIT_REF}\"\r\n      - git clone -b $AWS_MODULE_GIT_REF $AWS_MODULE_SOURCE aws-aft-core-framework\r\n      - python3 -m pip install virtualenv\r\n      - python3 -m venv .venv\r\n      - . .venv/bin/activate\r\n      - python3 -m pip install ./aws-aft-core-framework/sources/aft-lambda-layer\r\n  build:\r\n    commands:\r\n      - mkdir -p python\r\n      - ls\r\n      - mv -v ./.venv/lib/ ./python/\r\n      - zip -r layer.zip python\r\n      - aws s3 cp layer.zip s3://${BUCKET_NAME}/layer.zip\r\n",
                "git_clone_depth": 0,
                "git_submodules_config": [],
                "insecure_ssl": false,
                "location": "",
                "report_build_status": false,
                "type": "NO_SOURCE"
              }
            ],
            "source_version": "",
            "tags": {},
            "tags_all": {
              "managed_by": "AFT"
            },
            "vpc_config": [
              {
                "security_group_ids": [
                  "sg-0a7b6748a01d2169a"
                ],
                "subnets": [
                  "subnet-041cf026a115900a6",
                  "subnet-066a1962f2cece8db"
                ],
                "vpc_id": "vpc-0d6124dadfcb57dd8"
              }
            ]
          },
          "sensitive_attributes": [],
          "private": "bnVsbA==",
          "dependencies": [
            "module.aft.data.local_file.version",
            "module.aft.module.aft_account_request_framework.aws_kms_key.aft",
            "module.aft.module.aft_account_request_framework.aws_security_group.aft_vpc_default_sg",
            "module.aft.module.aft_account_request_framework.aws_subnet.aft_vpc_private_subnet_01",
            "module.aft.module.aft_account_request_framework.aws_subnet.aft_vpc_private_subnet_02",
            "module.aft.module.aft_account_request_framework.aws_vpc.aft_vpc",
            "module.aft.module.aft_account_request_framework.data.aws_availability_zones.available",
            "module.aft.module.aft_customizations.aws_s3_bucket.aft_codepipeline_customizations_bucket",
            "module.aft.module.aft_customizations.data.aws_caller_identity.current",
            "module.aft.module.aft_lambda_layer.aws_iam_role.codebuild",
            "module.aft.module.aft_lambda_layer.data.local_file.aft_lambda_layer",
            "module.aft.module.aft_lambda_layer.random_string.resource_suffix"
          ],
          "create_before_destroy": true
        }
      ]
    },
    {
      "module": "module.aft.module.aft_lambda_layer",
      "mode": "managed",
      "type": "aws_iam_role",
      "name": "codebuild",
      "provider": "module.aft.provider[\"registry.terraform.io/hashicorp/aws\"].aft_management",
      "instances": [
        {
          "schema_version": 0,
          "attributes": {
            "arn": "arn:aws:iam::008298205562:role/python-layer-builder-aft-common-c5jg4g3h",
            "assume_role_policy": "{\"Version\":\"2012-10-17\",\"Statement\":[{\"Effect\":\"Allow\",\"Principal\":{\"Service\":[\"codebuild.amazonaws.com\",\"events.amazonaws.com\"]},\"Action\":\"sts:AssumeRole\"}]}",
            "create_date": "2022-04-23T03:42:22Z",
            "description": "",
            "force_detach_policies": false,
            "id": "python-layer-builder-aft-common-c5jg4g3h",
            "inline_policy": [
              {
                "name": "terraform-20220423034635387400000027",
                "policy": "{\n  \"Version\": \"2012-10-17\",\n  \"Statement\": [\n    {\n      \"Action\": [\n        \"lambda:ListLayerVersions\",\n        \"lambda:GetLayerVersion\",\n        \"lambda:PublishLayerVersion\"\n      ],\n      \"Effect\": \"Allow\",\n      \"Resource\": \"arn:aws:lambda:us-east-1:008298205562:layer:aft-common:*\"\n    },\n    {\n      \"Effect\": \"Allow\",\n      \"Resource\": [\n        \"*\"\n      ],\n      \"Action\": [\n        \"logs:CreateLogGroup\",\n        \"logs:CreateLogStream\",\n        \"logs:PutLogEvents\",\n        \"events:DisableRule\"\n      ]\n    },\n    {\n      \"Action\": [\n        \"codebuild:StartBuild\",\n        \"codebuild:StopBuild\",\n        \"codebuild:BatchGet*\",\n        \"codebuild:Get*\",\n        \"codebuild:List*\",\n        \"codecommit:GetBranch\",\n        \"codecommit:GetCommit\",\n        \"codecommit:GetRepository\",\n        \"codecommit:ListBranches\"\n      ],\n      \"Effect\": \"Allow\",\n      \"Resource\": \"*\"\n    },\n    {\n      \"Effect\": \"Allow\",\n      \"Action\": [\n        \"s3:*\"\n      ],\n      \"Resource\": [\n        \"arn:aws:s3:::aft-customizations-pipeline-008298205562\",\n        \"arn:aws:s3:::aft-customizations-pipeline-008298205562/*\"\n      ]\n    },\n    {\n      \"Effect\": \"Allow\",\n      \"Action\": [\n        \"ec2:CreateNetworkInterface\",\n        \"ec2:DescribeDhcpOptions\",\n        \"ec2:DescribeNetworkInterfaces\",\n        \"ec2:DeleteNetworkInterface\",\n        \"ec2:DescribeSubnets\",\n        \"ec2:DescribeSecurityGroups\",\n        \"ec2:DescribeVpcs\"\n      ],\n      \"Resource\": \"*\"\n    },\n    {\n      \"Effect\": \"Allow\",\n      \"Action\": [\n        \"ec2:CreateNetworkInterfacePermission\"\n      ],\n      \"Resource\": [\n        \"arn:aws:ec2:us-east-1:008298205562:network-interface/*\"\n      ]\n    },\n    {\n      \"Effect\": \"Allow\",\n      \"Action\": [\n        \"ssm:GetParameters\",\n        \"ssm:GetParameter\"\n      ],\n      \"Resource\": [\n        \"arn:aws:ssm:us-east-1:008298205562:parameter/aft/*\"\n      ]\n    },\n    {\n        \"Effect\": \"Allow\",\n        \"Action\": [\n            \"kms:Decrypt\",\n            \"kms:GenerateDataKey\"\n        ],\n        \"Resource\": \"arn:aws:kms:us-east-1:008298205562:key/aeafe814-f92c-4a5f-8f47-6cc9d9f2c498\"\n    }\n  ]\n}\n"
              }
            ],
            "managed_policy_arns": [],
            "max_session_duration": 3600,
            "name": "python-layer-builder-aft-common-c5jg4g3h",
            "name_prefix": "",
            "path": "/",
            "permissions_boundary": null,
            "tags": {},
            "tags_all": {
              "managed_by": "AFT"
            },
            "unique_id": "AROAQD3U4SF5AJCHKU72P"
          },
          "sensitive_attributes": [],
          "private": "bnVsbA==",
          "dependencies": [
            "module.aft.module.aft_lambda_layer.random_string.resource_suffix"
          ],
          "create_before_destroy": true
        }
      ]
    },
    {
      "module": "module.aft.module.aft_lambda_layer",
      "mode": "managed",
      "type": "aws_iam_role",
      "name": "codebuild_invoker_lambda_role",
      "provider": "module.aft.provider[\"registry.terraform.io/hashicorp/aws\"].aft_management",
      "instances": [
        {
          "schema_version": 0,
          "attributes": {
            "arn": "arn:aws:iam::008298205562:role/codebuild_invoker_role",
            "assume_role_policy": "{\"Version\":\"2012-10-17\",\"Statement\":[{\"Effect\":\"Allow\",\"Principal\":{\"Service\":\"lambda.amazonaws.com\"},\"Action\":\"sts:AssumeRole\"}]}",
            "create_date": "2022-04-23T03:42:47Z",
            "description": "",
            "force_detach_policies": false,
            "id": "codebuild_invoker_role",
            "inline_policy": [
              {
                "name": "terraform-20220423034646489500000028",
                "policy": "{\n  \"Version\": \"2012-10-17\",\n  \"Statement\": [\n    {\n      \"Action\": [\n          \"codebuild:BatchGetBuilds\",\n          \"codebuild:StartBuild\"\n      ],\n      \"Effect\": \"Allow\",\n      \"Resource\": \"arn:aws:codebuild:us-east-1:008298205562:project/python-layer-builder-aft-common-c5jg4g3h\"\n    },\n    {\n      \"Action\": [\n          \"logs:CreateLogGroup\"\n      ],\n      \"Effect\": \"Allow\",\n      \"Resource\": \"arn:aws:logs:us-east-1:008298205562:*\"\n    },\n    {\n      \"Action\": [\n          \"logs:CreateLogGroup\",\n          \"logs:PutLogEvents\"\n      ],\n      \"Effect\": \"Allow\",\n      \"Resource\": \"arn:aws:logs:us-east-1:008298205562:log-group:/aws/lambda/aft-lambda-layer-codebuild-invoker:*\"\n    }\n  ]\n}\n"
              }
            ],
            "managed_policy_arns": [
              "arn:aws:iam::aws:policy/service-role/AWSLambdaVPCAccessExecutionRole"
            ],
            "max_session_duration": 3600,
            "name": "codebuild_invoker_role",
            "name_prefix": "",
            "path": "/",
            "permissions_boundary": null,
            "tags": {},
            "tags_all": {
              "managed_by": "AFT"
            },
            "unique_id": "AROAQD3U4SF5LK3QNSNMW"
          },
          "sensitive_attributes": [],
          "private": "bnVsbA==",
          "create_before_destroy": true
        }
      ]
    },
    {
      "module": "module.aft.module.aft_lambda_layer",
      "mode": "managed",
      "type": "aws_iam_role_policy",
      "name": "codebuild",
      "provider": "module.aft.provider[\"registry.terraform.io/hashicorp/aws\"].aft_management",
      "instances": [
        {
          "schema_version": 0,
          "attributes": {
            "id": "python-layer-builder-aft-common-c5jg4g3h:terraform-20220423034635387400000027",
            "name": "terraform-20220423034635387400000027",
            "name_prefix": null,
            "policy": "{\n  \"Version\": \"2012-10-17\",\n  \"Statement\": [\n    {\n      \"Action\": [\n        \"lambda:ListLayerVersions\",\n        \"lambda:GetLayerVersion\",\n        \"lambda:PublishLayerVersion\"\n      ],\n      \"Effect\": \"Allow\",\n      \"Resource\": \"arn:aws:lambda:us-east-1:008298205562:layer:aft-common:*\"\n    },\n    {\n      \"Effect\": \"Allow\",\n      \"Resource\": [\n        \"*\"\n      ],\n      \"Action\": [\n        \"logs:CreateLogGroup\",\n        \"logs:CreateLogStream\",\n        \"logs:PutLogEvents\",\n        \"events:DisableRule\"\n      ]\n    },\n    {\n      \"Action\": [\n        \"codebuild:StartBuild\",\n        \"codebuild:StopBuild\",\n        \"codebuild:BatchGet*\",\n        \"codebuild:Get*\",\n        \"codebuild:List*\",\n        \"codecommit:GetBranch\",\n        \"codecommit:GetCommit\",\n        \"codecommit:GetRepository\",\n        \"codecommit:ListBranches\"\n      ],\n      \"Effect\": \"Allow\",\n      \"Resource\": \"*\"\n    },\n    {\n      \"Effect\": \"Allow\",\n      \"Action\": [\n        \"s3:*\"\n      ],\n      \"Resource\": [\n        \"arn:aws:s3:::aft-customizations-pipeline-008298205562\",\n        \"arn:aws:s3:::aft-customizations-pipeline-008298205562/*\"\n      ]\n    },\n    {\n      \"Effect\": \"Allow\",\n      \"Action\": [\n        \"ec2:CreateNetworkInterface\",\n        \"ec2:DescribeDhcpOptions\",\n        \"ec2:DescribeNetworkInterfaces\",\n        \"ec2:DeleteNetworkInterface\",\n        \"ec2:DescribeSubnets\",\n        \"ec2:DescribeSecurityGroups\",\n        \"ec2:DescribeVpcs\"\n      ],\n      \"Resource\": \"*\"\n    },\n    {\n      \"Effect\": \"Allow\",\n      \"Action\": [\n        \"ec2:CreateNetworkInterfacePermission\"\n      ],\n      \"Resource\": [\n        \"arn:aws:ec2:us-east-1:008298205562:network-interface/*\"\n      ]\n    },\n    {\n      \"Effect\": \"Allow\",\n      \"Action\": [\n        \"ssm:GetParameters\",\n        \"ssm:GetParameter\"\n      ],\n      \"Resource\": [\n        \"arn:aws:ssm:us-east-1:008298205562:parameter/aft/*\"\n      ]\n    },\n    {\n        \"Effect\": \"Allow\",\n        \"Action\": [\n            \"kms:Decrypt\",\n            \"kms:GenerateDataKey\"\n        ],\n        \"Resource\": \"arn:aws:kms:us-east-1:008298205562:key/aeafe814-f92c-4a5f-8f47-6cc9d9f2c498\"\n    }\n  ]\n}\n",
            "role": "python-layer-builder-aft-common-c5jg4g3h"
          },
          "sensitive_attributes": [],
          "private": "bnVsbA==",
          "dependencies": [
            "module.aft.module.aft_account_request_framework.aws_kms_key.aft",
            "module.aft.module.aft_customizations.aws_s3_bucket.aft_codepipeline_customizations_bucket",
            "module.aft.module.aft_customizations.data.aws_caller_identity.current",
            "module.aft.module.aft_lambda_layer.aws_iam_role.codebuild",
            "module.aft.module.aft_lambda_layer.data.aws_caller_identity.session",
            "module.aft.module.aft_lambda_layer.random_string.resource_suffix"
          ]
        }
      ]
    },
    {
      "module": "module.aft.module.aft_lambda_layer",
      "mode": "managed",
      "type": "aws_iam_role_policy",
      "name": "codebuild_invoker_policy",
      "provider": "module.aft.provider[\"registry.terraform.io/hashicorp/aws\"].aft_management",
      "instances": [
        {
          "schema_version": 0,
          "attributes": {
            "id": "codebuild_invoker_role:terraform-20220423034646489500000028",
            "name": "terraform-20220423034646489500000028",
            "name_prefix": null,
            "policy": "{\n  \"Version\": \"2012-10-17\",\n  \"Statement\": [\n    {\n      \"Action\": [\n          \"codebuild:BatchGetBuilds\",\n          \"codebuild:StartBuild\"\n      ],\n      \"Effect\": \"Allow\",\n      \"Resource\": \"arn:aws:codebuild:us-east-1:008298205562:project/python-layer-builder-aft-common-c5jg4g3h\"\n    },\n    {\n      \"Action\": [\n          \"logs:CreateLogGroup\"\n      ],\n      \"Effect\": \"Allow\",\n      \"Resource\": \"arn:aws:logs:us-east-1:008298205562:*\"\n    },\n    {\n      \"Action\": [\n          \"logs:CreateLogGroup\",\n          \"logs:PutLogEvents\"\n      ],\n      \"Effect\": \"Allow\",\n      \"Resource\": \"arn:aws:logs:us-east-1:008298205562:log-group:/aws/lambda/aft-lambda-layer-codebuild-invoker:*\"\n    }\n  ]\n}\n",
            "role": "codebuild_invoker_role"
          },
          "sensitive_attributes": [],
          "private": "bnVsbA==",
          "dependencies": [
            "module.aft.data.local_file.version",
            "module.aft.module.aft_account_request_framework.aws_kms_key.aft",
            "module.aft.module.aft_account_request_framework.aws_security_group.aft_vpc_default_sg",
            "module.aft.module.aft_account_request_framework.aws_subnet.aft_vpc_private_subnet_01",
            "module.aft.module.aft_account_request_framework.aws_subnet.aft_vpc_private_subnet_02",
            "module.aft.module.aft_account_request_framework.aws_vpc.aft_vpc",
            "module.aft.module.aft_account_request_framework.data.aws_availability_zones.available",
            "module.aft.module.aft_customizations.aws_s3_bucket.aft_codepipeline_customizations_bucket",
            "module.aft.module.aft_customizations.data.aws_caller_identity.current",
            "module.aft.module.aft_lambda_layer.aws_codebuild_project.codebuild",
            "module.aft.module.aft_lambda_layer.aws_iam_role.codebuild",
            "module.aft.module.aft_lambda_layer.aws_iam_role.codebuild_invoker_lambda_role",
            "module.aft.module.aft_lambda_layer.data.aws_caller_identity.session",
            "module.aft.module.aft_lambda_layer.data.local_file.aft_lambda_layer",
            "module.aft.module.aft_lambda_layer.random_string.resource_suffix"
          ]
        }
      ]
    },
    {
      "module": "module.aft.module.aft_lambda_layer",
      "mode": "managed",
      "type": "aws_iam_role_policy_attachment",
      "name": "codebuild_invoker_VPC_access",
      "provider": "module.aft.provider[\"registry.terraform.io/hashicorp/aws\"].aft_management",
      "instances": [
        {
          "schema_version": 0,
          "attributes": {
            "id": "codebuild_invoker_role-2022042303425852800000001a",
            "policy_arn": "arn:aws:iam::aws:policy/service-role/AWSLambdaVPCAccessExecutionRole",
            "role": "codebuild_invoker_role"
          },
          "sensitive_attributes": [],
          "private": "bnVsbA==",
          "dependencies": [
            "module.aft.module.aft_lambda_layer.aws_iam_role.codebuild_invoker_lambda_role"
          ]
        }
      ]
    },
    {
      "module": "module.aft.module.aft_lambda_layer",
      "mode": "managed",
      "type": "aws_lambda_function",
      "name": "codebuild_invoker",
      "provider": "module.aft.provider[\"registry.terraform.io/hashicorp/aws\"].aft_management",
      "instances": [
        {
          "schema_version": 0,
          "attributes": {
            "architectures": [
              "x86_64"
            ],
            "arn": "arn:aws:lambda:us-east-1:008298205562:function:aft-lambda-layer-codebuild-invoker",
            "code_signing_config_arn": "",
            "dead_letter_config": [],
            "description": "AFT Lambda Layer - CodeBuild Invoker",
            "environment": [],
            "file_system_config": [],
            "filename": ".terraform/modules/aft/modules/aft-archives/../../src/aft_lambda/aft_builder.zip",
            "function_name": "aft-lambda-layer-codebuild-invoker",
            "handler": "codebuild_invoker.lambda_handler",
            "id": "aft-lambda-layer-codebuild-invoker",
            "image_config": [],
            "image_uri": "",
            "invoke_arn": "arn:aws:apigateway:us-east-1:lambda:path/2015-03-31/functions/arn:aws:lambda:us-east-1:008298205562:function:aft-lambda-layer-codebuild-invoker/invocations",
            "kms_key_arn": "",
            "last_modified": "2022-05-04T19:57:50.000+0000",
            "layers": [],
            "memory_size": 1024,
            "package_type": "Zip",
            "publish": false,
            "qualified_arn": "arn:aws:lambda:us-east-1:008298205562:function:aft-lambda-layer-codebuild-invoker:$LATEST",
            "reserved_concurrent_executions": -1,
            "role": "arn:aws:iam::008298205562:role/codebuild_invoker_role",
            "runtime": "python3.8",
            "s3_bucket": null,
            "s3_key": null,
            "s3_object_version": null,
            "signing_job_arn": "",
            "signing_profile_version_arn": "",
            "source_code_hash": "DhC9HvassKzldnDHaHYQGrX5EKzK1AD2dqVfI+IBn7o=",
            "source_code_size": 1108,
            "tags": {},
            "tags_all": {
              "managed_by": "AFT"
            },
            "timeout": 900,
            "timeouts": null,
            "tracing_config": [
              {
                "mode": "PassThrough"
              }
            ],
            "version": "$LATEST",
            "vpc_config": [
              {
                "security_group_ids": [
                  "sg-0a7b6748a01d2169a"
                ],
                "subnet_ids": [
                  "subnet-041cf026a115900a6",
                  "subnet-066a1962f2cece8db"
                ],
                "vpc_id": "vpc-0d6124dadfcb57dd8"
              }
            ]
          },
          "sensitive_attributes": [],
          "private": "eyJlMmJmYjczMC1lY2FhLTExZTYtOGY4OC0zNDM2M2JjN2M0YzAiOnsiY3JlYXRlIjo2MDAwMDAwMDAwMDB9fQ==",
          "dependencies": [
            "module.aft.module.aft_account_request_framework.aws_security_group.aft_vpc_default_sg",
            "module.aft.module.aft_account_request_framework.aws_subnet.aft_vpc_private_subnet_01",
            "module.aft.module.aft_account_request_framework.aws_subnet.aft_vpc_private_subnet_02",
            "module.aft.module.aft_account_request_framework.aws_vpc.aft_vpc",
            "module.aft.module.aft_account_request_framework.data.aws_availability_zones.available",
            "module.aft.module.aft_lambda_layer.aws_iam_role.codebuild_invoker_lambda_role",
            "module.aft.module.packaging.data.archive_file.builder"
          ],
          "create_before_destroy": true
        }
      ]
    },
    {
      "module": "module.aft.module.aft_lambda_layer",
      "mode": "managed",
      "type": "aws_lambda_layer_version",
      "name": "layer_version",
      "provider": "module.aft.provider[\"registry.terraform.io/hashicorp/aws\"].aft_management",
      "instances": [
        {
          "schema_version": 0,
          "attributes": {
            "arn": "arn:aws:lambda:us-east-1:008298205562:layer:aft-common-1-3-5:1",
            "compatible_architectures": [],
            "compatible_runtimes": [
              "python3.8"
            ],
            "created_date": "2022-04-23T03:51:58.865+0000",
            "description": "",
            "filename": null,
            "id": "arn:aws:lambda:us-east-1:008298205562:layer:aft-common-1-3-5:1",
            "layer_arn": "arn:aws:lambda:us-east-1:008298205562:layer:aft-common-1-3-5",
            "layer_name": "aft-common-1-3-5",
            "license_info": "",
            "s3_bucket": "aft-customizations-pipeline-008298205562",
            "s3_key": "layer.zip",
            "s3_object_version": null,
            "signing_job_arn": "",
            "signing_profile_version_arn": "",
            "skip_destroy": false,
            "source_code_hash": "zH86VtgSo6J2fEAjRHuOqBkyO2jwVILyQxeyjpTKWN0=",
            "source_code_size": 34155494,
            "version": "1"
          },
          "sensitive_attributes": [],
          "private": "bnVsbA==",
          "dependencies": [
            "module.aft.data.local_file.version",
            "module.aft.module.aft_account_request_framework.aws_kms_key.aft",
            "module.aft.module.aft_account_request_framework.aws_security_group.aft_vpc_default_sg",
            "module.aft.module.aft_account_request_framework.aws_subnet.aft_vpc_private_subnet_01",
            "module.aft.module.aft_account_request_framework.aws_subnet.aft_vpc_private_subnet_02",
            "module.aft.module.aft_account_request_framework.aws_vpc.aft_vpc",
            "module.aft.module.aft_account_request_framework.data.aws_availability_zones.available",
            "module.aft.module.aft_customizations.aws_s3_bucket.aft_codepipeline_customizations_bucket",
            "module.aft.module.aft_customizations.data.aws_caller_identity.current",
            "module.aft.module.aft_lambda_layer.aws_codebuild_project.codebuild",
            "module.aft.module.aft_lambda_layer.aws_iam_role.codebuild",
            "module.aft.module.aft_lambda_layer.aws_iam_role.codebuild_invoker_lambda_role",
            "module.aft.module.aft_lambda_layer.aws_lambda_function.codebuild_invoker",
            "module.aft.module.aft_lambda_layer.data.aws_lambda_invocation.invoke_codebuild_job",
            "module.aft.module.aft_lambda_layer.data.local_file.aft_lambda_layer",
            "module.aft.module.aft_lambda_layer.random_string.resource_suffix",
            "module.aft.module.packaging.data.archive_file.builder"
          ],
          "create_before_destroy": true
        }
      ]
    },
    {
      "module": "module.aft.module.aft_lambda_layer",
      "mode": "managed",
      "type": "random_string",
      "name": "resource_suffix",
      "provider": "provider[\"registry.terraform.io/hashicorp/random\"]",
      "instances": [
        {
          "schema_version": 1,
          "attributes": {
            "id": "c5jg4g3h",
            "keepers": null,
            "length": 8,
            "lower": true,
            "min_lower": 0,
            "min_numeric": 0,
            "min_special": 0,
            "min_upper": 0,
            "number": true,
            "override_special": null,
            "result": "c5jg4g3h",
            "special": false,
            "upper": false
          },
          "sensitive_attributes": [],
          "private": "eyJzY2hlbWFfdmVyc2lvbiI6IjEifQ==",
          "create_before_destroy": true
        }
      ]
    },
    {
      "module": "module.aft.module.aft_ssm_parameters",
      "mode": "managed",
      "type": "aws_ssm_parameter",
      "name": "account_customizations_repo_branch",
      "provider": "module.aft.provider[\"registry.terraform.io/hashicorp/aws\"].aft_management",
      "instances": [
        {
          "schema_version": 0,
          "attributes": {
            "allowed_pattern": "",
            "arn": "arn:aws:ssm:us-east-1:008298205562:parameter/aft/config/account-customizations/repo-branch",
            "data_type": "text",
            "description": "",
            "id": "/aft/config/account-customizations/repo-branch",
            "key_id": "",
            "name": "/aft/config/account-customizations/repo-branch",
            "overwrite": null,
            "tags": {},
            "tags_all": {
              "managed_by": "AFT"
            },
            "tier": "Standard",
            "type": "String",
            "value": "main",
            "version": 1
          },
          "sensitive_attributes": [],
          "private": "bnVsbA=="
        }
      ]
    },
    {
      "module": "module.aft.module.aft_ssm_parameters",
      "mode": "managed",
      "type": "aws_ssm_parameter",
      "name": "account_customizations_repo_name",
      "provider": "module.aft.provider[\"registry.terraform.io/hashicorp/aws\"].aft_management",
      "instances": [
        {
          "schema_version": 0,
          "attributes": {
            "allowed_pattern": "",
            "arn": "arn:aws:ssm:us-east-1:008298205562:parameter/aft/config/account-customizations/repo-name",
            "data_type": "text",
            "description": "",
            "id": "/aft/config/account-customizations/repo-name",
            "key_id": "",
            "name": "/aft/config/account-customizations/repo-name",
            "overwrite": null,
            "tags": {},
            "tags_all": {
              "managed_by": "AFT"
            },
            "tier": "Standard",
            "type": "String",
            "value": "jayaprakashnarayana/learn-terraform-aft-account-customizations",
            "version": 1
          },
          "sensitive_attributes": [],
          "private": "bnVsbA=="
        }
      ]
    },
    {
      "module": "module.aft.module.aft_ssm_parameters",
      "mode": "managed",
      "type": "aws_ssm_parameter",
      "name": "account_provisioning_customizations_repo_branch",
      "provider": "module.aft.provider[\"registry.terraform.io/hashicorp/aws\"].aft_management",
      "instances": [
        {
          "schema_version": 0,
          "attributes": {
            "allowed_pattern": "",
            "arn": "arn:aws:ssm:us-east-1:008298205562:parameter/aft/config/account-provisioning-customizations/repo-branch",
            "data_type": "text",
            "description": "",
            "id": "/aft/config/account-provisioning-customizations/repo-branch",
            "key_id": "",
            "name": "/aft/config/account-provisioning-customizations/repo-branch",
            "overwrite": null,
            "tags": {},
            "tags_all": {
              "managed_by": "AFT"
            },
            "tier": "Standard",
            "type": "String",
            "value": "main",
            "version": 1
          },
          "sensitive_attributes": [],
          "private": "bnVsbA=="
        }
      ]
    },
    {
      "module": "module.aft.module.aft_ssm_parameters",
      "mode": "managed",
      "type": "aws_ssm_parameter",
      "name": "account_provisioning_customizations_repo_name",
      "provider": "module.aft.provider[\"registry.terraform.io/hashicorp/aws\"].aft_management",
      "instances": [
        {
          "schema_version": 0,
          "attributes": {
            "allowed_pattern": "",
            "arn": "arn:aws:ssm:us-east-1:008298205562:parameter/aft/config/account-provisioning-customizations/repo-name",
            "data_type": "text",
            "description": "",
            "id": "/aft/config/account-provisioning-customizations/repo-name",
            "key_id": "",
            "name": "/aft/config/account-provisioning-customizations/repo-name",
            "overwrite": null,
            "tags": {},
            "tags_all": {
              "managed_by": "AFT"
            },
            "tier": "Standard",
            "type": "String",
            "value": "jayaprakashnarayana/learn-terraform-aft-account-provisioning-customizations",
            "version": 1
          },
          "sensitive_attributes": [],
          "private": "bnVsbA=="
        }
      ]
    },
    {
      "module": "module.aft.module.aft_ssm_parameters",
      "mode": "managed",
      "type": "aws_ssm_parameter",
      "name": "account_request_repo_branch",
      "provider": "module.aft.provider[\"registry.terraform.io/hashicorp/aws\"].aft_management",
      "instances": [
        {
          "schema_version": 0,
          "attributes": {
            "allowed_pattern": "",
            "arn": "arn:aws:ssm:us-east-1:008298205562:parameter/aft/config/account-request/repo-branch",
            "data_type": "text",
            "description": "",
            "id": "/aft/config/account-request/repo-branch",
            "key_id": "",
            "name": "/aft/config/account-request/repo-branch",
            "overwrite": null,
            "tags": {},
            "tags_all": {
              "managed_by": "AFT"
            },
            "tier": "Standard",
            "type": "String",
            "value": "main",
            "version": 1
          },
          "sensitive_attributes": [],
          "private": "bnVsbA=="
        }
      ]
    },
    {
      "module": "module.aft.module.aft_ssm_parameters",
      "mode": "managed",
      "type": "aws_ssm_parameter",
      "name": "account_request_repo_name",
      "provider": "module.aft.provider[\"registry.terraform.io/hashicorp/aws\"].aft_management",
      "instances": [
        {
          "schema_version": 0,
          "attributes": {
            "allowed_pattern": "",
            "arn": "arn:aws:ssm:us-east-1:008298205562:parameter/aft/config/account-request/repo-name",
            "data_type": "text",
            "description": "",
            "id": "/aft/config/account-request/repo-name",
            "key_id": "",
            "name": "/aft/config/account-request/repo-name",
            "overwrite": null,
            "tags": {},
            "tags_all": {
              "managed_by": "AFT"
            },
            "tier": "Standard",
            "type": "String",
            "value": "jayaprakashnarayana/learn-terraform-aft-account-request",
            "version": 1
          },
          "sensitive_attributes": [],
          "private": "bnVsbA=="
        }
      ]
    },
    {
      "module": "module.aft.module.aft_ssm_parameters",
      "mode": "managed",
      "type": "aws_ssm_parameter",
      "name": "aft_account_factory_product_name",
      "provider": "module.aft.provider[\"registry.terraform.io/hashicorp/aws\"].aft_management",
      "instances": [
        {
          "schema_version": 0,
          "attributes": {
            "allowed_pattern": "",
            "arn": "arn:aws:ssm:us-east-1:008298205562:parameter/aft/resources/sc/account-factory-product-name",
            "data_type": "text",
            "description": "",
            "id": "/aft/resources/sc/account-factory-product-name",
            "key_id": "",
            "name": "/aft/resources/sc/account-factory-product-name",
            "overwrite": null,
            "tags": {},
            "tags_all": {
              "managed_by": "AFT"
            },
            "tier": "Standard",
            "type": "String",
            "value": "AWS Control Tower Account Factory",
            "version": 1
          },
          "sensitive_attributes": [],
          "private": "bnVsbA=="
        }
      ]
    },
    {
      "module": "module.aft.module.aft_ssm_parameters",
      "mode": "managed",
      "type": "aws_ssm_parameter",
      "name": "aft_account_provisioning_framework_sfn_name",
      "provider": "module.aft.provider[\"registry.terraform.io/hashicorp/aws\"].aft_management",
      "instances": [
        {
          "schema_version": 0,
          "attributes": {
            "allowed_pattern": "",
            "arn": "arn:aws:ssm:us-east-1:008298205562:parameter/aft/account/aft-management/sfn/aft-account-provisioning-framework-sfn-name",
            "data_type": "text",
            "description": "",
            "id": "/aft/account/aft-management/sfn/aft-account-provisioning-framework-sfn-name",
            "key_id": "",
            "name": "/aft/account/aft-management/sfn/aft-account-provisioning-framework-sfn-name",
            "overwrite": null,
            "tags": {},
            "tags_all": {
              "managed_by": "AFT"
            },
            "tier": "Standard",
            "type": "String",
            "value": "aft-account-provisioning-framework",
            "version": 1
          },
          "sensitive_attributes": [],
          "private": "bnVsbA=="
        }
      ]
    },
    {
      "module": "module.aft.module.aft_ssm_parameters",
      "mode": "managed",
      "type": "aws_ssm_parameter",
      "name": "aft_administrator_role_name",
      "provider": "module.aft.provider[\"registry.terraform.io/hashicorp/aws\"].aft_management",
      "instances": [
        {
          "schema_version": 0,
          "attributes": {
            "allowed_pattern": "",
            "arn": "arn:aws:ssm:us-east-1:008298205562:parameter/aft/resources/iam/aft-administrator-role-name",
            "data_type": "text",
            "description": "",
            "id": "/aft/resources/iam/aft-administrator-role-name",
            "key_id": "",
            "name": "/aft/resources/iam/aft-administrator-role-name",
            "overwrite": null,
            "tags": {},
            "tags_all": {
              "managed_by": "AFT"
            },
            "tier": "Standard",
            "type": "String",
            "value": "AWSAFTAdmin",
            "version": 1
          },
          "sensitive_attributes": [],
          "private": "bnVsbA=="
        }
      ]
    },
    {
      "module": "module.aft.module.aft_ssm_parameters",
      "mode": "managed",
      "type": "aws_ssm_parameter",
      "name": "aft_config_backend_bucket_id",
      "provider": "module.aft.provider[\"registry.terraform.io/hashicorp/aws\"].aft_management",
      "instances": [
        {
          "schema_version": 0,
          "attributes": {
            "allowed_pattern": "",
            "arn": "arn:aws:ssm:us-east-1:008298205562:parameter/aft/config/oss-backend/bucket-id",
            "data_type": "text",
            "description": "",
            "id": "/aft/config/oss-backend/bucket-id",
            "key_id": "",
            "name": "/aft/config/oss-backend/bucket-id",
            "overwrite": null,
            "tags": {},
            "tags_all": {
              "managed_by": "AFT"
            },
            "tier": "Standard",
            "type": "String",
            "value": "aft-backend-008298205562-primary-region",
            "version": 1
          },
          "sensitive_attributes": [],
          "private": "bnVsbA==",
          "dependencies": [
            "module.aft.module.aft_backend.aws_iam_role.replication",
            "module.aft.module.aft_backend.aws_kms_key.encrypt-primary-region",
            "module.aft.module.aft_backend.aws_kms_key.encrypt-secondary-region",
            "module.aft.module.aft_backend.aws_s3_bucket.primary-backend-bucket",
            "module.aft.module.aft_backend.aws_s3_bucket.secondary-backend-bucket",
            "module.aft.module.aft_backend.data.aws_caller_identity.current"
          ]
        }
      ]
    },
    {
      "module": "module.aft.module.aft_ssm_parameters",
      "mode": "managed",
      "type": "aws_ssm_parameter",
      "name": "aft_config_backend_kms_key_id",
      "provider": "module.aft.provider[\"registry.terraform.io/hashicorp/aws\"].aft_management",
      "instances": [
        {
          "schema_version": 0,
          "attributes": {
            "allowed_pattern": "",
            "arn": "arn:aws:ssm:us-east-1:008298205562:parameter/aft/config/oss-backend/kms-key-id",
            "data_type": "text",
            "description": "",
            "id": "/aft/config/oss-backend/kms-key-id",
            "key_id": "",
            "name": "/aft/config/oss-backend/kms-key-id",
            "overwrite": null,
            "tags": {},
            "tags_all": {
              "managed_by": "AFT"
            },
            "tier": "Standard",
            "type": "String",
            "value": "0cc7bf81-993c-4a5d-96fe-ca66647d9f2d",
            "version": 1
          },
          "sensitive_attributes": [],
          "private": "bnVsbA==",
          "dependencies": [
            "module.aft.module.aft_backend.aws_kms_key.encrypt-primary-region",
            "module.aft.module.aft_backend.data.aws_caller_identity.current"
          ]
        }
      ]
    },
    {
      "module": "module.aft.module.aft_ssm_parameters",
      "mode": "managed",
      "type": "aws_ssm_parameter",
      "name": "aft_config_backend_primary_region",
      "provider": "module.aft.provider[\"registry.terraform.io/hashicorp/aws\"].aft_management",
      "instances": [
        {
          "schema_version": 0,
          "attributes": {
            "allowed_pattern": "",
            "arn": "arn:aws:ssm:us-east-1:008298205562:parameter/aft/config/oss-backend/primary-region",
            "data_type": "text",
            "description": "",
            "id": "/aft/config/oss-backend/primary-region",
            "key_id": "",
            "name": "/aft/config/oss-backend/primary-region",
            "overwrite": null,
            "tags": {},
            "tags_all": {
              "managed_by": "AFT"
            },
            "tier": "Standard",
            "type": "String",
            "value": "us-east-1",
            "version": 1
          },
          "sensitive_attributes": [],
          "private": "bnVsbA=="
        }
      ]
    },
    {
      "module": "module.aft.module.aft_ssm_parameters",
      "mode": "managed",
      "type": "aws_ssm_parameter",
      "name": "aft_config_backend_secondary_region",
      "provider": "module.aft.provider[\"registry.terraform.io/hashicorp/aws\"].aft_management",
      "instances": [
        {
          "schema_version": 0,
          "attributes": {
            "allowed_pattern": "",
            "arn": "arn:aws:ssm:us-east-1:008298205562:parameter/aft/config/oss-backend/secondary-region",
            "data_type": "text",
            "description": "",
            "id": "/aft/config/oss-backend/secondary-region",
            "key_id": "",
            "name": "/aft/config/oss-backend/secondary-region",
            "overwrite": null,
            "tags": {},
            "tags_all": {
              "managed_by": "AFT"
            },
            "tier": "Standard",
            "type": "String",
            "value": "us-east-2",
            "version": 1
          },
          "sensitive_attributes": [],
          "private": "bnVsbA=="
        }
      ]
    },
    {
      "module": "module.aft.module.aft_ssm_parameters",
      "mode": "managed",
      "type": "aws_ssm_parameter",
      "name": "aft_config_backend_table_id",
      "provider": "module.aft.provider[\"registry.terraform.io/hashicorp/aws\"].aft_management",
      "instances": [
        {
          "schema_version": 0,
          "attributes": {
            "allowed_pattern": "",
            "arn": "arn:aws:ssm:us-east-1:008298205562:parameter/aft/config/oss-backend/table-id",
            "data_type": "text",
            "description": "",
            "id": "/aft/config/oss-backend/table-id",
            "key_id": "",
            "name": "/aft/config/oss-backend/table-id",
            "overwrite": null,
            "tags": {},
            "tags_all": {
              "managed_by": "AFT"
            },
            "tier": "Standard",
            "type": "String",
            "value": "aft-backend-008298205562",
            "version": 1
          },
          "sensitive_attributes": [],
          "private": "bnVsbA==",
          "dependencies": [
            "module.aft.module.aft_backend.aws_dynamodb_table.lock-table",
            "module.aft.module.aft_backend.data.aws_caller_identity.current"
          ]
        }
      ]
    },
    {
      "module": "module.aft.module.aft_ssm_parameters",
      "mode": "managed",
      "type": "aws_ssm_parameter",
      "name": "aft_controltower_events_table_name",
      "provider": "module.aft.provider[\"registry.terraform.io/hashicorp/aws\"].aft_management",
      "instances": [
        {
          "schema_version": 0,
          "attributes": {
            "allowed_pattern": "",
            "arn": "arn:aws:ssm:us-east-1:008298205562:parameter/aft/resources/ddb/aft-controltower-events-table-name",
            "data_type": "text",
            "description": "",
            "id": "/aft/resources/ddb/aft-controltower-events-table-name",
            "key_id": "",
            "name": "/aft/resources/ddb/aft-controltower-events-table-name",
            "overwrite": null,
            "tags": {},
            "tags_all": {
              "managed_by": "AFT"
            },
            "tier": "Standard",
            "type": "String",
            "value": "aft-controltower-events",
            "version": 1
          },
          "sensitive_attributes": [],
          "private": "bnVsbA==",
          "dependencies": [
            "module.aft.module.aft_account_request_framework.aws_dynamodb_table.aft_controltower_events",
            "module.aft.module.aft_account_request_framework.aws_kms_key.aft"
          ]
        }
      ]
    },
    {
      "module": "module.aft.module.aft_ssm_parameters",
      "mode": "managed",
      "type": "aws_ssm_parameter",
      "name": "aft_customizations_execute_pipeline_function_arn",
      "provider": "module.aft.provider[\"registry.terraform.io/hashicorp/aws\"].aft_management",
      "instances": [
        {
          "schema_version": 0,
          "attributes": {
            "allowed_pattern": "",
            "arn": "arn:aws:ssm:us-east-1:008298205562:parameter/aft/resources/lambda/aft-customizations-execute-pipeline-function-arn",
            "data_type": "text",
            "description": "",
            "id": "/aft/resources/lambda/aft-customizations-execute-pipeline-function-arn",
            "key_id": "",
            "name": "/aft/resources/lambda/aft-customizations-execute-pipeline-function-arn",
            "overwrite": null,
            "tags": {},
            "tags_all": {
              "managed_by": "AFT"
            },
            "tier": "Standard",
            "type": "String",
            "value": "arn:aws:lambda:us-east-1:008298205562:function:aft-customizations-execute-pipeline",
            "version": 1
          },
          "sensitive_attributes": [],
          "private": "bnVsbA==",
          "dependencies": [
            "module.aft.data.local_file.version",
            "module.aft.module.aft_account_request_framework.aws_kms_key.aft",
            "module.aft.module.aft_account_request_framework.aws_security_group.aft_vpc_default_sg",
            "module.aft.module.aft_account_request_framework.aws_subnet.aft_vpc_private_subnet_01",
            "module.aft.module.aft_account_request_framework.aws_subnet.aft_vpc_private_subnet_02",
            "module.aft.module.aft_account_request_framework.aws_vpc.aft_vpc",
            "module.aft.module.aft_account_request_framework.data.aws_availability_zones.available",
            "module.aft.module.aft_customizations.aws_iam_role.aft_customizations_execute_pipeline_lambda",
            "module.aft.module.aft_customizations.aws_lambda_function.aft_customizations_execute_pipeline",
            "module.aft.module.aft_customizations.aws_s3_bucket.aft_codepipeline_customizations_bucket",
            "module.aft.module.aft_customizations.data.aws_caller_identity.current",
            "module.aft.module.aft_lambda_layer.aws_codebuild_project.codebuild",
            "module.aft.module.aft_lambda_layer.aws_iam_role.codebuild",
            "module.aft.module.aft_lambda_layer.aws_iam_role.codebuild_invoker_lambda_role",
            "module.aft.module.aft_lambda_layer.aws_lambda_function.codebuild_invoker",
            "module.aft.module.aft_lambda_layer.aws_lambda_layer_version.layer_version",
            "module.aft.module.aft_lambda_layer.data.aws_lambda_invocation.invoke_codebuild_job",
            "module.aft.module.aft_lambda_layer.data.local_file.aft_lambda_layer",
            "module.aft.module.aft_lambda_layer.random_string.resource_suffix",
            "module.aft.module.packaging.data.archive_file.builder",
            "module.aft.module.packaging.data.archive_file.customizations"
          ]
        }
      ]
    },
    {
      "module": "module.aft.module.aft_ssm_parameters",
      "mode": "managed",
      "type": "aws_ssm_parameter",
      "name": "aft_customizations_get_pipeline_executions_function_arn",
      "provider": "module.aft.provider[\"registry.terraform.io/hashicorp/aws\"].aft_management",
      "instances": [
        {
          "schema_version": 0,
          "attributes": {
            "allowed_pattern": "",
            "arn": "arn:aws:ssm:us-east-1:008298205562:parameter/aft/resources/lambda/aft-customizations-get-pipeline-executions-function-arn",
            "data_type": "text",
            "description": "",
            "id": "/aft/resources/lambda/aft-customizations-get-pipeline-executions-function-arn",
            "key_id": "",
            "name": "/aft/resources/lambda/aft-customizations-get-pipeline-executions-function-arn",
            "overwrite": null,
            "tags": {},
            "tags_all": {
              "managed_by": "AFT"
            },
            "tier": "Standard",
            "type": "String",
            "value": "arn:aws:lambda:us-east-1:008298205562:function:aft-customizations-get-pipeline-executions",
            "version": 1
          },
          "sensitive_attributes": [],
          "private": "bnVsbA==",
          "dependencies": [
            "module.aft.data.local_file.version",
            "module.aft.module.aft_account_request_framework.aws_kms_key.aft",
            "module.aft.module.aft_account_request_framework.aws_security_group.aft_vpc_default_sg",
            "module.aft.module.aft_account_request_framework.aws_subnet.aft_vpc_private_subnet_01",
            "module.aft.module.aft_account_request_framework.aws_subnet.aft_vpc_private_subnet_02",
            "module.aft.module.aft_account_request_framework.aws_vpc.aft_vpc",
            "module.aft.module.aft_account_request_framework.data.aws_availability_zones.available",
            "module.aft.module.aft_customizations.aws_iam_role.aft_customizations_get_pipeline_executions_lambda",
            "module.aft.module.aft_customizations.aws_lambda_function.aft_customizations_get_pipeline_executions",
            "module.aft.module.aft_customizations.aws_s3_bucket.aft_codepipeline_customizations_bucket",
            "module.aft.module.aft_customizations.data.aws_caller_identity.current",
            "module.aft.module.aft_lambda_layer.aws_codebuild_project.codebuild",
            "module.aft.module.aft_lambda_layer.aws_iam_role.codebuild",
            "module.aft.module.aft_lambda_layer.aws_iam_role.codebuild_invoker_lambda_role",
            "module.aft.module.aft_lambda_layer.aws_lambda_function.codebuild_invoker",
            "module.aft.module.aft_lambda_layer.aws_lambda_layer_version.layer_version",
            "module.aft.module.aft_lambda_layer.data.aws_lambda_invocation.invoke_codebuild_job",
            "module.aft.module.aft_lambda_layer.data.local_file.aft_lambda_layer",
            "module.aft.module.aft_lambda_layer.random_string.resource_suffix",
            "module.aft.module.packaging.data.archive_file.builder",
            "module.aft.module.packaging.data.archive_file.customizations"
          ]
        }
      ]
    },
    {
      "module": "module.aft.module.aft_ssm_parameters",
      "mode": "managed",
      "type": "aws_ssm_parameter",
      "name": "aft_customizations_identify_targets_function_arn",
      "provider": "module.aft.provider[\"registry.terraform.io/hashicorp/aws\"].aft_management",
      "instances": [
        {
          "schema_version": 0,
          "attributes": {
            "allowed_pattern": "",
            "arn": "arn:aws:ssm:us-east-1:008298205562:parameter/aft/resources/lambda/aft-customizations-identify-targets-function-arn",
            "data_type": "text",
            "description": "",
            "id": "/aft/resources/lambda/aft-customizations-identify-targets-function-arn",
            "key_id": "",
            "name": "/aft/resources/lambda/aft-customizations-identify-targets-function-arn",
            "overwrite": null,
            "tags": {},
            "tags_all": {
              "managed_by": "AFT"
            },
            "tier": "Standard",
            "type": "String",
            "value": "arn:aws:lambda:us-east-1:008298205562:function:aft-customizations-identify-targets",
            "version": 1
          },
          "sensitive_attributes": [],
          "private": "bnVsbA==",
          "dependencies": [
            "module.aft.data.local_file.version",
            "module.aft.module.aft_account_request_framework.aws_kms_key.aft",
            "module.aft.module.aft_account_request_framework.aws_security_group.aft_vpc_default_sg",
            "module.aft.module.aft_account_request_framework.aws_subnet.aft_vpc_private_subnet_01",
            "module.aft.module.aft_account_request_framework.aws_subnet.aft_vpc_private_subnet_02",
            "module.aft.module.aft_account_request_framework.aws_vpc.aft_vpc",
            "module.aft.module.aft_account_request_framework.data.aws_availability_zones.available",
            "module.aft.module.aft_customizations.aws_iam_role.aft_customizations_identify_targets_lambda",
            "module.aft.module.aft_customizations.aws_lambda_function.aft_customizations_identify_targets",
            "module.aft.module.aft_customizations.aws_s3_bucket.aft_codepipeline_customizations_bucket",
            "module.aft.module.aft_customizations.data.aws_caller_identity.current",
            "module.aft.module.aft_lambda_layer.aws_codebuild_project.codebuild",
            "module.aft.module.aft_lambda_layer.aws_iam_role.codebuild",
            "module.aft.module.aft_lambda_layer.aws_iam_role.codebuild_invoker_lambda_role",
            "module.aft.module.aft_lambda_layer.aws_lambda_function.codebuild_invoker",
            "module.aft.module.aft_lambda_layer.aws_lambda_layer_version.layer_version",
            "module.aft.module.aft_lambda_layer.data.aws_lambda_invocation.invoke_codebuild_job",
            "module.aft.module.aft_lambda_layer.data.local_file.aft_lambda_layer",
            "module.aft.module.aft_lambda_layer.random_string.resource_suffix",
            "module.aft.module.packaging.data.archive_file.builder",
            "module.aft.module.packaging.data.archive_file.customizations"
          ]
        }
      ]
    },
    {
      "module": "module.aft.module.aft_ssm_parameters",
      "mode": "managed",
      "type": "aws_ssm_parameter",
      "name": "aft_execution_role_name",
      "provider": "module.aft.provider[\"registry.terraform.io/hashicorp/aws\"].aft_management",
      "instances": [
        {
          "schema_version": 0,
          "attributes": {
            "allowed_pattern": "",
            "arn": "arn:aws:ssm:us-east-1:008298205562:parameter/aft/resources/iam/aft-execution-role-name",
            "data_type": "text",
            "description": "",
            "id": "/aft/resources/iam/aft-execution-role-name",
            "key_id": "",
            "name": "/aft/resources/iam/aft-execution-role-name",
            "overwrite": null,
            "tags": {},
            "tags_all": {
              "managed_by": "AFT"
            },
            "tier": "Standard",
            "type": "String",
            "value": "AWSAFTExecution",
            "version": 1
          },
          "sensitive_attributes": [],
          "private": "bnVsbA=="
        }
      ]
    },
    {
      "module": "module.aft.module.aft_ssm_parameters",
      "mode": "managed",
      "type": "aws_ssm_parameter",
      "name": "aft_failure_sns_topic_arn",
      "provider": "module.aft.provider[\"registry.terraform.io/hashicorp/aws\"].aft_management",
      "instances": [
        {
          "schema_version": 0,
          "attributes": {
            "allowed_pattern": "",
            "arn": "arn:aws:ssm:us-east-1:008298205562:parameter/aft/account/aft-management/sns/failure-topic-arn",
            "data_type": "text",
            "description": "",
            "id": "/aft/account/aft-management/sns/failure-topic-arn",
            "key_id": "",
            "name": "/aft/account/aft-management/sns/failure-topic-arn",
            "overwrite": null,
            "tags": {},
            "tags_all": {
              "managed_by": "AFT"
            },
            "tier": "Standard",
            "type": "String",
            "value": "arn:aws:sns:us-east-1:008298205562:aft-failure-notifications",
            "version": 1
          },
          "sensitive_attributes": [],
          "private": "bnVsbA==",
          "dependencies": [
            "module.aft.module.aft_account_request_framework.aws_sns_topic.aft_failure_notifications"
          ]
        }
      ]
    },
    {
      "module": "module.aft.module.aft_ssm_parameters",
      "mode": "managed",
      "type": "aws_ssm_parameter",
      "name": "aft_feature_cloudtrail_data_events",
      "provider": "module.aft.provider[\"registry.terraform.io/hashicorp/aws\"].aft_management",
      "instances": [
        {
          "schema_version": 0,
          "attributes": {
            "allowed_pattern": "",
            "arn": "arn:aws:ssm:us-east-1:008298205562:parameter/aft/config/feature/cloudtrail-data-events-enabled",
            "data_type": "text",
            "description": "",
            "id": "/aft/config/feature/cloudtrail-data-events-enabled",
            "key_id": "",
            "name": "/aft/config/feature/cloudtrail-data-events-enabled",
            "overwrite": null,
            "tags": {},
            "tags_all": {
              "managed_by": "AFT"
            },
            "tier": "Standard",
            "type": "String",
            "value": "false",
            "version": 1
          },
          "sensitive_attributes": [],
          "private": "bnVsbA=="
        }
      ]
    },
    {
      "module": "module.aft.module.aft_ssm_parameters",
      "mode": "managed",
      "type": "aws_ssm_parameter",
      "name": "aft_feature_delete_default_vpcs_enabled",
      "provider": "module.aft.provider[\"registry.terraform.io/hashicorp/aws\"].aft_management",
      "instances": [
        {
          "schema_version": 0,
          "attributes": {
            "allowed_pattern": "",
            "arn": "arn:aws:ssm:us-east-1:008298205562:parameter/aft/config/feature/delete-default-vpcs-enabled",
            "data_type": "text",
            "description": "",
            "id": "/aft/config/feature/delete-default-vpcs-enabled",
            "key_id": "",
            "name": "/aft/config/feature/delete-default-vpcs-enabled",
            "overwrite": null,
            "tags": {},
            "tags_all": {
              "managed_by": "AFT"
            },
            "tier": "Standard",
            "type": "String",
            "value": "false",
            "version": 1
          },
          "sensitive_attributes": [],
          "private": "bnVsbA=="
        }
      ]
    },
    {
      "module": "module.aft.module.aft_ssm_parameters",
      "mode": "managed",
      "type": "aws_ssm_parameter",
      "name": "aft_feature_enterprise_support",
      "provider": "module.aft.provider[\"registry.terraform.io/hashicorp/aws\"].aft_management",
      "instances": [
        {
          "schema_version": 0,
          "attributes": {
            "allowed_pattern": "",
            "arn": "arn:aws:ssm:us-east-1:008298205562:parameter/aft/config/feature/enterprise-support-enabled",
            "data_type": "text",
            "description": "",
            "id": "/aft/config/feature/enterprise-support-enabled",
            "key_id": "",
            "name": "/aft/config/feature/enterprise-support-enabled",
            "overwrite": null,
            "tags": {},
            "tags_all": {
              "managed_by": "AFT"
            },
            "tier": "Standard",
            "type": "String",
            "value": "false",
            "version": 1
          },
          "sensitive_attributes": [],
          "private": "bnVsbA=="
        }
      ]
    },
    {
      "module": "module.aft.module.aft_ssm_parameters",
      "mode": "managed",
      "type": "aws_ssm_parameter",
      "name": "aft_framework_repo_git_ref",
      "provider": "module.aft.provider[\"registry.terraform.io/hashicorp/aws\"].aft_management",
      "instances": [
        {
          "schema_version": 0,
          "attributes": {
            "allowed_pattern": "",
            "arn": "arn:aws:ssm:us-east-1:008298205562:parameter/aft/config/aft-pipeline-code-source/repo-git-ref",
            "data_type": "text",
            "description": "",
            "id": "/aft/config/aft-pipeline-code-source/repo-git-ref",
            "key_id": "",
            "name": "/aft/config/aft-pipeline-code-source/repo-git-ref",
            "overwrite": null,
            "tags": {},
            "tags_all": {
              "managed_by": "AFT"
            },
            "tier": "Standard",
            "type": "String",
            "value": "main",
            "version": 1
          },
          "sensitive_attributes": [],
          "private": "bnVsbA=="
        }
      ]
    },
    {
      "module": "module.aft.module.aft_ssm_parameters",
      "mode": "managed",
      "type": "aws_ssm_parameter",
      "name": "aft_framework_repo_url",
      "provider": "module.aft.provider[\"registry.terraform.io/hashicorp/aws\"].aft_management",
      "instances": [
        {
          "schema_version": 0,
          "attributes": {
            "allowed_pattern": "",
            "arn": "arn:aws:ssm:us-east-1:008298205562:parameter/aft/config/aft-pipeline-code-source/repo-url",
            "data_type": "text",
            "description": "",
            "id": "/aft/config/aft-pipeline-code-source/repo-url",
            "key_id": "",
            "name": "/aft/config/aft-pipeline-code-source/repo-url",
            "overwrite": null,
            "tags": {},
            "tags_all": {
              "managed_by": "AFT"
            },
            "tier": "Standard",
            "type": "String",
            "value": "https://github.com/aws-ia/terraform-aws-control_tower_account_factory.git",
            "version": 1
          },
          "sensitive_attributes": [],
          "private": "bnVsbA=="
        }
      ]
    },
    {
      "module": "module.aft.module.aft_ssm_parameters",
      "mode": "managed",
      "type": "aws_ssm_parameter",
      "name": "aft_invoke_aft_account_provisioning_framework_lambda_function_name",
      "provider": "module.aft.provider[\"registry.terraform.io/hashicorp/aws\"].aft_management",
      "instances": [
        {
          "schema_version": 0,
          "attributes": {
            "allowed_pattern": "",
            "arn": "arn:aws:ssm:us-east-1:008298205562:parameter/aft/resources/lambda/aft-invoke-aft-account-provisioning-framework",
            "data_type": "text",
            "description": "",
            "id": "/aft/resources/lambda/aft-invoke-aft-account-provisioning-framework",
            "key_id": "",
            "name": "/aft/resources/lambda/aft-invoke-aft-account-provisioning-framework",
            "overwrite": null,
            "tags": {},
            "tags_all": {
              "managed_by": "AFT"
            },
            "tier": "Standard",
            "type": "String",
            "value": "aft-invoke-aft-account-provisioning-framework",
            "version": 1
          },
          "sensitive_attributes": [],
          "private": "bnVsbA==",
          "dependencies": [
            "module.aft.data.local_file.version",
            "module.aft.module.aft_account_request_framework.aws_iam_role.aft_invoke_aft_account_provisioning_framework",
            "module.aft.module.aft_account_request_framework.aws_kms_key.aft",
            "module.aft.module.aft_account_request_framework.aws_lambda_function.aft_invoke_aft_account_provisioning_framework",
            "module.aft.module.aft_account_request_framework.aws_security_group.aft_vpc_default_sg",
            "module.aft.module.aft_account_request_framework.aws_subnet.aft_vpc_private_subnet_01",
            "module.aft.module.aft_account_request_framework.aws_subnet.aft_vpc_private_subnet_02",
            "module.aft.module.aft_account_request_framework.aws_vpc.aft_vpc",
            "module.aft.module.aft_account_request_framework.data.aws_availability_zones.available",
            "module.aft.module.aft_customizations.aws_s3_bucket.aft_codepipeline_customizations_bucket",
            "module.aft.module.aft_customizations.data.aws_caller_identity.current",
            "module.aft.module.aft_lambda_layer.aws_codebuild_project.codebuild",
            "module.aft.module.aft_lambda_layer.aws_iam_role.codebuild",
            "module.aft.module.aft_lambda_layer.aws_iam_role.codebuild_invoker_lambda_role",
            "module.aft.module.aft_lambda_layer.aws_lambda_function.codebuild_invoker",
            "module.aft.module.aft_lambda_layer.aws_lambda_layer_version.layer_version",
            "module.aft.module.aft_lambda_layer.data.aws_lambda_invocation.invoke_codebuild_job",
            "module.aft.module.aft_lambda_layer.data.local_file.aft_lambda_layer",
            "module.aft.module.aft_lambda_layer.random_string.resource_suffix",
            "module.aft.module.packaging.data.archive_file.builder",
            "module.aft.module.packaging.data.archive_file.request_framework"
          ]
        }
      ]
    },
    {
      "module": "module.aft.module.aft_ssm_parameters",
      "mode": "managed",
      "type": "aws_ssm_parameter",
      "name": "aft_log_key_arn",
      "provider": "module.aft.provider[\"registry.terraform.io/hashicorp/aws\"].aft_management",
      "instances": [
        {
          "schema_version": 0,
          "attributes": {
            "allowed_pattern": "",
            "arn": "arn:aws:ssm:us-east-1:008298205562:parameter/aft/account/log-archive/kms_key_arn",
            "data_type": "text",
            "description": "",
            "id": "/aft/account/log-archive/kms_key_arn",
            "key_id": "",
            "name": "/aft/account/log-archive/kms_key_arn",
            "overwrite": null,
            "tags": {},
            "tags_all": {
              "managed_by": "AFT"
            },
            "tier": "Standard",
            "type": "String",
            "value": "arn:aws:kms:us-east-1:783502679574:key/a9a8373d-7b2f-40b4-9ae5-af964b1c98a9",
            "version": 1
          },
          "sensitive_attributes": [],
          "private": "bnVsbA==",
          "dependencies": [
            "module.aft.module.aft_feature_options.aws_kms_key.aft_log_key"
          ]
        }
      ]
    },
    {
      "module": "module.aft.module.aft_ssm_parameters",
      "mode": "managed",
      "type": "aws_ssm_parameter",
      "name": "aft_logging_bucket_arn",
      "provider": "module.aft.provider[\"registry.terraform.io/hashicorp/aws\"].aft_management",
      "instances": [
        {
          "schema_version": 0,
          "attributes": {
            "allowed_pattern": "",
            "arn": "arn:aws:ssm:us-east-1:008298205562:parameter/aft/account/log-archive/log_bucket_arn",
            "data_type": "text",
            "description": "",
            "id": "/aft/account/log-archive/log_bucket_arn",
            "key_id": "",
            "name": "/aft/account/log-archive/log_bucket_arn",
            "overwrite": null,
            "tags": {},
            "tags_all": {
              "managed_by": "AFT"
            },
            "tier": "Standard",
            "type": "String",
            "value": "arn:aws:s3:::aws-aft-logs-783502679574-us-east-1",
            "version": 1
          },
          "sensitive_attributes": [],
          "private": "bnVsbA==",
          "dependencies": [
            "module.aft.module.aft_feature_options.aws_kms_key.aft_log_key",
            "module.aft.module.aft_feature_options.aws_s3_bucket.aft_access_logs",
            "module.aft.module.aft_feature_options.aws_s3_bucket.aft_logging_bucket",
            "module.aft.module.aft_feature_options.data.aws_region.current"
          ]
        }
      ]
    },
    {
      "module": "module.aft.module.aft_ssm_parameters",
      "mode": "managed",
      "type": "aws_ssm_parameter",
      "name": "aft_management_account_id",
      "provider": "module.aft.provider[\"registry.terraform.io/hashicorp/aws\"].aft_management",
      "instances": [
        {
          "schema_version": 0,
          "attributes": {
            "allowed_pattern": "",
            "arn": "arn:aws:ssm:us-east-1:008298205562:parameter/aft/account/aft-management/account-id",
            "data_type": "text",
            "description": "",
            "id": "/aft/account/aft-management/account-id",
            "key_id": "",
            "name": "/aft/account/aft-management/account-id",
            "overwrite": null,
            "tags": {},
            "tags_all": {
              "managed_by": "AFT"
            },
            "tier": "Standard",
            "type": "String",
            "value": "008298205562",
            "version": 1
          },
          "sensitive_attributes": [],
          "private": "bnVsbA=="
        }
      ]
    },
    {
      "module": "module.aft.module.aft_ssm_parameters",
      "mode": "managed",
      "type": "aws_ssm_parameter",
      "name": "aft_maximum_concurrent_customizations",
      "provider": "module.aft.provider[\"registry.terraform.io/hashicorp/aws\"].aft_management",
      "instances": [
        {
          "schema_version": 0,
          "attributes": {
            "allowed_pattern": "",
            "arn": "arn:aws:ssm:us-east-1:008298205562:parameter/aft/config/customizations/maximum_concurrent_customizations",
            "data_type": "text",
            "description": "",
            "id": "/aft/config/customizations/maximum_concurrent_customizations",
            "key_id": "",
            "name": "/aft/config/customizations/maximum_concurrent_customizations",
            "overwrite": null,
            "tags": {},
            "tags_all": {
              "managed_by": "AFT"
            },
            "tier": "Standard",
            "type": "String",
            "value": "5",
            "version": 1
          },
          "sensitive_attributes": [],
          "private": "bnVsbA=="
        }
      ]
    },
    {
      "module": "module.aft.module.aft_ssm_parameters",
      "mode": "managed",
      "type": "aws_ssm_parameter",
      "name": "aft_request_action_trigger_function_arn",
      "provider": "module.aft.provider[\"registry.terraform.io/hashicorp/aws\"].aft_management",
      "instances": [
        {
          "schema_version": 0,
          "attributes": {
            "allowed_pattern": "",
            "arn": "arn:aws:ssm:us-east-1:008298205562:parameter/aft/resources/lambda/aft-account-request-action-trigger-function-arn",
            "data_type": "text",
            "description": "",
            "id": "/aft/resources/lambda/aft-account-request-action-trigger-function-arn",
            "key_id": "",
            "name": "/aft/resources/lambda/aft-account-request-action-trigger-function-arn",
            "overwrite": null,
            "tags": {},
            "tags_all": {
              "managed_by": "AFT"
            },
            "tier": "Standard",
            "type": "String",
            "value": "arn:aws:lambda:us-east-1:008298205562:function:aft-account-request-action-trigger",
            "version": 1
          },
          "sensitive_attributes": [],
          "private": "bnVsbA==",
          "dependencies": [
            "module.aft.data.local_file.version",
            "module.aft.module.aft_account_request_framework.aws_iam_role.aft_account_request_action_trigger",
            "module.aft.module.aft_account_request_framework.aws_kms_key.aft",
            "module.aft.module.aft_account_request_framework.aws_lambda_function.aft_account_request_action_trigger",
            "module.aft.module.aft_account_request_framework.aws_security_group.aft_vpc_default_sg",
            "module.aft.module.aft_account_request_framework.aws_subnet.aft_vpc_private_subnet_01",
            "module.aft.module.aft_account_request_framework.aws_subnet.aft_vpc_private_subnet_02",
            "module.aft.module.aft_account_request_framework.aws_vpc.aft_vpc",
            "module.aft.module.aft_account_request_framework.data.aws_availability_zones.available",
            "module.aft.module.aft_customizations.aws_s3_bucket.aft_codepipeline_customizations_bucket",
            "module.aft.module.aft_customizations.data.aws_caller_identity.current",
            "module.aft.module.aft_lambda_layer.aws_codebuild_project.codebuild",
            "module.aft.module.aft_lambda_layer.aws_iam_role.codebuild",
            "module.aft.module.aft_lambda_layer.aws_iam_role.codebuild_invoker_lambda_role",
            "module.aft.module.aft_lambda_layer.aws_lambda_function.codebuild_invoker",
            "module.aft.module.aft_lambda_layer.aws_lambda_layer_version.layer_version",
            "module.aft.module.aft_lambda_layer.data.aws_lambda_invocation.invoke_codebuild_job",
            "module.aft.module.aft_lambda_layer.data.local_file.aft_lambda_layer",
            "module.aft.module.aft_lambda_layer.random_string.resource_suffix",
            "module.aft.module.packaging.data.archive_file.builder",
            "module.aft.module.packaging.data.archive_file.request_framework"
          ]
        }
      ]
    },
    {
      "module": "module.aft.module.aft_ssm_parameters",
      "mode": "managed",
      "type": "aws_ssm_parameter",
      "name": "aft_request_audit_table_name",
      "provider": "module.aft.provider[\"registry.terraform.io/hashicorp/aws\"].aft_management",
      "instances": [
        {
          "schema_version": 0,
          "attributes": {
            "allowed_pattern": "",
            "arn": "arn:aws:ssm:us-east-1:008298205562:parameter/aft/resources/ddb/aft-request-audit-table-name",
            "data_type": "text",
            "description": "",
            "id": "/aft/resources/ddb/aft-request-audit-table-name",
            "key_id": "",
            "name": "/aft/resources/ddb/aft-request-audit-table-name",
            "overwrite": null,
            "tags": {},
            "tags_all": {
              "managed_by": "AFT"
            },
            "tier": "Standard",
            "type": "String",
            "value": "aft-request-audit",
            "version": 1
          },
          "sensitive_attributes": [],
          "private": "bnVsbA==",
          "dependencies": [
            "module.aft.module.aft_account_request_framework.aws_dynamodb_table.aft_request_audit",
            "module.aft.module.aft_account_request_framework.aws_kms_key.aft"
          ]
        }
      ]
    },
    {
      "module": "module.aft.module.aft_ssm_parameters",
      "mode": "managed",
      "type": "aws_ssm_parameter",
      "name": "aft_request_metadata_table_name",
      "provider": "module.aft.provider[\"registry.terraform.io/hashicorp/aws\"].aft_management",
      "instances": [
        {
          "schema_version": 0,
          "attributes": {
            "allowed_pattern": "",
            "arn": "arn:aws:ssm:us-east-1:008298205562:parameter/aft/resources/ddb/aft-request-metadata-table-name",
            "data_type": "text",
            "description": "",
            "id": "/aft/resources/ddb/aft-request-metadata-table-name",
            "key_id": "",
            "name": "/aft/resources/ddb/aft-request-metadata-table-name",
            "overwrite": null,
            "tags": {},
            "tags_all": {
              "managed_by": "AFT"
            },
            "tier": "Standard",
            "type": "String",
            "value": "aft-request-metadata",
            "version": 1
          },
          "sensitive_attributes": [],
          "private": "bnVsbA==",
          "dependencies": [
            "module.aft.module.aft_account_request_framework.aws_dynamodb_table.aft_request_metadata",
            "module.aft.module.aft_account_request_framework.aws_kms_key.aft"
          ]
        }
      ]
    },
    {
      "module": "module.aft.module.aft_ssm_parameters",
      "mode": "managed",
      "type": "aws_ssm_parameter",
      "name": "aft_request_queue_name",
      "provider": "module.aft.provider[\"registry.terraform.io/hashicorp/aws\"].aft_management",
      "instances": [
        {
          "schema_version": 0,
          "attributes": {
            "allowed_pattern": "",
            "arn": "arn:aws:ssm:us-east-1:008298205562:parameter/aft/resources/sqs/aft-request-queue-name",
            "data_type": "text",
            "description": "",
            "id": "/aft/resources/sqs/aft-request-queue-name",
            "key_id": "",
            "name": "/aft/resources/sqs/aft-request-queue-name",
            "overwrite": null,
            "tags": {},
            "tags_all": {
              "managed_by": "AFT"
            },
            "tier": "Standard",
            "type": "String",
            "value": "aft-account-request.fifo",
            "version": 1
          },
          "sensitive_attributes": [],
          "private": "bnVsbA==",
          "dependencies": [
            "module.aft.module.aft_account_request_framework.aws_kms_alias.aft",
            "module.aft.module.aft_account_request_framework.aws_kms_key.aft",
            "module.aft.module.aft_account_request_framework.aws_sqs_queue.aft_account_request",
            "module.aft.module.aft_account_request_framework.aws_sqs_queue.aft_account_request_dlq"
          ]
        }
      ]
    },
    {
      "module": "module.aft.module.aft_ssm_parameters",
      "mode": "managed",
      "type": "aws_ssm_parameter",
      "name": "aft_request_table_name",
      "provider": "module.aft.provider[\"registry.terraform.io/hashicorp/aws\"].aft_management",
      "instances": [
        {
          "schema_version": 0,
          "attributes": {
            "allowed_pattern": "",
            "arn": "arn:aws:ssm:us-east-1:008298205562:parameter/aft/resources/ddb/aft-request-table-name",
            "data_type": "text",
            "description": "",
            "id": "/aft/resources/ddb/aft-request-table-name",
            "key_id": "",
            "name": "/aft/resources/ddb/aft-request-table-name",
            "overwrite": null,
            "tags": {},
            "tags_all": {
              "managed_by": "AFT"
            },
            "tier": "Standard",
            "type": "String",
            "value": "aft-request",
            "version": 1
          },
          "sensitive_attributes": [],
          "private": "bnVsbA==",
          "dependencies": [
            "module.aft.module.aft_account_request_framework.aws_dynamodb_table.aft_request",
            "module.aft.module.aft_account_request_framework.aws_kms_key.aft"
          ]
        }
      ]
    },
    {
      "module": "module.aft.module.aft_ssm_parameters",
      "mode": "managed",
      "type": "aws_ssm_parameter",
      "name": "aft_session_name",
      "provider": "module.aft.provider[\"registry.terraform.io/hashicorp/aws\"].aft_management",
      "instances": [
        {
          "schema_version": 0,
          "attributes": {
            "allowed_pattern": "",
            "arn": "arn:aws:ssm:us-east-1:008298205562:parameter/aft/resources/iam/aft-session-name",
            "data_type": "text",
            "description": "",
            "id": "/aft/resources/iam/aft-session-name",
            "key_id": "",
            "name": "/aft/resources/iam/aft-session-name",
            "overwrite": null,
            "tags": {},
            "tags_all": {
              "managed_by": "AFT"
            },
            "tier": "Standard",
            "type": "String",
            "value": "AWSAFT-Session",
            "version": 1
          },
          "sensitive_attributes": [],
          "private": "bnVsbA=="
        }
      ]
    },
    {
      "module": "module.aft.module.aft_ssm_parameters",
      "mode": "managed",
      "type": "aws_ssm_parameter",
      "name": "aft_sns_topic_arn",
      "provider": "module.aft.provider[\"registry.terraform.io/hashicorp/aws\"].aft_management",
      "instances": [
        {
          "schema_version": 0,
          "attributes": {
            "allowed_pattern": "",
            "arn": "arn:aws:ssm:us-east-1:008298205562:parameter/aft/account/aft-management/sns/topic-arn",
            "data_type": "text",
            "description": "",
            "id": "/aft/account/aft-management/sns/topic-arn",
            "key_id": "",
            "name": "/aft/account/aft-management/sns/topic-arn",
            "overwrite": null,
            "tags": {},
            "tags_all": {
              "managed_by": "AFT"
            },
            "tier": "Standard",
            "type": "String",
            "value": "arn:aws:sns:us-east-1:008298205562:aft-notifications",
            "version": 1
          },
          "sensitive_attributes": [],
          "private": "bnVsbA==",
          "dependencies": [
            "module.aft.module.aft_account_request_framework.aws_sns_topic.aft_notifications"
          ]
        }
      ]
    },
    {
      "module": "module.aft.module.aft_ssm_parameters",
      "mode": "managed",
      "type": "aws_ssm_parameter",
      "name": "aft_version",
      "provider": "module.aft.provider[\"registry.terraform.io/hashicorp/aws\"].aft_management",
      "instances": [
        {
          "schema_version": 0,
          "attributes": {
            "allowed_pattern": "",
            "arn": "arn:aws:ssm:us-east-1:008298205562:parameter/aft/config/aft/version",
            "data_type": "text",
            "description": "",
            "id": "/aft/config/aft/version",
            "key_id": "",
            "name": "/aft/config/aft/version",
            "overwrite": null,
            "tags": {},
            "tags_all": {
              "managed_by": "AFT"
            },
            "tier": "Standard",
            "type": "String",
            "value": "1.3.5",
            "version": 1
          },
          "sensitive_attributes": [],
          "private": "bnVsbA==",
          "dependencies": [
            "module.aft.data.local_file.version"
          ]
        }
      ]
    },
    {
      "module": "module.aft.module.aft_ssm_parameters",
      "mode": "managed",
      "type": "aws_ssm_parameter",
      "name": "codestar_connection_arn",
      "provider": "module.aft.provider[\"registry.terraform.io/hashicorp/aws\"].aft_management",
      "instances": [
        {
          "schema_version": 0,
          "attributes": {
            "allowed_pattern": "",
            "arn": "arn:aws:ssm:us-east-1:008298205562:parameter/aft/config/vcs/codestar-connection-arn",
            "data_type": "text",
            "description": "",
            "id": "/aft/config/vcs/codestar-connection-arn",
            "key_id": "",
            "name": "/aft/config/vcs/codestar-connection-arn",
            "overwrite": null,
            "tags": {},
            "tags_all": {
              "managed_by": "AFT"
            },
            "tier": "Standard",
            "type": "String",
            "value": "arn:aws:codestar-connections:us-east-1:008298205562:connection/55839dda-645c-46c6-9953-f433bde8ecd9",
            "version": 1
          },
          "sensitive_attributes": [],
          "private": "bnVsbA==",
          "dependencies": [
            "module.aft.module.aft_account_request_framework.aws_security_group.aft_vpc_default_sg",
            "module.aft.module.aft_account_request_framework.aws_subnet.aft_vpc_private_subnet_01",
            "module.aft.module.aft_account_request_framework.aws_subnet.aft_vpc_private_subnet_02",
            "module.aft.module.aft_account_request_framework.aws_vpc.aft_vpc",
            "module.aft.module.aft_account_request_framework.data.aws_availability_zones.available",
            "module.aft.module.aft_code_repositories.aws_codestarconnections_connection.bitbucket",
            "module.aft.module.aft_code_repositories.aws_codestarconnections_connection.github",
            "module.aft.module.aft_code_repositories.aws_codestarconnections_connection.githubenterprise",
            "module.aft.module.aft_code_repositories.aws_codestarconnections_host.githubenterprise"
          ]
        }
      ]
    },
    {
      "module": "module.aft.module.aft_ssm_parameters",
      "mode": "managed",
      "type": "aws_ssm_parameter",
      "name": "control_tower_event_logger_function_arn",
      "provider": "module.aft.provider[\"registry.terraform.io/hashicorp/aws\"].aft_management",
      "instances": [
        {
          "schema_version": 0,
          "attributes": {
            "allowed_pattern": "",
            "arn": "arn:aws:ssm:us-east-1:008298205562:parameter/aft/resources/lambda/aft-controltower-event-logger-function-arn",
            "data_type": "text",
            "description": "",
            "id": "/aft/resources/lambda/aft-controltower-event-logger-function-arn",
            "key_id": "",
            "name": "/aft/resources/lambda/aft-controltower-event-logger-function-arn",
            "overwrite": null,
            "tags": {},
            "tags_all": {
              "managed_by": "AFT"
            },
            "tier": "Standard",
            "type": "String",
            "value": "arn:aws:lambda:us-east-1:008298205562:function:aft-controltower-event-logger",
            "version": 1
          },
          "sensitive_attributes": [],
          "private": "bnVsbA==",
          "dependencies": [
            "module.aft.data.local_file.version",
            "module.aft.module.aft_account_request_framework.aws_iam_role.aft_controltower_event_logger",
            "module.aft.module.aft_account_request_framework.aws_kms_key.aft",
            "module.aft.module.aft_account_request_framework.aws_lambda_function.aft_controltower_event_logger",
            "module.aft.module.aft_account_request_framework.aws_security_group.aft_vpc_default_sg",
            "module.aft.module.aft_account_request_framework.aws_subnet.aft_vpc_private_subnet_01",
            "module.aft.module.aft_account_request_framework.aws_subnet.aft_vpc_private_subnet_02",
            "module.aft.module.aft_account_request_framework.aws_vpc.aft_vpc",
            "module.aft.module.aft_account_request_framework.data.aws_availability_zones.available",
            "module.aft.module.aft_customizations.aws_s3_bucket.aft_codepipeline_customizations_bucket",
            "module.aft.module.aft_customizations.data.aws_caller_identity.current",
            "module.aft.module.aft_lambda_layer.aws_codebuild_project.codebuild",
            "module.aft.module.aft_lambda_layer.aws_iam_role.codebuild",
            "module.aft.module.aft_lambda_layer.aws_iam_role.codebuild_invoker_lambda_role",
            "module.aft.module.aft_lambda_layer.aws_lambda_function.codebuild_invoker",
            "module.aft.module.aft_lambda_layer.aws_lambda_layer_version.layer_version",
            "module.aft.module.aft_lambda_layer.data.aws_lambda_invocation.invoke_codebuild_job",
            "module.aft.module.aft_lambda_layer.data.local_file.aft_lambda_layer",
            "module.aft.module.aft_lambda_layer.random_string.resource_suffix",
            "module.aft.module.packaging.data.archive_file.builder",
            "module.aft.module.packaging.data.archive_file.request_framework"
          ]
        }
      ]
    },
    {
      "module": "module.aft.module.aft_ssm_parameters",
      "mode": "managed",
      "type": "aws_ssm_parameter",
      "name": "create_role_function_arn",
      "provider": "module.aft.provider[\"registry.terraform.io/hashicorp/aws\"].aft_management",
      "instances": [
        {
          "schema_version": 0,
          "attributes": {
            "allowed_pattern": "",
            "arn": "arn:aws:ssm:us-east-1:008298205562:parameter/aft/resources/lambda/aft-account-provisioning-framework-create-role-function-arn",
            "data_type": "text",
            "description": "",
            "id": "/aft/resources/lambda/aft-account-provisioning-framework-create-role-function-arn",
            "key_id": "",
            "name": "/aft/resources/lambda/aft-account-provisioning-framework-create-role-function-arn",
            "overwrite": null,
            "tags": {},
            "tags_all": {
              "managed_by": "AFT"
            },
            "tier": "Standard",
            "type": "String",
            "value": "arn:aws:lambda:us-east-1:008298205562:function:aft-account-provisioning-framework-create-aft-execution-role",
            "version": 1
          },
          "sensitive_attributes": [],
          "private": "bnVsbA==",
          "dependencies": [
            "module.aft.data.local_file.version",
            "module.aft.module.aft_account_provisioning_framework.aws_iam_role.aft_lambda_aft_account_provisioning_framework_create_role",
            "module.aft.module.aft_account_provisioning_framework.aws_lambda_function.create_role",
            "module.aft.module.aft_account_request_framework.aws_kms_key.aft",
            "module.aft.module.aft_account_request_framework.aws_security_group.aft_vpc_default_sg",
            "module.aft.module.aft_account_request_framework.aws_subnet.aft_vpc_private_subnet_01",
            "module.aft.module.aft_account_request_framework.aws_subnet.aft_vpc_private_subnet_02",
            "module.aft.module.aft_account_request_framework.aws_vpc.aft_vpc",
            "module.aft.module.aft_account_request_framework.data.aws_availability_zones.available",
            "module.aft.module.aft_customizations.aws_s3_bucket.aft_codepipeline_customizations_bucket",
            "module.aft.module.aft_customizations.data.aws_caller_identity.current",
            "module.aft.module.aft_lambda_layer.aws_codebuild_project.codebuild",
            "module.aft.module.aft_lambda_layer.aws_iam_role.codebuild",
            "module.aft.module.aft_lambda_layer.aws_iam_role.codebuild_invoker_lambda_role",
            "module.aft.module.aft_lambda_layer.aws_lambda_function.codebuild_invoker",
            "module.aft.module.aft_lambda_layer.aws_lambda_layer_version.layer_version",
            "module.aft.module.aft_lambda_layer.data.aws_lambda_invocation.invoke_codebuild_job",
            "module.aft.module.aft_lambda_layer.data.local_file.aft_lambda_layer",
            "module.aft.module.aft_lambda_layer.random_string.resource_suffix",
            "module.aft.module.packaging.data.archive_file.builder",
            "module.aft.module.packaging.data.archive_file.provisioning_framework"
          ]
        }
      ]
    },
    {
      "module": "module.aft.module.aft_ssm_parameters",
      "mode": "managed",
      "type": "aws_ssm_parameter",
      "name": "ct_audit_account_id",
      "provider": "module.aft.provider[\"registry.terraform.io/hashicorp/aws\"].aft_management",
      "instances": [
        {
          "schema_version": 0,
          "attributes": {
            "allowed_pattern": "",
            "arn": "arn:aws:ssm:us-east-1:008298205562:parameter/aft/account/audit/account-id",
            "data_type": "text",
            "description": "",
            "id": "/aft/account/audit/account-id",
            "key_id": "",
            "name": "/aft/account/audit/account-id",
            "overwrite": null,
            "tags": {},
            "tags_all": {
              "managed_by": "AFT"
            },
            "tier": "Standard",
            "type": "String",
            "value": "992975496427",
            "version": 1
          },
          "sensitive_attributes": [],
          "private": "bnVsbA=="
        }
      ]
    },
    {
      "module": "module.aft.module.aft_ssm_parameters",
      "mode": "managed",
      "type": "aws_ssm_parameter",
      "name": "ct_log_archive_account_id",
      "provider": "module.aft.provider[\"registry.terraform.io/hashicorp/aws\"].aft_management",
      "instances": [
        {
          "schema_version": 0,
          "attributes": {
            "allowed_pattern": "",
            "arn": "arn:aws:ssm:us-east-1:008298205562:parameter/aft/account/log-archive/account-id",
            "data_type": "text",
            "description": "",
            "id": "/aft/account/log-archive/account-id",
            "key_id": "",
            "name": "/aft/account/log-archive/account-id",
            "overwrite": null,
            "tags": {},
            "tags_all": {
              "managed_by": "AFT"
            },
            "tier": "Standard",
            "type": "String",
            "value": "783502679574",
            "version": 1
          },
          "sensitive_attributes": [],
          "private": "bnVsbA=="
        }
      ]
    },
    {
      "module": "module.aft.module.aft_ssm_parameters",
      "mode": "managed",
      "type": "aws_ssm_parameter",
      "name": "ct_management_account_id",
      "provider": "module.aft.provider[\"registry.terraform.io/hashicorp/aws\"].aft_management",
      "instances": [
        {
          "schema_version": 0,
          "attributes": {
            "allowed_pattern": "",
            "arn": "arn:aws:ssm:us-east-1:008298205562:parameter/aft/account/ct-management/account-id",
            "data_type": "text",
            "description": "",
            "id": "/aft/account/ct-management/account-id",
            "key_id": "",
            "name": "/aft/account/ct-management/account-id",
            "overwrite": null,
            "tags": {},
            "tags_all": {
              "managed_by": "AFT"
            },
            "tier": "Standard",
            "type": "String",
            "value": "566377303192",
            "version": 1
          },
          "sensitive_attributes": [],
          "private": "bnVsbA=="
        }
      ]
    },
    {
      "module": "module.aft.module.aft_ssm_parameters",
      "mode": "managed",
      "type": "aws_ssm_parameter",
      "name": "ct_primary_region",
      "provider": "module.aft.provider[\"registry.terraform.io/hashicorp/aws\"].aft_management",
      "instances": [
        {
          "schema_version": 0,
          "attributes": {
            "allowed_pattern": "",
            "arn": "arn:aws:ssm:us-east-1:008298205562:parameter/aft/config/ct-management-region",
            "data_type": "text",
            "description": "",
            "id": "/aft/config/ct-management-region",
            "key_id": "",
            "name": "/aft/config/ct-management-region",
            "overwrite": null,
            "tags": {},
            "tags_all": {
              "managed_by": "AFT"
            },
            "tier": "Standard",
            "type": "String",
            "value": "us-east-1",
            "version": 1
          },
          "sensitive_attributes": [],
          "private": "bnVsbA=="
        }
      ]
    },
    {
      "module": "module.aft.module.aft_ssm_parameters",
      "mode": "managed",
      "type": "aws_ssm_parameter",
      "name": "get_account_info_function_arn",
      "provider": "module.aft.provider[\"registry.terraform.io/hashicorp/aws\"].aft_management",
      "instances": [
        {
          "schema_version": 0,
          "attributes": {
            "allowed_pattern": "",
            "arn": "arn:aws:ssm:us-east-1:008298205562:parameter/aft/resources/lambda/aft-account-provisioning-framework-get-account-info-function-arn",
            "data_type": "text",
            "description": "",
            "id": "/aft/resources/lambda/aft-account-provisioning-framework-get-account-info-function-arn",
            "key_id": "",
            "name": "/aft/resources/lambda/aft-account-provisioning-framework-get-account-info-function-arn",
            "overwrite": null,
            "tags": {},
            "tags_all": {
              "managed_by": "AFT"
            },
            "tier": "Standard",
            "type": "String",
            "value": "arn:aws:lambda:us-east-1:008298205562:function:aft-account-provisioning-framework-get-account-info",
            "version": 1
          },
          "sensitive_attributes": [],
          "private": "bnVsbA==",
          "dependencies": [
            "module.aft.data.local_file.version",
            "module.aft.module.aft_account_provisioning_framework.aws_iam_role.aft_lambda_aft_account_provisioning_framework_get_account_info",
            "module.aft.module.aft_account_provisioning_framework.aws_lambda_function.get_account_info",
            "module.aft.module.aft_account_request_framework.aws_kms_key.aft",
            "module.aft.module.aft_account_request_framework.aws_security_group.aft_vpc_default_sg",
            "module.aft.module.aft_account_request_framework.aws_subnet.aft_vpc_private_subnet_01",
            "module.aft.module.aft_account_request_framework.aws_subnet.aft_vpc_private_subnet_02",
            "module.aft.module.aft_account_request_framework.aws_vpc.aft_vpc",
            "module.aft.module.aft_account_request_framework.data.aws_availability_zones.available",
            "module.aft.module.aft_customizations.aws_s3_bucket.aft_codepipeline_customizations_bucket",
            "module.aft.module.aft_customizations.data.aws_caller_identity.current",
            "module.aft.module.aft_lambda_layer.aws_codebuild_project.codebuild",
            "module.aft.module.aft_lambda_layer.aws_iam_role.codebuild",
            "module.aft.module.aft_lambda_layer.aws_iam_role.codebuild_invoker_lambda_role",
            "module.aft.module.aft_lambda_layer.aws_lambda_function.codebuild_invoker",
            "module.aft.module.aft_lambda_layer.aws_lambda_layer_version.layer_version",
            "module.aft.module.aft_lambda_layer.data.aws_lambda_invocation.invoke_codebuild_job",
            "module.aft.module.aft_lambda_layer.data.local_file.aft_lambda_layer",
            "module.aft.module.aft_lambda_layer.random_string.resource_suffix",
            "module.aft.module.packaging.data.archive_file.builder",
            "module.aft.module.packaging.data.archive_file.provisioning_framework"
          ]
        }
      ]
    },
    {
      "module": "module.aft.module.aft_ssm_parameters",
      "mode": "managed",
      "type": "aws_ssm_parameter",
      "name": "github_enterprise_url",
      "provider": "module.aft.provider[\"registry.terraform.io/hashicorp/aws\"].aft_management",
      "instances": [
        {
          "schema_version": 0,
          "attributes": {
            "allowed_pattern": "",
            "arn": "arn:aws:ssm:us-east-1:008298205562:parameter/aft/config/vcs/github-enterprise-url",
            "data_type": "text",
            "description": "",
            "id": "/aft/config/vcs/github-enterprise-url",
            "key_id": "",
            "name": "/aft/config/vcs/github-enterprise-url",
            "overwrite": null,
            "tags": {},
            "tags_all": {
              "managed_by": "AFT"
            },
            "tier": "Standard",
            "type": "String",
            "value": "null",
            "version": 1
          },
          "sensitive_attributes": [],
          "private": "bnVsbA=="
        }
      ]
    },
    {
      "module": "module.aft.module.aft_ssm_parameters",
      "mode": "managed",
      "type": "aws_ssm_parameter",
      "name": "global_customizations_repo_branch",
      "provider": "module.aft.provider[\"registry.terraform.io/hashicorp/aws\"].aft_management",
      "instances": [
        {
          "schema_version": 0,
          "attributes": {
            "allowed_pattern": "",
            "arn": "arn:aws:ssm:us-east-1:008298205562:parameter/aft/config/global-customizations/repo-branch",
            "data_type": "text",
            "description": "",
            "id": "/aft/config/global-customizations/repo-branch",
            "key_id": "",
            "name": "/aft/config/global-customizations/repo-branch",
            "overwrite": null,
            "tags": {},
            "tags_all": {
              "managed_by": "AFT"
            },
            "tier": "Standard",
            "type": "String",
            "value": "main",
            "version": 1
          },
          "sensitive_attributes": [],
          "private": "bnVsbA=="
        }
      ]
    },
    {
      "module": "module.aft.module.aft_ssm_parameters",
      "mode": "managed",
      "type": "aws_ssm_parameter",
      "name": "global_customizations_repo_name",
      "provider": "module.aft.provider[\"registry.terraform.io/hashicorp/aws\"].aft_management",
      "instances": [
        {
          "schema_version": 0,
          "attributes": {
            "allowed_pattern": "",
            "arn": "arn:aws:ssm:us-east-1:008298205562:parameter/aft/config/global-customizations/repo-name",
            "data_type": "text",
            "description": "",
            "id": "/aft/config/global-customizations/repo-name",
            "key_id": "",
            "name": "/aft/config/global-customizations/repo-name",
            "overwrite": null,
            "tags": {},
            "tags_all": {
              "managed_by": "AFT"
            },
            "tier": "Standard",
            "type": "String",
            "value": "jayaprakashnarayana/learn-terraform-aft-global-customizations",
            "version": 1
          },
          "sensitive_attributes": [],
          "private": "bnVsbA=="
        }
      ]
    },
    {
      "module": "module.aft.module.aft_ssm_parameters",
      "mode": "managed",
      "type": "aws_ssm_parameter",
      "name": "invoke_aft_account_provisioning_framework_function_arn",
      "provider": "module.aft.provider[\"registry.terraform.io/hashicorp/aws\"].aft_management",
      "instances": [
        {
          "schema_version": 0,
          "attributes": {
            "allowed_pattern": "",
            "arn": "arn:aws:ssm:us-east-1:008298205562:parameter/aft/resources/lambda/aft-invoke-aft-account-provisioning-framework-function-arn",
            "data_type": "text",
            "description": "",
            "id": "/aft/resources/lambda/aft-invoke-aft-account-provisioning-framework-function-arn",
            "key_id": "",
            "name": "/aft/resources/lambda/aft-invoke-aft-account-provisioning-framework-function-arn",
            "overwrite": null,
            "tags": {},
            "tags_all": {
              "managed_by": "AFT"
            },
            "tier": "Standard",
            "type": "String",
            "value": "arn:aws:lambda:us-east-1:008298205562:function:aft-invoke-aft-account-provisioning-framework",
            "version": 1
          },
          "sensitive_attributes": [],
          "private": "bnVsbA==",
          "dependencies": [
            "module.aft.data.local_file.version",
            "module.aft.module.aft_account_request_framework.aws_iam_role.aft_invoke_aft_account_provisioning_framework",
            "module.aft.module.aft_account_request_framework.aws_kms_key.aft",
            "module.aft.module.aft_account_request_framework.aws_lambda_function.aft_invoke_aft_account_provisioning_framework",
            "module.aft.module.aft_account_request_framework.aws_security_group.aft_vpc_default_sg",
            "module.aft.module.aft_account_request_framework.aws_subnet.aft_vpc_private_subnet_01",
            "module.aft.module.aft_account_request_framework.aws_subnet.aft_vpc_private_subnet_02",
            "module.aft.module.aft_account_request_framework.aws_vpc.aft_vpc",
            "module.aft.module.aft_account_request_framework.data.aws_availability_zones.available",
            "module.aft.module.aft_customizations.aws_s3_bucket.aft_codepipeline_customizations_bucket",
            "module.aft.module.aft_customizations.data.aws_caller_identity.current",
            "module.aft.module.aft_lambda_layer.aws_codebuild_project.codebuild",
            "module.aft.module.aft_lambda_layer.aws_iam_role.codebuild",
            "module.aft.module.aft_lambda_layer.aws_iam_role.codebuild_invoker_lambda_role",
            "module.aft.module.aft_lambda_layer.aws_lambda_function.codebuild_invoker",
            "module.aft.module.aft_lambda_layer.aws_lambda_layer_version.layer_version",
            "module.aft.module.aft_lambda_layer.data.aws_lambda_invocation.invoke_codebuild_job",
            "module.aft.module.aft_lambda_layer.data.local_file.aft_lambda_layer",
            "module.aft.module.aft_lambda_layer.random_string.resource_suffix",
            "module.aft.module.packaging.data.archive_file.builder",
            "module.aft.module.packaging.data.archive_file.request_framework"
          ]
        }
      ]
    },
    {
      "module": "module.aft.module.aft_ssm_parameters",
      "mode": "managed",
      "type": "aws_ssm_parameter",
      "name": "persist_metadata_function_arn",
      "provider": "module.aft.provider[\"registry.terraform.io/hashicorp/aws\"].aft_management",
      "instances": [
        {
          "schema_version": 0,
          "attributes": {
            "allowed_pattern": "",
            "arn": "arn:aws:ssm:us-east-1:008298205562:parameter/aft/resources/lambda/aft-account-provisioning-framework-persist-metadata-function-arn",
            "data_type": "text",
            "description": "",
            "id": "/aft/resources/lambda/aft-account-provisioning-framework-persist-metadata-function-arn",
            "key_id": "",
            "name": "/aft/resources/lambda/aft-account-provisioning-framework-persist-metadata-function-arn",
            "overwrite": null,
            "tags": {},
            "tags_all": {
              "managed_by": "AFT"
            },
            "tier": "Standard",
            "type": "String",
            "value": "arn:aws:lambda:us-east-1:008298205562:function:aft-account-provisioning-framework-persist-metadata",
            "version": 1
          },
          "sensitive_attributes": [],
          "private": "bnVsbA==",
          "dependencies": [
            "module.aft.data.local_file.version",
            "module.aft.module.aft_account_provisioning_framework.aws_iam_role.aft_lambda_aft_account_provisioning_framework_persist_metadata",
            "module.aft.module.aft_account_provisioning_framework.aws_lambda_function.persist_metadata",
            "module.aft.module.aft_account_request_framework.aws_kms_key.aft",
            "module.aft.module.aft_account_request_framework.aws_security_group.aft_vpc_default_sg",
            "module.aft.module.aft_account_request_framework.aws_subnet.aft_vpc_private_subnet_01",
            "module.aft.module.aft_account_request_framework.aws_subnet.aft_vpc_private_subnet_02",
            "module.aft.module.aft_account_request_framework.aws_vpc.aft_vpc",
            "module.aft.module.aft_account_request_framework.data.aws_availability_zones.available",
            "module.aft.module.aft_customizations.aws_s3_bucket.aft_codepipeline_customizations_bucket",
            "module.aft.module.aft_customizations.data.aws_caller_identity.current",
            "module.aft.module.aft_lambda_layer.aws_codebuild_project.codebuild",
            "module.aft.module.aft_lambda_layer.aws_iam_role.codebuild",
            "module.aft.module.aft_lambda_layer.aws_iam_role.codebuild_invoker_lambda_role",
            "module.aft.module.aft_lambda_layer.aws_lambda_function.codebuild_invoker",
            "module.aft.module.aft_lambda_layer.aws_lambda_layer_version.layer_version",
            "module.aft.module.aft_lambda_layer.data.aws_lambda_invocation.invoke_codebuild_job",
            "module.aft.module.aft_lambda_layer.data.local_file.aft_lambda_layer",
            "module.aft.module.aft_lambda_layer.random_string.resource_suffix",
            "module.aft.module.packaging.data.archive_file.builder",
            "module.aft.module.packaging.data.archive_file.provisioning_framework"
          ]
        }
      ]
    },
    {
      "module": "module.aft.module.aft_ssm_parameters",
      "mode": "managed",
      "type": "aws_ssm_parameter",
      "name": "request_audit_trigger_function_arn",
      "provider": "module.aft.provider[\"registry.terraform.io/hashicorp/aws\"].aft_management",
      "instances": [
        {
          "schema_version": 0,
          "attributes": {
            "allowed_pattern": "",
            "arn": "arn:aws:ssm:us-east-1:008298205562:parameter/aft/resources/lambda/aft-account-request-audit-trigger-function-arn",
            "data_type": "text",
            "description": "",
            "id": "/aft/resources/lambda/aft-account-request-audit-trigger-function-arn",
            "key_id": "",
            "name": "/aft/resources/lambda/aft-account-request-audit-trigger-function-arn",
            "overwrite": null,
            "tags": {},
            "tags_all": {
              "managed_by": "AFT"
            },
            "tier": "Standard",
            "type": "String",
            "value": "arn:aws:lambda:us-east-1:008298205562:function:aft-account-request-audit-trigger",
            "version": 1
          },
          "sensitive_attributes": [],
          "private": "bnVsbA==",
          "dependencies": [
            "module.aft.data.local_file.version",
            "module.aft.module.aft_account_request_framework.aws_iam_role.aft_account_request_audit_trigger",
            "module.aft.module.aft_account_request_framework.aws_kms_key.aft",
            "module.aft.module.aft_account_request_framework.aws_lambda_function.aft_account_request_audit_trigger",
            "module.aft.module.aft_account_request_framework.aws_security_group.aft_vpc_default_sg",
            "module.aft.module.aft_account_request_framework.aws_subnet.aft_vpc_private_subnet_01",
            "module.aft.module.aft_account_request_framework.aws_subnet.aft_vpc_private_subnet_02",
            "module.aft.module.aft_account_request_framework.aws_vpc.aft_vpc",
            "module.aft.module.aft_account_request_framework.data.aws_availability_zones.available",
            "module.aft.module.aft_customizations.aws_s3_bucket.aft_codepipeline_customizations_bucket",
            "module.aft.module.aft_customizations.data.aws_caller_identity.current",
            "module.aft.module.aft_lambda_layer.aws_codebuild_project.codebuild",
            "module.aft.module.aft_lambda_layer.aws_iam_role.codebuild",
            "module.aft.module.aft_lambda_layer.aws_iam_role.codebuild_invoker_lambda_role",
            "module.aft.module.aft_lambda_layer.aws_lambda_function.codebuild_invoker",
            "module.aft.module.aft_lambda_layer.aws_lambda_layer_version.layer_version",
            "module.aft.module.aft_lambda_layer.data.aws_lambda_invocation.invoke_codebuild_job",
            "module.aft.module.aft_lambda_layer.data.local_file.aft_lambda_layer",
            "module.aft.module.aft_lambda_layer.random_string.resource_suffix",
            "module.aft.module.packaging.data.archive_file.builder",
            "module.aft.module.packaging.data.archive_file.request_framework"
          ]
        }
      ]
    },
    {
      "module": "module.aft.module.aft_ssm_parameters",
      "mode": "managed",
      "type": "aws_ssm_parameter",
      "name": "request_processor_function_arn",
      "provider": "module.aft.provider[\"registry.terraform.io/hashicorp/aws\"].aft_management",
      "instances": [
        {
          "schema_version": 0,
          "attributes": {
            "allowed_pattern": "",
            "arn": "arn:aws:ssm:us-east-1:008298205562:parameter/aft/resources/lambda/aft-account-request-processor-function-arn",
            "data_type": "text",
            "description": "",
            "id": "/aft/resources/lambda/aft-account-request-processor-function-arn",
            "key_id": "",
            "name": "/aft/resources/lambda/aft-account-request-processor-function-arn",
            "overwrite": null,
            "tags": {},
            "tags_all": {
              "managed_by": "AFT"
            },
            "tier": "Standard",
            "type": "String",
            "value": "arn:aws:lambda:us-east-1:008298205562:function:aft-account-request-processor",
            "version": 1
          },
          "sensitive_attributes": [],
          "private": "bnVsbA==",
          "dependencies": [
            "module.aft.data.local_file.version",
            "module.aft.module.aft_account_request_framework.aws_iam_role.aft_account_request_processor",
            "module.aft.module.aft_account_request_framework.aws_kms_key.aft",
            "module.aft.module.aft_account_request_framework.aws_lambda_function.aft_account_request_processor",
            "module.aft.module.aft_account_request_framework.aws_security_group.aft_vpc_default_sg",
            "module.aft.module.aft_account_request_framework.aws_subnet.aft_vpc_private_subnet_01",
            "module.aft.module.aft_account_request_framework.aws_subnet.aft_vpc_private_subnet_02",
            "module.aft.module.aft_account_request_framework.aws_vpc.aft_vpc",
            "module.aft.module.aft_account_request_framework.data.aws_availability_zones.available",
            "module.aft.module.aft_customizations.aws_s3_bucket.aft_codepipeline_customizations_bucket",
            "module.aft.module.aft_customizations.data.aws_caller_identity.current",
            "module.aft.module.aft_lambda_layer.aws_codebuild_project.codebuild",
            "module.aft.module.aft_lambda_layer.aws_iam_role.codebuild",
            "module.aft.module.aft_lambda_layer.aws_iam_role.codebuild_invoker_lambda_role",
            "module.aft.module.aft_lambda_layer.aws_lambda_function.codebuild_invoker",
            "module.aft.module.aft_lambda_layer.aws_lambda_layer_version.layer_version",
            "module.aft.module.aft_lambda_layer.data.aws_lambda_invocation.invoke_codebuild_job",
            "module.aft.module.aft_lambda_layer.data.local_file.aft_lambda_layer",
            "module.aft.module.aft_lambda_layer.random_string.resource_suffix",
            "module.aft.module.packaging.data.archive_file.builder",
            "module.aft.module.packaging.data.archive_file.request_framework"
          ]
        }
      ]
    },
    {
      "module": "module.aft.module.aft_ssm_parameters",
      "mode": "managed",
      "type": "aws_ssm_parameter",
      "name": "tag_account_function_arn",
      "provider": "module.aft.provider[\"registry.terraform.io/hashicorp/aws\"].aft_management",
      "instances": [
        {
          "schema_version": 0,
          "attributes": {
            "allowed_pattern": "",
            "arn": "arn:aws:ssm:us-east-1:008298205562:parameter/aft/resources/lambda/aft-account-provisioning-framework-tag-account-function-arn",
            "data_type": "text",
            "description": "",
            "id": "/aft/resources/lambda/aft-account-provisioning-framework-tag-account-function-arn",
            "key_id": "",
            "name": "/aft/resources/lambda/aft-account-provisioning-framework-tag-account-function-arn",
            "overwrite": null,
            "tags": {},
            "tags_all": {
              "managed_by": "AFT"
            },
            "tier": "Standard",
            "type": "String",
            "value": "arn:aws:lambda:us-east-1:008298205562:function:aft-account-provisioning-framework-tag-account",
            "version": 1
          },
          "sensitive_attributes": [],
          "private": "bnVsbA==",
          "dependencies": [
            "module.aft.data.local_file.version",
            "module.aft.module.aft_account_provisioning_framework.aws_iam_role.aft_lambda_aft_account_provisioning_framework_tag_account",
            "module.aft.module.aft_account_provisioning_framework.aws_lambda_function.tag_account",
            "module.aft.module.aft_account_request_framework.aws_kms_key.aft",
            "module.aft.module.aft_account_request_framework.aws_security_group.aft_vpc_default_sg",
            "module.aft.module.aft_account_request_framework.aws_subnet.aft_vpc_private_subnet_01",
            "module.aft.module.aft_account_request_framework.aws_subnet.aft_vpc_private_subnet_02",
            "module.aft.module.aft_account_request_framework.aws_vpc.aft_vpc",
            "module.aft.module.aft_account_request_framework.data.aws_availability_zones.available",
            "module.aft.module.aft_customizations.aws_s3_bucket.aft_codepipeline_customizations_bucket",
            "module.aft.module.aft_customizations.data.aws_caller_identity.current",
            "module.aft.module.aft_lambda_layer.aws_codebuild_project.codebuild",
            "module.aft.module.aft_lambda_layer.aws_iam_role.codebuild",
            "module.aft.module.aft_lambda_layer.aws_iam_role.codebuild_invoker_lambda_role",
            "module.aft.module.aft_lambda_layer.aws_lambda_function.codebuild_invoker",
            "module.aft.module.aft_lambda_layer.aws_lambda_layer_version.layer_version",
            "module.aft.module.aft_lambda_layer.data.aws_lambda_invocation.invoke_codebuild_job",
            "module.aft.module.aft_lambda_layer.data.local_file.aft_lambda_layer",
            "module.aft.module.aft_lambda_layer.random_string.resource_suffix",
            "module.aft.module.packaging.data.archive_file.builder",
            "module.aft.module.packaging.data.archive_file.provisioning_framework"
          ]
        }
      ]
    },
    {
      "module": "module.aft.module.aft_ssm_parameters",
      "mode": "managed",
      "type": "aws_ssm_parameter",
      "name": "terraform_api_endpoint",
      "provider": "module.aft.provider[\"registry.terraform.io/hashicorp/aws\"].aft_management",
      "instances": [
        {
          "schema_version": 0,
          "attributes": {
            "allowed_pattern": "",
            "arn": "arn:aws:ssm:us-east-1:008298205562:parameter/aft/config/terraform/api-endpoint",
            "data_type": "text",
            "description": "",
            "id": "/aft/config/terraform/api-endpoint",
            "key_id": "",
            "name": "/aft/config/terraform/api-endpoint",
            "overwrite": null,
            "tags": {},
            "tags_all": {
              "managed_by": "AFT"
            },
            "tier": "Standard",
            "type": "String",
            "value": "https://app.terraform.io/api/v2/",
            "version": 1
          },
          "sensitive_attributes": [],
          "private": "bnVsbA=="
        }
      ]
    },
    {
      "module": "module.aft.module.aft_ssm_parameters",
      "mode": "managed",
      "type": "aws_ssm_parameter",
      "name": "terraform_org_name",
      "provider": "module.aft.provider[\"registry.terraform.io/hashicorp/aws\"].aft_management",
      "instances": [
        {
          "schema_version": 0,
          "attributes": {
            "allowed_pattern": "",
            "arn": "arn:aws:ssm:us-east-1:008298205562:parameter/aft/config/terraform/org-name",
            "data_type": "text",
            "description": "",
            "id": "/aft/config/terraform/org-name",
            "key_id": "",
            "name": "/aft/config/terraform/org-name",
            "overwrite": null,
            "tags": {},
            "tags_all": {
              "managed_by": "AFT"
            },
            "tier": "Standard",
            "type": "String",
            "value": "null",
            "version": 1
          },
          "sensitive_attributes": [],
          "private": "bnVsbA=="
        }
      ]
    },
    {
      "module": "module.aft.module.aft_ssm_parameters",
      "mode": "managed",
      "type": "aws_ssm_parameter",
      "name": "terraform_token",
      "provider": "module.aft.provider[\"registry.terraform.io/hashicorp/aws\"].aft_management",
      "instances": [
        {
          "schema_version": 0,
          "attributes": {
            "allowed_pattern": "",
            "arn": "arn:aws:ssm:us-east-1:008298205562:parameter/aft/config/terraform/token",
            "data_type": "text",
            "description": "",
            "id": "/aft/config/terraform/token",
            "key_id": "alias/aws/ssm",
            "name": "/aft/config/terraform/token",
            "overwrite": null,
            "tags": {},
            "tags_all": {
              "managed_by": "AFT"
            },
            "tier": "Standard",
            "type": "SecureString",
            "value": "null",
            "version": 1
          },
          "sensitive_attributes": [
            [
              {
                "type": "get_attr",
                "value": "value"
              }
            ]
          ],
          "private": "bnVsbA=="
        }
      ]
    },
    {
      "module": "module.aft.module.aft_ssm_parameters",
      "mode": "managed",
      "type": "aws_ssm_parameter",
      "name": "tf_distribution",
      "provider": "module.aft.provider[\"registry.terraform.io/hashicorp/aws\"].aft_management",
      "instances": [
        {
          "schema_version": 0,
          "attributes": {
            "allowed_pattern": "",
            "arn": "arn:aws:ssm:us-east-1:008298205562:parameter/aft/config/terraform/distribution",
            "data_type": "text",
            "description": "",
            "id": "/aft/config/terraform/distribution",
            "key_id": "",
            "name": "/aft/config/terraform/distribution",
            "overwrite": null,
            "tags": {},
            "tags_all": {
              "managed_by": "AFT"
            },
            "tier": "Standard",
            "type": "String",
            "value": "oss",
            "version": 1
          },
          "sensitive_attributes": [],
          "private": "bnVsbA=="
        }
      ]
    },
    {
      "module": "module.aft.module.aft_ssm_parameters",
      "mode": "managed",
      "type": "aws_ssm_parameter",
      "name": "tf_version",
      "provider": "module.aft.provider[\"registry.terraform.io/hashicorp/aws\"].aft_management",
      "instances": [
        {
          "schema_version": 0,
          "attributes": {
            "allowed_pattern": "",
            "arn": "arn:aws:ssm:us-east-1:008298205562:parameter/aft/config/terraform/version",
            "data_type": "text",
            "description": "",
            "id": "/aft/config/terraform/version",
            "key_id": "",
            "name": "/aft/config/terraform/version",
            "overwrite": null,
            "tags": {},
            "tags_all": {
              "managed_by": "AFT"
            },
            "tier": "Standard",
            "type": "String",
            "value": "0.15.5",
            "version": 1
          },
          "sensitive_attributes": [],
          "private": "bnVsbA=="
        }
      ]
    },
    {
      "module": "module.aft.module.aft_ssm_parameters",
      "mode": "managed",
      "type": "aws_ssm_parameter",
      "name": "validate_request_function_arn",
      "provider": "module.aft.provider[\"registry.terraform.io/hashicorp/aws\"].aft_management",
      "instances": [
        {
          "schema_version": 0,
          "attributes": {
            "allowed_pattern": "",
            "arn": "arn:aws:ssm:us-east-1:008298205562:parameter/aft/resources/lambda/aft-account-provisioning-framework-validate-request-function-arn",
            "data_type": "text",
            "description": "",
            "id": "/aft/resources/lambda/aft-account-provisioning-framework-validate-request-function-arn",
            "key_id": "",
            "name": "/aft/resources/lambda/aft-account-provisioning-framework-validate-request-function-arn",
            "overwrite": null,
            "tags": {},
            "tags_all": {
              "managed_by": "AFT"
            },
            "tier": "Standard",
            "type": "String",
            "value": "arn:aws:lambda:us-east-1:008298205562:function:aft-account-provisioning-framework-validate-request",
            "version": 1
          },
          "sensitive_attributes": [],
          "private": "bnVsbA==",
          "dependencies": [
            "module.aft.data.local_file.version",
            "module.aft.module.aft_account_provisioning_framework.aws_iam_role.aft_lambda_aft_account_provisioning_framework_validate_request",
            "module.aft.module.aft_account_provisioning_framework.aws_lambda_function.validate_request",
            "module.aft.module.aft_account_request_framework.aws_kms_key.aft",
            "module.aft.module.aft_account_request_framework.aws_security_group.aft_vpc_default_sg",
            "module.aft.module.aft_account_request_framework.aws_subnet.aft_vpc_private_subnet_01",
            "module.aft.module.aft_account_request_framework.aws_subnet.aft_vpc_private_subnet_02",
            "module.aft.module.aft_account_request_framework.aws_vpc.aft_vpc",
            "module.aft.module.aft_account_request_framework.data.aws_availability_zones.available",
            "module.aft.module.aft_customizations.aws_s3_bucket.aft_codepipeline_customizations_bucket",
            "module.aft.module.aft_customizations.data.aws_caller_identity.current",
            "module.aft.module.aft_lambda_layer.aws_codebuild_project.codebuild",
            "module.aft.module.aft_lambda_layer.aws_iam_role.codebuild",
            "module.aft.module.aft_lambda_layer.aws_iam_role.codebuild_invoker_lambda_role",
            "module.aft.module.aft_lambda_layer.aws_lambda_function.codebuild_invoker",
            "module.aft.module.aft_lambda_layer.aws_lambda_layer_version.layer_version",
            "module.aft.module.aft_lambda_layer.data.aws_lambda_invocation.invoke_codebuild_job",
            "module.aft.module.aft_lambda_layer.data.local_file.aft_lambda_layer",
            "module.aft.module.aft_lambda_layer.random_string.resource_suffix",
            "module.aft.module.packaging.data.archive_file.builder",
            "module.aft.module.packaging.data.archive_file.provisioning_framework"
          ]
        }
      ]
    },
    {
      "module": "module.aft.module.aft_ssm_parameters",
      "mode": "managed",
      "type": "aws_ssm_parameter",
      "name": "vcs_provider",
      "provider": "module.aft.provider[\"registry.terraform.io/hashicorp/aws\"].aft_management",
      "instances": [
        {
          "schema_version": 0,
          "attributes": {
            "allowed_pattern": "",
            "arn": "arn:aws:ssm:us-east-1:008298205562:parameter/aft/config/vcs/provider",
            "data_type": "text",
            "description": "",
            "id": "/aft/config/vcs/provider",
            "key_id": "",
            "name": "/aft/config/vcs/provider",
            "overwrite": null,
            "tags": {},
            "tags_all": {
              "managed_by": "AFT"
            },
            "tier": "Standard",
            "type": "String",
            "value": "github",
            "version": 1
          },
          "sensitive_attributes": [],
          "private": "bnVsbA=="
        }
      ]
    },
    {
      "module": "module.aft.module.packaging",
      "mode": "data",
      "type": "archive_file",
      "name": "builder",
      "provider": "provider[\"registry.terraform.io/hashicorp/archive\"]",
      "instances": [
        {
          "schema_version": 0,
          "attributes": {
            "excludes": null,
            "id": "82cfc7cadf6b18ea2433c6bbf1665ee77ecb6982",
            "output_base64sha256": "DhC9HvassKzldnDHaHYQGrX5EKzK1AD2dqVfI+IBn7o=",
            "output_file_mode": null,
            "output_md5": "592bdf94668bd21f0ef899cde3f1319d",
            "output_path": ".terraform/modules/aft/modules/aft-archives/../../src/aft_lambda/aft_builder.zip",
            "output_sha": "82cfc7cadf6b18ea2433c6bbf1665ee77ecb6982",
            "output_size": 1108,
            "source": [],
            "source_content": null,
            "source_content_filename": null,
            "source_dir": ".terraform/modules/aft/modules/aft-archives/../../src/aft_lambda/aft_builder",
            "source_file": null,
            "type": "zip"
          },
          "sensitive_attributes": []
        }
      ]
    },
    {
      "module": "module.aft.module.packaging",
      "mode": "data",
      "type": "archive_file",
      "name": "customizations",
      "provider": "provider[\"registry.terraform.io/hashicorp/archive\"]",
      "instances": [
        {
          "schema_version": 0,
          "attributes": {
            "excludes": null,
            "id": "4ce3a65e22d89b45e0488ddb866b022a99a8e4a2",
            "output_base64sha256": "81MFJ7/VGRFBcfxtzOFTVCoReHytOR2F4+sGlphELIg=",
            "output_file_mode": null,
            "output_md5": "ea3c83c5d88f0f5827d39125402890f1",
            "output_path": ".terraform/modules/aft/modules/aft-archives/../../src/aft_lambda/aft_customizations.zip",
            "output_sha": "4ce3a65e22d89b45e0488ddb866b022a99a8e4a2",
            "output_size": 3537,
            "source": [],
            "source_content": null,
            "source_content_filename": null,
            "source_dir": ".terraform/modules/aft/modules/aft-archives/../../src/aft_lambda/aft_customizations",
            "source_file": null,
            "type": "zip"
          },
          "sensitive_attributes": []
        }
      ]
    },
    {
      "module": "module.aft.module.packaging",
      "mode": "data",
      "type": "archive_file",
      "name": "feature_options",
      "provider": "provider[\"registry.terraform.io/hashicorp/archive\"]",
      "instances": [
        {
          "schema_version": 0,
          "attributes": {
            "excludes": null,
            "id": "8eb5dcef184db5e29fb700c4a62396b0c380ef7d",
            "output_base64sha256": "vyPJSdoIK/b5pPvCPXWKx4/VWjKS/m7FXqN6R0+H98E=",
            "output_file_mode": null,
            "output_md5": "79e534f03d5493e5d39f04ba60016ab6",
            "output_path": ".terraform/modules/aft/modules/aft-archives/../../src/aft_lambda/aft_feature_options.zip",
            "output_sha": "8eb5dcef184db5e29fb700c4a62396b0c380ef7d",
            "output_size": 3143,
            "source": [],
            "source_content": null,
            "source_content_filename": null,
            "source_dir": ".terraform/modules/aft/modules/aft-archives/../../src/aft_lambda/aft_feature_options",
            "source_file": null,
            "type": "zip"
          },
          "sensitive_attributes": []
        }
      ]
    },
    {
      "module": "module.aft.module.packaging",
      "mode": "data",
      "type": "archive_file",
      "name": "provisioning_framework",
      "provider": "provider[\"registry.terraform.io/hashicorp/archive\"]",
      "instances": [
        {
          "schema_version": 0,
          "attributes": {
            "excludes": null,
            "id": "004d215c35a34fb1b21b7d195b3146d950eae9b4",
            "output_base64sha256": "R24GhXXmyCIAOXTbip96OP9h/Je7Zm8kYHfeLI4GMos=",
            "output_file_mode": null,
            "output_md5": "68340b982eb6b18209f5d3beb14acd1d",
            "output_path": ".terraform/modules/aft/modules/aft-archives/../../src/aft_lambda/aft_account_provisioning_framework.zip",
            "output_sha": "004d215c35a34fb1b21b7d195b3146d950eae9b4",
            "output_size": 5621,
            "source": [],
            "source_content": null,
            "source_content_filename": null,
            "source_dir": ".terraform/modules/aft/modules/aft-archives/../../src/aft_lambda/aft_account_provisioning_framework",
            "source_file": null,
            "type": "zip"
          },
          "sensitive_attributes": []
        }
      ]
    },
    {
      "module": "module.aft.module.packaging",
      "mode": "data",
      "type": "archive_file",
      "name": "request_framework",
      "provider": "provider[\"registry.terraform.io/hashicorp/archive\"]",
      "instances": [
        {
          "schema_version": 0,
          "attributes": {
            "excludes": null,
            "id": "d95be37f9dec1e716d12d43348d44c19078e8141",
            "output_base64sha256": "pwfnR1s6ahWtjMaVk/O3kTG/51j8x5N+q4dc7Ejrvrs=",
            "output_file_mode": null,
            "output_md5": "ff9cd3f2f675440a54fc0c32c95a27cd",
            "output_path": ".terraform/modules/aft/modules/aft-archives/../../src/aft_lambda/aft_account_request_framework.zip",
            "output_sha": "d95be37f9dec1e716d12d43348d44c19078e8141",
            "output_size": 4990,
            "source": [],
            "source_content": null,
            "source_content_filename": null,
            "source_dir": ".terraform/modules/aft/modules/aft-archives/../../src/aft_lambda/aft_account_request_framework",
            "source_file": null,
            "type": "zip"
          },
          "sensitive_attributes": []
        }
      ]
    }
  ]
}
